{
    "version": 3,
    "terraform_version": "0.11.7",
    "serial": 4,
    "lineage": "b2506178-d2ef-9aa7-57ea-0be99977bbb2",
    "modules": [
        {
            "path": [
                "root"
            ],
            "outputs": {},
            "resources": {
                "aws_instance.app_server": {
                    "type": "aws_instance",
                    "depends_on": [
                        "aws_security_group.wordpress_security_group"
                    ],
                    "primary": {
                        "id": "i-0daffd8514eecc80e",
                        "attributes": {
                            "ami": "ami-0b134fa4f657818a0",
                            "associate_public_ip_address": "true",
                            "availability_zone": "us-east-1a",
                            "credit_specification.#": "1",
                            "credit_specification.0.cpu_credits": "standard",
                            "disable_api_termination": "false",
                            "ebs_block_device.#": "0",
                            "ebs_optimized": "false",
                            "ephemeral_block_device.#": "0",
                            "get_password_data": "false",
                            "iam_instance_profile": "",
                            "id": "i-0daffd8514eecc80e",
                            "instance_state": "running",
                            "instance_type": "t2.medium",
                            "ipv6_addresses.#": "0",
                            "key_name": "PillarSmartExperienceKey",
                            "monitoring": "false",
                            "network_interface.#": "0",
                            "network_interface_id": "eni-0b158c822ddfc86b2",
                            "password_data": "",
                            "placement_group": "",
                            "primary_network_interface_id": "eni-0b158c822ddfc86b2",
                            "private_dns": "ip-172-31-95-211.ec2.internal",
                            "private_ip": "172.31.95.211",
                            "public_dns": "ec2-52-91-85-154.compute-1.amazonaws.com",
                            "public_ip": "52.91.85.154",
                            "root_block_device.#": "1",
                            "root_block_device.0.delete_on_termination": "true",
                            "root_block_device.0.iops": "100",
                            "root_block_device.0.volume_id": "vol-023a64c41ba9dc266",
                            "root_block_device.0.volume_size": "10",
                            "root_block_device.0.volume_type": "gp2",
                            "security_groups.#": "1",
                            "security_groups.557655810": "Wordpress Security Group",
                            "source_dest_check": "true",
                            "subnet_id": "subnet-3bb66615",
                            "tags.%": "1",
                            "tags.Name": "Wordpress",
                            "tenancy": "default",
                            "volume_tags.%": "0",
                            "vpc_security_group_ids.#": "1",
                            "vpc_security_group_ids.1737407584": "sg-022bd99d1b2e2f03c"
                        },
                        "meta": {
                            "e2bfb730-ecaa-11e6-8f88-34363bc7c4c0": {
                                "create": 600000000000,
                                "delete": 1200000000000,
                                "update": 600000000000
                            },
                            "schema_version": "1"
                        },
                        "tainted": false
                    },
                    "deposed": [],
                    "provider": "provider.aws"
                },
                "aws_security_group.wordpress_security_group": {
                    "type": "aws_security_group",
                    "depends_on": [],
                    "primary": {
                        "id": "sg-022bd99d1b2e2f03c",
                        "attributes": {
                            "arn": "arn:aws:ec2:us-east-1:722431446741:security-group/sg-022bd99d1b2e2f03c",
                            "description": "Rules for Wordpress Site",
                            "egress.#": "1",
                            "egress.482069346.cidr_blocks.#": "1",
                            "egress.482069346.cidr_blocks.0": "0.0.0.0/0",
                            "egress.482069346.description": "",
                            "egress.482069346.from_port": "0",
                            "egress.482069346.ipv6_cidr_blocks.#": "0",
                            "egress.482069346.prefix_list_ids.#": "0",
                            "egress.482069346.protocol": "-1",
                            "egress.482069346.security_groups.#": "0",
                            "egress.482069346.self": "false",
                            "egress.482069346.to_port": "0",
                            "id": "sg-022bd99d1b2e2f03c",
                            "ingress.#": "3",
                            "ingress.2214680975.cidr_blocks.#": "1",
                            "ingress.2214680975.cidr_blocks.0": "0.0.0.0/0",
                            "ingress.2214680975.description": "",
                            "ingress.2214680975.from_port": "80",
                            "ingress.2214680975.ipv6_cidr_blocks.#": "0",
                            "ingress.2214680975.protocol": "TCP",
                            "ingress.2214680975.security_groups.#": "0",
                            "ingress.2214680975.self": "false",
                            "ingress.2214680975.to_port": "80",
                            "ingress.2617001939.cidr_blocks.#": "1",
                            "ingress.2617001939.cidr_blocks.0": "0.0.0.0/0",
                            "ingress.2617001939.description": "",
                            "ingress.2617001939.from_port": "443",
                            "ingress.2617001939.ipv6_cidr_blocks.#": "0",
                            "ingress.2617001939.protocol": "TCP",
                            "ingress.2617001939.security_groups.#": "0",
                            "ingress.2617001939.self": "false",
                            "ingress.2617001939.to_port": "443",
                            "ingress.3457237359.cidr_blocks.#": "2",
                            "ingress.3457237359.cidr_blocks.0": "207.238.255.132/32",
                            "ingress.3457237359.cidr_blocks.1": "12.246.159.190/32",
                            "ingress.3457237359.description": "Pillar CMH Forge IP Address",
                            "ingress.3457237359.from_port": "22",
                            "ingress.3457237359.ipv6_cidr_blocks.#": "0",
                            "ingress.3457237359.protocol": "TCP",
                            "ingress.3457237359.security_groups.#": "0",
                            "ingress.3457237359.self": "false",
                            "ingress.3457237359.to_port": "22",
                            "name": "Wordpress Security Group",
                            "owner_id": "722431446741",
                            "revoke_rules_on_delete": "false",
                            "tags.%": "1",
                            "tags.Name": "Wordpress Security Group",
                            "vpc_id": "vpc-f3617188"
                        },
                        "meta": {
                            "e2bfb730-ecaa-11e6-8f88-34363bc7c4c0": {
                                "create": 600000000000,
                                "delete": 600000000000
                            },
                            "schema_version": "1"
                        },
                        "tainted": false
                    },
                    "deposed": [],
                    "provider": "provider.aws"
                }
            },
            "depends_on": []
        }
    ]
}
