{
    "version": 3,
    "terraform_version": "0.11.7",
    "serial": 123,
    "lineage": "b2506178-d2ef-9aa7-57ea-0be99977bbb2",
    "modules": [
        {
            "path": [
                "root"
            ],
            "outputs": {},
            "resources": {
                "aws_acm_certificate.cert": {
                    "type": "aws_acm_certificate",
                    "depends_on": [],
                    "primary": {
                        "id": "arn:aws:acm:us-east-1:722431446741:certificate/d23f88ee-5d36-4ab4-800e-d189b3646446",
                        "attributes": {
                            "arn": "arn:aws:acm:us-east-1:722431446741:certificate/d23f88ee-5d36-4ab4-800e-d189b3646446",
                            "domain_name": "drivesmartcbus.com",
                            "domain_validation_options.#": "1",
                            "domain_validation_options.0.domain_name": "drivesmartcbus.com",
                            "domain_validation_options.0.resource_record_name": "_23e0705e6d375e3b1d868773b74af662.drivesmartcbus.com.",
                            "domain_validation_options.0.resource_record_type": "CNAME",
                            "domain_validation_options.0.resource_record_value": "_bc6a032549e56c911c308163202f969d.acm-validations.aws.",
                            "id": "arn:aws:acm:us-east-1:722431446741:certificate/d23f88ee-5d36-4ab4-800e-d189b3646446",
                            "subject_alternative_names.#": "0",
                            "tags.%": "0",
                            "validation_emails.#": "0",
                            "validation_method": "DNS"
                        },
                        "meta": {},
                        "tainted": false
                    },
                    "deposed": [],
                    "provider": "provider.aws"
                },
                "aws_api_gateway_api_key.Smart_Experience_Key": {
                    "type": "aws_api_gateway_api_key",
                    "depends_on": [
                        "aws_api_gateway_deployment.event_stage",
                        "aws_api_gateway_rest_api.SmartExperienceApi"
                    ],
                    "primary": {
                        "id": "zfj5bt4fv0",
                        "attributes": {
                            "created_date": "2018-06-11T20:12:57Z",
                            "description": "Managed by Terraform",
                            "enabled": "true",
                            "id": "zfj5bt4fv0",
                            "last_updated_date": "2018-06-11T20:12:57Z",
                            "name": "Smart_Experience_Key",
                            "stage_key.#": "1",
                            "stage_key.558206069.rest_api_id": "vvhypuddv8",
                            "stage_key.558206069.stage_name": "test",
                            "value": "mpUwFh2LT5fqmnqelGbTa49aOABQWF81aQoezAJa"
                        },
                        "meta": {},
                        "tainted": false
                    },
                    "deposed": [],
                    "provider": "provider.aws"
                },
                "aws_api_gateway_deployment.event_stage": {
                    "type": "aws_api_gateway_deployment",
                    "depends_on": [
                        "aws_api_gateway_integration.lambda",
                        "aws_api_gateway_rest_api.SmartExperienceApi"
                    ],
                    "primary": {
                        "id": "tayanq",
                        "attributes": {
                            "created_date": "2018-06-11T20:12:57Z",
                            "description": "",
                            "execution_arn": "arn:aws:execute-api:us-east-1:722431446741:vvhypuddv8/test",
                            "id": "tayanq",
                            "invoke_url": "https://vvhypuddv8.execute-api.us-east-1.amazonaws.com/test",
                            "rest_api_id": "vvhypuddv8",
                            "stage_name": "test"
                        },
                        "meta": {},
                        "tainted": false
                    },
                    "deposed": [],
                    "provider": "provider.aws"
                },
                "aws_api_gateway_rest_api.SmartExperienceApi": {
                    "type": "aws_api_gateway_rest_api",
                    "depends_on": [],
                    "primary": {
                        "id": "vvhypuddv8",
                        "attributes": {
                            "api_key_source": "HEADER",
                            "binary_media_types.#": "0",
                            "created_date": "2018-06-11T20:12:45Z",
                            "description": "Smart Experience API for test drive registration and survey",
                            "endpoint_configuration.#": "1",
                            "endpoint_configuration.0.types.#": "1",
                            "endpoint_configuration.0.types.0": "EDGE",
                            "execution_arn": "arn:aws:execute-api:us-east-1:722431446741:vvhypuddv8",
                            "id": "vvhypuddv8",
                            "minimum_compression_size": "-1",
                            "name": "SmartExperience",
                            "policy": "",
                            "root_resource_id": "ib1p6zwcue"
                        },
                        "meta": {},
                        "tainted": false
                    },
                    "deposed": [],
                    "provider": "provider.aws"
                },
                "aws_api_gateway_usage_plan.DefaultUseagePlan": {
                    "type": "aws_api_gateway_usage_plan",
                    "depends_on": [
                        "aws_api_gateway_deployment.event_stage",
                        "aws_api_gateway_rest_api.SmartExperienceApi"
                    ],
                    "primary": {
                        "id": "2lvovq",
                        "attributes": {
                            "api_stages.#": "1",
                            "api_stages.0.api_id": "vvhypuddv8",
                            "api_stages.0.stage": "test",
                            "description": "default description",
                            "id": "2lvovq",
                            "name": "default-usage-plan",
                            "product_code": "SMARTEXPERIENCE"
                        },
                        "meta": {},
                        "tainted": false
                    },
                    "deposed": [],
                    "provider": "provider.aws"
                },
                "aws_api_gateway_usage_plan_key.main": {
                    "type": "aws_api_gateway_usage_plan_key",
                    "depends_on": [
                        "aws_api_gateway_api_key.Smart_Experience_Key",
                        "aws_api_gateway_usage_plan.DefaultUseagePlan"
                    ],
                    "primary": {
                        "id": "zfj5bt4fv0",
                        "attributes": {
                            "id": "zfj5bt4fv0",
                            "key_id": "zfj5bt4fv0",
                            "key_type": "API_KEY",
                            "name": "Smart_Experience_Key",
                            "usage_plan_id": "2lvovq",
                            "value": ""
                        },
                        "meta": {},
                        "tainted": false
                    },
                    "deposed": [],
                    "provider": "provider.aws"
                },
                "aws_cloudfront_distribution.website": {
                    "type": "aws_cloudfront_distribution",
                    "depends_on": [
                        "aws_acm_certificate.cert",
                        "aws_cloudfront_origin_access_identity.origin_access_identity",
                        "aws_s3_bucket.smart_experience_web"
                    ],
                    "primary": {
                        "id": "E1UWDFBNB33EUB",
                        "attributes": {
                            "active_trusted_signers.%": "2",
                            "active_trusted_signers.enabled": "false",
                            "active_trusted_signers.items.#": "0",
                            "aliases.#": "1",
                            "aliases.4038208196": "drivesmartcbus.com",
                            "arn": "arn:aws:cloudfront::722431446741:distribution/E1UWDFBNB33EUB",
                            "cache_behavior.#": "0",
                            "caller_reference": "2018-06-12T13:11:18.347117-04:00",
                            "custom_error_response.#": "2",
                            "custom_error_response.2002342064.error_caching_min_ttl": "5",
                            "custom_error_response.2002342064.error_code": "403",
                            "custom_error_response.2002342064.response_code": "200",
                            "custom_error_response.2002342064.response_page_path": "/index.html",
                            "custom_error_response.2518545955.error_caching_min_ttl": "5",
                            "custom_error_response.2518545955.error_code": "404",
                            "custom_error_response.2518545955.response_code": "200",
                            "custom_error_response.2518545955.response_page_path": "/index.html",
                            "default_cache_behavior.#": "1",
                            "default_cache_behavior.753092790.allowed_methods.#": "2",
                            "default_cache_behavior.753092790.allowed_methods.0": "HEAD",
                            "default_cache_behavior.753092790.allowed_methods.1": "GET",
                            "default_cache_behavior.753092790.cached_methods.#": "2",
                            "default_cache_behavior.753092790.cached_methods.0": "HEAD",
                            "default_cache_behavior.753092790.cached_methods.1": "GET",
                            "default_cache_behavior.753092790.compress": "false",
                            "default_cache_behavior.753092790.default_ttl": "60",
                            "default_cache_behavior.753092790.field_level_encryption_id": "",
                            "default_cache_behavior.753092790.forwarded_values.#": "1",
                            "default_cache_behavior.753092790.forwarded_values.2759845635.cookies.#": "1",
                            "default_cache_behavior.753092790.forwarded_values.2759845635.cookies.2625240281.forward": "none",
                            "default_cache_behavior.753092790.forwarded_values.2759845635.cookies.2625240281.whitelisted_names.#": "0",
                            "default_cache_behavior.753092790.forwarded_values.2759845635.headers.#": "0",
                            "default_cache_behavior.753092790.forwarded_values.2759845635.query_string": "false",
                            "default_cache_behavior.753092790.forwarded_values.2759845635.query_string_cache_keys.#": "0",
                            "default_cache_behavior.753092790.lambda_function_association.#": "0",
                            "default_cache_behavior.753092790.max_ttl": "60",
                            "default_cache_behavior.753092790.min_ttl": "0",
                            "default_cache_behavior.753092790.smooth_streaming": "false",
                            "default_cache_behavior.753092790.target_origin_id": "s3-smart-experience-web",
                            "default_cache_behavior.753092790.trusted_signers.#": "0",
                            "default_cache_behavior.753092790.viewer_protocol_policy": "redirect-to-https",
                            "default_root_object": "index.html",
                            "domain_name": "db1oyp6zo23ab.cloudfront.net",
                            "enabled": "true",
                            "etag": "E3D4U752875N1X",
                            "hosted_zone_id": "Z2FDTNDATAQYW2",
                            "http_version": "http2",
                            "id": "E1UWDFBNB33EUB",
                            "in_progress_validation_batches": "0",
                            "is_ipv6_enabled": "true",
                            "last_modified_time": "2018-06-12 19:29:37.156 +0000 UTC",
                            "logging_config.#": "0",
                            "origin.#": "1",
                            "origin.746008616.custom_header.#": "0",
                            "origin.746008616.custom_origin_config.#": "0",
                            "origin.746008616.domain_name": "smart-experience-web.s3.amazonaws.com",
                            "origin.746008616.origin_id": "s3-smart-experience-web",
                            "origin.746008616.origin_path": "",
                            "origin.746008616.s3_origin_config.#": "1",
                            "origin.746008616.s3_origin_config.714884715.origin_access_identity": "origin-access-identity/cloudfront/E3SFIENGM63R8H",
                            "price_class": "PriceClass_100",
                            "restrictions.#": "1",
                            "restrictions.1097372288.geo_restriction.#": "1",
                            "restrictions.1097372288.geo_restriction.2625240281.locations.#": "0",
                            "restrictions.1097372288.geo_restriction.2625240281.restriction_type": "none",
                            "retain_on_delete": "false",
                            "status": "Deployed",
                            "tags.%": "0",
                            "viewer_certificate.#": "1",
                            "viewer_certificate.3718301772.acm_certificate_arn": "arn:aws:acm:us-east-1:722431446741:certificate/d23f88ee-5d36-4ab4-800e-d189b3646446",
                            "viewer_certificate.3718301772.cloudfront_default_certificate": "false",
                            "viewer_certificate.3718301772.iam_certificate_id": "",
                            "viewer_certificate.3718301772.minimum_protocol_version": "TLSv1",
                            "viewer_certificate.3718301772.ssl_support_method": "sni-only",
                            "web_acl_id": ""
                        },
                        "meta": {},
                        "tainted": false
                    },
                    "deposed": [],
                    "provider": "provider.aws"
                },
                "aws_cloudfront_origin_access_identity.origin_access_identity": {
                    "type": "aws_cloudfront_origin_access_identity",
                    "depends_on": [],
                    "primary": {
                        "id": "E3SFIENGM63R8H",
                        "attributes": {
                            "caller_reference": "2018-06-12T14:04:57.865624-04:00",
                            "cloudfront_access_identity_path": "origin-access-identity/cloudfront/E3SFIENGM63R8H",
                            "comment": "Cloudfront Web Access Identity",
                            "etag": "E1STAHTJLSY16G",
                            "iam_arn": "arn:aws:iam::cloudfront:user/CloudFront Origin Access Identity E3SFIENGM63R8H",
                            "id": "E3SFIENGM63R8H",
                            "s3_canonical_user_id": "39e09d73e006e02b35cded893a301cdfa3433a4f0bff6c240c5425253d0636940600405dd111d11a37abb587c0b3cfe2"
                        },
                        "meta": {},
                        "tainted": false
                    },
                    "deposed": [],
                    "provider": "provider.aws"
                },
                "aws_db_instance.smartexperience_mysql_db": {
                    "type": "aws_db_instance",
                    "depends_on": [
                        "aws_security_group.smartexperience_db_security_group"
                    ],
                    "primary": {
                        "id": "smartexperience",
                        "attributes": {
                            "address": "smartexperience.ccpbmhkikhpm.us-east-1.rds.amazonaws.com",
                            "allocated_storage": "10",
                            "arn": "arn:aws:rds:us-east-1:722431446741:db:smartexperience",
                            "auto_minor_version_upgrade": "true",
                            "availability_zone": "us-east-1e",
                            "backup_retention_period": "0",
                            "backup_window": "03:54-04:24",
                            "ca_cert_identifier": "rds-ca-2015",
                            "copy_tags_to_snapshot": "false",
                            "db_subnet_group_name": "default",
                            "enabled_cloudwatch_logs_exports.#": "0",
                            "endpoint": "smartexperience.ccpbmhkikhpm.us-east-1.rds.amazonaws.com:3306",
                            "engine": "mysql",
                            "engine_version": "5.7.21",
                            "hosted_zone_id": "Z2R2ITUGPM61AM",
                            "iam_database_authentication_enabled": "false",
                            "id": "smartexperience",
                            "identifier": "smartexperience",
                            "instance_class": "db.t2.micro",
                            "iops": "0",
                            "kms_key_id": "",
                            "license_model": "general-public-license",
                            "maintenance_window": "fri:09:26-fri:09:56",
                            "monitoring_interval": "0",
                            "multi_az": "false",
                            "name": "smart_experience",
                            "option_group_name": "default:mysql-5-7",
                            "parameter_group_name": "default.mysql5.7",
                            "password": "akdg9le\u0026e82ldKa",
                            "port": "3306",
                            "publicly_accessible": "false",
                            "replicas.#": "0",
                            "replicate_source_db": "",
                            "resource_id": "db-UQWSDP5LPQVGBBQUGTODHEE7DQ",
                            "security_group_names.#": "0",
                            "skip_final_snapshot": "false",
                            "status": "available",
                            "storage_encrypted": "false",
                            "storage_type": "standard",
                            "tags.%": "0",
                            "timezone": "",
                            "username": "smrt",
                            "vpc_security_group_ids.#": "1",
                            "vpc_security_group_ids.972672046": "sg-0d12d3ef9c3b610d4"
                        },
                        "meta": {
                            "e2bfb730-ecaa-11e6-8f88-34363bc7c4c0": {
                                "create": 2400000000000,
                                "delete": 2400000000000,
                                "update": 4800000000000
                            }
                        },
                        "tainted": false
                    },
                    "deposed": [],
                    "provider": "provider.aws"
                },
                "aws_eip.nat_gateway_ip": {
                    "type": "aws_eip",
                    "depends_on": [],
                    "primary": {
                        "id": "eipalloc-0ad749f8c2f181bd4",
                        "attributes": {
                            "association_id": "eipassoc-996c172f",
                            "domain": "vpc",
                            "id": "eipalloc-0ad749f8c2f181bd4",
                            "instance": "",
                            "network_interface": "eni-81eba124",
                            "private_ip": "172.31.67.246",
                            "public_ip": "52.20.233.174",
                            "tags.%": "0",
                            "vpc": "true"
                        },
                        "meta": {
                            "e2bfb730-ecaa-11e6-8f88-34363bc7c4c0": {
                                "delete": 180000000000,
                                "read": 900000000000,
                                "update": 300000000000
                            }
                        },
                        "tainted": false
                    },
                    "deposed": [],
                    "provider": "provider.aws"
                },
                "aws_internet_gateway.gw": {
                    "type": "aws_internet_gateway",
                    "depends_on": [],
                    "primary": {
                        "id": "igw-021c4f7a",
                        "attributes": {
                            "id": "igw-021c4f7a",
                            "tags.%": "0",
                            "vpc_id": "vpc-f3617188"
                        },
                        "meta": {},
                        "tainted": false
                    },
                    "deposed": [],
                    "provider": "provider.aws"
                },
                "aws_nat_gateway.nat": {
                    "type": "aws_nat_gateway",
                    "depends_on": [
                        "aws_eip.nat_gateway_ip",
                        "aws_subnet.Subnet1f"
                    ],
                    "primary": {
                        "id": "nat-0448e828a454bd8f9",
                        "attributes": {
                            "allocation_id": "eipalloc-0ad749f8c2f181bd4",
                            "id": "nat-0448e828a454bd8f9",
                            "network_interface_id": "eni-81eba124",
                            "private_ip": "172.31.67.246",
                            "public_ip": "52.20.233.174",
                            "subnet_id": "subnet-bdd34cb2",
                            "tags.%": "1",
                            "tags.Name": "gw NAT"
                        },
                        "meta": {},
                        "tainted": false
                    },
                    "deposed": [],
                    "provider": "provider.aws"
                },
                "aws_route53_record.drivesmart_email_amazonses_dkim_record.0": {
                    "type": "aws_route53_record",
                    "depends_on": [
                        "aws_route53_zone.main",
                        "aws_ses_domain_dkim.drivesmart_dkim"
                    ],
                    "primary": {
                        "id": "Z1Y2IGGJCPSWWA_patjv5jx6ehkc4retqdq75ra26x77zf6._domainkey.drivesmartcbus.com_CNAME",
                        "attributes": {
                            "allow_overwrite": "true",
                            "fqdn": "patjv5jx6ehkc4retqdq75ra26x77zf6._domainkey.drivesmartcbus.com",
                            "health_check_id": "",
                            "id": "Z1Y2IGGJCPSWWA_patjv5jx6ehkc4retqdq75ra26x77zf6._domainkey.drivesmartcbus.com_CNAME",
                            "name": "patjv5jx6ehkc4retqdq75ra26x77zf6._domainkey.drivesmartcbus.com",
                            "records.#": "1",
                            "records.77795800": "patjv5jx6ehkc4retqdq75ra26x77zf6.dkim.amazonses.com",
                            "set_identifier": "",
                            "ttl": "600",
                            "type": "CNAME",
                            "zone_id": "Z1Y2IGGJCPSWWA"
                        },
                        "meta": {
                            "schema_version": "2"
                        },
                        "tainted": false
                    },
                    "deposed": [],
                    "provider": "provider.aws"
                },
                "aws_route53_record.drivesmart_email_amazonses_dkim_record.1": {
                    "type": "aws_route53_record",
                    "depends_on": [
                        "aws_route53_zone.main",
                        "aws_ses_domain_dkim.drivesmart_dkim"
                    ],
                    "primary": {
                        "id": "Z1Y2IGGJCPSWWA_5skpzlwo3xntbwh6edkmwbo7e3axyfd2._domainkey.drivesmartcbus.com_CNAME",
                        "attributes": {
                            "allow_overwrite": "true",
                            "fqdn": "5skpzlwo3xntbwh6edkmwbo7e3axyfd2._domainkey.drivesmartcbus.com",
                            "health_check_id": "",
                            "id": "Z1Y2IGGJCPSWWA_5skpzlwo3xntbwh6edkmwbo7e3axyfd2._domainkey.drivesmartcbus.com_CNAME",
                            "name": "5skpzlwo3xntbwh6edkmwbo7e3axyfd2._domainkey.drivesmartcbus.com",
                            "records.#": "1",
                            "records.1830050123": "5skpzlwo3xntbwh6edkmwbo7e3axyfd2.dkim.amazonses.com",
                            "set_identifier": "",
                            "ttl": "600",
                            "type": "CNAME",
                            "zone_id": "Z1Y2IGGJCPSWWA"
                        },
                        "meta": {
                            "schema_version": "2"
                        },
                        "tainted": false
                    },
                    "deposed": [],
                    "provider": "provider.aws"
                },
                "aws_route53_record.drivesmart_email_amazonses_dkim_record.2": {
                    "type": "aws_route53_record",
                    "depends_on": [
                        "aws_route53_zone.main",
                        "aws_ses_domain_dkim.drivesmart_dkim"
                    ],
                    "primary": {
                        "id": "Z1Y2IGGJCPSWWA_yf4fy7jnuvi7oivpnsh7ow5rczrlfsrk._domainkey.drivesmartcbus.com_CNAME",
                        "attributes": {
                            "allow_overwrite": "true",
                            "fqdn": "yf4fy7jnuvi7oivpnsh7ow5rczrlfsrk._domainkey.drivesmartcbus.com",
                            "health_check_id": "",
                            "id": "Z1Y2IGGJCPSWWA_yf4fy7jnuvi7oivpnsh7ow5rczrlfsrk._domainkey.drivesmartcbus.com_CNAME",
                            "name": "yf4fy7jnuvi7oivpnsh7ow5rczrlfsrk._domainkey.drivesmartcbus.com",
                            "records.#": "1",
                            "records.1558179630": "yf4fy7jnuvi7oivpnsh7ow5rczrlfsrk.dkim.amazonses.com",
                            "set_identifier": "",
                            "ttl": "600",
                            "type": "CNAME",
                            "zone_id": "Z1Y2IGGJCPSWWA"
                        },
                        "meta": {
                            "schema_version": "2"
                        },
                        "tainted": false
                    },
                    "deposed": [],
                    "provider": "provider.aws"
                },
                "aws_route53_record.drivesmart_email_amazonses_verification_record": {
                    "type": "aws_route53_record",
                    "depends_on": [
                        "aws_route53_zone.main",
                        "aws_ses_domain_identity.drivesmart_email"
                    ],
                    "primary": {
                        "id": "Z1Y2IGGJCPSWWA__amazonses.drivesmartcbus.com_TXT",
                        "attributes": {
                            "allow_overwrite": "true",
                            "fqdn": "_amazonses.drivesmartcbus.com",
                            "health_check_id": "",
                            "id": "Z1Y2IGGJCPSWWA__amazonses.drivesmartcbus.com_TXT",
                            "name": "_amazonses.drivesmartcbus.com",
                            "records.#": "1",
                            "records.186520055": "W0/Fou8EKK8AjlqO5DI84jeXMNpifP18QR0HRJl4ZIg=",
                            "set_identifier": "",
                            "ttl": "600",
                            "type": "TXT",
                            "zone_id": "Z1Y2IGGJCPSWWA"
                        },
                        "meta": {
                            "schema_version": "2"
                        },
                        "tainted": false
                    },
                    "deposed": [],
                    "provider": "provider.aws"
                },
                "aws_route53_record.drivesmartcbus_email_inbound_mx": {
                    "type": "aws_route53_record",
                    "depends_on": [
                        "aws_route53_zone.main"
                    ],
                    "primary": {
                        "id": "Z1Y2IGGJCPSWWA_drivesmartcbus.com_MX",
                        "attributes": {
                            "allow_overwrite": "true",
                            "fqdn": "drivesmartcbus.com",
                            "health_check_id": "",
                            "id": "Z1Y2IGGJCPSWWA_drivesmartcbus.com_MX",
                            "name": "drivesmartcbus.com",
                            "records.#": "1",
                            "records.1634493305": "1 inbound-smtp.us-east-1.amazonaws.com",
                            "set_identifier": "",
                            "ttl": "600",
                            "type": "MX",
                            "zone_id": "Z1Y2IGGJCPSWWA"
                        },
                        "meta": {
                            "schema_version": "2"
                        },
                        "tainted": false
                    },
                    "deposed": [],
                    "provider": "provider.aws"
                },
                "aws_route53_record.example_ses_domain_mail_from_mx": {
                    "type": "aws_route53_record",
                    "depends_on": [
                        "aws_route53_zone.main",
                        "aws_ses_domain_mail_from.mail_drivesmartcbus"
                    ],
                    "primary": {
                        "id": "Z1Y2IGGJCPSWWA_mail.drivesmartcbus.com_MX",
                        "attributes": {
                            "allow_overwrite": "true",
                            "fqdn": "mail.drivesmartcbus.com",
                            "health_check_id": "",
                            "id": "Z1Y2IGGJCPSWWA_mail.drivesmartcbus.com_MX",
                            "name": "mail.drivesmartcbus.com",
                            "records.#": "2",
                            "records.1634493305": "1 inbound-smtp.us-east-1.amazonaws.com",
                            "records.3169813208": "10 feedback-smtp.us-east-1.amazonses.com",
                            "set_identifier": "",
                            "ttl": "600",
                            "type": "MX",
                            "zone_id": "Z1Y2IGGJCPSWWA"
                        },
                        "meta": {
                            "schema_version": "2"
                        },
                        "tainted": false
                    },
                    "deposed": [],
                    "provider": "provider.aws"
                },
                "aws_route53_record.example_ses_domain_mail_from_txt": {
                    "type": "aws_route53_record",
                    "depends_on": [
                        "aws_route53_zone.main",
                        "aws_ses_domain_mail_from.mail_drivesmartcbus"
                    ],
                    "primary": {
                        "id": "Z1Y2IGGJCPSWWA_mail.drivesmartcbus.com_TXT",
                        "attributes": {
                            "allow_overwrite": "true",
                            "fqdn": "mail.drivesmartcbus.com",
                            "health_check_id": "",
                            "id": "Z1Y2IGGJCPSWWA_mail.drivesmartcbus.com_TXT",
                            "name": "mail.drivesmartcbus.com",
                            "records.#": "1",
                            "records.3464451788": "v=spf1 include:amazonses.com -all",
                            "set_identifier": "",
                            "ttl": "600",
                            "type": "TXT",
                            "zone_id": "Z1Y2IGGJCPSWWA"
                        },
                        "meta": {
                            "schema_version": "2"
                        },
                        "tainted": false
                    },
                    "deposed": [],
                    "provider": "provider.aws"
                },
                "aws_route53_record.ns": {
                    "type": "aws_route53_record",
                    "depends_on": [
                        "aws_route53_zone.main"
                    ],
                    "primary": {
                        "id": "Z1Y2IGGJCPSWWA_drivesmartcbus.com_NS",
                        "attributes": {
                            "allow_overwrite": "true",
                            "fqdn": "drivesmartcbus.com",
                            "health_check_id": "",
                            "id": "Z1Y2IGGJCPSWWA_drivesmartcbus.com_NS",
                            "name": "drivesmartcbus.com",
                            "records.#": "4",
                            "records.1171187845": "ns-1408.awsdns-48.org",
                            "records.1717906949": "ns-238.awsdns-29.com",
                            "records.352385816": "ns-2008.awsdns-59.co.uk",
                            "records.772336800": "ns-915.awsdns-50.net",
                            "set_identifier": "",
                            "ttl": "30",
                            "type": "NS",
                            "zone_id": "Z1Y2IGGJCPSWWA"
                        },
                        "meta": {
                            "schema_version": "2"
                        },
                        "tainted": false
                    },
                    "deposed": [],
                    "provider": "provider.aws"
                },
                "aws_route53_record.www": {
                    "type": "aws_route53_record",
                    "depends_on": [
                        "aws_cloudfront_distribution.website",
                        "aws_route53_zone.main"
                    ],
                    "primary": {
                        "id": "Z1Y2IGGJCPSWWA_drivesmartcbus.com_A",
                        "attributes": {
                            "alias.#": "1",
                            "alias.3063427323.evaluate_target_health": "false",
                            "alias.3063427323.name": "db1oyp6zo23ab.cloudfront.net",
                            "alias.3063427323.zone_id": "Z2FDTNDATAQYW2",
                            "allow_overwrite": "true",
                            "fqdn": "drivesmartcbus.com",
                            "health_check_id": "",
                            "id": "Z1Y2IGGJCPSWWA_drivesmartcbus.com_A",
                            "name": "drivesmartcbus.com",
                            "records.#": "0",
                            "set_identifier": "",
                            "ttl": "0",
                            "type": "A",
                            "zone_id": "Z1Y2IGGJCPSWWA"
                        },
                        "meta": {
                            "schema_version": "2"
                        },
                        "tainted": false
                    },
                    "deposed": [],
                    "provider": "provider.aws"
                },
                "aws_route53_zone.main": {
                    "type": "aws_route53_zone",
                    "depends_on": [],
                    "primary": {
                        "id": "Z1Y2IGGJCPSWWA",
                        "attributes": {
                            "comment": "Managed by Terraform",
                            "force_destroy": "false",
                            "id": "Z1Y2IGGJCPSWWA",
                            "name": "drivesmartcbus.com",
                            "name_servers.#": "4",
                            "name_servers.0": "ns-1408.awsdns-48.org",
                            "name_servers.1": "ns-2008.awsdns-59.co.uk",
                            "name_servers.2": "ns-238.awsdns-29.com",
                            "name_servers.3": "ns-915.awsdns-50.net",
                            "tags.%": "0",
                            "zone_id": "Z1Y2IGGJCPSWWA"
                        },
                        "meta": {},
                        "tainted": false
                    },
                    "deposed": [],
                    "provider": "provider.aws"
                },
                "aws_route_table.private_route_table": {
                    "type": "aws_route_table",
                    "depends_on": [
                        "aws_nat_gateway.nat"
                    ],
                    "primary": {
                        "id": "rtb-018a67435849a667b",
                        "attributes": {
                            "id": "rtb-018a67435849a667b",
                            "propagating_vgws.#": "0",
                            "route.#": "1",
                            "route.3918717936.cidr_block": "0.0.0.0/0",
                            "route.3918717936.egress_only_gateway_id": "",
                            "route.3918717936.gateway_id": "",
                            "route.3918717936.instance_id": "",
                            "route.3918717936.ipv6_cidr_block": "",
                            "route.3918717936.nat_gateway_id": "nat-0448e828a454bd8f9",
                            "route.3918717936.network_interface_id": "",
                            "route.3918717936.vpc_peering_connection_id": "",
                            "tags.%": "1",
                            "tags.Name": "Private",
                            "vpc_id": "vpc-f3617188"
                        },
                        "meta": {},
                        "tainted": false
                    },
                    "deposed": [],
                    "provider": "provider.aws"
                },
                "aws_route_table.public_route_table": {
                    "type": "aws_route_table",
                    "depends_on": [
                        "aws_internet_gateway.gw"
                    ],
                    "primary": {
                        "id": "rtb-051eef250a56523b0",
                        "attributes": {
                            "id": "rtb-051eef250a56523b0",
                            "propagating_vgws.#": "0",
                            "route.#": "1",
                            "route.4243617041.cidr_block": "0.0.0.0/0",
                            "route.4243617041.egress_only_gateway_id": "",
                            "route.4243617041.gateway_id": "igw-021c4f7a",
                            "route.4243617041.instance_id": "",
                            "route.4243617041.ipv6_cidr_block": "",
                            "route.4243617041.nat_gateway_id": "",
                            "route.4243617041.network_interface_id": "",
                            "route.4243617041.vpc_peering_connection_id": "",
                            "tags.%": "1",
                            "tags.Name": "Public",
                            "vpc_id": "vpc-f3617188"
                        },
                        "meta": {},
                        "tainted": false
                    },
                    "deposed": [],
                    "provider": "provider.aws"
                },
                "aws_route_table_association.subnet1b_to_private": {
                    "type": "aws_route_table_association",
                    "depends_on": [
                        "aws_route_table.private_route_table",
                        "aws_subnet.Subnet1b"
                    ],
                    "primary": {
                        "id": "rtbassoc-07a7942fda58e9c04",
                        "attributes": {
                            "id": "rtbassoc-07a7942fda58e9c04",
                            "route_table_id": "rtb-018a67435849a667b",
                            "subnet_id": "subnet-91a933db"
                        },
                        "meta": {},
                        "tainted": false
                    },
                    "deposed": [],
                    "provider": "provider.aws"
                },
                "aws_route_table_association.subnet1d_to_private": {
                    "type": "aws_route_table_association",
                    "depends_on": [
                        "aws_route_table.private_route_table",
                        "aws_subnet.Subnet1d"
                    ],
                    "primary": {
                        "id": "rtbassoc-0aea4b225a5000b3a",
                        "attributes": {
                            "id": "rtbassoc-0aea4b225a5000b3a",
                            "route_table_id": "rtb-018a67435849a667b",
                            "subnet_id": "subnet-eeb26189"
                        },
                        "meta": {},
                        "tainted": false
                    },
                    "deposed": [],
                    "provider": "provider.aws"
                },
                "aws_route_table_association.subnet1f_to_public": {
                    "type": "aws_route_table_association",
                    "depends_on": [
                        "aws_route_table.public_route_table",
                        "aws_subnet.Subnet1f"
                    ],
                    "primary": {
                        "id": "rtbassoc-07f70ca5f805b8d70",
                        "attributes": {
                            "id": "rtbassoc-07f70ca5f805b8d70",
                            "route_table_id": "rtb-051eef250a56523b0",
                            "subnet_id": "subnet-bdd34cb2"
                        },
                        "meta": {},
                        "tainted": false
                    },
                    "deposed": [],
                    "provider": "provider.aws"
                },
                "aws_s3_bucket.received_emails": {
                    "type": "aws_s3_bucket",
                    "depends_on": [
                        "data.aws_iam_policy_document.bucket_policy_for_emails"
                    ],
                    "primary": {
                        "id": "smart-experience-emails",
                        "attributes": {
                            "acceleration_status": "",
                            "acl": "private",
                            "arn": "arn:aws:s3:::smart-experience-emails",
                            "bucket": "smart-experience-emails",
                            "bucket_domain_name": "smart-experience-emails.s3.amazonaws.com",
                            "bucket_regional_domain_name": "smart-experience-emails.s3.amazonaws.com",
                            "force_destroy": "false",
                            "hosted_zone_id": "Z3AQBSTGFYJSTF",
                            "id": "smart-experience-emails",
                            "logging.#": "0",
                            "policy": "{\"Statement\":[{\"Action\":\"s3:PutObject\",\"Condition\":{\"StringEquals\":{\"aws:Referer\":\"722431446741\"}},\"Effect\":\"Allow\",\"Principal\":{\"Service\":\"ses.amazonaws.com\"},\"Resource\":\"arn:aws:s3:::smart-experience-emails/*\",\"Sid\":\"\"}],\"Version\":\"2012-10-17\"}",
                            "region": "us-east-1",
                            "replication_configuration.#": "0",
                            "request_payer": "BucketOwner",
                            "server_side_encryption_configuration.#": "0",
                            "tags.%": "0",
                            "versioning.#": "1",
                            "versioning.0.enabled": "false",
                            "versioning.0.mfa_delete": "false",
                            "website.#": "0"
                        },
                        "meta": {},
                        "tainted": false
                    },
                    "deposed": [],
                    "provider": "provider.aws"
                },
                "aws_s3_bucket.smart_experience_artifact_repo": {
                    "type": "aws_s3_bucket",
                    "depends_on": [],
                    "primary": {
                        "id": "smart-experience-artifact-repo",
                        "attributes": {
                            "acceleration_status": "",
                            "acl": "private",
                            "arn": "arn:aws:s3:::smart-experience-artifact-repo",
                            "bucket": "smart-experience-artifact-repo",
                            "bucket_domain_name": "smart-experience-artifact-repo.s3.amazonaws.com",
                            "bucket_regional_domain_name": "smart-experience-artifact-repo.s3.amazonaws.com",
                            "force_destroy": "false",
                            "hosted_zone_id": "Z3AQBSTGFYJSTF",
                            "id": "smart-experience-artifact-repo",
                            "logging.#": "0",
                            "region": "us-east-1",
                            "replication_configuration.#": "0",
                            "request_payer": "BucketOwner",
                            "server_side_encryption_configuration.#": "0",
                            "tags.%": "0",
                            "versioning.#": "1",
                            "versioning.0.enabled": "false",
                            "versioning.0.mfa_delete": "false",
                            "website.#": "0"
                        },
                        "meta": {},
                        "tainted": false
                    },
                    "deposed": [],
                    "provider": "provider.aws"
                },
                "aws_s3_bucket.smart_experience_web": {
                    "type": "aws_s3_bucket",
                    "depends_on": [
                        "data.aws_iam_policy_document.bucket_policy"
                    ],
                    "primary": {
                        "id": "smart-experience-web",
                        "attributes": {
                            "acceleration_status": "",
                            "acl": "public-read",
                            "arn": "arn:aws:s3:::smart-experience-web",
                            "bucket": "smart-experience-web",
                            "bucket_domain_name": "smart-experience-web.s3.amazonaws.com",
                            "bucket_regional_domain_name": "smart-experience-web.s3.amazonaws.com",
                            "force_destroy": "false",
                            "hosted_zone_id": "Z3AQBSTGFYJSTF",
                            "id": "smart-experience-web",
                            "logging.#": "0",
                            "policy": "{\"Statement\":[{\"Action\":\"s3:GetObject\",\"Effect\":\"Allow\",\"Principal\":{\"AWS\":\"arn:aws:iam::cloudfront:user/CloudFront Origin Access Identity E3SFIENGM63R8H\"},\"Resource\":\"arn:aws:s3:::smart-experience-web/*\",\"Sid\":\"\"}],\"Version\":\"2012-10-17\"}",
                            "region": "us-east-1",
                            "replication_configuration.#": "0",
                            "request_payer": "BucketOwner",
                            "server_side_encryption_configuration.#": "0",
                            "tags.%": "0",
                            "versioning.#": "1",
                            "versioning.0.enabled": "false",
                            "versioning.0.mfa_delete": "false",
                            "website.#": "1",
                            "website.0.error_document": "error.html",
                            "website.0.index_document": "index.html",
                            "website.0.redirect_all_requests_to": "",
                            "website.0.routing_rules": "",
                            "website_domain": "s3-website-us-east-1.amazonaws.com",
                            "website_endpoint": "smart-experience-web.s3-website-us-east-1.amazonaws.com"
                        },
                        "meta": {},
                        "tainted": false
                    },
                    "deposed": [],
                    "provider": "provider.aws"
                },
                "aws_security_group.LambdaSecurityGroup": {
                    "type": "aws_security_group",
                    "depends_on": [],
                    "primary": {
                        "id": "sg-08ee3bfb1aed4c4cd",
                        "attributes": {
                            "arn": "arn:aws:ec2:us-east-1:722431446741:security-group/sg-08ee3bfb1aed4c4cd",
                            "description": "Security Group used by lambdas to access the RDS instance",
                            "egress.#": "1",
                            "egress.482069346.cidr_blocks.#": "1",
                            "egress.482069346.cidr_blocks.0": "0.0.0.0/0",
                            "egress.482069346.description": "",
                            "egress.482069346.from_port": "0",
                            "egress.482069346.ipv6_cidr_blocks.#": "0",
                            "egress.482069346.prefix_list_ids.#": "0",
                            "egress.482069346.protocol": "-1",
                            "egress.482069346.security_groups.#": "0",
                            "egress.482069346.self": "false",
                            "egress.482069346.to_port": "0",
                            "id": "sg-08ee3bfb1aed4c4cd",
                            "ingress.#": "0",
                            "name": "LambdaSecurityGroup",
                            "owner_id": "722431446741",
                            "revoke_rules_on_delete": "false",
                            "tags.%": "1",
                            "tags.Name": "LambdaSecurityGroup",
                            "vpc_id": "vpc-f3617188"
                        },
                        "meta": {
                            "e2bfb730-ecaa-11e6-8f88-34363bc7c4c0": {
                                "create": 600000000000,
                                "delete": 600000000000
                            },
                            "schema_version": "1"
                        },
                        "tainted": false
                    },
                    "deposed": [],
                    "provider": "provider.aws"
                },
                "aws_security_group.smartexperience_db_security_group": {
                    "type": "aws_security_group",
                    "depends_on": [
                        "aws_security_group.LambdaSecurityGroup"
                    ],
                    "primary": {
                        "id": "sg-0d12d3ef9c3b610d4",
                        "attributes": {
                            "arn": "arn:aws:ec2:us-east-1:722431446741:security-group/sg-0d12d3ef9c3b610d4",
                            "description": "Rules for Smart Experience DB",
                            "egress.#": "0",
                            "id": "sg-0d12d3ef9c3b610d4",
                            "ingress.#": "2",
                            "ingress.1163740523.cidr_blocks.#": "1",
                            "ingress.1163740523.cidr_blocks.0": "0.0.0.0/0",
                            "ingress.1163740523.description": "",
                            "ingress.1163740523.from_port": "3306",
                            "ingress.1163740523.ipv6_cidr_blocks.#": "0",
                            "ingress.1163740523.protocol": "TCP",
                            "ingress.1163740523.security_groups.#": "0",
                            "ingress.1163740523.self": "false",
                            "ingress.1163740523.to_port": "3306",
                            "ingress.2342166563.cidr_blocks.#": "0",
                            "ingress.2342166563.description": "",
                            "ingress.2342166563.from_port": "3306",
                            "ingress.2342166563.ipv6_cidr_blocks.#": "0",
                            "ingress.2342166563.protocol": "TCP",
                            "ingress.2342166563.security_groups.#": "1",
                            "ingress.2342166563.security_groups.80328684": "sg-08ee3bfb1aed4c4cd",
                            "ingress.2342166563.self": "false",
                            "ingress.2342166563.to_port": "3306",
                            "name": "Smart Experience Security Group",
                            "owner_id": "722431446741",
                            "revoke_rules_on_delete": "false",
                            "tags.%": "1",
                            "tags.Name": "Smart Experience Security Group",
                            "vpc_id": "vpc-f3617188"
                        },
                        "meta": {
                            "e2bfb730-ecaa-11e6-8f88-34363bc7c4c0": {
                                "create": 600000000000,
                                "delete": 600000000000
                            },
                            "schema_version": "1"
                        },
                        "tainted": false
                    },
                    "deposed": [],
                    "provider": "provider.aws"
                },
                "aws_ses_active_receipt_rule_set.main": {
                    "type": "aws_ses_active_receipt_rule_set",
                    "depends_on": [],
                    "primary": {
                        "id": "primary-rules",
                        "attributes": {
                            "id": "primary-rules",
                            "rule_set_name": "primary-rules"
                        },
                        "meta": {},
                        "tainted": false
                    },
                    "deposed": [],
                    "provider": "provider.aws"
                },
                "aws_ses_domain_dkim.drivesmart_dkim": {
                    "type": "aws_ses_domain_dkim",
                    "depends_on": [
                        "aws_ses_domain_identity.drivesmart_email"
                    ],
                    "primary": {
                        "id": "drivesmartcbus.com",
                        "attributes": {
                            "dkim_tokens.#": "3",
                            "dkim_tokens.0": "patjv5jx6ehkc4retqdq75ra26x77zf6",
                            "dkim_tokens.1": "5skpzlwo3xntbwh6edkmwbo7e3axyfd2",
                            "dkim_tokens.2": "yf4fy7jnuvi7oivpnsh7ow5rczrlfsrk",
                            "domain": "drivesmartcbus.com",
                            "id": "drivesmartcbus.com"
                        },
                        "meta": {},
                        "tainted": false
                    },
                    "deposed": [],
                    "provider": "provider.aws"
                },
                "aws_ses_domain_identity.drivesmart_email": {
                    "type": "aws_ses_domain_identity",
                    "depends_on": [],
                    "primary": {
                        "id": "drivesmartcbus.com",
                        "attributes": {
                            "arn": "arn:aws:ses:us-east-1:722431446741:identity/drivesmartcbus.com",
                            "domain": "drivesmartcbus.com",
                            "id": "drivesmartcbus.com",
                            "verification_token": "W0/Fou8EKK8AjlqO5DI84jeXMNpifP18QR0HRJl4ZIg="
                        },
                        "meta": {},
                        "tainted": false
                    },
                    "deposed": [],
                    "provider": "provider.aws"
                },
                "aws_ses_domain_mail_from.mail_drivesmartcbus": {
                    "type": "aws_ses_domain_mail_from",
                    "depends_on": [
                        "aws_ses_domain_identity.drivesmart_email"
                    ],
                    "primary": {
                        "id": "drivesmartcbus.com",
                        "attributes": {
                            "behavior_on_mx_failure": "UseDefaultValue",
                            "domain": "drivesmartcbus.com",
                            "id": "drivesmartcbus.com",
                            "mail_from_domain": "mail.drivesmartcbus.com"
                        },
                        "meta": {},
                        "tainted": false
                    },
                    "deposed": [],
                    "provider": "provider.aws"
                },
                "aws_ses_receipt_rule.store1": {
                    "type": "aws_ses_receipt_rule",
                    "depends_on": [
                        "aws_s3_bucket.received_emails",
                        "aws_ses_receipt_rule_set.main"
                    ],
                    "primary": {
                        "id": "store",
                        "attributes": {
                            "add_header_action.#": "0",
                            "bounce_action.#": "0",
                            "enabled": "true",
                            "id": "store",
                            "lambda_action.#": "0",
                            "name": "store",
                            "recipients.#": "1",
                            "recipients.3466357257": "no-reply@drivesmartcbus.com",
                            "rule_set_name": "primary-rules",
                            "s3_action.#": "1",
                            "s3_action.763874359.bucket_name": "smart-experience-emails",
                            "s3_action.763874359.kms_key_arn": "",
                            "s3_action.763874359.object_key_prefix": "",
                            "s3_action.763874359.position": "1",
                            "s3_action.763874359.topic_arn": "",
                            "scan_enabled": "false",
                            "sns_action.#": "0",
                            "stop_action.#": "0",
                            "tls_policy": "Optional",
                            "workmail_action.#": "0"
                        },
                        "meta": {},
                        "tainted": false
                    },
                    "deposed": [],
                    "provider": "provider.aws"
                },
                "aws_ses_receipt_rule.store2": {
                    "type": "aws_ses_receipt_rule",
                    "depends_on": [
                        "aws_s3_bucket.received_emails",
                        "aws_ses_receipt_rule_set.main"
                    ],
                    "primary": {
                        "id": "store.mail",
                        "attributes": {
                            "add_header_action.#": "0",
                            "bounce_action.#": "0",
                            "enabled": "true",
                            "id": "store.mail",
                            "lambda_action.#": "0",
                            "name": "store.mail",
                            "recipients.#": "1",
                            "recipients.1107575477": "no-reply@mail.drivesmartcbus.com",
                            "rule_set_name": "primary-rules",
                            "s3_action.#": "1",
                            "s3_action.763874359.bucket_name": "smart-experience-emails",
                            "s3_action.763874359.kms_key_arn": "",
                            "s3_action.763874359.object_key_prefix": "",
                            "s3_action.763874359.position": "1",
                            "s3_action.763874359.topic_arn": "",
                            "scan_enabled": "false",
                            "sns_action.#": "0",
                            "stop_action.#": "0",
                            "tls_policy": "Optional",
                            "workmail_action.#": "0"
                        },
                        "meta": {},
                        "tainted": false
                    },
                    "deposed": [],
                    "provider": "provider.aws"
                },
                "aws_ses_receipt_rule_set.main": {
                    "type": "aws_ses_receipt_rule_set",
                    "depends_on": [],
                    "primary": {
                        "id": "primary-rules",
                        "attributes": {
                            "id": "primary-rules",
                            "rule_set_name": "primary-rules"
                        },
                        "meta": {},
                        "tainted": false
                    },
                    "deposed": [],
                    "provider": "provider.aws"
                },
                "aws_subnet.Subnet1a": {
                    "type": "aws_subnet",
                    "depends_on": [],
                    "primary": {
                        "id": "subnet-3bb66615",
                        "attributes": {
                            "assign_ipv6_address_on_creation": "false",
                            "availability_zone": "us-east-1a",
                            "cidr_block": "172.31.80.0/20",
                            "id": "subnet-3bb66615",
                            "map_public_ip_on_launch": "true",
                            "tags.%": "1",
                            "tags.Name": "Subnet1a",
                            "vpc_id": "vpc-f3617188"
                        },
                        "meta": {
                            "schema_version": "1"
                        },
                        "tainted": false
                    },
                    "deposed": [],
                    "provider": "provider.aws"
                },
                "aws_subnet.Subnet1b": {
                    "type": "aws_subnet",
                    "depends_on": [],
                    "primary": {
                        "id": "subnet-91a933db",
                        "attributes": {
                            "assign_ipv6_address_on_creation": "false",
                            "availability_zone": "us-east-1b",
                            "cidr_block": "172.31.16.0/20",
                            "id": "subnet-91a933db",
                            "map_public_ip_on_launch": "true",
                            "tags.%": "1",
                            "tags.Name": "Subnet1b",
                            "vpc_id": "vpc-f3617188"
                        },
                        "meta": {
                            "schema_version": "1"
                        },
                        "tainted": false
                    },
                    "deposed": [],
                    "provider": "provider.aws"
                },
                "aws_subnet.Subnet1c": {
                    "type": "aws_subnet",
                    "depends_on": [],
                    "primary": {
                        "id": "subnet-3090466c",
                        "attributes": {
                            "assign_ipv6_address_on_creation": "false",
                            "availability_zone": "us-east-1c",
                            "cidr_block": "172.31.32.0/20",
                            "id": "subnet-3090466c",
                            "map_public_ip_on_launch": "true",
                            "tags.%": "1",
                            "tags.Name": "Subnet1c",
                            "vpc_id": "vpc-f3617188"
                        },
                        "meta": {
                            "schema_version": "1"
                        },
                        "tainted": false
                    },
                    "deposed": [],
                    "provider": "provider.aws"
                },
                "aws_subnet.Subnet1d": {
                    "type": "aws_subnet",
                    "depends_on": [],
                    "primary": {
                        "id": "subnet-eeb26189",
                        "attributes": {
                            "assign_ipv6_address_on_creation": "false",
                            "availability_zone": "us-east-1d",
                            "cidr_block": "172.31.0.0/20",
                            "id": "subnet-eeb26189",
                            "map_public_ip_on_launch": "true",
                            "tags.%": "1",
                            "tags.Name": "Subnet1d",
                            "vpc_id": "vpc-f3617188"
                        },
                        "meta": {
                            "schema_version": "1"
                        },
                        "tainted": false
                    },
                    "deposed": [],
                    "provider": "provider.aws"
                },
                "aws_subnet.Subnet1f": {
                    "type": "aws_subnet",
                    "depends_on": [],
                    "primary": {
                        "id": "subnet-bdd34cb2",
                        "attributes": {
                            "assign_ipv6_address_on_creation": "false",
                            "availability_zone": "us-east-1f",
                            "cidr_block": "172.31.64.0/20",
                            "id": "subnet-bdd34cb2",
                            "map_public_ip_on_launch": "true",
                            "tags.%": "1",
                            "tags.Name": "Subnet1f",
                            "vpc_id": "vpc-f3617188"
                        },
                        "meta": {
                            "schema_version": "1"
                        },
                        "tainted": false
                    },
                    "deposed": [],
                    "provider": "provider.aws"
                },
                "data.aws_iam_policy_document.bucket_policy": {
                    "type": "aws_iam_policy_document",
                    "depends_on": [
                        "aws_cloudfront_origin_access_identity.origin_access_identity"
                    ],
                    "primary": {
                        "id": "4016097359",
                        "attributes": {
                            "id": "4016097359",
                            "json": "{\n  \"Version\": \"2012-10-17\",\n  \"Statement\": [\n    {\n      \"Sid\": \"\",\n      \"Effect\": \"Allow\",\n      \"Action\": \"s3:GetObject\",\n      \"Resource\": \"arn:aws:s3:::smart-experience-web/*\",\n      \"Principal\": {\n        \"AWS\": \"arn:aws:iam::cloudfront:user/CloudFront Origin Access Identity E3SFIENGM63R8H\"\n      }\n    }\n  ]\n}",
                            "statement.#": "1",
                            "statement.0.actions.#": "1",
                            "statement.0.actions.2071725391": "s3:GetObject",
                            "statement.0.condition.#": "0",
                            "statement.0.effect": "Allow",
                            "statement.0.not_actions.#": "0",
                            "statement.0.not_principals.#": "0",
                            "statement.0.not_resources.#": "0",
                            "statement.0.principals.#": "1",
                            "statement.0.principals.4129806397.identifiers.#": "1",
                            "statement.0.principals.4129806397.identifiers.2753546823": "arn:aws:iam::cloudfront:user/CloudFront Origin Access Identity E3SFIENGM63R8H",
                            "statement.0.principals.4129806397.type": "AWS",
                            "statement.0.resources.#": "1",
                            "statement.0.resources.195219716": "arn:aws:s3:::smart-experience-web/*",
                            "statement.0.sid": ""
                        },
                        "meta": {},
                        "tainted": false
                    },
                    "deposed": [],
                    "provider": "provider.aws"
                },
                "data.aws_iam_policy_document.bucket_policy_for_emails": {
                    "type": "aws_iam_policy_document",
                    "depends_on": [],
                    "primary": {
                        "id": "1072996044",
                        "attributes": {
                            "id": "1072996044",
                            "json": "{\n  \"Version\": \"2012-10-17\",\n  \"Statement\": [\n    {\n      \"Sid\": \"\",\n      \"Effect\": \"Allow\",\n      \"Action\": \"s3:PutObject\",\n      \"Resource\": \"arn:aws:s3:::smart-experience-emails/*\",\n      \"Principal\": {\n        \"Service\": \"ses.amazonaws.com\"\n      },\n      \"Condition\": {\n        \"StringEquals\": {\n          \"aws:Referer\": \"722431446741\"\n        }\n      }\n    }\n  ]\n}",
                            "statement.#": "1",
                            "statement.0.actions.#": "1",
                            "statement.0.actions.315547055": "s3:PutObject",
                            "statement.0.condition.#": "1",
                            "statement.0.condition.2864098311.test": "StringEquals",
                            "statement.0.condition.2864098311.values.#": "1",
                            "statement.0.condition.2864098311.values.382177307": "722431446741",
                            "statement.0.condition.2864098311.variable": "aws:Referer",
                            "statement.0.effect": "Allow",
                            "statement.0.not_actions.#": "0",
                            "statement.0.not_principals.#": "0",
                            "statement.0.not_resources.#": "0",
                            "statement.0.principals.#": "1",
                            "statement.0.principals.1693852319.identifiers.#": "1",
                            "statement.0.principals.1693852319.identifiers.3725946869": "ses.amazonaws.com",
                            "statement.0.principals.1693852319.type": "Service",
                            "statement.0.resources.#": "1",
                            "statement.0.resources.2246786075": "arn:aws:s3:::smart-experience-emails/*",
                            "statement.0.sid": ""
                        },
                        "meta": {},
                        "tainted": false
                    },
                    "deposed": [],
                    "provider": "provider.aws"
                }
            },
            "depends_on": []
        },
        {
            "path": [
                "root",
                "ApiGetCarsFunction"
            ],
            "outputs": {
                "arn": {
                    "sensitive": false,
                    "type": "string",
                    "value": "arn:aws:lambda:us-east-1:722431446741:function:ApiGetCars"
                },
                "invoke_arn": {
                    "sensitive": false,
                    "type": "string",
                    "value": "arn:aws:apigateway:us-east-1:lambda:path/2015-03-31/functions/arn:aws:lambda:us-east-1:722431446741:function:ApiGetCars/invocations"
                }
            },
            "resources": {
                "aws_cloudwatch_log_group.function": {
                    "type": "aws_cloudwatch_log_group",
                    "depends_on": [],
                    "primary": {
                        "id": "/aws/lambda/ApiGetCars",
                        "attributes": {
                            "arn": "arn:aws:logs:us-east-1:722431446741:log-group:/aws/lambda/ApiGetCars:*",
                            "id": "/aws/lambda/ApiGetCars",
                            "kms_key_id": "",
                            "name": "/aws/lambda/ApiGetCars",
                            "retention_in_days": "3",
                            "tags.%": "0"
                        },
                        "meta": {},
                        "tainted": false
                    },
                    "deposed": [],
                    "provider": "provider.aws"
                },
                "aws_lambda_function.function": {
                    "type": "aws_lambda_function",
                    "depends_on": [],
                    "primary": {
                        "id": "ApiGetCars",
                        "attributes": {
                            "arn": "arn:aws:lambda:us-east-1:722431446741:function:ApiGetCars",
                            "dead_letter_config.#": "0",
                            "description": "Api to get car information",
                            "environment.#": "1",
                            "environment.0.variables.%": "3",
                            "environment.0.variables.host": "smartexperience.ccpbmhkikhpm.us-east-1.rds.amazonaws.com",
                            "environment.0.variables.password": "akdg9le\u0026e82ldKa",
                            "environment.0.variables.user": "smrt",
                            "function_name": "ApiGetCars",
                            "handler": "src/api/GetCars.handler",
                            "id": "ApiGetCars",
                            "invoke_arn": "arn:aws:apigateway:us-east-1:lambda:path/2015-03-31/functions/arn:aws:lambda:us-east-1:722431446741:function:ApiGetCars/invocations",
                            "kms_key_arn": "",
                            "last_modified": "2018-06-14T19:34:04.439+0000",
                            "memory_size": "128",
                            "publish": "false",
                            "qualified_arn": "arn:aws:lambda:us-east-1:722431446741:function:ApiGetCars:$LATEST",
                            "reserved_concurrent_executions": "0",
                            "role": "arn:aws:iam::722431446741:role/ApiGetCarsRole",
                            "runtime": "nodejs8.10",
                            "s3_bucket": "smart-experience-artifact-repo",
                            "s3_key": "lambdas.zip",
                            "source_code_hash": "Eyqt4qc6YS0SMq7V//qDv1mynRm83cCdd3rFonRi6Ys=",
                            "source_code_size": "2291909",
                            "tags.%": "0",
                            "timeout": "10",
                            "tracing_config.#": "1",
                            "tracing_config.0.mode": "PassThrough",
                            "version": "$LATEST",
                            "vpc_config.#": "1",
                            "vpc_config.0.security_group_ids.#": "1",
                            "vpc_config.0.security_group_ids.80328684": "sg-08ee3bfb1aed4c4cd",
                            "vpc_config.0.subnet_ids.#": "2",
                            "vpc_config.0.subnet_ids.3410382966": "subnet-eeb26189",
                            "vpc_config.0.subnet_ids.838633116": "subnet-91a933db",
                            "vpc_config.0.vpc_id": "vpc-f3617188"
                        },
                        "meta": {},
                        "tainted": false
                    },
                    "deposed": [],
                    "provider": "provider.aws"
                }
            },
            "depends_on": []
        },
        {
            "path": [
                "root",
                "ApiGetCarsRole"
            ],
            "outputs": {
                "arn": {
                    "sensitive": false,
                    "type": "string",
                    "value": "arn:aws:iam::722431446741:role/ApiGetCarsRole"
                },
                "name": {
                    "sensitive": false,
                    "type": "string",
                    "value": "ApiGetCarsRole"
                }
            },
            "resources": {
                "aws_iam_policy.lambda_logging_policy": {
                    "type": "aws_iam_policy",
                    "depends_on": [
                        "data.aws_iam_policy_document.logging_policy_statement"
                    ],
                    "primary": {
                        "id": "arn:aws:iam::722431446741:policy/logging_policy_for_ApiGetCarsRole",
                        "attributes": {
                            "arn": "arn:aws:iam::722431446741:policy/logging_policy_for_ApiGetCarsRole",
                            "description": "Allows AWS Lambda to create and write logs",
                            "id": "arn:aws:iam::722431446741:policy/logging_policy_for_ApiGetCarsRole",
                            "name": "logging_policy_for_ApiGetCarsRole",
                            "path": "/",
                            "policy": "{\n  \"Version\": \"2012-10-17\",\n  \"Statement\": [\n    {\n      \"Sid\": \"\",\n      \"Effect\": \"Allow\",\n      \"Action\": [\n        \"logs:PutLogEvents\",\n        \"logs:CreateLogStream\",\n        \"logs:CreateLogGroup\"\n      ],\n      \"Resource\": \"arn:aws:logs:*:*:*\"\n    }\n  ]\n}"
                        },
                        "meta": {},
                        "tainted": false
                    },
                    "deposed": [],
                    "provider": "provider.aws"
                },
                "aws_iam_role.role": {
                    "type": "aws_iam_role",
                    "depends_on": [
                        "data.aws_iam_policy_document.lambda_policy"
                    ],
                    "primary": {
                        "id": "ApiGetCarsRole",
                        "attributes": {
                            "arn": "arn:aws:iam::722431446741:role/ApiGetCarsRole",
                            "assume_role_policy": "{\"Version\":\"2012-10-17\",\"Statement\":[{\"Sid\":\"\",\"Effect\":\"Allow\",\"Principal\":{\"Service\":[\"lambda.amazonaws.com\",\"apigateway.amazonaws.com\"]},\"Action\":\"sts:AssumeRole\"}]}",
                            "create_date": "2018-06-14T19:09:59Z",
                            "force_detach_policies": "false",
                            "id": "ApiGetCarsRole",
                            "max_session_duration": "3600",
                            "name": "ApiGetCarsRole",
                            "path": "/",
                            "unique_id": "AROAIKM6KG4HXX37C4LDW"
                        },
                        "meta": {},
                        "tainted": false
                    },
                    "deposed": [],
                    "provider": "provider.aws"
                },
                "aws_iam_role_policy_attachment.Attach_Logging_Role": {
                    "type": "aws_iam_role_policy_attachment",
                    "depends_on": [
                        "aws_iam_policy.lambda_logging_policy",
                        "aws_iam_role.role"
                    ],
                    "primary": {
                        "id": "ApiGetCarsRole-20180614191000194000000001",
                        "attributes": {
                            "id": "ApiGetCarsRole-20180614191000194000000001",
                            "policy_arn": "arn:aws:iam::722431446741:policy/logging_policy_for_ApiGetCarsRole",
                            "role": "ApiGetCarsRole"
                        },
                        "meta": {},
                        "tainted": false
                    },
                    "deposed": [],
                    "provider": "provider.aws"
                },
                "aws_iam_role_policy_attachment.Attach_VPC_Policy": {
                    "type": "aws_iam_role_policy_attachment",
                    "depends_on": [
                        "aws_iam_role.role"
                    ],
                    "primary": {
                        "id": "ApiGetCarsRole-20180614191000198600000002",
                        "attributes": {
                            "id": "ApiGetCarsRole-20180614191000198600000002",
                            "policy_arn": "arn:aws:iam::aws:policy/service-role/AWSLambdaVPCAccessExecutionRole",
                            "role": "ApiGetCarsRole"
                        },
                        "meta": {},
                        "tainted": false
                    },
                    "deposed": [],
                    "provider": "provider.aws"
                },
                "data.aws_iam_policy_document.lambda_policy": {
                    "type": "aws_iam_policy_document",
                    "depends_on": [],
                    "primary": {
                        "id": "3127519745",
                        "attributes": {
                            "id": "3127519745",
                            "json": "{\n  \"Version\": \"2012-10-17\",\n  \"Statement\": [\n    {\n      \"Sid\": \"\",\n      \"Effect\": \"Allow\",\n      \"Action\": \"sts:AssumeRole\",\n      \"Principal\": {\n        \"Service\": [\n          \"lambda.amazonaws.com\",\n          \"apigateway.amazonaws.com\"\n        ]\n      }\n    }\n  ]\n}",
                            "statement.#": "1",
                            "statement.0.actions.#": "1",
                            "statement.0.actions.2528466339": "sts:AssumeRole",
                            "statement.0.condition.#": "0",
                            "statement.0.effect": "Allow",
                            "statement.0.not_actions.#": "0",
                            "statement.0.not_principals.#": "0",
                            "statement.0.not_resources.#": "0",
                            "statement.0.principals.#": "1",
                            "statement.0.principals.1632598396.identifiers.#": "2",
                            "statement.0.principals.1632598396.identifiers.1175233861": "apigateway.amazonaws.com",
                            "statement.0.principals.1632598396.identifiers.2638019528": "lambda.amazonaws.com",
                            "statement.0.principals.1632598396.type": "Service",
                            "statement.0.resources.#": "0",
                            "statement.0.sid": ""
                        },
                        "meta": {},
                        "tainted": false
                    },
                    "deposed": [],
                    "provider": "provider.aws"
                },
                "data.aws_iam_policy_document.logging_policy_statement": {
                    "type": "aws_iam_policy_document",
                    "depends_on": [],
                    "primary": {
                        "id": "4063422367",
                        "attributes": {
                            "id": "4063422367",
                            "json": "{\n  \"Version\": \"2012-10-17\",\n  \"Statement\": [\n    {\n      \"Sid\": \"\",\n      \"Effect\": \"Allow\",\n      \"Action\": [\n        \"logs:PutLogEvents\",\n        \"logs:CreateLogStream\",\n        \"logs:CreateLogGroup\"\n      ],\n      \"Resource\": \"arn:aws:logs:*:*:*\"\n    }\n  ]\n}",
                            "statement.#": "1",
                            "statement.0.actions.#": "3",
                            "statement.0.actions.2809485102": "logs:CreateLogGroup",
                            "statement.0.actions.3285979848": "logs:CreateLogStream",
                            "statement.0.actions.39743051": "logs:PutLogEvents",
                            "statement.0.condition.#": "0",
                            "statement.0.effect": "Allow",
                            "statement.0.not_actions.#": "0",
                            "statement.0.not_principals.#": "0",
                            "statement.0.not_resources.#": "0",
                            "statement.0.principals.#": "0",
                            "statement.0.resources.#": "1",
                            "statement.0.resources.162423377": "arn:aws:logs:*:*:*",
                            "statement.0.sid": ""
                        },
                        "meta": {},
                        "tainted": false
                    },
                    "deposed": [],
                    "provider": "provider.aws"
                }
            },
            "depends_on": []
        },
        {
            "path": [
                "root",
                "ApiSaveUserFunction"
            ],
            "outputs": {
                "arn": {
                    "sensitive": false,
                    "type": "string",
                    "value": "arn:aws:lambda:us-east-1:722431446741:function:ApiSaveUser"
                },
                "invoke_arn": {
                    "sensitive": false,
                    "type": "string",
                    "value": "arn:aws:apigateway:us-east-1:lambda:path/2015-03-31/functions/arn:aws:lambda:us-east-1:722431446741:function:ApiSaveUser/invocations"
                }
            },
            "resources": {
                "aws_cloudwatch_log_group.function": {
                    "type": "aws_cloudwatch_log_group",
                    "depends_on": [],
                    "primary": {
                        "id": "/aws/lambda/ApiSaveUser",
                        "attributes": {
                            "arn": "arn:aws:logs:us-east-1:722431446741:log-group:/aws/lambda/ApiSaveUser:*",
                            "id": "/aws/lambda/ApiSaveUser",
                            "kms_key_id": "",
                            "name": "/aws/lambda/ApiSaveUser",
                            "retention_in_days": "3",
                            "tags.%": "0"
                        },
                        "meta": {},
                        "tainted": false
                    },
                    "deposed": [],
                    "provider": "provider.aws"
                },
                "aws_lambda_function.function": {
                    "type": "aws_lambda_function",
                    "depends_on": [],
                    "primary": {
                        "id": "ApiSaveUser",
                        "attributes": {
                            "arn": "arn:aws:lambda:us-east-1:722431446741:function:ApiSaveUser",
                            "dead_letter_config.#": "0",
                            "description": "Api to save user information",
                            "environment.#": "1",
                            "environment.0.variables.%": "3",
                            "environment.0.variables.host": "smartexperience.ccpbmhkikhpm.us-east-1.rds.amazonaws.com",
                            "environment.0.variables.password": "akdg9le\u0026e82ldKa",
                            "environment.0.variables.user": "smrt",
                            "function_name": "ApiSaveUser",
                            "handler": "src/api/SaveUser.handler",
                            "id": "ApiSaveUser",
                            "invoke_arn": "arn:aws:apigateway:us-east-1:lambda:path/2015-03-31/functions/arn:aws:lambda:us-east-1:722431446741:function:ApiSaveUser/invocations",
                            "kms_key_arn": "",
                            "last_modified": "2018-06-14T19:34:04.002+0000",
                            "memory_size": "128",
                            "publish": "false",
                            "qualified_arn": "arn:aws:lambda:us-east-1:722431446741:function:ApiSaveUser:$LATEST",
                            "reserved_concurrent_executions": "0",
                            "role": "arn:aws:iam::722431446741:role/ApiSaveUserRole",
                            "runtime": "nodejs8.10",
                            "s3_bucket": "smart-experience-artifact-repo",
                            "s3_key": "lambdas.zip",
                            "source_code_hash": "Eyqt4qc6YS0SMq7V//qDv1mynRm83cCdd3rFonRi6Ys=",
                            "source_code_size": "2291909",
                            "tags.%": "0",
                            "timeout": "10",
                            "tracing_config.#": "1",
                            "tracing_config.0.mode": "PassThrough",
                            "version": "$LATEST",
                            "vpc_config.#": "1",
                            "vpc_config.0.security_group_ids.#": "1",
                            "vpc_config.0.security_group_ids.80328684": "sg-08ee3bfb1aed4c4cd",
                            "vpc_config.0.subnet_ids.#": "2",
                            "vpc_config.0.subnet_ids.3410382966": "subnet-eeb26189",
                            "vpc_config.0.subnet_ids.838633116": "subnet-91a933db",
                            "vpc_config.0.vpc_id": "vpc-f3617188"
                        },
                        "meta": {},
                        "tainted": false
                    },
                    "deposed": [],
                    "provider": "provider.aws"
                }
            },
            "depends_on": []
        },
        {
            "path": [
                "root",
                "ApiSaveUserRole"
            ],
            "outputs": {
                "arn": {
                    "sensitive": false,
                    "type": "string",
                    "value": "arn:aws:iam::722431446741:role/ApiSaveUserRole"
                },
                "name": {
                    "sensitive": false,
                    "type": "string",
                    "value": "ApiSaveUserRole"
                }
            },
            "resources": {
                "aws_iam_policy.lambda_logging_policy": {
                    "type": "aws_iam_policy",
                    "depends_on": [
                        "data.aws_iam_policy_document.logging_policy_statement"
                    ],
                    "primary": {
                        "id": "arn:aws:iam::722431446741:policy/logging_policy_for_ApiSaveUserRole",
                        "attributes": {
                            "arn": "arn:aws:iam::722431446741:policy/logging_policy_for_ApiSaveUserRole",
                            "description": "Allows AWS Lambda to create and write logs",
                            "id": "arn:aws:iam::722431446741:policy/logging_policy_for_ApiSaveUserRole",
                            "name": "logging_policy_for_ApiSaveUserRole",
                            "path": "/",
                            "policy": "{\n  \"Version\": \"2012-10-17\",\n  \"Statement\": [\n    {\n      \"Sid\": \"\",\n      \"Effect\": \"Allow\",\n      \"Action\": [\n        \"logs:PutLogEvents\",\n        \"logs:CreateLogStream\",\n        \"logs:CreateLogGroup\"\n      ],\n      \"Resource\": \"arn:aws:logs:*:*:*\"\n    }\n  ]\n}"
                        },
                        "meta": {},
                        "tainted": false
                    },
                    "deposed": [],
                    "provider": "provider.aws"
                },
                "aws_iam_role.role": {
                    "type": "aws_iam_role",
                    "depends_on": [
                        "data.aws_iam_policy_document.lambda_policy"
                    ],
                    "primary": {
                        "id": "ApiSaveUserRole",
                        "attributes": {
                            "arn": "arn:aws:iam::722431446741:role/ApiSaveUserRole",
                            "assume_role_policy": "{\"Version\":\"2012-10-17\",\"Statement\":[{\"Sid\":\"\",\"Effect\":\"Allow\",\"Principal\":{\"Service\":[\"lambda.amazonaws.com\",\"apigateway.amazonaws.com\"]},\"Action\":\"sts:AssumeRole\"}]}",
                            "create_date": "2018-06-11T20:12:45Z",
                            "force_detach_policies": "false",
                            "id": "ApiSaveUserRole",
                            "max_session_duration": "3600",
                            "name": "ApiSaveUserRole",
                            "path": "/",
                            "unique_id": "AROAIHMQUYI2USRHR3RFI"
                        },
                        "meta": {},
                        "tainted": false
                    },
                    "deposed": [],
                    "provider": "provider.aws"
                },
                "aws_iam_role_policy_attachment.Attach_Logging_Role": {
                    "type": "aws_iam_role_policy_attachment",
                    "depends_on": [
                        "aws_iam_policy.lambda_logging_policy",
                        "aws_iam_role.role"
                    ],
                    "primary": {
                        "id": "ApiSaveUserRole-20180611201246034300000002",
                        "attributes": {
                            "id": "ApiSaveUserRole-20180611201246034300000002",
                            "policy_arn": "arn:aws:iam::722431446741:policy/logging_policy_for_ApiSaveUserRole",
                            "role": "ApiSaveUserRole"
                        },
                        "meta": {},
                        "tainted": false
                    },
                    "deposed": [],
                    "provider": "provider.aws"
                },
                "aws_iam_role_policy_attachment.Attach_VPC_Policy": {
                    "type": "aws_iam_role_policy_attachment",
                    "depends_on": [
                        "aws_iam_role.role"
                    ],
                    "primary": {
                        "id": "ApiSaveUserRole-20180611201246024700000001",
                        "attributes": {
                            "id": "ApiSaveUserRole-20180611201246024700000001",
                            "policy_arn": "arn:aws:iam::aws:policy/service-role/AWSLambdaVPCAccessExecutionRole",
                            "role": "ApiSaveUserRole"
                        },
                        "meta": {},
                        "tainted": false
                    },
                    "deposed": [],
                    "provider": "provider.aws"
                },
                "data.aws_iam_policy_document.lambda_policy": {
                    "type": "aws_iam_policy_document",
                    "depends_on": [],
                    "primary": {
                        "id": "3127519745",
                        "attributes": {
                            "id": "3127519745",
                            "json": "{\n  \"Version\": \"2012-10-17\",\n  \"Statement\": [\n    {\n      \"Sid\": \"\",\n      \"Effect\": \"Allow\",\n      \"Action\": \"sts:AssumeRole\",\n      \"Principal\": {\n        \"Service\": [\n          \"lambda.amazonaws.com\",\n          \"apigateway.amazonaws.com\"\n        ]\n      }\n    }\n  ]\n}",
                            "statement.#": "1",
                            "statement.0.actions.#": "1",
                            "statement.0.actions.2528466339": "sts:AssumeRole",
                            "statement.0.condition.#": "0",
                            "statement.0.effect": "Allow",
                            "statement.0.not_actions.#": "0",
                            "statement.0.not_principals.#": "0",
                            "statement.0.not_resources.#": "0",
                            "statement.0.principals.#": "1",
                            "statement.0.principals.1632598396.identifiers.#": "2",
                            "statement.0.principals.1632598396.identifiers.1175233861": "apigateway.amazonaws.com",
                            "statement.0.principals.1632598396.identifiers.2638019528": "lambda.amazonaws.com",
                            "statement.0.principals.1632598396.type": "Service",
                            "statement.0.resources.#": "0",
                            "statement.0.sid": ""
                        },
                        "meta": {},
                        "tainted": false
                    },
                    "deposed": [],
                    "provider": "provider.aws"
                },
                "data.aws_iam_policy_document.logging_policy_statement": {
                    "type": "aws_iam_policy_document",
                    "depends_on": [],
                    "primary": {
                        "id": "4063422367",
                        "attributes": {
                            "id": "4063422367",
                            "json": "{\n  \"Version\": \"2012-10-17\",\n  \"Statement\": [\n    {\n      \"Sid\": \"\",\n      \"Effect\": \"Allow\",\n      \"Action\": [\n        \"logs:PutLogEvents\",\n        \"logs:CreateLogStream\",\n        \"logs:CreateLogGroup\"\n      ],\n      \"Resource\": \"arn:aws:logs:*:*:*\"\n    }\n  ]\n}",
                            "statement.#": "1",
                            "statement.0.actions.#": "3",
                            "statement.0.actions.2809485102": "logs:CreateLogGroup",
                            "statement.0.actions.3285979848": "logs:CreateLogStream",
                            "statement.0.actions.39743051": "logs:PutLogEvents",
                            "statement.0.condition.#": "0",
                            "statement.0.effect": "Allow",
                            "statement.0.not_actions.#": "0",
                            "statement.0.not_principals.#": "0",
                            "statement.0.not_resources.#": "0",
                            "statement.0.principals.#": "0",
                            "statement.0.resources.#": "1",
                            "statement.0.resources.162423377": "arn:aws:logs:*:*:*",
                            "statement.0.sid": ""
                        },
                        "meta": {},
                        "tainted": false
                    },
                    "deposed": [],
                    "provider": "provider.aws"
                }
            },
            "depends_on": []
        },
        {
            "path": [
                "root",
                "JobArchiveCarScheduleFunction"
            ],
            "outputs": {
                "arn": {
                    "sensitive": false,
                    "type": "string",
                    "value": "arn:aws:lambda:us-east-1:722431446741:function:JobArchiveCarSchedule"
                },
                "invoke_arn": {
                    "sensitive": false,
                    "type": "string",
                    "value": "arn:aws:apigateway:us-east-1:lambda:path/2015-03-31/functions/arn:aws:lambda:us-east-1:722431446741:function:JobArchiveCarSchedule/invocations"
                }
            },
            "resources": {
                "aws_cloudwatch_log_group.function": {
                    "type": "aws_cloudwatch_log_group",
                    "depends_on": [],
                    "primary": {
                        "id": "/aws/lambda/JobArchiveCarSchedule",
                        "attributes": {
                            "arn": "arn:aws:logs:us-east-1:722431446741:log-group:/aws/lambda/JobArchiveCarSchedule:*",
                            "id": "/aws/lambda/JobArchiveCarSchedule",
                            "kms_key_id": "",
                            "name": "/aws/lambda/JobArchiveCarSchedule",
                            "retention_in_days": "3",
                            "tags.%": "0"
                        },
                        "meta": {},
                        "tainted": false
                    },
                    "deposed": [],
                    "provider": "provider.aws"
                },
                "aws_lambda_function.function": {
                    "type": "aws_lambda_function",
                    "depends_on": [],
                    "primary": {
                        "id": "JobArchiveCarSchedule",
                        "attributes": {
                            "arn": "arn:aws:lambda:us-east-1:722431446741:function:JobArchiveCarSchedule",
                            "dead_letter_config.#": "0",
                            "description": "Runs nightly to archive Car Schedules in the past",
                            "environment.#": "1",
                            "environment.0.variables.%": "3",
                            "environment.0.variables.host": "smartexperience.ccpbmhkikhpm.us-east-1.rds.amazonaws.com",
                            "environment.0.variables.password": "akdg9le\u0026e82ldKa",
                            "environment.0.variables.user": "smrt",
                            "function_name": "JobArchiveCarSchedule",
                            "handler": "src/JobArchiveCarSchedule.handler",
                            "id": "JobArchiveCarSchedule",
                            "invoke_arn": "arn:aws:apigateway:us-east-1:lambda:path/2015-03-31/functions/arn:aws:lambda:us-east-1:722431446741:function:JobArchiveCarSchedule/invocations",
                            "kms_key_arn": "",
                            "last_modified": "2018-06-14T19:22:21.582+0000",
                            "memory_size": "128",
                            "publish": "false",
                            "qualified_arn": "arn:aws:lambda:us-east-1:722431446741:function:JobArchiveCarSchedule:$LATEST",
                            "reserved_concurrent_executions": "0",
                            "role": "arn:aws:iam::722431446741:role/JobArchiveCarScheduleRole",
                            "runtime": "nodejs8.10",
                            "s3_bucket": "smart-experience-artifact-repo",
                            "s3_key": "lambdas.zip",
                            "source_code_hash": "Eyqt4qc6YS0SMq7V//qDv1mynRm83cCdd3rFonRi6Ys=",
                            "source_code_size": "2291909",
                            "tags.%": "0",
                            "timeout": "300",
                            "tracing_config.#": "1",
                            "tracing_config.0.mode": "PassThrough",
                            "version": "$LATEST",
                            "vpc_config.#": "1",
                            "vpc_config.0.security_group_ids.#": "1",
                            "vpc_config.0.security_group_ids.80328684": "sg-08ee3bfb1aed4c4cd",
                            "vpc_config.0.subnet_ids.#": "2",
                            "vpc_config.0.subnet_ids.3410382966": "subnet-eeb26189",
                            "vpc_config.0.subnet_ids.838633116": "subnet-91a933db",
                            "vpc_config.0.vpc_id": "vpc-f3617188"
                        },
                        "meta": {},
                        "tainted": false
                    },
                    "deposed": [],
                    "provider": "provider.aws"
                }
            },
            "depends_on": []
        },
        {
            "path": [
                "root",
                "JobArchiveCarScheduleRole"
            ],
            "outputs": {
                "arn": {
                    "sensitive": false,
                    "type": "string",
                    "value": "arn:aws:iam::722431446741:role/JobArchiveCarScheduleRole"
                },
                "name": {
                    "sensitive": false,
                    "type": "string",
                    "value": "JobArchiveCarScheduleRole"
                }
            },
            "resources": {
                "aws_iam_policy.lambda_logging_policy": {
                    "type": "aws_iam_policy",
                    "depends_on": [
                        "data.aws_iam_policy_document.logging_policy_statement"
                    ],
                    "primary": {
                        "id": "arn:aws:iam::722431446741:policy/logging_policy_for_JobArchiveCarScheduleRole",
                        "attributes": {
                            "arn": "arn:aws:iam::722431446741:policy/logging_policy_for_JobArchiveCarScheduleRole",
                            "description": "Allows AWS Lambda to create and write logs",
                            "id": "arn:aws:iam::722431446741:policy/logging_policy_for_JobArchiveCarScheduleRole",
                            "name": "logging_policy_for_JobArchiveCarScheduleRole",
                            "path": "/",
                            "policy": "{\n  \"Version\": \"2012-10-17\",\n  \"Statement\": [\n    {\n      \"Sid\": \"\",\n      \"Effect\": \"Allow\",\n      \"Action\": [\n        \"logs:PutLogEvents\",\n        \"logs:CreateLogStream\",\n        \"logs:CreateLogGroup\"\n      ],\n      \"Resource\": \"arn:aws:logs:*:*:*\"\n    }\n  ]\n}"
                        },
                        "meta": {},
                        "tainted": false
                    },
                    "deposed": [],
                    "provider": "provider.aws"
                },
                "aws_iam_role.role": {
                    "type": "aws_iam_role",
                    "depends_on": [
                        "data.aws_iam_policy_document.lambda_policy"
                    ],
                    "primary": {
                        "id": "JobArchiveCarScheduleRole",
                        "attributes": {
                            "arn": "arn:aws:iam::722431446741:role/JobArchiveCarScheduleRole",
                            "assume_role_policy": "{\"Version\":\"2012-10-17\",\"Statement\":[{\"Sid\":\"\",\"Effect\":\"Allow\",\"Principal\":{\"Service\":[\"apigateway.amazonaws.com\",\"lambda.amazonaws.com\"]},\"Action\":\"sts:AssumeRole\"}]}",
                            "create_date": "2018-06-11T18:40:56Z",
                            "force_detach_policies": "false",
                            "id": "JobArchiveCarScheduleRole",
                            "max_session_duration": "3600",
                            "name": "JobArchiveCarScheduleRole",
                            "path": "/",
                            "unique_id": "AROAJTPJVPOXI26AFJQ42"
                        },
                        "meta": {},
                        "tainted": false
                    },
                    "deposed": [],
                    "provider": "provider.aws"
                },
                "aws_iam_role_policy_attachment.Attach_Logging_Role": {
                    "type": "aws_iam_role_policy_attachment",
                    "depends_on": [
                        "aws_iam_policy.lambda_logging_policy",
                        "aws_iam_role.role"
                    ],
                    "primary": {
                        "id": "JobArchiveCarScheduleRole-20180611184057215500000002",
                        "attributes": {
                            "id": "JobArchiveCarScheduleRole-20180611184057215500000002",
                            "policy_arn": "arn:aws:iam::722431446741:policy/logging_policy_for_JobArchiveCarScheduleRole",
                            "role": "JobArchiveCarScheduleRole"
                        },
                        "meta": {},
                        "tainted": false
                    },
                    "deposed": [],
                    "provider": "provider.aws"
                },
                "aws_iam_role_policy_attachment.Attach_VPC_Policy": {
                    "type": "aws_iam_role_policy_attachment",
                    "depends_on": [
                        "aws_iam_role.role"
                    ],
                    "primary": {
                        "id": "JobArchiveCarScheduleRole-20180611184057212000000001",
                        "attributes": {
                            "id": "JobArchiveCarScheduleRole-20180611184057212000000001",
                            "policy_arn": "arn:aws:iam::aws:policy/service-role/AWSLambdaVPCAccessExecutionRole",
                            "role": "JobArchiveCarScheduleRole"
                        },
                        "meta": {},
                        "tainted": false
                    },
                    "deposed": [],
                    "provider": "provider.aws"
                },
                "data.aws_iam_policy_document.lambda_policy": {
                    "type": "aws_iam_policy_document",
                    "depends_on": [],
                    "primary": {
                        "id": "3127519745",
                        "attributes": {
                            "id": "3127519745",
                            "json": "{\n  \"Version\": \"2012-10-17\",\n  \"Statement\": [\n    {\n      \"Sid\": \"\",\n      \"Effect\": \"Allow\",\n      \"Action\": \"sts:AssumeRole\",\n      \"Principal\": {\n        \"Service\": [\n          \"lambda.amazonaws.com\",\n          \"apigateway.amazonaws.com\"\n        ]\n      }\n    }\n  ]\n}",
                            "statement.#": "1",
                            "statement.0.actions.#": "1",
                            "statement.0.actions.2528466339": "sts:AssumeRole",
                            "statement.0.condition.#": "0",
                            "statement.0.effect": "Allow",
                            "statement.0.not_actions.#": "0",
                            "statement.0.not_principals.#": "0",
                            "statement.0.not_resources.#": "0",
                            "statement.0.principals.#": "1",
                            "statement.0.principals.1632598396.identifiers.#": "2",
                            "statement.0.principals.1632598396.identifiers.1175233861": "apigateway.amazonaws.com",
                            "statement.0.principals.1632598396.identifiers.2638019528": "lambda.amazonaws.com",
                            "statement.0.principals.1632598396.type": "Service",
                            "statement.0.resources.#": "0",
                            "statement.0.sid": ""
                        },
                        "meta": {},
                        "tainted": false
                    },
                    "deposed": [],
                    "provider": "provider.aws"
                },
                "data.aws_iam_policy_document.logging_policy_statement": {
                    "type": "aws_iam_policy_document",
                    "depends_on": [],
                    "primary": {
                        "id": "4063422367",
                        "attributes": {
                            "id": "4063422367",
                            "json": "{\n  \"Version\": \"2012-10-17\",\n  \"Statement\": [\n    {\n      \"Sid\": \"\",\n      \"Effect\": \"Allow\",\n      \"Action\": [\n        \"logs:PutLogEvents\",\n        \"logs:CreateLogStream\",\n        \"logs:CreateLogGroup\"\n      ],\n      \"Resource\": \"arn:aws:logs:*:*:*\"\n    }\n  ]\n}",
                            "statement.#": "1",
                            "statement.0.actions.#": "3",
                            "statement.0.actions.2809485102": "logs:CreateLogGroup",
                            "statement.0.actions.3285979848": "logs:CreateLogStream",
                            "statement.0.actions.39743051": "logs:PutLogEvents",
                            "statement.0.condition.#": "0",
                            "statement.0.effect": "Allow",
                            "statement.0.not_actions.#": "0",
                            "statement.0.not_principals.#": "0",
                            "statement.0.not_resources.#": "0",
                            "statement.0.principals.#": "0",
                            "statement.0.resources.#": "1",
                            "statement.0.resources.162423377": "arn:aws:logs:*:*:*",
                            "statement.0.sid": ""
                        },
                        "meta": {},
                        "tainted": false
                    },
                    "deposed": [],
                    "provider": "provider.aws"
                }
            },
            "depends_on": []
        },
        {
            "path": [
                "root",
                "JobArchiveCarScheduleTimer"
            ],
            "outputs": {},
            "resources": {
                "aws_cloudwatch_event_rule.event_rule": {
                    "type": "aws_cloudwatch_event_rule",
                    "depends_on": [
                        "aws_iam_role.Cloudwatch_Event_Invoke_Lambda_Role"
                    ],
                    "primary": {
                        "id": "JobArchiveCarScheduleSchedule_CWEventRule",
                        "attributes": {
                            "arn": "arn:aws:events:us-east-1:722431446741:rule/JobArchiveCarScheduleSchedule_CWEventRule",
                            "description": "Runs everyday at 0115 UTC",
                            "id": "JobArchiveCarScheduleSchedule_CWEventRule",
                            "is_enabled": "true",
                            "name": "JobArchiveCarScheduleSchedule_CWEventRule",
                            "role_arn": "arn:aws:iam::722431446741:role/JobArchiveCarScheduleSchedule_InvokeLambdaRole",
                            "schedule_expression": "cron(15 1 * * ? *)"
                        },
                        "meta": {},
                        "tainted": false
                    },
                    "deposed": [],
                    "provider": "provider.aws"
                },
                "aws_cloudwatch_event_target.stepitup-initialize-connection-target": {
                    "type": "aws_cloudwatch_event_target",
                    "depends_on": [
                        "aws_cloudwatch_event_rule.event_rule"
                    ],
                    "primary": {
                        "id": "JobArchiveCarScheduleSchedule_CWEventRule-terraform-20180611184107893300000003",
                        "attributes": {
                            "arn": "arn:aws:lambda:us-east-1:722431446741:function:JobArchiveCarSchedule",
                            "id": "JobArchiveCarScheduleSchedule_CWEventRule-terraform-20180611184107893300000003",
                            "input": "",
                            "input_path": "",
                            "role_arn": "",
                            "rule": "JobArchiveCarScheduleSchedule_CWEventRule",
                            "target_id": "terraform-20180611184107893300000003"
                        },
                        "meta": {},
                        "tainted": false
                    },
                    "deposed": [],
                    "provider": "provider.aws"
                },
                "aws_iam_role.Cloudwatch_Event_Invoke_Lambda_Role": {
                    "type": "aws_iam_role",
                    "depends_on": [
                        "data.aws_iam_policy_document.cloudwatch_events_assume_role"
                    ],
                    "primary": {
                        "id": "JobArchiveCarScheduleSchedule_InvokeLambdaRole",
                        "attributes": {
                            "arn": "arn:aws:iam::722431446741:role/JobArchiveCarScheduleSchedule_InvokeLambdaRole",
                            "assume_role_policy": "{\"Version\":\"2012-10-17\",\"Statement\":[{\"Sid\":\"\",\"Effect\":\"Allow\",\"Principal\":{\"Service\":\"events.amazonaws.com\"},\"Action\":\"sts:AssumeRole\"}]}",
                            "create_date": "2018-06-11T18:40:56Z",
                            "force_detach_policies": "false",
                            "id": "JobArchiveCarScheduleSchedule_InvokeLambdaRole",
                            "max_session_duration": "3600",
                            "name": "JobArchiveCarScheduleSchedule_InvokeLambdaRole",
                            "path": "/",
                            "unique_id": "AROAIL6MHXOWNMRSFNSFG"
                        },
                        "meta": {},
                        "tainted": false
                    },
                    "deposed": [],
                    "provider": "provider.aws"
                },
                "aws_lambda_permission.cloudwatch_schedule_invoke_stepitup_initialize": {
                    "type": "aws_lambda_permission",
                    "depends_on": [],
                    "primary": {
                        "id": "cloudwatch_schedule_invoke_JobArchiveCarScheduleSchedule",
                        "attributes": {
                            "action": "lambda:InvokeFunction",
                            "function_name": "arn:aws:lambda:us-east-1:722431446741:function:JobArchiveCarSchedule",
                            "id": "cloudwatch_schedule_invoke_JobArchiveCarScheduleSchedule",
                            "principal": "events.amazonaws.com",
                            "qualifier": "",
                            "statement_id": "cloudwatch_schedule_invoke_JobArchiveCarScheduleSchedule"
                        },
                        "meta": {},
                        "tainted": false
                    },
                    "deposed": [],
                    "provider": "provider.aws"
                },
                "data.aws_iam_policy_document.cloudwatch_events_assume_role": {
                    "type": "aws_iam_policy_document",
                    "depends_on": [],
                    "primary": {
                        "id": "2423734833",
                        "attributes": {
                            "id": "2423734833",
                            "json": "{\n  \"Version\": \"2012-10-17\",\n  \"Statement\": [\n    {\n      \"Sid\": \"\",\n      \"Effect\": \"Allow\",\n      \"Action\": \"sts:AssumeRole\",\n      \"Principal\": {\n        \"Service\": \"events.amazonaws.com\"\n      }\n    }\n  ]\n}",
                            "statement.#": "1",
                            "statement.0.actions.#": "1",
                            "statement.0.actions.2528466339": "sts:AssumeRole",
                            "statement.0.condition.#": "0",
                            "statement.0.effect": "Allow",
                            "statement.0.not_actions.#": "0",
                            "statement.0.not_principals.#": "0",
                            "statement.0.not_resources.#": "0",
                            "statement.0.principals.#": "1",
                            "statement.0.principals.3055794613.identifiers.#": "1",
                            "statement.0.principals.3055794613.identifiers.1159240345": "events.amazonaws.com",
                            "statement.0.principals.3055794613.type": "Service",
                            "statement.0.resources.#": "0",
                            "statement.0.sid": ""
                        },
                        "meta": {},
                        "tainted": false
                    },
                    "deposed": [],
                    "provider": "provider.aws"
                }
            },
            "depends_on": []
        },
        {
            "path": [
                "root",
                "JobPopulateCarScheduleFunction"
            ],
            "outputs": {
                "arn": {
                    "sensitive": false,
                    "type": "string",
                    "value": "arn:aws:lambda:us-east-1:722431446741:function:JobPopulateCarSchedule"
                },
                "invoke_arn": {
                    "sensitive": false,
                    "type": "string",
                    "value": "arn:aws:apigateway:us-east-1:lambda:path/2015-03-31/functions/arn:aws:lambda:us-east-1:722431446741:function:JobPopulateCarSchedule/invocations"
                }
            },
            "resources": {
                "aws_cloudwatch_log_group.function": {
                    "type": "aws_cloudwatch_log_group",
                    "depends_on": [],
                    "primary": {
                        "id": "/aws/lambda/JobPopulateCarSchedule",
                        "attributes": {
                            "arn": "arn:aws:logs:us-east-1:722431446741:log-group:/aws/lambda/JobPopulateCarSchedule:*",
                            "id": "/aws/lambda/JobPopulateCarSchedule",
                            "kms_key_id": "",
                            "name": "/aws/lambda/JobPopulateCarSchedule",
                            "retention_in_days": "3",
                            "tags.%": "0"
                        },
                        "meta": {},
                        "tainted": false
                    },
                    "deposed": [],
                    "provider": "provider.aws"
                },
                "aws_lambda_function.function": {
                    "type": "aws_lambda_function",
                    "depends_on": [],
                    "primary": {
                        "id": "JobPopulateCarSchedule",
                        "attributes": {
                            "arn": "arn:aws:lambda:us-east-1:722431446741:function:JobPopulateCarSchedule",
                            "dead_letter_config.#": "0",
                            "description": "Runs nightly to populate Car Schedules 180 days out",
                            "environment.#": "1",
                            "environment.0.variables.%": "3",
                            "environment.0.variables.host": "smartexperience.ccpbmhkikhpm.us-east-1.rds.amazonaws.com",
                            "environment.0.variables.password": "akdg9le\u0026e82ldKa",
                            "environment.0.variables.user": "smrt",
                            "function_name": "JobPopulateCarSchedule",
                            "handler": "src/JobPopulateCarSchedule.handler",
                            "id": "JobPopulateCarSchedule",
                            "invoke_arn": "arn:aws:apigateway:us-east-1:lambda:path/2015-03-31/functions/arn:aws:lambda:us-east-1:722431446741:function:JobPopulateCarSchedule/invocations",
                            "kms_key_arn": "",
                            "last_modified": "2018-06-14T19:22:20.380+0000",
                            "memory_size": "128",
                            "publish": "false",
                            "qualified_arn": "arn:aws:lambda:us-east-1:722431446741:function:JobPopulateCarSchedule:$LATEST",
                            "reserved_concurrent_executions": "0",
                            "role": "arn:aws:iam::722431446741:role/JobPopulateCarScheduleRole",
                            "runtime": "nodejs8.10",
                            "s3_bucket": "smart-experience-artifact-repo",
                            "s3_key": "lambdas.zip",
                            "source_code_hash": "Eyqt4qc6YS0SMq7V//qDv1mynRm83cCdd3rFonRi6Ys=",
                            "source_code_size": "2291909",
                            "tags.%": "0",
                            "timeout": "300",
                            "tracing_config.#": "1",
                            "tracing_config.0.mode": "PassThrough",
                            "version": "$LATEST",
                            "vpc_config.#": "1",
                            "vpc_config.0.security_group_ids.#": "1",
                            "vpc_config.0.security_group_ids.80328684": "sg-08ee3bfb1aed4c4cd",
                            "vpc_config.0.subnet_ids.#": "2",
                            "vpc_config.0.subnet_ids.3410382966": "subnet-eeb26189",
                            "vpc_config.0.subnet_ids.838633116": "subnet-91a933db",
                            "vpc_config.0.vpc_id": "vpc-f3617188"
                        },
                        "meta": {},
                        "tainted": false
                    },
                    "deposed": [],
                    "provider": "provider.aws"
                }
            },
            "depends_on": []
        },
        {
            "path": [
                "root",
                "JobPopulateCarScheduleRole"
            ],
            "outputs": {
                "arn": {
                    "sensitive": false,
                    "type": "string",
                    "value": "arn:aws:iam::722431446741:role/JobPopulateCarScheduleRole"
                },
                "name": {
                    "sensitive": false,
                    "type": "string",
                    "value": "JobPopulateCarScheduleRole"
                }
            },
            "resources": {
                "aws_iam_policy.lambda_logging_policy": {
                    "type": "aws_iam_policy",
                    "depends_on": [
                        "data.aws_iam_policy_document.logging_policy_statement"
                    ],
                    "primary": {
                        "id": "arn:aws:iam::722431446741:policy/logging_policy_for_JobPopulateCarScheduleRole",
                        "attributes": {
                            "arn": "arn:aws:iam::722431446741:policy/logging_policy_for_JobPopulateCarScheduleRole",
                            "description": "Allows AWS Lambda to create and write logs",
                            "id": "arn:aws:iam::722431446741:policy/logging_policy_for_JobPopulateCarScheduleRole",
                            "name": "logging_policy_for_JobPopulateCarScheduleRole",
                            "path": "/",
                            "policy": "{\n  \"Version\": \"2012-10-17\",\n  \"Statement\": [\n    {\n      \"Sid\": \"\",\n      \"Effect\": \"Allow\",\n      \"Action\": [\n        \"logs:PutLogEvents\",\n        \"logs:CreateLogStream\",\n        \"logs:CreateLogGroup\"\n      ],\n      \"Resource\": \"arn:aws:logs:*:*:*\"\n    }\n  ]\n}"
                        },
                        "meta": {},
                        "tainted": false
                    },
                    "deposed": [],
                    "provider": "provider.aws"
                },
                "aws_iam_role.role": {
                    "type": "aws_iam_role",
                    "depends_on": [
                        "data.aws_iam_policy_document.lambda_policy"
                    ],
                    "primary": {
                        "id": "JobPopulateCarScheduleRole",
                        "attributes": {
                            "arn": "arn:aws:iam::722431446741:role/JobPopulateCarScheduleRole",
                            "assume_role_policy": "{\"Version\":\"2012-10-17\",\"Statement\":[{\"Sid\":\"\",\"Effect\":\"Allow\",\"Principal\":{\"Service\":[\"lambda.amazonaws.com\",\"apigateway.amazonaws.com\"]},\"Action\":\"sts:AssumeRole\"}]}",
                            "create_date": "2018-06-08T20:15:06Z",
                            "force_detach_policies": "false",
                            "id": "JobPopulateCarScheduleRole",
                            "max_session_duration": "3600",
                            "name": "JobPopulateCarScheduleRole",
                            "path": "/",
                            "unique_id": "AROAJ34CTOB2SJ6TL4XSK"
                        },
                        "meta": {},
                        "tainted": false
                    },
                    "deposed": [],
                    "provider": "provider.aws"
                },
                "aws_iam_role_policy_attachment.Attach_Logging_Role": {
                    "type": "aws_iam_role_policy_attachment",
                    "depends_on": [
                        "aws_iam_policy.lambda_logging_policy",
                        "aws_iam_role.role"
                    ],
                    "primary": {
                        "id": "JobPopulateCarScheduleRole-20180608201507047900000001",
                        "attributes": {
                            "id": "JobPopulateCarScheduleRole-20180608201507047900000001",
                            "policy_arn": "arn:aws:iam::722431446741:policy/logging_policy_for_JobPopulateCarScheduleRole",
                            "role": "JobPopulateCarScheduleRole"
                        },
                        "meta": {},
                        "tainted": false
                    },
                    "deposed": [],
                    "provider": "provider.aws"
                },
                "aws_iam_role_policy_attachment.Attach_VPC_Policy": {
                    "type": "aws_iam_role_policy_attachment",
                    "depends_on": [
                        "aws_iam_role.role"
                    ],
                    "primary": {
                        "id": "JobPopulateCarScheduleRole-20180611142556917600000001",
                        "attributes": {
                            "id": "JobPopulateCarScheduleRole-20180611142556917600000001",
                            "policy_arn": "arn:aws:iam::aws:policy/service-role/AWSLambdaVPCAccessExecutionRole",
                            "role": "JobPopulateCarScheduleRole"
                        },
                        "meta": {},
                        "tainted": false
                    },
                    "deposed": [],
                    "provider": "provider.aws"
                },
                "data.aws_iam_policy_document.lambda_policy": {
                    "type": "aws_iam_policy_document",
                    "depends_on": [],
                    "primary": {
                        "id": "3127519745",
                        "attributes": {
                            "id": "3127519745",
                            "json": "{\n  \"Version\": \"2012-10-17\",\n  \"Statement\": [\n    {\n      \"Sid\": \"\",\n      \"Effect\": \"Allow\",\n      \"Action\": \"sts:AssumeRole\",\n      \"Principal\": {\n        \"Service\": [\n          \"lambda.amazonaws.com\",\n          \"apigateway.amazonaws.com\"\n        ]\n      }\n    }\n  ]\n}",
                            "statement.#": "1",
                            "statement.0.actions.#": "1",
                            "statement.0.actions.2528466339": "sts:AssumeRole",
                            "statement.0.condition.#": "0",
                            "statement.0.effect": "Allow",
                            "statement.0.not_actions.#": "0",
                            "statement.0.not_principals.#": "0",
                            "statement.0.not_resources.#": "0",
                            "statement.0.principals.#": "1",
                            "statement.0.principals.1632598396.identifiers.#": "2",
                            "statement.0.principals.1632598396.identifiers.1175233861": "apigateway.amazonaws.com",
                            "statement.0.principals.1632598396.identifiers.2638019528": "lambda.amazonaws.com",
                            "statement.0.principals.1632598396.type": "Service",
                            "statement.0.resources.#": "0",
                            "statement.0.sid": ""
                        },
                        "meta": {},
                        "tainted": false
                    },
                    "deposed": [],
                    "provider": "provider.aws"
                },
                "data.aws_iam_policy_document.logging_policy_statement": {
                    "type": "aws_iam_policy_document",
                    "depends_on": [],
                    "primary": {
                        "id": "4063422367",
                        "attributes": {
                            "id": "4063422367",
                            "json": "{\n  \"Version\": \"2012-10-17\",\n  \"Statement\": [\n    {\n      \"Sid\": \"\",\n      \"Effect\": \"Allow\",\n      \"Action\": [\n        \"logs:PutLogEvents\",\n        \"logs:CreateLogStream\",\n        \"logs:CreateLogGroup\"\n      ],\n      \"Resource\": \"arn:aws:logs:*:*:*\"\n    }\n  ]\n}",
                            "statement.#": "1",
                            "statement.0.actions.#": "3",
                            "statement.0.actions.2809485102": "logs:CreateLogGroup",
                            "statement.0.actions.3285979848": "logs:CreateLogStream",
                            "statement.0.actions.39743051": "logs:PutLogEvents",
                            "statement.0.condition.#": "0",
                            "statement.0.effect": "Allow",
                            "statement.0.not_actions.#": "0",
                            "statement.0.not_principals.#": "0",
                            "statement.0.not_resources.#": "0",
                            "statement.0.principals.#": "0",
                            "statement.0.resources.#": "1",
                            "statement.0.resources.162423377": "arn:aws:logs:*:*:*",
                            "statement.0.sid": ""
                        },
                        "meta": {},
                        "tainted": false
                    },
                    "deposed": [],
                    "provider": "provider.aws"
                }
            },
            "depends_on": []
        },
        {
            "path": [
                "root",
                "JobPopulateCarScheduleTimer"
            ],
            "outputs": {},
            "resources": {
                "aws_cloudwatch_event_rule.event_rule": {
                    "type": "aws_cloudwatch_event_rule",
                    "depends_on": [
                        "aws_iam_role.Cloudwatch_Event_Invoke_Lambda_Role"
                    ],
                    "primary": {
                        "id": "JobPopulateCarScheduleSchedule_CWEventRule",
                        "attributes": {
                            "arn": "arn:aws:events:us-east-1:722431446741:rule/JobPopulateCarScheduleSchedule_CWEventRule",
                            "description": "Runs everyday at 0100 UTC",
                            "id": "JobPopulateCarScheduleSchedule_CWEventRule",
                            "is_enabled": "true",
                            "name": "JobPopulateCarScheduleSchedule_CWEventRule",
                            "role_arn": "arn:aws:iam::722431446741:role/JobPopulateCarScheduleSchedule_InvokeLambdaRole",
                            "schedule_expression": "cron(0 1 * * ? *)"
                        },
                        "meta": {},
                        "tainted": false
                    },
                    "deposed": [],
                    "provider": "provider.aws"
                },
                "aws_cloudwatch_event_target.stepitup-initialize-connection-target": {
                    "type": "aws_cloudwatch_event_target",
                    "depends_on": [
                        "aws_cloudwatch_event_rule.event_rule"
                    ],
                    "primary": {
                        "id": "JobPopulateCarScheduleSchedule_CWEventRule-terraform-20180611183156349800000001",
                        "attributes": {
                            "arn": "arn:aws:lambda:us-east-1:722431446741:function:JobPopulateCarSchedule",
                            "id": "JobPopulateCarScheduleSchedule_CWEventRule-terraform-20180611183156349800000001",
                            "input": "",
                            "input_path": "",
                            "role_arn": "",
                            "rule": "JobPopulateCarScheduleSchedule_CWEventRule",
                            "target_id": "terraform-20180611183156349800000001"
                        },
                        "meta": {},
                        "tainted": false
                    },
                    "deposed": [],
                    "provider": "provider.aws"
                },
                "aws_iam_role.Cloudwatch_Event_Invoke_Lambda_Role": {
                    "type": "aws_iam_role",
                    "depends_on": [
                        "data.aws_iam_policy_document.cloudwatch_events_assume_role"
                    ],
                    "primary": {
                        "id": "JobPopulateCarScheduleSchedule_InvokeLambdaRole",
                        "attributes": {
                            "arn": "arn:aws:iam::722431446741:role/JobPopulateCarScheduleSchedule_InvokeLambdaRole",
                            "assume_role_policy": "{\"Version\":\"2012-10-17\",\"Statement\":[{\"Sid\":\"\",\"Effect\":\"Allow\",\"Principal\":{\"Service\":\"events.amazonaws.com\"},\"Action\":\"sts:AssumeRole\"}]}",
                            "create_date": "2018-06-11T18:31:39Z",
                            "force_detach_policies": "false",
                            "id": "JobPopulateCarScheduleSchedule_InvokeLambdaRole",
                            "max_session_duration": "3600",
                            "name": "JobPopulateCarScheduleSchedule_InvokeLambdaRole",
                            "path": "/",
                            "unique_id": "AROAJKETMFHE6ZC252GNM"
                        },
                        "meta": {},
                        "tainted": false
                    },
                    "deposed": [],
                    "provider": "provider.aws"
                },
                "aws_lambda_permission.cloudwatch_schedule_invoke_stepitup_initialize": {
                    "type": "aws_lambda_permission",
                    "depends_on": [],
                    "primary": {
                        "id": "cloudwatch_schedule_invoke_JobPopulateCarScheduleSchedule",
                        "attributes": {
                            "action": "lambda:InvokeFunction",
                            "function_name": "arn:aws:lambda:us-east-1:722431446741:function:JobPopulateCarSchedule",
                            "id": "cloudwatch_schedule_invoke_JobPopulateCarScheduleSchedule",
                            "principal": "events.amazonaws.com",
                            "qualifier": "",
                            "statement_id": "cloudwatch_schedule_invoke_JobPopulateCarScheduleSchedule"
                        },
                        "meta": {},
                        "tainted": false
                    },
                    "deposed": [],
                    "provider": "provider.aws"
                },
                "data.aws_iam_policy_document.cloudwatch_events_assume_role": {
                    "type": "aws_iam_policy_document",
                    "depends_on": [],
                    "primary": {
                        "id": "2423734833",
                        "attributes": {
                            "id": "2423734833",
                            "json": "{\n  \"Version\": \"2012-10-17\",\n  \"Statement\": [\n    {\n      \"Sid\": \"\",\n      \"Effect\": \"Allow\",\n      \"Action\": \"sts:AssumeRole\",\n      \"Principal\": {\n        \"Service\": \"events.amazonaws.com\"\n      }\n    }\n  ]\n}",
                            "statement.#": "1",
                            "statement.0.actions.#": "1",
                            "statement.0.actions.2528466339": "sts:AssumeRole",
                            "statement.0.condition.#": "0",
                            "statement.0.effect": "Allow",
                            "statement.0.not_actions.#": "0",
                            "statement.0.not_principals.#": "0",
                            "statement.0.not_resources.#": "0",
                            "statement.0.principals.#": "1",
                            "statement.0.principals.3055794613.identifiers.#": "1",
                            "statement.0.principals.3055794613.identifiers.1159240345": "events.amazonaws.com",
                            "statement.0.principals.3055794613.type": "Service",
                            "statement.0.resources.#": "0",
                            "statement.0.sid": ""
                        },
                        "meta": {},
                        "tainted": false
                    },
                    "deposed": [],
                    "provider": "provider.aws"
                }
            },
            "depends_on": []
        },
        {
            "path": [
                "root",
                "JobPopulateTimeSlotsFunction"
            ],
            "outputs": {
                "arn": {
                    "sensitive": false,
                    "type": "string",
                    "value": "arn:aws:lambda:us-east-1:722431446741:function:JobPopulateTimeSlots"
                },
                "invoke_arn": {
                    "sensitive": false,
                    "type": "string",
                    "value": "arn:aws:apigateway:us-east-1:lambda:path/2015-03-31/functions/arn:aws:lambda:us-east-1:722431446741:function:JobPopulateTimeSlots/invocations"
                }
            },
            "resources": {
                "aws_cloudwatch_log_group.function": {
                    "type": "aws_cloudwatch_log_group",
                    "depends_on": [],
                    "primary": {
                        "id": "/aws/lambda/JobPopulateTimeSlots",
                        "attributes": {
                            "arn": "arn:aws:logs:us-east-1:722431446741:log-group:/aws/lambda/JobPopulateTimeSlots:*",
                            "id": "/aws/lambda/JobPopulateTimeSlots",
                            "kms_key_id": "",
                            "name": "/aws/lambda/JobPopulateTimeSlots",
                            "retention_in_days": "3",
                            "tags.%": "0"
                        },
                        "meta": {},
                        "tainted": false
                    },
                    "deposed": [],
                    "provider": "provider.aws"
                },
                "aws_lambda_function.function": {
                    "type": "aws_lambda_function",
                    "depends_on": [],
                    "primary": {
                        "id": "JobPopulateTimeSlots",
                        "attributes": {
                            "arn": "arn:aws:lambda:us-east-1:722431446741:function:JobPopulateTimeSlots",
                            "dead_letter_config.#": "0",
                            "description": "Runs nightly to populate Time Slots and Car Slots",
                            "environment.#": "1",
                            "environment.0.variables.%": "3",
                            "environment.0.variables.host": "smartexperience.ccpbmhkikhpm.us-east-1.rds.amazonaws.com",
                            "environment.0.variables.password": "akdg9le\u0026e82ldKa",
                            "environment.0.variables.user": "smrt",
                            "function_name": "JobPopulateTimeSlots",
                            "handler": "src/JobPopulateTimeSlots.handler",
                            "id": "JobPopulateTimeSlots",
                            "invoke_arn": "arn:aws:apigateway:us-east-1:lambda:path/2015-03-31/functions/arn:aws:lambda:us-east-1:722431446741:function:JobPopulateTimeSlots/invocations",
                            "kms_key_arn": "",
                            "last_modified": "2018-06-14T19:22:22.604+0000",
                            "memory_size": "128",
                            "publish": "false",
                            "qualified_arn": "arn:aws:lambda:us-east-1:722431446741:function:JobPopulateTimeSlots:$LATEST",
                            "reserved_concurrent_executions": "0",
                            "role": "arn:aws:iam::722431446741:role/JobPopulateTimeSlotsRole",
                            "runtime": "nodejs8.10",
                            "s3_bucket": "smart-experience-artifact-repo",
                            "s3_key": "lambdas.zip",
                            "source_code_hash": "Eyqt4qc6YS0SMq7V//qDv1mynRm83cCdd3rFonRi6Ys=",
                            "source_code_size": "2291909",
                            "tags.%": "0",
                            "timeout": "300",
                            "tracing_config.#": "1",
                            "tracing_config.0.mode": "PassThrough",
                            "version": "$LATEST",
                            "vpc_config.#": "1",
                            "vpc_config.0.security_group_ids.#": "1",
                            "vpc_config.0.security_group_ids.80328684": "sg-08ee3bfb1aed4c4cd",
                            "vpc_config.0.subnet_ids.#": "2",
                            "vpc_config.0.subnet_ids.3410382966": "subnet-eeb26189",
                            "vpc_config.0.subnet_ids.838633116": "subnet-91a933db",
                            "vpc_config.0.vpc_id": "vpc-f3617188"
                        },
                        "meta": {},
                        "tainted": false
                    },
                    "deposed": [],
                    "provider": "provider.aws"
                }
            },
            "depends_on": []
        },
        {
            "path": [
                "root",
                "JobPopulateTimeSlotsRole"
            ],
            "outputs": {
                "arn": {
                    "sensitive": false,
                    "type": "string",
                    "value": "arn:aws:iam::722431446741:role/JobPopulateTimeSlotsRole"
                },
                "name": {
                    "sensitive": false,
                    "type": "string",
                    "value": "JobPopulateTimeSlotsRole"
                }
            },
            "resources": {
                "aws_iam_policy.lambda_logging_policy": {
                    "type": "aws_iam_policy",
                    "depends_on": [
                        "data.aws_iam_policy_document.logging_policy_statement"
                    ],
                    "primary": {
                        "id": "arn:aws:iam::722431446741:policy/logging_policy_for_JobPopulateTimeSlotsRole",
                        "attributes": {
                            "arn": "arn:aws:iam::722431446741:policy/logging_policy_for_JobPopulateTimeSlotsRole",
                            "description": "Allows AWS Lambda to create and write logs",
                            "id": "arn:aws:iam::722431446741:policy/logging_policy_for_JobPopulateTimeSlotsRole",
                            "name": "logging_policy_for_JobPopulateTimeSlotsRole",
                            "path": "/",
                            "policy": "{\n  \"Version\": \"2012-10-17\",\n  \"Statement\": [\n    {\n      \"Sid\": \"\",\n      \"Effect\": \"Allow\",\n      \"Action\": [\n        \"logs:PutLogEvents\",\n        \"logs:CreateLogStream\",\n        \"logs:CreateLogGroup\"\n      ],\n      \"Resource\": \"arn:aws:logs:*:*:*\"\n    }\n  ]\n}"
                        },
                        "meta": {},
                        "tainted": false
                    },
                    "deposed": [],
                    "provider": "provider.aws"
                },
                "aws_iam_role.role": {
                    "type": "aws_iam_role",
                    "depends_on": [
                        "data.aws_iam_policy_document.lambda_policy"
                    ],
                    "primary": {
                        "id": "JobPopulateTimeSlotsRole",
                        "attributes": {
                            "arn": "arn:aws:iam::722431446741:role/JobPopulateTimeSlotsRole",
                            "assume_role_policy": "{\"Version\":\"2012-10-17\",\"Statement\":[{\"Sid\":\"\",\"Effect\":\"Allow\",\"Principal\":{\"Service\":[\"lambda.amazonaws.com\",\"apigateway.amazonaws.com\"]},\"Action\":\"sts:AssumeRole\"}]}",
                            "create_date": "2018-06-12T19:47:33Z",
                            "force_detach_policies": "false",
                            "id": "JobPopulateTimeSlotsRole",
                            "max_session_duration": "3600",
                            "name": "JobPopulateTimeSlotsRole",
                            "path": "/",
                            "unique_id": "AROAIYWKRQL6CGACI5SNU"
                        },
                        "meta": {},
                        "tainted": false
                    },
                    "deposed": [],
                    "provider": "provider.aws"
                },
                "aws_iam_role_policy_attachment.Attach_Logging_Role": {
                    "type": "aws_iam_role_policy_attachment",
                    "depends_on": [
                        "aws_iam_policy.lambda_logging_policy",
                        "aws_iam_role.role"
                    ],
                    "primary": {
                        "id": "JobPopulateTimeSlotsRole-20180612194734085500000002",
                        "attributes": {
                            "id": "JobPopulateTimeSlotsRole-20180612194734085500000002",
                            "policy_arn": "arn:aws:iam::722431446741:policy/logging_policy_for_JobPopulateTimeSlotsRole",
                            "role": "JobPopulateTimeSlotsRole"
                        },
                        "meta": {},
                        "tainted": false
                    },
                    "deposed": [],
                    "provider": "provider.aws"
                },
                "aws_iam_role_policy_attachment.Attach_VPC_Policy": {
                    "type": "aws_iam_role_policy_attachment",
                    "depends_on": [
                        "aws_iam_role.role"
                    ],
                    "primary": {
                        "id": "JobPopulateTimeSlotsRole-20180612194734074200000001",
                        "attributes": {
                            "id": "JobPopulateTimeSlotsRole-20180612194734074200000001",
                            "policy_arn": "arn:aws:iam::aws:policy/service-role/AWSLambdaVPCAccessExecutionRole",
                            "role": "JobPopulateTimeSlotsRole"
                        },
                        "meta": {},
                        "tainted": false
                    },
                    "deposed": [],
                    "provider": "provider.aws"
                },
                "data.aws_iam_policy_document.lambda_policy": {
                    "type": "aws_iam_policy_document",
                    "depends_on": [],
                    "primary": {
                        "id": "3127519745",
                        "attributes": {
                            "id": "3127519745",
                            "json": "{\n  \"Version\": \"2012-10-17\",\n  \"Statement\": [\n    {\n      \"Sid\": \"\",\n      \"Effect\": \"Allow\",\n      \"Action\": \"sts:AssumeRole\",\n      \"Principal\": {\n        \"Service\": [\n          \"lambda.amazonaws.com\",\n          \"apigateway.amazonaws.com\"\n        ]\n      }\n    }\n  ]\n}",
                            "statement.#": "1",
                            "statement.0.actions.#": "1",
                            "statement.0.actions.2528466339": "sts:AssumeRole",
                            "statement.0.condition.#": "0",
                            "statement.0.effect": "Allow",
                            "statement.0.not_actions.#": "0",
                            "statement.0.not_principals.#": "0",
                            "statement.0.not_resources.#": "0",
                            "statement.0.principals.#": "1",
                            "statement.0.principals.1632598396.identifiers.#": "2",
                            "statement.0.principals.1632598396.identifiers.1175233861": "apigateway.amazonaws.com",
                            "statement.0.principals.1632598396.identifiers.2638019528": "lambda.amazonaws.com",
                            "statement.0.principals.1632598396.type": "Service",
                            "statement.0.resources.#": "0",
                            "statement.0.sid": ""
                        },
                        "meta": {},
                        "tainted": false
                    },
                    "deposed": [],
                    "provider": "provider.aws"
                },
                "data.aws_iam_policy_document.logging_policy_statement": {
                    "type": "aws_iam_policy_document",
                    "depends_on": [],
                    "primary": {
                        "id": "4063422367",
                        "attributes": {
                            "id": "4063422367",
                            "json": "{\n  \"Version\": \"2012-10-17\",\n  \"Statement\": [\n    {\n      \"Sid\": \"\",\n      \"Effect\": \"Allow\",\n      \"Action\": [\n        \"logs:PutLogEvents\",\n        \"logs:CreateLogStream\",\n        \"logs:CreateLogGroup\"\n      ],\n      \"Resource\": \"arn:aws:logs:*:*:*\"\n    }\n  ]\n}",
                            "statement.#": "1",
                            "statement.0.actions.#": "3",
                            "statement.0.actions.2809485102": "logs:CreateLogGroup",
                            "statement.0.actions.3285979848": "logs:CreateLogStream",
                            "statement.0.actions.39743051": "logs:PutLogEvents",
                            "statement.0.condition.#": "0",
                            "statement.0.effect": "Allow",
                            "statement.0.not_actions.#": "0",
                            "statement.0.not_principals.#": "0",
                            "statement.0.not_resources.#": "0",
                            "statement.0.principals.#": "0",
                            "statement.0.resources.#": "1",
                            "statement.0.resources.162423377": "arn:aws:logs:*:*:*",
                            "statement.0.sid": ""
                        },
                        "meta": {},
                        "tainted": false
                    },
                    "deposed": [],
                    "provider": "provider.aws"
                }
            },
            "depends_on": []
        },
        {
            "path": [
                "root",
                "JobPopulateTimeSlotsTimer"
            ],
            "outputs": {},
            "resources": {
                "aws_cloudwatch_event_rule.event_rule": {
                    "type": "aws_cloudwatch_event_rule",
                    "depends_on": [
                        "aws_iam_role.Cloudwatch_Event_Invoke_Lambda_Role"
                    ],
                    "primary": {
                        "id": "JobPopulateTimeSlotsSchedule_CWEventRule",
                        "attributes": {
                            "arn": "arn:aws:events:us-east-1:722431446741:rule/JobPopulateTimeSlotsSchedule_CWEventRule",
                            "description": "Runs everyday at 0115 UTC",
                            "id": "JobPopulateTimeSlotsSchedule_CWEventRule",
                            "is_enabled": "true",
                            "name": "JobPopulateTimeSlotsSchedule_CWEventRule",
                            "role_arn": "arn:aws:iam::722431446741:role/JobPopulateTimeSlotsSchedule_InvokeLambdaRole",
                            "schedule_expression": "cron(30 1 * * ? *)"
                        },
                        "meta": {},
                        "tainted": false
                    },
                    "deposed": [],
                    "provider": "provider.aws"
                },
                "aws_cloudwatch_event_target.stepitup-initialize-connection-target": {
                    "type": "aws_cloudwatch_event_target",
                    "depends_on": [
                        "aws_cloudwatch_event_rule.event_rule"
                    ],
                    "primary": {
                        "id": "JobPopulateTimeSlotsSchedule_CWEventRule-terraform-20180613180045169400000001",
                        "attributes": {
                            "arn": "arn:aws:lambda:us-east-1:722431446741:function:JobPopulateTimeSlots",
                            "id": "JobPopulateTimeSlotsSchedule_CWEventRule-terraform-20180613180045169400000001",
                            "input": "",
                            "input_path": "",
                            "role_arn": "",
                            "rule": "JobPopulateTimeSlotsSchedule_CWEventRule",
                            "target_id": "terraform-20180613180045169400000001"
                        },
                        "meta": {},
                        "tainted": false
                    },
                    "deposed": [],
                    "provider": "provider.aws"
                },
                "aws_iam_role.Cloudwatch_Event_Invoke_Lambda_Role": {
                    "type": "aws_iam_role",
                    "depends_on": [
                        "data.aws_iam_policy_document.cloudwatch_events_assume_role"
                    ],
                    "primary": {
                        "id": "JobPopulateTimeSlotsSchedule_InvokeLambdaRole",
                        "attributes": {
                            "arn": "arn:aws:iam::722431446741:role/JobPopulateTimeSlotsSchedule_InvokeLambdaRole",
                            "assume_role_policy": "{\"Version\":\"2012-10-17\",\"Statement\":[{\"Sid\":\"\",\"Effect\":\"Allow\",\"Principal\":{\"Service\":\"events.amazonaws.com\"},\"Action\":\"sts:AssumeRole\"}]}",
                            "create_date": "2018-06-13T18:00:35Z",
                            "force_detach_policies": "false",
                            "id": "JobPopulateTimeSlotsSchedule_InvokeLambdaRole",
                            "max_session_duration": "3600",
                            "name": "JobPopulateTimeSlotsSchedule_InvokeLambdaRole",
                            "path": "/",
                            "unique_id": "AROAI4Q5LSS2EO6QKWMI6"
                        },
                        "meta": {},
                        "tainted": false
                    },
                    "deposed": [],
                    "provider": "provider.aws"
                },
                "aws_lambda_permission.cloudwatch_schedule_invoke_stepitup_initialize": {
                    "type": "aws_lambda_permission",
                    "depends_on": [],
                    "primary": {
                        "id": "cloudwatch_schedule_invoke_JobPopulateTimeSlotsSchedule",
                        "attributes": {
                            "action": "lambda:InvokeFunction",
                            "function_name": "arn:aws:lambda:us-east-1:722431446741:function:JobPopulateTimeSlots",
                            "id": "cloudwatch_schedule_invoke_JobPopulateTimeSlotsSchedule",
                            "principal": "events.amazonaws.com",
                            "qualifier": "",
                            "statement_id": "cloudwatch_schedule_invoke_JobPopulateTimeSlotsSchedule"
                        },
                        "meta": {},
                        "tainted": false
                    },
                    "deposed": [],
                    "provider": "provider.aws"
                },
                "data.aws_iam_policy_document.cloudwatch_events_assume_role": {
                    "type": "aws_iam_policy_document",
                    "depends_on": [],
                    "primary": {
                        "id": "2423734833",
                        "attributes": {
                            "id": "2423734833",
                            "json": "{\n  \"Version\": \"2012-10-17\",\n  \"Statement\": [\n    {\n      \"Sid\": \"\",\n      \"Effect\": \"Allow\",\n      \"Action\": \"sts:AssumeRole\",\n      \"Principal\": {\n        \"Service\": \"events.amazonaws.com\"\n      }\n    }\n  ]\n}",
                            "statement.#": "1",
                            "statement.0.actions.#": "1",
                            "statement.0.actions.2528466339": "sts:AssumeRole",
                            "statement.0.condition.#": "0",
                            "statement.0.effect": "Allow",
                            "statement.0.not_actions.#": "0",
                            "statement.0.not_principals.#": "0",
                            "statement.0.not_resources.#": "0",
                            "statement.0.principals.#": "1",
                            "statement.0.principals.3055794613.identifiers.#": "1",
                            "statement.0.principals.3055794613.identifiers.1159240345": "events.amazonaws.com",
                            "statement.0.principals.3055794613.type": "Service",
                            "statement.0.resources.#": "0",
                            "statement.0.sid": ""
                        },
                        "meta": {},
                        "tainted": false
                    },
                    "deposed": [],
                    "provider": "provider.aws"
                }
            },
            "depends_on": []
        },
        {
            "path": [
                "root",
                "api_get_cars"
            ],
            "outputs": {},
            "resources": {
                "aws_api_gateway_integration.integration": {
                    "type": "aws_api_gateway_integration",
                    "depends_on": [
                        "aws_api_gateway_method.cors_method",
                        "aws_api_gateway_resource.cors_resource"
                    ],
                    "primary": {
                        "id": "agi-vvhypuddv8-uqi4zw-GET",
                        "attributes": {
                            "cache_key_parameters.#": "0",
                            "cache_namespace": "uqi4zw",
                            "connection_id": "",
                            "connection_type": "INTERNET",
                            "http_method": "GET",
                            "id": "agi-vvhypuddv8-uqi4zw-GET",
                            "integration_http_method": "POST",
                            "passthrough_behavior": "WHEN_NO_MATCH",
                            "request_parameters.%": "0",
                            "request_templates.%": "0",
                            "resource_id": "uqi4zw",
                            "rest_api_id": "vvhypuddv8",
                            "type": "AWS_PROXY",
                            "uri": "arn:aws:apigateway:us-east-1:lambda:path/2015-03-31/functions/arn:aws:lambda:us-east-1:722431446741:function:ApiGetCars/invocations"
                        },
                        "meta": {},
                        "tainted": false
                    },
                    "deposed": [],
                    "provider": "provider.aws"
                },
                "aws_api_gateway_integration.options_integration": {
                    "type": "aws_api_gateway_integration",
                    "depends_on": [
                        "aws_api_gateway_method.options_method",
                        "aws_api_gateway_resource.cors_resource"
                    ],
                    "primary": {
                        "id": "agi-vvhypuddv8-uqi4zw-OPTIONS",
                        "attributes": {
                            "cache_key_parameters.#": "0",
                            "cache_namespace": "uqi4zw",
                            "connection_id": "",
                            "connection_type": "INTERNET",
                            "http_method": "OPTIONS",
                            "id": "agi-vvhypuddv8-uqi4zw-OPTIONS",
                            "passthrough_behavior": "WHEN_NO_MATCH",
                            "request_parameters.%": "0",
                            "request_templates.%": "1",
                            "request_templates.application/json": "{'statusCode': 200}",
                            "resource_id": "uqi4zw",
                            "rest_api_id": "vvhypuddv8",
                            "type": "MOCK"
                        },
                        "meta": {},
                        "tainted": false
                    },
                    "deposed": [],
                    "provider": "provider.aws"
                },
                "aws_api_gateway_integration_response.options_integration_response": {
                    "type": "aws_api_gateway_integration_response",
                    "depends_on": [
                        "aws_api_gateway_method.options_method",
                        "aws_api_gateway_method_response.options_200",
                        "aws_api_gateway_resource.cors_resource"
                    ],
                    "primary": {
                        "id": "agir-vvhypuddv8-uqi4zw-OPTIONS-200",
                        "attributes": {
                            "http_method": "OPTIONS",
                            "id": "agir-vvhypuddv8-uqi4zw-OPTIONS-200",
                            "resource_id": "uqi4zw",
                            "response_parameters.%": "3",
                            "response_parameters.method.response.header.Access-Control-Allow-Headers": "'Content-Type,X-Amz-Date,Authorization,X-Api-Key,X-Amz-Security-Token'",
                            "response_parameters.method.response.header.Access-Control-Allow-Methods": "'OPTIONS,GET'",
                            "response_parameters.method.response.header.Access-Control-Allow-Origin": "'*'",
                            "response_templates.%": "1",
                            "response_templates.application/json": "",
                            "rest_api_id": "vvhypuddv8",
                            "selection_pattern": "",
                            "status_code": "200"
                        },
                        "meta": {},
                        "tainted": false
                    },
                    "deposed": [],
                    "provider": "provider.aws"
                },
                "aws_api_gateway_method.cors_method": {
                    "type": "aws_api_gateway_method",
                    "depends_on": [
                        "aws_api_gateway_resource.cors_resource"
                    ],
                    "primary": {
                        "id": "agm-vvhypuddv8-uqi4zw-GET",
                        "attributes": {
                            "api_key_required": "true",
                            "authorization": "NONE",
                            "authorization_scopes.#": "0",
                            "authorizer_id": "",
                            "http_method": "GET",
                            "id": "agm-vvhypuddv8-uqi4zw-GET",
                            "request_models.%": "0",
                            "request_parameters.%": "0",
                            "request_validator_id": "",
                            "resource_id": "uqi4zw",
                            "rest_api_id": "vvhypuddv8"
                        },
                        "meta": {},
                        "tainted": false
                    },
                    "deposed": [],
                    "provider": "provider.aws"
                },
                "aws_api_gateway_method.options_method": {
                    "type": "aws_api_gateway_method",
                    "depends_on": [
                        "aws_api_gateway_resource.cors_resource"
                    ],
                    "primary": {
                        "id": "agm-vvhypuddv8-uqi4zw-OPTIONS",
                        "attributes": {
                            "api_key_required": "false",
                            "authorization": "NONE",
                            "authorization_scopes.#": "0",
                            "authorizer_id": "",
                            "http_method": "OPTIONS",
                            "id": "agm-vvhypuddv8-uqi4zw-OPTIONS",
                            "request_models.%": "0",
                            "request_parameters.%": "0",
                            "request_validator_id": "",
                            "resource_id": "uqi4zw",
                            "rest_api_id": "vvhypuddv8"
                        },
                        "meta": {},
                        "tainted": false
                    },
                    "deposed": [],
                    "provider": "provider.aws"
                },
                "aws_api_gateway_method_response.cors_method_response_200": {
                    "type": "aws_api_gateway_method_response",
                    "depends_on": [
                        "aws_api_gateway_method.cors_method",
                        "aws_api_gateway_resource.cors_resource"
                    ],
                    "primary": {
                        "id": "agmr-vvhypuddv8-uqi4zw-GET-200",
                        "attributes": {
                            "http_method": "GET",
                            "id": "agmr-vvhypuddv8-uqi4zw-GET-200",
                            "resource_id": "uqi4zw",
                            "response_models.%": "0",
                            "response_parameters.%": "1",
                            "response_parameters.method.response.header.Access-Control-Allow-Origin": "true",
                            "rest_api_id": "vvhypuddv8",
                            "status_code": "200"
                        },
                        "meta": {},
                        "tainted": false
                    },
                    "deposed": [],
                    "provider": "provider.aws"
                },
                "aws_api_gateway_method_response.options_200": {
                    "type": "aws_api_gateway_method_response",
                    "depends_on": [
                        "aws_api_gateway_method.options_method",
                        "aws_api_gateway_resource.cors_resource"
                    ],
                    "primary": {
                        "id": "agmr-vvhypuddv8-uqi4zw-OPTIONS-200",
                        "attributes": {
                            "http_method": "OPTIONS",
                            "id": "agmr-vvhypuddv8-uqi4zw-OPTIONS-200",
                            "resource_id": "uqi4zw",
                            "response_models.%": "1",
                            "response_models.application/json": "Empty",
                            "response_parameters.%": "3",
                            "response_parameters.method.response.header.Access-Control-Allow-Headers": "true",
                            "response_parameters.method.response.header.Access-Control-Allow-Methods": "true",
                            "response_parameters.method.response.header.Access-Control-Allow-Origin": "true",
                            "rest_api_id": "vvhypuddv8",
                            "status_code": "200"
                        },
                        "meta": {},
                        "tainted": false
                    },
                    "deposed": [],
                    "provider": "provider.aws"
                },
                "aws_api_gateway_resource.cors_resource": {
                    "type": "aws_api_gateway_resource",
                    "depends_on": [],
                    "primary": {
                        "id": "uqi4zw",
                        "attributes": {
                            "id": "uqi4zw",
                            "parent_id": "ib1p6zwcue",
                            "path": "/cars",
                            "path_part": "cars",
                            "rest_api_id": "vvhypuddv8"
                        },
                        "meta": {},
                        "tainted": false
                    },
                    "deposed": [],
                    "provider": "provider.aws"
                },
                "aws_lambda_permission.apigw_lambda": {
                    "type": "aws_lambda_permission",
                    "depends_on": [
                        "aws_api_gateway_method.cors_method",
                        "aws_api_gateway_resource.cors_resource"
                    ],
                    "primary": {
                        "id": "API_Lambda_vvhypuddv8_GET_uqi4zw",
                        "attributes": {
                            "action": "lambda:InvokeFunction",
                            "function_name": "arn:aws:lambda:us-east-1:722431446741:function:ApiGetCars",
                            "id": "API_Lambda_vvhypuddv8_GET_uqi4zw",
                            "principal": "apigateway.amazonaws.com",
                            "qualifier": "",
                            "source_arn": "arn:aws:execute-api:us-east-1:722431446741:vvhypuddv8/*/GET/cars",
                            "statement_id": "API_Lambda_vvhypuddv8_GET_uqi4zw"
                        },
                        "meta": {},
                        "tainted": false
                    },
                    "deposed": [],
                    "provider": "provider.aws"
                }
            },
            "depends_on": []
        },
        {
            "path": [
                "root",
                "api_post_user"
            ],
            "outputs": {},
            "resources": {
                "aws_api_gateway_integration.integration": {
                    "type": "aws_api_gateway_integration",
                    "depends_on": [
                        "aws_api_gateway_method.cors_method",
                        "aws_api_gateway_resource.cors_resource"
                    ],
                    "primary": {
                        "id": "agi-vvhypuddv8-n2cgyh-POST",
                        "attributes": {
                            "cache_key_parameters.#": "0",
                            "cache_namespace": "n2cgyh",
                            "connection_id": "",
                            "connection_type": "INTERNET",
                            "http_method": "POST",
                            "id": "agi-vvhypuddv8-n2cgyh-POST",
                            "integration_http_method": "POST",
                            "passthrough_behavior": "WHEN_NO_MATCH",
                            "request_parameters.%": "0",
                            "request_templates.%": "0",
                            "resource_id": "n2cgyh",
                            "rest_api_id": "vvhypuddv8",
                            "type": "AWS_PROXY",
                            "uri": "arn:aws:apigateway:us-east-1:lambda:path/2015-03-31/functions/arn:aws:lambda:us-east-1:722431446741:function:ApiSaveUser/invocations"
                        },
                        "meta": {},
                        "tainted": false
                    },
                    "deposed": [],
                    "provider": "provider.aws"
                },
                "aws_api_gateway_integration.options_integration": {
                    "type": "aws_api_gateway_integration",
                    "depends_on": [
                        "aws_api_gateway_method.options_method",
                        "aws_api_gateway_resource.cors_resource"
                    ],
                    "primary": {
                        "id": "agi-vvhypuddv8-n2cgyh-OPTIONS",
                        "attributes": {
                            "cache_key_parameters.#": "0",
                            "cache_namespace": "n2cgyh",
                            "connection_id": "",
                            "connection_type": "INTERNET",
                            "http_method": "OPTIONS",
                            "id": "agi-vvhypuddv8-n2cgyh-OPTIONS",
                            "passthrough_behavior": "WHEN_NO_MATCH",
                            "request_parameters.%": "0",
                            "request_templates.%": "1",
                            "request_templates.application/json": "{'statusCode': 200}",
                            "resource_id": "n2cgyh",
                            "rest_api_id": "vvhypuddv8",
                            "type": "MOCK"
                        },
                        "meta": {},
                        "tainted": false
                    },
                    "deposed": [],
                    "provider": "provider.aws"
                },
                "aws_api_gateway_integration_response.options_integration_response": {
                    "type": "aws_api_gateway_integration_response",
                    "depends_on": [
                        "aws_api_gateway_method.options_method",
                        "aws_api_gateway_method_response.options_200",
                        "aws_api_gateway_resource.cors_resource"
                    ],
                    "primary": {
                        "id": "agir-vvhypuddv8-n2cgyh-OPTIONS-200",
                        "attributes": {
                            "http_method": "OPTIONS",
                            "id": "agir-vvhypuddv8-n2cgyh-OPTIONS-200",
                            "resource_id": "n2cgyh",
                            "response_parameters.%": "3",
                            "response_parameters.method.response.header.Access-Control-Allow-Headers": "'Content-Type,X-Amz-Date,Authorization,X-Api-Key,X-Amz-Security-Token'",
                            "response_parameters.method.response.header.Access-Control-Allow-Methods": "'OPTIONS,POST'",
                            "response_parameters.method.response.header.Access-Control-Allow-Origin": "'*'",
                            "response_templates.%": "1",
                            "response_templates.application/json": "",
                            "rest_api_id": "vvhypuddv8",
                            "selection_pattern": "",
                            "status_code": "200"
                        },
                        "meta": {},
                        "tainted": false
                    },
                    "deposed": [],
                    "provider": "provider.aws"
                },
                "aws_api_gateway_method.cors_method": {
                    "type": "aws_api_gateway_method",
                    "depends_on": [
                        "aws_api_gateway_resource.cors_resource"
                    ],
                    "primary": {
                        "id": "agm-vvhypuddv8-n2cgyh-POST",
                        "attributes": {
                            "api_key_required": "true",
                            "authorization": "NONE",
                            "authorization_scopes.#": "0",
                            "authorizer_id": "",
                            "http_method": "POST",
                            "id": "agm-vvhypuddv8-n2cgyh-POST",
                            "request_models.%": "0",
                            "request_parameters.%": "0",
                            "request_validator_id": "",
                            "resource_id": "n2cgyh",
                            "rest_api_id": "vvhypuddv8"
                        },
                        "meta": {},
                        "tainted": false
                    },
                    "deposed": [],
                    "provider": "provider.aws"
                },
                "aws_api_gateway_method.options_method": {
                    "type": "aws_api_gateway_method",
                    "depends_on": [
                        "aws_api_gateway_resource.cors_resource"
                    ],
                    "primary": {
                        "id": "agm-vvhypuddv8-n2cgyh-OPTIONS",
                        "attributes": {
                            "api_key_required": "false",
                            "authorization": "NONE",
                            "authorization_scopes.#": "0",
                            "authorizer_id": "",
                            "http_method": "OPTIONS",
                            "id": "agm-vvhypuddv8-n2cgyh-OPTIONS",
                            "request_models.%": "0",
                            "request_parameters.%": "0",
                            "request_validator_id": "",
                            "resource_id": "n2cgyh",
                            "rest_api_id": "vvhypuddv8"
                        },
                        "meta": {},
                        "tainted": false
                    },
                    "deposed": [],
                    "provider": "provider.aws"
                },
                "aws_api_gateway_method_response.cors_method_response_200": {
                    "type": "aws_api_gateway_method_response",
                    "depends_on": [
                        "aws_api_gateway_method.cors_method",
                        "aws_api_gateway_resource.cors_resource"
                    ],
                    "primary": {
                        "id": "agmr-vvhypuddv8-n2cgyh-POST-200",
                        "attributes": {
                            "http_method": "POST",
                            "id": "agmr-vvhypuddv8-n2cgyh-POST-200",
                            "resource_id": "n2cgyh",
                            "response_models.%": "0",
                            "response_parameters.%": "1",
                            "response_parameters.method.response.header.Access-Control-Allow-Origin": "true",
                            "rest_api_id": "vvhypuddv8",
                            "status_code": "200"
                        },
                        "meta": {},
                        "tainted": false
                    },
                    "deposed": [],
                    "provider": "provider.aws"
                },
                "aws_api_gateway_method_response.options_200": {
                    "type": "aws_api_gateway_method_response",
                    "depends_on": [
                        "aws_api_gateway_method.options_method",
                        "aws_api_gateway_resource.cors_resource"
                    ],
                    "primary": {
                        "id": "agmr-vvhypuddv8-n2cgyh-OPTIONS-200",
                        "attributes": {
                            "http_method": "OPTIONS",
                            "id": "agmr-vvhypuddv8-n2cgyh-OPTIONS-200",
                            "resource_id": "n2cgyh",
                            "response_models.%": "1",
                            "response_models.application/json": "Empty",
                            "response_parameters.%": "3",
                            "response_parameters.method.response.header.Access-Control-Allow-Headers": "true",
                            "response_parameters.method.response.header.Access-Control-Allow-Methods": "true",
                            "response_parameters.method.response.header.Access-Control-Allow-Origin": "true",
                            "rest_api_id": "vvhypuddv8",
                            "status_code": "200"
                        },
                        "meta": {},
                        "tainted": false
                    },
                    "deposed": [],
                    "provider": "provider.aws"
                },
                "aws_api_gateway_resource.cors_resource": {
                    "type": "aws_api_gateway_resource",
                    "depends_on": [],
                    "primary": {
                        "id": "n2cgyh",
                        "attributes": {
                            "id": "n2cgyh",
                            "parent_id": "ib1p6zwcue",
                            "path": "/user",
                            "path_part": "user",
                            "rest_api_id": "vvhypuddv8"
                        },
                        "meta": {},
                        "tainted": false
                    },
                    "deposed": [],
                    "provider": "provider.aws"
                },
                "aws_lambda_permission.apigw_lambda": {
                    "type": "aws_lambda_permission",
                    "depends_on": [
                        "aws_api_gateway_method.cors_method",
                        "aws_api_gateway_resource.cors_resource"
                    ],
                    "primary": {
                        "id": "API_Lambda_vvhypuddv8_POST_n2cgyh",
                        "attributes": {
                            "action": "lambda:InvokeFunction",
                            "function_name": "arn:aws:lambda:us-east-1:722431446741:function:ApiSaveUser",
                            "id": "API_Lambda_vvhypuddv8_POST_n2cgyh",
                            "principal": "apigateway.amazonaws.com",
                            "qualifier": "",
                            "source_arn": "arn:aws:execute-api:us-east-1:722431446741:vvhypuddv8/*/POST/user",
                            "statement_id": "API_Lambda_vvhypuddv8_POST_n2cgyh"
                        },
                        "meta": {},
                        "tainted": false
                    },
                    "deposed": [],
                    "provider": "provider.aws"
                }
            },
            "depends_on": []
        }
    ]
}
