{
    "version": 3,
    "terraform_version": "0.11.8",
    "serial": 70,
    "lineage": "5518de2d-fcd0-0cf1-a2b7-8b9d3e0fc46e",
    "modules": [
        {
            "path": [
                "root"
            ],
            "outputs": {},
            "resources": {
                "aws_acm_certificate.cert1": {
                    "type": "aws_acm_certificate",
                    "depends_on": [],
                    "primary": {
                        "id": "arn:aws:acm:us-east-1:722431446741:certificate/e170ea7f-58db-4726-b03d-26d706ec892b",
                        "attributes": {
                            "arn": "arn:aws:acm:us-east-1:722431446741:certificate/e170ea7f-58db-4726-b03d-26d706ec892b",
                            "domain_name": "devdrivesmartcbus.com",
                            "domain_validation_options.#": "2",
                            "domain_validation_options.0.domain_name": "devdrivesmartcbus.com",
                            "domain_validation_options.0.resource_record_name": "_892441fe4e60d0d11baacf0fa9f58379.devdrivesmartcbus.com.",
                            "domain_validation_options.0.resource_record_type": "CNAME",
                            "domain_validation_options.0.resource_record_value": "_f6c918c68a6edfa30efb87df869dd7a7.tljzshvwok.acm-validations.aws.",
                            "domain_validation_options.1.domain_name": "api.devdrivesmartcbus.com",
                            "domain_validation_options.1.resource_record_name": "_f3aafec8a40eb6d67ca8a3f739f41b0e.api.devdrivesmartcbus.com.",
                            "domain_validation_options.1.resource_record_type": "CNAME",
                            "domain_validation_options.1.resource_record_value": "_dab97b3bee7f884ab6cdbc8157ae178e.tljzshvwok.acm-validations.aws.",
                            "id": "arn:aws:acm:us-east-1:722431446741:certificate/e170ea7f-58db-4726-b03d-26d706ec892b",
                            "subject_alternative_names.#": "1",
                            "subject_alternative_names.0": "api.devdrivesmartcbus.com",
                            "tags.%": "0",
                            "validation_emails.#": "0",
                            "validation_method": "DNS"
                        },
                        "meta": {},
                        "tainted": false
                    },
                    "deposed": [],
                    "provider": "provider.aws.east1"
                },
                "aws_api_gateway_api_key.Smart_Experience_Key": {
                    "type": "aws_api_gateway_api_key",
                    "depends_on": [
                        "aws_api_gateway_deployment.event_stage",
                        "aws_api_gateway_rest_api.SmartExperienceApi"
                    ],
                    "primary": {
                        "id": "7fns0ag144",
                        "attributes": {
                            "created_date": "2018-09-25T00:53:44Z",
                            "description": "Managed by Terraform",
                            "enabled": "true",
                            "id": "7fns0ag144",
                            "last_updated_date": "2018-09-25T00:53:44Z",
                            "name": "Smart_Experience_Key",
                            "stage_key.#": "1",
                            "stage_key.4094826132.rest_api_id": "jt6xcxywmd",
                            "stage_key.4094826132.stage_name": "test",
                            "value": "55UpoilmbN5SelQJbVuzG3m0EujXqWyb9AmcjEB8"
                        },
                        "meta": {},
                        "tainted": false
                    },
                    "deposed": [],
                    "provider": "provider.aws"
                },
                "aws_api_gateway_authorizer.SmartExperience": {
                    "type": "aws_api_gateway_authorizer",
                    "depends_on": [
                        "aws_api_gateway_rest_api.SmartExperienceApi",
                        "aws_cognito_user_pool.smart_experience"
                    ],
                    "primary": {
                        "id": "vuca6b",
                        "attributes": {
                            "authorizer_credentials": "",
                            "authorizer_result_ttl_in_seconds": "0",
                            "authorizer_uri": "",
                            "id": "vuca6b",
                            "identity_source": "method.request.header.Authorization",
                            "identity_validation_expression": "",
                            "name": "SmartExperienceAuthorizer",
                            "provider_arns.#": "1",
                            "provider_arns.1502950172": "arn:aws:cognito-idp:us-west-2:722431446741:userpool/us-west-2_qXeopbVVA",
                            "rest_api_id": "jt6xcxywmd",
                            "type": "COGNITO_USER_POOLS"
                        },
                        "meta": {},
                        "tainted": false
                    },
                    "deposed": [],
                    "provider": "provider.aws"
                },
                "aws_api_gateway_base_path_mapping.test": {
                    "type": "aws_api_gateway_base_path_mapping",
                    "depends_on": [
                        "aws_api_gateway_deployment.event_stage",
                        "aws_api_gateway_domain_name.DriveSmartCBusApiDomain",
                        "aws_api_gateway_rest_api.SmartExperienceApi"
                    ],
                    "primary": {
                        "id": "api.devdrivesmartcbus.com/",
                        "attributes": {
                            "api_id": "jt6xcxywmd",
                            "base_path": "",
                            "domain_name": "api.devdrivesmartcbus.com",
                            "id": "api.devdrivesmartcbus.com/",
                            "stage_name": "test"
                        },
                        "meta": {},
                        "tainted": false
                    },
                    "deposed": [],
                    "provider": "provider.aws"
                },
                "aws_api_gateway_deployment.event_stage": {
                    "type": "aws_api_gateway_deployment",
                    "depends_on": [
                        "aws_api_gateway_rest_api.SmartExperienceApi"
                    ],
                    "primary": {
                        "id": "fg51jk",
                        "attributes": {
                            "created_date": "2018-09-25T00:53:42Z",
                            "description": "",
                            "execution_arn": "arn:aws:execute-api:us-west-2:722431446741:jt6xcxywmd/test",
                            "id": "fg51jk",
                            "invoke_url": "https://jt6xcxywmd.execute-api.us-west-2.amazonaws.com/test",
                            "rest_api_id": "jt6xcxywmd",
                            "stage_name": "test"
                        },
                        "meta": {},
                        "tainted": false
                    },
                    "deposed": [],
                    "provider": "provider.aws"
                },
                "aws_api_gateway_domain_name.DriveSmartCBusApiDomain": {
                    "type": "aws_api_gateway_domain_name",
                    "depends_on": [
                        "aws_acm_certificate.cert1"
                    ],
                    "primary": {
                        "id": "api.devdrivesmartcbus.com",
                        "attributes": {
                            "certificate_arn": "arn:aws:acm:us-east-1:722431446741:certificate/e170ea7f-58db-4726-b03d-26d706ec892b",
                            "certificate_name": "",
                            "certificate_upload_date": "2018-09-26T12:32:45Z",
                            "cloudfront_domain_name": "d3ttp3yryqszr9.cloudfront.net",
                            "cloudfront_zone_id": "Z2FDTNDATAQYW2",
                            "domain_name": "api.devdrivesmartcbus.com",
                            "endpoint_configuration.#": "1",
                            "endpoint_configuration.0.types.#": "1",
                            "endpoint_configuration.0.types.0": "EDGE",
                            "id": "api.devdrivesmartcbus.com",
                            "regional_certificate_arn": "",
                            "regional_certificate_name": "",
                            "regional_domain_name": "",
                            "regional_zone_id": ""
                        },
                        "meta": {},
                        "tainted": false
                    },
                    "deposed": [],
                    "provider": "provider.aws"
                },
                "aws_api_gateway_resource.admin_resource": {
                    "type": "aws_api_gateway_resource",
                    "depends_on": [
                        "aws_api_gateway_rest_api.SmartExperienceApi"
                    ],
                    "primary": {
                        "id": "cd1p8n",
                        "attributes": {
                            "id": "cd1p8n",
                            "parent_id": "boik860gc2",
                            "path": "/admin",
                            "path_part": "admin",
                            "rest_api_id": "jt6xcxywmd"
                        },
                        "meta": {},
                        "tainted": false
                    },
                    "deposed": [],
                    "provider": "provider.aws"
                },
                "aws_api_gateway_rest_api.SmartExperienceApi": {
                    "type": "aws_api_gateway_rest_api",
                    "depends_on": [],
                    "primary": {
                        "id": "jt6xcxywmd",
                        "attributes": {
                            "api_key_source": "HEADER",
                            "binary_media_types.#": "0",
                            "created_date": "2018-09-24T15:32:05Z",
                            "description": "Smart Experience API for test drive registration and survey",
                            "endpoint_configuration.#": "1",
                            "endpoint_configuration.0.types.#": "1",
                            "endpoint_configuration.0.types.0": "EDGE",
                            "execution_arn": "arn:aws:execute-api:us-west-2:722431446741:jt6xcxywmd",
                            "id": "jt6xcxywmd",
                            "minimum_compression_size": "-1",
                            "name": "SmartExperience",
                            "policy": "",
                            "root_resource_id": "boik860gc2"
                        },
                        "meta": {},
                        "tainted": false
                    },
                    "deposed": [],
                    "provider": "provider.aws"
                },
                "aws_api_gateway_usage_plan.DefaultUseagePlan": {
                    "type": "aws_api_gateway_usage_plan",
                    "depends_on": [
                        "aws_api_gateway_deployment.event_stage",
                        "aws_api_gateway_rest_api.SmartExperienceApi"
                    ],
                    "primary": {
                        "id": "jlgvba",
                        "attributes": {
                            "api_stages.#": "1",
                            "api_stages.0.api_id": "jt6xcxywmd",
                            "api_stages.0.stage": "test",
                            "description": "default description",
                            "id": "jlgvba",
                            "name": "default-usage-plan",
                            "product_code": "SMARTEXPERIENCE"
                        },
                        "meta": {},
                        "tainted": false
                    },
                    "deposed": [],
                    "provider": "provider.aws"
                },
                "aws_api_gateway_usage_plan_key.main": {
                    "type": "aws_api_gateway_usage_plan_key",
                    "depends_on": [
                        "aws_api_gateway_api_key.Smart_Experience_Key",
                        "aws_api_gateway_usage_plan.DefaultUseagePlan"
                    ],
                    "primary": {
                        "id": "7fns0ag144",
                        "attributes": {
                            "id": "7fns0ag144",
                            "key_id": "7fns0ag144",
                            "key_type": "API_KEY",
                            "name": "Smart_Experience_Key",
                            "usage_plan_id": "jlgvba",
                            "value": ""
                        },
                        "meta": {},
                        "tainted": false
                    },
                    "deposed": [],
                    "provider": "provider.aws"
                },
                "aws_cloudfront_distribution.website": {
                    "type": "aws_cloudfront_distribution",
                    "depends_on": [
                        "aws_acm_certificate.cert1",
                        "aws_cloudfront_origin_access_identity.origin_access_identity",
                        "aws_s3_bucket.smart_experience_web"
                    ],
                    "primary": {
                        "id": "E17397GULSA4IJ",
                        "attributes": {
                            "active_trusted_signers.%": "2",
                            "active_trusted_signers.enabled": "false",
                            "active_trusted_signers.items.#": "0",
                            "aliases.#": "1",
                            "aliases.1189201591": "devdrivesmartcbus.com",
                            "arn": "arn:aws:cloudfront::722431446741:distribution/E17397GULSA4IJ",
                            "caller_reference": "2018-09-26T08:38:00.240493-04:00",
                            "custom_error_response.#": "2",
                            "custom_error_response.2002342064.error_caching_min_ttl": "5",
                            "custom_error_response.2002342064.error_code": "403",
                            "custom_error_response.2002342064.response_code": "200",
                            "custom_error_response.2002342064.response_page_path": "/index.html",
                            "custom_error_response.2518545955.error_caching_min_ttl": "5",
                            "custom_error_response.2518545955.error_code": "404",
                            "custom_error_response.2518545955.response_code": "200",
                            "custom_error_response.2518545955.response_page_path": "/index.html",
                            "default_cache_behavior.#": "1",
                            "default_cache_behavior.753092790.allowed_methods.#": "2",
                            "default_cache_behavior.753092790.allowed_methods.0": "HEAD",
                            "default_cache_behavior.753092790.allowed_methods.1": "GET",
                            "default_cache_behavior.753092790.cached_methods.#": "2",
                            "default_cache_behavior.753092790.cached_methods.0": "HEAD",
                            "default_cache_behavior.753092790.cached_methods.1": "GET",
                            "default_cache_behavior.753092790.compress": "false",
                            "default_cache_behavior.753092790.default_ttl": "60",
                            "default_cache_behavior.753092790.field_level_encryption_id": "",
                            "default_cache_behavior.753092790.forwarded_values.#": "1",
                            "default_cache_behavior.753092790.forwarded_values.2759845635.cookies.#": "1",
                            "default_cache_behavior.753092790.forwarded_values.2759845635.cookies.2625240281.forward": "none",
                            "default_cache_behavior.753092790.forwarded_values.2759845635.cookies.2625240281.whitelisted_names.#": "0",
                            "default_cache_behavior.753092790.forwarded_values.2759845635.headers.#": "0",
                            "default_cache_behavior.753092790.forwarded_values.2759845635.query_string": "false",
                            "default_cache_behavior.753092790.forwarded_values.2759845635.query_string_cache_keys.#": "0",
                            "default_cache_behavior.753092790.lambda_function_association.#": "0",
                            "default_cache_behavior.753092790.max_ttl": "60",
                            "default_cache_behavior.753092790.min_ttl": "0",
                            "default_cache_behavior.753092790.smooth_streaming": "false",
                            "default_cache_behavior.753092790.target_origin_id": "s3-smart-experience-web",
                            "default_cache_behavior.753092790.trusted_signers.#": "0",
                            "default_cache_behavior.753092790.viewer_protocol_policy": "redirect-to-https",
                            "default_root_object": "index.html",
                            "domain_name": "dj9td8ulsiwur.cloudfront.net",
                            "enabled": "true",
                            "etag": "EK7SKC8YIRY3O",
                            "hosted_zone_id": "Z2FDTNDATAQYW2",
                            "http_version": "http2",
                            "id": "E17397GULSA4IJ",
                            "in_progress_validation_batches": "0",
                            "is_ipv6_enabled": "true",
                            "last_modified_time": "2018-09-26 12:38:00.933 +0000 UTC",
                            "logging_config.#": "0",
                            "ordered_cache_behavior.#": "0",
                            "origin.#": "1",
                            "origin.2960243141.custom_header.#": "0",
                            "origin.2960243141.custom_origin_config.#": "0",
                            "origin.2960243141.domain_name": "dev-smart-experience-web.s3.amazonaws.com",
                            "origin.2960243141.origin_id": "s3-smart-experience-web",
                            "origin.2960243141.origin_path": "",
                            "origin.2960243141.s3_origin_config.#": "1",
                            "origin.2960243141.s3_origin_config.3469381814.origin_access_identity": "origin-access-identity/cloudfront/E2A9WRBO0RLNEV",
                            "price_class": "PriceClass_100",
                            "restrictions.#": "1",
                            "restrictions.3175625323.geo_restriction.#": "1",
                            "restrictions.3175625323.geo_restriction.3498714084.locations.#": "1",
                            "restrictions.3175625323.geo_restriction.3498714084.locations.0": "US",
                            "restrictions.3175625323.geo_restriction.3498714084.restriction_type": "whitelist",
                            "retain_on_delete": "false",
                            "status": "Deployed",
                            "tags.%": "0",
                            "viewer_certificate.#": "1",
                            "viewer_certificate.1475522163.acm_certificate_arn": "arn:aws:acm:us-east-1:722431446741:certificate/e170ea7f-58db-4726-b03d-26d706ec892b",
                            "viewer_certificate.1475522163.cloudfront_default_certificate": "false",
                            "viewer_certificate.1475522163.iam_certificate_id": "",
                            "viewer_certificate.1475522163.minimum_protocol_version": "TLSv1",
                            "viewer_certificate.1475522163.ssl_support_method": "sni-only",
                            "web_acl_id": ""
                        },
                        "meta": {},
                        "tainted": false
                    },
                    "deposed": [],
                    "provider": "provider.aws"
                },
                "aws_cloudfront_origin_access_identity.origin_access_identity": {
                    "type": "aws_cloudfront_origin_access_identity",
                    "depends_on": [],
                    "primary": {
                        "id": "E2A9WRBO0RLNEV",
                        "attributes": {
                            "caller_reference": "2018-09-24T11:32:08.511333-04:00",
                            "cloudfront_access_identity_path": "origin-access-identity/cloudfront/E2A9WRBO0RLNEV",
                            "comment": "Cloudfront Web Access Identity",
                            "etag": "E37IQM3Z9CDXT8",
                            "iam_arn": "arn:aws:iam::cloudfront:user/CloudFront Origin Access Identity E2A9WRBO0RLNEV",
                            "id": "E2A9WRBO0RLNEV",
                            "s3_canonical_user_id": "a8c4a798111299cdb90c51d4e07717e0795094ec1a15c7325a02c8d3f3e315f49e55a79a7eebc109894dcd96f13bb38b"
                        },
                        "meta": {},
                        "tainted": false
                    },
                    "deposed": [],
                    "provider": "provider.aws"
                },
                "aws_cognito_user_pool.smart_experience": {
                    "type": "aws_cognito_user_pool",
                    "depends_on": [],
                    "primary": {
                        "id": "us-west-2_qXeopbVVA",
                        "attributes": {
                            "admin_create_user_config.#": "1",
                            "admin_create_user_config.0.allow_admin_create_user_only": "true",
                            "admin_create_user_config.0.invite_message_template.#": "0",
                            "admin_create_user_config.0.unused_account_validity_days": "7",
                            "arn": "arn:aws:cognito-idp:us-west-2:722431446741:userpool/us-west-2_qXeopbVVA",
                            "auto_verified_attributes.#": "0",
                            "creation_date": "2018-09-24T15:32:06Z",
                            "device_configuration.#": "0",
                            "email_configuration.#": "0",
                            "endpoint": "cognito-idp.us-west-2.amazonaws.com/us-west-2_qXeopbVVA",
                            "id": "us-west-2_qXeopbVVA",
                            "lambda_config.#": "0",
                            "last_modified_date": "2018-09-24T15:32:06Z",
                            "mfa_configuration": "OFF",
                            "name": "dev_smartexperience",
                            "password_policy.#": "1",
                            "password_policy.0.minimum_length": "8",
                            "password_policy.0.require_lowercase": "true",
                            "password_policy.0.require_numbers": "true",
                            "password_policy.0.require_symbols": "true",
                            "password_policy.0.require_uppercase": "true",
                            "schema.#": "0",
                            "sms_configuration.#": "0",
                            "tags.%": "0",
                            "verification_message_template.#": "1",
                            "verification_message_template.0.default_email_option": "CONFIRM_WITH_CODE",
                            "verification_message_template.0.email_message": "",
                            "verification_message_template.0.email_message_by_link": "",
                            "verification_message_template.0.email_subject": "",
                            "verification_message_template.0.email_subject_by_link": "",
                            "verification_message_template.0.sms_message": ""
                        },
                        "meta": {},
                        "tainted": false
                    },
                    "deposed": [],
                    "provider": "provider.aws"
                },
                "aws_cognito_user_pool_client.smart_experience": {
                    "type": "aws_cognito_user_pool_client",
                    "depends_on": [
                        "aws_cognito_user_pool.smart_experience"
                    ],
                    "primary": {
                        "id": "1v9ssm6d52n755al51pf4ru8mk",
                        "attributes": {
                            "allowed_oauth_flows.#": "1",
                            "allowed_oauth_flows.2645166319": "code",
                            "allowed_oauth_flows_user_pool_client": "false",
                            "allowed_oauth_scopes.#": "3",
                            "allowed_oauth_scopes.2517049750": "openid",
                            "allowed_oauth_scopes.4080487570": "profile",
                            "allowed_oauth_scopes.881205744": "email",
                            "callback_urls.#": "2",
                            "callback_urls.0": "https://dev-drivesmartcbus.com/admin/login",
                            "callback_urls.1": "https://dev-drivesmartcbus.com/admin/logout",
                            "client_secret": "",
                            "default_redirect_uri": "",
                            "explicit_auth_flows.#": "0",
                            "id": "1v9ssm6d52n755al51pf4ru8mk",
                            "logout_urls.#": "1",
                            "logout_urls.0": "https://dev-drivesmartcbus.com/admin/logout",
                            "name": "webapp",
                            "read_attributes.#": "0",
                            "refresh_token_validity": "30",
                            "supported_identity_providers.#": "1",
                            "supported_identity_providers.0": "COGNITO",
                            "user_pool_id": "us-west-2_qXeopbVVA",
                            "write_attributes.#": "0"
                        },
                        "meta": {},
                        "tainted": false
                    },
                    "deposed": [],
                    "provider": "provider.aws"
                },
                "aws_cognito_user_pool_domain.smart_experience": {
                    "type": "aws_cognito_user_pool_domain",
                    "depends_on": [
                        "aws_cognito_user_pool.smart_experience"
                    ],
                    "primary": {
                        "id": "dev-drivesmartcbus",
                        "attributes": {
                            "aws_account_id": "722431446741",
                            "cloudfront_distribution_arn": "dpp0gtxikpq3y.cloudfront.net",
                            "domain": "dev-drivesmartcbus",
                            "id": "dev-drivesmartcbus",
                            "s3_bucket": "aws-cognito-prod-pdx-assets",
                            "user_pool_id": "us-west-2_qXeopbVVA",
                            "version": "20180924153220"
                        },
                        "meta": {},
                        "tainted": false
                    },
                    "deposed": [],
                    "provider": "provider.aws"
                },
                "aws_db_instance.smartexperience_mysql_db": {
                    "type": "aws_db_instance",
                    "depends_on": [
                        "aws_security_group.smartexperience_db_security_group"
                    ],
                    "primary": {
                        "id": "smartexperience",
                        "attributes": {
                            "address": "smartexperience.cynqqjdixddg.us-west-2.rds.amazonaws.com",
                            "allocated_storage": "10",
                            "arn": "arn:aws:rds:us-west-2:722431446741:db:smartexperience",
                            "auto_minor_version_upgrade": "true",
                            "availability_zone": "us-west-2a",
                            "backup_retention_period": "7",
                            "backup_window": "03:00-05:00",
                            "ca_cert_identifier": "rds-ca-2015",
                            "copy_tags_to_snapshot": "false",
                            "db_subnet_group_name": "default",
                            "deletion_protection": "false",
                            "domain": "",
                            "domain_iam_role_name": "",
                            "enabled_cloudwatch_logs_exports.#": "0",
                            "endpoint": "smartexperience.cynqqjdixddg.us-west-2.rds.amazonaws.com:3306",
                            "engine": "mysql",
                            "engine_version": "5.7.21",
                            "hosted_zone_id": "Z1PVIF0B656C1W",
                            "iam_database_authentication_enabled": "false",
                            "id": "smartexperience",
                            "identifier": "smartexperience",
                            "instance_class": "db.t2.micro",
                            "iops": "0",
                            "kms_key_id": "",
                            "license_model": "general-public-license",
                            "maintenance_window": "wed:13:07-wed:13:37",
                            "monitoring_interval": "0",
                            "multi_az": "false",
                            "name": "smart_experience",
                            "option_group_name": "default:mysql-5-7",
                            "parameter_group_name": "default.mysql5.7",
                            "password": "pekd84ldam3kd01",
                            "port": "3306",
                            "publicly_accessible": "false",
                            "replicas.#": "0",
                            "replicate_source_db": "",
                            "resource_id": "db-NAXF4B7K3RUWWPX3N2SOT5BLTY",
                            "security_group_names.#": "0",
                            "skip_final_snapshot": "true",
                            "status": "available",
                            "storage_encrypted": "false",
                            "storage_type": "standard",
                            "tags.%": "0",
                            "timezone": "",
                            "username": "smrt",
                            "vpc_security_group_ids.#": "1",
                            "vpc_security_group_ids.1172267937": "sg-030040adf237a2ac8"
                        },
                        "meta": {
                            "e2bfb730-ecaa-11e6-8f88-34363bc7c4c0": {
                                "create": 2400000000000,
                                "delete": 2400000000000,
                                "update": 4800000000000
                            }
                        },
                        "tainted": false
                    },
                    "deposed": [],
                    "provider": "provider.aws"
                },
                "aws_eip.nat_gateway_ip": {
                    "type": "aws_eip",
                    "depends_on": [],
                    "primary": {
                        "id": "eipalloc-08c8e56f5802f874b",
                        "attributes": {
                            "association_id": "eipassoc-f5ef220a",
                            "domain": "vpc",
                            "id": "eipalloc-08c8e56f5802f874b",
                            "instance": "",
                            "network_interface": "eni-01ebc7696e0ea9e32",
                            "private_ip": "172.31.145.56",
                            "public_ip": "54.68.57.169",
                            "tags.%": "0",
                            "vpc": "true"
                        },
                        "meta": {
                            "e2bfb730-ecaa-11e6-8f88-34363bc7c4c0": {
                                "delete": 180000000000,
                                "read": 900000000000,
                                "update": 300000000000
                            }
                        },
                        "tainted": false
                    },
                    "deposed": [],
                    "provider": "provider.aws"
                },
                "aws_instance.jumpbox": {
                    "type": "aws_instance",
                    "depends_on": [
                        "aws_security_group.jumpbox_security_group",
                        "aws_subnet.Subnet1"
                    ],
                    "primary": {
                        "id": "i-0042f6afbcb2ee719",
                        "attributes": {
                            "ami": "ami-6cd6f714",
                            "arn": "arn:aws:ec2:us-west-2:722431446741:instance/i-0042f6afbcb2ee719",
                            "associate_public_ip_address": "true",
                            "availability_zone": "us-west-2a",
                            "cpu_core_count": "1",
                            "cpu_threads_per_core": "1",
                            "credit_specification.#": "1",
                            "credit_specification.0.cpu_credits": "standard",
                            "disable_api_termination": "false",
                            "ebs_block_device.#": "0",
                            "ebs_optimized": "false",
                            "ephemeral_block_device.#": "0",
                            "get_password_data": "false",
                            "iam_instance_profile": "",
                            "id": "i-0042f6afbcb2ee719",
                            "instance_state": "running",
                            "instance_type": "t2.micro",
                            "ipv6_addresses.#": "0",
                            "key_name": "PillarSmartExperienceKey",
                            "monitoring": "false",
                            "network_interface.#": "0",
                            "network_interface_id": "eni-0ea829985d043ac8b",
                            "password_data": "",
                            "placement_group": "",
                            "primary_network_interface_id": "eni-0ea829985d043ac8b",
                            "private_dns": "ip-172-31-96-82.us-west-2.compute.internal",
                            "private_ip": "172.31.96.82",
                            "public_dns": "ec2-34-219-133-55.us-west-2.compute.amazonaws.com",
                            "public_ip": "34.219.133.55",
                            "root_block_device.#": "1",
                            "root_block_device.0.delete_on_termination": "true",
                            "root_block_device.0.iops": "100",
                            "root_block_device.0.volume_id": "vol-0023c79cb04896c3a",
                            "root_block_device.0.volume_size": "8",
                            "root_block_device.0.volume_type": "gp2",
                            "security_groups.#": "1",
                            "security_groups.844109945": "dev_Jumpbox Security Group",
                            "source_dest_check": "true",
                            "subnet_id": "subnet-03c7861ea185f8b10",
                            "tags.%": "1",
                            "tags.Name": "Jumpbox",
                            "tenancy": "default",
                            "volume_tags.%": "0",
                            "vpc_security_group_ids.#": "1",
                            "vpc_security_group_ids.2396585353": "sg-09c0767eb8869dab9"
                        },
                        "meta": {
                            "e2bfb730-ecaa-11e6-8f88-34363bc7c4c0": {
                                "create": 600000000000,
                                "delete": 1200000000000,
                                "update": 600000000000
                            },
                            "schema_version": "1"
                        },
                        "tainted": false
                    },
                    "deposed": [],
                    "provider": "provider.aws"
                },
                "aws_internet_gateway.gw": {
                    "type": "aws_internet_gateway",
                    "depends_on": [],
                    "primary": {
                        "id": "igw-3ff8b359",
                        "attributes": {
                            "id": "igw-3ff8b359",
                            "tags.%": "0",
                            "vpc_id": "vpc-06d7dc7f"
                        },
                        "meta": {},
                        "tainted": false
                    },
                    "deposed": [],
                    "provider": "provider.aws"
                },
                "aws_nat_gateway.nat": {
                    "type": "aws_nat_gateway",
                    "depends_on": [
                        "aws_eip.nat_gateway_ip",
                        "aws_subnet.Subnet4"
                    ],
                    "primary": {
                        "id": "nat-08f4acd7d6bbb0aa6",
                        "attributes": {
                            "allocation_id": "eipalloc-08c8e56f5802f874b",
                            "id": "nat-08f4acd7d6bbb0aa6",
                            "network_interface_id": "eni-01ebc7696e0ea9e32",
                            "private_ip": "172.31.145.56",
                            "public_ip": "54.68.57.169",
                            "subnet_id": "subnet-0a76f5027ee6384dc",
                            "tags.%": "1",
                            "tags.Name": "gw NAT"
                        },
                        "meta": {},
                        "tainted": false
                    },
                    "deposed": [],
                    "provider": "provider.aws"
                },
                "aws_route53_record.drivesmart_email_amazonses_dkim_record.0": {
                    "type": "aws_route53_record",
                    "depends_on": [
                        "aws_route53_zone.main",
                        "aws_ses_domain_dkim.drivesmart_dkim"
                    ],
                    "primary": {
                        "id": "Z1UK296R4A9KGX_fwxtd4x6plo5a2vfr54ksbcsa5ka4wiy._domainkey.devdrivesmartcbus.com_CNAME",
                        "attributes": {
                            "allow_overwrite": "true",
                            "fqdn": "fwxtd4x6plo5a2vfr54ksbcsa5ka4wiy._domainkey.devdrivesmartcbus.com",
                            "health_check_id": "",
                            "id": "Z1UK296R4A9KGX_fwxtd4x6plo5a2vfr54ksbcsa5ka4wiy._domainkey.devdrivesmartcbus.com_CNAME",
                            "name": "fwxtd4x6plo5a2vfr54ksbcsa5ka4wiy._domainkey.devdrivesmartcbus.com",
                            "records.#": "1",
                            "records.2079099449": "fwxtd4x6plo5a2vfr54ksbcsa5ka4wiy.dkim.amazonses.com",
                            "set_identifier": "",
                            "ttl": "600",
                            "type": "CNAME",
                            "zone_id": "Z1UK296R4A9KGX"
                        },
                        "meta": {
                            "schema_version": "2"
                        },
                        "tainted": false
                    },
                    "deposed": [],
                    "provider": "provider.aws"
                },
                "aws_route53_record.drivesmart_email_amazonses_dkim_record.1": {
                    "type": "aws_route53_record",
                    "depends_on": [
                        "aws_route53_zone.main",
                        "aws_ses_domain_dkim.drivesmart_dkim"
                    ],
                    "primary": {
                        "id": "Z1UK296R4A9KGX_rijkttnlzpbfgic3v44txnmzcgfe5se4._domainkey.devdrivesmartcbus.com_CNAME",
                        "attributes": {
                            "allow_overwrite": "true",
                            "fqdn": "rijkttnlzpbfgic3v44txnmzcgfe5se4._domainkey.devdrivesmartcbus.com",
                            "health_check_id": "",
                            "id": "Z1UK296R4A9KGX_rijkttnlzpbfgic3v44txnmzcgfe5se4._domainkey.devdrivesmartcbus.com_CNAME",
                            "name": "rijkttnlzpbfgic3v44txnmzcgfe5se4._domainkey.devdrivesmartcbus.com",
                            "records.#": "1",
                            "records.1774724008": "rijkttnlzpbfgic3v44txnmzcgfe5se4.dkim.amazonses.com",
                            "set_identifier": "",
                            "ttl": "600",
                            "type": "CNAME",
                            "zone_id": "Z1UK296R4A9KGX"
                        },
                        "meta": {
                            "schema_version": "2"
                        },
                        "tainted": false
                    },
                    "deposed": [],
                    "provider": "provider.aws"
                },
                "aws_route53_record.drivesmart_email_amazonses_dkim_record.2": {
                    "type": "aws_route53_record",
                    "depends_on": [
                        "aws_route53_zone.main",
                        "aws_ses_domain_dkim.drivesmart_dkim"
                    ],
                    "primary": {
                        "id": "Z1UK296R4A9KGX_haajyylfn6khjtnjn57l5yr6v6hmpvoa._domainkey.devdrivesmartcbus.com_CNAME",
                        "attributes": {
                            "allow_overwrite": "true",
                            "fqdn": "haajyylfn6khjtnjn57l5yr6v6hmpvoa._domainkey.devdrivesmartcbus.com",
                            "health_check_id": "",
                            "id": "Z1UK296R4A9KGX_haajyylfn6khjtnjn57l5yr6v6hmpvoa._domainkey.devdrivesmartcbus.com_CNAME",
                            "name": "haajyylfn6khjtnjn57l5yr6v6hmpvoa._domainkey.devdrivesmartcbus.com",
                            "records.#": "1",
                            "records.137830667": "haajyylfn6khjtnjn57l5yr6v6hmpvoa.dkim.amazonses.com",
                            "set_identifier": "",
                            "ttl": "600",
                            "type": "CNAME",
                            "zone_id": "Z1UK296R4A9KGX"
                        },
                        "meta": {
                            "schema_version": "2"
                        },
                        "tainted": false
                    },
                    "deposed": [],
                    "provider": "provider.aws"
                },
                "aws_route53_record.drivesmart_email_amazonses_verification_record": {
                    "type": "aws_route53_record",
                    "depends_on": [
                        "aws_route53_zone.main",
                        "aws_ses_domain_identity.drivesmart_email"
                    ],
                    "primary": {
                        "id": "Z1UK296R4A9KGX__amazonses.devdrivesmartcbus.com_TXT",
                        "attributes": {
                            "allow_overwrite": "true",
                            "fqdn": "_amazonses.devdrivesmartcbus.com",
                            "health_check_id": "",
                            "id": "Z1UK296R4A9KGX__amazonses.devdrivesmartcbus.com_TXT",
                            "name": "_amazonses.devdrivesmartcbus.com",
                            "records.#": "1",
                            "records.2072875168": "c0kO8PZziWjomisZvWM7EAkwuY1jcFtwFjKxjk1GpUk=",
                            "set_identifier": "",
                            "ttl": "600",
                            "type": "TXT",
                            "zone_id": "Z1UK296R4A9KGX"
                        },
                        "meta": {
                            "schema_version": "2"
                        },
                        "tainted": false
                    },
                    "deposed": [],
                    "provider": "provider.aws"
                },
                "aws_route53_record.drivesmartcbus_email_inbound_mx": {
                    "type": "aws_route53_record",
                    "depends_on": [
                        "aws_route53_zone.main"
                    ],
                    "primary": {
                        "id": "Z1UK296R4A9KGX_devdrivesmartcbus.com_MX",
                        "attributes": {
                            "allow_overwrite": "true",
                            "fqdn": "devdrivesmartcbus.com",
                            "health_check_id": "",
                            "id": "Z1UK296R4A9KGX_devdrivesmartcbus.com_MX",
                            "name": "devdrivesmartcbus.com",
                            "records.#": "1",
                            "records.3010582859": "1 inbound-smtp.us-west-2.amazonaws.com",
                            "set_identifier": "",
                            "ttl": "600",
                            "type": "MX",
                            "zone_id": "Z1UK296R4A9KGX"
                        },
                        "meta": {
                            "schema_version": "2"
                        },
                        "tainted": false
                    },
                    "deposed": [],
                    "provider": "provider.aws"
                },
                "aws_route53_record.example": {
                    "type": "aws_route53_record",
                    "depends_on": [
                        "aws_api_gateway_domain_name.DriveSmartCBusApiDomain",
                        "aws_route53_zone.main"
                    ],
                    "primary": {
                        "id": "Z1UK296R4A9KGX_api.devdrivesmartcbus.com_A",
                        "attributes": {
                            "alias.#": "1",
                            "alias.46275004.evaluate_target_health": "true",
                            "alias.46275004.name": "d3ttp3yryqszr9.cloudfront.net",
                            "alias.46275004.zone_id": "Z2FDTNDATAQYW2",
                            "allow_overwrite": "true",
                            "fqdn": "api.devdrivesmartcbus.com",
                            "health_check_id": "",
                            "id": "Z1UK296R4A9KGX_api.devdrivesmartcbus.com_A",
                            "name": "api.devdrivesmartcbus.com",
                            "records.#": "0",
                            "set_identifier": "",
                            "ttl": "0",
                            "type": "A",
                            "zone_id": "Z1UK296R4A9KGX"
                        },
                        "meta": {
                            "schema_version": "2"
                        },
                        "tainted": false
                    },
                    "deposed": [],
                    "provider": "provider.aws"
                },
                "aws_route53_record.example_ses_domain_mail_from_mx": {
                    "type": "aws_route53_record",
                    "depends_on": [
                        "aws_route53_zone.main",
                        "aws_ses_domain_mail_from.mail_drivesmartcbus"
                    ],
                    "primary": {
                        "id": "Z1UK296R4A9KGX_mail.devdrivesmartcbus.com_MX",
                        "attributes": {
                            "allow_overwrite": "true",
                            "fqdn": "mail.devdrivesmartcbus.com",
                            "health_check_id": "",
                            "id": "Z1UK296R4A9KGX_mail.devdrivesmartcbus.com_MX",
                            "name": "mail.devdrivesmartcbus.com",
                            "records.#": "2",
                            "records.1861368042": "10 feedback-smtp.us-west-2.amazonses.com",
                            "records.3010582859": "1 inbound-smtp.us-west-2.amazonaws.com",
                            "set_identifier": "",
                            "ttl": "600",
                            "type": "MX",
                            "zone_id": "Z1UK296R4A9KGX"
                        },
                        "meta": {
                            "schema_version": "2"
                        },
                        "tainted": false
                    },
                    "deposed": [],
                    "provider": "provider.aws"
                },
                "aws_route53_record.example_ses_domain_mail_from_txt": {
                    "type": "aws_route53_record",
                    "depends_on": [
                        "aws_route53_zone.main",
                        "aws_ses_domain_mail_from.mail_drivesmartcbus"
                    ],
                    "primary": {
                        "id": "Z1UK296R4A9KGX_mail.devdrivesmartcbus.com_TXT",
                        "attributes": {
                            "allow_overwrite": "true",
                            "fqdn": "mail.devdrivesmartcbus.com",
                            "health_check_id": "",
                            "id": "Z1UK296R4A9KGX_mail.devdrivesmartcbus.com_TXT",
                            "name": "mail.devdrivesmartcbus.com",
                            "records.#": "1",
                            "records.3464451788": "v=spf1 include:amazonses.com -all",
                            "set_identifier": "",
                            "ttl": "600",
                            "type": "TXT",
                            "zone_id": "Z1UK296R4A9KGX"
                        },
                        "meta": {
                            "schema_version": "2"
                        },
                        "tainted": false
                    },
                    "deposed": [],
                    "provider": "provider.aws"
                },
                "aws_route53_record.ns": {
                    "type": "aws_route53_record",
                    "depends_on": [
                        "aws_route53_zone.main"
                    ],
                    "primary": {
                        "id": "Z1UK296R4A9KGX_devdrivesmartcbus.com_NS",
                        "attributes": {
                            "allow_overwrite": "true",
                            "fqdn": "devdrivesmartcbus.com",
                            "health_check_id": "",
                            "id": "Z1UK296R4A9KGX_devdrivesmartcbus.com_NS",
                            "name": "devdrivesmartcbus.com",
                            "records.#": "4",
                            "records.1866304332": "ns-1419.awsdns-49.org",
                            "records.4260551606": "ns-1832.awsdns-37.co.uk",
                            "records.803591167": "ns-179.awsdns-22.com",
                            "records.956886692": "ns-787.awsdns-34.net",
                            "set_identifier": "",
                            "ttl": "30",
                            "type": "NS",
                            "zone_id": "Z1UK296R4A9KGX"
                        },
                        "meta": {
                            "schema_version": "2"
                        },
                        "tainted": false
                    },
                    "deposed": [],
                    "provider": "provider.aws"
                },
                "aws_route53_record.www": {
                    "type": "aws_route53_record",
                    "depends_on": [
                        "aws_cloudfront_distribution.website",
                        "aws_route53_zone.main"
                    ],
                    "primary": {
                        "id": "Z1UK296R4A9KGX_devdrivesmartcbus.com_A",
                        "attributes": {
                            "alias.#": "1",
                            "alias.761739696.evaluate_target_health": "false",
                            "alias.761739696.name": "dj9td8ulsiwur.cloudfront.net",
                            "alias.761739696.zone_id": "Z2FDTNDATAQYW2",
                            "allow_overwrite": "true",
                            "fqdn": "devdrivesmartcbus.com",
                            "health_check_id": "",
                            "id": "Z1UK296R4A9KGX_devdrivesmartcbus.com_A",
                            "name": "devdrivesmartcbus.com",
                            "records.#": "0",
                            "set_identifier": "",
                            "ttl": "0",
                            "type": "A",
                            "zone_id": "Z1UK296R4A9KGX"
                        },
                        "meta": {
                            "schema_version": "2"
                        },
                        "tainted": false
                    },
                    "deposed": [],
                    "provider": "provider.aws"
                },
                "aws_route53_zone.main": {
                    "type": "aws_route53_zone",
                    "depends_on": [],
                    "primary": {
                        "id": "Z1UK296R4A9KGX",
                        "attributes": {
                            "comment": "Managed by Terraform",
                            "force_destroy": "false",
                            "id": "Z1UK296R4A9KGX",
                            "name": "devdrivesmartcbus.com",
                            "name_servers.#": "4",
                            "name_servers.0": "ns-1419.awsdns-49.org",
                            "name_servers.1": "ns-179.awsdns-22.com",
                            "name_servers.2": "ns-1832.awsdns-37.co.uk",
                            "name_servers.3": "ns-787.awsdns-34.net",
                            "tags.%": "0",
                            "zone_id": "Z1UK296R4A9KGX"
                        },
                        "meta": {},
                        "tainted": false
                    },
                    "deposed": [],
                    "provider": "provider.aws"
                },
                "aws_route_table.private_route_table": {
                    "type": "aws_route_table",
                    "depends_on": [
                        "aws_nat_gateway.nat"
                    ],
                    "primary": {
                        "id": "rtb-09a65a3a88cf0142b",
                        "attributes": {
                            "id": "rtb-09a65a3a88cf0142b",
                            "propagating_vgws.#": "0",
                            "route.#": "1",
                            "route.4249597097.cidr_block": "0.0.0.0/0",
                            "route.4249597097.egress_only_gateway_id": "",
                            "route.4249597097.gateway_id": "",
                            "route.4249597097.instance_id": "",
                            "route.4249597097.ipv6_cidr_block": "",
                            "route.4249597097.nat_gateway_id": "nat-08f4acd7d6bbb0aa6",
                            "route.4249597097.network_interface_id": "",
                            "route.4249597097.vpc_peering_connection_id": "",
                            "tags.%": "1",
                            "tags.Name": "Private",
                            "vpc_id": "vpc-06d7dc7f"
                        },
                        "meta": {},
                        "tainted": false
                    },
                    "deposed": [],
                    "provider": "provider.aws"
                },
                "aws_route_table.public_route_table": {
                    "type": "aws_route_table",
                    "depends_on": [
                        "aws_internet_gateway.gw"
                    ],
                    "primary": {
                        "id": "rtb-0e2b37407e09acc03",
                        "attributes": {
                            "id": "rtb-0e2b37407e09acc03",
                            "propagating_vgws.#": "0",
                            "route.#": "1",
                            "route.2215556693.cidr_block": "0.0.0.0/0",
                            "route.2215556693.egress_only_gateway_id": "",
                            "route.2215556693.gateway_id": "igw-3ff8b359",
                            "route.2215556693.instance_id": "",
                            "route.2215556693.ipv6_cidr_block": "",
                            "route.2215556693.nat_gateway_id": "",
                            "route.2215556693.network_interface_id": "",
                            "route.2215556693.vpc_peering_connection_id": "",
                            "tags.%": "1",
                            "tags.Name": "Public",
                            "vpc_id": "vpc-06d7dc7f"
                        },
                        "meta": {},
                        "tainted": false
                    },
                    "deposed": [],
                    "provider": "provider.aws"
                },
                "aws_route_table_association.subnet1b_to_private": {
                    "type": "aws_route_table_association",
                    "depends_on": [
                        "aws_route_table.private_route_table",
                        "aws_subnet.Subnet2"
                    ],
                    "primary": {
                        "id": "rtbassoc-064cef20931106207",
                        "attributes": {
                            "id": "rtbassoc-064cef20931106207",
                            "route_table_id": "rtb-09a65a3a88cf0142b",
                            "subnet_id": "subnet-051a0994aa493db79"
                        },
                        "meta": {},
                        "tainted": false
                    },
                    "deposed": [],
                    "provider": "provider.aws"
                },
                "aws_route_table_association.subnet1d_to_private": {
                    "type": "aws_route_table_association",
                    "depends_on": [
                        "aws_route_table.private_route_table",
                        "aws_subnet.Subnet3"
                    ],
                    "primary": {
                        "id": "rtbassoc-0d216df3aef028ba4",
                        "attributes": {
                            "id": "rtbassoc-0d216df3aef028ba4",
                            "route_table_id": "rtb-09a65a3a88cf0142b",
                            "subnet_id": "subnet-097f5187a61c57b65"
                        },
                        "meta": {},
                        "tainted": false
                    },
                    "deposed": [],
                    "provider": "provider.aws"
                },
                "aws_route_table_association.subnet1f_to_public": {
                    "type": "aws_route_table_association",
                    "depends_on": [
                        "aws_route_table.public_route_table",
                        "aws_subnet.Subnet4"
                    ],
                    "primary": {
                        "id": "rtbassoc-0545beae503ffced7",
                        "attributes": {
                            "id": "rtbassoc-0545beae503ffced7",
                            "route_table_id": "rtb-0e2b37407e09acc03",
                            "subnet_id": "subnet-0a76f5027ee6384dc"
                        },
                        "meta": {},
                        "tainted": false
                    },
                    "deposed": [],
                    "provider": "provider.aws"
                },
                "aws_s3_bucket.received_emails": {
                    "type": "aws_s3_bucket",
                    "depends_on": [
                        "data.aws_iam_policy_document.bucket_policy_for_emails"
                    ],
                    "primary": {
                        "id": "dev-smart-experience-emails",
                        "attributes": {
                            "acceleration_status": "",
                            "acl": "private",
                            "arn": "arn:aws:s3:::dev-smart-experience-emails",
                            "bucket": "dev-smart-experience-emails",
                            "bucket_domain_name": "dev-smart-experience-emails.s3.amazonaws.com",
                            "bucket_regional_domain_name": "dev-smart-experience-emails.s3.us-west-2.amazonaws.com",
                            "cors_rule.#": "0",
                            "force_destroy": "false",
                            "hosted_zone_id": "Z3BJ6K6RIION7M",
                            "id": "dev-smart-experience-emails",
                            "lifecycle_rule.#": "0",
                            "logging.#": "0",
                            "policy": "{\"Statement\":[{\"Action\":\"s3:PutObject\",\"Condition\":{\"StringEquals\":{\"aws:Referer\":\"722431446741\"}},\"Effect\":\"Allow\",\"Principal\":{\"Service\":\"ses.amazonaws.com\"},\"Resource\":\"arn:aws:s3:::dev-smart-experience-emails/*\",\"Sid\":\"\"}],\"Version\":\"2012-10-17\"}",
                            "region": "us-west-2",
                            "replication_configuration.#": "0",
                            "request_payer": "BucketOwner",
                            "server_side_encryption_configuration.#": "0",
                            "tags.%": "0",
                            "versioning.#": "1",
                            "versioning.0.enabled": "false",
                            "versioning.0.mfa_delete": "false",
                            "website.#": "0"
                        },
                        "meta": {},
                        "tainted": false
                    },
                    "deposed": [],
                    "provider": "provider.aws"
                },
                "aws_s3_bucket.smart_experience_artifact_repo": {
                    "type": "aws_s3_bucket",
                    "depends_on": [],
                    "primary": {
                        "id": "dev-smart-experience-artifact-repo",
                        "attributes": {
                            "acceleration_status": "",
                            "acl": "private",
                            "arn": "arn:aws:s3:::dev-smart-experience-artifact-repo",
                            "bucket": "dev-smart-experience-artifact-repo",
                            "bucket_domain_name": "dev-smart-experience-artifact-repo.s3.amazonaws.com",
                            "bucket_regional_domain_name": "dev-smart-experience-artifact-repo.s3.us-west-2.amazonaws.com",
                            "cors_rule.#": "0",
                            "force_destroy": "false",
                            "hosted_zone_id": "Z3BJ6K6RIION7M",
                            "id": "dev-smart-experience-artifact-repo",
                            "lifecycle_rule.#": "0",
                            "logging.#": "0",
                            "region": "us-west-2",
                            "replication_configuration.#": "0",
                            "request_payer": "BucketOwner",
                            "server_side_encryption_configuration.#": "0",
                            "tags.%": "0",
                            "versioning.#": "1",
                            "versioning.0.enabled": "false",
                            "versioning.0.mfa_delete": "false",
                            "website.#": "0"
                        },
                        "meta": {},
                        "tainted": false
                    },
                    "deposed": [],
                    "provider": "provider.aws"
                },
                "aws_s3_bucket.smart_experience_web": {
                    "type": "aws_s3_bucket",
                    "depends_on": [
                        "data.aws_iam_policy_document.bucket_policy"
                    ],
                    "primary": {
                        "id": "dev-smart-experience-web",
                        "attributes": {
                            "acceleration_status": "",
                            "acl": "public-read",
                            "arn": "arn:aws:s3:::dev-smart-experience-web",
                            "bucket": "dev-smart-experience-web",
                            "bucket_domain_name": "dev-smart-experience-web.s3.amazonaws.com",
                            "bucket_regional_domain_name": "dev-smart-experience-web.s3.us-west-2.amazonaws.com",
                            "cors_rule.#": "0",
                            "force_destroy": "false",
                            "hosted_zone_id": "Z3BJ6K6RIION7M",
                            "id": "dev-smart-experience-web",
                            "lifecycle_rule.#": "0",
                            "logging.#": "0",
                            "policy": "{\"Statement\":[{\"Action\":\"s3:GetObject\",\"Effect\":\"Allow\",\"Principal\":{\"AWS\":\"arn:aws:iam::cloudfront:user/CloudFront Origin Access Identity E2A9WRBO0RLNEV\"},\"Resource\":\"arn:aws:s3:::dev-smart-experience-web/*\",\"Sid\":\"\"}],\"Version\":\"2012-10-17\"}",
                            "region": "us-west-2",
                            "replication_configuration.#": "0",
                            "request_payer": "BucketOwner",
                            "server_side_encryption_configuration.#": "0",
                            "tags.%": "0",
                            "versioning.#": "1",
                            "versioning.0.enabled": "false",
                            "versioning.0.mfa_delete": "false",
                            "website.#": "1",
                            "website.0.error_document": "error.html",
                            "website.0.index_document": "index.html",
                            "website.0.redirect_all_requests_to": "",
                            "website.0.routing_rules": "",
                            "website_domain": "s3-website-us-west-2.amazonaws.com",
                            "website_endpoint": "dev-smart-experience-web.s3-website-us-west-2.amazonaws.com"
                        },
                        "meta": {},
                        "tainted": false
                    },
                    "deposed": [],
                    "provider": "provider.aws"
                },
                "aws_security_group.LambdaSecurityGroup": {
                    "type": "aws_security_group",
                    "depends_on": [],
                    "primary": {
                        "id": "sg-0771bd1f7389bc87e",
                        "attributes": {
                            "arn": "arn:aws:ec2:us-west-2:722431446741:security-group/sg-0771bd1f7389bc87e",
                            "description": "Security Group used by lambdas to access the RDS instance",
                            "egress.#": "1",
                            "egress.482069346.cidr_blocks.#": "1",
                            "egress.482069346.cidr_blocks.0": "0.0.0.0/0",
                            "egress.482069346.description": "",
                            "egress.482069346.from_port": "0",
                            "egress.482069346.ipv6_cidr_blocks.#": "0",
                            "egress.482069346.prefix_list_ids.#": "0",
                            "egress.482069346.protocol": "-1",
                            "egress.482069346.security_groups.#": "0",
                            "egress.482069346.self": "false",
                            "egress.482069346.to_port": "0",
                            "id": "sg-0771bd1f7389bc87e",
                            "ingress.#": "0",
                            "name": "dev_LambdaSecurityGroup",
                            "owner_id": "722431446741",
                            "revoke_rules_on_delete": "false",
                            "tags.%": "1",
                            "tags.Name": "LambdaSecurityGroup",
                            "vpc_id": "vpc-06d7dc7f"
                        },
                        "meta": {
                            "e2bfb730-ecaa-11e6-8f88-34363bc7c4c0": {
                                "create": 600000000000,
                                "delete": 600000000000
                            },
                            "schema_version": "1"
                        },
                        "tainted": false
                    },
                    "deposed": [],
                    "provider": "provider.aws"
                },
                "aws_security_group.jumpbox_security_group": {
                    "type": "aws_security_group",
                    "depends_on": [],
                    "primary": {
                        "id": "sg-09c0767eb8869dab9",
                        "attributes": {
                            "arn": "arn:aws:ec2:us-west-2:722431446741:security-group/sg-09c0767eb8869dab9",
                            "description": "Rules for Jumpbox",
                            "egress.#": "1",
                            "egress.482069346.cidr_blocks.#": "1",
                            "egress.482069346.cidr_blocks.0": "0.0.0.0/0",
                            "egress.482069346.description": "",
                            "egress.482069346.from_port": "0",
                            "egress.482069346.ipv6_cidr_blocks.#": "0",
                            "egress.482069346.prefix_list_ids.#": "0",
                            "egress.482069346.protocol": "-1",
                            "egress.482069346.security_groups.#": "0",
                            "egress.482069346.self": "false",
                            "egress.482069346.to_port": "0",
                            "id": "sg-09c0767eb8869dab9",
                            "ingress.#": "2",
                            "ingress.2736392098.cidr_blocks.#": "1",
                            "ingress.2736392098.cidr_blocks.0": "67.149.70.17/32",
                            "ingress.2736392098.description": "Jarred Home IP Address",
                            "ingress.2736392098.from_port": "22",
                            "ingress.2736392098.ipv6_cidr_blocks.#": "0",
                            "ingress.2736392098.prefix_list_ids.#": "0",
                            "ingress.2736392098.protocol": "TCP",
                            "ingress.2736392098.security_groups.#": "0",
                            "ingress.2736392098.self": "false",
                            "ingress.2736392098.to_port": "22",
                            "ingress.3457237359.cidr_blocks.#": "2",
                            "ingress.3457237359.cidr_blocks.0": "207.238.255.132/32",
                            "ingress.3457237359.cidr_blocks.1": "12.246.159.190/32",
                            "ingress.3457237359.description": "Pillar CMH Forge IP Address",
                            "ingress.3457237359.from_port": "22",
                            "ingress.3457237359.ipv6_cidr_blocks.#": "0",
                            "ingress.3457237359.prefix_list_ids.#": "0",
                            "ingress.3457237359.protocol": "TCP",
                            "ingress.3457237359.security_groups.#": "0",
                            "ingress.3457237359.self": "false",
                            "ingress.3457237359.to_port": "22",
                            "name": "dev_Jumpbox Security Group",
                            "owner_id": "722431446741",
                            "revoke_rules_on_delete": "false",
                            "tags.%": "1",
                            "tags.Name": "Jumpbox Security Group",
                            "vpc_id": "vpc-06d7dc7f"
                        },
                        "meta": {
                            "e2bfb730-ecaa-11e6-8f88-34363bc7c4c0": {
                                "create": 600000000000,
                                "delete": 600000000000
                            },
                            "schema_version": "1"
                        },
                        "tainted": false
                    },
                    "deposed": [],
                    "provider": "provider.aws"
                },
                "aws_security_group.smartexperience_db_security_group": {
                    "type": "aws_security_group",
                    "depends_on": [
                        "aws_security_group.LambdaSecurityGroup",
                        "aws_security_group.jumpbox_security_group"
                    ],
                    "primary": {
                        "id": "sg-030040adf237a2ac8",
                        "attributes": {
                            "arn": "arn:aws:ec2:us-west-2:722431446741:security-group/sg-030040adf237a2ac8",
                            "description": "Rules for Smart Experience DB",
                            "egress.#": "0",
                            "id": "sg-030040adf237a2ac8",
                            "ingress.#": "1",
                            "ingress.3274754072.cidr_blocks.#": "0",
                            "ingress.3274754072.description": "",
                            "ingress.3274754072.from_port": "3306",
                            "ingress.3274754072.ipv6_cidr_blocks.#": "0",
                            "ingress.3274754072.prefix_list_ids.#": "0",
                            "ingress.3274754072.protocol": "TCP",
                            "ingress.3274754072.security_groups.#": "2",
                            "ingress.3274754072.security_groups.1883674524": "sg-0771bd1f7389bc87e",
                            "ingress.3274754072.security_groups.2396585353": "sg-09c0767eb8869dab9",
                            "ingress.3274754072.self": "false",
                            "ingress.3274754072.to_port": "3306",
                            "name": "dev_Smart Experience Security Group",
                            "owner_id": "722431446741",
                            "revoke_rules_on_delete": "false",
                            "tags.%": "1",
                            "tags.Name": "Smart Experience Security Group",
                            "vpc_id": "vpc-06d7dc7f"
                        },
                        "meta": {
                            "e2bfb730-ecaa-11e6-8f88-34363bc7c4c0": {
                                "create": 600000000000,
                                "delete": 600000000000
                            },
                            "schema_version": "1"
                        },
                        "tainted": false
                    },
                    "deposed": [],
                    "provider": "provider.aws"
                },
                "aws_ses_active_receipt_rule_set.main": {
                    "type": "aws_ses_active_receipt_rule_set",
                    "depends_on": [],
                    "primary": {
                        "id": "primary-rules",
                        "attributes": {
                            "id": "primary-rules",
                            "rule_set_name": "primary-rules"
                        },
                        "meta": {},
                        "tainted": false
                    },
                    "deposed": [],
                    "provider": "provider.aws"
                },
                "aws_ses_configuration_set.DefaultConfigurationSet": {
                    "type": "aws_ses_configuration_set",
                    "depends_on": [],
                    "primary": {
                        "id": "dev_DefaultConfigurationSet",
                        "attributes": {
                            "id": "dev_DefaultConfigurationSet",
                            "name": "dev_DefaultConfigurationSet"
                        },
                        "meta": {},
                        "tainted": false
                    },
                    "deposed": [],
                    "provider": "provider.aws"
                },
                "aws_ses_domain_dkim.drivesmart_dkim": {
                    "type": "aws_ses_domain_dkim",
                    "depends_on": [
                        "aws_ses_domain_identity.drivesmart_email"
                    ],
                    "primary": {
                        "id": "devdrivesmartcbus.com",
                        "attributes": {
                            "dkim_tokens.#": "3",
                            "dkim_tokens.0": "fwxtd4x6plo5a2vfr54ksbcsa5ka4wiy",
                            "dkim_tokens.1": "rijkttnlzpbfgic3v44txnmzcgfe5se4",
                            "dkim_tokens.2": "haajyylfn6khjtnjn57l5yr6v6hmpvoa",
                            "domain": "devdrivesmartcbus.com",
                            "id": "devdrivesmartcbus.com"
                        },
                        "meta": {},
                        "tainted": false
                    },
                    "deposed": [],
                    "provider": "provider.aws"
                },
                "aws_ses_domain_identity.drivesmart_email": {
                    "type": "aws_ses_domain_identity",
                    "depends_on": [],
                    "primary": {
                        "id": "devdrivesmartcbus.com",
                        "attributes": {
                            "arn": "arn:aws:ses:us-west-2:722431446741:identity/devdrivesmartcbus.com",
                            "domain": "devdrivesmartcbus.com",
                            "id": "devdrivesmartcbus.com",
                            "verification_token": "c0kO8PZziWjomisZvWM7EAkwuY1jcFtwFjKxjk1GpUk="
                        },
                        "meta": {},
                        "tainted": false
                    },
                    "deposed": [],
                    "provider": "provider.aws"
                },
                "aws_ses_domain_mail_from.mail_drivesmartcbus": {
                    "type": "aws_ses_domain_mail_from",
                    "depends_on": [
                        "aws_ses_domain_identity.drivesmart_email"
                    ],
                    "primary": {
                        "id": "devdrivesmartcbus.com",
                        "attributes": {
                            "behavior_on_mx_failure": "UseDefaultValue",
                            "domain": "devdrivesmartcbus.com",
                            "id": "devdrivesmartcbus.com",
                            "mail_from_domain": "mail.devdrivesmartcbus.com"
                        },
                        "meta": {},
                        "tainted": false
                    },
                    "deposed": [],
                    "provider": "provider.aws"
                },
                "aws_ses_event_destination.cloudwatch": {
                    "type": "aws_ses_event_destination",
                    "depends_on": [
                        "aws_ses_configuration_set.DefaultConfigurationSet"
                    ],
                    "primary": {
                        "id": "event-destination-cloudwatch",
                        "attributes": {
                            "cloudwatch_destination.#": "1",
                            "cloudwatch_destination.996466118.default_value": "default",
                            "cloudwatch_destination.996466118.dimension_name": "dimension",
                            "cloudwatch_destination.996466118.value_source": "emailHeader",
                            "configuration_set_name": "dev_DefaultConfigurationSet",
                            "enabled": "true",
                            "id": "event-destination-cloudwatch",
                            "matching_types.#": "8",
                            "matching_types.1245742337": "renderingFailure",
                            "matching_types.1596404405": "complaint",
                            "matching_types.2185032793": "bounce",
                            "matching_types.2758837156": "open",
                            "matching_types.2781177529": "reject",
                            "matching_types.2809346765": "send",
                            "matching_types.3136733728": "click",
                            "matching_types.931261456": "delivery",
                            "name": "event-destination-cloudwatch"
                        },
                        "meta": {},
                        "tainted": false
                    },
                    "deposed": [],
                    "provider": "provider.aws"
                },
                "aws_ses_receipt_rule.store1": {
                    "type": "aws_ses_receipt_rule",
                    "depends_on": [
                        "aws_s3_bucket.received_emails",
                        "aws_ses_receipt_rule_set.main"
                    ],
                    "primary": {
                        "id": "store",
                        "attributes": {
                            "add_header_action.#": "0",
                            "bounce_action.#": "0",
                            "enabled": "true",
                            "id": "store",
                            "lambda_action.#": "0",
                            "name": "store",
                            "recipients.#": "1",
                            "recipients.4080632144": "no-reply@devdrivesmartcbus.com",
                            "rule_set_name": "dev_primary-rules",
                            "s3_action.#": "1",
                            "s3_action.624744625.bucket_name": "dev-smart-experience-emails",
                            "s3_action.624744625.kms_key_arn": "",
                            "s3_action.624744625.object_key_prefix": "",
                            "s3_action.624744625.position": "1",
                            "s3_action.624744625.topic_arn": "",
                            "scan_enabled": "false",
                            "sns_action.#": "0",
                            "stop_action.#": "0",
                            "tls_policy": "Optional",
                            "workmail_action.#": "0"
                        },
                        "meta": {},
                        "tainted": false
                    },
                    "deposed": [],
                    "provider": "provider.aws"
                },
                "aws_ses_receipt_rule.store2": {
                    "type": "aws_ses_receipt_rule",
                    "depends_on": [
                        "aws_s3_bucket.received_emails",
                        "aws_ses_receipt_rule_set.main"
                    ],
                    "primary": {
                        "id": "store.mail",
                        "attributes": {
                            "add_header_action.#": "0",
                            "bounce_action.#": "0",
                            "enabled": "true",
                            "id": "store.mail",
                            "lambda_action.#": "0",
                            "name": "store.mail",
                            "recipients.#": "1",
                            "recipients.2633249652": "no-reply@mail.devdrivesmartcbus.com",
                            "rule_set_name": "dev_primary-rules",
                            "s3_action.#": "1",
                            "s3_action.624744625.bucket_name": "dev-smart-experience-emails",
                            "s3_action.624744625.kms_key_arn": "",
                            "s3_action.624744625.object_key_prefix": "",
                            "s3_action.624744625.position": "1",
                            "s3_action.624744625.topic_arn": "",
                            "scan_enabled": "false",
                            "sns_action.#": "0",
                            "stop_action.#": "0",
                            "tls_policy": "Optional",
                            "workmail_action.#": "0"
                        },
                        "meta": {},
                        "tainted": false
                    },
                    "deposed": [],
                    "provider": "provider.aws"
                },
                "aws_ses_receipt_rule_set.main": {
                    "type": "aws_ses_receipt_rule_set",
                    "depends_on": [],
                    "primary": {
                        "id": "dev_primary-rules",
                        "attributes": {
                            "id": "dev_primary-rules",
                            "rule_set_name": "dev_primary-rules"
                        },
                        "meta": {},
                        "tainted": false
                    },
                    "deposed": [],
                    "provider": "provider.aws"
                },
                "aws_ses_template.ConfirmationTemplate": {
                    "type": "aws_ses_template",
                    "depends_on": [],
                    "primary": {
                        "id": "dev_ConfirmationTemplate",
                        "attributes": {
                            "html": "\u003c!DOCTYPE html\u003e\n\u003chtml lang=\"en\"\u003e\n\u003chead\u003e\n    \u003cmeta charset=\"UTF-8\"\u003e\n\u003c/head\u003e\n\u003cbody\u003e\n\n\u003cdiv style=\"margin: auto; width: 95%; font-family: 'Helvetica'; font-weight: 100; max-width: 800px; border-style: solid; border-width: 8px; border-color: #f6f6f6\"\u003e\n\n    \u003cimg style=\"max-width: 100%; max-height: 375px; margin-left: auto; margin-right: auto; display: block;\" id=\"banner\"\n         src=\"https://drivesmartcbus.com/assets/email/banner.png\"/\u003e\n    \u003cdiv style=\"text-align: center; font-size: 50px; font-weight:bold;\"\u003e{{confirmation_number}}\u003c/div\u003e\n    \u003cdiv style=\"text-align: center;\"\u003eYour confirmation code used at Check-in\u003c/div\u003e\n    \u003chr\u003e\n\n    \u003cdiv\u003e\n        \u003cdiv style=\"padding-left: 25px; padding-right:25px;\"\u003e\n            \u003ctable style=\"width:100%; padding-top: 30px; padding-bottom: 20px; font-size: calc(10px + 1vw)\"\u003e\n                \u003cthead\u003e\n                \u003ctr\u003e\n                    \u003ctd style=\"font-weight: bold; width: 20%\"\u003eStatus\u003c/td\u003e\n                    \u003ctd style=\"font-weight: bold; width: 40%\"\u003eScheduled Drive Time\u003c/td\u003e\n                    \u003ctd style=\"font-weight: bold; width: 40%\"\u003eVehicle\u003c/td\u003e\n                \u003c/tr\u003e\n                \u003c/thead\u003e\n                \u003ctbody\u003e\n                \u003ctr\u003e\n                    \u003ctd\u003eDriver\u003c/td\u003e\n                    \u003ctd\u003e{{formatted_drive_time}}\u003c/td\u003e\n                    \u003ctd\u003e{{vehicle}} - {{msrp}}\u003cspan style=\"color: #ff0000\"\u003e*\u003c/span\u003e\u003c/td\u003e\n                \u003c/tr\u003e\n                \u003c/tbody\u003e\n            \u003c/table\u003e\n            \u003cdiv style=\"font-style: italic; font-size: 13px; padding-bottom: 20px;\"\u003e\u003cspan style=\"color: #ff0000\"\u003e*\u003c/span\u003eFederal\n                Tax credit (varies in size by vehicle)\n            \u003c/div\u003e\n        \u003c/div\u003e\n    \u003c/div\u003e\n\n    \u003chr\u003e\n\n    \u003cdiv\u003e\n        \u003cdiv style=\"padding-left: 25px; padding-right:25px;\"\u003e\n        As a driver, we want to make sure you have the best Test Drive experience possible. In order to do so,\n        please review the following regarding what to expect during your experience and other fun details we have in\n        store for you!\n        \u003c/div\u003e\n    \u003c/div\u003e\n    \u003cdiv\u003e\n        \u003cdiv style=\"padding-left: 25px; padding-right:25px;\"\u003e\n        \u003ch4\u003eTIME COMMITMENT\u003c/h4\u003e\n        \u003cdiv\u003e\n            You will enjoy a 10-15 minute driving experience on a predetermined route on both city streets and the highway. The whole experience from check-in to drive completion should last about 25-30 minutes. Please arrive 5 minutes prior to your drive time.\n        \u003c/div\u003e\n        \u003c/div\u003e\n    \u003c/div\u003e\n    \u003cdiv\u003e\n        \u003cdiv style=\"padding-left: 25px; padding-right:25px;\"\u003e\n            \u003ch4\u003eTHINGS TO BRING\u003c/h4\u003e\n            \u003cdiv\u003e\n                All you need to bring is your valid driver’s license and your confirmation code. It’s that easy!\n            \u003c/div\u003e\n        \u003c/div\u003e\n    \u003c/div\u003e\n    \u003cdiv\u003e\n        \u003cdiv style=\"padding-left: 25px; padding-right:25px; padding-bottom:25px;\"\u003e\n            \u003ch4\u003eHOW TO GET THERE\u003c/h4\u003e\n            \u003cdiv\u003e\n                The Smart Columbus Experience Center is located at\n                    \u003ca style=\"color: #e72577; font-weight: 600;\"\n                       href=\"https://www.google.com/maps/place/170+S+Civic+Center+Dr,+Columbus,+OH+43215\"\n                       target=\"_blank\"\u003e170 S Civic Center Dr. Columbus, OH 43215\u003c/a\u003e\n                - in the heart of downtown right on the Scioto Mile. The Center is accessible via bicycle, COTA, ride-hailing services, and more smart mobility options. If you drive, there is metered street parking and the Columbus Commons parking garage (about a 7-minute walk from the Center).\n            \u003c/div\u003e\n        \u003c/div\u003e\n    \u003c/div\u003e\n    \u003cdiv\u003e\n        \u003cdiv style=\"padding-left: 25px; padding-right:25px; padding-bottom:25px;\"\u003e\n            \u003ch4\u003eWHAT TO EXPECT\u003c/h4\u003e\n            \u003cdiv\u003e\n                \u003cp\u003e1. First, check-in at the reception desk located in the Experience Center.\u003c/p\u003e\n                \u003cp\u003e2. Then the experience begins! A Smart Columbus Ambassador will introduce you to the vehicle you registered to drive and direct you on the route, while answering your questions about your vehicle and EVs in general. Feel free to bring a friend to ride along! Please note, children requiring a car seat are not permitted to ride.\u003c/p\u003e\n                \u003cp\u003e3. After your drive, you will complete a quick post-drive survey to inform anonymized, cutting edge research on EV technology and adoption! \u003c/p\u003e\n                \u003cp\u003e4. After your drive is complete, feel free to check out our highly interactive and educational exhibits on the future of smart mobility located in the Experience Center.\u003c/p\u003e\n            \u003c/div\u003e\n        \u003c/div\u003e\n    \u003c/div\u003e\n\n    \u003cdiv id=\"footer\" style=\"background: #252525\"\u003e\n        \u003cdiv style=\"color: #ffffff; padding: 25px\"\u003e\n            You are encouraged to share your experience via social media and tag us- @smartcbus or #smartcbus. Sign up for our newsletter here to keep up with Smart Columbus! If you have any additional questions before you drive, please reach out to us at \u003ca style=\"color: #e72577\" href=\"mailto:as@columbuspartnership.com\" target=\"_blank\"\u003eas@columbuspartnership.com\u003c/a\u003e.\n\n\n        \u003c/div\u003e\n    \u003c/div\u003e\n\u003c/div\u003e\n\n\n\u003c/body\u003e\n\u003c/html\u003e",
                            "id": "dev_ConfirmationTemplate",
                            "name": "dev_ConfirmationTemplate",
                            "subject": "Your EV Test Drive Confirmation",
                            "text": "{{confirmation_number}}\nYour confirmation code used at Check-in\nStatus Driver\nScheduled Drive Time {{formatted_drive_time}}\nVehicle {{vehicle}} - {{msrp}}*\n*Tax credit (varies in size by vehicle)\n\nAs a driver, we want to make sure you have the best Test Drive experience possible. In order to do so, please review the following regarding what to expect during your experience and other fun details we have in store for you!\nTIME COMMITMENT\nYou will enjoy a 10-15 minute driving experience on a predetermined route on both city streets and the highway. The whole experience from check-in to drive completion should last about 25-30 minutes. Please arrive 5 minutes prior to your drive time.\nTHINGS TO BRING\nAll you need to bring is your valid driver’s license and your confirmation code. It’s that easy!\nHOW TO GET THERE\nThe Smart Columbus Experience Center is located at 170 S Civic Center Dr. Columbus, OH 43215 - in the heart of downtown right on the Scioto Mile. The Center is accessible via bicycle, COTA, ride-hailing services, and more smart mobility options. If you drive, there is metered street parking and the Columbus Commons parking garage (about a 7-minute walk from the Center).\nWHAT TO EXPECT\n1. First, check-in at the reception desk located in the Experience Center.\n\n2. Then the experience begins! A Smart Columbus Ambassador will introduce you to the vehicle you registered to drive and direct you on the route, while answering your questions about your vehicle and EVs in general. Feel free to bring a friend to ride along! Please note, children requiring a car seat are not permitted to ride.\n\n3. After your drive, you will complete a quick post-drive survey to inform anonymized, cutting edge research on EV technology and adoption!\n\n4. After your drive is complete, feel free to check out our highly interactive and educational exhibits on the future of smart mobility located in the Experience Center.\n\nYou are encouraged to share your experience via social media and tag us- @smartcbus or #smartcbus. Sign up for our newsletter here to keep up with Smart Columbus! If you have any additional questions before you drive, please reach out to us at as@columbuspartnership.com."
                        },
                        "meta": {},
                        "tainted": false
                    },
                    "deposed": [],
                    "provider": "provider.aws"
                },
                "aws_subnet.Subnet1": {
                    "type": "aws_subnet",
                    "depends_on": [],
                    "primary": {
                        "id": "subnet-03c7861ea185f8b10",
                        "attributes": {
                            "arn": "arn:aws:ec2:us-west-2:722431446741:subnet/subnet-03c7861ea185f8b10",
                            "assign_ipv6_address_on_creation": "false",
                            "availability_zone": "us-west-2a",
                            "cidr_block": "172.31.96.0/20",
                            "id": "subnet-03c7861ea185f8b10",
                            "map_public_ip_on_launch": "true",
                            "tags.%": "1",
                            "tags.Name": "Subnet1",
                            "vpc_id": "vpc-06d7dc7f"
                        },
                        "meta": {
                            "schema_version": "1"
                        },
                        "tainted": false
                    },
                    "deposed": [],
                    "provider": "provider.aws"
                },
                "aws_subnet.Subnet2": {
                    "type": "aws_subnet",
                    "depends_on": [],
                    "primary": {
                        "id": "subnet-051a0994aa493db79",
                        "attributes": {
                            "arn": "arn:aws:ec2:us-west-2:722431446741:subnet/subnet-051a0994aa493db79",
                            "assign_ipv6_address_on_creation": "false",
                            "availability_zone": "us-west-2b",
                            "cidr_block": "172.31.112.0/20",
                            "id": "subnet-051a0994aa493db79",
                            "map_public_ip_on_launch": "true",
                            "tags.%": "1",
                            "tags.Name": "Subnet2",
                            "vpc_id": "vpc-06d7dc7f"
                        },
                        "meta": {
                            "schema_version": "1"
                        },
                        "tainted": false
                    },
                    "deposed": [],
                    "provider": "provider.aws"
                },
                "aws_subnet.Subnet3": {
                    "type": "aws_subnet",
                    "depends_on": [],
                    "primary": {
                        "id": "subnet-097f5187a61c57b65",
                        "attributes": {
                            "arn": "arn:aws:ec2:us-west-2:722431446741:subnet/subnet-097f5187a61c57b65",
                            "assign_ipv6_address_on_creation": "false",
                            "availability_zone": "us-west-2c",
                            "cidr_block": "172.31.128.0/20",
                            "id": "subnet-097f5187a61c57b65",
                            "map_public_ip_on_launch": "true",
                            "tags.%": "1",
                            "tags.Name": "Subnet3",
                            "vpc_id": "vpc-06d7dc7f"
                        },
                        "meta": {
                            "schema_version": "1"
                        },
                        "tainted": false
                    },
                    "deposed": [],
                    "provider": "provider.aws"
                },
                "aws_subnet.Subnet4": {
                    "type": "aws_subnet",
                    "depends_on": [],
                    "primary": {
                        "id": "subnet-0a76f5027ee6384dc",
                        "attributes": {
                            "arn": "arn:aws:ec2:us-west-2:722431446741:subnet/subnet-0a76f5027ee6384dc",
                            "assign_ipv6_address_on_creation": "false",
                            "availability_zone": "us-west-2a",
                            "cidr_block": "172.31.144.0/20",
                            "id": "subnet-0a76f5027ee6384dc",
                            "map_public_ip_on_launch": "true",
                            "tags.%": "1",
                            "tags.Name": "Subnet4",
                            "vpc_id": "vpc-06d7dc7f"
                        },
                        "meta": {
                            "schema_version": "1"
                        },
                        "tainted": false
                    },
                    "deposed": [],
                    "provider": "provider.aws"
                },
                "data.aws_iam_policy_document.JobMonthlyEmailAnalytics_policy": {
                    "type": "aws_iam_policy_document",
                    "depends_on": [
                        "aws_ses_domain_identity.drivesmart_email"
                    ],
                    "primary": {
                        "id": "2046205681",
                        "attributes": {
                            "id": "2046205681",
                            "json": "{\n  \"Version\": \"2012-10-17\",\n  \"Statement\": [\n    {\n      \"Sid\": \"\",\n      \"Effect\": \"Allow\",\n      \"Action\": \"ses:SendRawEmail\",\n      \"Resource\": \"arn:aws:ses:us-west-2:722431446741:identity/no-reply@devdrivesmartcbus.com\"\n    }\n  ]\n}",
                            "statement.#": "1",
                            "statement.0.actions.#": "1",
                            "statement.0.actions.3871662503": "ses:SendRawEmail",
                            "statement.0.condition.#": "0",
                            "statement.0.effect": "Allow",
                            "statement.0.not_actions.#": "0",
                            "statement.0.not_principals.#": "0",
                            "statement.0.not_resources.#": "0",
                            "statement.0.principals.#": "0",
                            "statement.0.resources.#": "1",
                            "statement.0.resources.1781141832": "arn:aws:ses:us-west-2:722431446741:identity/no-reply@devdrivesmartcbus.com",
                            "statement.0.sid": ""
                        },
                        "meta": {},
                        "tainted": false
                    },
                    "deposed": [],
                    "provider": "provider.aws"
                },
                "data.aws_iam_policy_document.JobReleaseTimeSlots_policy": {
                    "type": "aws_iam_policy_document",
                    "depends_on": [
                        "aws_ses_domain_identity.drivesmart_email"
                    ],
                    "primary": {
                        "id": "3765640001",
                        "attributes": {
                            "id": "3765640001",
                            "json": "{\n  \"Version\": \"2012-10-17\",\n  \"Statement\": [\n    {\n      \"Sid\": \"\",\n      \"Effect\": \"Allow\",\n      \"Action\": \"ses:SendTemplatedEmail\",\n      \"Resource\": \"arn:aws:ses:us-west-2:722431446741:identity/no-reply@devdrivesmartcbus.com\"\n    }\n  ]\n}",
                            "statement.#": "1",
                            "statement.0.actions.#": "1",
                            "statement.0.actions.428874798": "ses:SendTemplatedEmail",
                            "statement.0.condition.#": "0",
                            "statement.0.effect": "Allow",
                            "statement.0.not_actions.#": "0",
                            "statement.0.not_principals.#": "0",
                            "statement.0.not_resources.#": "0",
                            "statement.0.principals.#": "0",
                            "statement.0.resources.#": "1",
                            "statement.0.resources.1781141832": "arn:aws:ses:us-west-2:722431446741:identity/no-reply@devdrivesmartcbus.com",
                            "statement.0.sid": ""
                        },
                        "meta": {},
                        "tainted": false
                    },
                    "deposed": [],
                    "provider": "provider.aws"
                },
                "data.aws_iam_policy_document.JobSendConfirmationEmail_policy": {
                    "type": "aws_iam_policy_document",
                    "depends_on": [
                        "aws_ses_domain_identity.drivesmart_email"
                    ],
                    "primary": {
                        "id": "3765640001",
                        "attributes": {
                            "id": "3765640001",
                            "json": "{\n  \"Version\": \"2012-10-17\",\n  \"Statement\": [\n    {\n      \"Sid\": \"\",\n      \"Effect\": \"Allow\",\n      \"Action\": \"ses:SendTemplatedEmail\",\n      \"Resource\": \"arn:aws:ses:us-west-2:722431446741:identity/no-reply@devdrivesmartcbus.com\"\n    }\n  ]\n}",
                            "statement.#": "1",
                            "statement.0.actions.#": "1",
                            "statement.0.actions.428874798": "ses:SendTemplatedEmail",
                            "statement.0.condition.#": "0",
                            "statement.0.effect": "Allow",
                            "statement.0.not_actions.#": "0",
                            "statement.0.not_principals.#": "0",
                            "statement.0.not_resources.#": "0",
                            "statement.0.principals.#": "0",
                            "statement.0.resources.#": "1",
                            "statement.0.resources.1781141832": "arn:aws:ses:us-west-2:722431446741:identity/no-reply@devdrivesmartcbus.com",
                            "statement.0.sid": ""
                        },
                        "meta": {},
                        "tainted": false
                    },
                    "deposed": [],
                    "provider": "provider.aws"
                },
                "data.aws_iam_policy_document.JobWeeklyEmailAnalytics_policy": {
                    "type": "aws_iam_policy_document",
                    "depends_on": [
                        "aws_ses_domain_identity.drivesmart_email"
                    ],
                    "primary": {
                        "id": "2046205681",
                        "attributes": {
                            "id": "2046205681",
                            "json": "{\n  \"Version\": \"2012-10-17\",\n  \"Statement\": [\n    {\n      \"Sid\": \"\",\n      \"Effect\": \"Allow\",\n      \"Action\": \"ses:SendRawEmail\",\n      \"Resource\": \"arn:aws:ses:us-west-2:722431446741:identity/no-reply@devdrivesmartcbus.com\"\n    }\n  ]\n}",
                            "statement.#": "1",
                            "statement.0.actions.#": "1",
                            "statement.0.actions.3871662503": "ses:SendRawEmail",
                            "statement.0.condition.#": "0",
                            "statement.0.effect": "Allow",
                            "statement.0.not_actions.#": "0",
                            "statement.0.not_principals.#": "0",
                            "statement.0.not_resources.#": "0",
                            "statement.0.principals.#": "0",
                            "statement.0.resources.#": "1",
                            "statement.0.resources.1781141832": "arn:aws:ses:us-west-2:722431446741:identity/no-reply@devdrivesmartcbus.com",
                            "statement.0.sid": ""
                        },
                        "meta": {},
                        "tainted": false
                    },
                    "deposed": [],
                    "provider": "provider.aws"
                },
                "data.aws_iam_policy_document.bucket_policy": {
                    "type": "aws_iam_policy_document",
                    "depends_on": [
                        "aws_cloudfront_origin_access_identity.origin_access_identity"
                    ],
                    "primary": {
                        "id": "1839719021",
                        "attributes": {
                            "id": "1839719021",
                            "json": "{\n  \"Version\": \"2012-10-17\",\n  \"Statement\": [\n    {\n      \"Sid\": \"\",\n      \"Effect\": \"Allow\",\n      \"Action\": \"s3:GetObject\",\n      \"Resource\": \"arn:aws:s3:::dev-smart-experience-web/*\",\n      \"Principal\": {\n        \"AWS\": \"arn:aws:iam::cloudfront:user/CloudFront Origin Access Identity E2A9WRBO0RLNEV\"\n      }\n    }\n  ]\n}",
                            "statement.#": "1",
                            "statement.0.actions.#": "1",
                            "statement.0.actions.2071725391": "s3:GetObject",
                            "statement.0.condition.#": "0",
                            "statement.0.effect": "Allow",
                            "statement.0.not_actions.#": "0",
                            "statement.0.not_principals.#": "0",
                            "statement.0.not_resources.#": "0",
                            "statement.0.principals.#": "1",
                            "statement.0.principals.1714524648.identifiers.#": "1",
                            "statement.0.principals.1714524648.identifiers.1078533274": "arn:aws:iam::cloudfront:user/CloudFront Origin Access Identity E2A9WRBO0RLNEV",
                            "statement.0.principals.1714524648.type": "AWS",
                            "statement.0.resources.#": "1",
                            "statement.0.resources.1486579971": "arn:aws:s3:::dev-smart-experience-web/*",
                            "statement.0.sid": ""
                        },
                        "meta": {},
                        "tainted": false
                    },
                    "deposed": [],
                    "provider": "provider.aws"
                },
                "data.aws_iam_policy_document.bucket_policy_for_emails": {
                    "type": "aws_iam_policy_document",
                    "depends_on": [],
                    "primary": {
                        "id": "1200285137",
                        "attributes": {
                            "id": "1200285137",
                            "json": "{\n  \"Version\": \"2012-10-17\",\n  \"Statement\": [\n    {\n      \"Sid\": \"\",\n      \"Effect\": \"Allow\",\n      \"Action\": \"s3:PutObject\",\n      \"Resource\": \"arn:aws:s3:::dev-smart-experience-emails/*\",\n      \"Principal\": {\n        \"Service\": \"ses.amazonaws.com\"\n      },\n      \"Condition\": {\n        \"StringEquals\": {\n          \"aws:Referer\": \"722431446741\"\n        }\n      }\n    }\n  ]\n}",
                            "statement.#": "1",
                            "statement.0.actions.#": "1",
                            "statement.0.actions.315547055": "s3:PutObject",
                            "statement.0.condition.#": "1",
                            "statement.0.condition.2864098311.test": "StringEquals",
                            "statement.0.condition.2864098311.values.#": "1",
                            "statement.0.condition.2864098311.values.382177307": "722431446741",
                            "statement.0.condition.2864098311.variable": "aws:Referer",
                            "statement.0.effect": "Allow",
                            "statement.0.not_actions.#": "0",
                            "statement.0.not_principals.#": "0",
                            "statement.0.not_resources.#": "0",
                            "statement.0.principals.#": "1",
                            "statement.0.principals.1693852319.identifiers.#": "1",
                            "statement.0.principals.1693852319.identifiers.3725946869": "ses.amazonaws.com",
                            "statement.0.principals.1693852319.type": "Service",
                            "statement.0.resources.#": "1",
                            "statement.0.resources.4089284213": "arn:aws:s3:::dev-smart-experience-emails/*",
                            "statement.0.sid": ""
                        },
                        "meta": {},
                        "tainted": false
                    },
                    "deposed": [],
                    "provider": "provider.aws"
                }
            },
            "depends_on": []
        },
        {
            "path": [
                "root",
                "ApiAddExceptionFunction"
            ],
            "outputs": {
                "arn": {
                    "sensitive": false,
                    "type": "string",
                    "value": "arn:aws:lambda:us-west-2:722431446741:function:dev_ApiAddException"
                },
                "invoke_arn": {
                    "sensitive": false,
                    "type": "string",
                    "value": "arn:aws:apigateway:us-west-2:lambda:path/2015-03-31/functions/arn:aws:lambda:us-west-2:722431446741:function:dev_ApiAddException/invocations"
                }
            },
            "resources": {
                "aws_cloudwatch_log_group.function": {
                    "type": "aws_cloudwatch_log_group",
                    "depends_on": [],
                    "primary": {
                        "id": "/aws/lambda/dev_ApiAddException",
                        "attributes": {
                            "arn": "arn:aws:logs:us-west-2:722431446741:log-group:/aws/lambda/dev_ApiAddException:*",
                            "id": "/aws/lambda/dev_ApiAddException",
                            "kms_key_id": "",
                            "name": "/aws/lambda/dev_ApiAddException",
                            "retention_in_days": "3",
                            "tags.%": "0"
                        },
                        "meta": {},
                        "tainted": false
                    },
                    "deposed": [],
                    "provider": "provider.aws"
                },
                "aws_lambda_function.function": {
                    "type": "aws_lambda_function",
                    "depends_on": [],
                    "primary": {
                        "id": "dev_ApiAddException",
                        "attributes": {
                            "arn": "arn:aws:lambda:us-west-2:722431446741:function:dev_ApiAddException",
                            "dead_letter_config.#": "0",
                            "description": "Api to add an exception",
                            "environment.#": "1",
                            "environment.0.variables.%": "3",
                            "environment.0.variables.host": "smartexperience.cynqqjdixddg.us-west-2.rds.amazonaws.com",
                            "environment.0.variables.password": "pekd84ldam3kd01",
                            "environment.0.variables.user": "smrt",
                            "function_name": "dev_ApiAddException",
                            "handler": "src/api/admin/AddException.handler",
                            "id": "dev_ApiAddException",
                            "invoke_arn": "arn:aws:apigateway:us-west-2:lambda:path/2015-03-31/functions/arn:aws:lambda:us-west-2:722431446741:function:dev_ApiAddException/invocations",
                            "kms_key_arn": "",
                            "last_modified": "2018-10-22T14:37:23.343+0000",
                            "memory_size": "128",
                            "publish": "false",
                            "qualified_arn": "arn:aws:lambda:us-west-2:722431446741:function:dev_ApiAddException:$LATEST",
                            "reserved_concurrent_executions": "0",
                            "role": "arn:aws:iam::722431446741:role/dev_ApiAddExceptionRole",
                            "runtime": "nodejs8.10",
                            "s3_bucket": "dev-smart-experience-artifact-repo",
                            "s3_key": "lambdas.zip",
                            "source_code_hash": "uBMfhm3o7Yj28ZdrXwLXrd+xYTQj39hhAOROaxwD4Z4=",
                            "source_code_size": "3288722",
                            "tags.%": "0",
                            "timeout": "10",
                            "tracing_config.#": "1",
                            "tracing_config.0.mode": "PassThrough",
                            "version": "$LATEST",
                            "vpc_config.#": "1",
                            "vpc_config.0.security_group_ids.#": "1",
                            "vpc_config.0.security_group_ids.1883674524": "sg-0771bd1f7389bc87e",
                            "vpc_config.0.subnet_ids.#": "2",
                            "vpc_config.0.subnet_ids.2232752913": "subnet-097f5187a61c57b65",
                            "vpc_config.0.subnet_ids.2986459562": "subnet-051a0994aa493db79",
                            "vpc_config.0.vpc_id": "vpc-06d7dc7f"
                        },
                        "meta": {},
                        "tainted": false
                    },
                    "deposed": [],
                    "provider": "provider.aws"
                }
            },
            "depends_on": []
        },
        {
            "path": [
                "root",
                "ApiAddExceptionRole"
            ],
            "outputs": {
                "arn": {
                    "sensitive": false,
                    "type": "string",
                    "value": "arn:aws:iam::722431446741:role/dev_ApiAddExceptionRole"
                },
                "name": {
                    "sensitive": false,
                    "type": "string",
                    "value": "dev_ApiAddExceptionRole"
                }
            },
            "resources": {
                "aws_iam_policy.lambda_logging_policy": {
                    "type": "aws_iam_policy",
                    "depends_on": [
                        "data.aws_iam_policy_document.logging_policy_statement"
                    ],
                    "primary": {
                        "id": "arn:aws:iam::722431446741:policy/logging_policy_for_dev_ApiAddExceptionRole",
                        "attributes": {
                            "arn": "arn:aws:iam::722431446741:policy/logging_policy_for_dev_ApiAddExceptionRole",
                            "description": "Allows AWS Lambda to create and write logs",
                            "id": "arn:aws:iam::722431446741:policy/logging_policy_for_dev_ApiAddExceptionRole",
                            "name": "logging_policy_for_dev_ApiAddExceptionRole",
                            "path": "/",
                            "policy": "{\n  \"Version\": \"2012-10-17\",\n  \"Statement\": [\n    {\n      \"Sid\": \"\",\n      \"Effect\": \"Allow\",\n      \"Action\": [\n        \"logs:PutLogEvents\",\n        \"logs:CreateLogStream\",\n        \"logs:CreateLogGroup\"\n      ],\n      \"Resource\": \"arn:aws:logs:*:*:*\"\n    }\n  ]\n}"
                        },
                        "meta": {},
                        "tainted": false
                    },
                    "deposed": [],
                    "provider": "provider.aws"
                },
                "aws_iam_role.role": {
                    "type": "aws_iam_role",
                    "depends_on": [
                        "data.aws_iam_policy_document.lambda_policy"
                    ],
                    "primary": {
                        "id": "dev_ApiAddExceptionRole",
                        "attributes": {
                            "arn": "arn:aws:iam::722431446741:role/dev_ApiAddExceptionRole",
                            "assume_role_policy": "{\"Version\":\"2012-10-17\",\"Statement\":[{\"Sid\":\"\",\"Effect\":\"Allow\",\"Principal\":{\"Service\":[\"apigateway.amazonaws.com\",\"lambda.amazonaws.com\"]},\"Action\":\"sts:AssumeRole\"}]}",
                            "create_date": "2018-10-11T17:14:09Z",
                            "description": "",
                            "force_detach_policies": "false",
                            "id": "dev_ApiAddExceptionRole",
                            "max_session_duration": "3600",
                            "name": "dev_ApiAddExceptionRole",
                            "path": "/",
                            "unique_id": "AROAIRICLGTFGNACZKY26"
                        },
                        "meta": {},
                        "tainted": false
                    },
                    "deposed": [],
                    "provider": "provider.aws"
                },
                "aws_iam_role_policy_attachment.Attach_Logging_Role": {
                    "type": "aws_iam_role_policy_attachment",
                    "depends_on": [
                        "aws_iam_policy.lambda_logging_policy",
                        "aws_iam_role.role"
                    ],
                    "primary": {
                        "id": "dev_ApiAddExceptionRole-20181011171410680100000003",
                        "attributes": {
                            "id": "dev_ApiAddExceptionRole-20181011171410680100000003",
                            "policy_arn": "arn:aws:iam::722431446741:policy/logging_policy_for_dev_ApiAddExceptionRole",
                            "role": "dev_ApiAddExceptionRole"
                        },
                        "meta": {},
                        "tainted": false
                    },
                    "deposed": [],
                    "provider": "provider.aws"
                },
                "aws_iam_role_policy_attachment.Attach_VPC_Policy": {
                    "type": "aws_iam_role_policy_attachment",
                    "depends_on": [
                        "aws_iam_role.role"
                    ],
                    "primary": {
                        "id": "dev_ApiAddExceptionRole-20181011171410543100000001",
                        "attributes": {
                            "id": "dev_ApiAddExceptionRole-20181011171410543100000001",
                            "policy_arn": "arn:aws:iam::aws:policy/service-role/AWSLambdaVPCAccessExecutionRole",
                            "role": "dev_ApiAddExceptionRole"
                        },
                        "meta": {},
                        "tainted": false
                    },
                    "deposed": [],
                    "provider": "provider.aws"
                },
                "data.aws_iam_policy_document.lambda_policy": {
                    "type": "aws_iam_policy_document",
                    "depends_on": [],
                    "primary": {
                        "id": "3127519745",
                        "attributes": {
                            "id": "3127519745",
                            "json": "{\n  \"Version\": \"2012-10-17\",\n  \"Statement\": [\n    {\n      \"Sid\": \"\",\n      \"Effect\": \"Allow\",\n      \"Action\": \"sts:AssumeRole\",\n      \"Principal\": {\n        \"Service\": [\n          \"lambda.amazonaws.com\",\n          \"apigateway.amazonaws.com\"\n        ]\n      }\n    }\n  ]\n}",
                            "statement.#": "1",
                            "statement.0.actions.#": "1",
                            "statement.0.actions.2528466339": "sts:AssumeRole",
                            "statement.0.condition.#": "0",
                            "statement.0.effect": "Allow",
                            "statement.0.not_actions.#": "0",
                            "statement.0.not_principals.#": "0",
                            "statement.0.not_resources.#": "0",
                            "statement.0.principals.#": "1",
                            "statement.0.principals.1632598396.identifiers.#": "2",
                            "statement.0.principals.1632598396.identifiers.1175233861": "apigateway.amazonaws.com",
                            "statement.0.principals.1632598396.identifiers.2638019528": "lambda.amazonaws.com",
                            "statement.0.principals.1632598396.type": "Service",
                            "statement.0.resources.#": "0",
                            "statement.0.sid": ""
                        },
                        "meta": {},
                        "tainted": false
                    },
                    "deposed": [],
                    "provider": "provider.aws"
                },
                "data.aws_iam_policy_document.logging_policy_statement": {
                    "type": "aws_iam_policy_document",
                    "depends_on": [],
                    "primary": {
                        "id": "4063422367",
                        "attributes": {
                            "id": "4063422367",
                            "json": "{\n  \"Version\": \"2012-10-17\",\n  \"Statement\": [\n    {\n      \"Sid\": \"\",\n      \"Effect\": \"Allow\",\n      \"Action\": [\n        \"logs:PutLogEvents\",\n        \"logs:CreateLogStream\",\n        \"logs:CreateLogGroup\"\n      ],\n      \"Resource\": \"arn:aws:logs:*:*:*\"\n    }\n  ]\n}",
                            "statement.#": "1",
                            "statement.0.actions.#": "3",
                            "statement.0.actions.2809485102": "logs:CreateLogGroup",
                            "statement.0.actions.3285979848": "logs:CreateLogStream",
                            "statement.0.actions.39743051": "logs:PutLogEvents",
                            "statement.0.condition.#": "0",
                            "statement.0.effect": "Allow",
                            "statement.0.not_actions.#": "0",
                            "statement.0.not_principals.#": "0",
                            "statement.0.not_resources.#": "0",
                            "statement.0.principals.#": "0",
                            "statement.0.resources.#": "1",
                            "statement.0.resources.162423377": "arn:aws:logs:*:*:*",
                            "statement.0.sid": ""
                        },
                        "meta": {},
                        "tainted": false
                    },
                    "deposed": [],
                    "provider": "provider.aws"
                }
            },
            "depends_on": []
        },
        {
            "path": [
                "root",
                "ApiCancelDriveFunction"
            ],
            "outputs": {
                "arn": {
                    "sensitive": false,
                    "type": "string",
                    "value": "arn:aws:lambda:us-west-2:722431446741:function:dev_ApiCancelDrive"
                },
                "invoke_arn": {
                    "sensitive": false,
                    "type": "string",
                    "value": "arn:aws:apigateway:us-west-2:lambda:path/2015-03-31/functions/arn:aws:lambda:us-west-2:722431446741:function:dev_ApiCancelDrive/invocations"
                }
            },
            "resources": {
                "aws_cloudwatch_log_group.function": {
                    "type": "aws_cloudwatch_log_group",
                    "depends_on": [],
                    "primary": {
                        "id": "/aws/lambda/dev_ApiCancelDrive",
                        "attributes": {
                            "arn": "arn:aws:logs:us-west-2:722431446741:log-group:/aws/lambda/dev_ApiCancelDrive:*",
                            "id": "/aws/lambda/dev_ApiCancelDrive",
                            "kms_key_id": "",
                            "name": "/aws/lambda/dev_ApiCancelDrive",
                            "retention_in_days": "3",
                            "tags.%": "0"
                        },
                        "meta": {},
                        "tainted": false
                    },
                    "deposed": [],
                    "provider": "provider.aws"
                },
                "aws_lambda_function.function": {
                    "type": "aws_lambda_function",
                    "depends_on": [],
                    "primary": {
                        "id": "dev_ApiCancelDrive",
                        "attributes": {
                            "arn": "arn:aws:lambda:us-west-2:722431446741:function:dev_ApiCancelDrive",
                            "dead_letter_config.#": "0",
                            "description": "Api to Cancel the drive",
                            "environment.#": "1",
                            "environment.0.variables.%": "3",
                            "environment.0.variables.host": "smartexperience.cynqqjdixddg.us-west-2.rds.amazonaws.com",
                            "environment.0.variables.password": "pekd84ldam3kd01",
                            "environment.0.variables.user": "smrt",
                            "function_name": "dev_ApiCancelDrive",
                            "handler": "src/api/CancelDrive.handler",
                            "id": "dev_ApiCancelDrive",
                            "invoke_arn": "arn:aws:apigateway:us-west-2:lambda:path/2015-03-31/functions/arn:aws:lambda:us-west-2:722431446741:function:dev_ApiCancelDrive/invocations",
                            "kms_key_arn": "",
                            "last_modified": "2018-10-22T14:37:15.933+0000",
                            "memory_size": "128",
                            "publish": "false",
                            "qualified_arn": "arn:aws:lambda:us-west-2:722431446741:function:dev_ApiCancelDrive:$LATEST",
                            "reserved_concurrent_executions": "0",
                            "role": "arn:aws:iam::722431446741:role/dev_ApiCancelDriveRole",
                            "runtime": "nodejs8.10",
                            "s3_bucket": "dev-smart-experience-artifact-repo",
                            "s3_key": "lambdas.zip",
                            "source_code_hash": "uBMfhm3o7Yj28ZdrXwLXrd+xYTQj39hhAOROaxwD4Z4=",
                            "source_code_size": "3288722",
                            "tags.%": "0",
                            "timeout": "10",
                            "tracing_config.#": "1",
                            "tracing_config.0.mode": "PassThrough",
                            "version": "$LATEST",
                            "vpc_config.#": "1",
                            "vpc_config.0.security_group_ids.#": "1",
                            "vpc_config.0.security_group_ids.1883674524": "sg-0771bd1f7389bc87e",
                            "vpc_config.0.subnet_ids.#": "2",
                            "vpc_config.0.subnet_ids.2232752913": "subnet-097f5187a61c57b65",
                            "vpc_config.0.subnet_ids.2986459562": "subnet-051a0994aa493db79",
                            "vpc_config.0.vpc_id": "vpc-06d7dc7f"
                        },
                        "meta": {},
                        "tainted": false
                    },
                    "deposed": [],
                    "provider": "provider.aws"
                }
            },
            "depends_on": []
        },
        {
            "path": [
                "root",
                "ApiCancelDriveRole"
            ],
            "outputs": {
                "arn": {
                    "sensitive": false,
                    "type": "string",
                    "value": "arn:aws:iam::722431446741:role/dev_ApiCancelDriveRole"
                },
                "name": {
                    "sensitive": false,
                    "type": "string",
                    "value": "dev_ApiCancelDriveRole"
                }
            },
            "resources": {
                "aws_iam_policy.lambda_logging_policy": {
                    "type": "aws_iam_policy",
                    "depends_on": [
                        "data.aws_iam_policy_document.logging_policy_statement"
                    ],
                    "primary": {
                        "id": "arn:aws:iam::722431446741:policy/logging_policy_for_dev_ApiCancelDriveRole",
                        "attributes": {
                            "arn": "arn:aws:iam::722431446741:policy/logging_policy_for_dev_ApiCancelDriveRole",
                            "description": "Allows AWS Lambda to create and write logs",
                            "id": "arn:aws:iam::722431446741:policy/logging_policy_for_dev_ApiCancelDriveRole",
                            "name": "logging_policy_for_dev_ApiCancelDriveRole",
                            "path": "/",
                            "policy": "{\n  \"Version\": \"2012-10-17\",\n  \"Statement\": [\n    {\n      \"Sid\": \"\",\n      \"Effect\": \"Allow\",\n      \"Action\": [\n        \"logs:PutLogEvents\",\n        \"logs:CreateLogStream\",\n        \"logs:CreateLogGroup\"\n      ],\n      \"Resource\": \"arn:aws:logs:*:*:*\"\n    }\n  ]\n}"
                        },
                        "meta": {},
                        "tainted": false
                    },
                    "deposed": [],
                    "provider": "provider.aws"
                },
                "aws_iam_role.role": {
                    "type": "aws_iam_role",
                    "depends_on": [
                        "data.aws_iam_policy_document.lambda_policy"
                    ],
                    "primary": {
                        "id": "dev_ApiCancelDriveRole",
                        "attributes": {
                            "arn": "arn:aws:iam::722431446741:role/dev_ApiCancelDriveRole",
                            "assume_role_policy": "{\"Version\":\"2012-10-17\",\"Statement\":[{\"Sid\":\"\",\"Effect\":\"Allow\",\"Principal\":{\"Service\":[\"lambda.amazonaws.com\",\"apigateway.amazonaws.com\"]},\"Action\":\"sts:AssumeRole\"}]}",
                            "create_date": "2018-09-24T15:32:00Z",
                            "description": "",
                            "force_detach_policies": "false",
                            "id": "dev_ApiCancelDriveRole",
                            "max_session_duration": "3600",
                            "name": "dev_ApiCancelDriveRole",
                            "path": "/",
                            "unique_id": "AROAJYI5OFEQAQ52MKWCQ"
                        },
                        "meta": {},
                        "tainted": false
                    },
                    "deposed": [],
                    "provider": "provider.aws"
                },
                "aws_iam_role_policy_attachment.Attach_Logging_Role": {
                    "type": "aws_iam_role_policy_attachment",
                    "depends_on": [
                        "aws_iam_policy.lambda_logging_policy",
                        "aws_iam_role.role"
                    ],
                    "primary": {
                        "id": "dev_ApiCancelDriveRole-2018092415321795320000001a",
                        "attributes": {
                            "id": "dev_ApiCancelDriveRole-2018092415321795320000001a",
                            "policy_arn": "arn:aws:iam::722431446741:policy/logging_policy_for_dev_ApiCancelDriveRole",
                            "role": "dev_ApiCancelDriveRole"
                        },
                        "meta": {},
                        "tainted": false
                    },
                    "deposed": [],
                    "provider": "provider.aws"
                },
                "aws_iam_role_policy_attachment.Attach_VPC_Policy": {
                    "type": "aws_iam_role_policy_attachment",
                    "depends_on": [
                        "aws_iam_role.role"
                    ],
                    "primary": {
                        "id": "dev_ApiCancelDriveRole-2018092415321582000000000e",
                        "attributes": {
                            "id": "dev_ApiCancelDriveRole-2018092415321582000000000e",
                            "policy_arn": "arn:aws:iam::aws:policy/service-role/AWSLambdaVPCAccessExecutionRole",
                            "role": "dev_ApiCancelDriveRole"
                        },
                        "meta": {},
                        "tainted": false
                    },
                    "deposed": [],
                    "provider": "provider.aws"
                },
                "data.aws_iam_policy_document.lambda_policy": {
                    "type": "aws_iam_policy_document",
                    "depends_on": [],
                    "primary": {
                        "id": "3127519745",
                        "attributes": {
                            "id": "3127519745",
                            "json": "{\n  \"Version\": \"2012-10-17\",\n  \"Statement\": [\n    {\n      \"Sid\": \"\",\n      \"Effect\": \"Allow\",\n      \"Action\": \"sts:AssumeRole\",\n      \"Principal\": {\n        \"Service\": [\n          \"lambda.amazonaws.com\",\n          \"apigateway.amazonaws.com\"\n        ]\n      }\n    }\n  ]\n}",
                            "statement.#": "1",
                            "statement.0.actions.#": "1",
                            "statement.0.actions.2528466339": "sts:AssumeRole",
                            "statement.0.condition.#": "0",
                            "statement.0.effect": "Allow",
                            "statement.0.not_actions.#": "0",
                            "statement.0.not_principals.#": "0",
                            "statement.0.not_resources.#": "0",
                            "statement.0.principals.#": "1",
                            "statement.0.principals.1632598396.identifiers.#": "2",
                            "statement.0.principals.1632598396.identifiers.1175233861": "apigateway.amazonaws.com",
                            "statement.0.principals.1632598396.identifiers.2638019528": "lambda.amazonaws.com",
                            "statement.0.principals.1632598396.type": "Service",
                            "statement.0.resources.#": "0",
                            "statement.0.sid": ""
                        },
                        "meta": {},
                        "tainted": false
                    },
                    "deposed": [],
                    "provider": "provider.aws"
                },
                "data.aws_iam_policy_document.logging_policy_statement": {
                    "type": "aws_iam_policy_document",
                    "depends_on": [],
                    "primary": {
                        "id": "4063422367",
                        "attributes": {
                            "id": "4063422367",
                            "json": "{\n  \"Version\": \"2012-10-17\",\n  \"Statement\": [\n    {\n      \"Sid\": \"\",\n      \"Effect\": \"Allow\",\n      \"Action\": [\n        \"logs:PutLogEvents\",\n        \"logs:CreateLogStream\",\n        \"logs:CreateLogGroup\"\n      ],\n      \"Resource\": \"arn:aws:logs:*:*:*\"\n    }\n  ]\n}",
                            "statement.#": "1",
                            "statement.0.actions.#": "3",
                            "statement.0.actions.2809485102": "logs:CreateLogGroup",
                            "statement.0.actions.3285979848": "logs:CreateLogStream",
                            "statement.0.actions.39743051": "logs:PutLogEvents",
                            "statement.0.condition.#": "0",
                            "statement.0.effect": "Allow",
                            "statement.0.not_actions.#": "0",
                            "statement.0.not_principals.#": "0",
                            "statement.0.not_resources.#": "0",
                            "statement.0.principals.#": "0",
                            "statement.0.resources.#": "1",
                            "statement.0.resources.162423377": "arn:aws:logs:*:*:*",
                            "statement.0.sid": ""
                        },
                        "meta": {},
                        "tainted": false
                    },
                    "deposed": [],
                    "provider": "provider.aws"
                }
            },
            "depends_on": []
        },
        {
            "path": [
                "root",
                "ApiDeleteExceptionFunction"
            ],
            "outputs": {
                "arn": {
                    "sensitive": false,
                    "type": "string",
                    "value": "arn:aws:lambda:us-west-2:722431446741:function:dev_ApiDeleteException"
                },
                "invoke_arn": {
                    "sensitive": false,
                    "type": "string",
                    "value": "arn:aws:apigateway:us-west-2:lambda:path/2015-03-31/functions/arn:aws:lambda:us-west-2:722431446741:function:dev_ApiDeleteException/invocations"
                }
            },
            "resources": {
                "aws_cloudwatch_log_group.function": {
                    "type": "aws_cloudwatch_log_group",
                    "depends_on": [],
                    "primary": {
                        "id": "/aws/lambda/dev_ApiDeleteException",
                        "attributes": {
                            "arn": "arn:aws:logs:us-west-2:722431446741:log-group:/aws/lambda/dev_ApiDeleteException:*",
                            "id": "/aws/lambda/dev_ApiDeleteException",
                            "kms_key_id": "",
                            "name": "/aws/lambda/dev_ApiDeleteException",
                            "retention_in_days": "3",
                            "tags.%": "0"
                        },
                        "meta": {},
                        "tainted": false
                    },
                    "deposed": [],
                    "provider": "provider.aws"
                },
                "aws_lambda_function.function": {
                    "type": "aws_lambda_function",
                    "depends_on": [],
                    "primary": {
                        "id": "dev_ApiDeleteException",
                        "attributes": {
                            "arn": "arn:aws:lambda:us-west-2:722431446741:function:dev_ApiDeleteException",
                            "dead_letter_config.#": "0",
                            "description": "Api to delete an exception",
                            "environment.#": "1",
                            "environment.0.variables.%": "3",
                            "environment.0.variables.host": "smartexperience.cynqqjdixddg.us-west-2.rds.amazonaws.com",
                            "environment.0.variables.password": "pekd84ldam3kd01",
                            "environment.0.variables.user": "smrt",
                            "function_name": "dev_ApiDeleteException",
                            "handler": "src/api/admin/DeleteException.handler",
                            "id": "dev_ApiDeleteException",
                            "invoke_arn": "arn:aws:apigateway:us-west-2:lambda:path/2015-03-31/functions/arn:aws:lambda:us-west-2:722431446741:function:dev_ApiDeleteException/invocations",
                            "kms_key_arn": "",
                            "last_modified": "2018-10-22T14:37:24.371+0000",
                            "memory_size": "128",
                            "publish": "false",
                            "qualified_arn": "arn:aws:lambda:us-west-2:722431446741:function:dev_ApiDeleteException:$LATEST",
                            "reserved_concurrent_executions": "0",
                            "role": "arn:aws:iam::722431446741:role/dev_ApiDeleteExceptionRole",
                            "runtime": "nodejs8.10",
                            "s3_bucket": "dev-smart-experience-artifact-repo",
                            "s3_key": "lambdas.zip",
                            "source_code_hash": "uBMfhm3o7Yj28ZdrXwLXrd+xYTQj39hhAOROaxwD4Z4=",
                            "source_code_size": "3288722",
                            "tags.%": "0",
                            "timeout": "10",
                            "tracing_config.#": "1",
                            "tracing_config.0.mode": "PassThrough",
                            "version": "$LATEST",
                            "vpc_config.#": "1",
                            "vpc_config.0.security_group_ids.#": "1",
                            "vpc_config.0.security_group_ids.1883674524": "sg-0771bd1f7389bc87e",
                            "vpc_config.0.subnet_ids.#": "2",
                            "vpc_config.0.subnet_ids.2232752913": "subnet-097f5187a61c57b65",
                            "vpc_config.0.subnet_ids.2986459562": "subnet-051a0994aa493db79",
                            "vpc_config.0.vpc_id": "vpc-06d7dc7f"
                        },
                        "meta": {},
                        "tainted": false
                    },
                    "deposed": [],
                    "provider": "provider.aws"
                }
            },
            "depends_on": []
        },
        {
            "path": [
                "root",
                "ApiDeleteExceptionRole"
            ],
            "outputs": {
                "arn": {
                    "sensitive": false,
                    "type": "string",
                    "value": "arn:aws:iam::722431446741:role/dev_ApiDeleteExceptionRole"
                },
                "name": {
                    "sensitive": false,
                    "type": "string",
                    "value": "dev_ApiDeleteExceptionRole"
                }
            },
            "resources": {
                "aws_iam_policy.lambda_logging_policy": {
                    "type": "aws_iam_policy",
                    "depends_on": [
                        "data.aws_iam_policy_document.logging_policy_statement"
                    ],
                    "primary": {
                        "id": "arn:aws:iam::722431446741:policy/logging_policy_for_dev_ApiDeleteExceptionRole",
                        "attributes": {
                            "arn": "arn:aws:iam::722431446741:policy/logging_policy_for_dev_ApiDeleteExceptionRole",
                            "description": "Allows AWS Lambda to create and write logs",
                            "id": "arn:aws:iam::722431446741:policy/logging_policy_for_dev_ApiDeleteExceptionRole",
                            "name": "logging_policy_for_dev_ApiDeleteExceptionRole",
                            "path": "/",
                            "policy": "{\n  \"Version\": \"2012-10-17\",\n  \"Statement\": [\n    {\n      \"Sid\": \"\",\n      \"Effect\": \"Allow\",\n      \"Action\": [\n        \"logs:PutLogEvents\",\n        \"logs:CreateLogStream\",\n        \"logs:CreateLogGroup\"\n      ],\n      \"Resource\": \"arn:aws:logs:*:*:*\"\n    }\n  ]\n}"
                        },
                        "meta": {},
                        "tainted": false
                    },
                    "deposed": [],
                    "provider": "provider.aws"
                },
                "aws_iam_role.role": {
                    "type": "aws_iam_role",
                    "depends_on": [
                        "data.aws_iam_policy_document.lambda_policy"
                    ],
                    "primary": {
                        "id": "dev_ApiDeleteExceptionRole",
                        "attributes": {
                            "arn": "arn:aws:iam::722431446741:role/dev_ApiDeleteExceptionRole",
                            "assume_role_policy": "{\"Version\":\"2012-10-17\",\"Statement\":[{\"Sid\":\"\",\"Effect\":\"Allow\",\"Principal\":{\"Service\":[\"lambda.amazonaws.com\",\"apigateway.amazonaws.com\"]},\"Action\":\"sts:AssumeRole\"}]}",
                            "create_date": "2018-10-12T15:05:20Z",
                            "description": "",
                            "force_detach_policies": "false",
                            "id": "dev_ApiDeleteExceptionRole",
                            "max_session_duration": "3600",
                            "name": "dev_ApiDeleteExceptionRole",
                            "path": "/",
                            "unique_id": "AROAICGF6WTZDEE3T2W5K"
                        },
                        "meta": {},
                        "tainted": false
                    },
                    "deposed": [],
                    "provider": "provider.aws"
                },
                "aws_iam_role_policy_attachment.Attach_Logging_Role": {
                    "type": "aws_iam_role_policy_attachment",
                    "depends_on": [
                        "aws_iam_policy.lambda_logging_policy",
                        "aws_iam_role.role"
                    ],
                    "primary": {
                        "id": "dev_ApiDeleteExceptionRole-20181012150520777900000002",
                        "attributes": {
                            "id": "dev_ApiDeleteExceptionRole-20181012150520777900000002",
                            "policy_arn": "arn:aws:iam::722431446741:policy/logging_policy_for_dev_ApiDeleteExceptionRole",
                            "role": "dev_ApiDeleteExceptionRole"
                        },
                        "meta": {},
                        "tainted": false
                    },
                    "deposed": [],
                    "provider": "provider.aws"
                },
                "aws_iam_role_policy_attachment.Attach_VPC_Policy": {
                    "type": "aws_iam_role_policy_attachment",
                    "depends_on": [
                        "aws_iam_role.role"
                    ],
                    "primary": {
                        "id": "dev_ApiDeleteExceptionRole-20181012150520526600000001",
                        "attributes": {
                            "id": "dev_ApiDeleteExceptionRole-20181012150520526600000001",
                            "policy_arn": "arn:aws:iam::aws:policy/service-role/AWSLambdaVPCAccessExecutionRole",
                            "role": "dev_ApiDeleteExceptionRole"
                        },
                        "meta": {},
                        "tainted": false
                    },
                    "deposed": [],
                    "provider": "provider.aws"
                },
                "data.aws_iam_policy_document.lambda_policy": {
                    "type": "aws_iam_policy_document",
                    "depends_on": [],
                    "primary": {
                        "id": "3127519745",
                        "attributes": {
                            "id": "3127519745",
                            "json": "{\n  \"Version\": \"2012-10-17\",\n  \"Statement\": [\n    {\n      \"Sid\": \"\",\n      \"Effect\": \"Allow\",\n      \"Action\": \"sts:AssumeRole\",\n      \"Principal\": {\n        \"Service\": [\n          \"lambda.amazonaws.com\",\n          \"apigateway.amazonaws.com\"\n        ]\n      }\n    }\n  ]\n}",
                            "statement.#": "1",
                            "statement.0.actions.#": "1",
                            "statement.0.actions.2528466339": "sts:AssumeRole",
                            "statement.0.condition.#": "0",
                            "statement.0.effect": "Allow",
                            "statement.0.not_actions.#": "0",
                            "statement.0.not_principals.#": "0",
                            "statement.0.not_resources.#": "0",
                            "statement.0.principals.#": "1",
                            "statement.0.principals.1632598396.identifiers.#": "2",
                            "statement.0.principals.1632598396.identifiers.1175233861": "apigateway.amazonaws.com",
                            "statement.0.principals.1632598396.identifiers.2638019528": "lambda.amazonaws.com",
                            "statement.0.principals.1632598396.type": "Service",
                            "statement.0.resources.#": "0",
                            "statement.0.sid": ""
                        },
                        "meta": {},
                        "tainted": false
                    },
                    "deposed": [],
                    "provider": "provider.aws"
                },
                "data.aws_iam_policy_document.logging_policy_statement": {
                    "type": "aws_iam_policy_document",
                    "depends_on": [],
                    "primary": {
                        "id": "4063422367",
                        "attributes": {
                            "id": "4063422367",
                            "json": "{\n  \"Version\": \"2012-10-17\",\n  \"Statement\": [\n    {\n      \"Sid\": \"\",\n      \"Effect\": \"Allow\",\n      \"Action\": [\n        \"logs:PutLogEvents\",\n        \"logs:CreateLogStream\",\n        \"logs:CreateLogGroup\"\n      ],\n      \"Resource\": \"arn:aws:logs:*:*:*\"\n    }\n  ]\n}",
                            "statement.#": "1",
                            "statement.0.actions.#": "3",
                            "statement.0.actions.2809485102": "logs:CreateLogGroup",
                            "statement.0.actions.3285979848": "logs:CreateLogStream",
                            "statement.0.actions.39743051": "logs:PutLogEvents",
                            "statement.0.condition.#": "0",
                            "statement.0.effect": "Allow",
                            "statement.0.not_actions.#": "0",
                            "statement.0.not_principals.#": "0",
                            "statement.0.not_resources.#": "0",
                            "statement.0.principals.#": "0",
                            "statement.0.resources.#": "1",
                            "statement.0.resources.162423377": "arn:aws:logs:*:*:*",
                            "statement.0.sid": ""
                        },
                        "meta": {},
                        "tainted": false
                    },
                    "deposed": [],
                    "provider": "provider.aws"
                }
            },
            "depends_on": []
        },
        {
            "path": [
                "root",
                "ApiEditDriveFunction"
            ],
            "outputs": {
                "arn": {
                    "sensitive": false,
                    "type": "string",
                    "value": "arn:aws:lambda:us-west-2:722431446741:function:dev_ApiEditDrive"
                },
                "invoke_arn": {
                    "sensitive": false,
                    "type": "string",
                    "value": "arn:aws:apigateway:us-west-2:lambda:path/2015-03-31/functions/arn:aws:lambda:us-west-2:722431446741:function:dev_ApiEditDrive/invocations"
                }
            },
            "resources": {
                "aws_cloudwatch_log_group.function": {
                    "type": "aws_cloudwatch_log_group",
                    "depends_on": [],
                    "primary": {
                        "id": "/aws/lambda/dev_ApiEditDrive",
                        "attributes": {
                            "arn": "arn:aws:logs:us-west-2:722431446741:log-group:/aws/lambda/dev_ApiEditDrive:*",
                            "id": "/aws/lambda/dev_ApiEditDrive",
                            "kms_key_id": "",
                            "name": "/aws/lambda/dev_ApiEditDrive",
                            "retention_in_days": "3",
                            "tags.%": "0"
                        },
                        "meta": {},
                        "tainted": false
                    },
                    "deposed": [],
                    "provider": "provider.aws"
                },
                "aws_lambda_function.function": {
                    "type": "aws_lambda_function",
                    "depends_on": [],
                    "primary": {
                        "id": "dev_ApiEditDrive",
                        "attributes": {
                            "arn": "arn:aws:lambda:us-west-2:722431446741:function:dev_ApiEditDrive",
                            "dead_letter_config.#": "0",
                            "description": "Api to edit a scheduled drive",
                            "environment.#": "1",
                            "environment.0.variables.%": "3",
                            "environment.0.variables.host": "smartexperience.cynqqjdixddg.us-west-2.rds.amazonaws.com",
                            "environment.0.variables.password": "pekd84ldam3kd01",
                            "environment.0.variables.user": "smrt",
                            "function_name": "dev_ApiEditDrive",
                            "handler": "src/api/admin/EditDrive.handler",
                            "id": "dev_ApiEditDrive",
                            "invoke_arn": "arn:aws:apigateway:us-west-2:lambda:path/2015-03-31/functions/arn:aws:lambda:us-west-2:722431446741:function:dev_ApiEditDrive/invocations",
                            "kms_key_arn": "",
                            "last_modified": "2018-10-22T16:12:27.313+0000",
                            "memory_size": "128",
                            "publish": "false",
                            "qualified_arn": "arn:aws:lambda:us-west-2:722431446741:function:dev_ApiEditDrive:$LATEST",
                            "reserved_concurrent_executions": "0",
                            "role": "arn:aws:iam::722431446741:role/dev_ApiEditDriveRole",
                            "runtime": "nodejs8.10",
                            "s3_bucket": "dev-smart-experience-artifact-repo",
                            "s3_key": "lambdas.zip",
                            "source_code_hash": "uBMfhm3o7Yj28ZdrXwLXrd+xYTQj39hhAOROaxwD4Z4=",
                            "source_code_size": "3288722",
                            "tags.%": "0",
                            "timeout": "10",
                            "tracing_config.#": "1",
                            "tracing_config.0.mode": "PassThrough",
                            "version": "$LATEST",
                            "vpc_config.#": "1",
                            "vpc_config.0.security_group_ids.#": "1",
                            "vpc_config.0.security_group_ids.1883674524": "sg-0771bd1f7389bc87e",
                            "vpc_config.0.subnet_ids.#": "2",
                            "vpc_config.0.subnet_ids.2232752913": "subnet-097f5187a61c57b65",
                            "vpc_config.0.subnet_ids.2986459562": "subnet-051a0994aa493db79",
                            "vpc_config.0.vpc_id": "vpc-06d7dc7f"
                        },
                        "meta": {},
                        "tainted": false
                    },
                    "deposed": [],
                    "provider": "provider.aws"
                }
            },
            "depends_on": []
        },
        {
            "path": [
                "root",
                "ApiEditDriveRole"
            ],
            "outputs": {
                "arn": {
                    "sensitive": false,
                    "type": "string",
                    "value": "arn:aws:iam::722431446741:role/dev_ApiEditDriveRole"
                },
                "name": {
                    "sensitive": false,
                    "type": "string",
                    "value": "dev_ApiEditDriveRole"
                }
            },
            "resources": {
                "aws_iam_policy.lambda_logging_policy": {
                    "type": "aws_iam_policy",
                    "depends_on": [
                        "data.aws_iam_policy_document.logging_policy_statement"
                    ],
                    "primary": {
                        "id": "arn:aws:iam::722431446741:policy/logging_policy_for_dev_ApiEditDriveRole",
                        "attributes": {
                            "arn": "arn:aws:iam::722431446741:policy/logging_policy_for_dev_ApiEditDriveRole",
                            "description": "Allows AWS Lambda to create and write logs",
                            "id": "arn:aws:iam::722431446741:policy/logging_policy_for_dev_ApiEditDriveRole",
                            "name": "logging_policy_for_dev_ApiEditDriveRole",
                            "path": "/",
                            "policy": "{\n  \"Version\": \"2012-10-17\",\n  \"Statement\": [\n    {\n      \"Sid\": \"\",\n      \"Effect\": \"Allow\",\n      \"Action\": [\n        \"logs:PutLogEvents\",\n        \"logs:CreateLogStream\",\n        \"logs:CreateLogGroup\"\n      ],\n      \"Resource\": \"arn:aws:logs:*:*:*\"\n    }\n  ]\n}"
                        },
                        "meta": {},
                        "tainted": false
                    },
                    "deposed": [],
                    "provider": "provider.aws"
                },
                "aws_iam_role.role": {
                    "type": "aws_iam_role",
                    "depends_on": [
                        "data.aws_iam_policy_document.lambda_policy"
                    ],
                    "primary": {
                        "id": "dev_ApiEditDriveRole",
                        "attributes": {
                            "arn": "arn:aws:iam::722431446741:role/dev_ApiEditDriveRole",
                            "assume_role_policy": "{\"Version\":\"2012-10-17\",\"Statement\":[{\"Sid\":\"\",\"Effect\":\"Allow\",\"Principal\":{\"Service\":[\"lambda.amazonaws.com\",\"apigateway.amazonaws.com\"]},\"Action\":\"sts:AssumeRole\"}]}",
                            "create_date": "2018-10-22T16:12:08Z",
                            "description": "",
                            "force_detach_policies": "false",
                            "id": "dev_ApiEditDriveRole",
                            "max_session_duration": "3600",
                            "name": "dev_ApiEditDriveRole",
                            "path": "/",
                            "unique_id": "AROAIZ5HZOHE63W4WICRY"
                        },
                        "meta": {},
                        "tainted": false
                    },
                    "deposed": [],
                    "provider": "provider.aws"
                },
                "aws_iam_role_policy_attachment.Attach_Logging_Role": {
                    "type": "aws_iam_role_policy_attachment",
                    "depends_on": [
                        "aws_iam_policy.lambda_logging_policy",
                        "aws_iam_role.role"
                    ],
                    "primary": {
                        "id": "dev_ApiEditDriveRole-20181022161208969700000002",
                        "attributes": {
                            "id": "dev_ApiEditDriveRole-20181022161208969700000002",
                            "policy_arn": "arn:aws:iam::722431446741:policy/logging_policy_for_dev_ApiEditDriveRole",
                            "role": "dev_ApiEditDriveRole"
                        },
                        "meta": {},
                        "tainted": false
                    },
                    "deposed": [],
                    "provider": "provider.aws"
                },
                "aws_iam_role_policy_attachment.Attach_VPC_Policy": {
                    "type": "aws_iam_role_policy_attachment",
                    "depends_on": [
                        "aws_iam_role.role"
                    ],
                    "primary": {
                        "id": "dev_ApiEditDriveRole-20181022161208869100000001",
                        "attributes": {
                            "id": "dev_ApiEditDriveRole-20181022161208869100000001",
                            "policy_arn": "arn:aws:iam::aws:policy/service-role/AWSLambdaVPCAccessExecutionRole",
                            "role": "dev_ApiEditDriveRole"
                        },
                        "meta": {},
                        "tainted": false
                    },
                    "deposed": [],
                    "provider": "provider.aws"
                },
                "data.aws_iam_policy_document.lambda_policy": {
                    "type": "aws_iam_policy_document",
                    "depends_on": [],
                    "primary": {
                        "id": "3127519745",
                        "attributes": {
                            "id": "3127519745",
                            "json": "{\n  \"Version\": \"2012-10-17\",\n  \"Statement\": [\n    {\n      \"Sid\": \"\",\n      \"Effect\": \"Allow\",\n      \"Action\": \"sts:AssumeRole\",\n      \"Principal\": {\n        \"Service\": [\n          \"lambda.amazonaws.com\",\n          \"apigateway.amazonaws.com\"\n        ]\n      }\n    }\n  ]\n}",
                            "statement.#": "1",
                            "statement.0.actions.#": "1",
                            "statement.0.actions.2528466339": "sts:AssumeRole",
                            "statement.0.condition.#": "0",
                            "statement.0.effect": "Allow",
                            "statement.0.not_actions.#": "0",
                            "statement.0.not_principals.#": "0",
                            "statement.0.not_resources.#": "0",
                            "statement.0.principals.#": "1",
                            "statement.0.principals.1632598396.identifiers.#": "2",
                            "statement.0.principals.1632598396.identifiers.1175233861": "apigateway.amazonaws.com",
                            "statement.0.principals.1632598396.identifiers.2638019528": "lambda.amazonaws.com",
                            "statement.0.principals.1632598396.type": "Service",
                            "statement.0.resources.#": "0",
                            "statement.0.sid": ""
                        },
                        "meta": {},
                        "tainted": false
                    },
                    "deposed": [],
                    "provider": "provider.aws"
                },
                "data.aws_iam_policy_document.logging_policy_statement": {
                    "type": "aws_iam_policy_document",
                    "depends_on": [],
                    "primary": {
                        "id": "4063422367",
                        "attributes": {
                            "id": "4063422367",
                            "json": "{\n  \"Version\": \"2012-10-17\",\n  \"Statement\": [\n    {\n      \"Sid\": \"\",\n      \"Effect\": \"Allow\",\n      \"Action\": [\n        \"logs:PutLogEvents\",\n        \"logs:CreateLogStream\",\n        \"logs:CreateLogGroup\"\n      ],\n      \"Resource\": \"arn:aws:logs:*:*:*\"\n    }\n  ]\n}",
                            "statement.#": "1",
                            "statement.0.actions.#": "3",
                            "statement.0.actions.2809485102": "logs:CreateLogGroup",
                            "statement.0.actions.3285979848": "logs:CreateLogStream",
                            "statement.0.actions.39743051": "logs:PutLogEvents",
                            "statement.0.condition.#": "0",
                            "statement.0.effect": "Allow",
                            "statement.0.not_actions.#": "0",
                            "statement.0.not_principals.#": "0",
                            "statement.0.not_resources.#": "0",
                            "statement.0.principals.#": "0",
                            "statement.0.resources.#": "1",
                            "statement.0.resources.162423377": "arn:aws:logs:*:*:*",
                            "statement.0.sid": ""
                        },
                        "meta": {},
                        "tainted": false
                    },
                    "deposed": [],
                    "provider": "provider.aws"
                }
            },
            "depends_on": []
        },
        {
            "path": [
                "root",
                "ApiGetCarsFunction"
            ],
            "outputs": {
                "arn": {
                    "sensitive": false,
                    "type": "string",
                    "value": "arn:aws:lambda:us-west-2:722431446741:function:dev_ApiGetCars"
                },
                "invoke_arn": {
                    "sensitive": false,
                    "type": "string",
                    "value": "arn:aws:apigateway:us-west-2:lambda:path/2015-03-31/functions/arn:aws:lambda:us-west-2:722431446741:function:dev_ApiGetCars/invocations"
                }
            },
            "resources": {
                "aws_cloudwatch_log_group.function": {
                    "type": "aws_cloudwatch_log_group",
                    "depends_on": [],
                    "primary": {
                        "id": "/aws/lambda/dev_ApiGetCars",
                        "attributes": {
                            "arn": "arn:aws:logs:us-west-2:722431446741:log-group:/aws/lambda/dev_ApiGetCars:*",
                            "id": "/aws/lambda/dev_ApiGetCars",
                            "kms_key_id": "",
                            "name": "/aws/lambda/dev_ApiGetCars",
                            "retention_in_days": "3",
                            "tags.%": "0"
                        },
                        "meta": {},
                        "tainted": false
                    },
                    "deposed": [],
                    "provider": "provider.aws"
                },
                "aws_lambda_function.function": {
                    "type": "aws_lambda_function",
                    "depends_on": [],
                    "primary": {
                        "id": "dev_ApiGetCars",
                        "attributes": {
                            "arn": "arn:aws:lambda:us-west-2:722431446741:function:dev_ApiGetCars",
                            "dead_letter_config.#": "0",
                            "description": "Api to get car information",
                            "environment.#": "1",
                            "environment.0.variables.%": "3",
                            "environment.0.variables.host": "smartexperience.cynqqjdixddg.us-west-2.rds.amazonaws.com",
                            "environment.0.variables.password": "pekd84ldam3kd01",
                            "environment.0.variables.user": "smrt",
                            "function_name": "dev_ApiGetCars",
                            "handler": "src/api/GetCars.handler",
                            "id": "dev_ApiGetCars",
                            "invoke_arn": "arn:aws:apigateway:us-west-2:lambda:path/2015-03-31/functions/arn:aws:lambda:us-west-2:722431446741:function:dev_ApiGetCars/invocations",
                            "kms_key_arn": "",
                            "last_modified": "2018-10-22T14:37:08.420+0000",
                            "memory_size": "128",
                            "publish": "false",
                            "qualified_arn": "arn:aws:lambda:us-west-2:722431446741:function:dev_ApiGetCars:$LATEST",
                            "reserved_concurrent_executions": "0",
                            "role": "arn:aws:iam::722431446741:role/dev_ApiGetCarsRole",
                            "runtime": "nodejs8.10",
                            "s3_bucket": "dev-smart-experience-artifact-repo",
                            "s3_key": "lambdas.zip",
                            "source_code_hash": "uBMfhm3o7Yj28ZdrXwLXrd+xYTQj39hhAOROaxwD4Z4=",
                            "source_code_size": "3288722",
                            "tags.%": "0",
                            "timeout": "10",
                            "tracing_config.#": "1",
                            "tracing_config.0.mode": "PassThrough",
                            "version": "$LATEST",
                            "vpc_config.#": "1",
                            "vpc_config.0.security_group_ids.#": "1",
                            "vpc_config.0.security_group_ids.1883674524": "sg-0771bd1f7389bc87e",
                            "vpc_config.0.subnet_ids.#": "2",
                            "vpc_config.0.subnet_ids.2232752913": "subnet-097f5187a61c57b65",
                            "vpc_config.0.subnet_ids.2986459562": "subnet-051a0994aa493db79",
                            "vpc_config.0.vpc_id": "vpc-06d7dc7f"
                        },
                        "meta": {},
                        "tainted": false
                    },
                    "deposed": [],
                    "provider": "provider.aws"
                }
            },
            "depends_on": []
        },
        {
            "path": [
                "root",
                "ApiGetCarsRole"
            ],
            "outputs": {
                "arn": {
                    "sensitive": false,
                    "type": "string",
                    "value": "arn:aws:iam::722431446741:role/dev_ApiGetCarsRole"
                },
                "name": {
                    "sensitive": false,
                    "type": "string",
                    "value": "dev_ApiGetCarsRole"
                }
            },
            "resources": {
                "aws_iam_policy.lambda_logging_policy": {
                    "type": "aws_iam_policy",
                    "depends_on": [
                        "data.aws_iam_policy_document.logging_policy_statement"
                    ],
                    "primary": {
                        "id": "arn:aws:iam::722431446741:policy/logging_policy_for_dev_ApiGetCarsRole",
                        "attributes": {
                            "arn": "arn:aws:iam::722431446741:policy/logging_policy_for_dev_ApiGetCarsRole",
                            "description": "Allows AWS Lambda to create and write logs",
                            "id": "arn:aws:iam::722431446741:policy/logging_policy_for_dev_ApiGetCarsRole",
                            "name": "logging_policy_for_dev_ApiGetCarsRole",
                            "path": "/",
                            "policy": "{\n  \"Version\": \"2012-10-17\",\n  \"Statement\": [\n    {\n      \"Sid\": \"\",\n      \"Effect\": \"Allow\",\n      \"Action\": [\n        \"logs:PutLogEvents\",\n        \"logs:CreateLogStream\",\n        \"logs:CreateLogGroup\"\n      ],\n      \"Resource\": \"arn:aws:logs:*:*:*\"\n    }\n  ]\n}"
                        },
                        "meta": {},
                        "tainted": false
                    },
                    "deposed": [],
                    "provider": "provider.aws"
                },
                "aws_iam_role.role": {
                    "type": "aws_iam_role",
                    "depends_on": [
                        "data.aws_iam_policy_document.lambda_policy"
                    ],
                    "primary": {
                        "id": "dev_ApiGetCarsRole",
                        "attributes": {
                            "arn": "arn:aws:iam::722431446741:role/dev_ApiGetCarsRole",
                            "assume_role_policy": "{\"Version\":\"2012-10-17\",\"Statement\":[{\"Sid\":\"\",\"Effect\":\"Allow\",\"Principal\":{\"Service\":[\"apigateway.amazonaws.com\",\"lambda.amazonaws.com\"]},\"Action\":\"sts:AssumeRole\"}]}",
                            "create_date": "2018-09-24T15:32:06Z",
                            "description": "",
                            "force_detach_policies": "false",
                            "id": "dev_ApiGetCarsRole",
                            "max_session_duration": "3600",
                            "name": "dev_ApiGetCarsRole",
                            "path": "/",
                            "unique_id": "AROAJQIJPUZ6BLFXVY4QS"
                        },
                        "meta": {},
                        "tainted": false
                    },
                    "deposed": [],
                    "provider": "provider.aws"
                },
                "aws_iam_role_policy_attachment.Attach_Logging_Role": {
                    "type": "aws_iam_role_policy_attachment",
                    "depends_on": [
                        "aws_iam_policy.lambda_logging_policy",
                        "aws_iam_role.role"
                    ],
                    "primary": {
                        "id": "dev_ApiGetCarsRole-2018092415321863650000001c",
                        "attributes": {
                            "id": "dev_ApiGetCarsRole-2018092415321863650000001c",
                            "policy_arn": "arn:aws:iam::722431446741:policy/logging_policy_for_dev_ApiGetCarsRole",
                            "role": "dev_ApiGetCarsRole"
                        },
                        "meta": {},
                        "tainted": false
                    },
                    "deposed": [],
                    "provider": "provider.aws"
                },
                "aws_iam_role_policy_attachment.Attach_VPC_Policy": {
                    "type": "aws_iam_role_policy_attachment",
                    "depends_on": [
                        "aws_iam_role.role"
                    ],
                    "primary": {
                        "id": "dev_ApiGetCarsRole-2018092415321897770000001f",
                        "attributes": {
                            "id": "dev_ApiGetCarsRole-2018092415321897770000001f",
                            "policy_arn": "arn:aws:iam::aws:policy/service-role/AWSLambdaVPCAccessExecutionRole",
                            "role": "dev_ApiGetCarsRole"
                        },
                        "meta": {},
                        "tainted": false
                    },
                    "deposed": [],
                    "provider": "provider.aws"
                },
                "data.aws_iam_policy_document.lambda_policy": {
                    "type": "aws_iam_policy_document",
                    "depends_on": [],
                    "primary": {
                        "id": "3127519745",
                        "attributes": {
                            "id": "3127519745",
                            "json": "{\n  \"Version\": \"2012-10-17\",\n  \"Statement\": [\n    {\n      \"Sid\": \"\",\n      \"Effect\": \"Allow\",\n      \"Action\": \"sts:AssumeRole\",\n      \"Principal\": {\n        \"Service\": [\n          \"lambda.amazonaws.com\",\n          \"apigateway.amazonaws.com\"\n        ]\n      }\n    }\n  ]\n}",
                            "statement.#": "1",
                            "statement.0.actions.#": "1",
                            "statement.0.actions.2528466339": "sts:AssumeRole",
                            "statement.0.condition.#": "0",
                            "statement.0.effect": "Allow",
                            "statement.0.not_actions.#": "0",
                            "statement.0.not_principals.#": "0",
                            "statement.0.not_resources.#": "0",
                            "statement.0.principals.#": "1",
                            "statement.0.principals.1632598396.identifiers.#": "2",
                            "statement.0.principals.1632598396.identifiers.1175233861": "apigateway.amazonaws.com",
                            "statement.0.principals.1632598396.identifiers.2638019528": "lambda.amazonaws.com",
                            "statement.0.principals.1632598396.type": "Service",
                            "statement.0.resources.#": "0",
                            "statement.0.sid": ""
                        },
                        "meta": {},
                        "tainted": false
                    },
                    "deposed": [],
                    "provider": "provider.aws"
                },
                "data.aws_iam_policy_document.logging_policy_statement": {
                    "type": "aws_iam_policy_document",
                    "depends_on": [],
                    "primary": {
                        "id": "4063422367",
                        "attributes": {
                            "id": "4063422367",
                            "json": "{\n  \"Version\": \"2012-10-17\",\n  \"Statement\": [\n    {\n      \"Sid\": \"\",\n      \"Effect\": \"Allow\",\n      \"Action\": [\n        \"logs:PutLogEvents\",\n        \"logs:CreateLogStream\",\n        \"logs:CreateLogGroup\"\n      ],\n      \"Resource\": \"arn:aws:logs:*:*:*\"\n    }\n  ]\n}",
                            "statement.#": "1",
                            "statement.0.actions.#": "3",
                            "statement.0.actions.2809485102": "logs:CreateLogGroup",
                            "statement.0.actions.3285979848": "logs:CreateLogStream",
                            "statement.0.actions.39743051": "logs:PutLogEvents",
                            "statement.0.condition.#": "0",
                            "statement.0.effect": "Allow",
                            "statement.0.not_actions.#": "0",
                            "statement.0.not_principals.#": "0",
                            "statement.0.not_resources.#": "0",
                            "statement.0.principals.#": "0",
                            "statement.0.resources.#": "1",
                            "statement.0.resources.162423377": "arn:aws:logs:*:*:*",
                            "statement.0.sid": ""
                        },
                        "meta": {},
                        "tainted": false
                    },
                    "deposed": [],
                    "provider": "provider.aws"
                }
            },
            "depends_on": []
        },
        {
            "path": [
                "root",
                "ApiGetDriveSurveyAnalyticsFunction"
            ],
            "outputs": {
                "arn": {
                    "sensitive": false,
                    "type": "string",
                    "value": "arn:aws:lambda:us-west-2:722431446741:function:dev_ApiGetDriveSurveyAnalytics"
                },
                "invoke_arn": {
                    "sensitive": false,
                    "type": "string",
                    "value": "arn:aws:apigateway:us-west-2:lambda:path/2015-03-31/functions/arn:aws:lambda:us-west-2:722431446741:function:dev_ApiGetDriveSurveyAnalytics/invocations"
                }
            },
            "resources": {
                "aws_cloudwatch_log_group.function": {
                    "type": "aws_cloudwatch_log_group",
                    "depends_on": [],
                    "primary": {
                        "id": "/aws/lambda/dev_ApiGetDriveSurveyAnalytics",
                        "attributes": {
                            "arn": "arn:aws:logs:us-west-2:722431446741:log-group:/aws/lambda/dev_ApiGetDriveSurveyAnalytics:*",
                            "id": "/aws/lambda/dev_ApiGetDriveSurveyAnalytics",
                            "kms_key_id": "",
                            "name": "/aws/lambda/dev_ApiGetDriveSurveyAnalytics",
                            "retention_in_days": "3",
                            "tags.%": "0"
                        },
                        "meta": {},
                        "tainted": false
                    },
                    "deposed": [],
                    "provider": "provider.aws"
                },
                "aws_lambda_function.function": {
                    "type": "aws_lambda_function",
                    "depends_on": [],
                    "primary": {
                        "id": "dev_ApiGetDriveSurveyAnalytics",
                        "attributes": {
                            "arn": "arn:aws:lambda:us-west-2:722431446741:function:dev_ApiGetDriveSurveyAnalytics",
                            "dead_letter_config.#": "0",
                            "description": "Api to view the analytics metrics",
                            "environment.#": "1",
                            "environment.0.variables.%": "3",
                            "environment.0.variables.host": "smartexperience.cynqqjdixddg.us-west-2.rds.amazonaws.com",
                            "environment.0.variables.password": "pekd84ldam3kd01",
                            "environment.0.variables.user": "smrt",
                            "function_name": "dev_ApiGetDriveSurveyAnalytics",
                            "handler": "src/api/admin/GetDriveSurveyAnalytics.handler",
                            "id": "dev_ApiGetDriveSurveyAnalytics",
                            "invoke_arn": "arn:aws:apigateway:us-west-2:lambda:path/2015-03-31/functions/arn:aws:lambda:us-west-2:722431446741:function:dev_ApiGetDriveSurveyAnalytics/invocations",
                            "kms_key_arn": "",
                            "last_modified": "2018-10-22T14:37:20.124+0000",
                            "memory_size": "128",
                            "publish": "false",
                            "qualified_arn": "arn:aws:lambda:us-west-2:722431446741:function:dev_ApiGetDriveSurveyAnalytics:$LATEST",
                            "reserved_concurrent_executions": "0",
                            "role": "arn:aws:iam::722431446741:role/dev_ApiGetDriveSurveyAnalyticsRole",
                            "runtime": "nodejs8.10",
                            "s3_bucket": "dev-smart-experience-artifact-repo",
                            "s3_key": "lambdas.zip",
                            "source_code_hash": "uBMfhm3o7Yj28ZdrXwLXrd+xYTQj39hhAOROaxwD4Z4=",
                            "source_code_size": "3288722",
                            "tags.%": "0",
                            "timeout": "300",
                            "tracing_config.#": "1",
                            "tracing_config.0.mode": "PassThrough",
                            "version": "$LATEST",
                            "vpc_config.#": "1",
                            "vpc_config.0.security_group_ids.#": "1",
                            "vpc_config.0.security_group_ids.1883674524": "sg-0771bd1f7389bc87e",
                            "vpc_config.0.subnet_ids.#": "2",
                            "vpc_config.0.subnet_ids.2232752913": "subnet-097f5187a61c57b65",
                            "vpc_config.0.subnet_ids.2986459562": "subnet-051a0994aa493db79",
                            "vpc_config.0.vpc_id": "vpc-06d7dc7f"
                        },
                        "meta": {},
                        "tainted": false
                    },
                    "deposed": [],
                    "provider": "provider.aws"
                }
            },
            "depends_on": []
        },
        {
            "path": [
                "root",
                "ApiGetDriveSurveyAnalyticsRole"
            ],
            "outputs": {
                "arn": {
                    "sensitive": false,
                    "type": "string",
                    "value": "arn:aws:iam::722431446741:role/dev_ApiGetDriveSurveyAnalyticsRole"
                },
                "name": {
                    "sensitive": false,
                    "type": "string",
                    "value": "dev_ApiGetDriveSurveyAnalyticsRole"
                }
            },
            "resources": {
                "aws_iam_policy.lambda_logging_policy": {
                    "type": "aws_iam_policy",
                    "depends_on": [
                        "data.aws_iam_policy_document.logging_policy_statement"
                    ],
                    "primary": {
                        "id": "arn:aws:iam::722431446741:policy/logging_policy_for_dev_ApiGetDriveSurveyAnalyticsRole",
                        "attributes": {
                            "arn": "arn:aws:iam::722431446741:policy/logging_policy_for_dev_ApiGetDriveSurveyAnalyticsRole",
                            "description": "Allows AWS Lambda to create and write logs",
                            "id": "arn:aws:iam::722431446741:policy/logging_policy_for_dev_ApiGetDriveSurveyAnalyticsRole",
                            "name": "logging_policy_for_dev_ApiGetDriveSurveyAnalyticsRole",
                            "path": "/",
                            "policy": "{\n  \"Version\": \"2012-10-17\",\n  \"Statement\": [\n    {\n      \"Sid\": \"\",\n      \"Effect\": \"Allow\",\n      \"Action\": [\n        \"logs:PutLogEvents\",\n        \"logs:CreateLogStream\",\n        \"logs:CreateLogGroup\"\n      ],\n      \"Resource\": \"arn:aws:logs:*:*:*\"\n    }\n  ]\n}"
                        },
                        "meta": {},
                        "tainted": false
                    },
                    "deposed": [],
                    "provider": "provider.aws"
                },
                "aws_iam_role.role": {
                    "type": "aws_iam_role",
                    "depends_on": [
                        "data.aws_iam_policy_document.lambda_policy"
                    ],
                    "primary": {
                        "id": "dev_ApiGetDriveSurveyAnalyticsRole",
                        "attributes": {
                            "arn": "arn:aws:iam::722431446741:role/dev_ApiGetDriveSurveyAnalyticsRole",
                            "assume_role_policy": "{\"Version\":\"2012-10-17\",\"Statement\":[{\"Sid\":\"\",\"Effect\":\"Allow\",\"Principal\":{\"Service\":[\"lambda.amazonaws.com\",\"apigateway.amazonaws.com\"]},\"Action\":\"sts:AssumeRole\"}]}",
                            "create_date": "2018-10-04T18:41:33Z",
                            "description": "",
                            "force_detach_policies": "false",
                            "id": "dev_ApiGetDriveSurveyAnalyticsRole",
                            "max_session_duration": "3600",
                            "name": "dev_ApiGetDriveSurveyAnalyticsRole",
                            "path": "/",
                            "unique_id": "AROAIGUJKMJDR3QXBAG36"
                        },
                        "meta": {},
                        "tainted": false
                    },
                    "deposed": [],
                    "provider": "provider.aws"
                },
                "aws_iam_role_policy_attachment.Attach_Logging_Role": {
                    "type": "aws_iam_role_policy_attachment",
                    "depends_on": [
                        "aws_iam_policy.lambda_logging_policy",
                        "aws_iam_role.role"
                    ],
                    "primary": {
                        "id": "dev_ApiGetDriveSurveyAnalyticsRole-20181004184134672000000002",
                        "attributes": {
                            "id": "dev_ApiGetDriveSurveyAnalyticsRole-20181004184134672000000002",
                            "policy_arn": "arn:aws:iam::722431446741:policy/logging_policy_for_dev_ApiGetDriveSurveyAnalyticsRole",
                            "role": "dev_ApiGetDriveSurveyAnalyticsRole"
                        },
                        "meta": {},
                        "tainted": false
                    },
                    "deposed": [],
                    "provider": "provider.aws"
                },
                "aws_iam_role_policy_attachment.Attach_VPC_Policy": {
                    "type": "aws_iam_role_policy_attachment",
                    "depends_on": [
                        "aws_iam_role.role"
                    ],
                    "primary": {
                        "id": "dev_ApiGetDriveSurveyAnalyticsRole-20181004184134114000000001",
                        "attributes": {
                            "id": "dev_ApiGetDriveSurveyAnalyticsRole-20181004184134114000000001",
                            "policy_arn": "arn:aws:iam::aws:policy/service-role/AWSLambdaVPCAccessExecutionRole",
                            "role": "dev_ApiGetDriveSurveyAnalyticsRole"
                        },
                        "meta": {},
                        "tainted": false
                    },
                    "deposed": [],
                    "provider": "provider.aws"
                },
                "data.aws_iam_policy_document.lambda_policy": {
                    "type": "aws_iam_policy_document",
                    "depends_on": [],
                    "primary": {
                        "id": "3127519745",
                        "attributes": {
                            "id": "3127519745",
                            "json": "{\n  \"Version\": \"2012-10-17\",\n  \"Statement\": [\n    {\n      \"Sid\": \"\",\n      \"Effect\": \"Allow\",\n      \"Action\": \"sts:AssumeRole\",\n      \"Principal\": {\n        \"Service\": [\n          \"lambda.amazonaws.com\",\n          \"apigateway.amazonaws.com\"\n        ]\n      }\n    }\n  ]\n}",
                            "statement.#": "1",
                            "statement.0.actions.#": "1",
                            "statement.0.actions.2528466339": "sts:AssumeRole",
                            "statement.0.condition.#": "0",
                            "statement.0.effect": "Allow",
                            "statement.0.not_actions.#": "0",
                            "statement.0.not_principals.#": "0",
                            "statement.0.not_resources.#": "0",
                            "statement.0.principals.#": "1",
                            "statement.0.principals.1632598396.identifiers.#": "2",
                            "statement.0.principals.1632598396.identifiers.1175233861": "apigateway.amazonaws.com",
                            "statement.0.principals.1632598396.identifiers.2638019528": "lambda.amazonaws.com",
                            "statement.0.principals.1632598396.type": "Service",
                            "statement.0.resources.#": "0",
                            "statement.0.sid": ""
                        },
                        "meta": {},
                        "tainted": false
                    },
                    "deposed": [],
                    "provider": "provider.aws"
                },
                "data.aws_iam_policy_document.logging_policy_statement": {
                    "type": "aws_iam_policy_document",
                    "depends_on": [],
                    "primary": {
                        "id": "4063422367",
                        "attributes": {
                            "id": "4063422367",
                            "json": "{\n  \"Version\": \"2012-10-17\",\n  \"Statement\": [\n    {\n      \"Sid\": \"\",\n      \"Effect\": \"Allow\",\n      \"Action\": [\n        \"logs:PutLogEvents\",\n        \"logs:CreateLogStream\",\n        \"logs:CreateLogGroup\"\n      ],\n      \"Resource\": \"arn:aws:logs:*:*:*\"\n    }\n  ]\n}",
                            "statement.#": "1",
                            "statement.0.actions.#": "3",
                            "statement.0.actions.2809485102": "logs:CreateLogGroup",
                            "statement.0.actions.3285979848": "logs:CreateLogStream",
                            "statement.0.actions.39743051": "logs:PutLogEvents",
                            "statement.0.condition.#": "0",
                            "statement.0.effect": "Allow",
                            "statement.0.not_actions.#": "0",
                            "statement.0.not_principals.#": "0",
                            "statement.0.not_resources.#": "0",
                            "statement.0.principals.#": "0",
                            "statement.0.resources.#": "1",
                            "statement.0.resources.162423377": "arn:aws:logs:*:*:*",
                            "statement.0.sid": ""
                        },
                        "meta": {},
                        "tainted": false
                    },
                    "deposed": [],
                    "provider": "provider.aws"
                }
            },
            "depends_on": []
        },
        {
            "path": [
                "root",
                "ApiGetExceptionsFunction"
            ],
            "outputs": {
                "arn": {
                    "sensitive": false,
                    "type": "string",
                    "value": "arn:aws:lambda:us-west-2:722431446741:function:dev_ApiGetExceptions"
                },
                "invoke_arn": {
                    "sensitive": false,
                    "type": "string",
                    "value": "arn:aws:apigateway:us-west-2:lambda:path/2015-03-31/functions/arn:aws:lambda:us-west-2:722431446741:function:dev_ApiGetExceptions/invocations"
                }
            },
            "resources": {
                "aws_cloudwatch_log_group.function": {
                    "type": "aws_cloudwatch_log_group",
                    "depends_on": [],
                    "primary": {
                        "id": "/aws/lambda/dev_ApiGetExceptions",
                        "attributes": {
                            "arn": "arn:aws:logs:us-west-2:722431446741:log-group:/aws/lambda/dev_ApiGetExceptions:*",
                            "id": "/aws/lambda/dev_ApiGetExceptions",
                            "kms_key_id": "",
                            "name": "/aws/lambda/dev_ApiGetExceptions",
                            "retention_in_days": "3",
                            "tags.%": "0"
                        },
                        "meta": {},
                        "tainted": false
                    },
                    "deposed": [],
                    "provider": "provider.aws"
                },
                "aws_lambda_function.function": {
                    "type": "aws_lambda_function",
                    "depends_on": [],
                    "primary": {
                        "id": "dev_ApiGetExceptions",
                        "attributes": {
                            "arn": "arn:aws:lambda:us-west-2:722431446741:function:dev_ApiGetExceptions",
                            "dead_letter_config.#": "0",
                            "description": "Api to get schedule",
                            "environment.#": "1",
                            "environment.0.variables.%": "3",
                            "environment.0.variables.host": "smartexperience.cynqqjdixddg.us-west-2.rds.amazonaws.com",
                            "environment.0.variables.password": "pekd84ldam3kd01",
                            "environment.0.variables.user": "smrt",
                            "function_name": "dev_ApiGetExceptions",
                            "handler": "src/api/admin/GetExceptions.handler",
                            "id": "dev_ApiGetExceptions",
                            "invoke_arn": "arn:aws:apigateway:us-west-2:lambda:path/2015-03-31/functions/arn:aws:lambda:us-west-2:722431446741:function:dev_ApiGetExceptions/invocations",
                            "kms_key_arn": "",
                            "last_modified": "2018-10-22T14:37:25.386+0000",
                            "memory_size": "128",
                            "publish": "false",
                            "qualified_arn": "arn:aws:lambda:us-west-2:722431446741:function:dev_ApiGetExceptions:$LATEST",
                            "reserved_concurrent_executions": "0",
                            "role": "arn:aws:iam::722431446741:role/dev_ApiGetExceptionsRole",
                            "runtime": "nodejs8.10",
                            "s3_bucket": "dev-smart-experience-artifact-repo",
                            "s3_key": "lambdas.zip",
                            "source_code_hash": "uBMfhm3o7Yj28ZdrXwLXrd+xYTQj39hhAOROaxwD4Z4=",
                            "source_code_size": "3288722",
                            "tags.%": "0",
                            "timeout": "10",
                            "tracing_config.#": "1",
                            "tracing_config.0.mode": "PassThrough",
                            "version": "$LATEST",
                            "vpc_config.#": "1",
                            "vpc_config.0.security_group_ids.#": "1",
                            "vpc_config.0.security_group_ids.1883674524": "sg-0771bd1f7389bc87e",
                            "vpc_config.0.subnet_ids.#": "2",
                            "vpc_config.0.subnet_ids.2232752913": "subnet-097f5187a61c57b65",
                            "vpc_config.0.subnet_ids.2986459562": "subnet-051a0994aa493db79",
                            "vpc_config.0.vpc_id": "vpc-06d7dc7f"
                        },
                        "meta": {},
                        "tainted": false
                    },
                    "deposed": [],
                    "provider": "provider.aws"
                }
            },
            "depends_on": []
        },
        {
            "path": [
                "root",
                "ApiGetExceptionsRole"
            ],
            "outputs": {
                "arn": {
                    "sensitive": false,
                    "type": "string",
                    "value": "arn:aws:iam::722431446741:role/dev_ApiGetExceptionsRole"
                },
                "name": {
                    "sensitive": false,
                    "type": "string",
                    "value": "dev_ApiGetExceptionsRole"
                }
            },
            "resources": {
                "aws_iam_policy.lambda_logging_policy": {
                    "type": "aws_iam_policy",
                    "depends_on": [
                        "data.aws_iam_policy_document.logging_policy_statement"
                    ],
                    "primary": {
                        "id": "arn:aws:iam::722431446741:policy/logging_policy_for_dev_ApiGetExceptionsRole",
                        "attributes": {
                            "arn": "arn:aws:iam::722431446741:policy/logging_policy_for_dev_ApiGetExceptionsRole",
                            "description": "Allows AWS Lambda to create and write logs",
                            "id": "arn:aws:iam::722431446741:policy/logging_policy_for_dev_ApiGetExceptionsRole",
                            "name": "logging_policy_for_dev_ApiGetExceptionsRole",
                            "path": "/",
                            "policy": "{\n  \"Version\": \"2012-10-17\",\n  \"Statement\": [\n    {\n      \"Sid\": \"\",\n      \"Effect\": \"Allow\",\n      \"Action\": [\n        \"logs:PutLogEvents\",\n        \"logs:CreateLogStream\",\n        \"logs:CreateLogGroup\"\n      ],\n      \"Resource\": \"arn:aws:logs:*:*:*\"\n    }\n  ]\n}"
                        },
                        "meta": {},
                        "tainted": false
                    },
                    "deposed": [],
                    "provider": "provider.aws"
                },
                "aws_iam_role.role": {
                    "type": "aws_iam_role",
                    "depends_on": [
                        "data.aws_iam_policy_document.lambda_policy"
                    ],
                    "primary": {
                        "id": "dev_ApiGetExceptionsRole",
                        "attributes": {
                            "arn": "arn:aws:iam::722431446741:role/dev_ApiGetExceptionsRole",
                            "assume_role_policy": "{\"Version\":\"2012-10-17\",\"Statement\":[{\"Sid\":\"\",\"Effect\":\"Allow\",\"Principal\":{\"Service\":[\"lambda.amazonaws.com\",\"apigateway.amazonaws.com\"]},\"Action\":\"sts:AssumeRole\"}]}",
                            "create_date": "2018-10-11T17:14:09Z",
                            "description": "",
                            "force_detach_policies": "false",
                            "id": "dev_ApiGetExceptionsRole",
                            "max_session_duration": "3600",
                            "name": "dev_ApiGetExceptionsRole",
                            "path": "/",
                            "unique_id": "AROAIOETUE47KD5XWICHW"
                        },
                        "meta": {},
                        "tainted": false
                    },
                    "deposed": [],
                    "provider": "provider.aws"
                },
                "aws_iam_role_policy_attachment.Attach_Logging_Role": {
                    "type": "aws_iam_role_policy_attachment",
                    "depends_on": [
                        "aws_iam_policy.lambda_logging_policy",
                        "aws_iam_role.role"
                    ],
                    "primary": {
                        "id": "dev_ApiGetExceptionsRole-20181011171410682800000004",
                        "attributes": {
                            "id": "dev_ApiGetExceptionsRole-20181011171410682800000004",
                            "policy_arn": "arn:aws:iam::722431446741:policy/logging_policy_for_dev_ApiGetExceptionsRole",
                            "role": "dev_ApiGetExceptionsRole"
                        },
                        "meta": {},
                        "tainted": false
                    },
                    "deposed": [],
                    "provider": "provider.aws"
                },
                "aws_iam_role_policy_attachment.Attach_VPC_Policy": {
                    "type": "aws_iam_role_policy_attachment",
                    "depends_on": [
                        "aws_iam_role.role"
                    ],
                    "primary": {
                        "id": "dev_ApiGetExceptionsRole-20181011171410546000000002",
                        "attributes": {
                            "id": "dev_ApiGetExceptionsRole-20181011171410546000000002",
                            "policy_arn": "arn:aws:iam::aws:policy/service-role/AWSLambdaVPCAccessExecutionRole",
                            "role": "dev_ApiGetExceptionsRole"
                        },
                        "meta": {},
                        "tainted": false
                    },
                    "deposed": [],
                    "provider": "provider.aws"
                },
                "data.aws_iam_policy_document.lambda_policy": {
                    "type": "aws_iam_policy_document",
                    "depends_on": [],
                    "primary": {
                        "id": "3127519745",
                        "attributes": {
                            "id": "3127519745",
                            "json": "{\n  \"Version\": \"2012-10-17\",\n  \"Statement\": [\n    {\n      \"Sid\": \"\",\n      \"Effect\": \"Allow\",\n      \"Action\": \"sts:AssumeRole\",\n      \"Principal\": {\n        \"Service\": [\n          \"lambda.amazonaws.com\",\n          \"apigateway.amazonaws.com\"\n        ]\n      }\n    }\n  ]\n}",
                            "statement.#": "1",
                            "statement.0.actions.#": "1",
                            "statement.0.actions.2528466339": "sts:AssumeRole",
                            "statement.0.condition.#": "0",
                            "statement.0.effect": "Allow",
                            "statement.0.not_actions.#": "0",
                            "statement.0.not_principals.#": "0",
                            "statement.0.not_resources.#": "0",
                            "statement.0.principals.#": "1",
                            "statement.0.principals.1632598396.identifiers.#": "2",
                            "statement.0.principals.1632598396.identifiers.1175233861": "apigateway.amazonaws.com",
                            "statement.0.principals.1632598396.identifiers.2638019528": "lambda.amazonaws.com",
                            "statement.0.principals.1632598396.type": "Service",
                            "statement.0.resources.#": "0",
                            "statement.0.sid": ""
                        },
                        "meta": {},
                        "tainted": false
                    },
                    "deposed": [],
                    "provider": "provider.aws"
                },
                "data.aws_iam_policy_document.logging_policy_statement": {
                    "type": "aws_iam_policy_document",
                    "depends_on": [],
                    "primary": {
                        "id": "4063422367",
                        "attributes": {
                            "id": "4063422367",
                            "json": "{\n  \"Version\": \"2012-10-17\",\n  \"Statement\": [\n    {\n      \"Sid\": \"\",\n      \"Effect\": \"Allow\",\n      \"Action\": [\n        \"logs:PutLogEvents\",\n        \"logs:CreateLogStream\",\n        \"logs:CreateLogGroup\"\n      ],\n      \"Resource\": \"arn:aws:logs:*:*:*\"\n    }\n  ]\n}",
                            "statement.#": "1",
                            "statement.0.actions.#": "3",
                            "statement.0.actions.2809485102": "logs:CreateLogGroup",
                            "statement.0.actions.3285979848": "logs:CreateLogStream",
                            "statement.0.actions.39743051": "logs:PutLogEvents",
                            "statement.0.condition.#": "0",
                            "statement.0.effect": "Allow",
                            "statement.0.not_actions.#": "0",
                            "statement.0.not_principals.#": "0",
                            "statement.0.not_resources.#": "0",
                            "statement.0.principals.#": "0",
                            "statement.0.resources.#": "1",
                            "statement.0.resources.162423377": "arn:aws:logs:*:*:*",
                            "statement.0.sid": ""
                        },
                        "meta": {},
                        "tainted": false
                    },
                    "deposed": [],
                    "provider": "provider.aws"
                }
            },
            "depends_on": []
        },
        {
            "path": [
                "root",
                "ApiGetPostSurveyFunction"
            ],
            "outputs": {
                "arn": {
                    "sensitive": false,
                    "type": "string",
                    "value": "arn:aws:lambda:us-west-2:722431446741:function:dev_ApiGetPostSurvey"
                },
                "invoke_arn": {
                    "sensitive": false,
                    "type": "string",
                    "value": "arn:aws:apigateway:us-west-2:lambda:path/2015-03-31/functions/arn:aws:lambda:us-west-2:722431446741:function:dev_ApiGetPostSurvey/invocations"
                }
            },
            "resources": {
                "aws_cloudwatch_log_group.function": {
                    "type": "aws_cloudwatch_log_group",
                    "depends_on": [],
                    "primary": {
                        "id": "/aws/lambda/dev_ApiGetPostSurvey",
                        "attributes": {
                            "arn": "arn:aws:logs:us-west-2:722431446741:log-group:/aws/lambda/dev_ApiGetPostSurvey:*",
                            "id": "/aws/lambda/dev_ApiGetPostSurvey",
                            "kms_key_id": "",
                            "name": "/aws/lambda/dev_ApiGetPostSurvey",
                            "retention_in_days": "3",
                            "tags.%": "0"
                        },
                        "meta": {},
                        "tainted": false
                    },
                    "deposed": [],
                    "provider": "provider.aws"
                },
                "aws_lambda_function.function": {
                    "type": "aws_lambda_function",
                    "depends_on": [],
                    "primary": {
                        "id": "dev_ApiGetPostSurvey",
                        "attributes": {
                            "arn": "arn:aws:lambda:us-west-2:722431446741:function:dev_ApiGetPostSurvey",
                            "dead_letter_config.#": "0",
                            "description": "Api to get Post survey",
                            "environment.#": "1",
                            "environment.0.variables.%": "3",
                            "environment.0.variables.host": "smartexperience.cynqqjdixddg.us-west-2.rds.amazonaws.com",
                            "environment.0.variables.password": "pekd84ldam3kd01",
                            "environment.0.variables.user": "smrt",
                            "function_name": "dev_ApiGetPostSurvey",
                            "handler": "src/api/GetPostSurvey.handler",
                            "id": "dev_ApiGetPostSurvey",
                            "invoke_arn": "arn:aws:apigateway:us-west-2:lambda:path/2015-03-31/functions/arn:aws:lambda:us-west-2:722431446741:function:dev_ApiGetPostSurvey/invocations",
                            "kms_key_arn": "",
                            "last_modified": "2018-10-22T14:37:10.519+0000",
                            "memory_size": "128",
                            "publish": "false",
                            "qualified_arn": "arn:aws:lambda:us-west-2:722431446741:function:dev_ApiGetPostSurvey:$LATEST",
                            "reserved_concurrent_executions": "0",
                            "role": "arn:aws:iam::722431446741:role/dev_ApiGetPostSurveyRole",
                            "runtime": "nodejs8.10",
                            "s3_bucket": "dev-smart-experience-artifact-repo",
                            "s3_key": "lambdas.zip",
                            "source_code_hash": "uBMfhm3o7Yj28ZdrXwLXrd+xYTQj39hhAOROaxwD4Z4=",
                            "source_code_size": "3288722",
                            "tags.%": "0",
                            "timeout": "10",
                            "tracing_config.#": "1",
                            "tracing_config.0.mode": "PassThrough",
                            "version": "$LATEST",
                            "vpc_config.#": "1",
                            "vpc_config.0.security_group_ids.#": "1",
                            "vpc_config.0.security_group_ids.1883674524": "sg-0771bd1f7389bc87e",
                            "vpc_config.0.subnet_ids.#": "2",
                            "vpc_config.0.subnet_ids.2232752913": "subnet-097f5187a61c57b65",
                            "vpc_config.0.subnet_ids.2986459562": "subnet-051a0994aa493db79",
                            "vpc_config.0.vpc_id": "vpc-06d7dc7f"
                        },
                        "meta": {},
                        "tainted": false
                    },
                    "deposed": [],
                    "provider": "provider.aws"
                }
            },
            "depends_on": []
        },
        {
            "path": [
                "root",
                "ApiGetPostSurveyRole"
            ],
            "outputs": {
                "arn": {
                    "sensitive": false,
                    "type": "string",
                    "value": "arn:aws:iam::722431446741:role/dev_ApiGetPostSurveyRole"
                },
                "name": {
                    "sensitive": false,
                    "type": "string",
                    "value": "dev_ApiGetPostSurveyRole"
                }
            },
            "resources": {
                "aws_iam_policy.lambda_logging_policy": {
                    "type": "aws_iam_policy",
                    "depends_on": [
                        "data.aws_iam_policy_document.logging_policy_statement"
                    ],
                    "primary": {
                        "id": "arn:aws:iam::722431446741:policy/logging_policy_for_dev_ApiGetPostSurveyRole",
                        "attributes": {
                            "arn": "arn:aws:iam::722431446741:policy/logging_policy_for_dev_ApiGetPostSurveyRole",
                            "description": "Allows AWS Lambda to create and write logs",
                            "id": "arn:aws:iam::722431446741:policy/logging_policy_for_dev_ApiGetPostSurveyRole",
                            "name": "logging_policy_for_dev_ApiGetPostSurveyRole",
                            "path": "/",
                            "policy": "{\n  \"Version\": \"2012-10-17\",\n  \"Statement\": [\n    {\n      \"Sid\": \"\",\n      \"Effect\": \"Allow\",\n      \"Action\": [\n        \"logs:PutLogEvents\",\n        \"logs:CreateLogStream\",\n        \"logs:CreateLogGroup\"\n      ],\n      \"Resource\": \"arn:aws:logs:*:*:*\"\n    }\n  ]\n}"
                        },
                        "meta": {},
                        "tainted": false
                    },
                    "deposed": [],
                    "provider": "provider.aws"
                },
                "aws_iam_role.role": {
                    "type": "aws_iam_role",
                    "depends_on": [
                        "data.aws_iam_policy_document.lambda_policy"
                    ],
                    "primary": {
                        "id": "dev_ApiGetPostSurveyRole",
                        "attributes": {
                            "arn": "arn:aws:iam::722431446741:role/dev_ApiGetPostSurveyRole",
                            "assume_role_policy": "{\"Version\":\"2012-10-17\",\"Statement\":[{\"Sid\":\"\",\"Effect\":\"Allow\",\"Principal\":{\"Service\":[\"apigateway.amazonaws.com\",\"lambda.amazonaws.com\"]},\"Action\":\"sts:AssumeRole\"}]}",
                            "create_date": "2018-09-24T15:32:03Z",
                            "description": "",
                            "force_detach_policies": "false",
                            "id": "dev_ApiGetPostSurveyRole",
                            "max_session_duration": "3600",
                            "name": "dev_ApiGetPostSurveyRole",
                            "path": "/",
                            "unique_id": "AROAIQKZPH5RYS5LFCID2"
                        },
                        "meta": {},
                        "tainted": false
                    },
                    "deposed": [],
                    "provider": "provider.aws"
                },
                "aws_iam_role_policy_attachment.Attach_Logging_Role": {
                    "type": "aws_iam_role_policy_attachment",
                    "depends_on": [
                        "aws_iam_policy.lambda_logging_policy",
                        "aws_iam_role.role"
                    ],
                    "primary": {
                        "id": "dev_ApiGetPostSurveyRole-20180924153216861500000011",
                        "attributes": {
                            "id": "dev_ApiGetPostSurveyRole-20180924153216861500000011",
                            "policy_arn": "arn:aws:iam::722431446741:policy/logging_policy_for_dev_ApiGetPostSurveyRole",
                            "role": "dev_ApiGetPostSurveyRole"
                        },
                        "meta": {},
                        "tainted": false
                    },
                    "deposed": [],
                    "provider": "provider.aws"
                },
                "aws_iam_role_policy_attachment.Attach_VPC_Policy": {
                    "type": "aws_iam_role_policy_attachment",
                    "depends_on": [
                        "aws_iam_role.role"
                    ],
                    "primary": {
                        "id": "dev_ApiGetPostSurveyRole-2018092415321581290000000b",
                        "attributes": {
                            "id": "dev_ApiGetPostSurveyRole-2018092415321581290000000b",
                            "policy_arn": "arn:aws:iam::aws:policy/service-role/AWSLambdaVPCAccessExecutionRole",
                            "role": "dev_ApiGetPostSurveyRole"
                        },
                        "meta": {},
                        "tainted": false
                    },
                    "deposed": [],
                    "provider": "provider.aws"
                },
                "data.aws_iam_policy_document.lambda_policy": {
                    "type": "aws_iam_policy_document",
                    "depends_on": [],
                    "primary": {
                        "id": "3127519745",
                        "attributes": {
                            "id": "3127519745",
                            "json": "{\n  \"Version\": \"2012-10-17\",\n  \"Statement\": [\n    {\n      \"Sid\": \"\",\n      \"Effect\": \"Allow\",\n      \"Action\": \"sts:AssumeRole\",\n      \"Principal\": {\n        \"Service\": [\n          \"lambda.amazonaws.com\",\n          \"apigateway.amazonaws.com\"\n        ]\n      }\n    }\n  ]\n}",
                            "statement.#": "1",
                            "statement.0.actions.#": "1",
                            "statement.0.actions.2528466339": "sts:AssumeRole",
                            "statement.0.condition.#": "0",
                            "statement.0.effect": "Allow",
                            "statement.0.not_actions.#": "0",
                            "statement.0.not_principals.#": "0",
                            "statement.0.not_resources.#": "0",
                            "statement.0.principals.#": "1",
                            "statement.0.principals.1632598396.identifiers.#": "2",
                            "statement.0.principals.1632598396.identifiers.1175233861": "apigateway.amazonaws.com",
                            "statement.0.principals.1632598396.identifiers.2638019528": "lambda.amazonaws.com",
                            "statement.0.principals.1632598396.type": "Service",
                            "statement.0.resources.#": "0",
                            "statement.0.sid": ""
                        },
                        "meta": {},
                        "tainted": false
                    },
                    "deposed": [],
                    "provider": "provider.aws"
                },
                "data.aws_iam_policy_document.logging_policy_statement": {
                    "type": "aws_iam_policy_document",
                    "depends_on": [],
                    "primary": {
                        "id": "4063422367",
                        "attributes": {
                            "id": "4063422367",
                            "json": "{\n  \"Version\": \"2012-10-17\",\n  \"Statement\": [\n    {\n      \"Sid\": \"\",\n      \"Effect\": \"Allow\",\n      \"Action\": [\n        \"logs:PutLogEvents\",\n        \"logs:CreateLogStream\",\n        \"logs:CreateLogGroup\"\n      ],\n      \"Resource\": \"arn:aws:logs:*:*:*\"\n    }\n  ]\n}",
                            "statement.#": "1",
                            "statement.0.actions.#": "3",
                            "statement.0.actions.2809485102": "logs:CreateLogGroup",
                            "statement.0.actions.3285979848": "logs:CreateLogStream",
                            "statement.0.actions.39743051": "logs:PutLogEvents",
                            "statement.0.condition.#": "0",
                            "statement.0.effect": "Allow",
                            "statement.0.not_actions.#": "0",
                            "statement.0.not_principals.#": "0",
                            "statement.0.not_resources.#": "0",
                            "statement.0.principals.#": "0",
                            "statement.0.resources.#": "1",
                            "statement.0.resources.162423377": "arn:aws:logs:*:*:*",
                            "statement.0.sid": ""
                        },
                        "meta": {},
                        "tainted": false
                    },
                    "deposed": [],
                    "provider": "provider.aws"
                }
            },
            "depends_on": []
        },
        {
            "path": [
                "root",
                "ApiGetPreSurveyFunction"
            ],
            "outputs": {
                "arn": {
                    "sensitive": false,
                    "type": "string",
                    "value": "arn:aws:lambda:us-west-2:722431446741:function:dev_ApiGetPreSurvey"
                },
                "invoke_arn": {
                    "sensitive": false,
                    "type": "string",
                    "value": "arn:aws:apigateway:us-west-2:lambda:path/2015-03-31/functions/arn:aws:lambda:us-west-2:722431446741:function:dev_ApiGetPreSurvey/invocations"
                }
            },
            "resources": {
                "aws_cloudwatch_log_group.function": {
                    "type": "aws_cloudwatch_log_group",
                    "depends_on": [],
                    "primary": {
                        "id": "/aws/lambda/dev_ApiGetPreSurvey",
                        "attributes": {
                            "arn": "arn:aws:logs:us-west-2:722431446741:log-group:/aws/lambda/dev_ApiGetPreSurvey:*",
                            "id": "/aws/lambda/dev_ApiGetPreSurvey",
                            "kms_key_id": "",
                            "name": "/aws/lambda/dev_ApiGetPreSurvey",
                            "retention_in_days": "3",
                            "tags.%": "0"
                        },
                        "meta": {},
                        "tainted": false
                    },
                    "deposed": [],
                    "provider": "provider.aws"
                },
                "aws_lambda_function.function": {
                    "type": "aws_lambda_function",
                    "depends_on": [],
                    "primary": {
                        "id": "dev_ApiGetPreSurvey",
                        "attributes": {
                            "arn": "arn:aws:lambda:us-west-2:722431446741:function:dev_ApiGetPreSurvey",
                            "dead_letter_config.#": "0",
                            "description": "Api to get pre survey",
                            "environment.#": "1",
                            "environment.0.variables.%": "3",
                            "environment.0.variables.host": "smartexperience.cynqqjdixddg.us-west-2.rds.amazonaws.com",
                            "environment.0.variables.password": "pekd84ldam3kd01",
                            "environment.0.variables.user": "smrt",
                            "function_name": "dev_ApiGetPreSurvey",
                            "handler": "src/api/GetPreSurvey.handler",
                            "id": "dev_ApiGetPreSurvey",
                            "invoke_arn": "arn:aws:apigateway:us-west-2:lambda:path/2015-03-31/functions/arn:aws:lambda:us-west-2:722431446741:function:dev_ApiGetPreSurvey/invocations",
                            "kms_key_arn": "",
                            "last_modified": "2018-10-22T14:37:09.400+0000",
                            "memory_size": "128",
                            "publish": "false",
                            "qualified_arn": "arn:aws:lambda:us-west-2:722431446741:function:dev_ApiGetPreSurvey:$LATEST",
                            "reserved_concurrent_executions": "0",
                            "role": "arn:aws:iam::722431446741:role/dev_ApiGetPreSurveyRole",
                            "runtime": "nodejs8.10",
                            "s3_bucket": "dev-smart-experience-artifact-repo",
                            "s3_key": "lambdas.zip",
                            "source_code_hash": "uBMfhm3o7Yj28ZdrXwLXrd+xYTQj39hhAOROaxwD4Z4=",
                            "source_code_size": "3288722",
                            "tags.%": "0",
                            "timeout": "10",
                            "tracing_config.#": "1",
                            "tracing_config.0.mode": "PassThrough",
                            "version": "$LATEST",
                            "vpc_config.#": "1",
                            "vpc_config.0.security_group_ids.#": "1",
                            "vpc_config.0.security_group_ids.1883674524": "sg-0771bd1f7389bc87e",
                            "vpc_config.0.subnet_ids.#": "2",
                            "vpc_config.0.subnet_ids.2232752913": "subnet-097f5187a61c57b65",
                            "vpc_config.0.subnet_ids.2986459562": "subnet-051a0994aa493db79",
                            "vpc_config.0.vpc_id": "vpc-06d7dc7f"
                        },
                        "meta": {},
                        "tainted": false
                    },
                    "deposed": [],
                    "provider": "provider.aws"
                }
            },
            "depends_on": []
        },
        {
            "path": [
                "root",
                "ApiGetPreSurveyRole"
            ],
            "outputs": {
                "arn": {
                    "sensitive": false,
                    "type": "string",
                    "value": "arn:aws:iam::722431446741:role/dev_ApiGetPreSurveyRole"
                },
                "name": {
                    "sensitive": false,
                    "type": "string",
                    "value": "dev_ApiGetPreSurveyRole"
                }
            },
            "resources": {
                "aws_iam_policy.lambda_logging_policy": {
                    "type": "aws_iam_policy",
                    "depends_on": [
                        "data.aws_iam_policy_document.logging_policy_statement"
                    ],
                    "primary": {
                        "id": "arn:aws:iam::722431446741:policy/logging_policy_for_dev_ApiGetPreSurveyRole",
                        "attributes": {
                            "arn": "arn:aws:iam::722431446741:policy/logging_policy_for_dev_ApiGetPreSurveyRole",
                            "description": "Allows AWS Lambda to create and write logs",
                            "id": "arn:aws:iam::722431446741:policy/logging_policy_for_dev_ApiGetPreSurveyRole",
                            "name": "logging_policy_for_dev_ApiGetPreSurveyRole",
                            "path": "/",
                            "policy": "{\n  \"Version\": \"2012-10-17\",\n  \"Statement\": [\n    {\n      \"Sid\": \"\",\n      \"Effect\": \"Allow\",\n      \"Action\": [\n        \"logs:PutLogEvents\",\n        \"logs:CreateLogStream\",\n        \"logs:CreateLogGroup\"\n      ],\n      \"Resource\": \"arn:aws:logs:*:*:*\"\n    }\n  ]\n}"
                        },
                        "meta": {},
                        "tainted": false
                    },
                    "deposed": [],
                    "provider": "provider.aws"
                },
                "aws_iam_role.role": {
                    "type": "aws_iam_role",
                    "depends_on": [
                        "data.aws_iam_policy_document.lambda_policy"
                    ],
                    "primary": {
                        "id": "dev_ApiGetPreSurveyRole",
                        "attributes": {
                            "arn": "arn:aws:iam::722431446741:role/dev_ApiGetPreSurveyRole",
                            "assume_role_policy": "{\"Version\":\"2012-10-17\",\"Statement\":[{\"Sid\":\"\",\"Effect\":\"Allow\",\"Principal\":{\"Service\":[\"apigateway.amazonaws.com\",\"lambda.amazonaws.com\"]},\"Action\":\"sts:AssumeRole\"}]}",
                            "create_date": "2018-09-24T15:32:04Z",
                            "description": "",
                            "force_detach_policies": "false",
                            "id": "dev_ApiGetPreSurveyRole",
                            "max_session_duration": "3600",
                            "name": "dev_ApiGetPreSurveyRole",
                            "path": "/",
                            "unique_id": "AROAJMP4ILDE6GKVTICXM"
                        },
                        "meta": {},
                        "tainted": false
                    },
                    "deposed": [],
                    "provider": "provider.aws"
                },
                "aws_iam_role_policy_attachment.Attach_Logging_Role": {
                    "type": "aws_iam_role_policy_attachment",
                    "depends_on": [
                        "aws_iam_policy.lambda_logging_policy",
                        "aws_iam_role.role"
                    ],
                    "primary": {
                        "id": "dev_ApiGetPreSurveyRole-20180924153217248900000015",
                        "attributes": {
                            "id": "dev_ApiGetPreSurveyRole-20180924153217248900000015",
                            "policy_arn": "arn:aws:iam::722431446741:policy/logging_policy_for_dev_ApiGetPreSurveyRole",
                            "role": "dev_ApiGetPreSurveyRole"
                        },
                        "meta": {},
                        "tainted": false
                    },
                    "deposed": [],
                    "provider": "provider.aws"
                },
                "aws_iam_role_policy_attachment.Attach_VPC_Policy": {
                    "type": "aws_iam_role_policy_attachment",
                    "depends_on": [
                        "aws_iam_role.role"
                    ],
                    "primary": {
                        "id": "dev_ApiGetPreSurveyRole-20180924153217565900000016",
                        "attributes": {
                            "id": "dev_ApiGetPreSurveyRole-20180924153217565900000016",
                            "policy_arn": "arn:aws:iam::aws:policy/service-role/AWSLambdaVPCAccessExecutionRole",
                            "role": "dev_ApiGetPreSurveyRole"
                        },
                        "meta": {},
                        "tainted": false
                    },
                    "deposed": [],
                    "provider": "provider.aws"
                },
                "data.aws_iam_policy_document.lambda_policy": {
                    "type": "aws_iam_policy_document",
                    "depends_on": [],
                    "primary": {
                        "id": "3127519745",
                        "attributes": {
                            "id": "3127519745",
                            "json": "{\n  \"Version\": \"2012-10-17\",\n  \"Statement\": [\n    {\n      \"Sid\": \"\",\n      \"Effect\": \"Allow\",\n      \"Action\": \"sts:AssumeRole\",\n      \"Principal\": {\n        \"Service\": [\n          \"lambda.amazonaws.com\",\n          \"apigateway.amazonaws.com\"\n        ]\n      }\n    }\n  ]\n}",
                            "statement.#": "1",
                            "statement.0.actions.#": "1",
                            "statement.0.actions.2528466339": "sts:AssumeRole",
                            "statement.0.condition.#": "0",
                            "statement.0.effect": "Allow",
                            "statement.0.not_actions.#": "0",
                            "statement.0.not_principals.#": "0",
                            "statement.0.not_resources.#": "0",
                            "statement.0.principals.#": "1",
                            "statement.0.principals.1632598396.identifiers.#": "2",
                            "statement.0.principals.1632598396.identifiers.1175233861": "apigateway.amazonaws.com",
                            "statement.0.principals.1632598396.identifiers.2638019528": "lambda.amazonaws.com",
                            "statement.0.principals.1632598396.type": "Service",
                            "statement.0.resources.#": "0",
                            "statement.0.sid": ""
                        },
                        "meta": {},
                        "tainted": false
                    },
                    "deposed": [],
                    "provider": "provider.aws"
                },
                "data.aws_iam_policy_document.logging_policy_statement": {
                    "type": "aws_iam_policy_document",
                    "depends_on": [],
                    "primary": {
                        "id": "4063422367",
                        "attributes": {
                            "id": "4063422367",
                            "json": "{\n  \"Version\": \"2012-10-17\",\n  \"Statement\": [\n    {\n      \"Sid\": \"\",\n      \"Effect\": \"Allow\",\n      \"Action\": [\n        \"logs:PutLogEvents\",\n        \"logs:CreateLogStream\",\n        \"logs:CreateLogGroup\"\n      ],\n      \"Resource\": \"arn:aws:logs:*:*:*\"\n    }\n  ]\n}",
                            "statement.#": "1",
                            "statement.0.actions.#": "3",
                            "statement.0.actions.2809485102": "logs:CreateLogGroup",
                            "statement.0.actions.3285979848": "logs:CreateLogStream",
                            "statement.0.actions.39743051": "logs:PutLogEvents",
                            "statement.0.condition.#": "0",
                            "statement.0.effect": "Allow",
                            "statement.0.not_actions.#": "0",
                            "statement.0.not_principals.#": "0",
                            "statement.0.not_resources.#": "0",
                            "statement.0.principals.#": "0",
                            "statement.0.resources.#": "1",
                            "statement.0.resources.162423377": "arn:aws:logs:*:*:*",
                            "statement.0.sid": ""
                        },
                        "meta": {},
                        "tainted": false
                    },
                    "deposed": [],
                    "provider": "provider.aws"
                }
            },
            "depends_on": []
        },
        {
            "path": [
                "root",
                "ApiGetScheduleFunction"
            ],
            "outputs": {
                "arn": {
                    "sensitive": false,
                    "type": "string",
                    "value": "arn:aws:lambda:us-west-2:722431446741:function:dev_ApiGetSchedule"
                },
                "invoke_arn": {
                    "sensitive": false,
                    "type": "string",
                    "value": "arn:aws:apigateway:us-west-2:lambda:path/2015-03-31/functions/arn:aws:lambda:us-west-2:722431446741:function:dev_ApiGetSchedule/invocations"
                }
            },
            "resources": {
                "aws_cloudwatch_log_group.function": {
                    "type": "aws_cloudwatch_log_group",
                    "depends_on": [],
                    "primary": {
                        "id": "/aws/lambda/dev_ApiGetSchedule",
                        "attributes": {
                            "arn": "arn:aws:logs:us-west-2:722431446741:log-group:/aws/lambda/dev_ApiGetSchedule:*",
                            "id": "/aws/lambda/dev_ApiGetSchedule",
                            "kms_key_id": "",
                            "name": "/aws/lambda/dev_ApiGetSchedule",
                            "retention_in_days": "3",
                            "tags.%": "0"
                        },
                        "meta": {},
                        "tainted": false
                    },
                    "deposed": [],
                    "provider": "provider.aws"
                },
                "aws_lambda_function.function": {
                    "type": "aws_lambda_function",
                    "depends_on": [],
                    "primary": {
                        "id": "dev_ApiGetSchedule",
                        "attributes": {
                            "arn": "arn:aws:lambda:us-west-2:722431446741:function:dev_ApiGetSchedule",
                            "dead_letter_config.#": "0",
                            "description": "Api to get schedule",
                            "environment.#": "1",
                            "environment.0.variables.%": "3",
                            "environment.0.variables.host": "smartexperience.cynqqjdixddg.us-west-2.rds.amazonaws.com",
                            "environment.0.variables.password": "pekd84ldam3kd01",
                            "environment.0.variables.user": "smrt",
                            "function_name": "dev_ApiGetSchedule",
                            "handler": "src/api/admin/GetSchedule.handler",
                            "id": "dev_ApiGetSchedule",
                            "invoke_arn": "arn:aws:apigateway:us-west-2:lambda:path/2015-03-31/functions/arn:aws:lambda:us-west-2:722431446741:function:dev_ApiGetSchedule/invocations",
                            "kms_key_arn": "",
                            "last_modified": "2018-10-22T14:37:17.021+0000",
                            "memory_size": "128",
                            "publish": "false",
                            "qualified_arn": "arn:aws:lambda:us-west-2:722431446741:function:dev_ApiGetSchedule:$LATEST",
                            "reserved_concurrent_executions": "0",
                            "role": "arn:aws:iam::722431446741:role/dev_ApiGetScheduleRole",
                            "runtime": "nodejs8.10",
                            "s3_bucket": "dev-smart-experience-artifact-repo",
                            "s3_key": "lambdas.zip",
                            "source_code_hash": "uBMfhm3o7Yj28ZdrXwLXrd+xYTQj39hhAOROaxwD4Z4=",
                            "source_code_size": "3288722",
                            "tags.%": "0",
                            "timeout": "10",
                            "tracing_config.#": "1",
                            "tracing_config.0.mode": "PassThrough",
                            "version": "$LATEST",
                            "vpc_config.#": "1",
                            "vpc_config.0.security_group_ids.#": "1",
                            "vpc_config.0.security_group_ids.1883674524": "sg-0771bd1f7389bc87e",
                            "vpc_config.0.subnet_ids.#": "2",
                            "vpc_config.0.subnet_ids.2232752913": "subnet-097f5187a61c57b65",
                            "vpc_config.0.subnet_ids.2986459562": "subnet-051a0994aa493db79",
                            "vpc_config.0.vpc_id": "vpc-06d7dc7f"
                        },
                        "meta": {},
                        "tainted": false
                    },
                    "deposed": [],
                    "provider": "provider.aws"
                }
            },
            "depends_on": []
        },
        {
            "path": [
                "root",
                "ApiGetScheduleRole"
            ],
            "outputs": {
                "arn": {
                    "sensitive": false,
                    "type": "string",
                    "value": "arn:aws:iam::722431446741:role/dev_ApiGetScheduleRole"
                },
                "name": {
                    "sensitive": false,
                    "type": "string",
                    "value": "dev_ApiGetScheduleRole"
                }
            },
            "resources": {
                "aws_iam_policy.lambda_logging_policy": {
                    "type": "aws_iam_policy",
                    "depends_on": [
                        "data.aws_iam_policy_document.logging_policy_statement"
                    ],
                    "primary": {
                        "id": "arn:aws:iam::722431446741:policy/logging_policy_for_dev_ApiGetScheduleRole",
                        "attributes": {
                            "arn": "arn:aws:iam::722431446741:policy/logging_policy_for_dev_ApiGetScheduleRole",
                            "description": "Allows AWS Lambda to create and write logs",
                            "id": "arn:aws:iam::722431446741:policy/logging_policy_for_dev_ApiGetScheduleRole",
                            "name": "logging_policy_for_dev_ApiGetScheduleRole",
                            "path": "/",
                            "policy": "{\n  \"Version\": \"2012-10-17\",\n  \"Statement\": [\n    {\n      \"Sid\": \"\",\n      \"Effect\": \"Allow\",\n      \"Action\": [\n        \"logs:PutLogEvents\",\n        \"logs:CreateLogStream\",\n        \"logs:CreateLogGroup\"\n      ],\n      \"Resource\": \"arn:aws:logs:*:*:*\"\n    }\n  ]\n}"
                        },
                        "meta": {},
                        "tainted": false
                    },
                    "deposed": [],
                    "provider": "provider.aws"
                },
                "aws_iam_role.role": {
                    "type": "aws_iam_role",
                    "depends_on": [
                        "data.aws_iam_policy_document.lambda_policy"
                    ],
                    "primary": {
                        "id": "dev_ApiGetScheduleRole",
                        "attributes": {
                            "arn": "arn:aws:iam::722431446741:role/dev_ApiGetScheduleRole",
                            "assume_role_policy": "{\"Version\":\"2012-10-17\",\"Statement\":[{\"Sid\":\"\",\"Effect\":\"Allow\",\"Principal\":{\"Service\":[\"lambda.amazonaws.com\",\"apigateway.amazonaws.com\"]},\"Action\":\"sts:AssumeRole\"}]}",
                            "create_date": "2018-09-24T15:32:08Z",
                            "description": "",
                            "force_detach_policies": "false",
                            "id": "dev_ApiGetScheduleRole",
                            "max_session_duration": "3600",
                            "name": "dev_ApiGetScheduleRole",
                            "path": "/",
                            "unique_id": "AROAIHKBJ6FXE2V3XTALA"
                        },
                        "meta": {},
                        "tainted": false
                    },
                    "deposed": [],
                    "provider": "provider.aws"
                },
                "aws_iam_role_policy_attachment.Attach_Logging_Role": {
                    "type": "aws_iam_role_policy_attachment",
                    "depends_on": [
                        "aws_iam_policy.lambda_logging_policy",
                        "aws_iam_role.role"
                    ],
                    "primary": {
                        "id": "dev_ApiGetScheduleRole-20180924153219767500000024",
                        "attributes": {
                            "id": "dev_ApiGetScheduleRole-20180924153219767500000024",
                            "policy_arn": "arn:aws:iam::722431446741:policy/logging_policy_for_dev_ApiGetScheduleRole",
                            "role": "dev_ApiGetScheduleRole"
                        },
                        "meta": {},
                        "tainted": false
                    },
                    "deposed": [],
                    "provider": "provider.aws"
                },
                "aws_iam_role_policy_attachment.Attach_VPC_Policy": {
                    "type": "aws_iam_role_policy_attachment",
                    "depends_on": [
                        "aws_iam_role.role"
                    ],
                    "primary": {
                        "id": "dev_ApiGetScheduleRole-20180924153219386700000022",
                        "attributes": {
                            "id": "dev_ApiGetScheduleRole-20180924153219386700000022",
                            "policy_arn": "arn:aws:iam::aws:policy/service-role/AWSLambdaVPCAccessExecutionRole",
                            "role": "dev_ApiGetScheduleRole"
                        },
                        "meta": {},
                        "tainted": false
                    },
                    "deposed": [],
                    "provider": "provider.aws"
                },
                "data.aws_iam_policy_document.lambda_policy": {
                    "type": "aws_iam_policy_document",
                    "depends_on": [],
                    "primary": {
                        "id": "3127519745",
                        "attributes": {
                            "id": "3127519745",
                            "json": "{\n  \"Version\": \"2012-10-17\",\n  \"Statement\": [\n    {\n      \"Sid\": \"\",\n      \"Effect\": \"Allow\",\n      \"Action\": \"sts:AssumeRole\",\n      \"Principal\": {\n        \"Service\": [\n          \"lambda.amazonaws.com\",\n          \"apigateway.amazonaws.com\"\n        ]\n      }\n    }\n  ]\n}",
                            "statement.#": "1",
                            "statement.0.actions.#": "1",
                            "statement.0.actions.2528466339": "sts:AssumeRole",
                            "statement.0.condition.#": "0",
                            "statement.0.effect": "Allow",
                            "statement.0.not_actions.#": "0",
                            "statement.0.not_principals.#": "0",
                            "statement.0.not_resources.#": "0",
                            "statement.0.principals.#": "1",
                            "statement.0.principals.1632598396.identifiers.#": "2",
                            "statement.0.principals.1632598396.identifiers.1175233861": "apigateway.amazonaws.com",
                            "statement.0.principals.1632598396.identifiers.2638019528": "lambda.amazonaws.com",
                            "statement.0.principals.1632598396.type": "Service",
                            "statement.0.resources.#": "0",
                            "statement.0.sid": ""
                        },
                        "meta": {},
                        "tainted": false
                    },
                    "deposed": [],
                    "provider": "provider.aws"
                },
                "data.aws_iam_policy_document.logging_policy_statement": {
                    "type": "aws_iam_policy_document",
                    "depends_on": [],
                    "primary": {
                        "id": "4063422367",
                        "attributes": {
                            "id": "4063422367",
                            "json": "{\n  \"Version\": \"2012-10-17\",\n  \"Statement\": [\n    {\n      \"Sid\": \"\",\n      \"Effect\": \"Allow\",\n      \"Action\": [\n        \"logs:PutLogEvents\",\n        \"logs:CreateLogStream\",\n        \"logs:CreateLogGroup\"\n      ],\n      \"Resource\": \"arn:aws:logs:*:*:*\"\n    }\n  ]\n}",
                            "statement.#": "1",
                            "statement.0.actions.#": "3",
                            "statement.0.actions.2809485102": "logs:CreateLogGroup",
                            "statement.0.actions.3285979848": "logs:CreateLogStream",
                            "statement.0.actions.39743051": "logs:PutLogEvents",
                            "statement.0.condition.#": "0",
                            "statement.0.effect": "Allow",
                            "statement.0.not_actions.#": "0",
                            "statement.0.not_principals.#": "0",
                            "statement.0.not_resources.#": "0",
                            "statement.0.principals.#": "0",
                            "statement.0.resources.#": "1",
                            "statement.0.resources.162423377": "arn:aws:logs:*:*:*",
                            "statement.0.sid": ""
                        },
                        "meta": {},
                        "tainted": false
                    },
                    "deposed": [],
                    "provider": "provider.aws"
                }
            },
            "depends_on": []
        },
        {
            "path": [
                "root",
                "ApiGetScheduledDrivesFunction"
            ],
            "outputs": {
                "arn": {
                    "sensitive": false,
                    "type": "string",
                    "value": "arn:aws:lambda:us-west-2:722431446741:function:dev_ApiGetScheduledDrives"
                },
                "invoke_arn": {
                    "sensitive": false,
                    "type": "string",
                    "value": "arn:aws:apigateway:us-west-2:lambda:path/2015-03-31/functions/arn:aws:lambda:us-west-2:722431446741:function:dev_ApiGetScheduledDrives/invocations"
                }
            },
            "resources": {
                "aws_cloudwatch_log_group.function": {
                    "type": "aws_cloudwatch_log_group",
                    "depends_on": [],
                    "primary": {
                        "id": "/aws/lambda/dev_ApiGetScheduledDrives",
                        "attributes": {
                            "arn": "arn:aws:logs:us-west-2:722431446741:log-group:/aws/lambda/dev_ApiGetScheduledDrives:*",
                            "id": "/aws/lambda/dev_ApiGetScheduledDrives",
                            "kms_key_id": "",
                            "name": "/aws/lambda/dev_ApiGetScheduledDrives",
                            "retention_in_days": "3",
                            "tags.%": "0"
                        },
                        "meta": {},
                        "tainted": false
                    },
                    "deposed": [],
                    "provider": "provider.aws"
                },
                "aws_lambda_function.function": {
                    "type": "aws_lambda_function",
                    "depends_on": [],
                    "primary": {
                        "id": "dev_ApiGetScheduledDrives",
                        "attributes": {
                            "arn": "arn:aws:lambda:us-west-2:722431446741:function:dev_ApiGetScheduledDrives",
                            "dead_letter_config.#": "0",
                            "description": "Api to get scheduled drives",
                            "environment.#": "1",
                            "environment.0.variables.%": "3",
                            "environment.0.variables.host": "smartexperience.cynqqjdixddg.us-west-2.rds.amazonaws.com",
                            "environment.0.variables.password": "pekd84ldam3kd01",
                            "environment.0.variables.user": "smrt",
                            "function_name": "dev_ApiGetScheduledDrives",
                            "handler": "src/api/GetScheduledDrives.handler",
                            "id": "dev_ApiGetScheduledDrives",
                            "invoke_arn": "arn:aws:apigateway:us-west-2:lambda:path/2015-03-31/functions/arn:aws:lambda:us-west-2:722431446741:function:dev_ApiGetScheduledDrives/invocations",
                            "kms_key_arn": "",
                            "last_modified": "2018-10-22T14:37:13.997+0000",
                            "memory_size": "128",
                            "publish": "false",
                            "qualified_arn": "arn:aws:lambda:us-west-2:722431446741:function:dev_ApiGetScheduledDrives:$LATEST",
                            "reserved_concurrent_executions": "0",
                            "role": "arn:aws:iam::722431446741:role/dev_ApiGetScheduledDrivesRole",
                            "runtime": "nodejs8.10",
                            "s3_bucket": "dev-smart-experience-artifact-repo",
                            "s3_key": "lambdas.zip",
                            "source_code_hash": "uBMfhm3o7Yj28ZdrXwLXrd+xYTQj39hhAOROaxwD4Z4=",
                            "source_code_size": "3288722",
                            "tags.%": "0",
                            "timeout": "10",
                            "tracing_config.#": "1",
                            "tracing_config.0.mode": "PassThrough",
                            "version": "$LATEST",
                            "vpc_config.#": "1",
                            "vpc_config.0.security_group_ids.#": "1",
                            "vpc_config.0.security_group_ids.1883674524": "sg-0771bd1f7389bc87e",
                            "vpc_config.0.subnet_ids.#": "2",
                            "vpc_config.0.subnet_ids.2232752913": "subnet-097f5187a61c57b65",
                            "vpc_config.0.subnet_ids.2986459562": "subnet-051a0994aa493db79",
                            "vpc_config.0.vpc_id": "vpc-06d7dc7f"
                        },
                        "meta": {},
                        "tainted": false
                    },
                    "deposed": [],
                    "provider": "provider.aws"
                }
            },
            "depends_on": []
        },
        {
            "path": [
                "root",
                "ApiGetScheduledDrivesRole"
            ],
            "outputs": {
                "arn": {
                    "sensitive": false,
                    "type": "string",
                    "value": "arn:aws:iam::722431446741:role/dev_ApiGetScheduledDrivesRole"
                },
                "name": {
                    "sensitive": false,
                    "type": "string",
                    "value": "dev_ApiGetScheduledDrivesRole"
                }
            },
            "resources": {
                "aws_iam_policy.lambda_logging_policy": {
                    "type": "aws_iam_policy",
                    "depends_on": [
                        "data.aws_iam_policy_document.logging_policy_statement"
                    ],
                    "primary": {
                        "id": "arn:aws:iam::722431446741:policy/logging_policy_for_dev_ApiGetScheduledDrivesRole",
                        "attributes": {
                            "arn": "arn:aws:iam::722431446741:policy/logging_policy_for_dev_ApiGetScheduledDrivesRole",
                            "description": "Allows AWS Lambda to create and write logs",
                            "id": "arn:aws:iam::722431446741:policy/logging_policy_for_dev_ApiGetScheduledDrivesRole",
                            "name": "logging_policy_for_dev_ApiGetScheduledDrivesRole",
                            "path": "/",
                            "policy": "{\n  \"Version\": \"2012-10-17\",\n  \"Statement\": [\n    {\n      \"Sid\": \"\",\n      \"Effect\": \"Allow\",\n      \"Action\": [\n        \"logs:PutLogEvents\",\n        \"logs:CreateLogStream\",\n        \"logs:CreateLogGroup\"\n      ],\n      \"Resource\": \"arn:aws:logs:*:*:*\"\n    }\n  ]\n}"
                        },
                        "meta": {},
                        "tainted": false
                    },
                    "deposed": [],
                    "provider": "provider.aws"
                },
                "aws_iam_role.role": {
                    "type": "aws_iam_role",
                    "depends_on": [
                        "data.aws_iam_policy_document.lambda_policy"
                    ],
                    "primary": {
                        "id": "dev_ApiGetScheduledDrivesRole",
                        "attributes": {
                            "arn": "arn:aws:iam::722431446741:role/dev_ApiGetScheduledDrivesRole",
                            "assume_role_policy": "{\"Version\":\"2012-10-17\",\"Statement\":[{\"Sid\":\"\",\"Effect\":\"Allow\",\"Principal\":{\"Service\":[\"apigateway.amazonaws.com\",\"lambda.amazonaws.com\"]},\"Action\":\"sts:AssumeRole\"}]}",
                            "create_date": "2018-09-24T15:32:08Z",
                            "description": "",
                            "force_detach_policies": "false",
                            "id": "dev_ApiGetScheduledDrivesRole",
                            "max_session_duration": "3600",
                            "name": "dev_ApiGetScheduledDrivesRole",
                            "path": "/",
                            "unique_id": "AROAJ2QLPJHILWS2UUCYK"
                        },
                        "meta": {},
                        "tainted": false
                    },
                    "deposed": [],
                    "provider": "provider.aws"
                },
                "aws_iam_role_policy_attachment.Attach_Logging_Role": {
                    "type": "aws_iam_role_policy_attachment",
                    "depends_on": [
                        "aws_iam_policy.lambda_logging_policy",
                        "aws_iam_role.role"
                    ],
                    "primary": {
                        "id": "dev_ApiGetScheduledDrivesRole-20180924153219395200000023",
                        "attributes": {
                            "id": "dev_ApiGetScheduledDrivesRole-20180924153219395200000023",
                            "policy_arn": "arn:aws:iam::722431446741:policy/logging_policy_for_dev_ApiGetScheduledDrivesRole",
                            "role": "dev_ApiGetScheduledDrivesRole"
                        },
                        "meta": {},
                        "tainted": false
                    },
                    "deposed": [],
                    "provider": "provider.aws"
                },
                "aws_iam_role_policy_attachment.Attach_VPC_Policy": {
                    "type": "aws_iam_role_policy_attachment",
                    "depends_on": [
                        "aws_iam_role.role"
                    ],
                    "primary": {
                        "id": "dev_ApiGetScheduledDrivesRole-20180924153218988900000021",
                        "attributes": {
                            "id": "dev_ApiGetScheduledDrivesRole-20180924153218988900000021",
                            "policy_arn": "arn:aws:iam::aws:policy/service-role/AWSLambdaVPCAccessExecutionRole",
                            "role": "dev_ApiGetScheduledDrivesRole"
                        },
                        "meta": {},
                        "tainted": false
                    },
                    "deposed": [],
                    "provider": "provider.aws"
                },
                "data.aws_iam_policy_document.lambda_policy": {
                    "type": "aws_iam_policy_document",
                    "depends_on": [],
                    "primary": {
                        "id": "3127519745",
                        "attributes": {
                            "id": "3127519745",
                            "json": "{\n  \"Version\": \"2012-10-17\",\n  \"Statement\": [\n    {\n      \"Sid\": \"\",\n      \"Effect\": \"Allow\",\n      \"Action\": \"sts:AssumeRole\",\n      \"Principal\": {\n        \"Service\": [\n          \"lambda.amazonaws.com\",\n          \"apigateway.amazonaws.com\"\n        ]\n      }\n    }\n  ]\n}",
                            "statement.#": "1",
                            "statement.0.actions.#": "1",
                            "statement.0.actions.2528466339": "sts:AssumeRole",
                            "statement.0.condition.#": "0",
                            "statement.0.effect": "Allow",
                            "statement.0.not_actions.#": "0",
                            "statement.0.not_principals.#": "0",
                            "statement.0.not_resources.#": "0",
                            "statement.0.principals.#": "1",
                            "statement.0.principals.1632598396.identifiers.#": "2",
                            "statement.0.principals.1632598396.identifiers.1175233861": "apigateway.amazonaws.com",
                            "statement.0.principals.1632598396.identifiers.2638019528": "lambda.amazonaws.com",
                            "statement.0.principals.1632598396.type": "Service",
                            "statement.0.resources.#": "0",
                            "statement.0.sid": ""
                        },
                        "meta": {},
                        "tainted": false
                    },
                    "deposed": [],
                    "provider": "provider.aws"
                },
                "data.aws_iam_policy_document.logging_policy_statement": {
                    "type": "aws_iam_policy_document",
                    "depends_on": [],
                    "primary": {
                        "id": "4063422367",
                        "attributes": {
                            "id": "4063422367",
                            "json": "{\n  \"Version\": \"2012-10-17\",\n  \"Statement\": [\n    {\n      \"Sid\": \"\",\n      \"Effect\": \"Allow\",\n      \"Action\": [\n        \"logs:PutLogEvents\",\n        \"logs:CreateLogStream\",\n        \"logs:CreateLogGroup\"\n      ],\n      \"Resource\": \"arn:aws:logs:*:*:*\"\n    }\n  ]\n}",
                            "statement.#": "1",
                            "statement.0.actions.#": "3",
                            "statement.0.actions.2809485102": "logs:CreateLogGroup",
                            "statement.0.actions.3285979848": "logs:CreateLogStream",
                            "statement.0.actions.39743051": "logs:PutLogEvents",
                            "statement.0.condition.#": "0",
                            "statement.0.effect": "Allow",
                            "statement.0.not_actions.#": "0",
                            "statement.0.not_principals.#": "0",
                            "statement.0.not_resources.#": "0",
                            "statement.0.principals.#": "0",
                            "statement.0.resources.#": "1",
                            "statement.0.resources.162423377": "arn:aws:logs:*:*:*",
                            "statement.0.sid": ""
                        },
                        "meta": {},
                        "tainted": false
                    },
                    "deposed": [],
                    "provider": "provider.aws"
                }
            },
            "depends_on": []
        },
        {
            "path": [
                "root",
                "ApiGetSurveySummaryFunction"
            ],
            "outputs": {
                "arn": {
                    "sensitive": false,
                    "type": "string",
                    "value": "arn:aws:lambda:us-west-2:722431446741:function:dev_ApiGetSurveySummary"
                },
                "invoke_arn": {
                    "sensitive": false,
                    "type": "string",
                    "value": "arn:aws:apigateway:us-west-2:lambda:path/2015-03-31/functions/arn:aws:lambda:us-west-2:722431446741:function:dev_ApiGetSurveySummary/invocations"
                }
            },
            "resources": {
                "aws_cloudwatch_log_group.function": {
                    "type": "aws_cloudwatch_log_group",
                    "depends_on": [],
                    "primary": {
                        "id": "/aws/lambda/dev_ApiGetSurveySummary",
                        "attributes": {
                            "arn": "arn:aws:logs:us-west-2:722431446741:log-group:/aws/lambda/dev_ApiGetSurveySummary:*",
                            "id": "/aws/lambda/dev_ApiGetSurveySummary",
                            "kms_key_id": "",
                            "name": "/aws/lambda/dev_ApiGetSurveySummary",
                            "retention_in_days": "3",
                            "tags.%": "0"
                        },
                        "meta": {},
                        "tainted": false
                    },
                    "deposed": [],
                    "provider": "provider.aws"
                },
                "aws_lambda_function.function": {
                    "type": "aws_lambda_function",
                    "depends_on": [],
                    "primary": {
                        "id": "dev_ApiGetSurveySummary",
                        "attributes": {
                            "arn": "arn:aws:lambda:us-west-2:722431446741:function:dev_ApiGetSurveySummary",
                            "dead_letter_config.#": "0",
                            "description": "Api to get survey summary",
                            "environment.#": "1",
                            "environment.0.variables.%": "3",
                            "environment.0.variables.host": "smartexperience.cynqqjdixddg.us-west-2.rds.amazonaws.com",
                            "environment.0.variables.password": "pekd84ldam3kd01",
                            "environment.0.variables.user": "smrt",
                            "function_name": "dev_ApiGetSurveySummary",
                            "handler": "src/api/admin/GetSurveySummary.handler",
                            "id": "dev_ApiGetSurveySummary",
                            "invoke_arn": "arn:aws:apigateway:us-west-2:lambda:path/2015-03-31/functions/arn:aws:lambda:us-west-2:722431446741:function:dev_ApiGetSurveySummary/invocations",
                            "kms_key_arn": "",
                            "last_modified": "2018-10-22T14:37:27.422+0000",
                            "memory_size": "128",
                            "publish": "false",
                            "qualified_arn": "arn:aws:lambda:us-west-2:722431446741:function:dev_ApiGetSurveySummary:$LATEST",
                            "reserved_concurrent_executions": "0",
                            "role": "arn:aws:iam::722431446741:role/dev_ApiGetSurveySummaryRole",
                            "runtime": "nodejs8.10",
                            "s3_bucket": "dev-smart-experience-artifact-repo",
                            "s3_key": "lambdas.zip",
                            "source_code_hash": "uBMfhm3o7Yj28ZdrXwLXrd+xYTQj39hhAOROaxwD4Z4=",
                            "source_code_size": "3288722",
                            "tags.%": "0",
                            "timeout": "10",
                            "tracing_config.#": "1",
                            "tracing_config.0.mode": "PassThrough",
                            "version": "$LATEST",
                            "vpc_config.#": "1",
                            "vpc_config.0.security_group_ids.#": "1",
                            "vpc_config.0.security_group_ids.1883674524": "sg-0771bd1f7389bc87e",
                            "vpc_config.0.subnet_ids.#": "2",
                            "vpc_config.0.subnet_ids.2232752913": "subnet-097f5187a61c57b65",
                            "vpc_config.0.subnet_ids.2986459562": "subnet-051a0994aa493db79",
                            "vpc_config.0.vpc_id": "vpc-06d7dc7f"
                        },
                        "meta": {},
                        "tainted": false
                    },
                    "deposed": [],
                    "provider": "provider.aws"
                }
            },
            "depends_on": []
        },
        {
            "path": [
                "root",
                "ApiGetSurveySummaryRole"
            ],
            "outputs": {
                "arn": {
                    "sensitive": false,
                    "type": "string",
                    "value": "arn:aws:iam::722431446741:role/dev_ApiGetSurveySummaryRole"
                },
                "name": {
                    "sensitive": false,
                    "type": "string",
                    "value": "dev_ApiGetSurveySummaryRole"
                }
            },
            "resources": {
                "aws_iam_policy.lambda_logging_policy": {
                    "type": "aws_iam_policy",
                    "depends_on": [
                        "data.aws_iam_policy_document.logging_policy_statement"
                    ],
                    "primary": {
                        "id": "arn:aws:iam::722431446741:policy/logging_policy_for_dev_ApiGetSurveySummaryRole",
                        "attributes": {
                            "arn": "arn:aws:iam::722431446741:policy/logging_policy_for_dev_ApiGetSurveySummaryRole",
                            "description": "Allows AWS Lambda to create and write logs",
                            "id": "arn:aws:iam::722431446741:policy/logging_policy_for_dev_ApiGetSurveySummaryRole",
                            "name": "logging_policy_for_dev_ApiGetSurveySummaryRole",
                            "path": "/",
                            "policy": "{\n  \"Version\": \"2012-10-17\",\n  \"Statement\": [\n    {\n      \"Sid\": \"\",\n      \"Effect\": \"Allow\",\n      \"Action\": [\n        \"logs:PutLogEvents\",\n        \"logs:CreateLogStream\",\n        \"logs:CreateLogGroup\"\n      ],\n      \"Resource\": \"arn:aws:logs:*:*:*\"\n    }\n  ]\n}"
                        },
                        "meta": {},
                        "tainted": false
                    },
                    "deposed": [],
                    "provider": "provider.aws"
                },
                "aws_iam_role.role": {
                    "type": "aws_iam_role",
                    "depends_on": [
                        "data.aws_iam_policy_document.lambda_policy"
                    ],
                    "primary": {
                        "id": "dev_ApiGetSurveySummaryRole",
                        "attributes": {
                            "arn": "arn:aws:iam::722431446741:role/dev_ApiGetSurveySummaryRole",
                            "assume_role_policy": "{\"Version\":\"2012-10-17\",\"Statement\":[{\"Sid\":\"\",\"Effect\":\"Allow\",\"Principal\":{\"Service\":[\"apigateway.amazonaws.com\",\"lambda.amazonaws.com\"]},\"Action\":\"sts:AssumeRole\"}]}",
                            "create_date": "2018-10-19T13:51:56Z",
                            "description": "",
                            "force_detach_policies": "false",
                            "id": "dev_ApiGetSurveySummaryRole",
                            "max_session_duration": "3600",
                            "name": "dev_ApiGetSurveySummaryRole",
                            "path": "/",
                            "unique_id": "AROAIANDXK5MAI63RTXLK"
                        },
                        "meta": {},
                        "tainted": false
                    },
                    "deposed": [],
                    "provider": "provider.aws"
                },
                "aws_iam_role_policy_attachment.Attach_Logging_Role": {
                    "type": "aws_iam_role_policy_attachment",
                    "depends_on": [
                        "aws_iam_policy.lambda_logging_policy",
                        "aws_iam_role.role"
                    ],
                    "primary": {
                        "id": "dev_ApiGetSurveySummaryRole-20181019135157513200000002",
                        "attributes": {
                            "id": "dev_ApiGetSurveySummaryRole-20181019135157513200000002",
                            "policy_arn": "arn:aws:iam::722431446741:policy/logging_policy_for_dev_ApiGetSurveySummaryRole",
                            "role": "dev_ApiGetSurveySummaryRole"
                        },
                        "meta": {},
                        "tainted": false
                    },
                    "deposed": [],
                    "provider": "provider.aws"
                },
                "aws_iam_role_policy_attachment.Attach_VPC_Policy": {
                    "type": "aws_iam_role_policy_attachment",
                    "depends_on": [
                        "aws_iam_role.role"
                    ],
                    "primary": {
                        "id": "dev_ApiGetSurveySummaryRole-20181019135157244700000001",
                        "attributes": {
                            "id": "dev_ApiGetSurveySummaryRole-20181019135157244700000001",
                            "policy_arn": "arn:aws:iam::aws:policy/service-role/AWSLambdaVPCAccessExecutionRole",
                            "role": "dev_ApiGetSurveySummaryRole"
                        },
                        "meta": {},
                        "tainted": false
                    },
                    "deposed": [],
                    "provider": "provider.aws"
                },
                "data.aws_iam_policy_document.lambda_policy": {
                    "type": "aws_iam_policy_document",
                    "depends_on": [],
                    "primary": {
                        "id": "3127519745",
                        "attributes": {
                            "id": "3127519745",
                            "json": "{\n  \"Version\": \"2012-10-17\",\n  \"Statement\": [\n    {\n      \"Sid\": \"\",\n      \"Effect\": \"Allow\",\n      \"Action\": \"sts:AssumeRole\",\n      \"Principal\": {\n        \"Service\": [\n          \"lambda.amazonaws.com\",\n          \"apigateway.amazonaws.com\"\n        ]\n      }\n    }\n  ]\n}",
                            "statement.#": "1",
                            "statement.0.actions.#": "1",
                            "statement.0.actions.2528466339": "sts:AssumeRole",
                            "statement.0.condition.#": "0",
                            "statement.0.effect": "Allow",
                            "statement.0.not_actions.#": "0",
                            "statement.0.not_principals.#": "0",
                            "statement.0.not_resources.#": "0",
                            "statement.0.principals.#": "1",
                            "statement.0.principals.1632598396.identifiers.#": "2",
                            "statement.0.principals.1632598396.identifiers.1175233861": "apigateway.amazonaws.com",
                            "statement.0.principals.1632598396.identifiers.2638019528": "lambda.amazonaws.com",
                            "statement.0.principals.1632598396.type": "Service",
                            "statement.0.resources.#": "0",
                            "statement.0.sid": ""
                        },
                        "meta": {},
                        "tainted": false
                    },
                    "deposed": [],
                    "provider": "provider.aws"
                },
                "data.aws_iam_policy_document.logging_policy_statement": {
                    "type": "aws_iam_policy_document",
                    "depends_on": [],
                    "primary": {
                        "id": "4063422367",
                        "attributes": {
                            "id": "4063422367",
                            "json": "{\n  \"Version\": \"2012-10-17\",\n  \"Statement\": [\n    {\n      \"Sid\": \"\",\n      \"Effect\": \"Allow\",\n      \"Action\": [\n        \"logs:PutLogEvents\",\n        \"logs:CreateLogStream\",\n        \"logs:CreateLogGroup\"\n      ],\n      \"Resource\": \"arn:aws:logs:*:*:*\"\n    }\n  ]\n}",
                            "statement.#": "1",
                            "statement.0.actions.#": "3",
                            "statement.0.actions.2809485102": "logs:CreateLogGroup",
                            "statement.0.actions.3285979848": "logs:CreateLogStream",
                            "statement.0.actions.39743051": "logs:PutLogEvents",
                            "statement.0.condition.#": "0",
                            "statement.0.effect": "Allow",
                            "statement.0.not_actions.#": "0",
                            "statement.0.not_principals.#": "0",
                            "statement.0.not_resources.#": "0",
                            "statement.0.principals.#": "0",
                            "statement.0.resources.#": "1",
                            "statement.0.resources.162423377": "arn:aws:logs:*:*:*",
                            "statement.0.sid": ""
                        },
                        "meta": {},
                        "tainted": false
                    },
                    "deposed": [],
                    "provider": "provider.aws"
                }
            },
            "depends_on": []
        },
        {
            "path": [
                "root",
                "ApiGetTimeSlotsFunction"
            ],
            "outputs": {
                "arn": {
                    "sensitive": false,
                    "type": "string",
                    "value": "arn:aws:lambda:us-west-2:722431446741:function:dev_ApiGetTimeSlots"
                },
                "invoke_arn": {
                    "sensitive": false,
                    "type": "string",
                    "value": "arn:aws:apigateway:us-west-2:lambda:path/2015-03-31/functions/arn:aws:lambda:us-west-2:722431446741:function:dev_ApiGetTimeSlots/invocations"
                }
            },
            "resources": {
                "aws_cloudwatch_log_group.function": {
                    "type": "aws_cloudwatch_log_group",
                    "depends_on": [],
                    "primary": {
                        "id": "/aws/lambda/dev_ApiGetTimeSlots",
                        "attributes": {
                            "arn": "arn:aws:logs:us-west-2:722431446741:log-group:/aws/lambda/dev_ApiGetTimeSlots:*",
                            "id": "/aws/lambda/dev_ApiGetTimeSlots",
                            "kms_key_id": "",
                            "name": "/aws/lambda/dev_ApiGetTimeSlots",
                            "retention_in_days": "3",
                            "tags.%": "0"
                        },
                        "meta": {},
                        "tainted": false
                    },
                    "deposed": [],
                    "provider": "provider.aws"
                },
                "aws_lambda_function.function": {
                    "type": "aws_lambda_function",
                    "depends_on": [],
                    "primary": {
                        "id": "dev_ApiGetTimeSlots",
                        "attributes": {
                            "arn": "arn:aws:lambda:us-west-2:722431446741:function:dev_ApiGetTimeSlots",
                            "dead_letter_config.#": "0",
                            "description": "Api to get time slot information",
                            "environment.#": "1",
                            "environment.0.variables.%": "3",
                            "environment.0.variables.host": "smartexperience.cynqqjdixddg.us-west-2.rds.amazonaws.com",
                            "environment.0.variables.password": "pekd84ldam3kd01",
                            "environment.0.variables.user": "smrt",
                            "function_name": "dev_ApiGetTimeSlots",
                            "handler": "src/api/GetTimeSlots.handler",
                            "id": "dev_ApiGetTimeSlots",
                            "invoke_arn": "arn:aws:apigateway:us-west-2:lambda:path/2015-03-31/functions/arn:aws:lambda:us-west-2:722431446741:function:dev_ApiGetTimeSlots/invocations",
                            "kms_key_arn": "",
                            "last_modified": "2018-10-22T14:37:07.394+0000",
                            "memory_size": "128",
                            "publish": "false",
                            "qualified_arn": "arn:aws:lambda:us-west-2:722431446741:function:dev_ApiGetTimeSlots:$LATEST",
                            "reserved_concurrent_executions": "0",
                            "role": "arn:aws:iam::722431446741:role/dev_ApiGetTimeSlotsRole",
                            "runtime": "nodejs8.10",
                            "s3_bucket": "dev-smart-experience-artifact-repo",
                            "s3_key": "lambdas.zip",
                            "source_code_hash": "uBMfhm3o7Yj28ZdrXwLXrd+xYTQj39hhAOROaxwD4Z4=",
                            "source_code_size": "3288722",
                            "tags.%": "0",
                            "timeout": "10",
                            "tracing_config.#": "1",
                            "tracing_config.0.mode": "PassThrough",
                            "version": "$LATEST",
                            "vpc_config.#": "1",
                            "vpc_config.0.security_group_ids.#": "1",
                            "vpc_config.0.security_group_ids.1883674524": "sg-0771bd1f7389bc87e",
                            "vpc_config.0.subnet_ids.#": "2",
                            "vpc_config.0.subnet_ids.2232752913": "subnet-097f5187a61c57b65",
                            "vpc_config.0.subnet_ids.2986459562": "subnet-051a0994aa493db79",
                            "vpc_config.0.vpc_id": "vpc-06d7dc7f"
                        },
                        "meta": {},
                        "tainted": false
                    },
                    "deposed": [],
                    "provider": "provider.aws"
                }
            },
            "depends_on": []
        },
        {
            "path": [
                "root",
                "ApiGetTimeSlotsRole"
            ],
            "outputs": {
                "arn": {
                    "sensitive": false,
                    "type": "string",
                    "value": "arn:aws:iam::722431446741:role/dev_ApiGetTimeSlotsRole"
                },
                "name": {
                    "sensitive": false,
                    "type": "string",
                    "value": "dev_ApiGetTimeSlotsRole"
                }
            },
            "resources": {
                "aws_iam_policy.lambda_logging_policy": {
                    "type": "aws_iam_policy",
                    "depends_on": [
                        "data.aws_iam_policy_document.logging_policy_statement"
                    ],
                    "primary": {
                        "id": "arn:aws:iam::722431446741:policy/logging_policy_for_dev_ApiGetTimeSlotsRole",
                        "attributes": {
                            "arn": "arn:aws:iam::722431446741:policy/logging_policy_for_dev_ApiGetTimeSlotsRole",
                            "description": "Allows AWS Lambda to create and write logs",
                            "id": "arn:aws:iam::722431446741:policy/logging_policy_for_dev_ApiGetTimeSlotsRole",
                            "name": "logging_policy_for_dev_ApiGetTimeSlotsRole",
                            "path": "/",
                            "policy": "{\n  \"Version\": \"2012-10-17\",\n  \"Statement\": [\n    {\n      \"Sid\": \"\",\n      \"Effect\": \"Allow\",\n      \"Action\": [\n        \"logs:PutLogEvents\",\n        \"logs:CreateLogStream\",\n        \"logs:CreateLogGroup\"\n      ],\n      \"Resource\": \"arn:aws:logs:*:*:*\"\n    }\n  ]\n}"
                        },
                        "meta": {},
                        "tainted": false
                    },
                    "deposed": [],
                    "provider": "provider.aws"
                },
                "aws_iam_role.role": {
                    "type": "aws_iam_role",
                    "depends_on": [
                        "data.aws_iam_policy_document.lambda_policy"
                    ],
                    "primary": {
                        "id": "dev_ApiGetTimeSlotsRole",
                        "attributes": {
                            "arn": "arn:aws:iam::722431446741:role/dev_ApiGetTimeSlotsRole",
                            "assume_role_policy": "{\"Version\":\"2012-10-17\",\"Statement\":[{\"Sid\":\"\",\"Effect\":\"Allow\",\"Principal\":{\"Service\":[\"lambda.amazonaws.com\",\"apigateway.amazonaws.com\"]},\"Action\":\"sts:AssumeRole\"}]}",
                            "create_date": "2018-09-24T15:32:05Z",
                            "description": "",
                            "force_detach_policies": "false",
                            "id": "dev_ApiGetTimeSlotsRole",
                            "max_session_duration": "3600",
                            "name": "dev_ApiGetTimeSlotsRole",
                            "path": "/",
                            "unique_id": "AROAIJ2YMBEUZ7QAMAVGC"
                        },
                        "meta": {},
                        "tainted": false
                    },
                    "deposed": [],
                    "provider": "provider.aws"
                },
                "aws_iam_role_policy_attachment.Attach_Logging_Role": {
                    "type": "aws_iam_role_policy_attachment",
                    "depends_on": [
                        "aws_iam_policy.lambda_logging_policy",
                        "aws_iam_role.role"
                    ],
                    "primary": {
                        "id": "dev_ApiGetTimeSlotsRole-2018092415321795810000001b",
                        "attributes": {
                            "id": "dev_ApiGetTimeSlotsRole-2018092415321795810000001b",
                            "policy_arn": "arn:aws:iam::722431446741:policy/logging_policy_for_dev_ApiGetTimeSlotsRole",
                            "role": "dev_ApiGetTimeSlotsRole"
                        },
                        "meta": {},
                        "tainted": false
                    },
                    "deposed": [],
                    "provider": "provider.aws"
                },
                "aws_iam_role_policy_attachment.Attach_VPC_Policy": {
                    "type": "aws_iam_role_policy_attachment",
                    "depends_on": [
                        "aws_iam_role.role"
                    ],
                    "primary": {
                        "id": "dev_ApiGetTimeSlotsRole-20180924153217932500000019",
                        "attributes": {
                            "id": "dev_ApiGetTimeSlotsRole-20180924153217932500000019",
                            "policy_arn": "arn:aws:iam::aws:policy/service-role/AWSLambdaVPCAccessExecutionRole",
                            "role": "dev_ApiGetTimeSlotsRole"
                        },
                        "meta": {},
                        "tainted": false
                    },
                    "deposed": [],
                    "provider": "provider.aws"
                },
                "data.aws_iam_policy_document.lambda_policy": {
                    "type": "aws_iam_policy_document",
                    "depends_on": [],
                    "primary": {
                        "id": "3127519745",
                        "attributes": {
                            "id": "3127519745",
                            "json": "{\n  \"Version\": \"2012-10-17\",\n  \"Statement\": [\n    {\n      \"Sid\": \"\",\n      \"Effect\": \"Allow\",\n      \"Action\": \"sts:AssumeRole\",\n      \"Principal\": {\n        \"Service\": [\n          \"lambda.amazonaws.com\",\n          \"apigateway.amazonaws.com\"\n        ]\n      }\n    }\n  ]\n}",
                            "statement.#": "1",
                            "statement.0.actions.#": "1",
                            "statement.0.actions.2528466339": "sts:AssumeRole",
                            "statement.0.condition.#": "0",
                            "statement.0.effect": "Allow",
                            "statement.0.not_actions.#": "0",
                            "statement.0.not_principals.#": "0",
                            "statement.0.not_resources.#": "0",
                            "statement.0.principals.#": "1",
                            "statement.0.principals.1632598396.identifiers.#": "2",
                            "statement.0.principals.1632598396.identifiers.1175233861": "apigateway.amazonaws.com",
                            "statement.0.principals.1632598396.identifiers.2638019528": "lambda.amazonaws.com",
                            "statement.0.principals.1632598396.type": "Service",
                            "statement.0.resources.#": "0",
                            "statement.0.sid": ""
                        },
                        "meta": {},
                        "tainted": false
                    },
                    "deposed": [],
                    "provider": "provider.aws"
                },
                "data.aws_iam_policy_document.logging_policy_statement": {
                    "type": "aws_iam_policy_document",
                    "depends_on": [],
                    "primary": {
                        "id": "4063422367",
                        "attributes": {
                            "id": "4063422367",
                            "json": "{\n  \"Version\": \"2012-10-17\",\n  \"Statement\": [\n    {\n      \"Sid\": \"\",\n      \"Effect\": \"Allow\",\n      \"Action\": [\n        \"logs:PutLogEvents\",\n        \"logs:CreateLogStream\",\n        \"logs:CreateLogGroup\"\n      ],\n      \"Resource\": \"arn:aws:logs:*:*:*\"\n    }\n  ]\n}",
                            "statement.#": "1",
                            "statement.0.actions.#": "3",
                            "statement.0.actions.2809485102": "logs:CreateLogGroup",
                            "statement.0.actions.3285979848": "logs:CreateLogStream",
                            "statement.0.actions.39743051": "logs:PutLogEvents",
                            "statement.0.condition.#": "0",
                            "statement.0.effect": "Allow",
                            "statement.0.not_actions.#": "0",
                            "statement.0.not_principals.#": "0",
                            "statement.0.not_resources.#": "0",
                            "statement.0.principals.#": "0",
                            "statement.0.resources.#": "1",
                            "statement.0.resources.162423377": "arn:aws:logs:*:*:*",
                            "statement.0.sid": ""
                        },
                        "meta": {},
                        "tainted": false
                    },
                    "deposed": [],
                    "provider": "provider.aws"
                }
            },
            "depends_on": []
        },
        {
            "path": [
                "root",
                "ApiGetUserFunction"
            ],
            "outputs": {
                "arn": {
                    "sensitive": false,
                    "type": "string",
                    "value": "arn:aws:lambda:us-west-2:722431446741:function:dev_ApiGetUser"
                },
                "invoke_arn": {
                    "sensitive": false,
                    "type": "string",
                    "value": "arn:aws:apigateway:us-west-2:lambda:path/2015-03-31/functions/arn:aws:lambda:us-west-2:722431446741:function:dev_ApiGetUser/invocations"
                }
            },
            "resources": {
                "aws_cloudwatch_log_group.function": {
                    "type": "aws_cloudwatch_log_group",
                    "depends_on": [],
                    "primary": {
                        "id": "/aws/lambda/dev_ApiGetUser",
                        "attributes": {
                            "arn": "arn:aws:logs:us-west-2:722431446741:log-group:/aws/lambda/dev_ApiGetUser:*",
                            "id": "/aws/lambda/dev_ApiGetUser",
                            "kms_key_id": "",
                            "name": "/aws/lambda/dev_ApiGetUser",
                            "retention_in_days": "3",
                            "tags.%": "0"
                        },
                        "meta": {},
                        "tainted": false
                    },
                    "deposed": [],
                    "provider": "provider.aws"
                },
                "aws_lambda_function.function": {
                    "type": "aws_lambda_function",
                    "depends_on": [],
                    "primary": {
                        "id": "dev_ApiGetUser",
                        "attributes": {
                            "arn": "arn:aws:lambda:us-west-2:722431446741:function:dev_ApiGetUser",
                            "dead_letter_config.#": "0",
                            "description": "Api to get user information",
                            "environment.#": "1",
                            "environment.0.variables.%": "3",
                            "environment.0.variables.host": "smartexperience.cynqqjdixddg.us-west-2.rds.amazonaws.com",
                            "environment.0.variables.password": "pekd84ldam3kd01",
                            "environment.0.variables.user": "smrt",
                            "function_name": "dev_ApiGetUser",
                            "handler": "src/api/GetUser.handler",
                            "id": "dev_ApiGetUser",
                            "invoke_arn": "arn:aws:apigateway:us-west-2:lambda:path/2015-03-31/functions/arn:aws:lambda:us-west-2:722431446741:function:dev_ApiGetUser/invocations",
                            "kms_key_arn": "",
                            "last_modified": "2018-10-22T14:37:14.923+0000",
                            "memory_size": "128",
                            "publish": "false",
                            "qualified_arn": "arn:aws:lambda:us-west-2:722431446741:function:dev_ApiGetUser:$LATEST",
                            "reserved_concurrent_executions": "0",
                            "role": "arn:aws:iam::722431446741:role/dev_ApiGetUserRole",
                            "runtime": "nodejs8.10",
                            "s3_bucket": "dev-smart-experience-artifact-repo",
                            "s3_key": "lambdas.zip",
                            "source_code_hash": "uBMfhm3o7Yj28ZdrXwLXrd+xYTQj39hhAOROaxwD4Z4=",
                            "source_code_size": "3288722",
                            "tags.%": "0",
                            "timeout": "10",
                            "tracing_config.#": "1",
                            "tracing_config.0.mode": "PassThrough",
                            "version": "$LATEST",
                            "vpc_config.#": "1",
                            "vpc_config.0.security_group_ids.#": "1",
                            "vpc_config.0.security_group_ids.1883674524": "sg-0771bd1f7389bc87e",
                            "vpc_config.0.subnet_ids.#": "2",
                            "vpc_config.0.subnet_ids.2232752913": "subnet-097f5187a61c57b65",
                            "vpc_config.0.subnet_ids.2986459562": "subnet-051a0994aa493db79",
                            "vpc_config.0.vpc_id": "vpc-06d7dc7f"
                        },
                        "meta": {},
                        "tainted": false
                    },
                    "deposed": [],
                    "provider": "provider.aws"
                }
            },
            "depends_on": []
        },
        {
            "path": [
                "root",
                "ApiGetUserRole"
            ],
            "outputs": {
                "arn": {
                    "sensitive": false,
                    "type": "string",
                    "value": "arn:aws:iam::722431446741:role/dev_ApiGetUserRole"
                },
                "name": {
                    "sensitive": false,
                    "type": "string",
                    "value": "dev_ApiGetUserRole"
                }
            },
            "resources": {
                "aws_iam_policy.lambda_logging_policy": {
                    "type": "aws_iam_policy",
                    "depends_on": [
                        "data.aws_iam_policy_document.logging_policy_statement"
                    ],
                    "primary": {
                        "id": "arn:aws:iam::722431446741:policy/logging_policy_for_dev_ApiGetUserRole",
                        "attributes": {
                            "arn": "arn:aws:iam::722431446741:policy/logging_policy_for_dev_ApiGetUserRole",
                            "description": "Allows AWS Lambda to create and write logs",
                            "id": "arn:aws:iam::722431446741:policy/logging_policy_for_dev_ApiGetUserRole",
                            "name": "logging_policy_for_dev_ApiGetUserRole",
                            "path": "/",
                            "policy": "{\n  \"Version\": \"2012-10-17\",\n  \"Statement\": [\n    {\n      \"Sid\": \"\",\n      \"Effect\": \"Allow\",\n      \"Action\": [\n        \"logs:PutLogEvents\",\n        \"logs:CreateLogStream\",\n        \"logs:CreateLogGroup\"\n      ],\n      \"Resource\": \"arn:aws:logs:*:*:*\"\n    }\n  ]\n}"
                        },
                        "meta": {},
                        "tainted": false
                    },
                    "deposed": [],
                    "provider": "provider.aws"
                },
                "aws_iam_role.role": {
                    "type": "aws_iam_role",
                    "depends_on": [
                        "data.aws_iam_policy_document.lambda_policy"
                    ],
                    "primary": {
                        "id": "dev_ApiGetUserRole",
                        "attributes": {
                            "arn": "arn:aws:iam::722431446741:role/dev_ApiGetUserRole",
                            "assume_role_policy": "{\"Version\":\"2012-10-17\",\"Statement\":[{\"Sid\":\"\",\"Effect\":\"Allow\",\"Principal\":{\"Service\":[\"lambda.amazonaws.com\",\"apigateway.amazonaws.com\"]},\"Action\":\"sts:AssumeRole\"}]}",
                            "create_date": "2018-09-24T15:32:04Z",
                            "description": "",
                            "force_detach_policies": "false",
                            "id": "dev_ApiGetUserRole",
                            "max_session_duration": "3600",
                            "name": "dev_ApiGetUserRole",
                            "path": "/",
                            "unique_id": "AROAIJXNULFKBBDRVV72K"
                        },
                        "meta": {},
                        "tainted": false
                    },
                    "deposed": [],
                    "provider": "provider.aws"
                },
                "aws_iam_role_policy_attachment.Attach_Logging_Role": {
                    "type": "aws_iam_role_policy_attachment",
                    "depends_on": [
                        "aws_iam_policy.lambda_logging_policy",
                        "aws_iam_role.role"
                    ],
                    "primary": {
                        "id": "dev_ApiGetUserRole-20180924153217794000000018",
                        "attributes": {
                            "id": "dev_ApiGetUserRole-20180924153217794000000018",
                            "policy_arn": "arn:aws:iam::722431446741:policy/logging_policy_for_dev_ApiGetUserRole",
                            "role": "dev_ApiGetUserRole"
                        },
                        "meta": {},
                        "tainted": false
                    },
                    "deposed": [],
                    "provider": "provider.aws"
                },
                "aws_iam_role_policy_attachment.Attach_VPC_Policy": {
                    "type": "aws_iam_role_policy_attachment",
                    "depends_on": [
                        "aws_iam_role.role"
                    ],
                    "primary": {
                        "id": "dev_ApiGetUserRole-20180924153216864500000014",
                        "attributes": {
                            "id": "dev_ApiGetUserRole-20180924153216864500000014",
                            "policy_arn": "arn:aws:iam::aws:policy/service-role/AWSLambdaVPCAccessExecutionRole",
                            "role": "dev_ApiGetUserRole"
                        },
                        "meta": {},
                        "tainted": false
                    },
                    "deposed": [],
                    "provider": "provider.aws"
                },
                "data.aws_iam_policy_document.lambda_policy": {
                    "type": "aws_iam_policy_document",
                    "depends_on": [],
                    "primary": {
                        "id": "3127519745",
                        "attributes": {
                            "id": "3127519745",
                            "json": "{\n  \"Version\": \"2012-10-17\",\n  \"Statement\": [\n    {\n      \"Sid\": \"\",\n      \"Effect\": \"Allow\",\n      \"Action\": \"sts:AssumeRole\",\n      \"Principal\": {\n        \"Service\": [\n          \"lambda.amazonaws.com\",\n          \"apigateway.amazonaws.com\"\n        ]\n      }\n    }\n  ]\n}",
                            "statement.#": "1",
                            "statement.0.actions.#": "1",
                            "statement.0.actions.2528466339": "sts:AssumeRole",
                            "statement.0.condition.#": "0",
                            "statement.0.effect": "Allow",
                            "statement.0.not_actions.#": "0",
                            "statement.0.not_principals.#": "0",
                            "statement.0.not_resources.#": "0",
                            "statement.0.principals.#": "1",
                            "statement.0.principals.1632598396.identifiers.#": "2",
                            "statement.0.principals.1632598396.identifiers.1175233861": "apigateway.amazonaws.com",
                            "statement.0.principals.1632598396.identifiers.2638019528": "lambda.amazonaws.com",
                            "statement.0.principals.1632598396.type": "Service",
                            "statement.0.resources.#": "0",
                            "statement.0.sid": ""
                        },
                        "meta": {},
                        "tainted": false
                    },
                    "deposed": [],
                    "provider": "provider.aws"
                },
                "data.aws_iam_policy_document.logging_policy_statement": {
                    "type": "aws_iam_policy_document",
                    "depends_on": [],
                    "primary": {
                        "id": "4063422367",
                        "attributes": {
                            "id": "4063422367",
                            "json": "{\n  \"Version\": \"2012-10-17\",\n  \"Statement\": [\n    {\n      \"Sid\": \"\",\n      \"Effect\": \"Allow\",\n      \"Action\": [\n        \"logs:PutLogEvents\",\n        \"logs:CreateLogStream\",\n        \"logs:CreateLogGroup\"\n      ],\n      \"Resource\": \"arn:aws:logs:*:*:*\"\n    }\n  ]\n}",
                            "statement.#": "1",
                            "statement.0.actions.#": "3",
                            "statement.0.actions.2809485102": "logs:CreateLogGroup",
                            "statement.0.actions.3285979848": "logs:CreateLogStream",
                            "statement.0.actions.39743051": "logs:PutLogEvents",
                            "statement.0.condition.#": "0",
                            "statement.0.effect": "Allow",
                            "statement.0.not_actions.#": "0",
                            "statement.0.not_principals.#": "0",
                            "statement.0.not_resources.#": "0",
                            "statement.0.principals.#": "0",
                            "statement.0.resources.#": "1",
                            "statement.0.resources.162423377": "arn:aws:logs:*:*:*",
                            "statement.0.sid": ""
                        },
                        "meta": {},
                        "tainted": false
                    },
                    "deposed": [],
                    "provider": "provider.aws"
                }
            },
            "depends_on": []
        },
        {
            "path": [
                "root",
                "ApiPatchCarStateFunction"
            ],
            "outputs": {
                "arn": {
                    "sensitive": false,
                    "type": "string",
                    "value": "arn:aws:lambda:us-west-2:722431446741:function:dev_ApiPatchCarState"
                },
                "invoke_arn": {
                    "sensitive": false,
                    "type": "string",
                    "value": "arn:aws:apigateway:us-west-2:lambda:path/2015-03-31/functions/arn:aws:lambda:us-west-2:722431446741:function:dev_ApiPatchCarState/invocations"
                }
            },
            "resources": {
                "aws_cloudwatch_log_group.function": {
                    "type": "aws_cloudwatch_log_group",
                    "depends_on": [],
                    "primary": {
                        "id": "/aws/lambda/dev_ApiPatchCarState",
                        "attributes": {
                            "arn": "arn:aws:logs:us-west-2:722431446741:log-group:/aws/lambda/dev_ApiPatchCarState:*",
                            "id": "/aws/lambda/dev_ApiPatchCarState",
                            "kms_key_id": "",
                            "name": "/aws/lambda/dev_ApiPatchCarState",
                            "retention_in_days": "3",
                            "tags.%": "0"
                        },
                        "meta": {},
                        "tainted": false
                    },
                    "deposed": [],
                    "provider": "provider.aws"
                },
                "aws_lambda_function.function": {
                    "type": "aws_lambda_function",
                    "depends_on": [],
                    "primary": {
                        "id": "dev_ApiPatchCarState",
                        "attributes": {
                            "arn": "arn:aws:lambda:us-west-2:722431446741:function:dev_ApiPatchCarState",
                            "dead_letter_config.#": "0",
                            "description": "Api to change the active state of a car",
                            "environment.#": "1",
                            "environment.0.variables.%": "3",
                            "environment.0.variables.host": "smartexperience.cynqqjdixddg.us-west-2.rds.amazonaws.com",
                            "environment.0.variables.password": "pekd84ldam3kd01",
                            "environment.0.variables.user": "smrt",
                            "function_name": "dev_ApiPatchCarState",
                            "handler": "src/api/admin/PatchCarState.handler",
                            "id": "dev_ApiPatchCarState",
                            "invoke_arn": "arn:aws:apigateway:us-west-2:lambda:path/2015-03-31/functions/arn:aws:lambda:us-west-2:722431446741:function:dev_ApiPatchCarState/invocations",
                            "kms_key_arn": "",
                            "last_modified": "2018-10-22T14:37:21.256+0000",
                            "memory_size": "128",
                            "publish": "false",
                            "qualified_arn": "arn:aws:lambda:us-west-2:722431446741:function:dev_ApiPatchCarState:$LATEST",
                            "reserved_concurrent_executions": "0",
                            "role": "arn:aws:iam::722431446741:role/dev_ApiPatchCarStateRole",
                            "runtime": "nodejs8.10",
                            "s3_bucket": "dev-smart-experience-artifact-repo",
                            "s3_key": "lambdas.zip",
                            "source_code_hash": "uBMfhm3o7Yj28ZdrXwLXrd+xYTQj39hhAOROaxwD4Z4=",
                            "source_code_size": "3288722",
                            "tags.%": "0",
                            "timeout": "10",
                            "tracing_config.#": "1",
                            "tracing_config.0.mode": "PassThrough",
                            "version": "$LATEST",
                            "vpc_config.#": "1",
                            "vpc_config.0.security_group_ids.#": "1",
                            "vpc_config.0.security_group_ids.1883674524": "sg-0771bd1f7389bc87e",
                            "vpc_config.0.subnet_ids.#": "2",
                            "vpc_config.0.subnet_ids.2232752913": "subnet-097f5187a61c57b65",
                            "vpc_config.0.subnet_ids.2986459562": "subnet-051a0994aa493db79",
                            "vpc_config.0.vpc_id": "vpc-06d7dc7f"
                        },
                        "meta": {},
                        "tainted": false
                    },
                    "deposed": [],
                    "provider": "provider.aws"
                }
            },
            "depends_on": []
        },
        {
            "path": [
                "root",
                "ApiPatchCarStateRole"
            ],
            "outputs": {
                "arn": {
                    "sensitive": false,
                    "type": "string",
                    "value": "arn:aws:iam::722431446741:role/dev_ApiPatchCarStateRole"
                },
                "name": {
                    "sensitive": false,
                    "type": "string",
                    "value": "dev_ApiPatchCarStateRole"
                }
            },
            "resources": {
                "aws_iam_policy.lambda_logging_policy": {
                    "type": "aws_iam_policy",
                    "depends_on": [
                        "data.aws_iam_policy_document.logging_policy_statement"
                    ],
                    "primary": {
                        "id": "arn:aws:iam::722431446741:policy/logging_policy_for_dev_ApiPatchCarStateRole",
                        "attributes": {
                            "arn": "arn:aws:iam::722431446741:policy/logging_policy_for_dev_ApiPatchCarStateRole",
                            "description": "Allows AWS Lambda to create and write logs",
                            "id": "arn:aws:iam::722431446741:policy/logging_policy_for_dev_ApiPatchCarStateRole",
                            "name": "logging_policy_for_dev_ApiPatchCarStateRole",
                            "path": "/",
                            "policy": "{\n  \"Version\": \"2012-10-17\",\n  \"Statement\": [\n    {\n      \"Sid\": \"\",\n      \"Effect\": \"Allow\",\n      \"Action\": [\n        \"logs:PutLogEvents\",\n        \"logs:CreateLogStream\",\n        \"logs:CreateLogGroup\"\n      ],\n      \"Resource\": \"arn:aws:logs:*:*:*\"\n    }\n  ]\n}"
                        },
                        "meta": {},
                        "tainted": false
                    },
                    "deposed": [],
                    "provider": "provider.aws"
                },
                "aws_iam_role.role": {
                    "type": "aws_iam_role",
                    "depends_on": [
                        "data.aws_iam_policy_document.lambda_policy"
                    ],
                    "primary": {
                        "id": "dev_ApiPatchCarStateRole",
                        "attributes": {
                            "arn": "arn:aws:iam::722431446741:role/dev_ApiPatchCarStateRole",
                            "assume_role_policy": "{\"Version\":\"2012-10-17\",\"Statement\":[{\"Sid\":\"\",\"Effect\":\"Allow\",\"Principal\":{\"Service\":[\"apigateway.amazonaws.com\",\"lambda.amazonaws.com\"]},\"Action\":\"sts:AssumeRole\"}]}",
                            "create_date": "2018-10-08T16:53:50Z",
                            "description": "",
                            "force_detach_policies": "false",
                            "id": "dev_ApiPatchCarStateRole",
                            "max_session_duration": "3600",
                            "name": "dev_ApiPatchCarStateRole",
                            "path": "/",
                            "unique_id": "AROAJCDIMG562TUSK7RXQ"
                        },
                        "meta": {},
                        "tainted": false
                    },
                    "deposed": [],
                    "provider": "provider.aws"
                },
                "aws_iam_role_policy_attachment.Attach_Logging_Role": {
                    "type": "aws_iam_role_policy_attachment",
                    "depends_on": [
                        "aws_iam_policy.lambda_logging_policy",
                        "aws_iam_role.role"
                    ],
                    "primary": {
                        "id": "dev_ApiPatchCarStateRole-20181008165351788400000002",
                        "attributes": {
                            "id": "dev_ApiPatchCarStateRole-20181008165351788400000002",
                            "policy_arn": "arn:aws:iam::722431446741:policy/logging_policy_for_dev_ApiPatchCarStateRole",
                            "role": "dev_ApiPatchCarStateRole"
                        },
                        "meta": {},
                        "tainted": false
                    },
                    "deposed": [],
                    "provider": "provider.aws"
                },
                "aws_iam_role_policy_attachment.Attach_VPC_Policy": {
                    "type": "aws_iam_role_policy_attachment",
                    "depends_on": [
                        "aws_iam_role.role"
                    ],
                    "primary": {
                        "id": "dev_ApiPatchCarStateRole-20181008165351472300000001",
                        "attributes": {
                            "id": "dev_ApiPatchCarStateRole-20181008165351472300000001",
                            "policy_arn": "arn:aws:iam::aws:policy/service-role/AWSLambdaVPCAccessExecutionRole",
                            "role": "dev_ApiPatchCarStateRole"
                        },
                        "meta": {},
                        "tainted": false
                    },
                    "deposed": [],
                    "provider": "provider.aws"
                },
                "data.aws_iam_policy_document.lambda_policy": {
                    "type": "aws_iam_policy_document",
                    "depends_on": [],
                    "primary": {
                        "id": "3127519745",
                        "attributes": {
                            "id": "3127519745",
                            "json": "{\n  \"Version\": \"2012-10-17\",\n  \"Statement\": [\n    {\n      \"Sid\": \"\",\n      \"Effect\": \"Allow\",\n      \"Action\": \"sts:AssumeRole\",\n      \"Principal\": {\n        \"Service\": [\n          \"lambda.amazonaws.com\",\n          \"apigateway.amazonaws.com\"\n        ]\n      }\n    }\n  ]\n}",
                            "statement.#": "1",
                            "statement.0.actions.#": "1",
                            "statement.0.actions.2528466339": "sts:AssumeRole",
                            "statement.0.condition.#": "0",
                            "statement.0.effect": "Allow",
                            "statement.0.not_actions.#": "0",
                            "statement.0.not_principals.#": "0",
                            "statement.0.not_resources.#": "0",
                            "statement.0.principals.#": "1",
                            "statement.0.principals.1632598396.identifiers.#": "2",
                            "statement.0.principals.1632598396.identifiers.1175233861": "apigateway.amazonaws.com",
                            "statement.0.principals.1632598396.identifiers.2638019528": "lambda.amazonaws.com",
                            "statement.0.principals.1632598396.type": "Service",
                            "statement.0.resources.#": "0",
                            "statement.0.sid": ""
                        },
                        "meta": {},
                        "tainted": false
                    },
                    "deposed": [],
                    "provider": "provider.aws"
                },
                "data.aws_iam_policy_document.logging_policy_statement": {
                    "type": "aws_iam_policy_document",
                    "depends_on": [],
                    "primary": {
                        "id": "4063422367",
                        "attributes": {
                            "id": "4063422367",
                            "json": "{\n  \"Version\": \"2012-10-17\",\n  \"Statement\": [\n    {\n      \"Sid\": \"\",\n      \"Effect\": \"Allow\",\n      \"Action\": [\n        \"logs:PutLogEvents\",\n        \"logs:CreateLogStream\",\n        \"logs:CreateLogGroup\"\n      ],\n      \"Resource\": \"arn:aws:logs:*:*:*\"\n    }\n  ]\n}",
                            "statement.#": "1",
                            "statement.0.actions.#": "3",
                            "statement.0.actions.2809485102": "logs:CreateLogGroup",
                            "statement.0.actions.3285979848": "logs:CreateLogStream",
                            "statement.0.actions.39743051": "logs:PutLogEvents",
                            "statement.0.condition.#": "0",
                            "statement.0.effect": "Allow",
                            "statement.0.not_actions.#": "0",
                            "statement.0.not_principals.#": "0",
                            "statement.0.not_resources.#": "0",
                            "statement.0.principals.#": "0",
                            "statement.0.resources.#": "1",
                            "statement.0.resources.162423377": "arn:aws:logs:*:*:*",
                            "statement.0.sid": ""
                        },
                        "meta": {},
                        "tainted": false
                    },
                    "deposed": [],
                    "provider": "provider.aws"
                }
            },
            "depends_on": []
        },
        {
            "path": [
                "root",
                "ApiReleaseSlotFunction"
            ],
            "outputs": {
                "arn": {
                    "sensitive": false,
                    "type": "string",
                    "value": "arn:aws:lambda:us-west-2:722431446741:function:dev_ApiReleaseSlot"
                },
                "invoke_arn": {
                    "sensitive": false,
                    "type": "string",
                    "value": "arn:aws:apigateway:us-west-2:lambda:path/2015-03-31/functions/arn:aws:lambda:us-west-2:722431446741:function:dev_ApiReleaseSlot/invocations"
                }
            },
            "resources": {
                "aws_cloudwatch_log_group.function": {
                    "type": "aws_cloudwatch_log_group",
                    "depends_on": [],
                    "primary": {
                        "id": "/aws/lambda/dev_ApiReleaseSlot",
                        "attributes": {
                            "arn": "arn:aws:logs:us-west-2:722431446741:log-group:/aws/lambda/dev_ApiReleaseSlot:*",
                            "id": "/aws/lambda/dev_ApiReleaseSlot",
                            "kms_key_id": "",
                            "name": "/aws/lambda/dev_ApiReleaseSlot",
                            "retention_in_days": "3",
                            "tags.%": "0"
                        },
                        "meta": {},
                        "tainted": false
                    },
                    "deposed": [],
                    "provider": "provider.aws"
                },
                "aws_lambda_function.function": {
                    "type": "aws_lambda_function",
                    "depends_on": [],
                    "primary": {
                        "id": "dev_ApiReleaseSlot",
                        "attributes": {
                            "arn": "arn:aws:lambda:us-west-2:722431446741:function:dev_ApiReleaseSlot",
                            "dead_letter_config.#": "0",
                            "description": "Api to Release slot",
                            "environment.#": "1",
                            "environment.0.variables.%": "3",
                            "environment.0.variables.host": "smartexperience.cynqqjdixddg.us-west-2.rds.amazonaws.com",
                            "environment.0.variables.password": "pekd84ldam3kd01",
                            "environment.0.variables.user": "smrt",
                            "function_name": "dev_ApiReleaseSlot",
                            "handler": "src/api/ReleaseSlot.handler",
                            "id": "dev_ApiReleaseSlot",
                            "invoke_arn": "arn:aws:apigateway:us-west-2:lambda:path/2015-03-31/functions/arn:aws:lambda:us-west-2:722431446741:function:dev_ApiReleaseSlot/invocations",
                            "kms_key_arn": "",
                            "last_modified": "2018-10-22T14:37:19.181+0000",
                            "memory_size": "128",
                            "publish": "false",
                            "qualified_arn": "arn:aws:lambda:us-west-2:722431446741:function:dev_ApiReleaseSlot:$LATEST",
                            "reserved_concurrent_executions": "0",
                            "role": "arn:aws:iam::722431446741:role/dev_ApiReleaseSlotRole",
                            "runtime": "nodejs8.10",
                            "s3_bucket": "dev-smart-experience-artifact-repo",
                            "s3_key": "lambdas.zip",
                            "source_code_hash": "uBMfhm3o7Yj28ZdrXwLXrd+xYTQj39hhAOROaxwD4Z4=",
                            "source_code_size": "3288722",
                            "tags.%": "0",
                            "timeout": "10",
                            "tracing_config.#": "1",
                            "tracing_config.0.mode": "PassThrough",
                            "version": "$LATEST",
                            "vpc_config.#": "1",
                            "vpc_config.0.security_group_ids.#": "1",
                            "vpc_config.0.security_group_ids.1883674524": "sg-0771bd1f7389bc87e",
                            "vpc_config.0.subnet_ids.#": "2",
                            "vpc_config.0.subnet_ids.2232752913": "subnet-097f5187a61c57b65",
                            "vpc_config.0.subnet_ids.2986459562": "subnet-051a0994aa493db79",
                            "vpc_config.0.vpc_id": "vpc-06d7dc7f"
                        },
                        "meta": {},
                        "tainted": false
                    },
                    "deposed": [],
                    "provider": "provider.aws"
                }
            },
            "depends_on": []
        },
        {
            "path": [
                "root",
                "ApiReleaseSlotRole"
            ],
            "outputs": {
                "arn": {
                    "sensitive": false,
                    "type": "string",
                    "value": "arn:aws:iam::722431446741:role/dev_ApiReleaseSlotRole"
                },
                "name": {
                    "sensitive": false,
                    "type": "string",
                    "value": "dev_ApiReleaseSlotRole"
                }
            },
            "resources": {
                "aws_iam_policy.lambda_logging_policy": {
                    "type": "aws_iam_policy",
                    "depends_on": [
                        "data.aws_iam_policy_document.logging_policy_statement"
                    ],
                    "primary": {
                        "id": "arn:aws:iam::722431446741:policy/logging_policy_for_dev_ApiReleaseSlotRole",
                        "attributes": {
                            "arn": "arn:aws:iam::722431446741:policy/logging_policy_for_dev_ApiReleaseSlotRole",
                            "description": "Allows AWS Lambda to create and write logs",
                            "id": "arn:aws:iam::722431446741:policy/logging_policy_for_dev_ApiReleaseSlotRole",
                            "name": "logging_policy_for_dev_ApiReleaseSlotRole",
                            "path": "/",
                            "policy": "{\n  \"Version\": \"2012-10-17\",\n  \"Statement\": [\n    {\n      \"Sid\": \"\",\n      \"Effect\": \"Allow\",\n      \"Action\": [\n        \"logs:PutLogEvents\",\n        \"logs:CreateLogStream\",\n        \"logs:CreateLogGroup\"\n      ],\n      \"Resource\": \"arn:aws:logs:*:*:*\"\n    }\n  ]\n}"
                        },
                        "meta": {},
                        "tainted": false
                    },
                    "deposed": [],
                    "provider": "provider.aws"
                },
                "aws_iam_role.role": {
                    "type": "aws_iam_role",
                    "depends_on": [
                        "data.aws_iam_policy_document.lambda_policy"
                    ],
                    "primary": {
                        "id": "dev_ApiReleaseSlotRole",
                        "attributes": {
                            "arn": "arn:aws:iam::722431446741:role/dev_ApiReleaseSlotRole",
                            "assume_role_policy": "{\"Version\":\"2012-10-17\",\"Statement\":[{\"Sid\":\"\",\"Effect\":\"Allow\",\"Principal\":{\"Service\":[\"lambda.amazonaws.com\",\"apigateway.amazonaws.com\"]},\"Action\":\"sts:AssumeRole\"}]}",
                            "create_date": "2018-10-01T12:57:00Z",
                            "description": "",
                            "force_detach_policies": "false",
                            "id": "dev_ApiReleaseSlotRole",
                            "max_session_duration": "3600",
                            "name": "dev_ApiReleaseSlotRole",
                            "path": "/",
                            "unique_id": "AROAJPYSGCZXMBYWQ37TC"
                        },
                        "meta": {},
                        "tainted": false
                    },
                    "deposed": [],
                    "provider": "provider.aws"
                },
                "aws_iam_role_policy_attachment.Attach_Logging_Role": {
                    "type": "aws_iam_role_policy_attachment",
                    "depends_on": [
                        "aws_iam_policy.lambda_logging_policy",
                        "aws_iam_role.role"
                    ],
                    "primary": {
                        "id": "dev_ApiReleaseSlotRole-20181001125702299800000002",
                        "attributes": {
                            "id": "dev_ApiReleaseSlotRole-20181001125702299800000002",
                            "policy_arn": "arn:aws:iam::722431446741:policy/logging_policy_for_dev_ApiReleaseSlotRole",
                            "role": "dev_ApiReleaseSlotRole"
                        },
                        "meta": {},
                        "tainted": false
                    },
                    "deposed": [],
                    "provider": "provider.aws"
                },
                "aws_iam_role_policy_attachment.Attach_VPC_Policy": {
                    "type": "aws_iam_role_policy_attachment",
                    "depends_on": [
                        "aws_iam_role.role"
                    ],
                    "primary": {
                        "id": "dev_ApiReleaseSlotRole-20181001125701639300000001",
                        "attributes": {
                            "id": "dev_ApiReleaseSlotRole-20181001125701639300000001",
                            "policy_arn": "arn:aws:iam::aws:policy/service-role/AWSLambdaVPCAccessExecutionRole",
                            "role": "dev_ApiReleaseSlotRole"
                        },
                        "meta": {},
                        "tainted": false
                    },
                    "deposed": [],
                    "provider": "provider.aws"
                },
                "data.aws_iam_policy_document.lambda_policy": {
                    "type": "aws_iam_policy_document",
                    "depends_on": [],
                    "primary": {
                        "id": "3127519745",
                        "attributes": {
                            "id": "3127519745",
                            "json": "{\n  \"Version\": \"2012-10-17\",\n  \"Statement\": [\n    {\n      \"Sid\": \"\",\n      \"Effect\": \"Allow\",\n      \"Action\": \"sts:AssumeRole\",\n      \"Principal\": {\n        \"Service\": [\n          \"lambda.amazonaws.com\",\n          \"apigateway.amazonaws.com\"\n        ]\n      }\n    }\n  ]\n}",
                            "statement.#": "1",
                            "statement.0.actions.#": "1",
                            "statement.0.actions.2528466339": "sts:AssumeRole",
                            "statement.0.condition.#": "0",
                            "statement.0.effect": "Allow",
                            "statement.0.not_actions.#": "0",
                            "statement.0.not_principals.#": "0",
                            "statement.0.not_resources.#": "0",
                            "statement.0.principals.#": "1",
                            "statement.0.principals.1632598396.identifiers.#": "2",
                            "statement.0.principals.1632598396.identifiers.1175233861": "apigateway.amazonaws.com",
                            "statement.0.principals.1632598396.identifiers.2638019528": "lambda.amazonaws.com",
                            "statement.0.principals.1632598396.type": "Service",
                            "statement.0.resources.#": "0",
                            "statement.0.sid": ""
                        },
                        "meta": {},
                        "tainted": false
                    },
                    "deposed": [],
                    "provider": "provider.aws"
                },
                "data.aws_iam_policy_document.logging_policy_statement": {
                    "type": "aws_iam_policy_document",
                    "depends_on": [],
                    "primary": {
                        "id": "4063422367",
                        "attributes": {
                            "id": "4063422367",
                            "json": "{\n  \"Version\": \"2012-10-17\",\n  \"Statement\": [\n    {\n      \"Sid\": \"\",\n      \"Effect\": \"Allow\",\n      \"Action\": [\n        \"logs:PutLogEvents\",\n        \"logs:CreateLogStream\",\n        \"logs:CreateLogGroup\"\n      ],\n      \"Resource\": \"arn:aws:logs:*:*:*\"\n    }\n  ]\n}",
                            "statement.#": "1",
                            "statement.0.actions.#": "3",
                            "statement.0.actions.2809485102": "logs:CreateLogGroup",
                            "statement.0.actions.3285979848": "logs:CreateLogStream",
                            "statement.0.actions.39743051": "logs:PutLogEvents",
                            "statement.0.condition.#": "0",
                            "statement.0.effect": "Allow",
                            "statement.0.not_actions.#": "0",
                            "statement.0.not_principals.#": "0",
                            "statement.0.not_resources.#": "0",
                            "statement.0.principals.#": "0",
                            "statement.0.resources.#": "1",
                            "statement.0.resources.162423377": "arn:aws:logs:*:*:*",
                            "statement.0.sid": ""
                        },
                        "meta": {},
                        "tainted": false
                    },
                    "deposed": [],
                    "provider": "provider.aws"
                }
            },
            "depends_on": []
        },
        {
            "path": [
                "root",
                "ApiReserveSlotFunction"
            ],
            "outputs": {
                "arn": {
                    "sensitive": false,
                    "type": "string",
                    "value": "arn:aws:lambda:us-west-2:722431446741:function:dev_ApiReserveSlot"
                },
                "invoke_arn": {
                    "sensitive": false,
                    "type": "string",
                    "value": "arn:aws:apigateway:us-west-2:lambda:path/2015-03-31/functions/arn:aws:lambda:us-west-2:722431446741:function:dev_ApiReserveSlot/invocations"
                }
            },
            "resources": {
                "aws_cloudwatch_log_group.function": {
                    "type": "aws_cloudwatch_log_group",
                    "depends_on": [],
                    "primary": {
                        "id": "/aws/lambda/dev_ApiReserveSlot",
                        "attributes": {
                            "arn": "arn:aws:logs:us-west-2:722431446741:log-group:/aws/lambda/dev_ApiReserveSlot:*",
                            "id": "/aws/lambda/dev_ApiReserveSlot",
                            "kms_key_id": "",
                            "name": "/aws/lambda/dev_ApiReserveSlot",
                            "retention_in_days": "3",
                            "tags.%": "0"
                        },
                        "meta": {},
                        "tainted": false
                    },
                    "deposed": [],
                    "provider": "provider.aws"
                },
                "aws_lambda_function.function": {
                    "type": "aws_lambda_function",
                    "depends_on": [],
                    "primary": {
                        "id": "dev_ApiReserveSlot",
                        "attributes": {
                            "arn": "arn:aws:lambda:us-west-2:722431446741:function:dev_ApiReserveSlot",
                            "dead_letter_config.#": "0",
                            "description": "Api to reserve slot",
                            "environment.#": "1",
                            "environment.0.variables.%": "3",
                            "environment.0.variables.host": "smartexperience.cynqqjdixddg.us-west-2.rds.amazonaws.com",
                            "environment.0.variables.password": "pekd84ldam3kd01",
                            "environment.0.variables.user": "smrt",
                            "function_name": "dev_ApiReserveSlot",
                            "handler": "src/api/ReserveSlot.handler",
                            "id": "dev_ApiReserveSlot",
                            "invoke_arn": "arn:aws:apigateway:us-west-2:lambda:path/2015-03-31/functions/arn:aws:lambda:us-west-2:722431446741:function:dev_ApiReserveSlot/invocations",
                            "kms_key_arn": "",
                            "last_modified": "2018-10-22T14:37:18.093+0000",
                            "memory_size": "128",
                            "publish": "false",
                            "qualified_arn": "arn:aws:lambda:us-west-2:722431446741:function:dev_ApiReserveSlot:$LATEST",
                            "reserved_concurrent_executions": "0",
                            "role": "arn:aws:iam::722431446741:role/dev_ApiReserveSlotRole",
                            "runtime": "nodejs8.10",
                            "s3_bucket": "dev-smart-experience-artifact-repo",
                            "s3_key": "lambdas.zip",
                            "source_code_hash": "uBMfhm3o7Yj28ZdrXwLXrd+xYTQj39hhAOROaxwD4Z4=",
                            "source_code_size": "3288722",
                            "tags.%": "0",
                            "timeout": "10",
                            "tracing_config.#": "1",
                            "tracing_config.0.mode": "PassThrough",
                            "version": "$LATEST",
                            "vpc_config.#": "1",
                            "vpc_config.0.security_group_ids.#": "1",
                            "vpc_config.0.security_group_ids.1883674524": "sg-0771bd1f7389bc87e",
                            "vpc_config.0.subnet_ids.#": "2",
                            "vpc_config.0.subnet_ids.2232752913": "subnet-097f5187a61c57b65",
                            "vpc_config.0.subnet_ids.2986459562": "subnet-051a0994aa493db79",
                            "vpc_config.0.vpc_id": "vpc-06d7dc7f"
                        },
                        "meta": {},
                        "tainted": false
                    },
                    "deposed": [],
                    "provider": "provider.aws"
                }
            },
            "depends_on": []
        },
        {
            "path": [
                "root",
                "ApiReserveSlotRole"
            ],
            "outputs": {
                "arn": {
                    "sensitive": false,
                    "type": "string",
                    "value": "arn:aws:iam::722431446741:role/dev_ApiReserveSlotRole"
                },
                "name": {
                    "sensitive": false,
                    "type": "string",
                    "value": "dev_ApiReserveSlotRole"
                }
            },
            "resources": {
                "aws_iam_policy.lambda_logging_policy": {
                    "type": "aws_iam_policy",
                    "depends_on": [
                        "data.aws_iam_policy_document.logging_policy_statement"
                    ],
                    "primary": {
                        "id": "arn:aws:iam::722431446741:policy/logging_policy_for_dev_ApiReserveSlotRole",
                        "attributes": {
                            "arn": "arn:aws:iam::722431446741:policy/logging_policy_for_dev_ApiReserveSlotRole",
                            "description": "Allows AWS Lambda to create and write logs",
                            "id": "arn:aws:iam::722431446741:policy/logging_policy_for_dev_ApiReserveSlotRole",
                            "name": "logging_policy_for_dev_ApiReserveSlotRole",
                            "path": "/",
                            "policy": "{\n  \"Version\": \"2012-10-17\",\n  \"Statement\": [\n    {\n      \"Sid\": \"\",\n      \"Effect\": \"Allow\",\n      \"Action\": [\n        \"logs:PutLogEvents\",\n        \"logs:CreateLogStream\",\n        \"logs:CreateLogGroup\"\n      ],\n      \"Resource\": \"arn:aws:logs:*:*:*\"\n    }\n  ]\n}"
                        },
                        "meta": {},
                        "tainted": false
                    },
                    "deposed": [],
                    "provider": "provider.aws"
                },
                "aws_iam_role.role": {
                    "type": "aws_iam_role",
                    "depends_on": [
                        "data.aws_iam_policy_document.lambda_policy"
                    ],
                    "primary": {
                        "id": "dev_ApiReserveSlotRole",
                        "attributes": {
                            "arn": "arn:aws:iam::722431446741:role/dev_ApiReserveSlotRole",
                            "assume_role_policy": "{\"Version\":\"2012-10-17\",\"Statement\":[{\"Sid\":\"\",\"Effect\":\"Allow\",\"Principal\":{\"Service\":[\"lambda.amazonaws.com\",\"apigateway.amazonaws.com\"]},\"Action\":\"sts:AssumeRole\"}]}",
                            "create_date": "2018-09-27T19:10:16Z",
                            "description": "",
                            "force_detach_policies": "false",
                            "id": "dev_ApiReserveSlotRole",
                            "max_session_duration": "3600",
                            "name": "dev_ApiReserveSlotRole",
                            "path": "/",
                            "unique_id": "AROAIL3ZQXC6DWFOCXWL6"
                        },
                        "meta": {},
                        "tainted": false
                    },
                    "deposed": [],
                    "provider": "provider.aws"
                },
                "aws_iam_role_policy_attachment.Attach_Logging_Role": {
                    "type": "aws_iam_role_policy_attachment",
                    "depends_on": [
                        "aws_iam_policy.lambda_logging_policy",
                        "aws_iam_role.role"
                    ],
                    "primary": {
                        "id": "dev_ApiReserveSlotRole-20180927191018130600000002",
                        "attributes": {
                            "id": "dev_ApiReserveSlotRole-20180927191018130600000002",
                            "policy_arn": "arn:aws:iam::722431446741:policy/logging_policy_for_dev_ApiReserveSlotRole",
                            "role": "dev_ApiReserveSlotRole"
                        },
                        "meta": {},
                        "tainted": false
                    },
                    "deposed": [],
                    "provider": "provider.aws"
                },
                "aws_iam_role_policy_attachment.Attach_VPC_Policy": {
                    "type": "aws_iam_role_policy_attachment",
                    "depends_on": [
                        "aws_iam_role.role"
                    ],
                    "primary": {
                        "id": "dev_ApiReserveSlotRole-20180927191017744500000001",
                        "attributes": {
                            "id": "dev_ApiReserveSlotRole-20180927191017744500000001",
                            "policy_arn": "arn:aws:iam::aws:policy/service-role/AWSLambdaVPCAccessExecutionRole",
                            "role": "dev_ApiReserveSlotRole"
                        },
                        "meta": {},
                        "tainted": false
                    },
                    "deposed": [],
                    "provider": "provider.aws"
                },
                "data.aws_iam_policy_document.lambda_policy": {
                    "type": "aws_iam_policy_document",
                    "depends_on": [],
                    "primary": {
                        "id": "3127519745",
                        "attributes": {
                            "id": "3127519745",
                            "json": "{\n  \"Version\": \"2012-10-17\",\n  \"Statement\": [\n    {\n      \"Sid\": \"\",\n      \"Effect\": \"Allow\",\n      \"Action\": \"sts:AssumeRole\",\n      \"Principal\": {\n        \"Service\": [\n          \"lambda.amazonaws.com\",\n          \"apigateway.amazonaws.com\"\n        ]\n      }\n    }\n  ]\n}",
                            "statement.#": "1",
                            "statement.0.actions.#": "1",
                            "statement.0.actions.2528466339": "sts:AssumeRole",
                            "statement.0.condition.#": "0",
                            "statement.0.effect": "Allow",
                            "statement.0.not_actions.#": "0",
                            "statement.0.not_principals.#": "0",
                            "statement.0.not_resources.#": "0",
                            "statement.0.principals.#": "1",
                            "statement.0.principals.1632598396.identifiers.#": "2",
                            "statement.0.principals.1632598396.identifiers.1175233861": "apigateway.amazonaws.com",
                            "statement.0.principals.1632598396.identifiers.2638019528": "lambda.amazonaws.com",
                            "statement.0.principals.1632598396.type": "Service",
                            "statement.0.resources.#": "0",
                            "statement.0.sid": ""
                        },
                        "meta": {},
                        "tainted": false
                    },
                    "deposed": [],
                    "provider": "provider.aws"
                },
                "data.aws_iam_policy_document.logging_policy_statement": {
                    "type": "aws_iam_policy_document",
                    "depends_on": [],
                    "primary": {
                        "id": "4063422367",
                        "attributes": {
                            "id": "4063422367",
                            "json": "{\n  \"Version\": \"2012-10-17\",\n  \"Statement\": [\n    {\n      \"Sid\": \"\",\n      \"Effect\": \"Allow\",\n      \"Action\": [\n        \"logs:PutLogEvents\",\n        \"logs:CreateLogStream\",\n        \"logs:CreateLogGroup\"\n      ],\n      \"Resource\": \"arn:aws:logs:*:*:*\"\n    }\n  ]\n}",
                            "statement.#": "1",
                            "statement.0.actions.#": "3",
                            "statement.0.actions.2809485102": "logs:CreateLogGroup",
                            "statement.0.actions.3285979848": "logs:CreateLogStream",
                            "statement.0.actions.39743051": "logs:PutLogEvents",
                            "statement.0.condition.#": "0",
                            "statement.0.effect": "Allow",
                            "statement.0.not_actions.#": "0",
                            "statement.0.not_principals.#": "0",
                            "statement.0.not_resources.#": "0",
                            "statement.0.principals.#": "0",
                            "statement.0.resources.#": "1",
                            "statement.0.resources.162423377": "arn:aws:logs:*:*:*",
                            "statement.0.sid": ""
                        },
                        "meta": {},
                        "tainted": false
                    },
                    "deposed": [],
                    "provider": "provider.aws"
                }
            },
            "depends_on": []
        },
        {
            "path": [
                "root",
                "ApiSaveSurveyFunction"
            ],
            "outputs": {
                "arn": {
                    "sensitive": false,
                    "type": "string",
                    "value": "arn:aws:lambda:us-west-2:722431446741:function:dev_ApiSaveSurvey"
                },
                "invoke_arn": {
                    "sensitive": false,
                    "type": "string",
                    "value": "arn:aws:apigateway:us-west-2:lambda:path/2015-03-31/functions/arn:aws:lambda:us-west-2:722431446741:function:dev_ApiSaveSurvey/invocations"
                }
            },
            "resources": {
                "aws_cloudwatch_log_group.function": {
                    "type": "aws_cloudwatch_log_group",
                    "depends_on": [],
                    "primary": {
                        "id": "/aws/lambda/dev_ApiSaveSurvey",
                        "attributes": {
                            "arn": "arn:aws:logs:us-west-2:722431446741:log-group:/aws/lambda/dev_ApiSaveSurvey:*",
                            "id": "/aws/lambda/dev_ApiSaveSurvey",
                            "kms_key_id": "",
                            "name": "/aws/lambda/dev_ApiSaveSurvey",
                            "retention_in_days": "3",
                            "tags.%": "0"
                        },
                        "meta": {},
                        "tainted": false
                    },
                    "deposed": [],
                    "provider": "provider.aws"
                },
                "aws_lambda_function.function": {
                    "type": "aws_lambda_function",
                    "depends_on": [],
                    "primary": {
                        "id": "dev_ApiSaveSurvey",
                        "attributes": {
                            "arn": "arn:aws:lambda:us-west-2:722431446741:function:dev_ApiSaveSurvey",
                            "dead_letter_config.#": "0",
                            "description": "Api to save survey",
                            "environment.#": "1",
                            "environment.0.variables.%": "3",
                            "environment.0.variables.host": "smartexperience.cynqqjdixddg.us-west-2.rds.amazonaws.com",
                            "environment.0.variables.password": "pekd84ldam3kd01",
                            "environment.0.variables.user": "smrt",
                            "function_name": "dev_ApiSaveSurvey",
                            "handler": "src/api/SaveSurvey.handler",
                            "id": "dev_ApiSaveSurvey",
                            "invoke_arn": "arn:aws:apigateway:us-west-2:lambda:path/2015-03-31/functions/arn:aws:lambda:us-west-2:722431446741:function:dev_ApiSaveSurvey/invocations",
                            "kms_key_arn": "",
                            "last_modified": "2018-10-22T14:37:11.763+0000",
                            "memory_size": "128",
                            "publish": "false",
                            "qualified_arn": "arn:aws:lambda:us-west-2:722431446741:function:dev_ApiSaveSurvey:$LATEST",
                            "reserved_concurrent_executions": "0",
                            "role": "arn:aws:iam::722431446741:role/dev_ApiSaveSurveyRole",
                            "runtime": "nodejs8.10",
                            "s3_bucket": "dev-smart-experience-artifact-repo",
                            "s3_key": "lambdas.zip",
                            "source_code_hash": "uBMfhm3o7Yj28ZdrXwLXrd+xYTQj39hhAOROaxwD4Z4=",
                            "source_code_size": "3288722",
                            "tags.%": "0",
                            "timeout": "30",
                            "tracing_config.#": "1",
                            "tracing_config.0.mode": "PassThrough",
                            "version": "$LATEST",
                            "vpc_config.#": "1",
                            "vpc_config.0.security_group_ids.#": "1",
                            "vpc_config.0.security_group_ids.1883674524": "sg-0771bd1f7389bc87e",
                            "vpc_config.0.subnet_ids.#": "2",
                            "vpc_config.0.subnet_ids.2232752913": "subnet-097f5187a61c57b65",
                            "vpc_config.0.subnet_ids.2986459562": "subnet-051a0994aa493db79",
                            "vpc_config.0.vpc_id": "vpc-06d7dc7f"
                        },
                        "meta": {},
                        "tainted": false
                    },
                    "deposed": [],
                    "provider": "provider.aws"
                }
            },
            "depends_on": []
        },
        {
            "path": [
                "root",
                "ApiSaveSurveyRole"
            ],
            "outputs": {
                "arn": {
                    "sensitive": false,
                    "type": "string",
                    "value": "arn:aws:iam::722431446741:role/dev_ApiSaveSurveyRole"
                },
                "name": {
                    "sensitive": false,
                    "type": "string",
                    "value": "dev_ApiSaveSurveyRole"
                }
            },
            "resources": {
                "aws_iam_policy.lambda_logging_policy": {
                    "type": "aws_iam_policy",
                    "depends_on": [
                        "data.aws_iam_policy_document.logging_policy_statement"
                    ],
                    "primary": {
                        "id": "arn:aws:iam::722431446741:policy/logging_policy_for_dev_ApiSaveSurveyRole",
                        "attributes": {
                            "arn": "arn:aws:iam::722431446741:policy/logging_policy_for_dev_ApiSaveSurveyRole",
                            "description": "Allows AWS Lambda to create and write logs",
                            "id": "arn:aws:iam::722431446741:policy/logging_policy_for_dev_ApiSaveSurveyRole",
                            "name": "logging_policy_for_dev_ApiSaveSurveyRole",
                            "path": "/",
                            "policy": "{\n  \"Version\": \"2012-10-17\",\n  \"Statement\": [\n    {\n      \"Sid\": \"\",\n      \"Effect\": \"Allow\",\n      \"Action\": [\n        \"logs:PutLogEvents\",\n        \"logs:CreateLogStream\",\n        \"logs:CreateLogGroup\"\n      ],\n      \"Resource\": \"arn:aws:logs:*:*:*\"\n    }\n  ]\n}"
                        },
                        "meta": {},
                        "tainted": false
                    },
                    "deposed": [],
                    "provider": "provider.aws"
                },
                "aws_iam_role.role": {
                    "type": "aws_iam_role",
                    "depends_on": [
                        "data.aws_iam_policy_document.lambda_policy"
                    ],
                    "primary": {
                        "id": "dev_ApiSaveSurveyRole",
                        "attributes": {
                            "arn": "arn:aws:iam::722431446741:role/dev_ApiSaveSurveyRole",
                            "assume_role_policy": "{\"Version\":\"2012-10-17\",\"Statement\":[{\"Sid\":\"\",\"Effect\":\"Allow\",\"Principal\":{\"Service\":[\"apigateway.amazonaws.com\",\"lambda.amazonaws.com\"]},\"Action\":\"sts:AssumeRole\"}]}",
                            "create_date": "2018-09-24T15:31:58Z",
                            "description": "",
                            "force_detach_policies": "false",
                            "id": "dev_ApiSaveSurveyRole",
                            "max_session_duration": "3600",
                            "name": "dev_ApiSaveSurveyRole",
                            "path": "/",
                            "unique_id": "AROAI5YK5HTT374Y4KPAU"
                        },
                        "meta": {},
                        "tainted": false
                    },
                    "deposed": [],
                    "provider": "provider.aws"
                },
                "aws_iam_role_policy_attachment.Attach_Logging_Role": {
                    "type": "aws_iam_role_policy_attachment",
                    "depends_on": [
                        "aws_iam_policy.lambda_logging_policy",
                        "aws_iam_role.role"
                    ],
                    "primary": {
                        "id": "dev_ApiSaveSurveyRole-20180924153217781700000017",
                        "attributes": {
                            "id": "dev_ApiSaveSurveyRole-20180924153217781700000017",
                            "policy_arn": "arn:aws:iam::722431446741:policy/logging_policy_for_dev_ApiSaveSurveyRole",
                            "role": "dev_ApiSaveSurveyRole"
                        },
                        "meta": {},
                        "tainted": false
                    },
                    "deposed": [],
                    "provider": "provider.aws"
                },
                "aws_iam_role_policy_attachment.Attach_VPC_Policy": {
                    "type": "aws_iam_role_policy_attachment",
                    "depends_on": [
                        "aws_iam_role.role"
                    ],
                    "primary": {
                        "id": "dev_ApiSaveSurveyRole-20180924153214987100000003",
                        "attributes": {
                            "id": "dev_ApiSaveSurveyRole-20180924153214987100000003",
                            "policy_arn": "arn:aws:iam::aws:policy/service-role/AWSLambdaVPCAccessExecutionRole",
                            "role": "dev_ApiSaveSurveyRole"
                        },
                        "meta": {},
                        "tainted": false
                    },
                    "deposed": [],
                    "provider": "provider.aws"
                },
                "data.aws_iam_policy_document.lambda_policy": {
                    "type": "aws_iam_policy_document",
                    "depends_on": [],
                    "primary": {
                        "id": "3127519745",
                        "attributes": {
                            "id": "3127519745",
                            "json": "{\n  \"Version\": \"2012-10-17\",\n  \"Statement\": [\n    {\n      \"Sid\": \"\",\n      \"Effect\": \"Allow\",\n      \"Action\": \"sts:AssumeRole\",\n      \"Principal\": {\n        \"Service\": [\n          \"lambda.amazonaws.com\",\n          \"apigateway.amazonaws.com\"\n        ]\n      }\n    }\n  ]\n}",
                            "statement.#": "1",
                            "statement.0.actions.#": "1",
                            "statement.0.actions.2528466339": "sts:AssumeRole",
                            "statement.0.condition.#": "0",
                            "statement.0.effect": "Allow",
                            "statement.0.not_actions.#": "0",
                            "statement.0.not_principals.#": "0",
                            "statement.0.not_resources.#": "0",
                            "statement.0.principals.#": "1",
                            "statement.0.principals.1632598396.identifiers.#": "2",
                            "statement.0.principals.1632598396.identifiers.1175233861": "apigateway.amazonaws.com",
                            "statement.0.principals.1632598396.identifiers.2638019528": "lambda.amazonaws.com",
                            "statement.0.principals.1632598396.type": "Service",
                            "statement.0.resources.#": "0",
                            "statement.0.sid": ""
                        },
                        "meta": {},
                        "tainted": false
                    },
                    "deposed": [],
                    "provider": "provider.aws"
                },
                "data.aws_iam_policy_document.logging_policy_statement": {
                    "type": "aws_iam_policy_document",
                    "depends_on": [],
                    "primary": {
                        "id": "4063422367",
                        "attributes": {
                            "id": "4063422367",
                            "json": "{\n  \"Version\": \"2012-10-17\",\n  \"Statement\": [\n    {\n      \"Sid\": \"\",\n      \"Effect\": \"Allow\",\n      \"Action\": [\n        \"logs:PutLogEvents\",\n        \"logs:CreateLogStream\",\n        \"logs:CreateLogGroup\"\n      ],\n      \"Resource\": \"arn:aws:logs:*:*:*\"\n    }\n  ]\n}",
                            "statement.#": "1",
                            "statement.0.actions.#": "3",
                            "statement.0.actions.2809485102": "logs:CreateLogGroup",
                            "statement.0.actions.3285979848": "logs:CreateLogStream",
                            "statement.0.actions.39743051": "logs:PutLogEvents",
                            "statement.0.condition.#": "0",
                            "statement.0.effect": "Allow",
                            "statement.0.not_actions.#": "0",
                            "statement.0.not_principals.#": "0",
                            "statement.0.not_resources.#": "0",
                            "statement.0.principals.#": "0",
                            "statement.0.resources.#": "1",
                            "statement.0.resources.162423377": "arn:aws:logs:*:*:*",
                            "statement.0.sid": ""
                        },
                        "meta": {},
                        "tainted": false
                    },
                    "deposed": [],
                    "provider": "provider.aws"
                }
            },
            "depends_on": []
        },
        {
            "path": [
                "root",
                "ApiSaveUserFunction"
            ],
            "outputs": {
                "arn": {
                    "sensitive": false,
                    "type": "string",
                    "value": "arn:aws:lambda:us-west-2:722431446741:function:dev_ApiSaveUser"
                },
                "invoke_arn": {
                    "sensitive": false,
                    "type": "string",
                    "value": "arn:aws:apigateway:us-west-2:lambda:path/2015-03-31/functions/arn:aws:lambda:us-west-2:722431446741:function:dev_ApiSaveUser/invocations"
                }
            },
            "resources": {
                "aws_cloudwatch_log_group.function": {
                    "type": "aws_cloudwatch_log_group",
                    "depends_on": [],
                    "primary": {
                        "id": "/aws/lambda/dev_ApiSaveUser",
                        "attributes": {
                            "arn": "arn:aws:logs:us-west-2:722431446741:log-group:/aws/lambda/dev_ApiSaveUser:*",
                            "id": "/aws/lambda/dev_ApiSaveUser",
                            "kms_key_id": "",
                            "name": "/aws/lambda/dev_ApiSaveUser",
                            "retention_in_days": "3",
                            "tags.%": "0"
                        },
                        "meta": {},
                        "tainted": false
                    },
                    "deposed": [],
                    "provider": "provider.aws"
                },
                "aws_lambda_function.function": {
                    "type": "aws_lambda_function",
                    "depends_on": [],
                    "primary": {
                        "id": "dev_ApiSaveUser",
                        "attributes": {
                            "arn": "arn:aws:lambda:us-west-2:722431446741:function:dev_ApiSaveUser",
                            "dead_letter_config.#": "0",
                            "description": "Api to save user information",
                            "environment.#": "1",
                            "environment.0.variables.%": "3",
                            "environment.0.variables.host": "smartexperience.cynqqjdixddg.us-west-2.rds.amazonaws.com",
                            "environment.0.variables.password": "pekd84ldam3kd01",
                            "environment.0.variables.user": "smrt",
                            "function_name": "dev_ApiSaveUser",
                            "handler": "src/api/SaveUser.handler",
                            "id": "dev_ApiSaveUser",
                            "invoke_arn": "arn:aws:apigateway:us-west-2:lambda:path/2015-03-31/functions/arn:aws:lambda:us-west-2:722431446741:function:dev_ApiSaveUser/invocations",
                            "kms_key_arn": "",
                            "last_modified": "2018-10-22T14:37:06.297+0000",
                            "memory_size": "128",
                            "publish": "false",
                            "qualified_arn": "arn:aws:lambda:us-west-2:722431446741:function:dev_ApiSaveUser:$LATEST",
                            "reserved_concurrent_executions": "0",
                            "role": "arn:aws:iam::722431446741:role/dev_ApiSaveUserRole",
                            "runtime": "nodejs8.10",
                            "s3_bucket": "dev-smart-experience-artifact-repo",
                            "s3_key": "lambdas.zip",
                            "source_code_hash": "uBMfhm3o7Yj28ZdrXwLXrd+xYTQj39hhAOROaxwD4Z4=",
                            "source_code_size": "3288722",
                            "tags.%": "0",
                            "timeout": "10",
                            "tracing_config.#": "1",
                            "tracing_config.0.mode": "PassThrough",
                            "version": "$LATEST",
                            "vpc_config.#": "1",
                            "vpc_config.0.security_group_ids.#": "1",
                            "vpc_config.0.security_group_ids.1883674524": "sg-0771bd1f7389bc87e",
                            "vpc_config.0.subnet_ids.#": "2",
                            "vpc_config.0.subnet_ids.2232752913": "subnet-097f5187a61c57b65",
                            "vpc_config.0.subnet_ids.2986459562": "subnet-051a0994aa493db79",
                            "vpc_config.0.vpc_id": "vpc-06d7dc7f"
                        },
                        "meta": {},
                        "tainted": false
                    },
                    "deposed": [],
                    "provider": "provider.aws"
                }
            },
            "depends_on": []
        },
        {
            "path": [
                "root",
                "ApiSaveUserRole"
            ],
            "outputs": {
                "arn": {
                    "sensitive": false,
                    "type": "string",
                    "value": "arn:aws:iam::722431446741:role/dev_ApiSaveUserRole"
                },
                "name": {
                    "sensitive": false,
                    "type": "string",
                    "value": "dev_ApiSaveUserRole"
                }
            },
            "resources": {
                "aws_iam_policy.lambda_logging_policy": {
                    "type": "aws_iam_policy",
                    "depends_on": [
                        "data.aws_iam_policy_document.logging_policy_statement"
                    ],
                    "primary": {
                        "id": "arn:aws:iam::722431446741:policy/logging_policy_for_dev_ApiSaveUserRole",
                        "attributes": {
                            "arn": "arn:aws:iam::722431446741:policy/logging_policy_for_dev_ApiSaveUserRole",
                            "description": "Allows AWS Lambda to create and write logs",
                            "id": "arn:aws:iam::722431446741:policy/logging_policy_for_dev_ApiSaveUserRole",
                            "name": "logging_policy_for_dev_ApiSaveUserRole",
                            "path": "/",
                            "policy": "{\n  \"Version\": \"2012-10-17\",\n  \"Statement\": [\n    {\n      \"Sid\": \"\",\n      \"Effect\": \"Allow\",\n      \"Action\": [\n        \"logs:PutLogEvents\",\n        \"logs:CreateLogStream\",\n        \"logs:CreateLogGroup\"\n      ],\n      \"Resource\": \"arn:aws:logs:*:*:*\"\n    }\n  ]\n}"
                        },
                        "meta": {},
                        "tainted": false
                    },
                    "deposed": [],
                    "provider": "provider.aws"
                },
                "aws_iam_role.role": {
                    "type": "aws_iam_role",
                    "depends_on": [
                        "data.aws_iam_policy_document.lambda_policy"
                    ],
                    "primary": {
                        "id": "dev_ApiSaveUserRole",
                        "attributes": {
                            "arn": "arn:aws:iam::722431446741:role/dev_ApiSaveUserRole",
                            "assume_role_policy": "{\"Version\":\"2012-10-17\",\"Statement\":[{\"Sid\":\"\",\"Effect\":\"Allow\",\"Principal\":{\"Service\":[\"lambda.amazonaws.com\",\"apigateway.amazonaws.com\"]},\"Action\":\"sts:AssumeRole\"}]}",
                            "create_date": "2018-09-24T15:32:07Z",
                            "description": "",
                            "force_detach_policies": "false",
                            "id": "dev_ApiSaveUserRole",
                            "max_session_duration": "3600",
                            "name": "dev_ApiSaveUserRole",
                            "path": "/",
                            "unique_id": "AROAJGXN3P6ITZ7O2VZGQ"
                        },
                        "meta": {},
                        "tainted": false
                    },
                    "deposed": [],
                    "provider": "provider.aws"
                },
                "aws_iam_role_policy_attachment.Attach_Logging_Role": {
                    "type": "aws_iam_role_policy_attachment",
                    "depends_on": [
                        "aws_iam_policy.lambda_logging_policy",
                        "aws_iam_role.role"
                    ],
                    "primary": {
                        "id": "dev_ApiSaveUserRole-20180924153218985900000020",
                        "attributes": {
                            "id": "dev_ApiSaveUserRole-20180924153218985900000020",
                            "policy_arn": "arn:aws:iam::722431446741:policy/logging_policy_for_dev_ApiSaveUserRole",
                            "role": "dev_ApiSaveUserRole"
                        },
                        "meta": {},
                        "tainted": false
                    },
                    "deposed": [],
                    "provider": "provider.aws"
                },
                "aws_iam_role_policy_attachment.Attach_VPC_Policy": {
                    "type": "aws_iam_role_policy_attachment",
                    "depends_on": [
                        "aws_iam_role.role"
                    ],
                    "primary": {
                        "id": "dev_ApiSaveUserRole-2018092415321897760000001e",
                        "attributes": {
                            "id": "dev_ApiSaveUserRole-2018092415321897760000001e",
                            "policy_arn": "arn:aws:iam::aws:policy/service-role/AWSLambdaVPCAccessExecutionRole",
                            "role": "dev_ApiSaveUserRole"
                        },
                        "meta": {},
                        "tainted": false
                    },
                    "deposed": [],
                    "provider": "provider.aws"
                },
                "data.aws_iam_policy_document.lambda_policy": {
                    "type": "aws_iam_policy_document",
                    "depends_on": [],
                    "primary": {
                        "id": "3127519745",
                        "attributes": {
                            "id": "3127519745",
                            "json": "{\n  \"Version\": \"2012-10-17\",\n  \"Statement\": [\n    {\n      \"Sid\": \"\",\n      \"Effect\": \"Allow\",\n      \"Action\": \"sts:AssumeRole\",\n      \"Principal\": {\n        \"Service\": [\n          \"lambda.amazonaws.com\",\n          \"apigateway.amazonaws.com\"\n        ]\n      }\n    }\n  ]\n}",
                            "statement.#": "1",
                            "statement.0.actions.#": "1",
                            "statement.0.actions.2528466339": "sts:AssumeRole",
                            "statement.0.condition.#": "0",
                            "statement.0.effect": "Allow",
                            "statement.0.not_actions.#": "0",
                            "statement.0.not_principals.#": "0",
                            "statement.0.not_resources.#": "0",
                            "statement.0.principals.#": "1",
                            "statement.0.principals.1632598396.identifiers.#": "2",
                            "statement.0.principals.1632598396.identifiers.1175233861": "apigateway.amazonaws.com",
                            "statement.0.principals.1632598396.identifiers.2638019528": "lambda.amazonaws.com",
                            "statement.0.principals.1632598396.type": "Service",
                            "statement.0.resources.#": "0",
                            "statement.0.sid": ""
                        },
                        "meta": {},
                        "tainted": false
                    },
                    "deposed": [],
                    "provider": "provider.aws"
                },
                "data.aws_iam_policy_document.logging_policy_statement": {
                    "type": "aws_iam_policy_document",
                    "depends_on": [],
                    "primary": {
                        "id": "4063422367",
                        "attributes": {
                            "id": "4063422367",
                            "json": "{\n  \"Version\": \"2012-10-17\",\n  \"Statement\": [\n    {\n      \"Sid\": \"\",\n      \"Effect\": \"Allow\",\n      \"Action\": [\n        \"logs:PutLogEvents\",\n        \"logs:CreateLogStream\",\n        \"logs:CreateLogGroup\"\n      ],\n      \"Resource\": \"arn:aws:logs:*:*:*\"\n    }\n  ]\n}",
                            "statement.#": "1",
                            "statement.0.actions.#": "3",
                            "statement.0.actions.2809485102": "logs:CreateLogGroup",
                            "statement.0.actions.3285979848": "logs:CreateLogStream",
                            "statement.0.actions.39743051": "logs:PutLogEvents",
                            "statement.0.condition.#": "0",
                            "statement.0.effect": "Allow",
                            "statement.0.not_actions.#": "0",
                            "statement.0.not_principals.#": "0",
                            "statement.0.not_resources.#": "0",
                            "statement.0.principals.#": "0",
                            "statement.0.resources.#": "1",
                            "statement.0.resources.162423377": "arn:aws:logs:*:*:*",
                            "statement.0.sid": ""
                        },
                        "meta": {},
                        "tainted": false
                    },
                    "deposed": [],
                    "provider": "provider.aws"
                }
            },
            "depends_on": []
        },
        {
            "path": [
                "root",
                "ApiScheduleAdhocDriveFunction"
            ],
            "outputs": {
                "arn": {
                    "sensitive": false,
                    "type": "string",
                    "value": "arn:aws:lambda:us-west-2:722431446741:function:dev_ApiScheduleAdhocDrive"
                },
                "invoke_arn": {
                    "sensitive": false,
                    "type": "string",
                    "value": "arn:aws:apigateway:us-west-2:lambda:path/2015-03-31/functions/arn:aws:lambda:us-west-2:722431446741:function:dev_ApiScheduleAdhocDrive/invocations"
                }
            },
            "resources": {
                "aws_cloudwatch_log_group.function": {
                    "type": "aws_cloudwatch_log_group",
                    "depends_on": [],
                    "primary": {
                        "id": "/aws/lambda/dev_ApiScheduleAdhocDrive",
                        "attributes": {
                            "arn": "arn:aws:logs:us-west-2:722431446741:log-group:/aws/lambda/dev_ApiScheduleAdhocDrive:*",
                            "id": "/aws/lambda/dev_ApiScheduleAdhocDrive",
                            "kms_key_id": "",
                            "name": "/aws/lambda/dev_ApiScheduleAdhocDrive",
                            "retention_in_days": "3",
                            "tags.%": "0"
                        },
                        "meta": {},
                        "tainted": false
                    },
                    "deposed": [],
                    "provider": "provider.aws"
                },
                "aws_lambda_function.function": {
                    "type": "aws_lambda_function",
                    "depends_on": [],
                    "primary": {
                        "id": "dev_ApiScheduleAdhocDrive",
                        "attributes": {
                            "arn": "arn:aws:lambda:us-west-2:722431446741:function:dev_ApiScheduleAdhocDrive",
                            "dead_letter_config.#": "0",
                            "description": "Api to schedule the drive adhoc",
                            "environment.#": "1",
                            "environment.0.variables.%": "3",
                            "environment.0.variables.host": "smartexperience.cynqqjdixddg.us-west-2.rds.amazonaws.com",
                            "environment.0.variables.password": "pekd84ldam3kd01",
                            "environment.0.variables.user": "smrt",
                            "function_name": "dev_ApiScheduleAdhocDrive",
                            "handler": "src/api/ScheduleAdhocDrive.handler",
                            "id": "dev_ApiScheduleAdhocDrive",
                            "invoke_arn": "arn:aws:apigateway:us-west-2:lambda:path/2015-03-31/functions/arn:aws:lambda:us-west-2:722431446741:function:dev_ApiScheduleAdhocDrive/invocations",
                            "kms_key_arn": "",
                            "last_modified": "2018-10-22T14:37:26.456+0000",
                            "memory_size": "128",
                            "publish": "false",
                            "qualified_arn": "arn:aws:lambda:us-west-2:722431446741:function:dev_ApiScheduleAdhocDrive:$LATEST",
                            "reserved_concurrent_executions": "0",
                            "role": "arn:aws:iam::722431446741:role/dev_ApiScheduleAdhocDriveRole",
                            "runtime": "nodejs8.10",
                            "s3_bucket": "dev-smart-experience-artifact-repo",
                            "s3_key": "lambdas.zip",
                            "source_code_hash": "uBMfhm3o7Yj28ZdrXwLXrd+xYTQj39hhAOROaxwD4Z4=",
                            "source_code_size": "3288722",
                            "tags.%": "0",
                            "timeout": "10",
                            "tracing_config.#": "1",
                            "tracing_config.0.mode": "PassThrough",
                            "version": "$LATEST",
                            "vpc_config.#": "1",
                            "vpc_config.0.security_group_ids.#": "1",
                            "vpc_config.0.security_group_ids.1883674524": "sg-0771bd1f7389bc87e",
                            "vpc_config.0.subnet_ids.#": "2",
                            "vpc_config.0.subnet_ids.2232752913": "subnet-097f5187a61c57b65",
                            "vpc_config.0.subnet_ids.2986459562": "subnet-051a0994aa493db79",
                            "vpc_config.0.vpc_id": "vpc-06d7dc7f"
                        },
                        "meta": {},
                        "tainted": false
                    },
                    "deposed": [],
                    "provider": "provider.aws"
                }
            },
            "depends_on": []
        },
        {
            "path": [
                "root",
                "ApiScheduleAdhocDriveRole"
            ],
            "outputs": {
                "arn": {
                    "sensitive": false,
                    "type": "string",
                    "value": "arn:aws:iam::722431446741:role/dev_ApiScheduleAdhocDriveRole"
                },
                "name": {
                    "sensitive": false,
                    "type": "string",
                    "value": "dev_ApiScheduleAdhocDriveRole"
                }
            },
            "resources": {
                "aws_iam_policy.lambda_logging_policy": {
                    "type": "aws_iam_policy",
                    "depends_on": [
                        "data.aws_iam_policy_document.logging_policy_statement"
                    ],
                    "primary": {
                        "id": "arn:aws:iam::722431446741:policy/logging_policy_for_dev_ApiScheduleAdhocDriveRole",
                        "attributes": {
                            "arn": "arn:aws:iam::722431446741:policy/logging_policy_for_dev_ApiScheduleAdhocDriveRole",
                            "description": "Allows AWS Lambda to create and write logs",
                            "id": "arn:aws:iam::722431446741:policy/logging_policy_for_dev_ApiScheduleAdhocDriveRole",
                            "name": "logging_policy_for_dev_ApiScheduleAdhocDriveRole",
                            "path": "/",
                            "policy": "{\n  \"Version\": \"2012-10-17\",\n  \"Statement\": [\n    {\n      \"Sid\": \"\",\n      \"Effect\": \"Allow\",\n      \"Action\": [\n        \"logs:PutLogEvents\",\n        \"logs:CreateLogStream\",\n        \"logs:CreateLogGroup\"\n      ],\n      \"Resource\": \"arn:aws:logs:*:*:*\"\n    }\n  ]\n}"
                        },
                        "meta": {},
                        "tainted": false
                    },
                    "deposed": [],
                    "provider": "provider.aws"
                },
                "aws_iam_role.role": {
                    "type": "aws_iam_role",
                    "depends_on": [
                        "data.aws_iam_policy_document.lambda_policy"
                    ],
                    "primary": {
                        "id": "dev_ApiScheduleAdhocDriveRole",
                        "attributes": {
                            "arn": "arn:aws:iam::722431446741:role/dev_ApiScheduleAdhocDriveRole",
                            "assume_role_policy": "{\"Version\":\"2012-10-17\",\"Statement\":[{\"Sid\":\"\",\"Effect\":\"Allow\",\"Principal\":{\"Service\":[\"apigateway.amazonaws.com\",\"lambda.amazonaws.com\"]},\"Action\":\"sts:AssumeRole\"}]}",
                            "create_date": "2018-10-16T19:00:57Z",
                            "description": "",
                            "force_detach_policies": "false",
                            "id": "dev_ApiScheduleAdhocDriveRole",
                            "max_session_duration": "3600",
                            "name": "dev_ApiScheduleAdhocDriveRole",
                            "path": "/",
                            "unique_id": "AROAJ3AGUAK6KDAYRF2BE"
                        },
                        "meta": {},
                        "tainted": false
                    },
                    "deposed": [],
                    "provider": "provider.aws"
                },
                "aws_iam_role_policy_attachment.Attach_Logging_Role": {
                    "type": "aws_iam_role_policy_attachment",
                    "depends_on": [
                        "aws_iam_policy.lambda_logging_policy",
                        "aws_iam_role.role"
                    ],
                    "primary": {
                        "id": "dev_ApiScheduleAdhocDriveRole-20181016190058007100000002",
                        "attributes": {
                            "id": "dev_ApiScheduleAdhocDriveRole-20181016190058007100000002",
                            "policy_arn": "arn:aws:iam::722431446741:policy/logging_policy_for_dev_ApiScheduleAdhocDriveRole",
                            "role": "dev_ApiScheduleAdhocDriveRole"
                        },
                        "meta": {},
                        "tainted": false
                    },
                    "deposed": [],
                    "provider": "provider.aws"
                },
                "aws_iam_role_policy_attachment.Attach_VPC_Policy": {
                    "type": "aws_iam_role_policy_attachment",
                    "depends_on": [
                        "aws_iam_role.role"
                    ],
                    "primary": {
                        "id": "dev_ApiScheduleAdhocDriveRole-20181016190057863300000001",
                        "attributes": {
                            "id": "dev_ApiScheduleAdhocDriveRole-20181016190057863300000001",
                            "policy_arn": "arn:aws:iam::aws:policy/service-role/AWSLambdaVPCAccessExecutionRole",
                            "role": "dev_ApiScheduleAdhocDriveRole"
                        },
                        "meta": {},
                        "tainted": false
                    },
                    "deposed": [],
                    "provider": "provider.aws"
                },
                "data.aws_iam_policy_document.lambda_policy": {
                    "type": "aws_iam_policy_document",
                    "depends_on": [],
                    "primary": {
                        "id": "3127519745",
                        "attributes": {
                            "id": "3127519745",
                            "json": "{\n  \"Version\": \"2012-10-17\",\n  \"Statement\": [\n    {\n      \"Sid\": \"\",\n      \"Effect\": \"Allow\",\n      \"Action\": \"sts:AssumeRole\",\n      \"Principal\": {\n        \"Service\": [\n          \"lambda.amazonaws.com\",\n          \"apigateway.amazonaws.com\"\n        ]\n      }\n    }\n  ]\n}",
                            "statement.#": "1",
                            "statement.0.actions.#": "1",
                            "statement.0.actions.2528466339": "sts:AssumeRole",
                            "statement.0.condition.#": "0",
                            "statement.0.effect": "Allow",
                            "statement.0.not_actions.#": "0",
                            "statement.0.not_principals.#": "0",
                            "statement.0.not_resources.#": "0",
                            "statement.0.principals.#": "1",
                            "statement.0.principals.1632598396.identifiers.#": "2",
                            "statement.0.principals.1632598396.identifiers.1175233861": "apigateway.amazonaws.com",
                            "statement.0.principals.1632598396.identifiers.2638019528": "lambda.amazonaws.com",
                            "statement.0.principals.1632598396.type": "Service",
                            "statement.0.resources.#": "0",
                            "statement.0.sid": ""
                        },
                        "meta": {},
                        "tainted": false
                    },
                    "deposed": [],
                    "provider": "provider.aws"
                },
                "data.aws_iam_policy_document.logging_policy_statement": {
                    "type": "aws_iam_policy_document",
                    "depends_on": [],
                    "primary": {
                        "id": "4063422367",
                        "attributes": {
                            "id": "4063422367",
                            "json": "{\n  \"Version\": \"2012-10-17\",\n  \"Statement\": [\n    {\n      \"Sid\": \"\",\n      \"Effect\": \"Allow\",\n      \"Action\": [\n        \"logs:PutLogEvents\",\n        \"logs:CreateLogStream\",\n        \"logs:CreateLogGroup\"\n      ],\n      \"Resource\": \"arn:aws:logs:*:*:*\"\n    }\n  ]\n}",
                            "statement.#": "1",
                            "statement.0.actions.#": "3",
                            "statement.0.actions.2809485102": "logs:CreateLogGroup",
                            "statement.0.actions.3285979848": "logs:CreateLogStream",
                            "statement.0.actions.39743051": "logs:PutLogEvents",
                            "statement.0.condition.#": "0",
                            "statement.0.effect": "Allow",
                            "statement.0.not_actions.#": "0",
                            "statement.0.not_principals.#": "0",
                            "statement.0.not_resources.#": "0",
                            "statement.0.principals.#": "0",
                            "statement.0.resources.#": "1",
                            "statement.0.resources.162423377": "arn:aws:logs:*:*:*",
                            "statement.0.sid": ""
                        },
                        "meta": {},
                        "tainted": false
                    },
                    "deposed": [],
                    "provider": "provider.aws"
                }
            },
            "depends_on": []
        },
        {
            "path": [
                "root",
                "ApiScheduleDriveFunction"
            ],
            "outputs": {
                "arn": {
                    "sensitive": false,
                    "type": "string",
                    "value": "arn:aws:lambda:us-west-2:722431446741:function:dev_ApiScheduleDrive"
                },
                "invoke_arn": {
                    "sensitive": false,
                    "type": "string",
                    "value": "arn:aws:apigateway:us-west-2:lambda:path/2015-03-31/functions/arn:aws:lambda:us-west-2:722431446741:function:dev_ApiScheduleDrive/invocations"
                }
            },
            "resources": {
                "aws_cloudwatch_log_group.function": {
                    "type": "aws_cloudwatch_log_group",
                    "depends_on": [],
                    "primary": {
                        "id": "/aws/lambda/dev_ApiScheduleDrive",
                        "attributes": {
                            "arn": "arn:aws:logs:us-west-2:722431446741:log-group:/aws/lambda/dev_ApiScheduleDrive:*",
                            "id": "/aws/lambda/dev_ApiScheduleDrive",
                            "kms_key_id": "",
                            "name": "/aws/lambda/dev_ApiScheduleDrive",
                            "retention_in_days": "3",
                            "tags.%": "0"
                        },
                        "meta": {},
                        "tainted": false
                    },
                    "deposed": [],
                    "provider": "provider.aws"
                },
                "aws_lambda_function.function": {
                    "type": "aws_lambda_function",
                    "depends_on": [],
                    "primary": {
                        "id": "dev_ApiScheduleDrive",
                        "attributes": {
                            "arn": "arn:aws:lambda:us-west-2:722431446741:function:dev_ApiScheduleDrive",
                            "dead_letter_config.#": "0",
                            "description": "Api to schedule the drive",
                            "environment.#": "1",
                            "environment.0.variables.%": "3",
                            "environment.0.variables.host": "smartexperience.cynqqjdixddg.us-west-2.rds.amazonaws.com",
                            "environment.0.variables.password": "pekd84ldam3kd01",
                            "environment.0.variables.user": "smrt",
                            "function_name": "dev_ApiScheduleDrive",
                            "handler": "src/api/ScheduleDrive.handler",
                            "id": "dev_ApiScheduleDrive",
                            "invoke_arn": "arn:aws:apigateway:us-west-2:lambda:path/2015-03-31/functions/arn:aws:lambda:us-west-2:722431446741:function:dev_ApiScheduleDrive/invocations",
                            "kms_key_arn": "",
                            "last_modified": "2018-10-22T14:37:12.906+0000",
                            "memory_size": "128",
                            "publish": "false",
                            "qualified_arn": "arn:aws:lambda:us-west-2:722431446741:function:dev_ApiScheduleDrive:$LATEST",
                            "reserved_concurrent_executions": "0",
                            "role": "arn:aws:iam::722431446741:role/dev_ApiScheduleDriveRole",
                            "runtime": "nodejs8.10",
                            "s3_bucket": "dev-smart-experience-artifact-repo",
                            "s3_key": "lambdas.zip",
                            "source_code_hash": "uBMfhm3o7Yj28ZdrXwLXrd+xYTQj39hhAOROaxwD4Z4=",
                            "source_code_size": "3288722",
                            "tags.%": "0",
                            "timeout": "10",
                            "tracing_config.#": "1",
                            "tracing_config.0.mode": "PassThrough",
                            "version": "$LATEST",
                            "vpc_config.#": "1",
                            "vpc_config.0.security_group_ids.#": "1",
                            "vpc_config.0.security_group_ids.1883674524": "sg-0771bd1f7389bc87e",
                            "vpc_config.0.subnet_ids.#": "2",
                            "vpc_config.0.subnet_ids.2232752913": "subnet-097f5187a61c57b65",
                            "vpc_config.0.subnet_ids.2986459562": "subnet-051a0994aa493db79",
                            "vpc_config.0.vpc_id": "vpc-06d7dc7f"
                        },
                        "meta": {},
                        "tainted": false
                    },
                    "deposed": [],
                    "provider": "provider.aws"
                }
            },
            "depends_on": []
        },
        {
            "path": [
                "root",
                "ApiScheduleDriveRole"
            ],
            "outputs": {
                "arn": {
                    "sensitive": false,
                    "type": "string",
                    "value": "arn:aws:iam::722431446741:role/dev_ApiScheduleDriveRole"
                },
                "name": {
                    "sensitive": false,
                    "type": "string",
                    "value": "dev_ApiScheduleDriveRole"
                }
            },
            "resources": {
                "aws_iam_policy.lambda_logging_policy": {
                    "type": "aws_iam_policy",
                    "depends_on": [
                        "data.aws_iam_policy_document.logging_policy_statement"
                    ],
                    "primary": {
                        "id": "arn:aws:iam::722431446741:policy/logging_policy_for_dev_ApiScheduleDriveRole",
                        "attributes": {
                            "arn": "arn:aws:iam::722431446741:policy/logging_policy_for_dev_ApiScheduleDriveRole",
                            "description": "Allows AWS Lambda to create and write logs",
                            "id": "arn:aws:iam::722431446741:policy/logging_policy_for_dev_ApiScheduleDriveRole",
                            "name": "logging_policy_for_dev_ApiScheduleDriveRole",
                            "path": "/",
                            "policy": "{\n  \"Version\": \"2012-10-17\",\n  \"Statement\": [\n    {\n      \"Sid\": \"\",\n      \"Effect\": \"Allow\",\n      \"Action\": [\n        \"logs:PutLogEvents\",\n        \"logs:CreateLogStream\",\n        \"logs:CreateLogGroup\"\n      ],\n      \"Resource\": \"arn:aws:logs:*:*:*\"\n    }\n  ]\n}"
                        },
                        "meta": {},
                        "tainted": false
                    },
                    "deposed": [],
                    "provider": "provider.aws"
                },
                "aws_iam_role.role": {
                    "type": "aws_iam_role",
                    "depends_on": [
                        "data.aws_iam_policy_document.lambda_policy"
                    ],
                    "primary": {
                        "id": "dev_ApiScheduleDriveRole",
                        "attributes": {
                            "arn": "arn:aws:iam::722431446741:role/dev_ApiScheduleDriveRole",
                            "assume_role_policy": "{\"Version\":\"2012-10-17\",\"Statement\":[{\"Sid\":\"\",\"Effect\":\"Allow\",\"Principal\":{\"Service\":[\"apigateway.amazonaws.com\",\"lambda.amazonaws.com\"]},\"Action\":\"sts:AssumeRole\"}]}",
                            "create_date": "2018-09-24T15:31:58Z",
                            "description": "",
                            "force_detach_policies": "false",
                            "id": "dev_ApiScheduleDriveRole",
                            "max_session_duration": "3600",
                            "name": "dev_ApiScheduleDriveRole",
                            "path": "/",
                            "unique_id": "AROAIFDVRKRGQES6EDHOA"
                        },
                        "meta": {},
                        "tainted": false
                    },
                    "deposed": [],
                    "provider": "provider.aws"
                },
                "aws_iam_role_policy_attachment.Attach_Logging_Role": {
                    "type": "aws_iam_role_policy_attachment",
                    "depends_on": [
                        "aws_iam_policy.lambda_logging_policy",
                        "aws_iam_role.role"
                    ],
                    "primary": {
                        "id": "dev_ApiScheduleDriveRole-20180924153216864500000013",
                        "attributes": {
                            "id": "dev_ApiScheduleDriveRole-20180924153216864500000013",
                            "policy_arn": "arn:aws:iam::722431446741:policy/logging_policy_for_dev_ApiScheduleDriveRole",
                            "role": "dev_ApiScheduleDriveRole"
                        },
                        "meta": {},
                        "tainted": false
                    },
                    "deposed": [],
                    "provider": "provider.aws"
                },
                "aws_iam_role_policy_attachment.Attach_VPC_Policy": {
                    "type": "aws_iam_role_policy_attachment",
                    "depends_on": [
                        "aws_iam_role.role"
                    ],
                    "primary": {
                        "id": "dev_ApiScheduleDriveRole-20180924153209680600000002",
                        "attributes": {
                            "id": "dev_ApiScheduleDriveRole-20180924153209680600000002",
                            "policy_arn": "arn:aws:iam::aws:policy/service-role/AWSLambdaVPCAccessExecutionRole",
                            "role": "dev_ApiScheduleDriveRole"
                        },
                        "meta": {},
                        "tainted": false
                    },
                    "deposed": [],
                    "provider": "provider.aws"
                },
                "data.aws_iam_policy_document.lambda_policy": {
                    "type": "aws_iam_policy_document",
                    "depends_on": [],
                    "primary": {
                        "id": "3127519745",
                        "attributes": {
                            "id": "3127519745",
                            "json": "{\n  \"Version\": \"2012-10-17\",\n  \"Statement\": [\n    {\n      \"Sid\": \"\",\n      \"Effect\": \"Allow\",\n      \"Action\": \"sts:AssumeRole\",\n      \"Principal\": {\n        \"Service\": [\n          \"lambda.amazonaws.com\",\n          \"apigateway.amazonaws.com\"\n        ]\n      }\n    }\n  ]\n}",
                            "statement.#": "1",
                            "statement.0.actions.#": "1",
                            "statement.0.actions.2528466339": "sts:AssumeRole",
                            "statement.0.condition.#": "0",
                            "statement.0.effect": "Allow",
                            "statement.0.not_actions.#": "0",
                            "statement.0.not_principals.#": "0",
                            "statement.0.not_resources.#": "0",
                            "statement.0.principals.#": "1",
                            "statement.0.principals.1632598396.identifiers.#": "2",
                            "statement.0.principals.1632598396.identifiers.1175233861": "apigateway.amazonaws.com",
                            "statement.0.principals.1632598396.identifiers.2638019528": "lambda.amazonaws.com",
                            "statement.0.principals.1632598396.type": "Service",
                            "statement.0.resources.#": "0",
                            "statement.0.sid": ""
                        },
                        "meta": {},
                        "tainted": false
                    },
                    "deposed": [],
                    "provider": "provider.aws"
                },
                "data.aws_iam_policy_document.logging_policy_statement": {
                    "type": "aws_iam_policy_document",
                    "depends_on": [],
                    "primary": {
                        "id": "4063422367",
                        "attributes": {
                            "id": "4063422367",
                            "json": "{\n  \"Version\": \"2012-10-17\",\n  \"Statement\": [\n    {\n      \"Sid\": \"\",\n      \"Effect\": \"Allow\",\n      \"Action\": [\n        \"logs:PutLogEvents\",\n        \"logs:CreateLogStream\",\n        \"logs:CreateLogGroup\"\n      ],\n      \"Resource\": \"arn:aws:logs:*:*:*\"\n    }\n  ]\n}",
                            "statement.#": "1",
                            "statement.0.actions.#": "3",
                            "statement.0.actions.2809485102": "logs:CreateLogGroup",
                            "statement.0.actions.3285979848": "logs:CreateLogStream",
                            "statement.0.actions.39743051": "logs:PutLogEvents",
                            "statement.0.condition.#": "0",
                            "statement.0.effect": "Allow",
                            "statement.0.not_actions.#": "0",
                            "statement.0.not_principals.#": "0",
                            "statement.0.not_resources.#": "0",
                            "statement.0.principals.#": "0",
                            "statement.0.resources.#": "1",
                            "statement.0.resources.162423377": "arn:aws:logs:*:*:*",
                            "statement.0.sid": ""
                        },
                        "meta": {},
                        "tainted": false
                    },
                    "deposed": [],
                    "provider": "provider.aws"
                }
            },
            "depends_on": []
        },
        {
            "path": [
                "root",
                "ApiTestingAuthFunction"
            ],
            "outputs": {
                "arn": {
                    "sensitive": false,
                    "type": "string",
                    "value": "arn:aws:lambda:us-west-2:722431446741:function:dev_ApiTestingAuth"
                },
                "invoke_arn": {
                    "sensitive": false,
                    "type": "string",
                    "value": "arn:aws:apigateway:us-west-2:lambda:path/2015-03-31/functions/arn:aws:lambda:us-west-2:722431446741:function:dev_ApiTestingAuth/invocations"
                }
            },
            "resources": {
                "aws_cloudwatch_log_group.function": {
                    "type": "aws_cloudwatch_log_group",
                    "depends_on": [],
                    "primary": {
                        "id": "/aws/lambda/dev_ApiTestingAuth",
                        "attributes": {
                            "arn": "arn:aws:logs:us-west-2:722431446741:log-group:/aws/lambda/dev_ApiTestingAuth:*",
                            "id": "/aws/lambda/dev_ApiTestingAuth",
                            "kms_key_id": "",
                            "name": "/aws/lambda/dev_ApiTestingAuth",
                            "retention_in_days": "3",
                            "tags.%": "0"
                        },
                        "meta": {},
                        "tainted": false
                    },
                    "deposed": [],
                    "provider": "provider.aws"
                },
                "aws_lambda_function.function": {
                    "type": "aws_lambda_function",
                    "depends_on": [],
                    "primary": {
                        "id": "dev_ApiTestingAuth",
                        "attributes": {
                            "arn": "arn:aws:lambda:us-west-2:722431446741:function:dev_ApiTestingAuth",
                            "dead_letter_config.#": "0",
                            "description": "Api to test auth stuff",
                            "environment.#": "1",
                            "environment.0.variables.%": "3",
                            "environment.0.variables.host": "smartexperience.cynqqjdixddg.us-west-2.rds.amazonaws.com",
                            "environment.0.variables.password": "pekd84ldam3kd01",
                            "environment.0.variables.user": "smrt",
                            "function_name": "dev_ApiTestingAuth",
                            "handler": "src/api/TestingAuth.handler",
                            "id": "dev_ApiTestingAuth",
                            "invoke_arn": "arn:aws:apigateway:us-west-2:lambda:path/2015-03-31/functions/arn:aws:lambda:us-west-2:722431446741:function:dev_ApiTestingAuth/invocations",
                            "kms_key_arn": "",
                            "last_modified": "2018-09-25T00:45:59.465+0000",
                            "memory_size": "128",
                            "publish": "false",
                            "qualified_arn": "arn:aws:lambda:us-west-2:722431446741:function:dev_ApiTestingAuth:$LATEST",
                            "reserved_concurrent_executions": "0",
                            "role": "arn:aws:iam::722431446741:role/dev_ApiTestingAuthRole",
                            "runtime": "nodejs8.10",
                            "s3_bucket": "dev-smart-experience-artifact-repo",
                            "s3_key": "lambdas.zip",
                            "source_code_hash": "u0pyYue82yQO98XKsMwr5XU8Fjpm+bVN2a/nHpV1akI=",
                            "source_code_size": "3259917",
                            "tags.%": "0",
                            "timeout": "10",
                            "tracing_config.#": "1",
                            "tracing_config.0.mode": "PassThrough",
                            "version": "$LATEST",
                            "vpc_config.#": "1",
                            "vpc_config.0.security_group_ids.#": "1",
                            "vpc_config.0.security_group_ids.1883674524": "sg-0771bd1f7389bc87e",
                            "vpc_config.0.subnet_ids.#": "2",
                            "vpc_config.0.subnet_ids.2232752913": "subnet-097f5187a61c57b65",
                            "vpc_config.0.subnet_ids.2986459562": "subnet-051a0994aa493db79",
                            "vpc_config.0.vpc_id": "vpc-06d7dc7f"
                        },
                        "meta": {},
                        "tainted": false
                    },
                    "deposed": [],
                    "provider": "provider.aws"
                }
            },
            "depends_on": []
        },
        {
            "path": [
                "root",
                "ApiTestingAuthRole"
            ],
            "outputs": {
                "arn": {
                    "sensitive": false,
                    "type": "string",
                    "value": "arn:aws:iam::722431446741:role/dev_ApiTestingAuthRole"
                },
                "name": {
                    "sensitive": false,
                    "type": "string",
                    "value": "dev_ApiTestingAuthRole"
                }
            },
            "resources": {
                "aws_iam_policy.lambda_logging_policy": {
                    "type": "aws_iam_policy",
                    "depends_on": [
                        "data.aws_iam_policy_document.logging_policy_statement"
                    ],
                    "primary": {
                        "id": "arn:aws:iam::722431446741:policy/logging_policy_for_dev_ApiTestingAuthRole",
                        "attributes": {
                            "arn": "arn:aws:iam::722431446741:policy/logging_policy_for_dev_ApiTestingAuthRole",
                            "description": "Allows AWS Lambda to create and write logs",
                            "id": "arn:aws:iam::722431446741:policy/logging_policy_for_dev_ApiTestingAuthRole",
                            "name": "logging_policy_for_dev_ApiTestingAuthRole",
                            "path": "/",
                            "policy": "{\n  \"Version\": \"2012-10-17\",\n  \"Statement\": [\n    {\n      \"Sid\": \"\",\n      \"Effect\": \"Allow\",\n      \"Action\": [\n        \"logs:PutLogEvents\",\n        \"logs:CreateLogStream\",\n        \"logs:CreateLogGroup\"\n      ],\n      \"Resource\": \"arn:aws:logs:*:*:*\"\n    }\n  ]\n}"
                        },
                        "meta": {},
                        "tainted": false
                    },
                    "deposed": [],
                    "provider": "provider.aws"
                },
                "aws_iam_role.role": {
                    "type": "aws_iam_role",
                    "depends_on": [
                        "data.aws_iam_policy_document.lambda_policy"
                    ],
                    "primary": {
                        "id": "dev_ApiTestingAuthRole",
                        "attributes": {
                            "arn": "arn:aws:iam::722431446741:role/dev_ApiTestingAuthRole",
                            "assume_role_policy": "{\"Version\":\"2012-10-17\",\"Statement\":[{\"Sid\":\"\",\"Effect\":\"Allow\",\"Principal\":{\"Service\":[\"apigateway.amazonaws.com\",\"lambda.amazonaws.com\"]},\"Action\":\"sts:AssumeRole\"}]}",
                            "create_date": "2018-09-24T15:31:58Z",
                            "description": "",
                            "force_detach_policies": "false",
                            "id": "dev_ApiTestingAuthRole",
                            "max_session_duration": "3600",
                            "name": "dev_ApiTestingAuthRole",
                            "path": "/",
                            "unique_id": "AROAJRUYVLBNPTXOKR3IY"
                        },
                        "meta": {},
                        "tainted": false
                    },
                    "deposed": [],
                    "provider": "provider.aws"
                },
                "aws_iam_role_policy_attachment.Attach_Logging_Role": {
                    "type": "aws_iam_role_policy_attachment",
                    "depends_on": [
                        "aws_iam_policy.lambda_logging_policy",
                        "aws_iam_role.role"
                    ],
                    "primary": {
                        "id": "dev_ApiTestingAuthRole-20180924153214996100000006",
                        "attributes": {
                            "id": "dev_ApiTestingAuthRole-20180924153214996100000006",
                            "policy_arn": "arn:aws:iam::722431446741:policy/logging_policy_for_dev_ApiTestingAuthRole",
                            "role": "dev_ApiTestingAuthRole"
                        },
                        "meta": {},
                        "tainted": false
                    },
                    "deposed": [],
                    "provider": "provider.aws"
                },
                "aws_iam_role_policy_attachment.Attach_VPC_Policy": {
                    "type": "aws_iam_role_policy_attachment",
                    "depends_on": [
                        "aws_iam_role.role"
                    ],
                    "primary": {
                        "id": "dev_ApiTestingAuthRole-20180924153214991400000004",
                        "attributes": {
                            "id": "dev_ApiTestingAuthRole-20180924153214991400000004",
                            "policy_arn": "arn:aws:iam::aws:policy/service-role/AWSLambdaVPCAccessExecutionRole",
                            "role": "dev_ApiTestingAuthRole"
                        },
                        "meta": {},
                        "tainted": false
                    },
                    "deposed": [],
                    "provider": "provider.aws"
                },
                "data.aws_iam_policy_document.lambda_policy": {
                    "type": "aws_iam_policy_document",
                    "depends_on": [],
                    "primary": {
                        "id": "3127519745",
                        "attributes": {
                            "id": "3127519745",
                            "json": "{\n  \"Version\": \"2012-10-17\",\n  \"Statement\": [\n    {\n      \"Sid\": \"\",\n      \"Effect\": \"Allow\",\n      \"Action\": \"sts:AssumeRole\",\n      \"Principal\": {\n        \"Service\": [\n          \"lambda.amazonaws.com\",\n          \"apigateway.amazonaws.com\"\n        ]\n      }\n    }\n  ]\n}",
                            "statement.#": "1",
                            "statement.0.actions.#": "1",
                            "statement.0.actions.2528466339": "sts:AssumeRole",
                            "statement.0.condition.#": "0",
                            "statement.0.effect": "Allow",
                            "statement.0.not_actions.#": "0",
                            "statement.0.not_principals.#": "0",
                            "statement.0.not_resources.#": "0",
                            "statement.0.principals.#": "1",
                            "statement.0.principals.1632598396.identifiers.#": "2",
                            "statement.0.principals.1632598396.identifiers.1175233861": "apigateway.amazonaws.com",
                            "statement.0.principals.1632598396.identifiers.2638019528": "lambda.amazonaws.com",
                            "statement.0.principals.1632598396.type": "Service",
                            "statement.0.resources.#": "0",
                            "statement.0.sid": ""
                        },
                        "meta": {},
                        "tainted": false
                    },
                    "deposed": [],
                    "provider": "provider.aws"
                },
                "data.aws_iam_policy_document.logging_policy_statement": {
                    "type": "aws_iam_policy_document",
                    "depends_on": [],
                    "primary": {
                        "id": "4063422367",
                        "attributes": {
                            "id": "4063422367",
                            "json": "{\n  \"Version\": \"2012-10-17\",\n  \"Statement\": [\n    {\n      \"Sid\": \"\",\n      \"Effect\": \"Allow\",\n      \"Action\": [\n        \"logs:PutLogEvents\",\n        \"logs:CreateLogStream\",\n        \"logs:CreateLogGroup\"\n      ],\n      \"Resource\": \"arn:aws:logs:*:*:*\"\n    }\n  ]\n}",
                            "statement.#": "1",
                            "statement.0.actions.#": "3",
                            "statement.0.actions.2809485102": "logs:CreateLogGroup",
                            "statement.0.actions.3285979848": "logs:CreateLogStream",
                            "statement.0.actions.39743051": "logs:PutLogEvents",
                            "statement.0.condition.#": "0",
                            "statement.0.effect": "Allow",
                            "statement.0.not_actions.#": "0",
                            "statement.0.not_principals.#": "0",
                            "statement.0.not_resources.#": "0",
                            "statement.0.principals.#": "0",
                            "statement.0.resources.#": "1",
                            "statement.0.resources.162423377": "arn:aws:logs:*:*:*",
                            "statement.0.sid": ""
                        },
                        "meta": {},
                        "tainted": false
                    },
                    "deposed": [],
                    "provider": "provider.aws"
                }
            },
            "depends_on": []
        },
        {
            "path": [
                "root",
                "JobArchiveCarScheduleFunction"
            ],
            "outputs": {
                "arn": {
                    "sensitive": false,
                    "type": "string",
                    "value": "arn:aws:lambda:us-west-2:722431446741:function:dev_JobArchiveCarSchedule"
                },
                "invoke_arn": {
                    "sensitive": false,
                    "type": "string",
                    "value": "arn:aws:apigateway:us-west-2:lambda:path/2015-03-31/functions/arn:aws:lambda:us-west-2:722431446741:function:dev_JobArchiveCarSchedule/invocations"
                }
            },
            "resources": {
                "aws_cloudwatch_log_group.function": {
                    "type": "aws_cloudwatch_log_group",
                    "depends_on": [],
                    "primary": {
                        "id": "/aws/lambda/dev_JobArchiveCarSchedule",
                        "attributes": {
                            "arn": "arn:aws:logs:us-west-2:722431446741:log-group:/aws/lambda/dev_JobArchiveCarSchedule:*",
                            "id": "/aws/lambda/dev_JobArchiveCarSchedule",
                            "kms_key_id": "",
                            "name": "/aws/lambda/dev_JobArchiveCarSchedule",
                            "retention_in_days": "3",
                            "tags.%": "0"
                        },
                        "meta": {},
                        "tainted": false
                    },
                    "deposed": [],
                    "provider": "provider.aws"
                },
                "aws_lambda_function.function": {
                    "type": "aws_lambda_function",
                    "depends_on": [],
                    "primary": {
                        "id": "dev_JobArchiveCarSchedule",
                        "attributes": {
                            "arn": "arn:aws:lambda:us-west-2:722431446741:function:dev_JobArchiveCarSchedule",
                            "dead_letter_config.#": "0",
                            "description": "Runs nightly to archive Car Schedules in the past",
                            "environment.#": "1",
                            "environment.0.variables.%": "3",
                            "environment.0.variables.host": "smartexperience.cynqqjdixddg.us-west-2.rds.amazonaws.com",
                            "environment.0.variables.password": "pekd84ldam3kd01",
                            "environment.0.variables.user": "smrt",
                            "function_name": "dev_JobArchiveCarSchedule",
                            "handler": "src/JobArchiveCarSchedule.handler",
                            "id": "dev_JobArchiveCarSchedule",
                            "invoke_arn": "arn:aws:apigateway:us-west-2:lambda:path/2015-03-31/functions/arn:aws:lambda:us-west-2:722431446741:function:dev_JobArchiveCarSchedule/invocations",
                            "kms_key_arn": "",
                            "last_modified": "2018-10-22T14:36:59.304+0000",
                            "memory_size": "128",
                            "publish": "false",
                            "qualified_arn": "arn:aws:lambda:us-west-2:722431446741:function:dev_JobArchiveCarSchedule:$LATEST",
                            "reserved_concurrent_executions": "0",
                            "role": "arn:aws:iam::722431446741:role/dev_JobArchiveCarScheduleRole",
                            "runtime": "nodejs8.10",
                            "s3_bucket": "dev-smart-experience-artifact-repo",
                            "s3_key": "lambdas.zip",
                            "source_code_hash": "uBMfhm3o7Yj28ZdrXwLXrd+xYTQj39hhAOROaxwD4Z4=",
                            "source_code_size": "3288722",
                            "tags.%": "0",
                            "timeout": "300",
                            "tracing_config.#": "1",
                            "tracing_config.0.mode": "PassThrough",
                            "version": "$LATEST",
                            "vpc_config.#": "1",
                            "vpc_config.0.security_group_ids.#": "1",
                            "vpc_config.0.security_group_ids.1883674524": "sg-0771bd1f7389bc87e",
                            "vpc_config.0.subnet_ids.#": "2",
                            "vpc_config.0.subnet_ids.2232752913": "subnet-097f5187a61c57b65",
                            "vpc_config.0.subnet_ids.2986459562": "subnet-051a0994aa493db79",
                            "vpc_config.0.vpc_id": "vpc-06d7dc7f"
                        },
                        "meta": {},
                        "tainted": false
                    },
                    "deposed": [],
                    "provider": "provider.aws"
                }
            },
            "depends_on": []
        },
        {
            "path": [
                "root",
                "JobArchiveCarScheduleRole"
            ],
            "outputs": {
                "arn": {
                    "sensitive": false,
                    "type": "string",
                    "value": "arn:aws:iam::722431446741:role/dev_JobArchiveCarScheduleRole"
                },
                "name": {
                    "sensitive": false,
                    "type": "string",
                    "value": "dev_JobArchiveCarScheduleRole"
                }
            },
            "resources": {
                "aws_iam_policy.lambda_logging_policy": {
                    "type": "aws_iam_policy",
                    "depends_on": [
                        "data.aws_iam_policy_document.logging_policy_statement"
                    ],
                    "primary": {
                        "id": "arn:aws:iam::722431446741:policy/logging_policy_for_dev_JobArchiveCarScheduleRole",
                        "attributes": {
                            "arn": "arn:aws:iam::722431446741:policy/logging_policy_for_dev_JobArchiveCarScheduleRole",
                            "description": "Allows AWS Lambda to create and write logs",
                            "id": "arn:aws:iam::722431446741:policy/logging_policy_for_dev_JobArchiveCarScheduleRole",
                            "name": "logging_policy_for_dev_JobArchiveCarScheduleRole",
                            "path": "/",
                            "policy": "{\n  \"Version\": \"2012-10-17\",\n  \"Statement\": [\n    {\n      \"Sid\": \"\",\n      \"Effect\": \"Allow\",\n      \"Action\": [\n        \"logs:PutLogEvents\",\n        \"logs:CreateLogStream\",\n        \"logs:CreateLogGroup\"\n      ],\n      \"Resource\": \"arn:aws:logs:*:*:*\"\n    }\n  ]\n}"
                        },
                        "meta": {},
                        "tainted": false
                    },
                    "deposed": [],
                    "provider": "provider.aws"
                },
                "aws_iam_role.role": {
                    "type": "aws_iam_role",
                    "depends_on": [
                        "data.aws_iam_policy_document.lambda_policy"
                    ],
                    "primary": {
                        "id": "dev_JobArchiveCarScheduleRole",
                        "attributes": {
                            "arn": "arn:aws:iam::722431446741:role/dev_JobArchiveCarScheduleRole",
                            "assume_role_policy": "{\"Version\":\"2012-10-17\",\"Statement\":[{\"Sid\":\"\",\"Effect\":\"Allow\",\"Principal\":{\"Service\":[\"apigateway.amazonaws.com\",\"lambda.amazonaws.com\"]},\"Action\":\"sts:AssumeRole\"}]}",
                            "create_date": "2018-09-24T15:32:03Z",
                            "description": "",
                            "force_detach_policies": "false",
                            "id": "dev_JobArchiveCarScheduleRole",
                            "max_session_duration": "3600",
                            "name": "dev_JobArchiveCarScheduleRole",
                            "path": "/",
                            "unique_id": "AROAINEV47MDI5AGWD7UU"
                        },
                        "meta": {},
                        "tainted": false
                    },
                    "deposed": [],
                    "provider": "provider.aws"
                },
                "aws_iam_role_policy_attachment.Attach_Logging_Role": {
                    "type": "aws_iam_role_policy_attachment",
                    "depends_on": [
                        "aws_iam_policy.lambda_logging_policy",
                        "aws_iam_role.role"
                    ],
                    "primary": {
                        "id": "dev_JobArchiveCarScheduleRole-2018092415321618080000000f",
                        "attributes": {
                            "id": "dev_JobArchiveCarScheduleRole-2018092415321618080000000f",
                            "policy_arn": "arn:aws:iam::722431446741:policy/logging_policy_for_dev_JobArchiveCarScheduleRole",
                            "role": "dev_JobArchiveCarScheduleRole"
                        },
                        "meta": {},
                        "tainted": false
                    },
                    "deposed": [],
                    "provider": "provider.aws"
                },
                "aws_iam_role_policy_attachment.Attach_VPC_Policy": {
                    "type": "aws_iam_role_policy_attachment",
                    "depends_on": [
                        "aws_iam_role.role"
                    ],
                    "primary": {
                        "id": "dev_JobArchiveCarScheduleRole-2018092415321581460000000c",
                        "attributes": {
                            "id": "dev_JobArchiveCarScheduleRole-2018092415321581460000000c",
                            "policy_arn": "arn:aws:iam::aws:policy/service-role/AWSLambdaVPCAccessExecutionRole",
                            "role": "dev_JobArchiveCarScheduleRole"
                        },
                        "meta": {},
                        "tainted": false
                    },
                    "deposed": [],
                    "provider": "provider.aws"
                },
                "data.aws_iam_policy_document.lambda_policy": {
                    "type": "aws_iam_policy_document",
                    "depends_on": [],
                    "primary": {
                        "id": "3127519745",
                        "attributes": {
                            "id": "3127519745",
                            "json": "{\n  \"Version\": \"2012-10-17\",\n  \"Statement\": [\n    {\n      \"Sid\": \"\",\n      \"Effect\": \"Allow\",\n      \"Action\": \"sts:AssumeRole\",\n      \"Principal\": {\n        \"Service\": [\n          \"lambda.amazonaws.com\",\n          \"apigateway.amazonaws.com\"\n        ]\n      }\n    }\n  ]\n}",
                            "statement.#": "1",
                            "statement.0.actions.#": "1",
                            "statement.0.actions.2528466339": "sts:AssumeRole",
                            "statement.0.condition.#": "0",
                            "statement.0.effect": "Allow",
                            "statement.0.not_actions.#": "0",
                            "statement.0.not_principals.#": "0",
                            "statement.0.not_resources.#": "0",
                            "statement.0.principals.#": "1",
                            "statement.0.principals.1632598396.identifiers.#": "2",
                            "statement.0.principals.1632598396.identifiers.1175233861": "apigateway.amazonaws.com",
                            "statement.0.principals.1632598396.identifiers.2638019528": "lambda.amazonaws.com",
                            "statement.0.principals.1632598396.type": "Service",
                            "statement.0.resources.#": "0",
                            "statement.0.sid": ""
                        },
                        "meta": {},
                        "tainted": false
                    },
                    "deposed": [],
                    "provider": "provider.aws"
                },
                "data.aws_iam_policy_document.logging_policy_statement": {
                    "type": "aws_iam_policy_document",
                    "depends_on": [],
                    "primary": {
                        "id": "4063422367",
                        "attributes": {
                            "id": "4063422367",
                            "json": "{\n  \"Version\": \"2012-10-17\",\n  \"Statement\": [\n    {\n      \"Sid\": \"\",\n      \"Effect\": \"Allow\",\n      \"Action\": [\n        \"logs:PutLogEvents\",\n        \"logs:CreateLogStream\",\n        \"logs:CreateLogGroup\"\n      ],\n      \"Resource\": \"arn:aws:logs:*:*:*\"\n    }\n  ]\n}",
                            "statement.#": "1",
                            "statement.0.actions.#": "3",
                            "statement.0.actions.2809485102": "logs:CreateLogGroup",
                            "statement.0.actions.3285979848": "logs:CreateLogStream",
                            "statement.0.actions.39743051": "logs:PutLogEvents",
                            "statement.0.condition.#": "0",
                            "statement.0.effect": "Allow",
                            "statement.0.not_actions.#": "0",
                            "statement.0.not_principals.#": "0",
                            "statement.0.not_resources.#": "0",
                            "statement.0.principals.#": "0",
                            "statement.0.resources.#": "1",
                            "statement.0.resources.162423377": "arn:aws:logs:*:*:*",
                            "statement.0.sid": ""
                        },
                        "meta": {},
                        "tainted": false
                    },
                    "deposed": [],
                    "provider": "provider.aws"
                }
            },
            "depends_on": []
        },
        {
            "path": [
                "root",
                "JobArchiveCarScheduleTimer"
            ],
            "outputs": {},
            "resources": {
                "aws_cloudwatch_event_rule.event_rule": {
                    "type": "aws_cloudwatch_event_rule",
                    "depends_on": [
                        "aws_iam_role.Cloudwatch_Event_Invoke_Lambda_Role"
                    ],
                    "primary": {
                        "id": "dev_JobArchiveCarScheduleSchedule_CWEventRule",
                        "attributes": {
                            "arn": "arn:aws:events:us-west-2:722431446741:rule/dev_JobArchiveCarScheduleSchedule_CWEventRule",
                            "description": "Runs everyday at 0115 UTC",
                            "id": "dev_JobArchiveCarScheduleSchedule_CWEventRule",
                            "is_enabled": "true",
                            "name": "dev_JobArchiveCarScheduleSchedule_CWEventRule",
                            "role_arn": "arn:aws:iam::722431446741:role/dev_JobArchiveCarScheduleSchedule_InvokeLambdaRole",
                            "schedule_expression": "cron(15 1 * * ? *)"
                        },
                        "meta": {},
                        "tainted": false
                    },
                    "deposed": [],
                    "provider": "provider.aws"
                },
                "aws_cloudwatch_event_target.stepitup-initialize-connection-target": {
                    "type": "aws_cloudwatch_event_target",
                    "depends_on": [
                        "aws_cloudwatch_event_rule.event_rule"
                    ],
                    "primary": {
                        "id": "dev_JobArchiveCarScheduleSchedule_CWEventRule-terraform-20180925004557424100000001",
                        "attributes": {
                            "arn": "arn:aws:lambda:us-west-2:722431446741:function:dev_JobArchiveCarSchedule",
                            "id": "dev_JobArchiveCarScheduleSchedule_CWEventRule-terraform-20180925004557424100000001",
                            "input": "",
                            "input_path": "",
                            "role_arn": "",
                            "rule": "dev_JobArchiveCarScheduleSchedule_CWEventRule",
                            "target_id": "terraform-20180925004557424100000001"
                        },
                        "meta": {},
                        "tainted": false
                    },
                    "deposed": [],
                    "provider": "provider.aws"
                },
                "aws_iam_role.Cloudwatch_Event_Invoke_Lambda_Role": {
                    "type": "aws_iam_role",
                    "depends_on": [
                        "data.aws_iam_policy_document.cloudwatch_events_assume_role"
                    ],
                    "primary": {
                        "id": "dev_JobArchiveCarScheduleSchedule_InvokeLambdaRole",
                        "attributes": {
                            "arn": "arn:aws:iam::722431446741:role/dev_JobArchiveCarScheduleSchedule_InvokeLambdaRole",
                            "assume_role_policy": "{\"Version\":\"2012-10-17\",\"Statement\":[{\"Sid\":\"\",\"Effect\":\"Allow\",\"Principal\":{\"Service\":\"events.amazonaws.com\"},\"Action\":\"sts:AssumeRole\"}]}",
                            "create_date": "2018-09-24T15:32:09Z",
                            "description": "",
                            "force_detach_policies": "false",
                            "id": "dev_JobArchiveCarScheduleSchedule_InvokeLambdaRole",
                            "max_session_duration": "3600",
                            "name": "dev_JobArchiveCarScheduleSchedule_InvokeLambdaRole",
                            "path": "/",
                            "unique_id": "AROAJZOTSJIKXBG36FJU2"
                        },
                        "meta": {},
                        "tainted": false
                    },
                    "deposed": [],
                    "provider": "provider.aws"
                },
                "aws_lambda_permission.cloudwatch_schedule_invoke_stepitup_initialize": {
                    "type": "aws_lambda_permission",
                    "depends_on": [],
                    "primary": {
                        "id": "cloudwatch_schedule_invoke_dev_JobArchiveCarScheduleSchedule",
                        "attributes": {
                            "action": "lambda:InvokeFunction",
                            "function_name": "arn:aws:lambda:us-west-2:722431446741:function:dev_JobArchiveCarSchedule",
                            "id": "cloudwatch_schedule_invoke_dev_JobArchiveCarScheduleSchedule",
                            "principal": "events.amazonaws.com",
                            "qualifier": "",
                            "statement_id": "cloudwatch_schedule_invoke_dev_JobArchiveCarScheduleSchedule"
                        },
                        "meta": {},
                        "tainted": false
                    },
                    "deposed": [],
                    "provider": "provider.aws"
                },
                "data.aws_iam_policy_document.cloudwatch_events_assume_role": {
                    "type": "aws_iam_policy_document",
                    "depends_on": [],
                    "primary": {
                        "id": "2423734833",
                        "attributes": {
                            "id": "2423734833",
                            "json": "{\n  \"Version\": \"2012-10-17\",\n  \"Statement\": [\n    {\n      \"Sid\": \"\",\n      \"Effect\": \"Allow\",\n      \"Action\": \"sts:AssumeRole\",\n      \"Principal\": {\n        \"Service\": \"events.amazonaws.com\"\n      }\n    }\n  ]\n}",
                            "statement.#": "1",
                            "statement.0.actions.#": "1",
                            "statement.0.actions.2528466339": "sts:AssumeRole",
                            "statement.0.condition.#": "0",
                            "statement.0.effect": "Allow",
                            "statement.0.not_actions.#": "0",
                            "statement.0.not_principals.#": "0",
                            "statement.0.not_resources.#": "0",
                            "statement.0.principals.#": "1",
                            "statement.0.principals.3055794613.identifiers.#": "1",
                            "statement.0.principals.3055794613.identifiers.1159240345": "events.amazonaws.com",
                            "statement.0.principals.3055794613.type": "Service",
                            "statement.0.resources.#": "0",
                            "statement.0.sid": ""
                        },
                        "meta": {},
                        "tainted": false
                    },
                    "deposed": [],
                    "provider": "provider.aws"
                }
            },
            "depends_on": []
        },
        {
            "path": [
                "root",
                "JobMonthlyEmailAnalyticsFunction"
            ],
            "outputs": {
                "arn": {
                    "sensitive": false,
                    "type": "string",
                    "value": "arn:aws:lambda:us-west-2:722431446741:function:dev_JobMonthlyEmailAnalytics"
                },
                "invoke_arn": {
                    "sensitive": false,
                    "type": "string",
                    "value": "arn:aws:apigateway:us-west-2:lambda:path/2015-03-31/functions/arn:aws:lambda:us-west-2:722431446741:function:dev_JobMonthlyEmailAnalytics/invocations"
                }
            },
            "resources": {
                "aws_cloudwatch_log_group.function": {
                    "type": "aws_cloudwatch_log_group",
                    "depends_on": [],
                    "primary": {
                        "id": "/aws/lambda/dev_JobMonthlyEmailAnalytics",
                        "attributes": {
                            "arn": "arn:aws:logs:us-west-2:722431446741:log-group:/aws/lambda/dev_JobMonthlyEmailAnalytics:*",
                            "id": "/aws/lambda/dev_JobMonthlyEmailAnalytics",
                            "kms_key_id": "",
                            "name": "/aws/lambda/dev_JobMonthlyEmailAnalytics",
                            "retention_in_days": "3",
                            "tags.%": "0"
                        },
                        "meta": {},
                        "tainted": false
                    },
                    "deposed": [],
                    "provider": "provider.aws"
                },
                "aws_lambda_function.function": {
                    "type": "aws_lambda_function",
                    "depends_on": [],
                    "primary": {
                        "id": "dev_JobMonthlyEmailAnalytics",
                        "attributes": {
                            "arn": "arn:aws:lambda:us-west-2:722431446741:function:dev_JobMonthlyEmailAnalytics",
                            "dead_letter_config.#": "0",
                            "description": "Runs job to send email based on the user_drive_map table",
                            "environment.#": "1",
                            "environment.0.variables.%": "5",
                            "environment.0.variables.email": "no-reply@drivesmartcbus.com",
                            "environment.0.variables.host": "smartexperience.cynqqjdixddg.us-west-2.rds.amazonaws.com",
                            "environment.0.variables.password": "pekd84ldam3kd01",
                            "environment.0.variables.send_to_email": "none@none.com",
                            "environment.0.variables.user": "smrt",
                            "function_name": "dev_JobMonthlyEmailAnalytics",
                            "handler": "src/JobMonthlyEmailAnalytics.handler",
                            "id": "dev_JobMonthlyEmailAnalytics",
                            "invoke_arn": "arn:aws:apigateway:us-west-2:lambda:path/2015-03-31/functions/arn:aws:lambda:us-west-2:722431446741:function:dev_JobMonthlyEmailAnalytics/invocations",
                            "kms_key_arn": "",
                            "last_modified": "2018-10-22T14:37:03.955+0000",
                            "memory_size": "128",
                            "publish": "false",
                            "qualified_arn": "arn:aws:lambda:us-west-2:722431446741:function:dev_JobMonthlyEmailAnalytics:$LATEST",
                            "reserved_concurrent_executions": "0",
                            "role": "arn:aws:iam::722431446741:role/dev_JobMonthlyEmailAnalyticsRole",
                            "runtime": "nodejs8.10",
                            "s3_bucket": "dev-smart-experience-artifact-repo",
                            "s3_key": "lambdas.zip",
                            "source_code_hash": "uBMfhm3o7Yj28ZdrXwLXrd+xYTQj39hhAOROaxwD4Z4=",
                            "source_code_size": "3288722",
                            "tags.%": "0",
                            "timeout": "300",
                            "tracing_config.#": "1",
                            "tracing_config.0.mode": "PassThrough",
                            "version": "$LATEST",
                            "vpc_config.#": "1",
                            "vpc_config.0.security_group_ids.#": "1",
                            "vpc_config.0.security_group_ids.1883674524": "sg-0771bd1f7389bc87e",
                            "vpc_config.0.subnet_ids.#": "2",
                            "vpc_config.0.subnet_ids.2232752913": "subnet-097f5187a61c57b65",
                            "vpc_config.0.subnet_ids.2986459562": "subnet-051a0994aa493db79",
                            "vpc_config.0.vpc_id": "vpc-06d7dc7f"
                        },
                        "meta": {},
                        "tainted": false
                    },
                    "deposed": [],
                    "provider": "provider.aws"
                }
            },
            "depends_on": []
        },
        {
            "path": [
                "root",
                "JobMonthlyEmailAnalyticsRole"
            ],
            "outputs": {
                "arn": {
                    "sensitive": false,
                    "type": "string",
                    "value": "arn:aws:iam::722431446741:role/dev_JobMonthlyEmailAnalyticsRole"
                },
                "name": {
                    "sensitive": false,
                    "type": "string",
                    "value": "dev_JobMonthlyEmailAnalyticsRole"
                }
            },
            "resources": {
                "aws_iam_policy.lambda_logging_policy": {
                    "type": "aws_iam_policy",
                    "depends_on": [
                        "data.aws_iam_policy_document.logging_policy_statement"
                    ],
                    "primary": {
                        "id": "arn:aws:iam::722431446741:policy/logging_policy_for_dev_JobMonthlyEmailAnalyticsRole",
                        "attributes": {
                            "arn": "arn:aws:iam::722431446741:policy/logging_policy_for_dev_JobMonthlyEmailAnalyticsRole",
                            "description": "Allows AWS Lambda to create and write logs",
                            "id": "arn:aws:iam::722431446741:policy/logging_policy_for_dev_JobMonthlyEmailAnalyticsRole",
                            "name": "logging_policy_for_dev_JobMonthlyEmailAnalyticsRole",
                            "path": "/",
                            "policy": "{\n  \"Version\": \"2012-10-17\",\n  \"Statement\": [\n    {\n      \"Sid\": \"\",\n      \"Effect\": \"Allow\",\n      \"Action\": [\n        \"logs:PutLogEvents\",\n        \"logs:CreateLogStream\",\n        \"logs:CreateLogGroup\"\n      ],\n      \"Resource\": \"arn:aws:logs:*:*:*\"\n    }\n  ]\n}"
                        },
                        "meta": {},
                        "tainted": false
                    },
                    "deposed": [],
                    "provider": "provider.aws"
                },
                "aws_iam_role.role": {
                    "type": "aws_iam_role",
                    "depends_on": [
                        "data.aws_iam_policy_document.lambda_policy"
                    ],
                    "primary": {
                        "id": "dev_JobMonthlyEmailAnalyticsRole",
                        "attributes": {
                            "arn": "arn:aws:iam::722431446741:role/dev_JobMonthlyEmailAnalyticsRole",
                            "assume_role_policy": "{\"Version\":\"2012-10-17\",\"Statement\":[{\"Sid\":\"\",\"Effect\":\"Allow\",\"Principal\":{\"Service\":[\"apigateway.amazonaws.com\",\"lambda.amazonaws.com\"]},\"Action\":\"sts:AssumeRole\"}]}",
                            "create_date": "2018-09-24T15:31:59Z",
                            "description": "",
                            "force_detach_policies": "false",
                            "id": "dev_JobMonthlyEmailAnalyticsRole",
                            "max_session_duration": "3600",
                            "name": "dev_JobMonthlyEmailAnalyticsRole",
                            "path": "/",
                            "unique_id": "AROAIYPDQRCGUM4LAFANU"
                        },
                        "meta": {},
                        "tainted": false
                    },
                    "deposed": [],
                    "provider": "provider.aws"
                },
                "aws_iam_role_policy_attachment.Attach_Logging_Role": {
                    "type": "aws_iam_role_policy_attachment",
                    "depends_on": [
                        "aws_iam_policy.lambda_logging_policy",
                        "aws_iam_role.role"
                    ],
                    "primary": {
                        "id": "dev_JobMonthlyEmailAnalyticsRole-20180924153215257700000009",
                        "attributes": {
                            "id": "dev_JobMonthlyEmailAnalyticsRole-20180924153215257700000009",
                            "policy_arn": "arn:aws:iam::722431446741:policy/logging_policy_for_dev_JobMonthlyEmailAnalyticsRole",
                            "role": "dev_JobMonthlyEmailAnalyticsRole"
                        },
                        "meta": {},
                        "tainted": false
                    },
                    "deposed": [],
                    "provider": "provider.aws"
                },
                "aws_iam_role_policy_attachment.Attach_VPC_Policy": {
                    "type": "aws_iam_role_policy_attachment",
                    "depends_on": [
                        "aws_iam_role.role"
                    ],
                    "primary": {
                        "id": "dev_JobMonthlyEmailAnalyticsRole-20180924153215257600000008",
                        "attributes": {
                            "id": "dev_JobMonthlyEmailAnalyticsRole-20180924153215257600000008",
                            "policy_arn": "arn:aws:iam::aws:policy/service-role/AWSLambdaVPCAccessExecutionRole",
                            "role": "dev_JobMonthlyEmailAnalyticsRole"
                        },
                        "meta": {},
                        "tainted": false
                    },
                    "deposed": [],
                    "provider": "provider.aws"
                },
                "data.aws_iam_policy_document.lambda_policy": {
                    "type": "aws_iam_policy_document",
                    "depends_on": [],
                    "primary": {
                        "id": "3127519745",
                        "attributes": {
                            "id": "3127519745",
                            "json": "{\n  \"Version\": \"2012-10-17\",\n  \"Statement\": [\n    {\n      \"Sid\": \"\",\n      \"Effect\": \"Allow\",\n      \"Action\": \"sts:AssumeRole\",\n      \"Principal\": {\n        \"Service\": [\n          \"lambda.amazonaws.com\",\n          \"apigateway.amazonaws.com\"\n        ]\n      }\n    }\n  ]\n}",
                            "statement.#": "1",
                            "statement.0.actions.#": "1",
                            "statement.0.actions.2528466339": "sts:AssumeRole",
                            "statement.0.condition.#": "0",
                            "statement.0.effect": "Allow",
                            "statement.0.not_actions.#": "0",
                            "statement.0.not_principals.#": "0",
                            "statement.0.not_resources.#": "0",
                            "statement.0.principals.#": "1",
                            "statement.0.principals.1632598396.identifiers.#": "2",
                            "statement.0.principals.1632598396.identifiers.1175233861": "apigateway.amazonaws.com",
                            "statement.0.principals.1632598396.identifiers.2638019528": "lambda.amazonaws.com",
                            "statement.0.principals.1632598396.type": "Service",
                            "statement.0.resources.#": "0",
                            "statement.0.sid": ""
                        },
                        "meta": {},
                        "tainted": false
                    },
                    "deposed": [],
                    "provider": "provider.aws"
                },
                "data.aws_iam_policy_document.logging_policy_statement": {
                    "type": "aws_iam_policy_document",
                    "depends_on": [],
                    "primary": {
                        "id": "4063422367",
                        "attributes": {
                            "id": "4063422367",
                            "json": "{\n  \"Version\": \"2012-10-17\",\n  \"Statement\": [\n    {\n      \"Sid\": \"\",\n      \"Effect\": \"Allow\",\n      \"Action\": [\n        \"logs:PutLogEvents\",\n        \"logs:CreateLogStream\",\n        \"logs:CreateLogGroup\"\n      ],\n      \"Resource\": \"arn:aws:logs:*:*:*\"\n    }\n  ]\n}",
                            "statement.#": "1",
                            "statement.0.actions.#": "3",
                            "statement.0.actions.2809485102": "logs:CreateLogGroup",
                            "statement.0.actions.3285979848": "logs:CreateLogStream",
                            "statement.0.actions.39743051": "logs:PutLogEvents",
                            "statement.0.condition.#": "0",
                            "statement.0.effect": "Allow",
                            "statement.0.not_actions.#": "0",
                            "statement.0.not_principals.#": "0",
                            "statement.0.not_resources.#": "0",
                            "statement.0.principals.#": "0",
                            "statement.0.resources.#": "1",
                            "statement.0.resources.162423377": "arn:aws:logs:*:*:*",
                            "statement.0.sid": ""
                        },
                        "meta": {},
                        "tainted": false
                    },
                    "deposed": [],
                    "provider": "provider.aws"
                }
            },
            "depends_on": []
        },
        {
            "path": [
                "root",
                "JobMonthlyEmailAnalyticsTimer"
            ],
            "outputs": {},
            "resources": {
                "aws_cloudwatch_event_rule.event_rule": {
                    "type": "aws_cloudwatch_event_rule",
                    "depends_on": [
                        "aws_iam_role.Cloudwatch_Event_Invoke_Lambda_Role"
                    ],
                    "primary": {
                        "id": "dev_JobMonthlyEmailAnalyticsSchedule_CWEventRule",
                        "attributes": {
                            "arn": "arn:aws:events:us-west-2:722431446741:rule/dev_JobMonthlyEmailAnalyticsSchedule_CWEventRule",
                            "description": "Runs 1st of the month at 700 UTC",
                            "id": "dev_JobMonthlyEmailAnalyticsSchedule_CWEventRule",
                            "is_enabled": "true",
                            "name": "dev_JobMonthlyEmailAnalyticsSchedule_CWEventRule",
                            "role_arn": "arn:aws:iam::722431446741:role/dev_JobMonthlyEmailAnalyticsSchedule_InvokeLambdaRole",
                            "schedule_expression": "cron(0 7 1 * ? *)"
                        },
                        "meta": {},
                        "tainted": false
                    },
                    "deposed": [],
                    "provider": "provider.aws"
                },
                "aws_cloudwatch_event_target.stepitup-initialize-connection-target": {
                    "type": "aws_cloudwatch_event_target",
                    "depends_on": [
                        "aws_cloudwatch_event_rule.event_rule"
                    ],
                    "primary": {
                        "id": "dev_JobMonthlyEmailAnalyticsSchedule_CWEventRule-terraform-20180925004557849700000002",
                        "attributes": {
                            "arn": "arn:aws:lambda:us-west-2:722431446741:function:dev_JobMonthlyEmailAnalytics",
                            "id": "dev_JobMonthlyEmailAnalyticsSchedule_CWEventRule-terraform-20180925004557849700000002",
                            "input": "",
                            "input_path": "",
                            "role_arn": "",
                            "rule": "dev_JobMonthlyEmailAnalyticsSchedule_CWEventRule",
                            "target_id": "terraform-20180925004557849700000002"
                        },
                        "meta": {},
                        "tainted": false
                    },
                    "deposed": [],
                    "provider": "provider.aws"
                },
                "aws_iam_role.Cloudwatch_Event_Invoke_Lambda_Role": {
                    "type": "aws_iam_role",
                    "depends_on": [
                        "data.aws_iam_policy_document.cloudwatch_events_assume_role"
                    ],
                    "primary": {
                        "id": "dev_JobMonthlyEmailAnalyticsSchedule_InvokeLambdaRole",
                        "attributes": {
                            "arn": "arn:aws:iam::722431446741:role/dev_JobMonthlyEmailAnalyticsSchedule_InvokeLambdaRole",
                            "assume_role_policy": "{\"Version\":\"2012-10-17\",\"Statement\":[{\"Sid\":\"\",\"Effect\":\"Allow\",\"Principal\":{\"Service\":\"events.amazonaws.com\"},\"Action\":\"sts:AssumeRole\"}]}",
                            "create_date": "2018-09-24T15:32:01Z",
                            "description": "",
                            "force_detach_policies": "false",
                            "id": "dev_JobMonthlyEmailAnalyticsSchedule_InvokeLambdaRole",
                            "max_session_duration": "3600",
                            "name": "dev_JobMonthlyEmailAnalyticsSchedule_InvokeLambdaRole",
                            "path": "/",
                            "unique_id": "AROAJCUVMP2ZKRNPZDI74"
                        },
                        "meta": {},
                        "tainted": false
                    },
                    "deposed": [],
                    "provider": "provider.aws"
                },
                "aws_lambda_permission.cloudwatch_schedule_invoke_stepitup_initialize": {
                    "type": "aws_lambda_permission",
                    "depends_on": [],
                    "primary": {
                        "id": "cloudwatch_schedule_invoke_dev_JobMonthlyEmailAnalyticsSchedule",
                        "attributes": {
                            "action": "lambda:InvokeFunction",
                            "function_name": "arn:aws:lambda:us-west-2:722431446741:function:dev_JobMonthlyEmailAnalytics",
                            "id": "cloudwatch_schedule_invoke_dev_JobMonthlyEmailAnalyticsSchedule",
                            "principal": "events.amazonaws.com",
                            "qualifier": "",
                            "statement_id": "cloudwatch_schedule_invoke_dev_JobMonthlyEmailAnalyticsSchedule"
                        },
                        "meta": {},
                        "tainted": false
                    },
                    "deposed": [],
                    "provider": "provider.aws"
                },
                "data.aws_iam_policy_document.cloudwatch_events_assume_role": {
                    "type": "aws_iam_policy_document",
                    "depends_on": [],
                    "primary": {
                        "id": "2423734833",
                        "attributes": {
                            "id": "2423734833",
                            "json": "{\n  \"Version\": \"2012-10-17\",\n  \"Statement\": [\n    {\n      \"Sid\": \"\",\n      \"Effect\": \"Allow\",\n      \"Action\": \"sts:AssumeRole\",\n      \"Principal\": {\n        \"Service\": \"events.amazonaws.com\"\n      }\n    }\n  ]\n}",
                            "statement.#": "1",
                            "statement.0.actions.#": "1",
                            "statement.0.actions.2528466339": "sts:AssumeRole",
                            "statement.0.condition.#": "0",
                            "statement.0.effect": "Allow",
                            "statement.0.not_actions.#": "0",
                            "statement.0.not_principals.#": "0",
                            "statement.0.not_resources.#": "0",
                            "statement.0.principals.#": "1",
                            "statement.0.principals.3055794613.identifiers.#": "1",
                            "statement.0.principals.3055794613.identifiers.1159240345": "events.amazonaws.com",
                            "statement.0.principals.3055794613.type": "Service",
                            "statement.0.resources.#": "0",
                            "statement.0.sid": ""
                        },
                        "meta": {},
                        "tainted": false
                    },
                    "deposed": [],
                    "provider": "provider.aws"
                }
            },
            "depends_on": []
        },
        {
            "path": [
                "root",
                "JobMonthlyEmailAnalytics_policy_attachment"
            ],
            "outputs": {},
            "resources": {
                "aws_iam_policy.policy_to_create": {
                    "type": "aws_iam_policy",
                    "depends_on": [],
                    "primary": {
                        "id": "arn:aws:iam::722431446741:policy/dev_JobMonthlyEmailAnalytics_Policy",
                        "attributes": {
                            "arn": "arn:aws:iam::722431446741:policy/dev_JobMonthlyEmailAnalytics_Policy",
                            "description": "",
                            "id": "arn:aws:iam::722431446741:policy/dev_JobMonthlyEmailAnalytics_Policy",
                            "name": "dev_JobMonthlyEmailAnalytics_Policy",
                            "path": "/",
                            "policy": "{\n  \"Version\": \"2012-10-17\",\n  \"Statement\": [\n    {\n      \"Sid\": \"\",\n      \"Effect\": \"Allow\",\n      \"Action\": \"ses:SendRawEmail\",\n      \"Resource\": \"arn:aws:ses:us-west-2:722431446741:identity/no-reply@devdrivesmartcbus.com\"\n    }\n  ]\n}"
                        },
                        "meta": {},
                        "tainted": false
                    },
                    "deposed": [],
                    "provider": "provider.aws"
                },
                "aws_iam_role_policy_attachment.attach_new_policy_to_role": {
                    "type": "aws_iam_role_policy_attachment",
                    "depends_on": [
                        "aws_iam_policy.policy_to_create"
                    ],
                    "primary": {
                        "id": "dev_JobMonthlyEmailAnalyticsRole-20180924153225454000000026",
                        "attributes": {
                            "id": "dev_JobMonthlyEmailAnalyticsRole-20180924153225454000000026",
                            "policy_arn": "arn:aws:iam::722431446741:policy/dev_JobMonthlyEmailAnalytics_Policy",
                            "role": "dev_JobMonthlyEmailAnalyticsRole"
                        },
                        "meta": {},
                        "tainted": false
                    },
                    "deposed": [],
                    "provider": "provider.aws"
                }
            },
            "depends_on": []
        },
        {
            "path": [
                "root",
                "JobPopulateCarScheduleFunction"
            ],
            "outputs": {
                "arn": {
                    "sensitive": false,
                    "type": "string",
                    "value": "arn:aws:lambda:us-west-2:722431446741:function:dev_JobPopulateCarSchedule"
                },
                "invoke_arn": {
                    "sensitive": false,
                    "type": "string",
                    "value": "arn:aws:apigateway:us-west-2:lambda:path/2015-03-31/functions/arn:aws:lambda:us-west-2:722431446741:function:dev_JobPopulateCarSchedule/invocations"
                }
            },
            "resources": {
                "aws_cloudwatch_log_group.function": {
                    "type": "aws_cloudwatch_log_group",
                    "depends_on": [],
                    "primary": {
                        "id": "/aws/lambda/dev_JobPopulateCarSchedule",
                        "attributes": {
                            "arn": "arn:aws:logs:us-west-2:722431446741:log-group:/aws/lambda/dev_JobPopulateCarSchedule:*",
                            "id": "/aws/lambda/dev_JobPopulateCarSchedule",
                            "kms_key_id": "",
                            "name": "/aws/lambda/dev_JobPopulateCarSchedule",
                            "retention_in_days": "3",
                            "tags.%": "0"
                        },
                        "meta": {},
                        "tainted": false
                    },
                    "deposed": [],
                    "provider": "provider.aws"
                },
                "aws_lambda_function.function": {
                    "type": "aws_lambda_function",
                    "depends_on": [],
                    "primary": {
                        "id": "dev_JobPopulateCarSchedule",
                        "attributes": {
                            "arn": "arn:aws:lambda:us-west-2:722431446741:function:dev_JobPopulateCarSchedule",
                            "dead_letter_config.#": "0",
                            "description": "Runs nightly to populate Car Schedules 180 days out",
                            "environment.#": "1",
                            "environment.0.variables.%": "3",
                            "environment.0.variables.host": "smartexperience.cynqqjdixddg.us-west-2.rds.amazonaws.com",
                            "environment.0.variables.password": "pekd84ldam3kd01",
                            "environment.0.variables.user": "smrt",
                            "function_name": "dev_JobPopulateCarSchedule",
                            "handler": "src/JobPopulateCarSchedule.handler",
                            "id": "dev_JobPopulateCarSchedule",
                            "invoke_arn": "arn:aws:apigateway:us-west-2:lambda:path/2015-03-31/functions/arn:aws:lambda:us-west-2:722431446741:function:dev_JobPopulateCarSchedule/invocations",
                            "kms_key_arn": "",
                            "last_modified": "2018-10-22T14:36:58.316+0000",
                            "memory_size": "128",
                            "publish": "false",
                            "qualified_arn": "arn:aws:lambda:us-west-2:722431446741:function:dev_JobPopulateCarSchedule:$LATEST",
                            "reserved_concurrent_executions": "0",
                            "role": "arn:aws:iam::722431446741:role/dev_JobPopulateCarScheduleRole",
                            "runtime": "nodejs8.10",
                            "s3_bucket": "dev-smart-experience-artifact-repo",
                            "s3_key": "lambdas.zip",
                            "source_code_hash": "uBMfhm3o7Yj28ZdrXwLXrd+xYTQj39hhAOROaxwD4Z4=",
                            "source_code_size": "3288722",
                            "tags.%": "0",
                            "timeout": "300",
                            "tracing_config.#": "1",
                            "tracing_config.0.mode": "PassThrough",
                            "version": "$LATEST",
                            "vpc_config.#": "1",
                            "vpc_config.0.security_group_ids.#": "1",
                            "vpc_config.0.security_group_ids.1883674524": "sg-0771bd1f7389bc87e",
                            "vpc_config.0.subnet_ids.#": "2",
                            "vpc_config.0.subnet_ids.2232752913": "subnet-097f5187a61c57b65",
                            "vpc_config.0.subnet_ids.2986459562": "subnet-051a0994aa493db79",
                            "vpc_config.0.vpc_id": "vpc-06d7dc7f"
                        },
                        "meta": {},
                        "tainted": false
                    },
                    "deposed": [],
                    "provider": "provider.aws"
                }
            },
            "depends_on": []
        },
        {
            "path": [
                "root",
                "JobPopulateCarScheduleRole"
            ],
            "outputs": {
                "arn": {
                    "sensitive": false,
                    "type": "string",
                    "value": "arn:aws:iam::722431446741:role/dev_JobPopulateCarScheduleRole"
                },
                "name": {
                    "sensitive": false,
                    "type": "string",
                    "value": "dev_JobPopulateCarScheduleRole"
                }
            },
            "resources": {
                "aws_iam_policy.lambda_logging_policy": {
                    "type": "aws_iam_policy",
                    "depends_on": [
                        "data.aws_iam_policy_document.logging_policy_statement"
                    ],
                    "primary": {
                        "id": "arn:aws:iam::722431446741:policy/logging_policy_for_dev_JobPopulateCarScheduleRole",
                        "attributes": {
                            "arn": "arn:aws:iam::722431446741:policy/logging_policy_for_dev_JobPopulateCarScheduleRole",
                            "description": "Allows AWS Lambda to create and write logs",
                            "id": "arn:aws:iam::722431446741:policy/logging_policy_for_dev_JobPopulateCarScheduleRole",
                            "name": "logging_policy_for_dev_JobPopulateCarScheduleRole",
                            "path": "/",
                            "policy": "{\n  \"Version\": \"2012-10-17\",\n  \"Statement\": [\n    {\n      \"Sid\": \"\",\n      \"Effect\": \"Allow\",\n      \"Action\": [\n        \"logs:PutLogEvents\",\n        \"logs:CreateLogStream\",\n        \"logs:CreateLogGroup\"\n      ],\n      \"Resource\": \"arn:aws:logs:*:*:*\"\n    }\n  ]\n}"
                        },
                        "meta": {},
                        "tainted": false
                    },
                    "deposed": [],
                    "provider": "provider.aws"
                },
                "aws_iam_role.role": {
                    "type": "aws_iam_role",
                    "depends_on": [
                        "data.aws_iam_policy_document.lambda_policy"
                    ],
                    "primary": {
                        "id": "dev_JobPopulateCarScheduleRole",
                        "attributes": {
                            "arn": "arn:aws:iam::722431446741:role/dev_JobPopulateCarScheduleRole",
                            "assume_role_policy": "{\"Version\":\"2012-10-17\",\"Statement\":[{\"Sid\":\"\",\"Effect\":\"Allow\",\"Principal\":{\"Service\":[\"lambda.amazonaws.com\",\"apigateway.amazonaws.com\"]},\"Action\":\"sts:AssumeRole\"}]}",
                            "create_date": "2018-09-24T15:31:59Z",
                            "description": "",
                            "force_detach_policies": "false",
                            "id": "dev_JobPopulateCarScheduleRole",
                            "max_session_duration": "3600",
                            "name": "dev_JobPopulateCarScheduleRole",
                            "path": "/",
                            "unique_id": "AROAIZQWZOFYD3ODIF4CC"
                        },
                        "meta": {},
                        "tainted": false
                    },
                    "deposed": [],
                    "provider": "provider.aws"
                },
                "aws_iam_role_policy_attachment.Attach_Logging_Role": {
                    "type": "aws_iam_role_policy_attachment",
                    "depends_on": [
                        "aws_iam_policy.lambda_logging_policy",
                        "aws_iam_role.role"
                    ],
                    "primary": {
                        "id": "dev_JobPopulateCarScheduleRole-2018092415321581550000000d",
                        "attributes": {
                            "id": "dev_JobPopulateCarScheduleRole-2018092415321581550000000d",
                            "policy_arn": "arn:aws:iam::722431446741:policy/logging_policy_for_dev_JobPopulateCarScheduleRole",
                            "role": "dev_JobPopulateCarScheduleRole"
                        },
                        "meta": {},
                        "tainted": false
                    },
                    "deposed": [],
                    "provider": "provider.aws"
                },
                "aws_iam_role_policy_attachment.Attach_VPC_Policy": {
                    "type": "aws_iam_role_policy_attachment",
                    "depends_on": [
                        "aws_iam_role.role"
                    ],
                    "primary": {
                        "id": "dev_JobPopulateCarScheduleRole-2018092415321553760000000a",
                        "attributes": {
                            "id": "dev_JobPopulateCarScheduleRole-2018092415321553760000000a",
                            "policy_arn": "arn:aws:iam::aws:policy/service-role/AWSLambdaVPCAccessExecutionRole",
                            "role": "dev_JobPopulateCarScheduleRole"
                        },
                        "meta": {},
                        "tainted": false
                    },
                    "deposed": [],
                    "provider": "provider.aws"
                },
                "data.aws_iam_policy_document.lambda_policy": {
                    "type": "aws_iam_policy_document",
                    "depends_on": [],
                    "primary": {
                        "id": "3127519745",
                        "attributes": {
                            "id": "3127519745",
                            "json": "{\n  \"Version\": \"2012-10-17\",\n  \"Statement\": [\n    {\n      \"Sid\": \"\",\n      \"Effect\": \"Allow\",\n      \"Action\": \"sts:AssumeRole\",\n      \"Principal\": {\n        \"Service\": [\n          \"lambda.amazonaws.com\",\n          \"apigateway.amazonaws.com\"\n        ]\n      }\n    }\n  ]\n}",
                            "statement.#": "1",
                            "statement.0.actions.#": "1",
                            "statement.0.actions.2528466339": "sts:AssumeRole",
                            "statement.0.condition.#": "0",
                            "statement.0.effect": "Allow",
                            "statement.0.not_actions.#": "0",
                            "statement.0.not_principals.#": "0",
                            "statement.0.not_resources.#": "0",
                            "statement.0.principals.#": "1",
                            "statement.0.principals.1632598396.identifiers.#": "2",
                            "statement.0.principals.1632598396.identifiers.1175233861": "apigateway.amazonaws.com",
                            "statement.0.principals.1632598396.identifiers.2638019528": "lambda.amazonaws.com",
                            "statement.0.principals.1632598396.type": "Service",
                            "statement.0.resources.#": "0",
                            "statement.0.sid": ""
                        },
                        "meta": {},
                        "tainted": false
                    },
                    "deposed": [],
                    "provider": "provider.aws"
                },
                "data.aws_iam_policy_document.logging_policy_statement": {
                    "type": "aws_iam_policy_document",
                    "depends_on": [],
                    "primary": {
                        "id": "4063422367",
                        "attributes": {
                            "id": "4063422367",
                            "json": "{\n  \"Version\": \"2012-10-17\",\n  \"Statement\": [\n    {\n      \"Sid\": \"\",\n      \"Effect\": \"Allow\",\n      \"Action\": [\n        \"logs:PutLogEvents\",\n        \"logs:CreateLogStream\",\n        \"logs:CreateLogGroup\"\n      ],\n      \"Resource\": \"arn:aws:logs:*:*:*\"\n    }\n  ]\n}",
                            "statement.#": "1",
                            "statement.0.actions.#": "3",
                            "statement.0.actions.2809485102": "logs:CreateLogGroup",
                            "statement.0.actions.3285979848": "logs:CreateLogStream",
                            "statement.0.actions.39743051": "logs:PutLogEvents",
                            "statement.0.condition.#": "0",
                            "statement.0.effect": "Allow",
                            "statement.0.not_actions.#": "0",
                            "statement.0.not_principals.#": "0",
                            "statement.0.not_resources.#": "0",
                            "statement.0.principals.#": "0",
                            "statement.0.resources.#": "1",
                            "statement.0.resources.162423377": "arn:aws:logs:*:*:*",
                            "statement.0.sid": ""
                        },
                        "meta": {},
                        "tainted": false
                    },
                    "deposed": [],
                    "provider": "provider.aws"
                }
            },
            "depends_on": []
        },
        {
            "path": [
                "root",
                "JobPopulateCarScheduleTimer"
            ],
            "outputs": {},
            "resources": {
                "aws_cloudwatch_event_rule.event_rule": {
                    "type": "aws_cloudwatch_event_rule",
                    "depends_on": [
                        "aws_iam_role.Cloudwatch_Event_Invoke_Lambda_Role"
                    ],
                    "primary": {
                        "id": "dev_JobPopulateCarScheduleSchedule_CWEventRule",
                        "attributes": {
                            "arn": "arn:aws:events:us-west-2:722431446741:rule/dev_JobPopulateCarScheduleSchedule_CWEventRule",
                            "description": "Runs everyday at 0100 UTC",
                            "id": "dev_JobPopulateCarScheduleSchedule_CWEventRule",
                            "is_enabled": "true",
                            "name": "dev_JobPopulateCarScheduleSchedule_CWEventRule",
                            "role_arn": "arn:aws:iam::722431446741:role/dev_JobPopulateCarScheduleSchedule_InvokeLambdaRole",
                            "schedule_expression": "cron(0 1 * * ? *)"
                        },
                        "meta": {},
                        "tainted": false
                    },
                    "deposed": [],
                    "provider": "provider.aws"
                },
                "aws_cloudwatch_event_target.stepitup-initialize-connection-target": {
                    "type": "aws_cloudwatch_event_target",
                    "depends_on": [
                        "aws_cloudwatch_event_rule.event_rule"
                    ],
                    "primary": {
                        "id": "dev_JobPopulateCarScheduleSchedule_CWEventRule-terraform-20180925004557929400000004",
                        "attributes": {
                            "arn": "arn:aws:lambda:us-west-2:722431446741:function:dev_JobPopulateCarSchedule",
                            "id": "dev_JobPopulateCarScheduleSchedule_CWEventRule-terraform-20180925004557929400000004",
                            "input": "",
                            "input_path": "",
                            "role_arn": "",
                            "rule": "dev_JobPopulateCarScheduleSchedule_CWEventRule",
                            "target_id": "terraform-20180925004557929400000004"
                        },
                        "meta": {},
                        "tainted": false
                    },
                    "deposed": [],
                    "provider": "provider.aws"
                },
                "aws_iam_role.Cloudwatch_Event_Invoke_Lambda_Role": {
                    "type": "aws_iam_role",
                    "depends_on": [
                        "data.aws_iam_policy_document.cloudwatch_events_assume_role"
                    ],
                    "primary": {
                        "id": "dev_JobPopulateCarScheduleSchedule_InvokeLambdaRole",
                        "attributes": {
                            "arn": "arn:aws:iam::722431446741:role/dev_JobPopulateCarScheduleSchedule_InvokeLambdaRole",
                            "assume_role_policy": "{\"Version\":\"2012-10-17\",\"Statement\":[{\"Sid\":\"\",\"Effect\":\"Allow\",\"Principal\":{\"Service\":\"events.amazonaws.com\"},\"Action\":\"sts:AssumeRole\"}]}",
                            "create_date": "2018-09-24T15:31:59Z",
                            "description": "",
                            "force_detach_policies": "false",
                            "id": "dev_JobPopulateCarScheduleSchedule_InvokeLambdaRole",
                            "max_session_duration": "3600",
                            "name": "dev_JobPopulateCarScheduleSchedule_InvokeLambdaRole",
                            "path": "/",
                            "unique_id": "AROAIFQH7QJVIUPFANSIE"
                        },
                        "meta": {},
                        "tainted": false
                    },
                    "deposed": [],
                    "provider": "provider.aws"
                },
                "aws_lambda_permission.cloudwatch_schedule_invoke_stepitup_initialize": {
                    "type": "aws_lambda_permission",
                    "depends_on": [],
                    "primary": {
                        "id": "cloudwatch_schedule_invoke_dev_JobPopulateCarScheduleSchedule",
                        "attributes": {
                            "action": "lambda:InvokeFunction",
                            "function_name": "arn:aws:lambda:us-west-2:722431446741:function:dev_JobPopulateCarSchedule",
                            "id": "cloudwatch_schedule_invoke_dev_JobPopulateCarScheduleSchedule",
                            "principal": "events.amazonaws.com",
                            "qualifier": "",
                            "statement_id": "cloudwatch_schedule_invoke_dev_JobPopulateCarScheduleSchedule"
                        },
                        "meta": {},
                        "tainted": false
                    },
                    "deposed": [],
                    "provider": "provider.aws"
                },
                "data.aws_iam_policy_document.cloudwatch_events_assume_role": {
                    "type": "aws_iam_policy_document",
                    "depends_on": [],
                    "primary": {
                        "id": "2423734833",
                        "attributes": {
                            "id": "2423734833",
                            "json": "{\n  \"Version\": \"2012-10-17\",\n  \"Statement\": [\n    {\n      \"Sid\": \"\",\n      \"Effect\": \"Allow\",\n      \"Action\": \"sts:AssumeRole\",\n      \"Principal\": {\n        \"Service\": \"events.amazonaws.com\"\n      }\n    }\n  ]\n}",
                            "statement.#": "1",
                            "statement.0.actions.#": "1",
                            "statement.0.actions.2528466339": "sts:AssumeRole",
                            "statement.0.condition.#": "0",
                            "statement.0.effect": "Allow",
                            "statement.0.not_actions.#": "0",
                            "statement.0.not_principals.#": "0",
                            "statement.0.not_resources.#": "0",
                            "statement.0.principals.#": "1",
                            "statement.0.principals.3055794613.identifiers.#": "1",
                            "statement.0.principals.3055794613.identifiers.1159240345": "events.amazonaws.com",
                            "statement.0.principals.3055794613.type": "Service",
                            "statement.0.resources.#": "0",
                            "statement.0.sid": ""
                        },
                        "meta": {},
                        "tainted": false
                    },
                    "deposed": [],
                    "provider": "provider.aws"
                }
            },
            "depends_on": []
        },
        {
            "path": [
                "root",
                "JobPopulateTimeSlotsFunction"
            ],
            "outputs": {
                "arn": {
                    "sensitive": false,
                    "type": "string",
                    "value": "arn:aws:lambda:us-west-2:722431446741:function:dev_JobPopulateTimeSlots"
                },
                "invoke_arn": {
                    "sensitive": false,
                    "type": "string",
                    "value": "arn:aws:apigateway:us-west-2:lambda:path/2015-03-31/functions/arn:aws:lambda:us-west-2:722431446741:function:dev_JobPopulateTimeSlots/invocations"
                }
            },
            "resources": {
                "aws_cloudwatch_log_group.function": {
                    "type": "aws_cloudwatch_log_group",
                    "depends_on": [],
                    "primary": {
                        "id": "/aws/lambda/dev_JobPopulateTimeSlots",
                        "attributes": {
                            "arn": "arn:aws:logs:us-west-2:722431446741:log-group:/aws/lambda/dev_JobPopulateTimeSlots:*",
                            "id": "/aws/lambda/dev_JobPopulateTimeSlots",
                            "kms_key_id": "",
                            "name": "/aws/lambda/dev_JobPopulateTimeSlots",
                            "retention_in_days": "3",
                            "tags.%": "0"
                        },
                        "meta": {},
                        "tainted": false
                    },
                    "deposed": [],
                    "provider": "provider.aws"
                },
                "aws_lambda_function.function": {
                    "type": "aws_lambda_function",
                    "depends_on": [],
                    "primary": {
                        "id": "dev_JobPopulateTimeSlots",
                        "attributes": {
                            "arn": "arn:aws:lambda:us-west-2:722431446741:function:dev_JobPopulateTimeSlots",
                            "dead_letter_config.#": "0",
                            "description": "Runs nightly to populate Time Slots and Car Slots",
                            "environment.#": "1",
                            "environment.0.variables.%": "3",
                            "environment.0.variables.host": "smartexperience.cynqqjdixddg.us-west-2.rds.amazonaws.com",
                            "environment.0.variables.password": "pekd84ldam3kd01",
                            "environment.0.variables.user": "smrt",
                            "function_name": "dev_JobPopulateTimeSlots",
                            "handler": "src/JobPopulateTimeSlots.handler",
                            "id": "dev_JobPopulateTimeSlots",
                            "invoke_arn": "arn:aws:apigateway:us-west-2:lambda:path/2015-03-31/functions/arn:aws:lambda:us-west-2:722431446741:function:dev_JobPopulateTimeSlots/invocations",
                            "kms_key_arn": "",
                            "last_modified": "2018-10-22T14:37:00.426+0000",
                            "memory_size": "128",
                            "publish": "false",
                            "qualified_arn": "arn:aws:lambda:us-west-2:722431446741:function:dev_JobPopulateTimeSlots:$LATEST",
                            "reserved_concurrent_executions": "0",
                            "role": "arn:aws:iam::722431446741:role/dev_JobPopulateTimeSlotsRole",
                            "runtime": "nodejs8.10",
                            "s3_bucket": "dev-smart-experience-artifact-repo",
                            "s3_key": "lambdas.zip",
                            "source_code_hash": "uBMfhm3o7Yj28ZdrXwLXrd+xYTQj39hhAOROaxwD4Z4=",
                            "source_code_size": "3288722",
                            "tags.%": "0",
                            "timeout": "300",
                            "tracing_config.#": "1",
                            "tracing_config.0.mode": "PassThrough",
                            "version": "$LATEST",
                            "vpc_config.#": "1",
                            "vpc_config.0.security_group_ids.#": "1",
                            "vpc_config.0.security_group_ids.1883674524": "sg-0771bd1f7389bc87e",
                            "vpc_config.0.subnet_ids.#": "2",
                            "vpc_config.0.subnet_ids.2232752913": "subnet-097f5187a61c57b65",
                            "vpc_config.0.subnet_ids.2986459562": "subnet-051a0994aa493db79",
                            "vpc_config.0.vpc_id": "vpc-06d7dc7f"
                        },
                        "meta": {},
                        "tainted": false
                    },
                    "deposed": [],
                    "provider": "provider.aws"
                }
            },
            "depends_on": []
        },
        {
            "path": [
                "root",
                "JobPopulateTimeSlotsRole"
            ],
            "outputs": {
                "arn": {
                    "sensitive": false,
                    "type": "string",
                    "value": "arn:aws:iam::722431446741:role/dev_JobPopulateTimeSlotsRole"
                },
                "name": {
                    "sensitive": false,
                    "type": "string",
                    "value": "dev_JobPopulateTimeSlotsRole"
                }
            },
            "resources": {
                "aws_iam_policy.lambda_logging_policy": {
                    "type": "aws_iam_policy",
                    "depends_on": [
                        "data.aws_iam_policy_document.logging_policy_statement"
                    ],
                    "primary": {
                        "id": "arn:aws:iam::722431446741:policy/logging_policy_for_dev_JobPopulateTimeSlotsRole",
                        "attributes": {
                            "arn": "arn:aws:iam::722431446741:policy/logging_policy_for_dev_JobPopulateTimeSlotsRole",
                            "description": "Allows AWS Lambda to create and write logs",
                            "id": "arn:aws:iam::722431446741:policy/logging_policy_for_dev_JobPopulateTimeSlotsRole",
                            "name": "logging_policy_for_dev_JobPopulateTimeSlotsRole",
                            "path": "/",
                            "policy": "{\n  \"Version\": \"2012-10-17\",\n  \"Statement\": [\n    {\n      \"Sid\": \"\",\n      \"Effect\": \"Allow\",\n      \"Action\": [\n        \"logs:PutLogEvents\",\n        \"logs:CreateLogStream\",\n        \"logs:CreateLogGroup\"\n      ],\n      \"Resource\": \"arn:aws:logs:*:*:*\"\n    }\n  ]\n}"
                        },
                        "meta": {},
                        "tainted": false
                    },
                    "deposed": [],
                    "provider": "provider.aws"
                },
                "aws_iam_role.role": {
                    "type": "aws_iam_role",
                    "depends_on": [
                        "data.aws_iam_policy_document.lambda_policy"
                    ],
                    "primary": {
                        "id": "dev_JobPopulateTimeSlotsRole",
                        "attributes": {
                            "arn": "arn:aws:iam::722431446741:role/dev_JobPopulateTimeSlotsRole",
                            "assume_role_policy": "{\"Version\":\"2012-10-17\",\"Statement\":[{\"Sid\":\"\",\"Effect\":\"Allow\",\"Principal\":{\"Service\":[\"apigateway.amazonaws.com\",\"lambda.amazonaws.com\"]},\"Action\":\"sts:AssumeRole\"}]}",
                            "create_date": "2018-09-24T15:31:58Z",
                            "description": "",
                            "force_detach_policies": "false",
                            "id": "dev_JobPopulateTimeSlotsRole",
                            "max_session_duration": "3600",
                            "name": "dev_JobPopulateTimeSlotsRole",
                            "path": "/",
                            "unique_id": "AROAJRG4YKQQQKRGL7WQY"
                        },
                        "meta": {},
                        "tainted": false
                    },
                    "deposed": [],
                    "provider": "provider.aws"
                },
                "aws_iam_role_policy_attachment.Attach_Logging_Role": {
                    "type": "aws_iam_role_policy_attachment",
                    "depends_on": [
                        "aws_iam_policy.lambda_logging_policy",
                        "aws_iam_role.role"
                    ],
                    "primary": {
                        "id": "dev_JobPopulateTimeSlotsRole-20180924153219767600000025",
                        "attributes": {
                            "id": "dev_JobPopulateTimeSlotsRole-20180924153219767600000025",
                            "policy_arn": "arn:aws:iam::722431446741:policy/logging_policy_for_dev_JobPopulateTimeSlotsRole",
                            "role": "dev_JobPopulateTimeSlotsRole"
                        },
                        "meta": {},
                        "tainted": false
                    },
                    "deposed": [],
                    "provider": "provider.aws"
                },
                "aws_iam_role_policy_attachment.Attach_VPC_Policy": {
                    "type": "aws_iam_role_policy_attachment",
                    "depends_on": [
                        "aws_iam_role.role"
                    ],
                    "primary": {
                        "id": "dev_JobPopulateTimeSlotsRole-20180924153214991400000005",
                        "attributes": {
                            "id": "dev_JobPopulateTimeSlotsRole-20180924153214991400000005",
                            "policy_arn": "arn:aws:iam::aws:policy/service-role/AWSLambdaVPCAccessExecutionRole",
                            "role": "dev_JobPopulateTimeSlotsRole"
                        },
                        "meta": {},
                        "tainted": false
                    },
                    "deposed": [],
                    "provider": "provider.aws"
                },
                "data.aws_iam_policy_document.lambda_policy": {
                    "type": "aws_iam_policy_document",
                    "depends_on": [],
                    "primary": {
                        "id": "3127519745",
                        "attributes": {
                            "id": "3127519745",
                            "json": "{\n  \"Version\": \"2012-10-17\",\n  \"Statement\": [\n    {\n      \"Sid\": \"\",\n      \"Effect\": \"Allow\",\n      \"Action\": \"sts:AssumeRole\",\n      \"Principal\": {\n        \"Service\": [\n          \"lambda.amazonaws.com\",\n          \"apigateway.amazonaws.com\"\n        ]\n      }\n    }\n  ]\n}",
                            "statement.#": "1",
                            "statement.0.actions.#": "1",
                            "statement.0.actions.2528466339": "sts:AssumeRole",
                            "statement.0.condition.#": "0",
                            "statement.0.effect": "Allow",
                            "statement.0.not_actions.#": "0",
                            "statement.0.not_principals.#": "0",
                            "statement.0.not_resources.#": "0",
                            "statement.0.principals.#": "1",
                            "statement.0.principals.1632598396.identifiers.#": "2",
                            "statement.0.principals.1632598396.identifiers.1175233861": "apigateway.amazonaws.com",
                            "statement.0.principals.1632598396.identifiers.2638019528": "lambda.amazonaws.com",
                            "statement.0.principals.1632598396.type": "Service",
                            "statement.0.resources.#": "0",
                            "statement.0.sid": ""
                        },
                        "meta": {},
                        "tainted": false
                    },
                    "deposed": [],
                    "provider": "provider.aws"
                },
                "data.aws_iam_policy_document.logging_policy_statement": {
                    "type": "aws_iam_policy_document",
                    "depends_on": [],
                    "primary": {
                        "id": "4063422367",
                        "attributes": {
                            "id": "4063422367",
                            "json": "{\n  \"Version\": \"2012-10-17\",\n  \"Statement\": [\n    {\n      \"Sid\": \"\",\n      \"Effect\": \"Allow\",\n      \"Action\": [\n        \"logs:PutLogEvents\",\n        \"logs:CreateLogStream\",\n        \"logs:CreateLogGroup\"\n      ],\n      \"Resource\": \"arn:aws:logs:*:*:*\"\n    }\n  ]\n}",
                            "statement.#": "1",
                            "statement.0.actions.#": "3",
                            "statement.0.actions.2809485102": "logs:CreateLogGroup",
                            "statement.0.actions.3285979848": "logs:CreateLogStream",
                            "statement.0.actions.39743051": "logs:PutLogEvents",
                            "statement.0.condition.#": "0",
                            "statement.0.effect": "Allow",
                            "statement.0.not_actions.#": "0",
                            "statement.0.not_principals.#": "0",
                            "statement.0.not_resources.#": "0",
                            "statement.0.principals.#": "0",
                            "statement.0.resources.#": "1",
                            "statement.0.resources.162423377": "arn:aws:logs:*:*:*",
                            "statement.0.sid": ""
                        },
                        "meta": {},
                        "tainted": false
                    },
                    "deposed": [],
                    "provider": "provider.aws"
                }
            },
            "depends_on": []
        },
        {
            "path": [
                "root",
                "JobPopulateTimeSlotsTimer"
            ],
            "outputs": {},
            "resources": {
                "aws_cloudwatch_event_rule.event_rule": {
                    "type": "aws_cloudwatch_event_rule",
                    "depends_on": [
                        "aws_iam_role.Cloudwatch_Event_Invoke_Lambda_Role"
                    ],
                    "primary": {
                        "id": "dev_JobPopulateTimeSlotsSchedule_CWEventRule",
                        "attributes": {
                            "arn": "arn:aws:events:us-west-2:722431446741:rule/dev_JobPopulateTimeSlotsSchedule_CWEventRule",
                            "description": "Runs everyday at 0115 UTC",
                            "id": "dev_JobPopulateTimeSlotsSchedule_CWEventRule",
                            "is_enabled": "true",
                            "name": "dev_JobPopulateTimeSlotsSchedule_CWEventRule",
                            "role_arn": "arn:aws:iam::722431446741:role/dev_JobPopulateTimeSlotsSchedule_InvokeLambdaRole",
                            "schedule_expression": "cron(30 1 * * ? *)"
                        },
                        "meta": {},
                        "tainted": false
                    },
                    "deposed": [],
                    "provider": "provider.aws"
                },
                "aws_cloudwatch_event_target.stepitup-initialize-connection-target": {
                    "type": "aws_cloudwatch_event_target",
                    "depends_on": [
                        "aws_cloudwatch_event_rule.event_rule"
                    ],
                    "primary": {
                        "id": "dev_JobPopulateTimeSlotsSchedule_CWEventRule-terraform-20180925004557882500000003",
                        "attributes": {
                            "arn": "arn:aws:lambda:us-west-2:722431446741:function:dev_JobPopulateTimeSlots",
                            "id": "dev_JobPopulateTimeSlotsSchedule_CWEventRule-terraform-20180925004557882500000003",
                            "input": "",
                            "input_path": "",
                            "role_arn": "",
                            "rule": "dev_JobPopulateTimeSlotsSchedule_CWEventRule",
                            "target_id": "terraform-20180925004557882500000003"
                        },
                        "meta": {},
                        "tainted": false
                    },
                    "deposed": [],
                    "provider": "provider.aws"
                },
                "aws_iam_role.Cloudwatch_Event_Invoke_Lambda_Role": {
                    "type": "aws_iam_role",
                    "depends_on": [
                        "data.aws_iam_policy_document.cloudwatch_events_assume_role"
                    ],
                    "primary": {
                        "id": "dev_JobPopulateTimeSlotsSchedule_InvokeLambdaRole",
                        "attributes": {
                            "arn": "arn:aws:iam::722431446741:role/dev_JobPopulateTimeSlotsSchedule_InvokeLambdaRole",
                            "assume_role_policy": "{\"Version\":\"2012-10-17\",\"Statement\":[{\"Sid\":\"\",\"Effect\":\"Allow\",\"Principal\":{\"Service\":\"events.amazonaws.com\"},\"Action\":\"sts:AssumeRole\"}]}",
                            "create_date": "2018-09-24T15:32:01Z",
                            "description": "",
                            "force_detach_policies": "false",
                            "id": "dev_JobPopulateTimeSlotsSchedule_InvokeLambdaRole",
                            "max_session_duration": "3600",
                            "name": "dev_JobPopulateTimeSlotsSchedule_InvokeLambdaRole",
                            "path": "/",
                            "unique_id": "AROAJRTEQTQZELTZ6HVAQ"
                        },
                        "meta": {},
                        "tainted": false
                    },
                    "deposed": [],
                    "provider": "provider.aws"
                },
                "aws_lambda_permission.cloudwatch_schedule_invoke_stepitup_initialize": {
                    "type": "aws_lambda_permission",
                    "depends_on": [],
                    "primary": {
                        "id": "cloudwatch_schedule_invoke_dev_JobPopulateTimeSlotsSchedule",
                        "attributes": {
                            "action": "lambda:InvokeFunction",
                            "function_name": "arn:aws:lambda:us-west-2:722431446741:function:dev_JobPopulateTimeSlots",
                            "id": "cloudwatch_schedule_invoke_dev_JobPopulateTimeSlotsSchedule",
                            "principal": "events.amazonaws.com",
                            "qualifier": "",
                            "statement_id": "cloudwatch_schedule_invoke_dev_JobPopulateTimeSlotsSchedule"
                        },
                        "meta": {},
                        "tainted": false
                    },
                    "deposed": [],
                    "provider": "provider.aws"
                },
                "data.aws_iam_policy_document.cloudwatch_events_assume_role": {
                    "type": "aws_iam_policy_document",
                    "depends_on": [],
                    "primary": {
                        "id": "2423734833",
                        "attributes": {
                            "id": "2423734833",
                            "json": "{\n  \"Version\": \"2012-10-17\",\n  \"Statement\": [\n    {\n      \"Sid\": \"\",\n      \"Effect\": \"Allow\",\n      \"Action\": \"sts:AssumeRole\",\n      \"Principal\": {\n        \"Service\": \"events.amazonaws.com\"\n      }\n    }\n  ]\n}",
                            "statement.#": "1",
                            "statement.0.actions.#": "1",
                            "statement.0.actions.2528466339": "sts:AssumeRole",
                            "statement.0.condition.#": "0",
                            "statement.0.effect": "Allow",
                            "statement.0.not_actions.#": "0",
                            "statement.0.not_principals.#": "0",
                            "statement.0.not_resources.#": "0",
                            "statement.0.principals.#": "1",
                            "statement.0.principals.3055794613.identifiers.#": "1",
                            "statement.0.principals.3055794613.identifiers.1159240345": "events.amazonaws.com",
                            "statement.0.principals.3055794613.type": "Service",
                            "statement.0.resources.#": "0",
                            "statement.0.sid": ""
                        },
                        "meta": {},
                        "tainted": false
                    },
                    "deposed": [],
                    "provider": "provider.aws"
                }
            },
            "depends_on": []
        },
        {
            "path": [
                "root",
                "JobReleaseTimeSlotsFunction"
            ],
            "outputs": {
                "arn": {
                    "sensitive": false,
                    "type": "string",
                    "value": "arn:aws:lambda:us-west-2:722431446741:function:dev_JobReleaseTimeSlots"
                },
                "invoke_arn": {
                    "sensitive": false,
                    "type": "string",
                    "value": "arn:aws:apigateway:us-west-2:lambda:path/2015-03-31/functions/arn:aws:lambda:us-west-2:722431446741:function:dev_JobReleaseTimeSlots/invocations"
                }
            },
            "resources": {
                "aws_cloudwatch_log_group.function": {
                    "type": "aws_cloudwatch_log_group",
                    "depends_on": [],
                    "primary": {
                        "id": "/aws/lambda/dev_JobReleaseTimeSlots",
                        "attributes": {
                            "arn": "arn:aws:logs:us-west-2:722431446741:log-group:/aws/lambda/dev_JobReleaseTimeSlots:*",
                            "id": "/aws/lambda/dev_JobReleaseTimeSlots",
                            "kms_key_id": "",
                            "name": "/aws/lambda/dev_JobReleaseTimeSlots",
                            "retention_in_days": "3",
                            "tags.%": "0"
                        },
                        "meta": {},
                        "tainted": false
                    },
                    "deposed": [],
                    "provider": "provider.aws"
                },
                "aws_lambda_function.function": {
                    "type": "aws_lambda_function",
                    "depends_on": [],
                    "primary": {
                        "id": "dev_JobReleaseTimeSlots",
                        "attributes": {
                            "arn": "arn:aws:lambda:us-west-2:722431446741:function:dev_JobReleaseTimeSlots",
                            "dead_letter_config.#": "0",
                            "description": "Runs job to send email based on the user_drive_map table",
                            "environment.#": "1",
                            "environment.0.variables.%": "5",
                            "environment.0.variables.email": "no-reply@drivesmartcbus.com",
                            "environment.0.variables.host": "smartexperience.cynqqjdixddg.us-west-2.rds.amazonaws.com",
                            "environment.0.variables.password": "pekd84ldam3kd01",
                            "environment.0.variables.timeout_in_minutes": "10",
                            "environment.0.variables.user": "smrt",
                            "function_name": "dev_JobReleaseTimeSlots",
                            "handler": "src/JobReleaseTimeSlots.handler",
                            "id": "dev_JobReleaseTimeSlots",
                            "invoke_arn": "arn:aws:apigateway:us-west-2:lambda:path/2015-03-31/functions/arn:aws:lambda:us-west-2:722431446741:function:dev_JobReleaseTimeSlots/invocations",
                            "kms_key_arn": "",
                            "last_modified": "2018-10-22T14:37:05.171+0000",
                            "memory_size": "128",
                            "publish": "false",
                            "qualified_arn": "arn:aws:lambda:us-west-2:722431446741:function:dev_JobReleaseTimeSlots:$LATEST",
                            "reserved_concurrent_executions": "0",
                            "role": "arn:aws:iam::722431446741:role/dev_JobReleaseTimeSlotsRole",
                            "runtime": "nodejs8.10",
                            "s3_bucket": "dev-smart-experience-artifact-repo",
                            "s3_key": "lambdas.zip",
                            "source_code_hash": "uBMfhm3o7Yj28ZdrXwLXrd+xYTQj39hhAOROaxwD4Z4=",
                            "source_code_size": "3288722",
                            "tags.%": "0",
                            "timeout": "300",
                            "tracing_config.#": "1",
                            "tracing_config.0.mode": "PassThrough",
                            "version": "$LATEST",
                            "vpc_config.#": "1",
                            "vpc_config.0.security_group_ids.#": "1",
                            "vpc_config.0.security_group_ids.1883674524": "sg-0771bd1f7389bc87e",
                            "vpc_config.0.subnet_ids.#": "2",
                            "vpc_config.0.subnet_ids.2232752913": "subnet-097f5187a61c57b65",
                            "vpc_config.0.subnet_ids.2986459562": "subnet-051a0994aa493db79",
                            "vpc_config.0.vpc_id": "vpc-06d7dc7f"
                        },
                        "meta": {},
                        "tainted": false
                    },
                    "deposed": [],
                    "provider": "provider.aws"
                }
            },
            "depends_on": []
        },
        {
            "path": [
                "root",
                "JobReleaseTimeSlotsRole"
            ],
            "outputs": {
                "arn": {
                    "sensitive": false,
                    "type": "string",
                    "value": "arn:aws:iam::722431446741:role/dev_JobReleaseTimeSlotsRole"
                },
                "name": {
                    "sensitive": false,
                    "type": "string",
                    "value": "dev_JobReleaseTimeSlotsRole"
                }
            },
            "resources": {
                "aws_iam_policy.lambda_logging_policy": {
                    "type": "aws_iam_policy",
                    "depends_on": [
                        "data.aws_iam_policy_document.logging_policy_statement"
                    ],
                    "primary": {
                        "id": "arn:aws:iam::722431446741:policy/logging_policy_for_dev_JobReleaseTimeSlotsRole",
                        "attributes": {
                            "arn": "arn:aws:iam::722431446741:policy/logging_policy_for_dev_JobReleaseTimeSlotsRole",
                            "description": "Allows AWS Lambda to create and write logs",
                            "id": "arn:aws:iam::722431446741:policy/logging_policy_for_dev_JobReleaseTimeSlotsRole",
                            "name": "logging_policy_for_dev_JobReleaseTimeSlotsRole",
                            "path": "/",
                            "policy": "{\n  \"Version\": \"2012-10-17\",\n  \"Statement\": [\n    {\n      \"Sid\": \"\",\n      \"Effect\": \"Allow\",\n      \"Action\": [\n        \"logs:PutLogEvents\",\n        \"logs:CreateLogStream\",\n        \"logs:CreateLogGroup\"\n      ],\n      \"Resource\": \"arn:aws:logs:*:*:*\"\n    }\n  ]\n}"
                        },
                        "meta": {},
                        "tainted": false
                    },
                    "deposed": [],
                    "provider": "provider.aws"
                },
                "aws_iam_role.role": {
                    "type": "aws_iam_role",
                    "depends_on": [
                        "data.aws_iam_policy_document.lambda_policy"
                    ],
                    "primary": {
                        "id": "dev_JobReleaseTimeSlotsRole",
                        "attributes": {
                            "arn": "arn:aws:iam::722431446741:role/dev_JobReleaseTimeSlotsRole",
                            "assume_role_policy": "{\"Version\":\"2012-10-17\",\"Statement\":[{\"Sid\":\"\",\"Effect\":\"Allow\",\"Principal\":{\"Service\":[\"apigateway.amazonaws.com\",\"lambda.amazonaws.com\"]},\"Action\":\"sts:AssumeRole\"}]}",
                            "create_date": "2018-10-01T16:31:00Z",
                            "description": "",
                            "force_detach_policies": "false",
                            "id": "dev_JobReleaseTimeSlotsRole",
                            "max_session_duration": "3600",
                            "name": "dev_JobReleaseTimeSlotsRole",
                            "path": "/",
                            "unique_id": "AROAI4ST7TDHQKXY3BKLE"
                        },
                        "meta": {},
                        "tainted": false
                    },
                    "deposed": [],
                    "provider": "provider.aws"
                },
                "aws_iam_role_policy_attachment.Attach_Logging_Role": {
                    "type": "aws_iam_role_policy_attachment",
                    "depends_on": [
                        "aws_iam_policy.lambda_logging_policy",
                        "aws_iam_role.role"
                    ],
                    "primary": {
                        "id": "dev_JobReleaseTimeSlotsRole-20181001163101651400000003",
                        "attributes": {
                            "id": "dev_JobReleaseTimeSlotsRole-20181001163101651400000003",
                            "policy_arn": "arn:aws:iam::722431446741:policy/logging_policy_for_dev_JobReleaseTimeSlotsRole",
                            "role": "dev_JobReleaseTimeSlotsRole"
                        },
                        "meta": {},
                        "tainted": false
                    },
                    "deposed": [],
                    "provider": "provider.aws"
                },
                "aws_iam_role_policy_attachment.Attach_VPC_Policy": {
                    "type": "aws_iam_role_policy_attachment",
                    "depends_on": [
                        "aws_iam_role.role"
                    ],
                    "primary": {
                        "id": "dev_JobReleaseTimeSlotsRole-20181001163101296300000001",
                        "attributes": {
                            "id": "dev_JobReleaseTimeSlotsRole-20181001163101296300000001",
                            "policy_arn": "arn:aws:iam::aws:policy/service-role/AWSLambdaVPCAccessExecutionRole",
                            "role": "dev_JobReleaseTimeSlotsRole"
                        },
                        "meta": {},
                        "tainted": false
                    },
                    "deposed": [],
                    "provider": "provider.aws"
                },
                "data.aws_iam_policy_document.lambda_policy": {
                    "type": "aws_iam_policy_document",
                    "depends_on": [],
                    "primary": {
                        "id": "3127519745",
                        "attributes": {
                            "id": "3127519745",
                            "json": "{\n  \"Version\": \"2012-10-17\",\n  \"Statement\": [\n    {\n      \"Sid\": \"\",\n      \"Effect\": \"Allow\",\n      \"Action\": \"sts:AssumeRole\",\n      \"Principal\": {\n        \"Service\": [\n          \"lambda.amazonaws.com\",\n          \"apigateway.amazonaws.com\"\n        ]\n      }\n    }\n  ]\n}",
                            "statement.#": "1",
                            "statement.0.actions.#": "1",
                            "statement.0.actions.2528466339": "sts:AssumeRole",
                            "statement.0.condition.#": "0",
                            "statement.0.effect": "Allow",
                            "statement.0.not_actions.#": "0",
                            "statement.0.not_principals.#": "0",
                            "statement.0.not_resources.#": "0",
                            "statement.0.principals.#": "1",
                            "statement.0.principals.1632598396.identifiers.#": "2",
                            "statement.0.principals.1632598396.identifiers.1175233861": "apigateway.amazonaws.com",
                            "statement.0.principals.1632598396.identifiers.2638019528": "lambda.amazonaws.com",
                            "statement.0.principals.1632598396.type": "Service",
                            "statement.0.resources.#": "0",
                            "statement.0.sid": ""
                        },
                        "meta": {},
                        "tainted": false
                    },
                    "deposed": [],
                    "provider": "provider.aws"
                },
                "data.aws_iam_policy_document.logging_policy_statement": {
                    "type": "aws_iam_policy_document",
                    "depends_on": [],
                    "primary": {
                        "id": "4063422367",
                        "attributes": {
                            "id": "4063422367",
                            "json": "{\n  \"Version\": \"2012-10-17\",\n  \"Statement\": [\n    {\n      \"Sid\": \"\",\n      \"Effect\": \"Allow\",\n      \"Action\": [\n        \"logs:PutLogEvents\",\n        \"logs:CreateLogStream\",\n        \"logs:CreateLogGroup\"\n      ],\n      \"Resource\": \"arn:aws:logs:*:*:*\"\n    }\n  ]\n}",
                            "statement.#": "1",
                            "statement.0.actions.#": "3",
                            "statement.0.actions.2809485102": "logs:CreateLogGroup",
                            "statement.0.actions.3285979848": "logs:CreateLogStream",
                            "statement.0.actions.39743051": "logs:PutLogEvents",
                            "statement.0.condition.#": "0",
                            "statement.0.effect": "Allow",
                            "statement.0.not_actions.#": "0",
                            "statement.0.not_principals.#": "0",
                            "statement.0.not_resources.#": "0",
                            "statement.0.principals.#": "0",
                            "statement.0.resources.#": "1",
                            "statement.0.resources.162423377": "arn:aws:logs:*:*:*",
                            "statement.0.sid": ""
                        },
                        "meta": {},
                        "tainted": false
                    },
                    "deposed": [],
                    "provider": "provider.aws"
                }
            },
            "depends_on": []
        },
        {
            "path": [
                "root",
                "JobReleaseTimeSlotsTimer"
            ],
            "outputs": {},
            "resources": {
                "aws_cloudwatch_event_rule.event_rule": {
                    "type": "aws_cloudwatch_event_rule",
                    "depends_on": [
                        "aws_iam_role.Cloudwatch_Event_Invoke_Lambda_Role"
                    ],
                    "primary": {
                        "id": "dev_JobReleaseTimeSlotsSchedule_CWEventRule",
                        "attributes": {
                            "arn": "arn:aws:events:us-west-2:722431446741:rule/dev_JobReleaseTimeSlotsSchedule_CWEventRule",
                            "description": "Runs every minute",
                            "id": "dev_JobReleaseTimeSlotsSchedule_CWEventRule",
                            "is_enabled": "true",
                            "name": "dev_JobReleaseTimeSlotsSchedule_CWEventRule",
                            "role_arn": "arn:aws:iam::722431446741:role/dev_JobReleaseTimeSlotsSchedule_InvokeLambdaRole",
                            "schedule_expression": "rate(1 minute)"
                        },
                        "meta": {},
                        "tainted": false
                    },
                    "deposed": [],
                    "provider": "provider.aws"
                },
                "aws_cloudwatch_event_target.stepitup-initialize-connection-target": {
                    "type": "aws_cloudwatch_event_target",
                    "depends_on": [
                        "aws_cloudwatch_event_rule.event_rule"
                    ],
                    "primary": {
                        "id": "dev_JobReleaseTimeSlotsSchedule_CWEventRule-terraform-20181001163120755800000004",
                        "attributes": {
                            "arn": "arn:aws:lambda:us-west-2:722431446741:function:dev_JobReleaseTimeSlots",
                            "id": "dev_JobReleaseTimeSlotsSchedule_CWEventRule-terraform-20181001163120755800000004",
                            "input": "",
                            "input_path": "",
                            "role_arn": "",
                            "rule": "dev_JobReleaseTimeSlotsSchedule_CWEventRule",
                            "target_id": "terraform-20181001163120755800000004"
                        },
                        "meta": {},
                        "tainted": false
                    },
                    "deposed": [],
                    "provider": "provider.aws"
                },
                "aws_iam_role.Cloudwatch_Event_Invoke_Lambda_Role": {
                    "type": "aws_iam_role",
                    "depends_on": [
                        "data.aws_iam_policy_document.cloudwatch_events_assume_role"
                    ],
                    "primary": {
                        "id": "dev_JobReleaseTimeSlotsSchedule_InvokeLambdaRole",
                        "attributes": {
                            "arn": "arn:aws:iam::722431446741:role/dev_JobReleaseTimeSlotsSchedule_InvokeLambdaRole",
                            "assume_role_policy": "{\"Version\":\"2012-10-17\",\"Statement\":[{\"Sid\":\"\",\"Effect\":\"Allow\",\"Principal\":{\"Service\":\"events.amazonaws.com\"},\"Action\":\"sts:AssumeRole\"}]}",
                            "create_date": "2018-10-01T16:31:00Z",
                            "description": "",
                            "force_detach_policies": "false",
                            "id": "dev_JobReleaseTimeSlotsSchedule_InvokeLambdaRole",
                            "max_session_duration": "3600",
                            "name": "dev_JobReleaseTimeSlotsSchedule_InvokeLambdaRole",
                            "path": "/",
                            "unique_id": "AROAID6KG5CEDKCBLHWSS"
                        },
                        "meta": {},
                        "tainted": false
                    },
                    "deposed": [],
                    "provider": "provider.aws"
                },
                "aws_lambda_permission.cloudwatch_schedule_invoke_stepitup_initialize": {
                    "type": "aws_lambda_permission",
                    "depends_on": [],
                    "primary": {
                        "id": "cloudwatch_schedule_invoke_dev_JobReleaseTimeSlotsSchedule",
                        "attributes": {
                            "action": "lambda:InvokeFunction",
                            "function_name": "arn:aws:lambda:us-west-2:722431446741:function:dev_JobReleaseTimeSlots",
                            "id": "cloudwatch_schedule_invoke_dev_JobReleaseTimeSlotsSchedule",
                            "principal": "events.amazonaws.com",
                            "qualifier": "",
                            "statement_id": "cloudwatch_schedule_invoke_dev_JobReleaseTimeSlotsSchedule"
                        },
                        "meta": {},
                        "tainted": false
                    },
                    "deposed": [],
                    "provider": "provider.aws"
                },
                "data.aws_iam_policy_document.cloudwatch_events_assume_role": {
                    "type": "aws_iam_policy_document",
                    "depends_on": [],
                    "primary": {
                        "id": "2423734833",
                        "attributes": {
                            "id": "2423734833",
                            "json": "{\n  \"Version\": \"2012-10-17\",\n  \"Statement\": [\n    {\n      \"Sid\": \"\",\n      \"Effect\": \"Allow\",\n      \"Action\": \"sts:AssumeRole\",\n      \"Principal\": {\n        \"Service\": \"events.amazonaws.com\"\n      }\n    }\n  ]\n}",
                            "statement.#": "1",
                            "statement.0.actions.#": "1",
                            "statement.0.actions.2528466339": "sts:AssumeRole",
                            "statement.0.condition.#": "0",
                            "statement.0.effect": "Allow",
                            "statement.0.not_actions.#": "0",
                            "statement.0.not_principals.#": "0",
                            "statement.0.not_resources.#": "0",
                            "statement.0.principals.#": "1",
                            "statement.0.principals.3055794613.identifiers.#": "1",
                            "statement.0.principals.3055794613.identifiers.1159240345": "events.amazonaws.com",
                            "statement.0.principals.3055794613.type": "Service",
                            "statement.0.resources.#": "0",
                            "statement.0.sid": ""
                        },
                        "meta": {},
                        "tainted": false
                    },
                    "deposed": [],
                    "provider": "provider.aws"
                }
            },
            "depends_on": []
        },
        {
            "path": [
                "root",
                "JobReleaseTimeSlots_policy_attachment"
            ],
            "outputs": {},
            "resources": {
                "aws_iam_policy.policy_to_create": {
                    "type": "aws_iam_policy",
                    "depends_on": [],
                    "primary": {
                        "id": "arn:aws:iam::722431446741:policy/dev_JobReleaseTimeSlots_Policy",
                        "attributes": {
                            "arn": "arn:aws:iam::722431446741:policy/dev_JobReleaseTimeSlots_Policy",
                            "description": "",
                            "id": "arn:aws:iam::722431446741:policy/dev_JobReleaseTimeSlots_Policy",
                            "name": "dev_JobReleaseTimeSlots_Policy",
                            "path": "/",
                            "policy": "{\n  \"Version\": \"2012-10-17\",\n  \"Statement\": [\n    {\n      \"Sid\": \"\",\n      \"Effect\": \"Allow\",\n      \"Action\": \"ses:SendTemplatedEmail\",\n      \"Resource\": \"arn:aws:ses:us-west-2:722431446741:identity/no-reply@devdrivesmartcbus.com\"\n    }\n  ]\n}"
                        },
                        "meta": {},
                        "tainted": false
                    },
                    "deposed": [],
                    "provider": "provider.aws"
                },
                "aws_iam_role_policy_attachment.attach_new_policy_to_role": {
                    "type": "aws_iam_role_policy_attachment",
                    "depends_on": [
                        "aws_iam_policy.policy_to_create"
                    ],
                    "primary": {
                        "id": "dev_JobReleaseTimeSlotsRole-20181001163101651400000002",
                        "attributes": {
                            "id": "dev_JobReleaseTimeSlotsRole-20181001163101651400000002",
                            "policy_arn": "arn:aws:iam::722431446741:policy/dev_JobReleaseTimeSlots_Policy",
                            "role": "dev_JobReleaseTimeSlotsRole"
                        },
                        "meta": {},
                        "tainted": false
                    },
                    "deposed": [],
                    "provider": "provider.aws"
                }
            },
            "depends_on": []
        },
        {
            "path": [
                "root",
                "JobSendConfirmationEmailFunction"
            ],
            "outputs": {
                "arn": {
                    "sensitive": false,
                    "type": "string",
                    "value": "arn:aws:lambda:us-west-2:722431446741:function:dev_JobSendConfirmationEmail"
                },
                "invoke_arn": {
                    "sensitive": false,
                    "type": "string",
                    "value": "arn:aws:apigateway:us-west-2:lambda:path/2015-03-31/functions/arn:aws:lambda:us-west-2:722431446741:function:dev_JobSendConfirmationEmail/invocations"
                }
            },
            "resources": {
                "aws_cloudwatch_log_group.function": {
                    "type": "aws_cloudwatch_log_group",
                    "depends_on": [],
                    "primary": {
                        "id": "/aws/lambda/dev_JobSendConfirmationEmail",
                        "attributes": {
                            "arn": "arn:aws:logs:us-west-2:722431446741:log-group:/aws/lambda/dev_JobSendConfirmationEmail:*",
                            "id": "/aws/lambda/dev_JobSendConfirmationEmail",
                            "kms_key_id": "",
                            "name": "/aws/lambda/dev_JobSendConfirmationEmail",
                            "retention_in_days": "3",
                            "tags.%": "0"
                        },
                        "meta": {},
                        "tainted": false
                    },
                    "deposed": [],
                    "provider": "provider.aws"
                },
                "aws_lambda_function.function": {
                    "type": "aws_lambda_function",
                    "depends_on": [],
                    "primary": {
                        "id": "dev_JobSendConfirmationEmail",
                        "attributes": {
                            "arn": "arn:aws:lambda:us-west-2:722431446741:function:dev_JobSendConfirmationEmail",
                            "dead_letter_config.#": "0",
                            "description": "Runs job to send email based on the user_drive_map table",
                            "environment.#": "1",
                            "environment.0.variables.%": "4",
                            "environment.0.variables.email": "no-reply@drivesmartcbus.com",
                            "environment.0.variables.host": "smartexperience.cynqqjdixddg.us-west-2.rds.amazonaws.com",
                            "environment.0.variables.password": "pekd84ldam3kd01",
                            "environment.0.variables.user": "smrt",
                            "function_name": "dev_JobSendConfirmationEmail",
                            "handler": "src/JobSendConfirmationEmail.handler",
                            "id": "dev_JobSendConfirmationEmail",
                            "invoke_arn": "arn:aws:apigateway:us-west-2:lambda:path/2015-03-31/functions/arn:aws:lambda:us-west-2:722431446741:function:dev_JobSendConfirmationEmail/invocations",
                            "kms_key_arn": "",
                            "last_modified": "2018-10-22T14:37:01.410+0000",
                            "memory_size": "128",
                            "publish": "false",
                            "qualified_arn": "arn:aws:lambda:us-west-2:722431446741:function:dev_JobSendConfirmationEmail:$LATEST",
                            "reserved_concurrent_executions": "0",
                            "role": "arn:aws:iam::722431446741:role/dev_JobSendConfirmationEmailRole",
                            "runtime": "nodejs8.10",
                            "s3_bucket": "dev-smart-experience-artifact-repo",
                            "s3_key": "lambdas.zip",
                            "source_code_hash": "uBMfhm3o7Yj28ZdrXwLXrd+xYTQj39hhAOROaxwD4Z4=",
                            "source_code_size": "3288722",
                            "tags.%": "0",
                            "timeout": "300",
                            "tracing_config.#": "1",
                            "tracing_config.0.mode": "PassThrough",
                            "version": "$LATEST",
                            "vpc_config.#": "1",
                            "vpc_config.0.security_group_ids.#": "1",
                            "vpc_config.0.security_group_ids.1883674524": "sg-0771bd1f7389bc87e",
                            "vpc_config.0.subnet_ids.#": "2",
                            "vpc_config.0.subnet_ids.2232752913": "subnet-097f5187a61c57b65",
                            "vpc_config.0.subnet_ids.2986459562": "subnet-051a0994aa493db79",
                            "vpc_config.0.vpc_id": "vpc-06d7dc7f"
                        },
                        "meta": {},
                        "tainted": false
                    },
                    "deposed": [],
                    "provider": "provider.aws"
                }
            },
            "depends_on": []
        },
        {
            "path": [
                "root",
                "JobSendConfirmationEmailRole"
            ],
            "outputs": {
                "arn": {
                    "sensitive": false,
                    "type": "string",
                    "value": "arn:aws:iam::722431446741:role/dev_JobSendConfirmationEmailRole"
                },
                "name": {
                    "sensitive": false,
                    "type": "string",
                    "value": "dev_JobSendConfirmationEmailRole"
                }
            },
            "resources": {
                "aws_iam_policy.lambda_logging_policy": {
                    "type": "aws_iam_policy",
                    "depends_on": [
                        "data.aws_iam_policy_document.logging_policy_statement"
                    ],
                    "primary": {
                        "id": "arn:aws:iam::722431446741:policy/logging_policy_for_dev_JobSendConfirmationEmailRole",
                        "attributes": {
                            "arn": "arn:aws:iam::722431446741:policy/logging_policy_for_dev_JobSendConfirmationEmailRole",
                            "description": "Allows AWS Lambda to create and write logs",
                            "id": "arn:aws:iam::722431446741:policy/logging_policy_for_dev_JobSendConfirmationEmailRole",
                            "name": "logging_policy_for_dev_JobSendConfirmationEmailRole",
                            "path": "/",
                            "policy": "{\n  \"Version\": \"2012-10-17\",\n  \"Statement\": [\n    {\n      \"Sid\": \"\",\n      \"Effect\": \"Allow\",\n      \"Action\": [\n        \"logs:PutLogEvents\",\n        \"logs:CreateLogStream\",\n        \"logs:CreateLogGroup\"\n      ],\n      \"Resource\": \"arn:aws:logs:*:*:*\"\n    }\n  ]\n}"
                        },
                        "meta": {},
                        "tainted": false
                    },
                    "deposed": [],
                    "provider": "provider.aws"
                },
                "aws_iam_role.role": {
                    "type": "aws_iam_role",
                    "depends_on": [
                        "data.aws_iam_policy_document.lambda_policy"
                    ],
                    "primary": {
                        "id": "dev_JobSendConfirmationEmailRole",
                        "attributes": {
                            "arn": "arn:aws:iam::722431446741:role/dev_JobSendConfirmationEmailRole",
                            "assume_role_policy": "{\"Version\":\"2012-10-17\",\"Statement\":[{\"Sid\":\"\",\"Effect\":\"Allow\",\"Principal\":{\"Service\":[\"lambda.amazonaws.com\",\"apigateway.amazonaws.com\"]},\"Action\":\"sts:AssumeRole\"}]}",
                            "create_date": "2018-09-24T15:31:58Z",
                            "description": "",
                            "force_detach_policies": "false",
                            "id": "dev_JobSendConfirmationEmailRole",
                            "max_session_duration": "3600",
                            "name": "dev_JobSendConfirmationEmailRole",
                            "path": "/",
                            "unique_id": "AROAIHIEUJPHBKLLKKVQO"
                        },
                        "meta": {},
                        "tainted": false
                    },
                    "deposed": [],
                    "provider": "provider.aws"
                },
                "aws_iam_role_policy_attachment.Attach_Logging_Role": {
                    "type": "aws_iam_role_policy_attachment",
                    "depends_on": [
                        "aws_iam_policy.lambda_logging_policy",
                        "aws_iam_role.role"
                    ],
                    "primary": {
                        "id": "dev_JobSendConfirmationEmailRole-2018092415321863650000001d",
                        "attributes": {
                            "id": "dev_JobSendConfirmationEmailRole-2018092415321863650000001d",
                            "policy_arn": "arn:aws:iam::722431446741:policy/logging_policy_for_dev_JobSendConfirmationEmailRole",
                            "role": "dev_JobSendConfirmationEmailRole"
                        },
                        "meta": {},
                        "tainted": false
                    },
                    "deposed": [],
                    "provider": "provider.aws"
                },
                "aws_iam_role_policy_attachment.Attach_VPC_Policy": {
                    "type": "aws_iam_role_policy_attachment",
                    "depends_on": [
                        "aws_iam_role.role"
                    ],
                    "primary": {
                        "id": "dev_JobSendConfirmationEmailRole-20180924153214996100000007",
                        "attributes": {
                            "id": "dev_JobSendConfirmationEmailRole-20180924153214996100000007",
                            "policy_arn": "arn:aws:iam::aws:policy/service-role/AWSLambdaVPCAccessExecutionRole",
                            "role": "dev_JobSendConfirmationEmailRole"
                        },
                        "meta": {},
                        "tainted": false
                    },
                    "deposed": [],
                    "provider": "provider.aws"
                },
                "data.aws_iam_policy_document.lambda_policy": {
                    "type": "aws_iam_policy_document",
                    "depends_on": [],
                    "primary": {
                        "id": "3127519745",
                        "attributes": {
                            "id": "3127519745",
                            "json": "{\n  \"Version\": \"2012-10-17\",\n  \"Statement\": [\n    {\n      \"Sid\": \"\",\n      \"Effect\": \"Allow\",\n      \"Action\": \"sts:AssumeRole\",\n      \"Principal\": {\n        \"Service\": [\n          \"lambda.amazonaws.com\",\n          \"apigateway.amazonaws.com\"\n        ]\n      }\n    }\n  ]\n}",
                            "statement.#": "1",
                            "statement.0.actions.#": "1",
                            "statement.0.actions.2528466339": "sts:AssumeRole",
                            "statement.0.condition.#": "0",
                            "statement.0.effect": "Allow",
                            "statement.0.not_actions.#": "0",
                            "statement.0.not_principals.#": "0",
                            "statement.0.not_resources.#": "0",
                            "statement.0.principals.#": "1",
                            "statement.0.principals.1632598396.identifiers.#": "2",
                            "statement.0.principals.1632598396.identifiers.1175233861": "apigateway.amazonaws.com",
                            "statement.0.principals.1632598396.identifiers.2638019528": "lambda.amazonaws.com",
                            "statement.0.principals.1632598396.type": "Service",
                            "statement.0.resources.#": "0",
                            "statement.0.sid": ""
                        },
                        "meta": {},
                        "tainted": false
                    },
                    "deposed": [],
                    "provider": "provider.aws"
                },
                "data.aws_iam_policy_document.logging_policy_statement": {
                    "type": "aws_iam_policy_document",
                    "depends_on": [],
                    "primary": {
                        "id": "4063422367",
                        "attributes": {
                            "id": "4063422367",
                            "json": "{\n  \"Version\": \"2012-10-17\",\n  \"Statement\": [\n    {\n      \"Sid\": \"\",\n      \"Effect\": \"Allow\",\n      \"Action\": [\n        \"logs:PutLogEvents\",\n        \"logs:CreateLogStream\",\n        \"logs:CreateLogGroup\"\n      ],\n      \"Resource\": \"arn:aws:logs:*:*:*\"\n    }\n  ]\n}",
                            "statement.#": "1",
                            "statement.0.actions.#": "3",
                            "statement.0.actions.2809485102": "logs:CreateLogGroup",
                            "statement.0.actions.3285979848": "logs:CreateLogStream",
                            "statement.0.actions.39743051": "logs:PutLogEvents",
                            "statement.0.condition.#": "0",
                            "statement.0.effect": "Allow",
                            "statement.0.not_actions.#": "0",
                            "statement.0.not_principals.#": "0",
                            "statement.0.not_resources.#": "0",
                            "statement.0.principals.#": "0",
                            "statement.0.resources.#": "1",
                            "statement.0.resources.162423377": "arn:aws:logs:*:*:*",
                            "statement.0.sid": ""
                        },
                        "meta": {},
                        "tainted": false
                    },
                    "deposed": [],
                    "provider": "provider.aws"
                }
            },
            "depends_on": []
        },
        {
            "path": [
                "root",
                "JobSendConfirmationEmailTimer"
            ],
            "outputs": {},
            "resources": {
                "aws_cloudwatch_event_rule.event_rule": {
                    "type": "aws_cloudwatch_event_rule",
                    "depends_on": [
                        "aws_iam_role.Cloudwatch_Event_Invoke_Lambda_Role"
                    ],
                    "primary": {
                        "id": "dev_JobSendConfirmationEmailSchedule_CWEventRule",
                        "attributes": {
                            "arn": "arn:aws:events:us-west-2:722431446741:rule/dev_JobSendConfirmationEmailSchedule_CWEventRule",
                            "description": "Runs every minute",
                            "id": "dev_JobSendConfirmationEmailSchedule_CWEventRule",
                            "is_enabled": "true",
                            "name": "dev_JobSendConfirmationEmailSchedule_CWEventRule",
                            "role_arn": "arn:aws:iam::722431446741:role/dev_JobSendConfirmationEmailSchedule_InvokeLambdaRole",
                            "schedule_expression": "rate(1 minute)"
                        },
                        "meta": {},
                        "tainted": false
                    },
                    "deposed": [],
                    "provider": "provider.aws"
                },
                "aws_cloudwatch_event_target.stepitup-initialize-connection-target": {
                    "type": "aws_cloudwatch_event_target",
                    "depends_on": [
                        "aws_cloudwatch_event_rule.event_rule"
                    ],
                    "primary": {
                        "id": "dev_JobSendConfirmationEmailSchedule_CWEventRule-terraform-20180925004558370800000005",
                        "attributes": {
                            "arn": "arn:aws:lambda:us-west-2:722431446741:function:dev_JobSendConfirmationEmail",
                            "id": "dev_JobSendConfirmationEmailSchedule_CWEventRule-terraform-20180925004558370800000005",
                            "input": "",
                            "input_path": "",
                            "role_arn": "",
                            "rule": "dev_JobSendConfirmationEmailSchedule_CWEventRule",
                            "target_id": "terraform-20180925004558370800000005"
                        },
                        "meta": {},
                        "tainted": false
                    },
                    "deposed": [],
                    "provider": "provider.aws"
                },
                "aws_iam_role.Cloudwatch_Event_Invoke_Lambda_Role": {
                    "type": "aws_iam_role",
                    "depends_on": [
                        "data.aws_iam_policy_document.cloudwatch_events_assume_role"
                    ],
                    "primary": {
                        "id": "dev_JobSendConfirmationEmailSchedule_InvokeLambdaRole",
                        "attributes": {
                            "arn": "arn:aws:iam::722431446741:role/dev_JobSendConfirmationEmailSchedule_InvokeLambdaRole",
                            "assume_role_policy": "{\"Version\":\"2012-10-17\",\"Statement\":[{\"Sid\":\"\",\"Effect\":\"Allow\",\"Principal\":{\"Service\":\"events.amazonaws.com\"},\"Action\":\"sts:AssumeRole\"}]}",
                            "create_date": "2018-09-24T15:32:03Z",
                            "description": "",
                            "force_detach_policies": "false",
                            "id": "dev_JobSendConfirmationEmailSchedule_InvokeLambdaRole",
                            "max_session_duration": "3600",
                            "name": "dev_JobSendConfirmationEmailSchedule_InvokeLambdaRole",
                            "path": "/",
                            "unique_id": "AROAJSIQY46MIOZNYPUBQ"
                        },
                        "meta": {},
                        "tainted": false
                    },
                    "deposed": [],
                    "provider": "provider.aws"
                },
                "aws_lambda_permission.cloudwatch_schedule_invoke_stepitup_initialize": {
                    "type": "aws_lambda_permission",
                    "depends_on": [],
                    "primary": {
                        "id": "cloudwatch_schedule_invoke_dev_JobSendConfirmationEmailSchedule",
                        "attributes": {
                            "action": "lambda:InvokeFunction",
                            "function_name": "arn:aws:lambda:us-west-2:722431446741:function:dev_JobSendConfirmationEmail",
                            "id": "cloudwatch_schedule_invoke_dev_JobSendConfirmationEmailSchedule",
                            "principal": "events.amazonaws.com",
                            "qualifier": "",
                            "statement_id": "cloudwatch_schedule_invoke_dev_JobSendConfirmationEmailSchedule"
                        },
                        "meta": {},
                        "tainted": false
                    },
                    "deposed": [],
                    "provider": "provider.aws"
                },
                "data.aws_iam_policy_document.cloudwatch_events_assume_role": {
                    "type": "aws_iam_policy_document",
                    "depends_on": [],
                    "primary": {
                        "id": "2423734833",
                        "attributes": {
                            "id": "2423734833",
                            "json": "{\n  \"Version\": \"2012-10-17\",\n  \"Statement\": [\n    {\n      \"Sid\": \"\",\n      \"Effect\": \"Allow\",\n      \"Action\": \"sts:AssumeRole\",\n      \"Principal\": {\n        \"Service\": \"events.amazonaws.com\"\n      }\n    }\n  ]\n}",
                            "statement.#": "1",
                            "statement.0.actions.#": "1",
                            "statement.0.actions.2528466339": "sts:AssumeRole",
                            "statement.0.condition.#": "0",
                            "statement.0.effect": "Allow",
                            "statement.0.not_actions.#": "0",
                            "statement.0.not_principals.#": "0",
                            "statement.0.not_resources.#": "0",
                            "statement.0.principals.#": "1",
                            "statement.0.principals.3055794613.identifiers.#": "1",
                            "statement.0.principals.3055794613.identifiers.1159240345": "events.amazonaws.com",
                            "statement.0.principals.3055794613.type": "Service",
                            "statement.0.resources.#": "0",
                            "statement.0.sid": ""
                        },
                        "meta": {},
                        "tainted": false
                    },
                    "deposed": [],
                    "provider": "provider.aws"
                }
            },
            "depends_on": []
        },
        {
            "path": [
                "root",
                "JobSendConfirmationEmail_policy_attachment"
            ],
            "outputs": {},
            "resources": {
                "aws_iam_policy.policy_to_create": {
                    "type": "aws_iam_policy",
                    "depends_on": [],
                    "primary": {
                        "id": "arn:aws:iam::722431446741:policy/dev_JobSendConfirmationEmail_Policy",
                        "attributes": {
                            "arn": "arn:aws:iam::722431446741:policy/dev_JobSendConfirmationEmail_Policy",
                            "description": "",
                            "id": "arn:aws:iam::722431446741:policy/dev_JobSendConfirmationEmail_Policy",
                            "name": "dev_JobSendConfirmationEmail_Policy",
                            "path": "/",
                            "policy": "{\n  \"Version\": \"2012-10-17\",\n  \"Statement\": [\n    {\n      \"Sid\": \"\",\n      \"Effect\": \"Allow\",\n      \"Action\": \"ses:SendTemplatedEmail\",\n      \"Resource\": \"arn:aws:ses:us-west-2:722431446741:identity/no-reply@devdrivesmartcbus.com\"\n    }\n  ]\n}"
                        },
                        "meta": {},
                        "tainted": false
                    },
                    "deposed": [],
                    "provider": "provider.aws"
                },
                "aws_iam_role_policy_attachment.attach_new_policy_to_role": {
                    "type": "aws_iam_role_policy_attachment",
                    "depends_on": [
                        "aws_iam_policy.policy_to_create"
                    ],
                    "primary": {
                        "id": "dev_JobSendConfirmationEmailRole-20180924153226990400000027",
                        "attributes": {
                            "id": "dev_JobSendConfirmationEmailRole-20180924153226990400000027",
                            "policy_arn": "arn:aws:iam::722431446741:policy/dev_JobSendConfirmationEmail_Policy",
                            "role": "dev_JobSendConfirmationEmailRole"
                        },
                        "meta": {},
                        "tainted": false
                    },
                    "deposed": [],
                    "provider": "provider.aws"
                }
            },
            "depends_on": []
        },
        {
            "path": [
                "root",
                "JobWeeklyEmailAnalyticsFunction"
            ],
            "outputs": {
                "arn": {
                    "sensitive": false,
                    "type": "string",
                    "value": "arn:aws:lambda:us-west-2:722431446741:function:dev_JobWeeklyEmailAnalytics"
                },
                "invoke_arn": {
                    "sensitive": false,
                    "type": "string",
                    "value": "arn:aws:apigateway:us-west-2:lambda:path/2015-03-31/functions/arn:aws:lambda:us-west-2:722431446741:function:dev_JobWeeklyEmailAnalytics/invocations"
                }
            },
            "resources": {
                "aws_cloudwatch_log_group.function": {
                    "type": "aws_cloudwatch_log_group",
                    "depends_on": [],
                    "primary": {
                        "id": "/aws/lambda/dev_JobWeeklyEmailAnalytics",
                        "attributes": {
                            "arn": "arn:aws:logs:us-west-2:722431446741:log-group:/aws/lambda/dev_JobWeeklyEmailAnalytics:*",
                            "id": "/aws/lambda/dev_JobWeeklyEmailAnalytics",
                            "kms_key_id": "",
                            "name": "/aws/lambda/dev_JobWeeklyEmailAnalytics",
                            "retention_in_days": "3",
                            "tags.%": "0"
                        },
                        "meta": {},
                        "tainted": false
                    },
                    "deposed": [],
                    "provider": "provider.aws"
                },
                "aws_lambda_function.function": {
                    "type": "aws_lambda_function",
                    "depends_on": [],
                    "primary": {
                        "id": "dev_JobWeeklyEmailAnalytics",
                        "attributes": {
                            "arn": "arn:aws:lambda:us-west-2:722431446741:function:dev_JobWeeklyEmailAnalytics",
                            "dead_letter_config.#": "0",
                            "description": "Runs job to send email based on the user_drive_map table",
                            "environment.#": "1",
                            "environment.0.variables.%": "5",
                            "environment.0.variables.email": "no-reply@drivesmartcbus.com",
                            "environment.0.variables.host": "smartexperience.cynqqjdixddg.us-west-2.rds.amazonaws.com",
                            "environment.0.variables.password": "pekd84ldam3kd01",
                            "environment.0.variables.send_to_email": "none@none.com",
                            "environment.0.variables.user": "smrt",
                            "function_name": "dev_JobWeeklyEmailAnalytics",
                            "handler": "src/JobWeeklyEmailAnalytics.handler",
                            "id": "dev_JobWeeklyEmailAnalytics",
                            "invoke_arn": "arn:aws:apigateway:us-west-2:lambda:path/2015-03-31/functions/arn:aws:lambda:us-west-2:722431446741:function:dev_JobWeeklyEmailAnalytics/invocations",
                            "kms_key_arn": "",
                            "last_modified": "2018-10-22T14:37:02.606+0000",
                            "memory_size": "128",
                            "publish": "false",
                            "qualified_arn": "arn:aws:lambda:us-west-2:722431446741:function:dev_JobWeeklyEmailAnalytics:$LATEST",
                            "reserved_concurrent_executions": "0",
                            "role": "arn:aws:iam::722431446741:role/dev_JobWeeklyEmailAnalyticsRole",
                            "runtime": "nodejs8.10",
                            "s3_bucket": "dev-smart-experience-artifact-repo",
                            "s3_key": "lambdas.zip",
                            "source_code_hash": "uBMfhm3o7Yj28ZdrXwLXrd+xYTQj39hhAOROaxwD4Z4=",
                            "source_code_size": "3288722",
                            "tags.%": "0",
                            "timeout": "300",
                            "tracing_config.#": "1",
                            "tracing_config.0.mode": "PassThrough",
                            "version": "$LATEST",
                            "vpc_config.#": "1",
                            "vpc_config.0.security_group_ids.#": "1",
                            "vpc_config.0.security_group_ids.1883674524": "sg-0771bd1f7389bc87e",
                            "vpc_config.0.subnet_ids.#": "2",
                            "vpc_config.0.subnet_ids.2232752913": "subnet-097f5187a61c57b65",
                            "vpc_config.0.subnet_ids.2986459562": "subnet-051a0994aa493db79",
                            "vpc_config.0.vpc_id": "vpc-06d7dc7f"
                        },
                        "meta": {},
                        "tainted": false
                    },
                    "deposed": [],
                    "provider": "provider.aws"
                }
            },
            "depends_on": []
        },
        {
            "path": [
                "root",
                "JobWeeklyEmailAnalyticsRole"
            ],
            "outputs": {
                "arn": {
                    "sensitive": false,
                    "type": "string",
                    "value": "arn:aws:iam::722431446741:role/dev_JobWeeklyEmailAnalyticsRole"
                },
                "name": {
                    "sensitive": false,
                    "type": "string",
                    "value": "dev_JobWeeklyEmailAnalyticsRole"
                }
            },
            "resources": {
                "aws_iam_policy.lambda_logging_policy": {
                    "type": "aws_iam_policy",
                    "depends_on": [
                        "data.aws_iam_policy_document.logging_policy_statement"
                    ],
                    "primary": {
                        "id": "arn:aws:iam::722431446741:policy/logging_policy_for_dev_JobWeeklyEmailAnalyticsRole",
                        "attributes": {
                            "arn": "arn:aws:iam::722431446741:policy/logging_policy_for_dev_JobWeeklyEmailAnalyticsRole",
                            "description": "Allows AWS Lambda to create and write logs",
                            "id": "arn:aws:iam::722431446741:policy/logging_policy_for_dev_JobWeeklyEmailAnalyticsRole",
                            "name": "logging_policy_for_dev_JobWeeklyEmailAnalyticsRole",
                            "path": "/",
                            "policy": "{\n  \"Version\": \"2012-10-17\",\n  \"Statement\": [\n    {\n      \"Sid\": \"\",\n      \"Effect\": \"Allow\",\n      \"Action\": [\n        \"logs:PutLogEvents\",\n        \"logs:CreateLogStream\",\n        \"logs:CreateLogGroup\"\n      ],\n      \"Resource\": \"arn:aws:logs:*:*:*\"\n    }\n  ]\n}"
                        },
                        "meta": {},
                        "tainted": false
                    },
                    "deposed": [],
                    "provider": "provider.aws"
                },
                "aws_iam_role.role": {
                    "type": "aws_iam_role",
                    "depends_on": [
                        "data.aws_iam_policy_document.lambda_policy"
                    ],
                    "primary": {
                        "id": "dev_JobWeeklyEmailAnalyticsRole",
                        "attributes": {
                            "arn": "arn:aws:iam::722431446741:role/dev_JobWeeklyEmailAnalyticsRole",
                            "assume_role_policy": "{\"Version\":\"2012-10-17\",\"Statement\":[{\"Sid\":\"\",\"Effect\":\"Allow\",\"Principal\":{\"Service\":[\"lambda.amazonaws.com\",\"apigateway.amazonaws.com\"]},\"Action\":\"sts:AssumeRole\"}]}",
                            "create_date": "2018-09-24T15:32:03Z",
                            "description": "",
                            "force_detach_policies": "false",
                            "id": "dev_JobWeeklyEmailAnalyticsRole",
                            "max_session_duration": "3600",
                            "name": "dev_JobWeeklyEmailAnalyticsRole",
                            "path": "/",
                            "unique_id": "AROAIF5IU6MO2P6VYSM4C"
                        },
                        "meta": {},
                        "tainted": false
                    },
                    "deposed": [],
                    "provider": "provider.aws"
                },
                "aws_iam_role_policy_attachment.Attach_Logging_Role": {
                    "type": "aws_iam_role_policy_attachment",
                    "depends_on": [
                        "aws_iam_policy.lambda_logging_policy",
                        "aws_iam_role.role"
                    ],
                    "primary": {
                        "id": "dev_JobWeeklyEmailAnalyticsRole-20180924153216864500000012",
                        "attributes": {
                            "id": "dev_JobWeeklyEmailAnalyticsRole-20180924153216864500000012",
                            "policy_arn": "arn:aws:iam::722431446741:policy/logging_policy_for_dev_JobWeeklyEmailAnalyticsRole",
                            "role": "dev_JobWeeklyEmailAnalyticsRole"
                        },
                        "meta": {},
                        "tainted": false
                    },
                    "deposed": [],
                    "provider": "provider.aws"
                },
                "aws_iam_role_policy_attachment.Attach_VPC_Policy": {
                    "type": "aws_iam_role_policy_attachment",
                    "depends_on": [
                        "aws_iam_role.role"
                    ],
                    "primary": {
                        "id": "dev_JobWeeklyEmailAnalyticsRole-20180924153216496000000010",
                        "attributes": {
                            "id": "dev_JobWeeklyEmailAnalyticsRole-20180924153216496000000010",
                            "policy_arn": "arn:aws:iam::aws:policy/service-role/AWSLambdaVPCAccessExecutionRole",
                            "role": "dev_JobWeeklyEmailAnalyticsRole"
                        },
                        "meta": {},
                        "tainted": false
                    },
                    "deposed": [],
                    "provider": "provider.aws"
                },
                "data.aws_iam_policy_document.lambda_policy": {
                    "type": "aws_iam_policy_document",
                    "depends_on": [],
                    "primary": {
                        "id": "3127519745",
                        "attributes": {
                            "id": "3127519745",
                            "json": "{\n  \"Version\": \"2012-10-17\",\n  \"Statement\": [\n    {\n      \"Sid\": \"\",\n      \"Effect\": \"Allow\",\n      \"Action\": \"sts:AssumeRole\",\n      \"Principal\": {\n        \"Service\": [\n          \"lambda.amazonaws.com\",\n          \"apigateway.amazonaws.com\"\n        ]\n      }\n    }\n  ]\n}",
                            "statement.#": "1",
                            "statement.0.actions.#": "1",
                            "statement.0.actions.2528466339": "sts:AssumeRole",
                            "statement.0.condition.#": "0",
                            "statement.0.effect": "Allow",
                            "statement.0.not_actions.#": "0",
                            "statement.0.not_principals.#": "0",
                            "statement.0.not_resources.#": "0",
                            "statement.0.principals.#": "1",
                            "statement.0.principals.1632598396.identifiers.#": "2",
                            "statement.0.principals.1632598396.identifiers.1175233861": "apigateway.amazonaws.com",
                            "statement.0.principals.1632598396.identifiers.2638019528": "lambda.amazonaws.com",
                            "statement.0.principals.1632598396.type": "Service",
                            "statement.0.resources.#": "0",
                            "statement.0.sid": ""
                        },
                        "meta": {},
                        "tainted": false
                    },
                    "deposed": [],
                    "provider": "provider.aws"
                },
                "data.aws_iam_policy_document.logging_policy_statement": {
                    "type": "aws_iam_policy_document",
                    "depends_on": [],
                    "primary": {
                        "id": "4063422367",
                        "attributes": {
                            "id": "4063422367",
                            "json": "{\n  \"Version\": \"2012-10-17\",\n  \"Statement\": [\n    {\n      \"Sid\": \"\",\n      \"Effect\": \"Allow\",\n      \"Action\": [\n        \"logs:PutLogEvents\",\n        \"logs:CreateLogStream\",\n        \"logs:CreateLogGroup\"\n      ],\n      \"Resource\": \"arn:aws:logs:*:*:*\"\n    }\n  ]\n}",
                            "statement.#": "1",
                            "statement.0.actions.#": "3",
                            "statement.0.actions.2809485102": "logs:CreateLogGroup",
                            "statement.0.actions.3285979848": "logs:CreateLogStream",
                            "statement.0.actions.39743051": "logs:PutLogEvents",
                            "statement.0.condition.#": "0",
                            "statement.0.effect": "Allow",
                            "statement.0.not_actions.#": "0",
                            "statement.0.not_principals.#": "0",
                            "statement.0.not_resources.#": "0",
                            "statement.0.principals.#": "0",
                            "statement.0.resources.#": "1",
                            "statement.0.resources.162423377": "arn:aws:logs:*:*:*",
                            "statement.0.sid": ""
                        },
                        "meta": {},
                        "tainted": false
                    },
                    "deposed": [],
                    "provider": "provider.aws"
                }
            },
            "depends_on": []
        },
        {
            "path": [
                "root",
                "JobWeeklyEmailAnalyticsTimer"
            ],
            "outputs": {},
            "resources": {
                "aws_cloudwatch_event_rule.event_rule": {
                    "type": "aws_cloudwatch_event_rule",
                    "depends_on": [
                        "aws_iam_role.Cloudwatch_Event_Invoke_Lambda_Role"
                    ],
                    "primary": {
                        "id": "dev_JobWeeklyEmailAnalyticsSchedule_CWEventRule",
                        "attributes": {
                            "arn": "arn:aws:events:us-west-2:722431446741:rule/dev_JobWeeklyEmailAnalyticsSchedule_CWEventRule",
                            "description": "Runs every Friday at 700 UTC",
                            "id": "dev_JobWeeklyEmailAnalyticsSchedule_CWEventRule",
                            "is_enabled": "true",
                            "name": "dev_JobWeeklyEmailAnalyticsSchedule_CWEventRule",
                            "role_arn": "arn:aws:iam::722431446741:role/dev_JobWeeklyEmailAnalyticsSchedule_InvokeLambdaRole",
                            "schedule_expression": "cron(0 7 ? * FRI *)"
                        },
                        "meta": {},
                        "tainted": false
                    },
                    "deposed": [],
                    "provider": "provider.aws"
                },
                "aws_cloudwatch_event_target.stepitup-initialize-connection-target": {
                    "type": "aws_cloudwatch_event_target",
                    "depends_on": [
                        "aws_cloudwatch_event_rule.event_rule"
                    ],
                    "primary": {
                        "id": "dev_JobWeeklyEmailAnalyticsSchedule_CWEventRule-terraform-20180925004558875200000006",
                        "attributes": {
                            "arn": "arn:aws:lambda:us-west-2:722431446741:function:dev_JobWeeklyEmailAnalytics",
                            "id": "dev_JobWeeklyEmailAnalyticsSchedule_CWEventRule-terraform-20180925004558875200000006",
                            "input": "",
                            "input_path": "",
                            "role_arn": "",
                            "rule": "dev_JobWeeklyEmailAnalyticsSchedule_CWEventRule",
                            "target_id": "terraform-20180925004558875200000006"
                        },
                        "meta": {},
                        "tainted": false
                    },
                    "deposed": [],
                    "provider": "provider.aws"
                },
                "aws_iam_role.Cloudwatch_Event_Invoke_Lambda_Role": {
                    "type": "aws_iam_role",
                    "depends_on": [
                        "data.aws_iam_policy_document.cloudwatch_events_assume_role"
                    ],
                    "primary": {
                        "id": "dev_JobWeeklyEmailAnalyticsSchedule_InvokeLambdaRole",
                        "attributes": {
                            "arn": "arn:aws:iam::722431446741:role/dev_JobWeeklyEmailAnalyticsSchedule_InvokeLambdaRole",
                            "assume_role_policy": "{\"Version\":\"2012-10-17\",\"Statement\":[{\"Sid\":\"\",\"Effect\":\"Allow\",\"Principal\":{\"Service\":\"events.amazonaws.com\"},\"Action\":\"sts:AssumeRole\"}]}",
                            "create_date": "2018-09-24T15:31:59Z",
                            "description": "",
                            "force_detach_policies": "false",
                            "id": "dev_JobWeeklyEmailAnalyticsSchedule_InvokeLambdaRole",
                            "max_session_duration": "3600",
                            "name": "dev_JobWeeklyEmailAnalyticsSchedule_InvokeLambdaRole",
                            "path": "/",
                            "unique_id": "AROAILHJQ25HFZ2V677V4"
                        },
                        "meta": {},
                        "tainted": false
                    },
                    "deposed": [],
                    "provider": "provider.aws"
                },
                "aws_lambda_permission.cloudwatch_schedule_invoke_stepitup_initialize": {
                    "type": "aws_lambda_permission",
                    "depends_on": [],
                    "primary": {
                        "id": "cloudwatch_schedule_invoke_dev_JobWeeklyEmailAnalyticsSchedule",
                        "attributes": {
                            "action": "lambda:InvokeFunction",
                            "function_name": "arn:aws:lambda:us-west-2:722431446741:function:dev_JobWeeklyEmailAnalytics",
                            "id": "cloudwatch_schedule_invoke_dev_JobWeeklyEmailAnalyticsSchedule",
                            "principal": "events.amazonaws.com",
                            "qualifier": "",
                            "statement_id": "cloudwatch_schedule_invoke_dev_JobWeeklyEmailAnalyticsSchedule"
                        },
                        "meta": {},
                        "tainted": false
                    },
                    "deposed": [],
                    "provider": "provider.aws"
                },
                "data.aws_iam_policy_document.cloudwatch_events_assume_role": {
                    "type": "aws_iam_policy_document",
                    "depends_on": [],
                    "primary": {
                        "id": "2423734833",
                        "attributes": {
                            "id": "2423734833",
                            "json": "{\n  \"Version\": \"2012-10-17\",\n  \"Statement\": [\n    {\n      \"Sid\": \"\",\n      \"Effect\": \"Allow\",\n      \"Action\": \"sts:AssumeRole\",\n      \"Principal\": {\n        \"Service\": \"events.amazonaws.com\"\n      }\n    }\n  ]\n}",
                            "statement.#": "1",
                            "statement.0.actions.#": "1",
                            "statement.0.actions.2528466339": "sts:AssumeRole",
                            "statement.0.condition.#": "0",
                            "statement.0.effect": "Allow",
                            "statement.0.not_actions.#": "0",
                            "statement.0.not_principals.#": "0",
                            "statement.0.not_resources.#": "0",
                            "statement.0.principals.#": "1",
                            "statement.0.principals.3055794613.identifiers.#": "1",
                            "statement.0.principals.3055794613.identifiers.1159240345": "events.amazonaws.com",
                            "statement.0.principals.3055794613.type": "Service",
                            "statement.0.resources.#": "0",
                            "statement.0.sid": ""
                        },
                        "meta": {},
                        "tainted": false
                    },
                    "deposed": [],
                    "provider": "provider.aws"
                }
            },
            "depends_on": []
        },
        {
            "path": [
                "root",
                "JobWeeklyEmailAnalytics_policy_attachment"
            ],
            "outputs": {},
            "resources": {
                "aws_iam_policy.policy_to_create": {
                    "type": "aws_iam_policy",
                    "depends_on": [],
                    "primary": {
                        "id": "arn:aws:iam::722431446741:policy/dev_JobWeeklyEmailAnalytics_Policy",
                        "attributes": {
                            "arn": "arn:aws:iam::722431446741:policy/dev_JobWeeklyEmailAnalytics_Policy",
                            "description": "",
                            "id": "arn:aws:iam::722431446741:policy/dev_JobWeeklyEmailAnalytics_Policy",
                            "name": "dev_JobWeeklyEmailAnalytics_Policy",
                            "path": "/",
                            "policy": "{\n  \"Version\": \"2012-10-17\",\n  \"Statement\": [\n    {\n      \"Sid\": \"\",\n      \"Effect\": \"Allow\",\n      \"Action\": \"ses:SendRawEmail\",\n      \"Resource\": \"arn:aws:ses:us-west-2:722431446741:identity/no-reply@devdrivesmartcbus.com\"\n    }\n  ]\n}"
                        },
                        "meta": {},
                        "tainted": false
                    },
                    "deposed": [],
                    "provider": "provider.aws"
                },
                "aws_iam_role_policy_attachment.attach_new_policy_to_role": {
                    "type": "aws_iam_role_policy_attachment",
                    "depends_on": [
                        "aws_iam_policy.policy_to_create"
                    ],
                    "primary": {
                        "id": "dev_JobWeeklyEmailAnalyticsRole-20180924153226993900000028",
                        "attributes": {
                            "id": "dev_JobWeeklyEmailAnalyticsRole-20180924153226993900000028",
                            "policy_arn": "arn:aws:iam::722431446741:policy/dev_JobWeeklyEmailAnalytics_Policy",
                            "role": "dev_JobWeeklyEmailAnalyticsRole"
                        },
                        "meta": {},
                        "tainted": false
                    },
                    "deposed": [],
                    "provider": "provider.aws"
                }
            },
            "depends_on": []
        },
        {
            "path": [
                "root",
                "api_admin_cancel_drive"
            ],
            "outputs": {},
            "resources": {
                "aws_api_gateway_integration.integration": {
                    "type": "aws_api_gateway_integration",
                    "depends_on": [
                        "aws_api_gateway_method.cors_method",
                        "aws_api_gateway_resource.cors_resource"
                    ],
                    "primary": {
                        "id": "agi-jt6xcxywmd-3sjo8o-POST",
                        "attributes": {
                            "cache_key_parameters.#": "0",
                            "cache_namespace": "3sjo8o",
                            "connection_id": "",
                            "connection_type": "INTERNET",
                            "content_handling": "",
                            "credentials": "",
                            "http_method": "POST",
                            "id": "agi-jt6xcxywmd-3sjo8o-POST",
                            "integration_http_method": "POST",
                            "passthrough_behavior": "WHEN_NO_MATCH",
                            "request_parameters.%": "0",
                            "request_templates.%": "0",
                            "resource_id": "3sjo8o",
                            "rest_api_id": "jt6xcxywmd",
                            "timeout_milliseconds": "29000",
                            "type": "AWS_PROXY",
                            "uri": "arn:aws:apigateway:us-west-2:lambda:path/2015-03-31/functions/arn:aws:lambda:us-west-2:722431446741:function:dev_ApiCancelDrive/invocations"
                        },
                        "meta": {},
                        "tainted": false
                    },
                    "deposed": [],
                    "provider": "provider.aws"
                },
                "aws_api_gateway_integration.options_integration": {
                    "type": "aws_api_gateway_integration",
                    "depends_on": [
                        "aws_api_gateway_method.options_method",
                        "aws_api_gateway_resource.cors_resource"
                    ],
                    "primary": {
                        "id": "agi-jt6xcxywmd-3sjo8o-OPTIONS",
                        "attributes": {
                            "cache_key_parameters.#": "0",
                            "cache_namespace": "3sjo8o",
                            "connection_id": "",
                            "connection_type": "INTERNET",
                            "content_handling": "",
                            "credentials": "",
                            "http_method": "OPTIONS",
                            "id": "agi-jt6xcxywmd-3sjo8o-OPTIONS",
                            "integration_http_method": "",
                            "passthrough_behavior": "WHEN_NO_MATCH",
                            "request_parameters.%": "0",
                            "request_templates.%": "1",
                            "request_templates.application/json": "{'statusCode': 200}",
                            "resource_id": "3sjo8o",
                            "rest_api_id": "jt6xcxywmd",
                            "timeout_milliseconds": "29000",
                            "type": "MOCK",
                            "uri": ""
                        },
                        "meta": {},
                        "tainted": false
                    },
                    "deposed": [],
                    "provider": "provider.aws"
                },
                "aws_api_gateway_integration_response.options_integration_response": {
                    "type": "aws_api_gateway_integration_response",
                    "depends_on": [
                        "aws_api_gateway_method.options_method",
                        "aws_api_gateway_method_response.options_200",
                        "aws_api_gateway_resource.cors_resource"
                    ],
                    "primary": {
                        "id": "agir-jt6xcxywmd-3sjo8o-OPTIONS-200",
                        "attributes": {
                            "content_handling": "",
                            "http_method": "OPTIONS",
                            "id": "agir-jt6xcxywmd-3sjo8o-OPTIONS-200",
                            "resource_id": "3sjo8o",
                            "response_parameters.%": "3",
                            "response_parameters.method.response.header.Access-Control-Allow-Headers": "'Content-Type,X-Amz-Date,Authorization,X-Api-Key,X-Amz-Security-Token'",
                            "response_parameters.method.response.header.Access-Control-Allow-Methods": "'OPTIONS,POST'",
                            "response_parameters.method.response.header.Access-Control-Allow-Origin": "'*'",
                            "response_templates.%": "1",
                            "response_templates.application/json": "",
                            "rest_api_id": "jt6xcxywmd",
                            "selection_pattern": "",
                            "status_code": "200"
                        },
                        "meta": {},
                        "tainted": false
                    },
                    "deposed": [],
                    "provider": "provider.aws"
                },
                "aws_api_gateway_method.cors_method": {
                    "type": "aws_api_gateway_method",
                    "depends_on": [
                        "aws_api_gateway_resource.cors_resource"
                    ],
                    "primary": {
                        "id": "agm-jt6xcxywmd-3sjo8o-POST",
                        "attributes": {
                            "api_key_required": "false",
                            "authorization": "COGNITO_USER_POOLS",
                            "authorization_scopes.#": "0",
                            "authorizer_id": "vuca6b",
                            "http_method": "POST",
                            "id": "agm-jt6xcxywmd-3sjo8o-POST",
                            "request_models.%": "0",
                            "request_parameters.%": "0",
                            "request_validator_id": "",
                            "resource_id": "3sjo8o",
                            "rest_api_id": "jt6xcxywmd"
                        },
                        "meta": {},
                        "tainted": false
                    },
                    "deposed": [],
                    "provider": "provider.aws"
                },
                "aws_api_gateway_method.options_method": {
                    "type": "aws_api_gateway_method",
                    "depends_on": [
                        "aws_api_gateway_resource.cors_resource"
                    ],
                    "primary": {
                        "id": "agm-jt6xcxywmd-3sjo8o-OPTIONS",
                        "attributes": {
                            "api_key_required": "false",
                            "authorization": "NONE",
                            "authorization_scopes.#": "0",
                            "authorizer_id": "",
                            "http_method": "OPTIONS",
                            "id": "agm-jt6xcxywmd-3sjo8o-OPTIONS",
                            "request_models.%": "0",
                            "request_parameters.%": "0",
                            "request_validator_id": "",
                            "resource_id": "3sjo8o",
                            "rest_api_id": "jt6xcxywmd"
                        },
                        "meta": {},
                        "tainted": false
                    },
                    "deposed": [],
                    "provider": "provider.aws"
                },
                "aws_api_gateway_method_response.cors_method_response_200": {
                    "type": "aws_api_gateway_method_response",
                    "depends_on": [
                        "aws_api_gateway_method.cors_method",
                        "aws_api_gateway_resource.cors_resource"
                    ],
                    "primary": {
                        "id": "agmr-jt6xcxywmd-3sjo8o-POST-200",
                        "attributes": {
                            "http_method": "POST",
                            "id": "agmr-jt6xcxywmd-3sjo8o-POST-200",
                            "resource_id": "3sjo8o",
                            "response_models.%": "0",
                            "response_parameters.%": "1",
                            "response_parameters.method.response.header.Access-Control-Allow-Origin": "true",
                            "rest_api_id": "jt6xcxywmd",
                            "status_code": "200"
                        },
                        "meta": {},
                        "tainted": false
                    },
                    "deposed": [],
                    "provider": "provider.aws"
                },
                "aws_api_gateway_method_response.options_200": {
                    "type": "aws_api_gateway_method_response",
                    "depends_on": [
                        "aws_api_gateway_method.options_method",
                        "aws_api_gateway_resource.cors_resource"
                    ],
                    "primary": {
                        "id": "agmr-jt6xcxywmd-3sjo8o-OPTIONS-200",
                        "attributes": {
                            "http_method": "OPTIONS",
                            "id": "agmr-jt6xcxywmd-3sjo8o-OPTIONS-200",
                            "resource_id": "3sjo8o",
                            "response_models.%": "1",
                            "response_models.application/json": "Empty",
                            "response_parameters.%": "3",
                            "response_parameters.method.response.header.Access-Control-Allow-Headers": "true",
                            "response_parameters.method.response.header.Access-Control-Allow-Methods": "true",
                            "response_parameters.method.response.header.Access-Control-Allow-Origin": "true",
                            "rest_api_id": "jt6xcxywmd",
                            "status_code": "200"
                        },
                        "meta": {},
                        "tainted": false
                    },
                    "deposed": [],
                    "provider": "provider.aws"
                },
                "aws_api_gateway_resource.cors_resource": {
                    "type": "aws_api_gateway_resource",
                    "depends_on": [],
                    "primary": {
                        "id": "3sjo8o",
                        "attributes": {
                            "id": "3sjo8o",
                            "parent_id": "cd1p8n",
                            "path": "/admin/cancelDrive",
                            "path_part": "cancelDrive",
                            "rest_api_id": "jt6xcxywmd"
                        },
                        "meta": {},
                        "tainted": false
                    },
                    "deposed": [],
                    "provider": "provider.aws"
                },
                "aws_lambda_permission.apigw_lambda": {
                    "type": "aws_lambda_permission",
                    "depends_on": [
                        "aws_api_gateway_method.cors_method",
                        "aws_api_gateway_resource.cors_resource"
                    ],
                    "primary": {
                        "id": "API_Lambda_jt6xcxywmd_POST_3sjo8o",
                        "attributes": {
                            "action": "lambda:InvokeFunction",
                            "function_name": "arn:aws:lambda:us-west-2:722431446741:function:dev_ApiCancelDrive",
                            "id": "API_Lambda_jt6xcxywmd_POST_3sjo8o",
                            "principal": "apigateway.amazonaws.com",
                            "qualifier": "",
                            "source_arn": "arn:aws:execute-api:us-west-2:722431446741:jt6xcxywmd/*/POST/admin/cancelDrive",
                            "statement_id": "API_Lambda_jt6xcxywmd_POST_3sjo8o"
                        },
                        "meta": {},
                        "tainted": false
                    },
                    "deposed": [],
                    "provider": "provider.aws"
                }
            },
            "depends_on": []
        },
        {
            "path": [
                "root",
                "api_admin_get_schedule"
            ],
            "outputs": {},
            "resources": {
                "aws_api_gateway_integration.integration": {
                    "type": "aws_api_gateway_integration",
                    "depends_on": [
                        "aws_api_gateway_method.cors_method",
                        "aws_api_gateway_resource.cors_resource"
                    ],
                    "primary": {
                        "id": "agi-jt6xcxywmd-7gz0s6-GET",
                        "attributes": {
                            "cache_key_parameters.#": "0",
                            "cache_namespace": "7gz0s6",
                            "connection_id": "",
                            "connection_type": "INTERNET",
                            "content_handling": "",
                            "credentials": "",
                            "http_method": "GET",
                            "id": "agi-jt6xcxywmd-7gz0s6-GET",
                            "integration_http_method": "POST",
                            "passthrough_behavior": "WHEN_NO_MATCH",
                            "request_parameters.%": "0",
                            "request_templates.%": "0",
                            "resource_id": "7gz0s6",
                            "rest_api_id": "jt6xcxywmd",
                            "timeout_milliseconds": "29000",
                            "type": "AWS_PROXY",
                            "uri": "arn:aws:apigateway:us-west-2:lambda:path/2015-03-31/functions/arn:aws:lambda:us-west-2:722431446741:function:dev_ApiGetSchedule/invocations"
                        },
                        "meta": {},
                        "tainted": false
                    },
                    "deposed": [],
                    "provider": "provider.aws"
                },
                "aws_api_gateway_integration.options_integration": {
                    "type": "aws_api_gateway_integration",
                    "depends_on": [
                        "aws_api_gateway_method.options_method",
                        "aws_api_gateway_resource.cors_resource"
                    ],
                    "primary": {
                        "id": "agi-jt6xcxywmd-7gz0s6-OPTIONS",
                        "attributes": {
                            "cache_key_parameters.#": "0",
                            "cache_namespace": "7gz0s6",
                            "connection_id": "",
                            "connection_type": "INTERNET",
                            "content_handling": "",
                            "credentials": "",
                            "http_method": "OPTIONS",
                            "id": "agi-jt6xcxywmd-7gz0s6-OPTIONS",
                            "integration_http_method": "",
                            "passthrough_behavior": "WHEN_NO_MATCH",
                            "request_parameters.%": "0",
                            "request_templates.%": "1",
                            "request_templates.application/json": "{'statusCode': 200}",
                            "resource_id": "7gz0s6",
                            "rest_api_id": "jt6xcxywmd",
                            "timeout_milliseconds": "29000",
                            "type": "MOCK",
                            "uri": ""
                        },
                        "meta": {},
                        "tainted": false
                    },
                    "deposed": [],
                    "provider": "provider.aws"
                },
                "aws_api_gateway_integration_response.options_integration_response": {
                    "type": "aws_api_gateway_integration_response",
                    "depends_on": [
                        "aws_api_gateway_method.options_method",
                        "aws_api_gateway_method_response.options_200",
                        "aws_api_gateway_resource.cors_resource"
                    ],
                    "primary": {
                        "id": "agir-jt6xcxywmd-7gz0s6-OPTIONS-200",
                        "attributes": {
                            "content_handling": "",
                            "http_method": "OPTIONS",
                            "id": "agir-jt6xcxywmd-7gz0s6-OPTIONS-200",
                            "resource_id": "7gz0s6",
                            "response_parameters.%": "3",
                            "response_parameters.method.response.header.Access-Control-Allow-Headers": "'Content-Type,X-Amz-Date,Authorization,X-Api-Key,X-Amz-Security-Token'",
                            "response_parameters.method.response.header.Access-Control-Allow-Methods": "'OPTIONS,GET'",
                            "response_parameters.method.response.header.Access-Control-Allow-Origin": "'*'",
                            "response_templates.%": "1",
                            "response_templates.application/json": "",
                            "rest_api_id": "jt6xcxywmd",
                            "selection_pattern": "",
                            "status_code": "200"
                        },
                        "meta": {},
                        "tainted": false
                    },
                    "deposed": [],
                    "provider": "provider.aws"
                },
                "aws_api_gateway_method.cors_method": {
                    "type": "aws_api_gateway_method",
                    "depends_on": [
                        "aws_api_gateway_resource.cors_resource"
                    ],
                    "primary": {
                        "id": "agm-jt6xcxywmd-7gz0s6-GET",
                        "attributes": {
                            "api_key_required": "false",
                            "authorization": "COGNITO_USER_POOLS",
                            "authorization_scopes.#": "0",
                            "authorizer_id": "vuca6b",
                            "http_method": "GET",
                            "id": "agm-jt6xcxywmd-7gz0s6-GET",
                            "request_models.%": "0",
                            "request_parameters.%": "0",
                            "request_validator_id": "",
                            "resource_id": "7gz0s6",
                            "rest_api_id": "jt6xcxywmd"
                        },
                        "meta": {},
                        "tainted": false
                    },
                    "deposed": [],
                    "provider": "provider.aws"
                },
                "aws_api_gateway_method.options_method": {
                    "type": "aws_api_gateway_method",
                    "depends_on": [
                        "aws_api_gateway_resource.cors_resource"
                    ],
                    "primary": {
                        "id": "agm-jt6xcxywmd-7gz0s6-OPTIONS",
                        "attributes": {
                            "api_key_required": "false",
                            "authorization": "NONE",
                            "authorization_scopes.#": "0",
                            "authorizer_id": "",
                            "http_method": "OPTIONS",
                            "id": "agm-jt6xcxywmd-7gz0s6-OPTIONS",
                            "request_models.%": "0",
                            "request_parameters.%": "0",
                            "request_validator_id": "",
                            "resource_id": "7gz0s6",
                            "rest_api_id": "jt6xcxywmd"
                        },
                        "meta": {},
                        "tainted": false
                    },
                    "deposed": [],
                    "provider": "provider.aws"
                },
                "aws_api_gateway_method_response.cors_method_response_200": {
                    "type": "aws_api_gateway_method_response",
                    "depends_on": [
                        "aws_api_gateway_method.cors_method",
                        "aws_api_gateway_resource.cors_resource"
                    ],
                    "primary": {
                        "id": "agmr-jt6xcxywmd-7gz0s6-GET-200",
                        "attributes": {
                            "http_method": "GET",
                            "id": "agmr-jt6xcxywmd-7gz0s6-GET-200",
                            "resource_id": "7gz0s6",
                            "response_models.%": "0",
                            "response_parameters.%": "1",
                            "response_parameters.method.response.header.Access-Control-Allow-Origin": "true",
                            "rest_api_id": "jt6xcxywmd",
                            "status_code": "200"
                        },
                        "meta": {},
                        "tainted": false
                    },
                    "deposed": [],
                    "provider": "provider.aws"
                },
                "aws_api_gateway_method_response.options_200": {
                    "type": "aws_api_gateway_method_response",
                    "depends_on": [
                        "aws_api_gateway_method.options_method",
                        "aws_api_gateway_resource.cors_resource"
                    ],
                    "primary": {
                        "id": "agmr-jt6xcxywmd-7gz0s6-OPTIONS-200",
                        "attributes": {
                            "http_method": "OPTIONS",
                            "id": "agmr-jt6xcxywmd-7gz0s6-OPTIONS-200",
                            "resource_id": "7gz0s6",
                            "response_models.%": "1",
                            "response_models.application/json": "Empty",
                            "response_parameters.%": "3",
                            "response_parameters.method.response.header.Access-Control-Allow-Headers": "true",
                            "response_parameters.method.response.header.Access-Control-Allow-Methods": "true",
                            "response_parameters.method.response.header.Access-Control-Allow-Origin": "true",
                            "rest_api_id": "jt6xcxywmd",
                            "status_code": "200"
                        },
                        "meta": {},
                        "tainted": false
                    },
                    "deposed": [],
                    "provider": "provider.aws"
                },
                "aws_api_gateway_resource.cors_resource": {
                    "type": "aws_api_gateway_resource",
                    "depends_on": [],
                    "primary": {
                        "id": "7gz0s6",
                        "attributes": {
                            "id": "7gz0s6",
                            "parent_id": "cd1p8n",
                            "path": "/admin/schedule",
                            "path_part": "schedule",
                            "rest_api_id": "jt6xcxywmd"
                        },
                        "meta": {},
                        "tainted": false
                    },
                    "deposed": [],
                    "provider": "provider.aws"
                },
                "aws_lambda_permission.apigw_lambda": {
                    "type": "aws_lambda_permission",
                    "depends_on": [
                        "aws_api_gateway_method.cors_method",
                        "aws_api_gateway_resource.cors_resource"
                    ],
                    "primary": {
                        "id": "API_Lambda_jt6xcxywmd_GET_7gz0s6",
                        "attributes": {
                            "action": "lambda:InvokeFunction",
                            "function_name": "arn:aws:lambda:us-west-2:722431446741:function:dev_ApiGetSchedule",
                            "id": "API_Lambda_jt6xcxywmd_GET_7gz0s6",
                            "principal": "apigateway.amazonaws.com",
                            "qualifier": "",
                            "source_arn": "arn:aws:execute-api:us-west-2:722431446741:jt6xcxywmd/*/GET/admin/schedule",
                            "statement_id": "API_Lambda_jt6xcxywmd_GET_7gz0s6"
                        },
                        "meta": {},
                        "tainted": false
                    },
                    "deposed": [],
                    "provider": "provider.aws"
                }
            },
            "depends_on": []
        },
        {
            "path": [
                "root",
                "api_admin_get_scheduled_drives"
            ],
            "outputs": {},
            "resources": {
                "aws_api_gateway_integration.integration": {
                    "type": "aws_api_gateway_integration",
                    "depends_on": [
                        "aws_api_gateway_method.cors_method",
                        "aws_api_gateway_resource.cors_resource"
                    ],
                    "primary": {
                        "id": "agi-jt6xcxywmd-fw4xi2-GET",
                        "attributes": {
                            "cache_key_parameters.#": "0",
                            "cache_namespace": "fw4xi2",
                            "connection_id": "",
                            "connection_type": "INTERNET",
                            "content_handling": "",
                            "credentials": "",
                            "http_method": "GET",
                            "id": "agi-jt6xcxywmd-fw4xi2-GET",
                            "integration_http_method": "POST",
                            "passthrough_behavior": "WHEN_NO_MATCH",
                            "request_parameters.%": "0",
                            "request_templates.%": "0",
                            "resource_id": "fw4xi2",
                            "rest_api_id": "jt6xcxywmd",
                            "timeout_milliseconds": "29000",
                            "type": "AWS_PROXY",
                            "uri": "arn:aws:apigateway:us-west-2:lambda:path/2015-03-31/functions/arn:aws:lambda:us-west-2:722431446741:function:dev_ApiGetScheduledDrives/invocations"
                        },
                        "meta": {},
                        "tainted": false
                    },
                    "deposed": [],
                    "provider": "provider.aws"
                },
                "aws_api_gateway_integration.options_integration": {
                    "type": "aws_api_gateway_integration",
                    "depends_on": [
                        "aws_api_gateway_method.options_method",
                        "aws_api_gateway_resource.cors_resource"
                    ],
                    "primary": {
                        "id": "agi-jt6xcxywmd-fw4xi2-OPTIONS",
                        "attributes": {
                            "cache_key_parameters.#": "0",
                            "cache_namespace": "fw4xi2",
                            "connection_id": "",
                            "connection_type": "INTERNET",
                            "content_handling": "",
                            "credentials": "",
                            "http_method": "OPTIONS",
                            "id": "agi-jt6xcxywmd-fw4xi2-OPTIONS",
                            "integration_http_method": "",
                            "passthrough_behavior": "WHEN_NO_MATCH",
                            "request_parameters.%": "0",
                            "request_templates.%": "1",
                            "request_templates.application/json": "{'statusCode': 200}",
                            "resource_id": "fw4xi2",
                            "rest_api_id": "jt6xcxywmd",
                            "timeout_milliseconds": "29000",
                            "type": "MOCK",
                            "uri": ""
                        },
                        "meta": {},
                        "tainted": false
                    },
                    "deposed": [],
                    "provider": "provider.aws"
                },
                "aws_api_gateway_integration_response.options_integration_response": {
                    "type": "aws_api_gateway_integration_response",
                    "depends_on": [
                        "aws_api_gateway_method.options_method",
                        "aws_api_gateway_method_response.options_200",
                        "aws_api_gateway_resource.cors_resource"
                    ],
                    "primary": {
                        "id": "agir-jt6xcxywmd-fw4xi2-OPTIONS-200",
                        "attributes": {
                            "content_handling": "",
                            "http_method": "OPTIONS",
                            "id": "agir-jt6xcxywmd-fw4xi2-OPTIONS-200",
                            "resource_id": "fw4xi2",
                            "response_parameters.%": "3",
                            "response_parameters.method.response.header.Access-Control-Allow-Headers": "'Content-Type,X-Amz-Date,Authorization,X-Api-Key,X-Amz-Security-Token'",
                            "response_parameters.method.response.header.Access-Control-Allow-Methods": "'OPTIONS,GET'",
                            "response_parameters.method.response.header.Access-Control-Allow-Origin": "'*'",
                            "response_templates.%": "1",
                            "response_templates.application/json": "",
                            "rest_api_id": "jt6xcxywmd",
                            "selection_pattern": "",
                            "status_code": "200"
                        },
                        "meta": {},
                        "tainted": false
                    },
                    "deposed": [],
                    "provider": "provider.aws"
                },
                "aws_api_gateway_method.cors_method": {
                    "type": "aws_api_gateway_method",
                    "depends_on": [
                        "aws_api_gateway_resource.cors_resource"
                    ],
                    "primary": {
                        "id": "agm-jt6xcxywmd-fw4xi2-GET",
                        "attributes": {
                            "api_key_required": "false",
                            "authorization": "COGNITO_USER_POOLS",
                            "authorization_scopes.#": "0",
                            "authorizer_id": "vuca6b",
                            "http_method": "GET",
                            "id": "agm-jt6xcxywmd-fw4xi2-GET",
                            "request_models.%": "0",
                            "request_parameters.%": "0",
                            "request_validator_id": "",
                            "resource_id": "fw4xi2",
                            "rest_api_id": "jt6xcxywmd"
                        },
                        "meta": {},
                        "tainted": false
                    },
                    "deposed": [],
                    "provider": "provider.aws"
                },
                "aws_api_gateway_method.options_method": {
                    "type": "aws_api_gateway_method",
                    "depends_on": [
                        "aws_api_gateway_resource.cors_resource"
                    ],
                    "primary": {
                        "id": "agm-jt6xcxywmd-fw4xi2-OPTIONS",
                        "attributes": {
                            "api_key_required": "false",
                            "authorization": "NONE",
                            "authorization_scopes.#": "0",
                            "authorizer_id": "",
                            "http_method": "OPTIONS",
                            "id": "agm-jt6xcxywmd-fw4xi2-OPTIONS",
                            "request_models.%": "0",
                            "request_parameters.%": "0",
                            "request_validator_id": "",
                            "resource_id": "fw4xi2",
                            "rest_api_id": "jt6xcxywmd"
                        },
                        "meta": {},
                        "tainted": false
                    },
                    "deposed": [],
                    "provider": "provider.aws"
                },
                "aws_api_gateway_method_response.cors_method_response_200": {
                    "type": "aws_api_gateway_method_response",
                    "depends_on": [
                        "aws_api_gateway_method.cors_method",
                        "aws_api_gateway_resource.cors_resource"
                    ],
                    "primary": {
                        "id": "agmr-jt6xcxywmd-fw4xi2-GET-200",
                        "attributes": {
                            "http_method": "GET",
                            "id": "agmr-jt6xcxywmd-fw4xi2-GET-200",
                            "resource_id": "fw4xi2",
                            "response_models.%": "0",
                            "response_parameters.%": "1",
                            "response_parameters.method.response.header.Access-Control-Allow-Origin": "true",
                            "rest_api_id": "jt6xcxywmd",
                            "status_code": "200"
                        },
                        "meta": {},
                        "tainted": false
                    },
                    "deposed": [],
                    "provider": "provider.aws"
                },
                "aws_api_gateway_method_response.options_200": {
                    "type": "aws_api_gateway_method_response",
                    "depends_on": [
                        "aws_api_gateway_method.options_method",
                        "aws_api_gateway_resource.cors_resource"
                    ],
                    "primary": {
                        "id": "agmr-jt6xcxywmd-fw4xi2-OPTIONS-200",
                        "attributes": {
                            "http_method": "OPTIONS",
                            "id": "agmr-jt6xcxywmd-fw4xi2-OPTIONS-200",
                            "resource_id": "fw4xi2",
                            "response_models.%": "1",
                            "response_models.application/json": "Empty",
                            "response_parameters.%": "3",
                            "response_parameters.method.response.header.Access-Control-Allow-Headers": "true",
                            "response_parameters.method.response.header.Access-Control-Allow-Methods": "true",
                            "response_parameters.method.response.header.Access-Control-Allow-Origin": "true",
                            "rest_api_id": "jt6xcxywmd",
                            "status_code": "200"
                        },
                        "meta": {},
                        "tainted": false
                    },
                    "deposed": [],
                    "provider": "provider.aws"
                },
                "aws_api_gateway_resource.cors_resource": {
                    "type": "aws_api_gateway_resource",
                    "depends_on": [],
                    "primary": {
                        "id": "fw4xi2",
                        "attributes": {
                            "id": "fw4xi2",
                            "parent_id": "cd1p8n",
                            "path": "/admin/drives",
                            "path_part": "drives",
                            "rest_api_id": "jt6xcxywmd"
                        },
                        "meta": {},
                        "tainted": false
                    },
                    "deposed": [],
                    "provider": "provider.aws"
                },
                "aws_lambda_permission.apigw_lambda": {
                    "type": "aws_lambda_permission",
                    "depends_on": [
                        "aws_api_gateway_method.cors_method",
                        "aws_api_gateway_resource.cors_resource"
                    ],
                    "primary": {
                        "id": "API_Lambda_jt6xcxywmd_GET_fw4xi2",
                        "attributes": {
                            "action": "lambda:InvokeFunction",
                            "function_name": "arn:aws:lambda:us-west-2:722431446741:function:dev_ApiGetScheduledDrives",
                            "id": "API_Lambda_jt6xcxywmd_GET_fw4xi2",
                            "principal": "apigateway.amazonaws.com",
                            "qualifier": "",
                            "source_arn": "arn:aws:execute-api:us-west-2:722431446741:jt6xcxywmd/*/GET/admin/drives",
                            "statement_id": "API_Lambda_jt6xcxywmd_GET_fw4xi2"
                        },
                        "meta": {},
                        "tainted": false
                    },
                    "deposed": [],
                    "provider": "provider.aws"
                }
            },
            "depends_on": []
        },
        {
            "path": [
                "root",
                "api_cancel_drive"
            ],
            "outputs": {},
            "resources": {
                "aws_api_gateway_integration.integration": {
                    "type": "aws_api_gateway_integration",
                    "depends_on": [
                        "aws_api_gateway_method.cors_method",
                        "aws_api_gateway_resource.cors_resource"
                    ],
                    "primary": {
                        "id": "agi-jt6xcxywmd-f0c9lw-POST",
                        "attributes": {
                            "cache_key_parameters.#": "0",
                            "cache_namespace": "f0c9lw",
                            "connection_id": "",
                            "connection_type": "INTERNET",
                            "content_handling": "",
                            "credentials": "",
                            "http_method": "POST",
                            "id": "agi-jt6xcxywmd-f0c9lw-POST",
                            "integration_http_method": "POST",
                            "passthrough_behavior": "WHEN_NO_MATCH",
                            "request_parameters.%": "0",
                            "request_templates.%": "0",
                            "resource_id": "f0c9lw",
                            "rest_api_id": "jt6xcxywmd",
                            "timeout_milliseconds": "29000",
                            "type": "AWS_PROXY",
                            "uri": "arn:aws:apigateway:us-west-2:lambda:path/2015-03-31/functions/arn:aws:lambda:us-west-2:722431446741:function:dev_ApiCancelDrive/invocations"
                        },
                        "meta": {},
                        "tainted": false
                    },
                    "deposed": [],
                    "provider": "provider.aws"
                },
                "aws_api_gateway_integration.options_integration": {
                    "type": "aws_api_gateway_integration",
                    "depends_on": [
                        "aws_api_gateway_method.options_method",
                        "aws_api_gateway_resource.cors_resource"
                    ],
                    "primary": {
                        "id": "agi-jt6xcxywmd-f0c9lw-OPTIONS",
                        "attributes": {
                            "cache_key_parameters.#": "0",
                            "cache_namespace": "f0c9lw",
                            "connection_id": "",
                            "connection_type": "INTERNET",
                            "content_handling": "",
                            "credentials": "",
                            "http_method": "OPTIONS",
                            "id": "agi-jt6xcxywmd-f0c9lw-OPTIONS",
                            "integration_http_method": "",
                            "passthrough_behavior": "WHEN_NO_MATCH",
                            "request_parameters.%": "0",
                            "request_templates.%": "1",
                            "request_templates.application/json": "{'statusCode': 200}",
                            "resource_id": "f0c9lw",
                            "rest_api_id": "jt6xcxywmd",
                            "timeout_milliseconds": "29000",
                            "type": "MOCK",
                            "uri": ""
                        },
                        "meta": {},
                        "tainted": false
                    },
                    "deposed": [],
                    "provider": "provider.aws"
                },
                "aws_api_gateway_integration_response.options_integration_response": {
                    "type": "aws_api_gateway_integration_response",
                    "depends_on": [
                        "aws_api_gateway_method.options_method",
                        "aws_api_gateway_method_response.options_200",
                        "aws_api_gateway_resource.cors_resource"
                    ],
                    "primary": {
                        "id": "agir-jt6xcxywmd-f0c9lw-OPTIONS-200",
                        "attributes": {
                            "content_handling": "",
                            "http_method": "OPTIONS",
                            "id": "agir-jt6xcxywmd-f0c9lw-OPTIONS-200",
                            "resource_id": "f0c9lw",
                            "response_parameters.%": "3",
                            "response_parameters.method.response.header.Access-Control-Allow-Headers": "'Content-Type,X-Amz-Date,Authorization,X-Api-Key,X-Amz-Security-Token'",
                            "response_parameters.method.response.header.Access-Control-Allow-Methods": "'OPTIONS,POST'",
                            "response_parameters.method.response.header.Access-Control-Allow-Origin": "'*'",
                            "response_templates.%": "1",
                            "response_templates.application/json": "",
                            "rest_api_id": "jt6xcxywmd",
                            "selection_pattern": "",
                            "status_code": "200"
                        },
                        "meta": {},
                        "tainted": false
                    },
                    "deposed": [],
                    "provider": "provider.aws"
                },
                "aws_api_gateway_method.cors_method": {
                    "type": "aws_api_gateway_method",
                    "depends_on": [
                        "aws_api_gateway_resource.cors_resource"
                    ],
                    "primary": {
                        "id": "agm-jt6xcxywmd-f0c9lw-POST",
                        "attributes": {
                            "api_key_required": "true",
                            "authorization": "NONE",
                            "authorization_scopes.#": "0",
                            "authorizer_id": "",
                            "http_method": "POST",
                            "id": "agm-jt6xcxywmd-f0c9lw-POST",
                            "request_models.%": "0",
                            "request_parameters.%": "0",
                            "request_validator_id": "",
                            "resource_id": "f0c9lw",
                            "rest_api_id": "jt6xcxywmd"
                        },
                        "meta": {},
                        "tainted": false
                    },
                    "deposed": [],
                    "provider": "provider.aws"
                },
                "aws_api_gateway_method.options_method": {
                    "type": "aws_api_gateway_method",
                    "depends_on": [
                        "aws_api_gateway_resource.cors_resource"
                    ],
                    "primary": {
                        "id": "agm-jt6xcxywmd-f0c9lw-OPTIONS",
                        "attributes": {
                            "api_key_required": "false",
                            "authorization": "NONE",
                            "authorization_scopes.#": "0",
                            "authorizer_id": "",
                            "http_method": "OPTIONS",
                            "id": "agm-jt6xcxywmd-f0c9lw-OPTIONS",
                            "request_models.%": "0",
                            "request_parameters.%": "0",
                            "request_validator_id": "",
                            "resource_id": "f0c9lw",
                            "rest_api_id": "jt6xcxywmd"
                        },
                        "meta": {},
                        "tainted": false
                    },
                    "deposed": [],
                    "provider": "provider.aws"
                },
                "aws_api_gateway_method_response.cors_method_response_200": {
                    "type": "aws_api_gateway_method_response",
                    "depends_on": [
                        "aws_api_gateway_method.cors_method",
                        "aws_api_gateway_resource.cors_resource"
                    ],
                    "primary": {
                        "id": "agmr-jt6xcxywmd-f0c9lw-POST-200",
                        "attributes": {
                            "http_method": "POST",
                            "id": "agmr-jt6xcxywmd-f0c9lw-POST-200",
                            "resource_id": "f0c9lw",
                            "response_models.%": "0",
                            "response_parameters.%": "1",
                            "response_parameters.method.response.header.Access-Control-Allow-Origin": "true",
                            "rest_api_id": "jt6xcxywmd",
                            "status_code": "200"
                        },
                        "meta": {},
                        "tainted": false
                    },
                    "deposed": [],
                    "provider": "provider.aws"
                },
                "aws_api_gateway_method_response.options_200": {
                    "type": "aws_api_gateway_method_response",
                    "depends_on": [
                        "aws_api_gateway_method.options_method",
                        "aws_api_gateway_resource.cors_resource"
                    ],
                    "primary": {
                        "id": "agmr-jt6xcxywmd-f0c9lw-OPTIONS-200",
                        "attributes": {
                            "http_method": "OPTIONS",
                            "id": "agmr-jt6xcxywmd-f0c9lw-OPTIONS-200",
                            "resource_id": "f0c9lw",
                            "response_models.%": "1",
                            "response_models.application/json": "Empty",
                            "response_parameters.%": "3",
                            "response_parameters.method.response.header.Access-Control-Allow-Headers": "true",
                            "response_parameters.method.response.header.Access-Control-Allow-Methods": "true",
                            "response_parameters.method.response.header.Access-Control-Allow-Origin": "true",
                            "rest_api_id": "jt6xcxywmd",
                            "status_code": "200"
                        },
                        "meta": {},
                        "tainted": false
                    },
                    "deposed": [],
                    "provider": "provider.aws"
                },
                "aws_api_gateway_resource.cors_resource": {
                    "type": "aws_api_gateway_resource",
                    "depends_on": [],
                    "primary": {
                        "id": "f0c9lw",
                        "attributes": {
                            "id": "f0c9lw",
                            "parent_id": "boik860gc2",
                            "path": "/cancelDrive",
                            "path_part": "cancelDrive",
                            "rest_api_id": "jt6xcxywmd"
                        },
                        "meta": {},
                        "tainted": false
                    },
                    "deposed": [],
                    "provider": "provider.aws"
                },
                "aws_lambda_permission.apigw_lambda": {
                    "type": "aws_lambda_permission",
                    "depends_on": [
                        "aws_api_gateway_method.cors_method",
                        "aws_api_gateway_resource.cors_resource"
                    ],
                    "primary": {
                        "id": "API_Lambda_jt6xcxywmd_POST_f0c9lw",
                        "attributes": {
                            "action": "lambda:InvokeFunction",
                            "function_name": "arn:aws:lambda:us-west-2:722431446741:function:dev_ApiCancelDrive",
                            "id": "API_Lambda_jt6xcxywmd_POST_f0c9lw",
                            "principal": "apigateway.amazonaws.com",
                            "qualifier": "",
                            "source_arn": "arn:aws:execute-api:us-west-2:722431446741:jt6xcxywmd/*/POST/cancelDrive",
                            "statement_id": "API_Lambda_jt6xcxywmd_POST_f0c9lw"
                        },
                        "meta": {},
                        "tainted": false
                    },
                    "deposed": [],
                    "provider": "provider.aws"
                }
            },
            "depends_on": []
        },
        {
            "path": [
                "root",
                "api_edit_drive"
            ],
            "outputs": {},
            "resources": {
                "aws_api_gateway_integration.integration": {
                    "type": "aws_api_gateway_integration",
                    "depends_on": [
                        "aws_api_gateway_method.cors_method",
                        "aws_api_gateway_resource.cors_resource"
                    ],
                    "primary": {
                        "id": "agi-jt6xcxywmd-svdlvm-POST",
                        "attributes": {
                            "cache_key_parameters.#": "0",
                            "cache_namespace": "svdlvm",
                            "connection_id": "",
                            "connection_type": "INTERNET",
                            "content_handling": "",
                            "credentials": "",
                            "http_method": "POST",
                            "id": "agi-jt6xcxywmd-svdlvm-POST",
                            "integration_http_method": "POST",
                            "passthrough_behavior": "WHEN_NO_MATCH",
                            "request_parameters.%": "0",
                            "request_templates.%": "0",
                            "resource_id": "svdlvm",
                            "rest_api_id": "jt6xcxywmd",
                            "timeout_milliseconds": "29000",
                            "type": "AWS_PROXY",
                            "uri": "arn:aws:apigateway:us-west-2:lambda:path/2015-03-31/functions/arn:aws:lambda:us-west-2:722431446741:function:dev_ApiEditDrive/invocations"
                        },
                        "meta": {},
                        "tainted": false
                    },
                    "deposed": [],
                    "provider": "provider.aws"
                },
                "aws_api_gateway_integration.options_integration": {
                    "type": "aws_api_gateway_integration",
                    "depends_on": [
                        "aws_api_gateway_method.options_method",
                        "aws_api_gateway_resource.cors_resource"
                    ],
                    "primary": {
                        "id": "agi-jt6xcxywmd-svdlvm-OPTIONS",
                        "attributes": {
                            "cache_key_parameters.#": "0",
                            "cache_namespace": "svdlvm",
                            "connection_id": "",
                            "connection_type": "INTERNET",
                            "content_handling": "",
                            "credentials": "",
                            "http_method": "OPTIONS",
                            "id": "agi-jt6xcxywmd-svdlvm-OPTIONS",
                            "integration_http_method": "",
                            "passthrough_behavior": "WHEN_NO_MATCH",
                            "request_parameters.%": "0",
                            "request_templates.%": "1",
                            "request_templates.application/json": "{'statusCode': 200}",
                            "resource_id": "svdlvm",
                            "rest_api_id": "jt6xcxywmd",
                            "timeout_milliseconds": "29000",
                            "type": "MOCK",
                            "uri": ""
                        },
                        "meta": {},
                        "tainted": false
                    },
                    "deposed": [],
                    "provider": "provider.aws"
                },
                "aws_api_gateway_integration_response.options_integration_response": {
                    "type": "aws_api_gateway_integration_response",
                    "depends_on": [
                        "aws_api_gateway_method.options_method",
                        "aws_api_gateway_method_response.options_200",
                        "aws_api_gateway_resource.cors_resource"
                    ],
                    "primary": {
                        "id": "agir-jt6xcxywmd-svdlvm-OPTIONS-200",
                        "attributes": {
                            "content_handling": "",
                            "http_method": "OPTIONS",
                            "id": "agir-jt6xcxywmd-svdlvm-OPTIONS-200",
                            "resource_id": "svdlvm",
                            "response_parameters.%": "3",
                            "response_parameters.method.response.header.Access-Control-Allow-Headers": "'Content-Type,X-Amz-Date,Authorization,X-Api-Key,X-Amz-Security-Token'",
                            "response_parameters.method.response.header.Access-Control-Allow-Methods": "'OPTIONS,POST'",
                            "response_parameters.method.response.header.Access-Control-Allow-Origin": "'*'",
                            "response_templates.%": "1",
                            "response_templates.application/json": "",
                            "rest_api_id": "jt6xcxywmd",
                            "selection_pattern": "",
                            "status_code": "200"
                        },
                        "meta": {},
                        "tainted": false
                    },
                    "deposed": [],
                    "provider": "provider.aws"
                },
                "aws_api_gateway_method.cors_method": {
                    "type": "aws_api_gateway_method",
                    "depends_on": [
                        "aws_api_gateway_resource.cors_resource"
                    ],
                    "primary": {
                        "id": "agm-jt6xcxywmd-svdlvm-POST",
                        "attributes": {
                            "api_key_required": "true",
                            "authorization": "NONE",
                            "http_method": "POST",
                            "id": "agm-jt6xcxywmd-svdlvm-POST",
                            "resource_id": "svdlvm",
                            "rest_api_id": "jt6xcxywmd"
                        },
                        "meta": {},
                        "tainted": false
                    },
                    "deposed": [],
                    "provider": "provider.aws"
                },
                "aws_api_gateway_method.options_method": {
                    "type": "aws_api_gateway_method",
                    "depends_on": [
                        "aws_api_gateway_resource.cors_resource"
                    ],
                    "primary": {
                        "id": "agm-jt6xcxywmd-svdlvm-OPTIONS",
                        "attributes": {
                            "api_key_required": "false",
                            "authorization": "NONE",
                            "http_method": "OPTIONS",
                            "id": "agm-jt6xcxywmd-svdlvm-OPTIONS",
                            "resource_id": "svdlvm",
                            "rest_api_id": "jt6xcxywmd"
                        },
                        "meta": {},
                        "tainted": false
                    },
                    "deposed": [],
                    "provider": "provider.aws"
                },
                "aws_api_gateway_method_response.cors_method_response_200": {
                    "type": "aws_api_gateway_method_response",
                    "depends_on": [
                        "aws_api_gateway_method.cors_method",
                        "aws_api_gateway_resource.cors_resource"
                    ],
                    "primary": {
                        "id": "agmr-jt6xcxywmd-svdlvm-POST-200",
                        "attributes": {
                            "http_method": "POST",
                            "id": "agmr-jt6xcxywmd-svdlvm-POST-200",
                            "resource_id": "svdlvm",
                            "response_parameters.%": "1",
                            "response_parameters.method.response.header.Access-Control-Allow-Origin": "true",
                            "rest_api_id": "jt6xcxywmd",
                            "status_code": "200"
                        },
                        "meta": {},
                        "tainted": false
                    },
                    "deposed": [],
                    "provider": "provider.aws"
                },
                "aws_api_gateway_method_response.options_200": {
                    "type": "aws_api_gateway_method_response",
                    "depends_on": [
                        "aws_api_gateway_method.options_method",
                        "aws_api_gateway_resource.cors_resource"
                    ],
                    "primary": {
                        "id": "agmr-jt6xcxywmd-svdlvm-OPTIONS-200",
                        "attributes": {
                            "http_method": "OPTIONS",
                            "id": "agmr-jt6xcxywmd-svdlvm-OPTIONS-200",
                            "resource_id": "svdlvm",
                            "response_models.%": "1",
                            "response_models.application/json": "Empty",
                            "response_parameters.%": "3",
                            "response_parameters.method.response.header.Access-Control-Allow-Headers": "true",
                            "response_parameters.method.response.header.Access-Control-Allow-Methods": "true",
                            "response_parameters.method.response.header.Access-Control-Allow-Origin": "true",
                            "rest_api_id": "jt6xcxywmd",
                            "status_code": "200"
                        },
                        "meta": {},
                        "tainted": false
                    },
                    "deposed": [],
                    "provider": "provider.aws"
                },
                "aws_api_gateway_resource.cors_resource": {
                    "type": "aws_api_gateway_resource",
                    "depends_on": [],
                    "primary": {
                        "id": "svdlvm",
                        "attributes": {
                            "id": "svdlvm",
                            "parent_id": "boik860gc2",
                            "path": "/editDrive",
                            "path_part": "editDrive",
                            "rest_api_id": "jt6xcxywmd"
                        },
                        "meta": {},
                        "tainted": false
                    },
                    "deposed": [],
                    "provider": "provider.aws"
                },
                "aws_lambda_permission.apigw_lambda": {
                    "type": "aws_lambda_permission",
                    "depends_on": [
                        "aws_api_gateway_method.cors_method",
                        "aws_api_gateway_resource.cors_resource"
                    ],
                    "primary": {
                        "id": "API_Lambda_jt6xcxywmd_POST_svdlvm",
                        "attributes": {
                            "action": "lambda:InvokeFunction",
                            "function_name": "arn:aws:lambda:us-west-2:722431446741:function:dev_ApiEditDrive",
                            "id": "API_Lambda_jt6xcxywmd_POST_svdlvm",
                            "principal": "apigateway.amazonaws.com",
                            "qualifier": "",
                            "source_arn": "arn:aws:execute-api:us-west-2:722431446741:jt6xcxywmd/*/POST/editDrive",
                            "statement_id": "API_Lambda_jt6xcxywmd_POST_svdlvm"
                        },
                        "meta": {},
                        "tainted": false
                    },
                    "deposed": [],
                    "provider": "provider.aws"
                }
            },
            "depends_on": []
        },
        {
            "path": [
                "root",
                "api_exceptions"
            ],
            "outputs": {},
            "resources": {
                "aws_api_gateway_integration.integration": {
                    "type": "aws_api_gateway_integration",
                    "depends_on": [
                        "aws_api_gateway_method.cors_method",
                        "aws_api_gateway_resource.cors_resource"
                    ],
                    "primary": {
                        "id": "agi-jt6xcxywmd-xv5pd6-GET",
                        "attributes": {
                            "cache_key_parameters.#": "0",
                            "cache_namespace": "xv5pd6",
                            "connection_id": "",
                            "connection_type": "INTERNET",
                            "content_handling": "",
                            "credentials": "",
                            "http_method": "GET",
                            "id": "agi-jt6xcxywmd-xv5pd6-GET",
                            "integration_http_method": "POST",
                            "passthrough_behavior": "WHEN_NO_MATCH",
                            "request_parameters.%": "0",
                            "request_templates.%": "0",
                            "resource_id": "xv5pd6",
                            "rest_api_id": "jt6xcxywmd",
                            "timeout_milliseconds": "29000",
                            "type": "AWS_PROXY",
                            "uri": "arn:aws:apigateway:us-west-2:lambda:path/2015-03-31/functions/arn:aws:lambda:us-west-2:722431446741:function:dev_ApiGetExceptions/invocations"
                        },
                        "meta": {},
                        "tainted": false
                    },
                    "deposed": [],
                    "provider": "provider.aws"
                },
                "aws_api_gateway_integration.options_integration": {
                    "type": "aws_api_gateway_integration",
                    "depends_on": [
                        "aws_api_gateway_method.options_method",
                        "aws_api_gateway_resource.cors_resource"
                    ],
                    "primary": {
                        "id": "agi-jt6xcxywmd-xv5pd6-OPTIONS",
                        "attributes": {
                            "cache_key_parameters.#": "0",
                            "cache_namespace": "xv5pd6",
                            "connection_id": "",
                            "connection_type": "INTERNET",
                            "content_handling": "",
                            "credentials": "",
                            "http_method": "OPTIONS",
                            "id": "agi-jt6xcxywmd-xv5pd6-OPTIONS",
                            "integration_http_method": "",
                            "passthrough_behavior": "WHEN_NO_MATCH",
                            "request_parameters.%": "0",
                            "request_templates.%": "1",
                            "request_templates.application/json": "{'statusCode': 200}",
                            "resource_id": "xv5pd6",
                            "rest_api_id": "jt6xcxywmd",
                            "timeout_milliseconds": "29000",
                            "type": "MOCK",
                            "uri": ""
                        },
                        "meta": {},
                        "tainted": false
                    },
                    "deposed": [],
                    "provider": "provider.aws"
                },
                "aws_api_gateway_integration_response.options_integration_response": {
                    "type": "aws_api_gateway_integration_response",
                    "depends_on": [
                        "aws_api_gateway_method.options_method",
                        "aws_api_gateway_method_response.options_200",
                        "aws_api_gateway_resource.cors_resource"
                    ],
                    "primary": {
                        "id": "agir-jt6xcxywmd-xv5pd6-OPTIONS-200",
                        "attributes": {
                            "content_handling": "",
                            "http_method": "OPTIONS",
                            "id": "agir-jt6xcxywmd-xv5pd6-OPTIONS-200",
                            "resource_id": "xv5pd6",
                            "response_parameters.%": "3",
                            "response_parameters.method.response.header.Access-Control-Allow-Headers": "'Content-Type,X-Amz-Date,Authorization,X-Api-Key,X-Amz-Security-Token'",
                            "response_parameters.method.response.header.Access-Control-Allow-Methods": "'OPTIONS,GET'",
                            "response_parameters.method.response.header.Access-Control-Allow-Origin": "'*'",
                            "response_templates.%": "1",
                            "response_templates.application/json": "",
                            "rest_api_id": "jt6xcxywmd",
                            "selection_pattern": "",
                            "status_code": "200"
                        },
                        "meta": {},
                        "tainted": false
                    },
                    "deposed": [],
                    "provider": "provider.aws"
                },
                "aws_api_gateway_method.cors_method": {
                    "type": "aws_api_gateway_method",
                    "depends_on": [
                        "aws_api_gateway_resource.cors_resource"
                    ],
                    "primary": {
                        "id": "agm-jt6xcxywmd-xv5pd6-GET",
                        "attributes": {
                            "api_key_required": "true",
                            "authorization": "NONE",
                            "authorization_scopes.#": "0",
                            "authorizer_id": "",
                            "http_method": "GET",
                            "id": "agm-jt6xcxywmd-xv5pd6-GET",
                            "request_models.%": "0",
                            "request_parameters.%": "0",
                            "request_validator_id": "",
                            "resource_id": "xv5pd6",
                            "rest_api_id": "jt6xcxywmd"
                        },
                        "meta": {},
                        "tainted": false
                    },
                    "deposed": [],
                    "provider": "provider.aws"
                },
                "aws_api_gateway_method.options_method": {
                    "type": "aws_api_gateway_method",
                    "depends_on": [
                        "aws_api_gateway_resource.cors_resource"
                    ],
                    "primary": {
                        "id": "agm-jt6xcxywmd-xv5pd6-OPTIONS",
                        "attributes": {
                            "api_key_required": "false",
                            "authorization": "NONE",
                            "authorization_scopes.#": "0",
                            "authorizer_id": "",
                            "http_method": "OPTIONS",
                            "id": "agm-jt6xcxywmd-xv5pd6-OPTIONS",
                            "request_models.%": "0",
                            "request_parameters.%": "0",
                            "request_validator_id": "",
                            "resource_id": "xv5pd6",
                            "rest_api_id": "jt6xcxywmd"
                        },
                        "meta": {},
                        "tainted": false
                    },
                    "deposed": [],
                    "provider": "provider.aws"
                },
                "aws_api_gateway_method_response.cors_method_response_200": {
                    "type": "aws_api_gateway_method_response",
                    "depends_on": [
                        "aws_api_gateway_method.cors_method",
                        "aws_api_gateway_resource.cors_resource"
                    ],
                    "primary": {
                        "id": "agmr-jt6xcxywmd-xv5pd6-GET-200",
                        "attributes": {
                            "http_method": "GET",
                            "id": "agmr-jt6xcxywmd-xv5pd6-GET-200",
                            "resource_id": "xv5pd6",
                            "response_models.%": "0",
                            "response_parameters.%": "1",
                            "response_parameters.method.response.header.Access-Control-Allow-Origin": "true",
                            "rest_api_id": "jt6xcxywmd",
                            "status_code": "200"
                        },
                        "meta": {},
                        "tainted": false
                    },
                    "deposed": [],
                    "provider": "provider.aws"
                },
                "aws_api_gateway_method_response.options_200": {
                    "type": "aws_api_gateway_method_response",
                    "depends_on": [
                        "aws_api_gateway_method.options_method",
                        "aws_api_gateway_resource.cors_resource"
                    ],
                    "primary": {
                        "id": "agmr-jt6xcxywmd-xv5pd6-OPTIONS-200",
                        "attributes": {
                            "http_method": "OPTIONS",
                            "id": "agmr-jt6xcxywmd-xv5pd6-OPTIONS-200",
                            "resource_id": "xv5pd6",
                            "response_models.%": "1",
                            "response_models.application/json": "Empty",
                            "response_parameters.%": "3",
                            "response_parameters.method.response.header.Access-Control-Allow-Headers": "true",
                            "response_parameters.method.response.header.Access-Control-Allow-Methods": "true",
                            "response_parameters.method.response.header.Access-Control-Allow-Origin": "true",
                            "rest_api_id": "jt6xcxywmd",
                            "status_code": "200"
                        },
                        "meta": {},
                        "tainted": false
                    },
                    "deposed": [],
                    "provider": "provider.aws"
                },
                "aws_api_gateway_resource.cors_resource": {
                    "type": "aws_api_gateway_resource",
                    "depends_on": [],
                    "primary": {
                        "id": "xv5pd6",
                        "attributes": {
                            "id": "xv5pd6",
                            "parent_id": "boik860gc2",
                            "path": "/exceptions",
                            "path_part": "exceptions",
                            "rest_api_id": "jt6xcxywmd"
                        },
                        "meta": {},
                        "tainted": false
                    },
                    "deposed": [],
                    "provider": "provider.aws"
                },
                "aws_lambda_permission.apigw_lambda": {
                    "type": "aws_lambda_permission",
                    "depends_on": [
                        "aws_api_gateway_method.cors_method",
                        "aws_api_gateway_resource.cors_resource"
                    ],
                    "primary": {
                        "id": "API_Lambda_jt6xcxywmd_GET_xv5pd6",
                        "attributes": {
                            "action": "lambda:InvokeFunction",
                            "function_name": "arn:aws:lambda:us-west-2:722431446741:function:dev_ApiGetExceptions",
                            "id": "API_Lambda_jt6xcxywmd_GET_xv5pd6",
                            "principal": "apigateway.amazonaws.com",
                            "qualifier": "",
                            "source_arn": "arn:aws:execute-api:us-west-2:722431446741:jt6xcxywmd/*/GET/exceptions",
                            "statement_id": "API_Lambda_jt6xcxywmd_GET_xv5pd6"
                        },
                        "meta": {},
                        "tainted": false
                    },
                    "deposed": [],
                    "provider": "provider.aws"
                }
            },
            "depends_on": []
        },
        {
            "path": [
                "root",
                "api_get_cars"
            ],
            "outputs": {},
            "resources": {
                "aws_api_gateway_integration.integration": {
                    "type": "aws_api_gateway_integration",
                    "depends_on": [
                        "aws_api_gateway_method.cors_method",
                        "aws_api_gateway_resource.cors_resource"
                    ],
                    "primary": {
                        "id": "agi-jt6xcxywmd-267kzf-GET",
                        "attributes": {
                            "cache_key_parameters.#": "0",
                            "cache_namespace": "267kzf",
                            "connection_id": "",
                            "connection_type": "INTERNET",
                            "content_handling": "",
                            "credentials": "",
                            "http_method": "GET",
                            "id": "agi-jt6xcxywmd-267kzf-GET",
                            "integration_http_method": "POST",
                            "passthrough_behavior": "WHEN_NO_MATCH",
                            "request_parameters.%": "0",
                            "request_templates.%": "0",
                            "resource_id": "267kzf",
                            "rest_api_id": "jt6xcxywmd",
                            "timeout_milliseconds": "29000",
                            "type": "AWS_PROXY",
                            "uri": "arn:aws:apigateway:us-west-2:lambda:path/2015-03-31/functions/arn:aws:lambda:us-west-2:722431446741:function:dev_ApiGetCars/invocations"
                        },
                        "meta": {},
                        "tainted": false
                    },
                    "deposed": [],
                    "provider": "provider.aws"
                },
                "aws_api_gateway_integration.options_integration": {
                    "type": "aws_api_gateway_integration",
                    "depends_on": [
                        "aws_api_gateway_method.options_method",
                        "aws_api_gateway_resource.cors_resource"
                    ],
                    "primary": {
                        "id": "agi-jt6xcxywmd-267kzf-OPTIONS",
                        "attributes": {
                            "cache_key_parameters.#": "0",
                            "cache_namespace": "267kzf",
                            "connection_id": "",
                            "connection_type": "INTERNET",
                            "content_handling": "",
                            "credentials": "",
                            "http_method": "OPTIONS",
                            "id": "agi-jt6xcxywmd-267kzf-OPTIONS",
                            "integration_http_method": "",
                            "passthrough_behavior": "WHEN_NO_MATCH",
                            "request_parameters.%": "0",
                            "request_templates.%": "1",
                            "request_templates.application/json": "{'statusCode': 200}",
                            "resource_id": "267kzf",
                            "rest_api_id": "jt6xcxywmd",
                            "timeout_milliseconds": "29000",
                            "type": "MOCK",
                            "uri": ""
                        },
                        "meta": {},
                        "tainted": false
                    },
                    "deposed": [],
                    "provider": "provider.aws"
                },
                "aws_api_gateway_integration_response.options_integration_response": {
                    "type": "aws_api_gateway_integration_response",
                    "depends_on": [
                        "aws_api_gateway_method.options_method",
                        "aws_api_gateway_method_response.options_200",
                        "aws_api_gateway_resource.cors_resource"
                    ],
                    "primary": {
                        "id": "agir-jt6xcxywmd-267kzf-OPTIONS-200",
                        "attributes": {
                            "content_handling": "",
                            "http_method": "OPTIONS",
                            "id": "agir-jt6xcxywmd-267kzf-OPTIONS-200",
                            "resource_id": "267kzf",
                            "response_parameters.%": "3",
                            "response_parameters.method.response.header.Access-Control-Allow-Headers": "'Content-Type,X-Amz-Date,Authorization,X-Api-Key,X-Amz-Security-Token'",
                            "response_parameters.method.response.header.Access-Control-Allow-Methods": "'OPTIONS,GET'",
                            "response_parameters.method.response.header.Access-Control-Allow-Origin": "'*'",
                            "response_templates.%": "1",
                            "response_templates.application/json": "",
                            "rest_api_id": "jt6xcxywmd",
                            "selection_pattern": "",
                            "status_code": "200"
                        },
                        "meta": {},
                        "tainted": false
                    },
                    "deposed": [],
                    "provider": "provider.aws"
                },
                "aws_api_gateway_method.cors_method": {
                    "type": "aws_api_gateway_method",
                    "depends_on": [
                        "aws_api_gateway_resource.cors_resource"
                    ],
                    "primary": {
                        "id": "agm-jt6xcxywmd-267kzf-GET",
                        "attributes": {
                            "api_key_required": "true",
                            "authorization": "NONE",
                            "authorization_scopes.#": "0",
                            "authorizer_id": "",
                            "http_method": "GET",
                            "id": "agm-jt6xcxywmd-267kzf-GET",
                            "request_models.%": "0",
                            "request_parameters.%": "0",
                            "request_validator_id": "",
                            "resource_id": "267kzf",
                            "rest_api_id": "jt6xcxywmd"
                        },
                        "meta": {},
                        "tainted": false
                    },
                    "deposed": [],
                    "provider": "provider.aws"
                },
                "aws_api_gateway_method.options_method": {
                    "type": "aws_api_gateway_method",
                    "depends_on": [
                        "aws_api_gateway_resource.cors_resource"
                    ],
                    "primary": {
                        "id": "agm-jt6xcxywmd-267kzf-OPTIONS",
                        "attributes": {
                            "api_key_required": "false",
                            "authorization": "NONE",
                            "authorization_scopes.#": "0",
                            "authorizer_id": "",
                            "http_method": "OPTIONS",
                            "id": "agm-jt6xcxywmd-267kzf-OPTIONS",
                            "request_models.%": "0",
                            "request_parameters.%": "0",
                            "request_validator_id": "",
                            "resource_id": "267kzf",
                            "rest_api_id": "jt6xcxywmd"
                        },
                        "meta": {},
                        "tainted": false
                    },
                    "deposed": [],
                    "provider": "provider.aws"
                },
                "aws_api_gateway_method_response.cors_method_response_200": {
                    "type": "aws_api_gateway_method_response",
                    "depends_on": [
                        "aws_api_gateway_method.cors_method",
                        "aws_api_gateway_resource.cors_resource"
                    ],
                    "primary": {
                        "id": "agmr-jt6xcxywmd-267kzf-GET-200",
                        "attributes": {
                            "http_method": "GET",
                            "id": "agmr-jt6xcxywmd-267kzf-GET-200",
                            "resource_id": "267kzf",
                            "response_models.%": "0",
                            "response_parameters.%": "1",
                            "response_parameters.method.response.header.Access-Control-Allow-Origin": "true",
                            "rest_api_id": "jt6xcxywmd",
                            "status_code": "200"
                        },
                        "meta": {},
                        "tainted": false
                    },
                    "deposed": [],
                    "provider": "provider.aws"
                },
                "aws_api_gateway_method_response.options_200": {
                    "type": "aws_api_gateway_method_response",
                    "depends_on": [
                        "aws_api_gateway_method.options_method",
                        "aws_api_gateway_resource.cors_resource"
                    ],
                    "primary": {
                        "id": "agmr-jt6xcxywmd-267kzf-OPTIONS-200",
                        "attributes": {
                            "http_method": "OPTIONS",
                            "id": "agmr-jt6xcxywmd-267kzf-OPTIONS-200",
                            "resource_id": "267kzf",
                            "response_models.%": "1",
                            "response_models.application/json": "Empty",
                            "response_parameters.%": "3",
                            "response_parameters.method.response.header.Access-Control-Allow-Headers": "true",
                            "response_parameters.method.response.header.Access-Control-Allow-Methods": "true",
                            "response_parameters.method.response.header.Access-Control-Allow-Origin": "true",
                            "rest_api_id": "jt6xcxywmd",
                            "status_code": "200"
                        },
                        "meta": {},
                        "tainted": false
                    },
                    "deposed": [],
                    "provider": "provider.aws"
                },
                "aws_api_gateway_resource.cors_resource": {
                    "type": "aws_api_gateway_resource",
                    "depends_on": [],
                    "primary": {
                        "id": "267kzf",
                        "attributes": {
                            "id": "267kzf",
                            "parent_id": "boik860gc2",
                            "path": "/cars",
                            "path_part": "cars",
                            "rest_api_id": "jt6xcxywmd"
                        },
                        "meta": {},
                        "tainted": false
                    },
                    "deposed": [],
                    "provider": "provider.aws"
                },
                "aws_lambda_permission.apigw_lambda": {
                    "type": "aws_lambda_permission",
                    "depends_on": [
                        "aws_api_gateway_method.cors_method",
                        "aws_api_gateway_resource.cors_resource"
                    ],
                    "primary": {
                        "id": "API_Lambda_jt6xcxywmd_GET_267kzf",
                        "attributes": {
                            "action": "lambda:InvokeFunction",
                            "function_name": "arn:aws:lambda:us-west-2:722431446741:function:dev_ApiGetCars",
                            "id": "API_Lambda_jt6xcxywmd_GET_267kzf",
                            "principal": "apigateway.amazonaws.com",
                            "qualifier": "",
                            "source_arn": "arn:aws:execute-api:us-west-2:722431446741:jt6xcxywmd/*/GET/cars",
                            "statement_id": "API_Lambda_jt6xcxywmd_GET_267kzf"
                        },
                        "meta": {},
                        "tainted": false
                    },
                    "deposed": [],
                    "provider": "provider.aws"
                }
            },
            "depends_on": []
        },
        {
            "path": [
                "root",
                "api_get_drive_survey_analytics_drive"
            ],
            "outputs": {},
            "resources": {
                "aws_api_gateway_integration.integration": {
                    "type": "aws_api_gateway_integration",
                    "depends_on": [
                        "aws_api_gateway_method.cors_method",
                        "aws_api_gateway_resource.cors_resource"
                    ],
                    "primary": {
                        "id": "agi-jt6xcxywmd-s3emkd-POST",
                        "attributes": {
                            "cache_key_parameters.#": "0",
                            "cache_namespace": "s3emkd",
                            "connection_id": "",
                            "connection_type": "INTERNET",
                            "content_handling": "",
                            "credentials": "",
                            "http_method": "POST",
                            "id": "agi-jt6xcxywmd-s3emkd-POST",
                            "integration_http_method": "POST",
                            "passthrough_behavior": "WHEN_NO_MATCH",
                            "request_parameters.%": "0",
                            "request_templates.%": "0",
                            "resource_id": "s3emkd",
                            "rest_api_id": "jt6xcxywmd",
                            "timeout_milliseconds": "29000",
                            "type": "AWS_PROXY",
                            "uri": "arn:aws:apigateway:us-west-2:lambda:path/2015-03-31/functions/arn:aws:lambda:us-west-2:722431446741:function:dev_ApiGetDriveSurveyAnalytics/invocations"
                        },
                        "meta": {},
                        "tainted": false
                    },
                    "deposed": [],
                    "provider": "provider.aws"
                },
                "aws_api_gateway_integration.options_integration": {
                    "type": "aws_api_gateway_integration",
                    "depends_on": [
                        "aws_api_gateway_method.options_method",
                        "aws_api_gateway_resource.cors_resource"
                    ],
                    "primary": {
                        "id": "agi-jt6xcxywmd-s3emkd-OPTIONS",
                        "attributes": {
                            "cache_key_parameters.#": "0",
                            "cache_namespace": "s3emkd",
                            "connection_id": "",
                            "connection_type": "INTERNET",
                            "content_handling": "",
                            "credentials": "",
                            "http_method": "OPTIONS",
                            "id": "agi-jt6xcxywmd-s3emkd-OPTIONS",
                            "integration_http_method": "",
                            "passthrough_behavior": "WHEN_NO_MATCH",
                            "request_parameters.%": "0",
                            "request_templates.%": "1",
                            "request_templates.application/json": "{'statusCode': 200}",
                            "resource_id": "s3emkd",
                            "rest_api_id": "jt6xcxywmd",
                            "timeout_milliseconds": "29000",
                            "type": "MOCK",
                            "uri": ""
                        },
                        "meta": {},
                        "tainted": false
                    },
                    "deposed": [],
                    "provider": "provider.aws"
                },
                "aws_api_gateway_integration_response.options_integration_response": {
                    "type": "aws_api_gateway_integration_response",
                    "depends_on": [
                        "aws_api_gateway_method.options_method",
                        "aws_api_gateway_method_response.options_200",
                        "aws_api_gateway_resource.cors_resource"
                    ],
                    "primary": {
                        "id": "agir-jt6xcxywmd-s3emkd-OPTIONS-200",
                        "attributes": {
                            "content_handling": "",
                            "http_method": "OPTIONS",
                            "id": "agir-jt6xcxywmd-s3emkd-OPTIONS-200",
                            "resource_id": "s3emkd",
                            "response_parameters.%": "3",
                            "response_parameters.method.response.header.Access-Control-Allow-Headers": "'Content-Type,X-Amz-Date,Authorization,X-Api-Key,X-Amz-Security-Token'",
                            "response_parameters.method.response.header.Access-Control-Allow-Methods": "'OPTIONS,POST'",
                            "response_parameters.method.response.header.Access-Control-Allow-Origin": "'*'",
                            "response_templates.%": "1",
                            "response_templates.application/json": "",
                            "rest_api_id": "jt6xcxywmd",
                            "selection_pattern": "",
                            "status_code": "200"
                        },
                        "meta": {},
                        "tainted": false
                    },
                    "deposed": [],
                    "provider": "provider.aws"
                },
                "aws_api_gateway_method.cors_method": {
                    "type": "aws_api_gateway_method",
                    "depends_on": [
                        "aws_api_gateway_resource.cors_resource"
                    ],
                    "primary": {
                        "id": "agm-jt6xcxywmd-s3emkd-POST",
                        "attributes": {
                            "api_key_required": "true",
                            "authorization": "NONE",
                            "authorization_scopes.#": "0",
                            "authorizer_id": "",
                            "http_method": "POST",
                            "id": "agm-jt6xcxywmd-s3emkd-POST",
                            "request_models.%": "0",
                            "request_parameters.%": "0",
                            "request_validator_id": "",
                            "resource_id": "s3emkd",
                            "rest_api_id": "jt6xcxywmd"
                        },
                        "meta": {},
                        "tainted": false
                    },
                    "deposed": [],
                    "provider": "provider.aws"
                },
                "aws_api_gateway_method.options_method": {
                    "type": "aws_api_gateway_method",
                    "depends_on": [
                        "aws_api_gateway_resource.cors_resource"
                    ],
                    "primary": {
                        "id": "agm-jt6xcxywmd-s3emkd-OPTIONS",
                        "attributes": {
                            "api_key_required": "false",
                            "authorization": "NONE",
                            "authorization_scopes.#": "0",
                            "authorizer_id": "",
                            "http_method": "OPTIONS",
                            "id": "agm-jt6xcxywmd-s3emkd-OPTIONS",
                            "request_models.%": "0",
                            "request_parameters.%": "0",
                            "request_validator_id": "",
                            "resource_id": "s3emkd",
                            "rest_api_id": "jt6xcxywmd"
                        },
                        "meta": {},
                        "tainted": false
                    },
                    "deposed": [],
                    "provider": "provider.aws"
                },
                "aws_api_gateway_method_response.cors_method_response_200": {
                    "type": "aws_api_gateway_method_response",
                    "depends_on": [
                        "aws_api_gateway_method.cors_method",
                        "aws_api_gateway_resource.cors_resource"
                    ],
                    "primary": {
                        "id": "agmr-jt6xcxywmd-s3emkd-POST-200",
                        "attributes": {
                            "http_method": "POST",
                            "id": "agmr-jt6xcxywmd-s3emkd-POST-200",
                            "resource_id": "s3emkd",
                            "response_models.%": "0",
                            "response_parameters.%": "1",
                            "response_parameters.method.response.header.Access-Control-Allow-Origin": "true",
                            "rest_api_id": "jt6xcxywmd",
                            "status_code": "200"
                        },
                        "meta": {},
                        "tainted": false
                    },
                    "deposed": [],
                    "provider": "provider.aws"
                },
                "aws_api_gateway_method_response.options_200": {
                    "type": "aws_api_gateway_method_response",
                    "depends_on": [
                        "aws_api_gateway_method.options_method",
                        "aws_api_gateway_resource.cors_resource"
                    ],
                    "primary": {
                        "id": "agmr-jt6xcxywmd-s3emkd-OPTIONS-200",
                        "attributes": {
                            "http_method": "OPTIONS",
                            "id": "agmr-jt6xcxywmd-s3emkd-OPTIONS-200",
                            "resource_id": "s3emkd",
                            "response_models.%": "1",
                            "response_models.application/json": "Empty",
                            "response_parameters.%": "3",
                            "response_parameters.method.response.header.Access-Control-Allow-Headers": "true",
                            "response_parameters.method.response.header.Access-Control-Allow-Methods": "true",
                            "response_parameters.method.response.header.Access-Control-Allow-Origin": "true",
                            "rest_api_id": "jt6xcxywmd",
                            "status_code": "200"
                        },
                        "meta": {},
                        "tainted": false
                    },
                    "deposed": [],
                    "provider": "provider.aws"
                },
                "aws_api_gateway_resource.cors_resource": {
                    "type": "aws_api_gateway_resource",
                    "depends_on": [],
                    "primary": {
                        "id": "s3emkd",
                        "attributes": {
                            "id": "s3emkd",
                            "parent_id": "boik860gc2",
                            "path": "/analytics",
                            "path_part": "analytics",
                            "rest_api_id": "jt6xcxywmd"
                        },
                        "meta": {},
                        "tainted": false
                    },
                    "deposed": [],
                    "provider": "provider.aws"
                },
                "aws_lambda_permission.apigw_lambda": {
                    "type": "aws_lambda_permission",
                    "depends_on": [
                        "aws_api_gateway_method.cors_method",
                        "aws_api_gateway_resource.cors_resource"
                    ],
                    "primary": {
                        "id": "API_Lambda_jt6xcxywmd_POST_s3emkd",
                        "attributes": {
                            "action": "lambda:InvokeFunction",
                            "function_name": "arn:aws:lambda:us-west-2:722431446741:function:dev_ApiGetDriveSurveyAnalytics",
                            "id": "API_Lambda_jt6xcxywmd_POST_s3emkd",
                            "principal": "apigateway.amazonaws.com",
                            "qualifier": "",
                            "source_arn": "arn:aws:execute-api:us-west-2:722431446741:jt6xcxywmd/*/POST/analytics",
                            "statement_id": "API_Lambda_jt6xcxywmd_POST_s3emkd"
                        },
                        "meta": {},
                        "tainted": false
                    },
                    "deposed": [],
                    "provider": "provider.aws"
                }
            },
            "depends_on": []
        },
        {
            "path": [
                "root",
                "api_get_postSurvey"
            ],
            "outputs": {},
            "resources": {
                "aws_api_gateway_integration.integration": {
                    "type": "aws_api_gateway_integration",
                    "depends_on": [
                        "aws_api_gateway_method.cors_method",
                        "aws_api_gateway_resource.cors_resource"
                    ],
                    "primary": {
                        "id": "agi-jt6xcxywmd-07zeny-GET",
                        "attributes": {
                            "cache_key_parameters.#": "0",
                            "cache_namespace": "07zeny",
                            "connection_id": "",
                            "connection_type": "INTERNET",
                            "content_handling": "",
                            "credentials": "",
                            "http_method": "GET",
                            "id": "agi-jt6xcxywmd-07zeny-GET",
                            "integration_http_method": "POST",
                            "passthrough_behavior": "WHEN_NO_MATCH",
                            "request_parameters.%": "0",
                            "request_templates.%": "0",
                            "resource_id": "07zeny",
                            "rest_api_id": "jt6xcxywmd",
                            "timeout_milliseconds": "29000",
                            "type": "AWS_PROXY",
                            "uri": "arn:aws:apigateway:us-west-2:lambda:path/2015-03-31/functions/arn:aws:lambda:us-west-2:722431446741:function:dev_ApiGetPostSurvey/invocations"
                        },
                        "meta": {},
                        "tainted": false
                    },
                    "deposed": [],
                    "provider": "provider.aws"
                },
                "aws_api_gateway_integration.options_integration": {
                    "type": "aws_api_gateway_integration",
                    "depends_on": [
                        "aws_api_gateway_method.options_method",
                        "aws_api_gateway_resource.cors_resource"
                    ],
                    "primary": {
                        "id": "agi-jt6xcxywmd-07zeny-OPTIONS",
                        "attributes": {
                            "cache_key_parameters.#": "0",
                            "cache_namespace": "07zeny",
                            "connection_id": "",
                            "connection_type": "INTERNET",
                            "content_handling": "",
                            "credentials": "",
                            "http_method": "OPTIONS",
                            "id": "agi-jt6xcxywmd-07zeny-OPTIONS",
                            "integration_http_method": "",
                            "passthrough_behavior": "WHEN_NO_MATCH",
                            "request_parameters.%": "0",
                            "request_templates.%": "1",
                            "request_templates.application/json": "{'statusCode': 200}",
                            "resource_id": "07zeny",
                            "rest_api_id": "jt6xcxywmd",
                            "timeout_milliseconds": "29000",
                            "type": "MOCK",
                            "uri": ""
                        },
                        "meta": {},
                        "tainted": false
                    },
                    "deposed": [],
                    "provider": "provider.aws"
                },
                "aws_api_gateway_integration_response.options_integration_response": {
                    "type": "aws_api_gateway_integration_response",
                    "depends_on": [
                        "aws_api_gateway_method.options_method",
                        "aws_api_gateway_method_response.options_200",
                        "aws_api_gateway_resource.cors_resource"
                    ],
                    "primary": {
                        "id": "agir-jt6xcxywmd-07zeny-OPTIONS-200",
                        "attributes": {
                            "content_handling": "",
                            "http_method": "OPTIONS",
                            "id": "agir-jt6xcxywmd-07zeny-OPTIONS-200",
                            "resource_id": "07zeny",
                            "response_parameters.%": "3",
                            "response_parameters.method.response.header.Access-Control-Allow-Headers": "'Content-Type,X-Amz-Date,Authorization,X-Api-Key,X-Amz-Security-Token'",
                            "response_parameters.method.response.header.Access-Control-Allow-Methods": "'OPTIONS,GET'",
                            "response_parameters.method.response.header.Access-Control-Allow-Origin": "'*'",
                            "response_templates.%": "1",
                            "response_templates.application/json": "",
                            "rest_api_id": "jt6xcxywmd",
                            "selection_pattern": "",
                            "status_code": "200"
                        },
                        "meta": {},
                        "tainted": false
                    },
                    "deposed": [],
                    "provider": "provider.aws"
                },
                "aws_api_gateway_method.cors_method": {
                    "type": "aws_api_gateway_method",
                    "depends_on": [
                        "aws_api_gateway_resource.cors_resource"
                    ],
                    "primary": {
                        "id": "agm-jt6xcxywmd-07zeny-GET",
                        "attributes": {
                            "api_key_required": "true",
                            "authorization": "NONE",
                            "authorization_scopes.#": "0",
                            "authorizer_id": "",
                            "http_method": "GET",
                            "id": "agm-jt6xcxywmd-07zeny-GET",
                            "request_models.%": "0",
                            "request_parameters.%": "0",
                            "request_validator_id": "",
                            "resource_id": "07zeny",
                            "rest_api_id": "jt6xcxywmd"
                        },
                        "meta": {},
                        "tainted": false
                    },
                    "deposed": [],
                    "provider": "provider.aws"
                },
                "aws_api_gateway_method.options_method": {
                    "type": "aws_api_gateway_method",
                    "depends_on": [
                        "aws_api_gateway_resource.cors_resource"
                    ],
                    "primary": {
                        "id": "agm-jt6xcxywmd-07zeny-OPTIONS",
                        "attributes": {
                            "api_key_required": "false",
                            "authorization": "NONE",
                            "authorization_scopes.#": "0",
                            "authorizer_id": "",
                            "http_method": "OPTIONS",
                            "id": "agm-jt6xcxywmd-07zeny-OPTIONS",
                            "request_models.%": "0",
                            "request_parameters.%": "0",
                            "request_validator_id": "",
                            "resource_id": "07zeny",
                            "rest_api_id": "jt6xcxywmd"
                        },
                        "meta": {},
                        "tainted": false
                    },
                    "deposed": [],
                    "provider": "provider.aws"
                },
                "aws_api_gateway_method_response.cors_method_response_200": {
                    "type": "aws_api_gateway_method_response",
                    "depends_on": [
                        "aws_api_gateway_method.cors_method",
                        "aws_api_gateway_resource.cors_resource"
                    ],
                    "primary": {
                        "id": "agmr-jt6xcxywmd-07zeny-GET-200",
                        "attributes": {
                            "http_method": "GET",
                            "id": "agmr-jt6xcxywmd-07zeny-GET-200",
                            "resource_id": "07zeny",
                            "response_models.%": "0",
                            "response_parameters.%": "1",
                            "response_parameters.method.response.header.Access-Control-Allow-Origin": "true",
                            "rest_api_id": "jt6xcxywmd",
                            "status_code": "200"
                        },
                        "meta": {},
                        "tainted": false
                    },
                    "deposed": [],
                    "provider": "provider.aws"
                },
                "aws_api_gateway_method_response.options_200": {
                    "type": "aws_api_gateway_method_response",
                    "depends_on": [
                        "aws_api_gateway_method.options_method",
                        "aws_api_gateway_resource.cors_resource"
                    ],
                    "primary": {
                        "id": "agmr-jt6xcxywmd-07zeny-OPTIONS-200",
                        "attributes": {
                            "http_method": "OPTIONS",
                            "id": "agmr-jt6xcxywmd-07zeny-OPTIONS-200",
                            "resource_id": "07zeny",
                            "response_models.%": "1",
                            "response_models.application/json": "Empty",
                            "response_parameters.%": "3",
                            "response_parameters.method.response.header.Access-Control-Allow-Headers": "true",
                            "response_parameters.method.response.header.Access-Control-Allow-Methods": "true",
                            "response_parameters.method.response.header.Access-Control-Allow-Origin": "true",
                            "rest_api_id": "jt6xcxywmd",
                            "status_code": "200"
                        },
                        "meta": {},
                        "tainted": false
                    },
                    "deposed": [],
                    "provider": "provider.aws"
                },
                "aws_api_gateway_resource.cors_resource": {
                    "type": "aws_api_gateway_resource",
                    "depends_on": [],
                    "primary": {
                        "id": "07zeny",
                        "attributes": {
                            "id": "07zeny",
                            "parent_id": "boik860gc2",
                            "path": "/postSurvey",
                            "path_part": "postSurvey",
                            "rest_api_id": "jt6xcxywmd"
                        },
                        "meta": {},
                        "tainted": false
                    },
                    "deposed": [],
                    "provider": "provider.aws"
                },
                "aws_lambda_permission.apigw_lambda": {
                    "type": "aws_lambda_permission",
                    "depends_on": [
                        "aws_api_gateway_method.cors_method",
                        "aws_api_gateway_resource.cors_resource"
                    ],
                    "primary": {
                        "id": "API_Lambda_jt6xcxywmd_GET_07zeny",
                        "attributes": {
                            "action": "lambda:InvokeFunction",
                            "function_name": "arn:aws:lambda:us-west-2:722431446741:function:dev_ApiGetPostSurvey",
                            "id": "API_Lambda_jt6xcxywmd_GET_07zeny",
                            "principal": "apigateway.amazonaws.com",
                            "qualifier": "",
                            "source_arn": "arn:aws:execute-api:us-west-2:722431446741:jt6xcxywmd/*/GET/postSurvey",
                            "statement_id": "API_Lambda_jt6xcxywmd_GET_07zeny"
                        },
                        "meta": {},
                        "tainted": false
                    },
                    "deposed": [],
                    "provider": "provider.aws"
                }
            },
            "depends_on": []
        },
        {
            "path": [
                "root",
                "api_get_preSurvey"
            ],
            "outputs": {},
            "resources": {
                "aws_api_gateway_integration.integration": {
                    "type": "aws_api_gateway_integration",
                    "depends_on": [
                        "aws_api_gateway_method.cors_method",
                        "aws_api_gateway_resource.cors_resource"
                    ],
                    "primary": {
                        "id": "agi-jt6xcxywmd-6kacof-GET",
                        "attributes": {
                            "cache_key_parameters.#": "0",
                            "cache_namespace": "6kacof",
                            "connection_id": "",
                            "connection_type": "INTERNET",
                            "content_handling": "",
                            "credentials": "",
                            "http_method": "GET",
                            "id": "agi-jt6xcxywmd-6kacof-GET",
                            "integration_http_method": "POST",
                            "passthrough_behavior": "WHEN_NO_MATCH",
                            "request_parameters.%": "0",
                            "request_templates.%": "0",
                            "resource_id": "6kacof",
                            "rest_api_id": "jt6xcxywmd",
                            "timeout_milliseconds": "29000",
                            "type": "AWS_PROXY",
                            "uri": "arn:aws:apigateway:us-west-2:lambda:path/2015-03-31/functions/arn:aws:lambda:us-west-2:722431446741:function:dev_ApiGetPreSurvey/invocations"
                        },
                        "meta": {},
                        "tainted": false
                    },
                    "deposed": [],
                    "provider": "provider.aws"
                },
                "aws_api_gateway_integration.options_integration": {
                    "type": "aws_api_gateway_integration",
                    "depends_on": [
                        "aws_api_gateway_method.options_method",
                        "aws_api_gateway_resource.cors_resource"
                    ],
                    "primary": {
                        "id": "agi-jt6xcxywmd-6kacof-OPTIONS",
                        "attributes": {
                            "cache_key_parameters.#": "0",
                            "cache_namespace": "6kacof",
                            "connection_id": "",
                            "connection_type": "INTERNET",
                            "content_handling": "",
                            "credentials": "",
                            "http_method": "OPTIONS",
                            "id": "agi-jt6xcxywmd-6kacof-OPTIONS",
                            "integration_http_method": "",
                            "passthrough_behavior": "WHEN_NO_MATCH",
                            "request_parameters.%": "0",
                            "request_templates.%": "1",
                            "request_templates.application/json": "{'statusCode': 200}",
                            "resource_id": "6kacof",
                            "rest_api_id": "jt6xcxywmd",
                            "timeout_milliseconds": "29000",
                            "type": "MOCK",
                            "uri": ""
                        },
                        "meta": {},
                        "tainted": false
                    },
                    "deposed": [],
                    "provider": "provider.aws"
                },
                "aws_api_gateway_integration_response.options_integration_response": {
                    "type": "aws_api_gateway_integration_response",
                    "depends_on": [
                        "aws_api_gateway_method.options_method",
                        "aws_api_gateway_method_response.options_200",
                        "aws_api_gateway_resource.cors_resource"
                    ],
                    "primary": {
                        "id": "agir-jt6xcxywmd-6kacof-OPTIONS-200",
                        "attributes": {
                            "content_handling": "",
                            "http_method": "OPTIONS",
                            "id": "agir-jt6xcxywmd-6kacof-OPTIONS-200",
                            "resource_id": "6kacof",
                            "response_parameters.%": "3",
                            "response_parameters.method.response.header.Access-Control-Allow-Headers": "'Content-Type,X-Amz-Date,Authorization,X-Api-Key,X-Amz-Security-Token'",
                            "response_parameters.method.response.header.Access-Control-Allow-Methods": "'OPTIONS,GET'",
                            "response_parameters.method.response.header.Access-Control-Allow-Origin": "'*'",
                            "response_templates.%": "1",
                            "response_templates.application/json": "",
                            "rest_api_id": "jt6xcxywmd",
                            "selection_pattern": "",
                            "status_code": "200"
                        },
                        "meta": {},
                        "tainted": false
                    },
                    "deposed": [],
                    "provider": "provider.aws"
                },
                "aws_api_gateway_method.cors_method": {
                    "type": "aws_api_gateway_method",
                    "depends_on": [
                        "aws_api_gateway_resource.cors_resource"
                    ],
                    "primary": {
                        "id": "agm-jt6xcxywmd-6kacof-GET",
                        "attributes": {
                            "api_key_required": "true",
                            "authorization": "NONE",
                            "authorization_scopes.#": "0",
                            "authorizer_id": "",
                            "http_method": "GET",
                            "id": "agm-jt6xcxywmd-6kacof-GET",
                            "request_models.%": "0",
                            "request_parameters.%": "0",
                            "request_validator_id": "",
                            "resource_id": "6kacof",
                            "rest_api_id": "jt6xcxywmd"
                        },
                        "meta": {},
                        "tainted": false
                    },
                    "deposed": [],
                    "provider": "provider.aws"
                },
                "aws_api_gateway_method.options_method": {
                    "type": "aws_api_gateway_method",
                    "depends_on": [
                        "aws_api_gateway_resource.cors_resource"
                    ],
                    "primary": {
                        "id": "agm-jt6xcxywmd-6kacof-OPTIONS",
                        "attributes": {
                            "api_key_required": "false",
                            "authorization": "NONE",
                            "authorization_scopes.#": "0",
                            "authorizer_id": "",
                            "http_method": "OPTIONS",
                            "id": "agm-jt6xcxywmd-6kacof-OPTIONS",
                            "request_models.%": "0",
                            "request_parameters.%": "0",
                            "request_validator_id": "",
                            "resource_id": "6kacof",
                            "rest_api_id": "jt6xcxywmd"
                        },
                        "meta": {},
                        "tainted": false
                    },
                    "deposed": [],
                    "provider": "provider.aws"
                },
                "aws_api_gateway_method_response.cors_method_response_200": {
                    "type": "aws_api_gateway_method_response",
                    "depends_on": [
                        "aws_api_gateway_method.cors_method",
                        "aws_api_gateway_resource.cors_resource"
                    ],
                    "primary": {
                        "id": "agmr-jt6xcxywmd-6kacof-GET-200",
                        "attributes": {
                            "http_method": "GET",
                            "id": "agmr-jt6xcxywmd-6kacof-GET-200",
                            "resource_id": "6kacof",
                            "response_models.%": "0",
                            "response_parameters.%": "1",
                            "response_parameters.method.response.header.Access-Control-Allow-Origin": "true",
                            "rest_api_id": "jt6xcxywmd",
                            "status_code": "200"
                        },
                        "meta": {},
                        "tainted": false
                    },
                    "deposed": [],
                    "provider": "provider.aws"
                },
                "aws_api_gateway_method_response.options_200": {
                    "type": "aws_api_gateway_method_response",
                    "depends_on": [
                        "aws_api_gateway_method.options_method",
                        "aws_api_gateway_resource.cors_resource"
                    ],
                    "primary": {
                        "id": "agmr-jt6xcxywmd-6kacof-OPTIONS-200",
                        "attributes": {
                            "http_method": "OPTIONS",
                            "id": "agmr-jt6xcxywmd-6kacof-OPTIONS-200",
                            "resource_id": "6kacof",
                            "response_models.%": "1",
                            "response_models.application/json": "Empty",
                            "response_parameters.%": "3",
                            "response_parameters.method.response.header.Access-Control-Allow-Headers": "true",
                            "response_parameters.method.response.header.Access-Control-Allow-Methods": "true",
                            "response_parameters.method.response.header.Access-Control-Allow-Origin": "true",
                            "rest_api_id": "jt6xcxywmd",
                            "status_code": "200"
                        },
                        "meta": {},
                        "tainted": false
                    },
                    "deposed": [],
                    "provider": "provider.aws"
                },
                "aws_api_gateway_resource.cors_resource": {
                    "type": "aws_api_gateway_resource",
                    "depends_on": [],
                    "primary": {
                        "id": "6kacof",
                        "attributes": {
                            "id": "6kacof",
                            "parent_id": "boik860gc2",
                            "path": "/preSurvey",
                            "path_part": "preSurvey",
                            "rest_api_id": "jt6xcxywmd"
                        },
                        "meta": {},
                        "tainted": false
                    },
                    "deposed": [],
                    "provider": "provider.aws"
                },
                "aws_lambda_permission.apigw_lambda": {
                    "type": "aws_lambda_permission",
                    "depends_on": [
                        "aws_api_gateway_method.cors_method",
                        "aws_api_gateway_resource.cors_resource"
                    ],
                    "primary": {
                        "id": "API_Lambda_jt6xcxywmd_GET_6kacof",
                        "attributes": {
                            "action": "lambda:InvokeFunction",
                            "function_name": "arn:aws:lambda:us-west-2:722431446741:function:dev_ApiGetPreSurvey",
                            "id": "API_Lambda_jt6xcxywmd_GET_6kacof",
                            "principal": "apigateway.amazonaws.com",
                            "qualifier": "",
                            "source_arn": "arn:aws:execute-api:us-west-2:722431446741:jt6xcxywmd/*/GET/preSurvey",
                            "statement_id": "API_Lambda_jt6xcxywmd_GET_6kacof"
                        },
                        "meta": {},
                        "tainted": false
                    },
                    "deposed": [],
                    "provider": "provider.aws"
                }
            },
            "depends_on": []
        },
        {
            "path": [
                "root",
                "api_get_schedule"
            ],
            "outputs": {},
            "resources": {
                "aws_api_gateway_integration.integration": {
                    "type": "aws_api_gateway_integration",
                    "depends_on": [
                        "aws_api_gateway_method.cors_method",
                        "aws_api_gateway_resource.cors_resource"
                    ],
                    "primary": {
                        "id": "agi-jt6xcxywmd-dqx05w-GET",
                        "attributes": {
                            "cache_key_parameters.#": "0",
                            "cache_namespace": "dqx05w",
                            "connection_id": "",
                            "connection_type": "INTERNET",
                            "content_handling": "",
                            "credentials": "",
                            "http_method": "GET",
                            "id": "agi-jt6xcxywmd-dqx05w-GET",
                            "integration_http_method": "POST",
                            "passthrough_behavior": "WHEN_NO_MATCH",
                            "request_parameters.%": "0",
                            "request_templates.%": "0",
                            "resource_id": "dqx05w",
                            "rest_api_id": "jt6xcxywmd",
                            "timeout_milliseconds": "29000",
                            "type": "AWS_PROXY",
                            "uri": "arn:aws:apigateway:us-west-2:lambda:path/2015-03-31/functions/arn:aws:lambda:us-west-2:722431446741:function:dev_ApiGetScheduledDrives/invocations"
                        },
                        "meta": {},
                        "tainted": false
                    },
                    "deposed": [],
                    "provider": "provider.aws"
                },
                "aws_api_gateway_integration.options_integration": {
                    "type": "aws_api_gateway_integration",
                    "depends_on": [
                        "aws_api_gateway_method.options_method",
                        "aws_api_gateway_resource.cors_resource"
                    ],
                    "primary": {
                        "id": "agi-jt6xcxywmd-dqx05w-OPTIONS",
                        "attributes": {
                            "cache_key_parameters.#": "0",
                            "cache_namespace": "dqx05w",
                            "connection_id": "",
                            "connection_type": "INTERNET",
                            "content_handling": "",
                            "credentials": "",
                            "http_method": "OPTIONS",
                            "id": "agi-jt6xcxywmd-dqx05w-OPTIONS",
                            "integration_http_method": "",
                            "passthrough_behavior": "WHEN_NO_MATCH",
                            "request_parameters.%": "0",
                            "request_templates.%": "1",
                            "request_templates.application/json": "{'statusCode': 200}",
                            "resource_id": "dqx05w",
                            "rest_api_id": "jt6xcxywmd",
                            "timeout_milliseconds": "29000",
                            "type": "MOCK",
                            "uri": ""
                        },
                        "meta": {},
                        "tainted": false
                    },
                    "deposed": [],
                    "provider": "provider.aws"
                },
                "aws_api_gateway_integration_response.options_integration_response": {
                    "type": "aws_api_gateway_integration_response",
                    "depends_on": [
                        "aws_api_gateway_method.options_method",
                        "aws_api_gateway_method_response.options_200",
                        "aws_api_gateway_resource.cors_resource"
                    ],
                    "primary": {
                        "id": "agir-jt6xcxywmd-dqx05w-OPTIONS-200",
                        "attributes": {
                            "content_handling": "",
                            "http_method": "OPTIONS",
                            "id": "agir-jt6xcxywmd-dqx05w-OPTIONS-200",
                            "resource_id": "dqx05w",
                            "response_parameters.%": "3",
                            "response_parameters.method.response.header.Access-Control-Allow-Headers": "'Content-Type,X-Amz-Date,Authorization,X-Api-Key,X-Amz-Security-Token'",
                            "response_parameters.method.response.header.Access-Control-Allow-Methods": "'OPTIONS,GET'",
                            "response_parameters.method.response.header.Access-Control-Allow-Origin": "'*'",
                            "response_templates.%": "1",
                            "response_templates.application/json": "",
                            "rest_api_id": "jt6xcxywmd",
                            "selection_pattern": "",
                            "status_code": "200"
                        },
                        "meta": {},
                        "tainted": false
                    },
                    "deposed": [],
                    "provider": "provider.aws"
                },
                "aws_api_gateway_method.cors_method": {
                    "type": "aws_api_gateway_method",
                    "depends_on": [
                        "aws_api_gateway_resource.cors_resource"
                    ],
                    "primary": {
                        "id": "agm-jt6xcxywmd-dqx05w-GET",
                        "attributes": {
                            "api_key_required": "true",
                            "authorization": "NONE",
                            "authorization_scopes.#": "0",
                            "authorizer_id": "",
                            "http_method": "GET",
                            "id": "agm-jt6xcxywmd-dqx05w-GET",
                            "request_models.%": "0",
                            "request_parameters.%": "0",
                            "request_validator_id": "",
                            "resource_id": "dqx05w",
                            "rest_api_id": "jt6xcxywmd"
                        },
                        "meta": {},
                        "tainted": false
                    },
                    "deposed": [],
                    "provider": "provider.aws"
                },
                "aws_api_gateway_method.options_method": {
                    "type": "aws_api_gateway_method",
                    "depends_on": [
                        "aws_api_gateway_resource.cors_resource"
                    ],
                    "primary": {
                        "id": "agm-jt6xcxywmd-dqx05w-OPTIONS",
                        "attributes": {
                            "api_key_required": "false",
                            "authorization": "NONE",
                            "authorization_scopes.#": "0",
                            "authorizer_id": "",
                            "http_method": "OPTIONS",
                            "id": "agm-jt6xcxywmd-dqx05w-OPTIONS",
                            "request_models.%": "0",
                            "request_parameters.%": "0",
                            "request_validator_id": "",
                            "resource_id": "dqx05w",
                            "rest_api_id": "jt6xcxywmd"
                        },
                        "meta": {},
                        "tainted": false
                    },
                    "deposed": [],
                    "provider": "provider.aws"
                },
                "aws_api_gateway_method_response.cors_method_response_200": {
                    "type": "aws_api_gateway_method_response",
                    "depends_on": [
                        "aws_api_gateway_method.cors_method",
                        "aws_api_gateway_resource.cors_resource"
                    ],
                    "primary": {
                        "id": "agmr-jt6xcxywmd-dqx05w-GET-200",
                        "attributes": {
                            "http_method": "GET",
                            "id": "agmr-jt6xcxywmd-dqx05w-GET-200",
                            "resource_id": "dqx05w",
                            "response_models.%": "0",
                            "response_parameters.%": "1",
                            "response_parameters.method.response.header.Access-Control-Allow-Origin": "true",
                            "rest_api_id": "jt6xcxywmd",
                            "status_code": "200"
                        },
                        "meta": {},
                        "tainted": false
                    },
                    "deposed": [],
                    "provider": "provider.aws"
                },
                "aws_api_gateway_method_response.options_200": {
                    "type": "aws_api_gateway_method_response",
                    "depends_on": [
                        "aws_api_gateway_method.options_method",
                        "aws_api_gateway_resource.cors_resource"
                    ],
                    "primary": {
                        "id": "agmr-jt6xcxywmd-dqx05w-OPTIONS-200",
                        "attributes": {
                            "http_method": "OPTIONS",
                            "id": "agmr-jt6xcxywmd-dqx05w-OPTIONS-200",
                            "resource_id": "dqx05w",
                            "response_models.%": "1",
                            "response_models.application/json": "Empty",
                            "response_parameters.%": "3",
                            "response_parameters.method.response.header.Access-Control-Allow-Headers": "true",
                            "response_parameters.method.response.header.Access-Control-Allow-Methods": "true",
                            "response_parameters.method.response.header.Access-Control-Allow-Origin": "true",
                            "rest_api_id": "jt6xcxywmd",
                            "status_code": "200"
                        },
                        "meta": {},
                        "tainted": false
                    },
                    "deposed": [],
                    "provider": "provider.aws"
                },
                "aws_api_gateway_resource.cors_resource": {
                    "type": "aws_api_gateway_resource",
                    "depends_on": [],
                    "primary": {
                        "id": "dqx05w",
                        "attributes": {
                            "id": "dqx05w",
                            "parent_id": "boik860gc2",
                            "path": "/schedule",
                            "path_part": "schedule",
                            "rest_api_id": "jt6xcxywmd"
                        },
                        "meta": {},
                        "tainted": false
                    },
                    "deposed": [],
                    "provider": "provider.aws"
                },
                "aws_lambda_permission.apigw_lambda": {
                    "type": "aws_lambda_permission",
                    "depends_on": [
                        "aws_api_gateway_method.cors_method",
                        "aws_api_gateway_resource.cors_resource"
                    ],
                    "primary": {
                        "id": "API_Lambda_jt6xcxywmd_GET_dqx05w",
                        "attributes": {
                            "action": "lambda:InvokeFunction",
                            "function_name": "arn:aws:lambda:us-west-2:722431446741:function:dev_ApiGetScheduledDrives",
                            "id": "API_Lambda_jt6xcxywmd_GET_dqx05w",
                            "principal": "apigateway.amazonaws.com",
                            "qualifier": "",
                            "source_arn": "arn:aws:execute-api:us-west-2:722431446741:jt6xcxywmd/*/GET/schedule",
                            "statement_id": "API_Lambda_jt6xcxywmd_GET_dqx05w"
                        },
                        "meta": {},
                        "tainted": false
                    },
                    "deposed": [],
                    "provider": "provider.aws"
                }
            },
            "depends_on": []
        },
        {
            "path": [
                "root",
                "api_get_surveySummary"
            ],
            "outputs": {},
            "resources": {
                "aws_api_gateway_integration.integration": {
                    "type": "aws_api_gateway_integration",
                    "depends_on": [
                        "aws_api_gateway_method.cors_method",
                        "aws_api_gateway_resource.cors_resource"
                    ],
                    "primary": {
                        "id": "agi-jt6xcxywmd-gn7pqg-GET",
                        "attributes": {
                            "cache_key_parameters.#": "0",
                            "cache_namespace": "gn7pqg",
                            "connection_id": "",
                            "connection_type": "INTERNET",
                            "content_handling": "",
                            "credentials": "",
                            "http_method": "GET",
                            "id": "agi-jt6xcxywmd-gn7pqg-GET",
                            "integration_http_method": "POST",
                            "passthrough_behavior": "WHEN_NO_MATCH",
                            "request_parameters.%": "0",
                            "request_templates.%": "0",
                            "resource_id": "gn7pqg",
                            "rest_api_id": "jt6xcxywmd",
                            "timeout_milliseconds": "29000",
                            "type": "AWS_PROXY",
                            "uri": "arn:aws:apigateway:us-west-2:lambda:path/2015-03-31/functions/arn:aws:lambda:us-west-2:722431446741:function:dev_ApiGetSurveySummary/invocations"
                        },
                        "meta": {},
                        "tainted": false
                    },
                    "deposed": [],
                    "provider": "provider.aws"
                },
                "aws_api_gateway_integration.options_integration": {
                    "type": "aws_api_gateway_integration",
                    "depends_on": [
                        "aws_api_gateway_method.options_method",
                        "aws_api_gateway_resource.cors_resource"
                    ],
                    "primary": {
                        "id": "agi-jt6xcxywmd-gn7pqg-OPTIONS",
                        "attributes": {
                            "cache_key_parameters.#": "0",
                            "cache_namespace": "gn7pqg",
                            "connection_id": "",
                            "connection_type": "INTERNET",
                            "content_handling": "",
                            "credentials": "",
                            "http_method": "OPTIONS",
                            "id": "agi-jt6xcxywmd-gn7pqg-OPTIONS",
                            "integration_http_method": "",
                            "passthrough_behavior": "WHEN_NO_MATCH",
                            "request_parameters.%": "0",
                            "request_templates.%": "1",
                            "request_templates.application/json": "{'statusCode': 200}",
                            "resource_id": "gn7pqg",
                            "rest_api_id": "jt6xcxywmd",
                            "timeout_milliseconds": "29000",
                            "type": "MOCK",
                            "uri": ""
                        },
                        "meta": {},
                        "tainted": false
                    },
                    "deposed": [],
                    "provider": "provider.aws"
                },
                "aws_api_gateway_integration_response.options_integration_response": {
                    "type": "aws_api_gateway_integration_response",
                    "depends_on": [
                        "aws_api_gateway_method.options_method",
                        "aws_api_gateway_method_response.options_200",
                        "aws_api_gateway_resource.cors_resource"
                    ],
                    "primary": {
                        "id": "agir-jt6xcxywmd-gn7pqg-OPTIONS-200",
                        "attributes": {
                            "content_handling": "",
                            "http_method": "OPTIONS",
                            "id": "agir-jt6xcxywmd-gn7pqg-OPTIONS-200",
                            "resource_id": "gn7pqg",
                            "response_parameters.%": "3",
                            "response_parameters.method.response.header.Access-Control-Allow-Headers": "'Content-Type,X-Amz-Date,Authorization,X-Api-Key,X-Amz-Security-Token'",
                            "response_parameters.method.response.header.Access-Control-Allow-Methods": "'OPTIONS,GET'",
                            "response_parameters.method.response.header.Access-Control-Allow-Origin": "'*'",
                            "response_templates.%": "1",
                            "response_templates.application/json": "",
                            "rest_api_id": "jt6xcxywmd",
                            "selection_pattern": "",
                            "status_code": "200"
                        },
                        "meta": {},
                        "tainted": false
                    },
                    "deposed": [],
                    "provider": "provider.aws"
                },
                "aws_api_gateway_method.cors_method": {
                    "type": "aws_api_gateway_method",
                    "depends_on": [
                        "aws_api_gateway_resource.cors_resource"
                    ],
                    "primary": {
                        "id": "agm-jt6xcxywmd-gn7pqg-GET",
                        "attributes": {
                            "api_key_required": "true",
                            "authorization": "NONE",
                            "authorization_scopes.#": "0",
                            "authorizer_id": "",
                            "http_method": "GET",
                            "id": "agm-jt6xcxywmd-gn7pqg-GET",
                            "request_models.%": "0",
                            "request_parameters.%": "0",
                            "request_validator_id": "",
                            "resource_id": "gn7pqg",
                            "rest_api_id": "jt6xcxywmd"
                        },
                        "meta": {},
                        "tainted": false
                    },
                    "deposed": [],
                    "provider": "provider.aws"
                },
                "aws_api_gateway_method.options_method": {
                    "type": "aws_api_gateway_method",
                    "depends_on": [
                        "aws_api_gateway_resource.cors_resource"
                    ],
                    "primary": {
                        "id": "agm-jt6xcxywmd-gn7pqg-OPTIONS",
                        "attributes": {
                            "api_key_required": "false",
                            "authorization": "NONE",
                            "authorization_scopes.#": "0",
                            "authorizer_id": "",
                            "http_method": "OPTIONS",
                            "id": "agm-jt6xcxywmd-gn7pqg-OPTIONS",
                            "request_models.%": "0",
                            "request_parameters.%": "0",
                            "request_validator_id": "",
                            "resource_id": "gn7pqg",
                            "rest_api_id": "jt6xcxywmd"
                        },
                        "meta": {},
                        "tainted": false
                    },
                    "deposed": [],
                    "provider": "provider.aws"
                },
                "aws_api_gateway_method_response.cors_method_response_200": {
                    "type": "aws_api_gateway_method_response",
                    "depends_on": [
                        "aws_api_gateway_method.cors_method",
                        "aws_api_gateway_resource.cors_resource"
                    ],
                    "primary": {
                        "id": "agmr-jt6xcxywmd-gn7pqg-GET-200",
                        "attributes": {
                            "http_method": "GET",
                            "id": "agmr-jt6xcxywmd-gn7pqg-GET-200",
                            "resource_id": "gn7pqg",
                            "response_models.%": "0",
                            "response_parameters.%": "1",
                            "response_parameters.method.response.header.Access-Control-Allow-Origin": "true",
                            "rest_api_id": "jt6xcxywmd",
                            "status_code": "200"
                        },
                        "meta": {},
                        "tainted": false
                    },
                    "deposed": [],
                    "provider": "provider.aws"
                },
                "aws_api_gateway_method_response.options_200": {
                    "type": "aws_api_gateway_method_response",
                    "depends_on": [
                        "aws_api_gateway_method.options_method",
                        "aws_api_gateway_resource.cors_resource"
                    ],
                    "primary": {
                        "id": "agmr-jt6xcxywmd-gn7pqg-OPTIONS-200",
                        "attributes": {
                            "http_method": "OPTIONS",
                            "id": "agmr-jt6xcxywmd-gn7pqg-OPTIONS-200",
                            "resource_id": "gn7pqg",
                            "response_models.%": "1",
                            "response_models.application/json": "Empty",
                            "response_parameters.%": "3",
                            "response_parameters.method.response.header.Access-Control-Allow-Headers": "true",
                            "response_parameters.method.response.header.Access-Control-Allow-Methods": "true",
                            "response_parameters.method.response.header.Access-Control-Allow-Origin": "true",
                            "rest_api_id": "jt6xcxywmd",
                            "status_code": "200"
                        },
                        "meta": {},
                        "tainted": false
                    },
                    "deposed": [],
                    "provider": "provider.aws"
                },
                "aws_api_gateway_resource.cors_resource": {
                    "type": "aws_api_gateway_resource",
                    "depends_on": [],
                    "primary": {
                        "id": "gn7pqg",
                        "attributes": {
                            "id": "gn7pqg",
                            "parent_id": "boik860gc2",
                            "path": "/surveySummary",
                            "path_part": "surveySummary",
                            "rest_api_id": "jt6xcxywmd"
                        },
                        "meta": {},
                        "tainted": false
                    },
                    "deposed": [],
                    "provider": "provider.aws"
                },
                "aws_lambda_permission.apigw_lambda": {
                    "type": "aws_lambda_permission",
                    "depends_on": [
                        "aws_api_gateway_method.cors_method",
                        "aws_api_gateway_resource.cors_resource"
                    ],
                    "primary": {
                        "id": "API_Lambda_jt6xcxywmd_GET_gn7pqg",
                        "attributes": {
                            "action": "lambda:InvokeFunction",
                            "function_name": "arn:aws:lambda:us-west-2:722431446741:function:dev_ApiGetSurveySummary",
                            "id": "API_Lambda_jt6xcxywmd_GET_gn7pqg",
                            "principal": "apigateway.amazonaws.com",
                            "qualifier": "",
                            "source_arn": "arn:aws:execute-api:us-west-2:722431446741:jt6xcxywmd/*/GET/surveySummary",
                            "statement_id": "API_Lambda_jt6xcxywmd_GET_gn7pqg"
                        },
                        "meta": {},
                        "tainted": false
                    },
                    "deposed": [],
                    "provider": "provider.aws"
                }
            },
            "depends_on": []
        },
        {
            "path": [
                "root",
                "api_get_timeSlots"
            ],
            "outputs": {},
            "resources": {
                "aws_api_gateway_integration.integration": {
                    "type": "aws_api_gateway_integration",
                    "depends_on": [
                        "aws_api_gateway_method.cors_method",
                        "aws_api_gateway_resource.cors_resource"
                    ],
                    "primary": {
                        "id": "agi-jt6xcxywmd-mpzmmk-GET",
                        "attributes": {
                            "cache_key_parameters.#": "0",
                            "cache_namespace": "mpzmmk",
                            "connection_id": "",
                            "connection_type": "INTERNET",
                            "content_handling": "",
                            "credentials": "",
                            "http_method": "GET",
                            "id": "agi-jt6xcxywmd-mpzmmk-GET",
                            "integration_http_method": "POST",
                            "passthrough_behavior": "WHEN_NO_MATCH",
                            "request_parameters.%": "0",
                            "request_templates.%": "0",
                            "resource_id": "mpzmmk",
                            "rest_api_id": "jt6xcxywmd",
                            "timeout_milliseconds": "29000",
                            "type": "AWS_PROXY",
                            "uri": "arn:aws:apigateway:us-west-2:lambda:path/2015-03-31/functions/arn:aws:lambda:us-west-2:722431446741:function:dev_ApiGetTimeSlots/invocations"
                        },
                        "meta": {},
                        "tainted": false
                    },
                    "deposed": [],
                    "provider": "provider.aws"
                },
                "aws_api_gateway_integration.options_integration": {
                    "type": "aws_api_gateway_integration",
                    "depends_on": [
                        "aws_api_gateway_method.options_method",
                        "aws_api_gateway_resource.cors_resource"
                    ],
                    "primary": {
                        "id": "agi-jt6xcxywmd-mpzmmk-OPTIONS",
                        "attributes": {
                            "cache_key_parameters.#": "0",
                            "cache_namespace": "mpzmmk",
                            "connection_id": "",
                            "connection_type": "INTERNET",
                            "content_handling": "",
                            "credentials": "",
                            "http_method": "OPTIONS",
                            "id": "agi-jt6xcxywmd-mpzmmk-OPTIONS",
                            "integration_http_method": "",
                            "passthrough_behavior": "WHEN_NO_MATCH",
                            "request_parameters.%": "0",
                            "request_templates.%": "1",
                            "request_templates.application/json": "{'statusCode': 200}",
                            "resource_id": "mpzmmk",
                            "rest_api_id": "jt6xcxywmd",
                            "timeout_milliseconds": "29000",
                            "type": "MOCK",
                            "uri": ""
                        },
                        "meta": {},
                        "tainted": false
                    },
                    "deposed": [],
                    "provider": "provider.aws"
                },
                "aws_api_gateway_integration_response.options_integration_response": {
                    "type": "aws_api_gateway_integration_response",
                    "depends_on": [
                        "aws_api_gateway_method.options_method",
                        "aws_api_gateway_method_response.options_200",
                        "aws_api_gateway_resource.cors_resource"
                    ],
                    "primary": {
                        "id": "agir-jt6xcxywmd-mpzmmk-OPTIONS-200",
                        "attributes": {
                            "content_handling": "",
                            "http_method": "OPTIONS",
                            "id": "agir-jt6xcxywmd-mpzmmk-OPTIONS-200",
                            "resource_id": "mpzmmk",
                            "response_parameters.%": "3",
                            "response_parameters.method.response.header.Access-Control-Allow-Headers": "'Content-Type,X-Amz-Date,Authorization,X-Api-Key,X-Amz-Security-Token'",
                            "response_parameters.method.response.header.Access-Control-Allow-Methods": "'OPTIONS,GET'",
                            "response_parameters.method.response.header.Access-Control-Allow-Origin": "'*'",
                            "response_templates.%": "1",
                            "response_templates.application/json": "",
                            "rest_api_id": "jt6xcxywmd",
                            "selection_pattern": "",
                            "status_code": "200"
                        },
                        "meta": {},
                        "tainted": false
                    },
                    "deposed": [],
                    "provider": "provider.aws"
                },
                "aws_api_gateway_method.cors_method": {
                    "type": "aws_api_gateway_method",
                    "depends_on": [
                        "aws_api_gateway_resource.cors_resource"
                    ],
                    "primary": {
                        "id": "agm-jt6xcxywmd-mpzmmk-GET",
                        "attributes": {
                            "api_key_required": "true",
                            "authorization": "NONE",
                            "authorization_scopes.#": "0",
                            "authorizer_id": "",
                            "http_method": "GET",
                            "id": "agm-jt6xcxywmd-mpzmmk-GET",
                            "request_models.%": "0",
                            "request_parameters.%": "0",
                            "request_validator_id": "",
                            "resource_id": "mpzmmk",
                            "rest_api_id": "jt6xcxywmd"
                        },
                        "meta": {},
                        "tainted": false
                    },
                    "deposed": [],
                    "provider": "provider.aws"
                },
                "aws_api_gateway_method.options_method": {
                    "type": "aws_api_gateway_method",
                    "depends_on": [
                        "aws_api_gateway_resource.cors_resource"
                    ],
                    "primary": {
                        "id": "agm-jt6xcxywmd-mpzmmk-OPTIONS",
                        "attributes": {
                            "api_key_required": "false",
                            "authorization": "NONE",
                            "authorization_scopes.#": "0",
                            "authorizer_id": "",
                            "http_method": "OPTIONS",
                            "id": "agm-jt6xcxywmd-mpzmmk-OPTIONS",
                            "request_models.%": "0",
                            "request_parameters.%": "0",
                            "request_validator_id": "",
                            "resource_id": "mpzmmk",
                            "rest_api_id": "jt6xcxywmd"
                        },
                        "meta": {},
                        "tainted": false
                    },
                    "deposed": [],
                    "provider": "provider.aws"
                },
                "aws_api_gateway_method_response.cors_method_response_200": {
                    "type": "aws_api_gateway_method_response",
                    "depends_on": [
                        "aws_api_gateway_method.cors_method",
                        "aws_api_gateway_resource.cors_resource"
                    ],
                    "primary": {
                        "id": "agmr-jt6xcxywmd-mpzmmk-GET-200",
                        "attributes": {
                            "http_method": "GET",
                            "id": "agmr-jt6xcxywmd-mpzmmk-GET-200",
                            "resource_id": "mpzmmk",
                            "response_models.%": "0",
                            "response_parameters.%": "1",
                            "response_parameters.method.response.header.Access-Control-Allow-Origin": "true",
                            "rest_api_id": "jt6xcxywmd",
                            "status_code": "200"
                        },
                        "meta": {},
                        "tainted": false
                    },
                    "deposed": [],
                    "provider": "provider.aws"
                },
                "aws_api_gateway_method_response.options_200": {
                    "type": "aws_api_gateway_method_response",
                    "depends_on": [
                        "aws_api_gateway_method.options_method",
                        "aws_api_gateway_resource.cors_resource"
                    ],
                    "primary": {
                        "id": "agmr-jt6xcxywmd-mpzmmk-OPTIONS-200",
                        "attributes": {
                            "http_method": "OPTIONS",
                            "id": "agmr-jt6xcxywmd-mpzmmk-OPTIONS-200",
                            "resource_id": "mpzmmk",
                            "response_models.%": "1",
                            "response_models.application/json": "Empty",
                            "response_parameters.%": "3",
                            "response_parameters.method.response.header.Access-Control-Allow-Headers": "true",
                            "response_parameters.method.response.header.Access-Control-Allow-Methods": "true",
                            "response_parameters.method.response.header.Access-Control-Allow-Origin": "true",
                            "rest_api_id": "jt6xcxywmd",
                            "status_code": "200"
                        },
                        "meta": {},
                        "tainted": false
                    },
                    "deposed": [],
                    "provider": "provider.aws"
                },
                "aws_api_gateway_resource.cors_resource": {
                    "type": "aws_api_gateway_resource",
                    "depends_on": [],
                    "primary": {
                        "id": "mpzmmk",
                        "attributes": {
                            "id": "mpzmmk",
                            "parent_id": "boik860gc2",
                            "path": "/timeSlots",
                            "path_part": "timeSlots",
                            "rest_api_id": "jt6xcxywmd"
                        },
                        "meta": {},
                        "tainted": false
                    },
                    "deposed": [],
                    "provider": "provider.aws"
                },
                "aws_lambda_permission.apigw_lambda": {
                    "type": "aws_lambda_permission",
                    "depends_on": [
                        "aws_api_gateway_method.cors_method",
                        "aws_api_gateway_resource.cors_resource"
                    ],
                    "primary": {
                        "id": "API_Lambda_jt6xcxywmd_GET_mpzmmk",
                        "attributes": {
                            "action": "lambda:InvokeFunction",
                            "function_name": "arn:aws:lambda:us-west-2:722431446741:function:dev_ApiGetTimeSlots",
                            "id": "API_Lambda_jt6xcxywmd_GET_mpzmmk",
                            "principal": "apigateway.amazonaws.com",
                            "qualifier": "",
                            "source_arn": "arn:aws:execute-api:us-west-2:722431446741:jt6xcxywmd/*/GET/timeSlots",
                            "statement_id": "API_Lambda_jt6xcxywmd_GET_mpzmmk"
                        },
                        "meta": {},
                        "tainted": false
                    },
                    "deposed": [],
                    "provider": "provider.aws"
                }
            },
            "depends_on": []
        },
        {
            "path": [
                "root",
                "api_get_user"
            ],
            "outputs": {},
            "resources": {
                "aws_api_gateway_integration.integration": {
                    "type": "aws_api_gateway_integration",
                    "depends_on": [
                        "aws_api_gateway_method.cors_method",
                        "aws_api_gateway_resource.cors_resource"
                    ],
                    "primary": {
                        "id": "agi-jt6xcxywmd-uttjv1-GET",
                        "attributes": {
                            "cache_key_parameters.#": "0",
                            "cache_namespace": "uttjv1",
                            "connection_id": "",
                            "connection_type": "INTERNET",
                            "content_handling": "",
                            "credentials": "",
                            "http_method": "GET",
                            "id": "agi-jt6xcxywmd-uttjv1-GET",
                            "integration_http_method": "POST",
                            "passthrough_behavior": "WHEN_NO_MATCH",
                            "request_parameters.%": "0",
                            "request_templates.%": "0",
                            "resource_id": "uttjv1",
                            "rest_api_id": "jt6xcxywmd",
                            "timeout_milliseconds": "29000",
                            "type": "AWS_PROXY",
                            "uri": "arn:aws:apigateway:us-west-2:lambda:path/2015-03-31/functions/arn:aws:lambda:us-west-2:722431446741:function:dev_ApiGetUser/invocations"
                        },
                        "meta": {},
                        "tainted": false
                    },
                    "deposed": [],
                    "provider": "provider.aws"
                },
                "aws_api_gateway_integration.options_integration": {
                    "type": "aws_api_gateway_integration",
                    "depends_on": [
                        "aws_api_gateway_method.options_method",
                        "aws_api_gateway_resource.cors_resource"
                    ],
                    "primary": {
                        "id": "agi-jt6xcxywmd-uttjv1-OPTIONS",
                        "attributes": {
                            "cache_key_parameters.#": "0",
                            "cache_namespace": "uttjv1",
                            "connection_id": "",
                            "connection_type": "INTERNET",
                            "content_handling": "",
                            "credentials": "",
                            "http_method": "OPTIONS",
                            "id": "agi-jt6xcxywmd-uttjv1-OPTIONS",
                            "integration_http_method": "",
                            "passthrough_behavior": "WHEN_NO_MATCH",
                            "request_parameters.%": "0",
                            "request_templates.%": "1",
                            "request_templates.application/json": "{'statusCode': 200}",
                            "resource_id": "uttjv1",
                            "rest_api_id": "jt6xcxywmd",
                            "timeout_milliseconds": "29000",
                            "type": "MOCK",
                            "uri": ""
                        },
                        "meta": {},
                        "tainted": false
                    },
                    "deposed": [],
                    "provider": "provider.aws"
                },
                "aws_api_gateway_integration_response.options_integration_response": {
                    "type": "aws_api_gateway_integration_response",
                    "depends_on": [
                        "aws_api_gateway_method.options_method",
                        "aws_api_gateway_method_response.options_200",
                        "aws_api_gateway_resource.cors_resource"
                    ],
                    "primary": {
                        "id": "agir-jt6xcxywmd-uttjv1-OPTIONS-200",
                        "attributes": {
                            "content_handling": "",
                            "http_method": "OPTIONS",
                            "id": "agir-jt6xcxywmd-uttjv1-OPTIONS-200",
                            "resource_id": "uttjv1",
                            "response_parameters.%": "3",
                            "response_parameters.method.response.header.Access-Control-Allow-Headers": "'Content-Type,X-Amz-Date,Authorization,X-Api-Key,X-Amz-Security-Token'",
                            "response_parameters.method.response.header.Access-Control-Allow-Methods": "'OPTIONS,GET'",
                            "response_parameters.method.response.header.Access-Control-Allow-Origin": "'*'",
                            "response_templates.%": "1",
                            "response_templates.application/json": "",
                            "rest_api_id": "jt6xcxywmd",
                            "selection_pattern": "",
                            "status_code": "200"
                        },
                        "meta": {},
                        "tainted": false
                    },
                    "deposed": [],
                    "provider": "provider.aws"
                },
                "aws_api_gateway_method.cors_method": {
                    "type": "aws_api_gateway_method",
                    "depends_on": [
                        "aws_api_gateway_resource.cors_resource"
                    ],
                    "primary": {
                        "id": "agm-jt6xcxywmd-uttjv1-GET",
                        "attributes": {
                            "api_key_required": "true",
                            "authorization": "NONE",
                            "authorization_scopes.#": "0",
                            "authorizer_id": "",
                            "http_method": "GET",
                            "id": "agm-jt6xcxywmd-uttjv1-GET",
                            "request_models.%": "0",
                            "request_parameters.%": "0",
                            "request_validator_id": "",
                            "resource_id": "uttjv1",
                            "rest_api_id": "jt6xcxywmd"
                        },
                        "meta": {},
                        "tainted": false
                    },
                    "deposed": [],
                    "provider": "provider.aws"
                },
                "aws_api_gateway_method.options_method": {
                    "type": "aws_api_gateway_method",
                    "depends_on": [
                        "aws_api_gateway_resource.cors_resource"
                    ],
                    "primary": {
                        "id": "agm-jt6xcxywmd-uttjv1-OPTIONS",
                        "attributes": {
                            "api_key_required": "false",
                            "authorization": "NONE",
                            "authorization_scopes.#": "0",
                            "authorizer_id": "",
                            "http_method": "OPTIONS",
                            "id": "agm-jt6xcxywmd-uttjv1-OPTIONS",
                            "request_models.%": "0",
                            "request_parameters.%": "0",
                            "request_validator_id": "",
                            "resource_id": "uttjv1",
                            "rest_api_id": "jt6xcxywmd"
                        },
                        "meta": {},
                        "tainted": false
                    },
                    "deposed": [],
                    "provider": "provider.aws"
                },
                "aws_api_gateway_method_response.cors_method_response_200": {
                    "type": "aws_api_gateway_method_response",
                    "depends_on": [
                        "aws_api_gateway_method.cors_method",
                        "aws_api_gateway_resource.cors_resource"
                    ],
                    "primary": {
                        "id": "agmr-jt6xcxywmd-uttjv1-GET-200",
                        "attributes": {
                            "http_method": "GET",
                            "id": "agmr-jt6xcxywmd-uttjv1-GET-200",
                            "resource_id": "uttjv1",
                            "response_models.%": "0",
                            "response_parameters.%": "1",
                            "response_parameters.method.response.header.Access-Control-Allow-Origin": "true",
                            "rest_api_id": "jt6xcxywmd",
                            "status_code": "200"
                        },
                        "meta": {},
                        "tainted": false
                    },
                    "deposed": [],
                    "provider": "provider.aws"
                },
                "aws_api_gateway_method_response.options_200": {
                    "type": "aws_api_gateway_method_response",
                    "depends_on": [
                        "aws_api_gateway_method.options_method",
                        "aws_api_gateway_resource.cors_resource"
                    ],
                    "primary": {
                        "id": "agmr-jt6xcxywmd-uttjv1-OPTIONS-200",
                        "attributes": {
                            "http_method": "OPTIONS",
                            "id": "agmr-jt6xcxywmd-uttjv1-OPTIONS-200",
                            "resource_id": "uttjv1",
                            "response_models.%": "1",
                            "response_models.application/json": "Empty",
                            "response_parameters.%": "3",
                            "response_parameters.method.response.header.Access-Control-Allow-Headers": "true",
                            "response_parameters.method.response.header.Access-Control-Allow-Methods": "true",
                            "response_parameters.method.response.header.Access-Control-Allow-Origin": "true",
                            "rest_api_id": "jt6xcxywmd",
                            "status_code": "200"
                        },
                        "meta": {},
                        "tainted": false
                    },
                    "deposed": [],
                    "provider": "provider.aws"
                },
                "aws_api_gateway_resource.cors_resource": {
                    "type": "aws_api_gateway_resource",
                    "depends_on": [],
                    "primary": {
                        "id": "uttjv1",
                        "attributes": {
                            "id": "uttjv1",
                            "parent_id": "boik860gc2",
                            "path": "/getUser",
                            "path_part": "getUser",
                            "rest_api_id": "jt6xcxywmd"
                        },
                        "meta": {},
                        "tainted": false
                    },
                    "deposed": [],
                    "provider": "provider.aws"
                },
                "aws_lambda_permission.apigw_lambda": {
                    "type": "aws_lambda_permission",
                    "depends_on": [
                        "aws_api_gateway_method.cors_method",
                        "aws_api_gateway_resource.cors_resource"
                    ],
                    "primary": {
                        "id": "API_Lambda_jt6xcxywmd_GET_uttjv1",
                        "attributes": {
                            "action": "lambda:InvokeFunction",
                            "function_name": "arn:aws:lambda:us-west-2:722431446741:function:dev_ApiGetUser",
                            "id": "API_Lambda_jt6xcxywmd_GET_uttjv1",
                            "principal": "apigateway.amazonaws.com",
                            "qualifier": "",
                            "source_arn": "arn:aws:execute-api:us-west-2:722431446741:jt6xcxywmd/*/GET/getUser",
                            "statement_id": "API_Lambda_jt6xcxywmd_GET_uttjv1"
                        },
                        "meta": {},
                        "tainted": false
                    },
                    "deposed": [],
                    "provider": "provider.aws"
                }
            },
            "depends_on": []
        },
        {
            "path": [
                "root",
                "api_patch_car_state"
            ],
            "outputs": {},
            "resources": {
                "aws_api_gateway_integration.integration": {
                    "type": "aws_api_gateway_integration",
                    "depends_on": [
                        "aws_api_gateway_method.cors_method",
                        "aws_api_gateway_resource.cors_resource"
                    ],
                    "primary": {
                        "id": "agi-jt6xcxywmd-l2q1ux-POST",
                        "attributes": {
                            "cache_key_parameters.#": "0",
                            "cache_namespace": "l2q1ux",
                            "connection_id": "",
                            "connection_type": "INTERNET",
                            "content_handling": "",
                            "credentials": "",
                            "http_method": "POST",
                            "id": "agi-jt6xcxywmd-l2q1ux-POST",
                            "integration_http_method": "POST",
                            "passthrough_behavior": "WHEN_NO_MATCH",
                            "request_parameters.%": "0",
                            "request_templates.%": "0",
                            "resource_id": "l2q1ux",
                            "rest_api_id": "jt6xcxywmd",
                            "timeout_milliseconds": "29000",
                            "type": "AWS_PROXY",
                            "uri": "arn:aws:apigateway:us-west-2:lambda:path/2015-03-31/functions/arn:aws:lambda:us-west-2:722431446741:function:dev_ApiPatchCarState/invocations"
                        },
                        "meta": {},
                        "tainted": false
                    },
                    "deposed": [],
                    "provider": "provider.aws"
                },
                "aws_api_gateway_integration.options_integration": {
                    "type": "aws_api_gateway_integration",
                    "depends_on": [
                        "aws_api_gateway_method.options_method",
                        "aws_api_gateway_resource.cors_resource"
                    ],
                    "primary": {
                        "id": "agi-jt6xcxywmd-l2q1ux-OPTIONS",
                        "attributes": {
                            "cache_key_parameters.#": "0",
                            "cache_namespace": "l2q1ux",
                            "connection_id": "",
                            "connection_type": "INTERNET",
                            "content_handling": "",
                            "credentials": "",
                            "http_method": "OPTIONS",
                            "id": "agi-jt6xcxywmd-l2q1ux-OPTIONS",
                            "integration_http_method": "",
                            "passthrough_behavior": "WHEN_NO_MATCH",
                            "request_parameters.%": "0",
                            "request_templates.%": "1",
                            "request_templates.application/json": "{'statusCode': 200}",
                            "resource_id": "l2q1ux",
                            "rest_api_id": "jt6xcxywmd",
                            "timeout_milliseconds": "29000",
                            "type": "MOCK",
                            "uri": ""
                        },
                        "meta": {},
                        "tainted": false
                    },
                    "deposed": [],
                    "provider": "provider.aws"
                },
                "aws_api_gateway_integration_response.options_integration_response": {
                    "type": "aws_api_gateway_integration_response",
                    "depends_on": [
                        "aws_api_gateway_method.options_method",
                        "aws_api_gateway_method_response.options_200",
                        "aws_api_gateway_resource.cors_resource"
                    ],
                    "primary": {
                        "id": "agir-jt6xcxywmd-l2q1ux-OPTIONS-200",
                        "attributes": {
                            "content_handling": "",
                            "http_method": "OPTIONS",
                            "id": "agir-jt6xcxywmd-l2q1ux-OPTIONS-200",
                            "resource_id": "l2q1ux",
                            "response_parameters.%": "3",
                            "response_parameters.method.response.header.Access-Control-Allow-Headers": "'Content-Type,X-Amz-Date,Authorization,X-Api-Key,X-Amz-Security-Token'",
                            "response_parameters.method.response.header.Access-Control-Allow-Methods": "'OPTIONS,POST'",
                            "response_parameters.method.response.header.Access-Control-Allow-Origin": "'*'",
                            "response_templates.%": "1",
                            "response_templates.application/json": "",
                            "rest_api_id": "jt6xcxywmd",
                            "selection_pattern": "",
                            "status_code": "200"
                        },
                        "meta": {},
                        "tainted": false
                    },
                    "deposed": [],
                    "provider": "provider.aws"
                },
                "aws_api_gateway_method.cors_method": {
                    "type": "aws_api_gateway_method",
                    "depends_on": [
                        "aws_api_gateway_resource.cors_resource"
                    ],
                    "primary": {
                        "id": "agm-jt6xcxywmd-l2q1ux-POST",
                        "attributes": {
                            "api_key_required": "true",
                            "authorization": "NONE",
                            "authorization_scopes.#": "0",
                            "authorizer_id": "",
                            "http_method": "POST",
                            "id": "agm-jt6xcxywmd-l2q1ux-POST",
                            "request_models.%": "0",
                            "request_parameters.%": "0",
                            "request_validator_id": "",
                            "resource_id": "l2q1ux",
                            "rest_api_id": "jt6xcxywmd"
                        },
                        "meta": {},
                        "tainted": false
                    },
                    "deposed": [],
                    "provider": "provider.aws"
                },
                "aws_api_gateway_method.options_method": {
                    "type": "aws_api_gateway_method",
                    "depends_on": [
                        "aws_api_gateway_resource.cors_resource"
                    ],
                    "primary": {
                        "id": "agm-jt6xcxywmd-l2q1ux-OPTIONS",
                        "attributes": {
                            "api_key_required": "false",
                            "authorization": "NONE",
                            "authorization_scopes.#": "0",
                            "authorizer_id": "",
                            "http_method": "OPTIONS",
                            "id": "agm-jt6xcxywmd-l2q1ux-OPTIONS",
                            "request_models.%": "0",
                            "request_parameters.%": "0",
                            "request_validator_id": "",
                            "resource_id": "l2q1ux",
                            "rest_api_id": "jt6xcxywmd"
                        },
                        "meta": {},
                        "tainted": false
                    },
                    "deposed": [],
                    "provider": "provider.aws"
                },
                "aws_api_gateway_method_response.cors_method_response_200": {
                    "type": "aws_api_gateway_method_response",
                    "depends_on": [
                        "aws_api_gateway_method.cors_method",
                        "aws_api_gateway_resource.cors_resource"
                    ],
                    "primary": {
                        "id": "agmr-jt6xcxywmd-l2q1ux-POST-200",
                        "attributes": {
                            "http_method": "POST",
                            "id": "agmr-jt6xcxywmd-l2q1ux-POST-200",
                            "resource_id": "l2q1ux",
                            "response_models.%": "0",
                            "response_parameters.%": "1",
                            "response_parameters.method.response.header.Access-Control-Allow-Origin": "true",
                            "rest_api_id": "jt6xcxywmd",
                            "status_code": "200"
                        },
                        "meta": {},
                        "tainted": false
                    },
                    "deposed": [],
                    "provider": "provider.aws"
                },
                "aws_api_gateway_method_response.options_200": {
                    "type": "aws_api_gateway_method_response",
                    "depends_on": [
                        "aws_api_gateway_method.options_method",
                        "aws_api_gateway_resource.cors_resource"
                    ],
                    "primary": {
                        "id": "agmr-jt6xcxywmd-l2q1ux-OPTIONS-200",
                        "attributes": {
                            "http_method": "OPTIONS",
                            "id": "agmr-jt6xcxywmd-l2q1ux-OPTIONS-200",
                            "resource_id": "l2q1ux",
                            "response_models.%": "1",
                            "response_models.application/json": "Empty",
                            "response_parameters.%": "3",
                            "response_parameters.method.response.header.Access-Control-Allow-Headers": "true",
                            "response_parameters.method.response.header.Access-Control-Allow-Methods": "true",
                            "response_parameters.method.response.header.Access-Control-Allow-Origin": "true",
                            "rest_api_id": "jt6xcxywmd",
                            "status_code": "200"
                        },
                        "meta": {},
                        "tainted": false
                    },
                    "deposed": [],
                    "provider": "provider.aws"
                },
                "aws_api_gateway_resource.cors_resource": {
                    "type": "aws_api_gateway_resource",
                    "depends_on": [],
                    "primary": {
                        "id": "l2q1ux",
                        "attributes": {
                            "id": "l2q1ux",
                            "parent_id": "boik860gc2",
                            "path": "/carState",
                            "path_part": "carState",
                            "rest_api_id": "jt6xcxywmd"
                        },
                        "meta": {},
                        "tainted": false
                    },
                    "deposed": [],
                    "provider": "provider.aws"
                },
                "aws_lambda_permission.apigw_lambda": {
                    "type": "aws_lambda_permission",
                    "depends_on": [
                        "aws_api_gateway_method.cors_method",
                        "aws_api_gateway_resource.cors_resource"
                    ],
                    "primary": {
                        "id": "API_Lambda_jt6xcxywmd_POST_l2q1ux",
                        "attributes": {
                            "action": "lambda:InvokeFunction",
                            "function_name": "arn:aws:lambda:us-west-2:722431446741:function:dev_ApiPatchCarState",
                            "id": "API_Lambda_jt6xcxywmd_POST_l2q1ux",
                            "principal": "apigateway.amazonaws.com",
                            "qualifier": "",
                            "source_arn": "arn:aws:execute-api:us-west-2:722431446741:jt6xcxywmd/*/POST/carState",
                            "statement_id": "API_Lambda_jt6xcxywmd_POST_l2q1ux"
                        },
                        "meta": {},
                        "tainted": false
                    },
                    "deposed": [],
                    "provider": "provider.aws"
                }
            },
            "depends_on": []
        },
        {
            "path": [
                "root",
                "api_post_addException"
            ],
            "outputs": {},
            "resources": {
                "aws_api_gateway_integration.integration": {
                    "type": "aws_api_gateway_integration",
                    "depends_on": [
                        "aws_api_gateway_method.cors_method",
                        "aws_api_gateway_resource.cors_resource"
                    ],
                    "primary": {
                        "id": "agi-jt6xcxywmd-gi9gn6-POST",
                        "attributes": {
                            "cache_key_parameters.#": "0",
                            "cache_namespace": "gi9gn6",
                            "connection_id": "",
                            "connection_type": "INTERNET",
                            "content_handling": "",
                            "credentials": "",
                            "http_method": "POST",
                            "id": "agi-jt6xcxywmd-gi9gn6-POST",
                            "integration_http_method": "POST",
                            "passthrough_behavior": "WHEN_NO_MATCH",
                            "request_parameters.%": "0",
                            "request_templates.%": "0",
                            "resource_id": "gi9gn6",
                            "rest_api_id": "jt6xcxywmd",
                            "timeout_milliseconds": "29000",
                            "type": "AWS_PROXY",
                            "uri": "arn:aws:apigateway:us-west-2:lambda:path/2015-03-31/functions/arn:aws:lambda:us-west-2:722431446741:function:dev_ApiAddException/invocations"
                        },
                        "meta": {},
                        "tainted": false
                    },
                    "deposed": [],
                    "provider": "provider.aws"
                },
                "aws_api_gateway_integration.options_integration": {
                    "type": "aws_api_gateway_integration",
                    "depends_on": [
                        "aws_api_gateway_method.options_method",
                        "aws_api_gateway_resource.cors_resource"
                    ],
                    "primary": {
                        "id": "agi-jt6xcxywmd-gi9gn6-OPTIONS",
                        "attributes": {
                            "cache_key_parameters.#": "0",
                            "cache_namespace": "gi9gn6",
                            "connection_id": "",
                            "connection_type": "INTERNET",
                            "content_handling": "",
                            "credentials": "",
                            "http_method": "OPTIONS",
                            "id": "agi-jt6xcxywmd-gi9gn6-OPTIONS",
                            "integration_http_method": "",
                            "passthrough_behavior": "WHEN_NO_MATCH",
                            "request_parameters.%": "0",
                            "request_templates.%": "1",
                            "request_templates.application/json": "{'statusCode': 200}",
                            "resource_id": "gi9gn6",
                            "rest_api_id": "jt6xcxywmd",
                            "timeout_milliseconds": "29000",
                            "type": "MOCK",
                            "uri": ""
                        },
                        "meta": {},
                        "tainted": false
                    },
                    "deposed": [],
                    "provider": "provider.aws"
                },
                "aws_api_gateway_integration_response.options_integration_response": {
                    "type": "aws_api_gateway_integration_response",
                    "depends_on": [
                        "aws_api_gateway_method.options_method",
                        "aws_api_gateway_method_response.options_200",
                        "aws_api_gateway_resource.cors_resource"
                    ],
                    "primary": {
                        "id": "agir-jt6xcxywmd-gi9gn6-OPTIONS-200",
                        "attributes": {
                            "content_handling": "",
                            "http_method": "OPTIONS",
                            "id": "agir-jt6xcxywmd-gi9gn6-OPTIONS-200",
                            "resource_id": "gi9gn6",
                            "response_parameters.%": "3",
                            "response_parameters.method.response.header.Access-Control-Allow-Headers": "'Content-Type,X-Amz-Date,Authorization,X-Api-Key,X-Amz-Security-Token'",
                            "response_parameters.method.response.header.Access-Control-Allow-Methods": "'OPTIONS,POST'",
                            "response_parameters.method.response.header.Access-Control-Allow-Origin": "'*'",
                            "response_templates.%": "1",
                            "response_templates.application/json": "",
                            "rest_api_id": "jt6xcxywmd",
                            "selection_pattern": "",
                            "status_code": "200"
                        },
                        "meta": {},
                        "tainted": false
                    },
                    "deposed": [],
                    "provider": "provider.aws"
                },
                "aws_api_gateway_method.cors_method": {
                    "type": "aws_api_gateway_method",
                    "depends_on": [
                        "aws_api_gateway_resource.cors_resource"
                    ],
                    "primary": {
                        "id": "agm-jt6xcxywmd-gi9gn6-POST",
                        "attributes": {
                            "api_key_required": "true",
                            "authorization": "NONE",
                            "authorization_scopes.#": "0",
                            "authorizer_id": "",
                            "http_method": "POST",
                            "id": "agm-jt6xcxywmd-gi9gn6-POST",
                            "request_models.%": "0",
                            "request_parameters.%": "0",
                            "request_validator_id": "",
                            "resource_id": "gi9gn6",
                            "rest_api_id": "jt6xcxywmd"
                        },
                        "meta": {},
                        "tainted": false
                    },
                    "deposed": [],
                    "provider": "provider.aws"
                },
                "aws_api_gateway_method.options_method": {
                    "type": "aws_api_gateway_method",
                    "depends_on": [
                        "aws_api_gateway_resource.cors_resource"
                    ],
                    "primary": {
                        "id": "agm-jt6xcxywmd-gi9gn6-OPTIONS",
                        "attributes": {
                            "api_key_required": "false",
                            "authorization": "NONE",
                            "authorization_scopes.#": "0",
                            "authorizer_id": "",
                            "http_method": "OPTIONS",
                            "id": "agm-jt6xcxywmd-gi9gn6-OPTIONS",
                            "request_models.%": "0",
                            "request_parameters.%": "0",
                            "request_validator_id": "",
                            "resource_id": "gi9gn6",
                            "rest_api_id": "jt6xcxywmd"
                        },
                        "meta": {},
                        "tainted": false
                    },
                    "deposed": [],
                    "provider": "provider.aws"
                },
                "aws_api_gateway_method_response.cors_method_response_200": {
                    "type": "aws_api_gateway_method_response",
                    "depends_on": [
                        "aws_api_gateway_method.cors_method",
                        "aws_api_gateway_resource.cors_resource"
                    ],
                    "primary": {
                        "id": "agmr-jt6xcxywmd-gi9gn6-POST-200",
                        "attributes": {
                            "http_method": "POST",
                            "id": "agmr-jt6xcxywmd-gi9gn6-POST-200",
                            "resource_id": "gi9gn6",
                            "response_models.%": "0",
                            "response_parameters.%": "1",
                            "response_parameters.method.response.header.Access-Control-Allow-Origin": "true",
                            "rest_api_id": "jt6xcxywmd",
                            "status_code": "200"
                        },
                        "meta": {},
                        "tainted": false
                    },
                    "deposed": [],
                    "provider": "provider.aws"
                },
                "aws_api_gateway_method_response.options_200": {
                    "type": "aws_api_gateway_method_response",
                    "depends_on": [
                        "aws_api_gateway_method.options_method",
                        "aws_api_gateway_resource.cors_resource"
                    ],
                    "primary": {
                        "id": "agmr-jt6xcxywmd-gi9gn6-OPTIONS-200",
                        "attributes": {
                            "http_method": "OPTIONS",
                            "id": "agmr-jt6xcxywmd-gi9gn6-OPTIONS-200",
                            "resource_id": "gi9gn6",
                            "response_models.%": "1",
                            "response_models.application/json": "Empty",
                            "response_parameters.%": "3",
                            "response_parameters.method.response.header.Access-Control-Allow-Headers": "true",
                            "response_parameters.method.response.header.Access-Control-Allow-Methods": "true",
                            "response_parameters.method.response.header.Access-Control-Allow-Origin": "true",
                            "rest_api_id": "jt6xcxywmd",
                            "status_code": "200"
                        },
                        "meta": {},
                        "tainted": false
                    },
                    "deposed": [],
                    "provider": "provider.aws"
                },
                "aws_api_gateway_resource.cors_resource": {
                    "type": "aws_api_gateway_resource",
                    "depends_on": [],
                    "primary": {
                        "id": "gi9gn6",
                        "attributes": {
                            "id": "gi9gn6",
                            "parent_id": "boik860gc2",
                            "path": "/addException",
                            "path_part": "addException",
                            "rest_api_id": "jt6xcxywmd"
                        },
                        "meta": {},
                        "tainted": false
                    },
                    "deposed": [],
                    "provider": "provider.aws"
                },
                "aws_lambda_permission.apigw_lambda": {
                    "type": "aws_lambda_permission",
                    "depends_on": [
                        "aws_api_gateway_method.cors_method",
                        "aws_api_gateway_resource.cors_resource"
                    ],
                    "primary": {
                        "id": "API_Lambda_jt6xcxywmd_POST_gi9gn6",
                        "attributes": {
                            "action": "lambda:InvokeFunction",
                            "function_name": "arn:aws:lambda:us-west-2:722431446741:function:dev_ApiAddException",
                            "id": "API_Lambda_jt6xcxywmd_POST_gi9gn6",
                            "principal": "apigateway.amazonaws.com",
                            "qualifier": "",
                            "source_arn": "arn:aws:execute-api:us-west-2:722431446741:jt6xcxywmd/*/POST/addException",
                            "statement_id": "API_Lambda_jt6xcxywmd_POST_gi9gn6"
                        },
                        "meta": {},
                        "tainted": false
                    },
                    "deposed": [],
                    "provider": "provider.aws"
                }
            },
            "depends_on": []
        },
        {
            "path": [
                "root",
                "api_post_deleteException"
            ],
            "outputs": {},
            "resources": {
                "aws_api_gateway_integration.integration": {
                    "type": "aws_api_gateway_integration",
                    "depends_on": [
                        "aws_api_gateway_method.cors_method",
                        "aws_api_gateway_resource.cors_resource"
                    ],
                    "primary": {
                        "id": "agi-jt6xcxywmd-w0a2xw-POST",
                        "attributes": {
                            "cache_key_parameters.#": "0",
                            "cache_namespace": "w0a2xw",
                            "connection_id": "",
                            "connection_type": "INTERNET",
                            "content_handling": "",
                            "credentials": "",
                            "http_method": "POST",
                            "id": "agi-jt6xcxywmd-w0a2xw-POST",
                            "integration_http_method": "POST",
                            "passthrough_behavior": "WHEN_NO_MATCH",
                            "request_parameters.%": "0",
                            "request_templates.%": "0",
                            "resource_id": "w0a2xw",
                            "rest_api_id": "jt6xcxywmd",
                            "timeout_milliseconds": "29000",
                            "type": "AWS_PROXY",
                            "uri": "arn:aws:apigateway:us-west-2:lambda:path/2015-03-31/functions/arn:aws:lambda:us-west-2:722431446741:function:dev_ApiDeleteException/invocations"
                        },
                        "meta": {},
                        "tainted": false
                    },
                    "deposed": [],
                    "provider": "provider.aws"
                },
                "aws_api_gateway_integration.options_integration": {
                    "type": "aws_api_gateway_integration",
                    "depends_on": [
                        "aws_api_gateway_method.options_method",
                        "aws_api_gateway_resource.cors_resource"
                    ],
                    "primary": {
                        "id": "agi-jt6xcxywmd-w0a2xw-OPTIONS",
                        "attributes": {
                            "cache_key_parameters.#": "0",
                            "cache_namespace": "w0a2xw",
                            "connection_id": "",
                            "connection_type": "INTERNET",
                            "content_handling": "",
                            "credentials": "",
                            "http_method": "OPTIONS",
                            "id": "agi-jt6xcxywmd-w0a2xw-OPTIONS",
                            "integration_http_method": "",
                            "passthrough_behavior": "WHEN_NO_MATCH",
                            "request_parameters.%": "0",
                            "request_templates.%": "1",
                            "request_templates.application/json": "{'statusCode': 200}",
                            "resource_id": "w0a2xw",
                            "rest_api_id": "jt6xcxywmd",
                            "timeout_milliseconds": "29000",
                            "type": "MOCK",
                            "uri": ""
                        },
                        "meta": {},
                        "tainted": false
                    },
                    "deposed": [],
                    "provider": "provider.aws"
                },
                "aws_api_gateway_integration_response.options_integration_response": {
                    "type": "aws_api_gateway_integration_response",
                    "depends_on": [
                        "aws_api_gateway_method.options_method",
                        "aws_api_gateway_method_response.options_200",
                        "aws_api_gateway_resource.cors_resource"
                    ],
                    "primary": {
                        "id": "agir-jt6xcxywmd-w0a2xw-OPTIONS-200",
                        "attributes": {
                            "content_handling": "",
                            "http_method": "OPTIONS",
                            "id": "agir-jt6xcxywmd-w0a2xw-OPTIONS-200",
                            "resource_id": "w0a2xw",
                            "response_parameters.%": "3",
                            "response_parameters.method.response.header.Access-Control-Allow-Headers": "'Content-Type,X-Amz-Date,Authorization,X-Api-Key,X-Amz-Security-Token'",
                            "response_parameters.method.response.header.Access-Control-Allow-Methods": "'OPTIONS,POST'",
                            "response_parameters.method.response.header.Access-Control-Allow-Origin": "'*'",
                            "response_templates.%": "1",
                            "response_templates.application/json": "",
                            "rest_api_id": "jt6xcxywmd",
                            "selection_pattern": "",
                            "status_code": "200"
                        },
                        "meta": {},
                        "tainted": false
                    },
                    "deposed": [],
                    "provider": "provider.aws"
                },
                "aws_api_gateway_method.cors_method": {
                    "type": "aws_api_gateway_method",
                    "depends_on": [
                        "aws_api_gateway_resource.cors_resource"
                    ],
                    "primary": {
                        "id": "agm-jt6xcxywmd-w0a2xw-POST",
                        "attributes": {
                            "api_key_required": "true",
                            "authorization": "NONE",
                            "authorization_scopes.#": "0",
                            "authorizer_id": "",
                            "http_method": "POST",
                            "id": "agm-jt6xcxywmd-w0a2xw-POST",
                            "request_models.%": "0",
                            "request_parameters.%": "0",
                            "request_validator_id": "",
                            "resource_id": "w0a2xw",
                            "rest_api_id": "jt6xcxywmd"
                        },
                        "meta": {},
                        "tainted": false
                    },
                    "deposed": [],
                    "provider": "provider.aws"
                },
                "aws_api_gateway_method.options_method": {
                    "type": "aws_api_gateway_method",
                    "depends_on": [
                        "aws_api_gateway_resource.cors_resource"
                    ],
                    "primary": {
                        "id": "agm-jt6xcxywmd-w0a2xw-OPTIONS",
                        "attributes": {
                            "api_key_required": "false",
                            "authorization": "NONE",
                            "authorization_scopes.#": "0",
                            "authorizer_id": "",
                            "http_method": "OPTIONS",
                            "id": "agm-jt6xcxywmd-w0a2xw-OPTIONS",
                            "request_models.%": "0",
                            "request_parameters.%": "0",
                            "request_validator_id": "",
                            "resource_id": "w0a2xw",
                            "rest_api_id": "jt6xcxywmd"
                        },
                        "meta": {},
                        "tainted": false
                    },
                    "deposed": [],
                    "provider": "provider.aws"
                },
                "aws_api_gateway_method_response.cors_method_response_200": {
                    "type": "aws_api_gateway_method_response",
                    "depends_on": [
                        "aws_api_gateway_method.cors_method",
                        "aws_api_gateway_resource.cors_resource"
                    ],
                    "primary": {
                        "id": "agmr-jt6xcxywmd-w0a2xw-POST-200",
                        "attributes": {
                            "http_method": "POST",
                            "id": "agmr-jt6xcxywmd-w0a2xw-POST-200",
                            "resource_id": "w0a2xw",
                            "response_models.%": "0",
                            "response_parameters.%": "1",
                            "response_parameters.method.response.header.Access-Control-Allow-Origin": "true",
                            "rest_api_id": "jt6xcxywmd",
                            "status_code": "200"
                        },
                        "meta": {},
                        "tainted": false
                    },
                    "deposed": [],
                    "provider": "provider.aws"
                },
                "aws_api_gateway_method_response.options_200": {
                    "type": "aws_api_gateway_method_response",
                    "depends_on": [
                        "aws_api_gateway_method.options_method",
                        "aws_api_gateway_resource.cors_resource"
                    ],
                    "primary": {
                        "id": "agmr-jt6xcxywmd-w0a2xw-OPTIONS-200",
                        "attributes": {
                            "http_method": "OPTIONS",
                            "id": "agmr-jt6xcxywmd-w0a2xw-OPTIONS-200",
                            "resource_id": "w0a2xw",
                            "response_models.%": "1",
                            "response_models.application/json": "Empty",
                            "response_parameters.%": "3",
                            "response_parameters.method.response.header.Access-Control-Allow-Headers": "true",
                            "response_parameters.method.response.header.Access-Control-Allow-Methods": "true",
                            "response_parameters.method.response.header.Access-Control-Allow-Origin": "true",
                            "rest_api_id": "jt6xcxywmd",
                            "status_code": "200"
                        },
                        "meta": {},
                        "tainted": false
                    },
                    "deposed": [],
                    "provider": "provider.aws"
                },
                "aws_api_gateway_resource.cors_resource": {
                    "type": "aws_api_gateway_resource",
                    "depends_on": [],
                    "primary": {
                        "id": "w0a2xw",
                        "attributes": {
                            "id": "w0a2xw",
                            "parent_id": "boik860gc2",
                            "path": "/deleteException",
                            "path_part": "deleteException",
                            "rest_api_id": "jt6xcxywmd"
                        },
                        "meta": {},
                        "tainted": false
                    },
                    "deposed": [],
                    "provider": "provider.aws"
                },
                "aws_lambda_permission.apigw_lambda": {
                    "type": "aws_lambda_permission",
                    "depends_on": [
                        "aws_api_gateway_method.cors_method",
                        "aws_api_gateway_resource.cors_resource"
                    ],
                    "primary": {
                        "id": "API_Lambda_jt6xcxywmd_POST_w0a2xw",
                        "attributes": {
                            "action": "lambda:InvokeFunction",
                            "function_name": "arn:aws:lambda:us-west-2:722431446741:function:dev_ApiDeleteException",
                            "id": "API_Lambda_jt6xcxywmd_POST_w0a2xw",
                            "principal": "apigateway.amazonaws.com",
                            "qualifier": "",
                            "source_arn": "arn:aws:execute-api:us-west-2:722431446741:jt6xcxywmd/*/POST/deleteException",
                            "statement_id": "API_Lambda_jt6xcxywmd_POST_w0a2xw"
                        },
                        "meta": {},
                        "tainted": false
                    },
                    "deposed": [],
                    "provider": "provider.aws"
                }
            },
            "depends_on": []
        },
        {
            "path": [
                "root",
                "api_post_releaseSlot"
            ],
            "outputs": {},
            "resources": {
                "aws_api_gateway_integration.integration": {
                    "type": "aws_api_gateway_integration",
                    "depends_on": [
                        "aws_api_gateway_method.cors_method",
                        "aws_api_gateway_resource.cors_resource"
                    ],
                    "primary": {
                        "id": "agi-jt6xcxywmd-xmpdnh-POST",
                        "attributes": {
                            "cache_key_parameters.#": "0",
                            "cache_namespace": "xmpdnh",
                            "connection_id": "",
                            "connection_type": "INTERNET",
                            "content_handling": "",
                            "credentials": "",
                            "http_method": "POST",
                            "id": "agi-jt6xcxywmd-xmpdnh-POST",
                            "integration_http_method": "POST",
                            "passthrough_behavior": "WHEN_NO_MATCH",
                            "request_parameters.%": "0",
                            "request_templates.%": "0",
                            "resource_id": "xmpdnh",
                            "rest_api_id": "jt6xcxywmd",
                            "timeout_milliseconds": "29000",
                            "type": "AWS_PROXY",
                            "uri": "arn:aws:apigateway:us-west-2:lambda:path/2015-03-31/functions/arn:aws:lambda:us-west-2:722431446741:function:dev_ApiReleaseSlot/invocations"
                        },
                        "meta": {},
                        "tainted": false
                    },
                    "deposed": [],
                    "provider": "provider.aws"
                },
                "aws_api_gateway_integration.options_integration": {
                    "type": "aws_api_gateway_integration",
                    "depends_on": [
                        "aws_api_gateway_method.options_method",
                        "aws_api_gateway_resource.cors_resource"
                    ],
                    "primary": {
                        "id": "agi-jt6xcxywmd-xmpdnh-OPTIONS",
                        "attributes": {
                            "cache_key_parameters.#": "0",
                            "cache_namespace": "xmpdnh",
                            "connection_id": "",
                            "connection_type": "INTERNET",
                            "content_handling": "",
                            "credentials": "",
                            "http_method": "OPTIONS",
                            "id": "agi-jt6xcxywmd-xmpdnh-OPTIONS",
                            "integration_http_method": "",
                            "passthrough_behavior": "WHEN_NO_MATCH",
                            "request_parameters.%": "0",
                            "request_templates.%": "1",
                            "request_templates.application/json": "{'statusCode': 200}",
                            "resource_id": "xmpdnh",
                            "rest_api_id": "jt6xcxywmd",
                            "timeout_milliseconds": "29000",
                            "type": "MOCK",
                            "uri": ""
                        },
                        "meta": {},
                        "tainted": false
                    },
                    "deposed": [],
                    "provider": "provider.aws"
                },
                "aws_api_gateway_integration_response.options_integration_response": {
                    "type": "aws_api_gateway_integration_response",
                    "depends_on": [
                        "aws_api_gateway_method.options_method",
                        "aws_api_gateway_method_response.options_200",
                        "aws_api_gateway_resource.cors_resource"
                    ],
                    "primary": {
                        "id": "agir-jt6xcxywmd-xmpdnh-OPTIONS-200",
                        "attributes": {
                            "content_handling": "",
                            "http_method": "OPTIONS",
                            "id": "agir-jt6xcxywmd-xmpdnh-OPTIONS-200",
                            "resource_id": "xmpdnh",
                            "response_parameters.%": "3",
                            "response_parameters.method.response.header.Access-Control-Allow-Headers": "'Content-Type,X-Amz-Date,Authorization,X-Api-Key,X-Amz-Security-Token'",
                            "response_parameters.method.response.header.Access-Control-Allow-Methods": "'OPTIONS,POST'",
                            "response_parameters.method.response.header.Access-Control-Allow-Origin": "'*'",
                            "response_templates.%": "1",
                            "response_templates.application/json": "",
                            "rest_api_id": "jt6xcxywmd",
                            "selection_pattern": "",
                            "status_code": "200"
                        },
                        "meta": {},
                        "tainted": false
                    },
                    "deposed": [],
                    "provider": "provider.aws"
                },
                "aws_api_gateway_method.cors_method": {
                    "type": "aws_api_gateway_method",
                    "depends_on": [
                        "aws_api_gateway_resource.cors_resource"
                    ],
                    "primary": {
                        "id": "agm-jt6xcxywmd-xmpdnh-POST",
                        "attributes": {
                            "api_key_required": "true",
                            "authorization": "NONE",
                            "authorization_scopes.#": "0",
                            "authorizer_id": "",
                            "http_method": "POST",
                            "id": "agm-jt6xcxywmd-xmpdnh-POST",
                            "request_models.%": "0",
                            "request_parameters.%": "0",
                            "request_validator_id": "",
                            "resource_id": "xmpdnh",
                            "rest_api_id": "jt6xcxywmd"
                        },
                        "meta": {},
                        "tainted": false
                    },
                    "deposed": [],
                    "provider": "provider.aws"
                },
                "aws_api_gateway_method.options_method": {
                    "type": "aws_api_gateway_method",
                    "depends_on": [
                        "aws_api_gateway_resource.cors_resource"
                    ],
                    "primary": {
                        "id": "agm-jt6xcxywmd-xmpdnh-OPTIONS",
                        "attributes": {
                            "api_key_required": "false",
                            "authorization": "NONE",
                            "authorization_scopes.#": "0",
                            "authorizer_id": "",
                            "http_method": "OPTIONS",
                            "id": "agm-jt6xcxywmd-xmpdnh-OPTIONS",
                            "request_models.%": "0",
                            "request_parameters.%": "0",
                            "request_validator_id": "",
                            "resource_id": "xmpdnh",
                            "rest_api_id": "jt6xcxywmd"
                        },
                        "meta": {},
                        "tainted": false
                    },
                    "deposed": [],
                    "provider": "provider.aws"
                },
                "aws_api_gateway_method_response.cors_method_response_200": {
                    "type": "aws_api_gateway_method_response",
                    "depends_on": [
                        "aws_api_gateway_method.cors_method",
                        "aws_api_gateway_resource.cors_resource"
                    ],
                    "primary": {
                        "id": "agmr-jt6xcxywmd-xmpdnh-POST-200",
                        "attributes": {
                            "http_method": "POST",
                            "id": "agmr-jt6xcxywmd-xmpdnh-POST-200",
                            "resource_id": "xmpdnh",
                            "response_models.%": "0",
                            "response_parameters.%": "1",
                            "response_parameters.method.response.header.Access-Control-Allow-Origin": "true",
                            "rest_api_id": "jt6xcxywmd",
                            "status_code": "200"
                        },
                        "meta": {},
                        "tainted": false
                    },
                    "deposed": [],
                    "provider": "provider.aws"
                },
                "aws_api_gateway_method_response.options_200": {
                    "type": "aws_api_gateway_method_response",
                    "depends_on": [
                        "aws_api_gateway_method.options_method",
                        "aws_api_gateway_resource.cors_resource"
                    ],
                    "primary": {
                        "id": "agmr-jt6xcxywmd-xmpdnh-OPTIONS-200",
                        "attributes": {
                            "http_method": "OPTIONS",
                            "id": "agmr-jt6xcxywmd-xmpdnh-OPTIONS-200",
                            "resource_id": "xmpdnh",
                            "response_models.%": "1",
                            "response_models.application/json": "Empty",
                            "response_parameters.%": "3",
                            "response_parameters.method.response.header.Access-Control-Allow-Headers": "true",
                            "response_parameters.method.response.header.Access-Control-Allow-Methods": "true",
                            "response_parameters.method.response.header.Access-Control-Allow-Origin": "true",
                            "rest_api_id": "jt6xcxywmd",
                            "status_code": "200"
                        },
                        "meta": {},
                        "tainted": false
                    },
                    "deposed": [],
                    "provider": "provider.aws"
                },
                "aws_api_gateway_resource.cors_resource": {
                    "type": "aws_api_gateway_resource",
                    "depends_on": [],
                    "primary": {
                        "id": "xmpdnh",
                        "attributes": {
                            "id": "xmpdnh",
                            "parent_id": "boik860gc2",
                            "path": "/release",
                            "path_part": "release",
                            "rest_api_id": "jt6xcxywmd"
                        },
                        "meta": {},
                        "tainted": false
                    },
                    "deposed": [],
                    "provider": "provider.aws"
                },
                "aws_lambda_permission.apigw_lambda": {
                    "type": "aws_lambda_permission",
                    "depends_on": [
                        "aws_api_gateway_method.cors_method",
                        "aws_api_gateway_resource.cors_resource"
                    ],
                    "primary": {
                        "id": "API_Lambda_jt6xcxywmd_POST_xmpdnh",
                        "attributes": {
                            "action": "lambda:InvokeFunction",
                            "function_name": "arn:aws:lambda:us-west-2:722431446741:function:dev_ApiReleaseSlot",
                            "id": "API_Lambda_jt6xcxywmd_POST_xmpdnh",
                            "principal": "apigateway.amazonaws.com",
                            "qualifier": "",
                            "source_arn": "arn:aws:execute-api:us-west-2:722431446741:jt6xcxywmd/*/POST/release",
                            "statement_id": "API_Lambda_jt6xcxywmd_POST_xmpdnh"
                        },
                        "meta": {},
                        "tainted": false
                    },
                    "deposed": [],
                    "provider": "provider.aws"
                }
            },
            "depends_on": []
        },
        {
            "path": [
                "root",
                "api_post_reserveSlot"
            ],
            "outputs": {},
            "resources": {
                "aws_api_gateway_integration.integration": {
                    "type": "aws_api_gateway_integration",
                    "depends_on": [
                        "aws_api_gateway_method.cors_method",
                        "aws_api_gateway_resource.cors_resource"
                    ],
                    "primary": {
                        "id": "agi-jt6xcxywmd-h7uvi8-POST",
                        "attributes": {
                            "cache_key_parameters.#": "0",
                            "cache_namespace": "h7uvi8",
                            "connection_id": "",
                            "connection_type": "INTERNET",
                            "content_handling": "",
                            "credentials": "",
                            "http_method": "POST",
                            "id": "agi-jt6xcxywmd-h7uvi8-POST",
                            "integration_http_method": "POST",
                            "passthrough_behavior": "WHEN_NO_MATCH",
                            "request_parameters.%": "0",
                            "request_templates.%": "0",
                            "resource_id": "h7uvi8",
                            "rest_api_id": "jt6xcxywmd",
                            "timeout_milliseconds": "29000",
                            "type": "AWS_PROXY",
                            "uri": "arn:aws:apigateway:us-west-2:lambda:path/2015-03-31/functions/arn:aws:lambda:us-west-2:722431446741:function:dev_ApiReserveSlot/invocations"
                        },
                        "meta": {},
                        "tainted": false
                    },
                    "deposed": [],
                    "provider": "provider.aws"
                },
                "aws_api_gateway_integration.options_integration": {
                    "type": "aws_api_gateway_integration",
                    "depends_on": [
                        "aws_api_gateway_method.options_method",
                        "aws_api_gateway_resource.cors_resource"
                    ],
                    "primary": {
                        "id": "agi-jt6xcxywmd-h7uvi8-OPTIONS",
                        "attributes": {
                            "cache_key_parameters.#": "0",
                            "cache_namespace": "h7uvi8",
                            "connection_id": "",
                            "connection_type": "INTERNET",
                            "content_handling": "",
                            "credentials": "",
                            "http_method": "OPTIONS",
                            "id": "agi-jt6xcxywmd-h7uvi8-OPTIONS",
                            "integration_http_method": "",
                            "passthrough_behavior": "WHEN_NO_MATCH",
                            "request_parameters.%": "0",
                            "request_templates.%": "1",
                            "request_templates.application/json": "{'statusCode': 200}",
                            "resource_id": "h7uvi8",
                            "rest_api_id": "jt6xcxywmd",
                            "timeout_milliseconds": "29000",
                            "type": "MOCK",
                            "uri": ""
                        },
                        "meta": {},
                        "tainted": false
                    },
                    "deposed": [],
                    "provider": "provider.aws"
                },
                "aws_api_gateway_integration_response.options_integration_response": {
                    "type": "aws_api_gateway_integration_response",
                    "depends_on": [
                        "aws_api_gateway_method.options_method",
                        "aws_api_gateway_method_response.options_200",
                        "aws_api_gateway_resource.cors_resource"
                    ],
                    "primary": {
                        "id": "agir-jt6xcxywmd-h7uvi8-OPTIONS-200",
                        "attributes": {
                            "content_handling": "",
                            "http_method": "OPTIONS",
                            "id": "agir-jt6xcxywmd-h7uvi8-OPTIONS-200",
                            "resource_id": "h7uvi8",
                            "response_parameters.%": "3",
                            "response_parameters.method.response.header.Access-Control-Allow-Headers": "'Content-Type,X-Amz-Date,Authorization,X-Api-Key,X-Amz-Security-Token'",
                            "response_parameters.method.response.header.Access-Control-Allow-Methods": "'OPTIONS,POST'",
                            "response_parameters.method.response.header.Access-Control-Allow-Origin": "'*'",
                            "response_templates.%": "1",
                            "response_templates.application/json": "",
                            "rest_api_id": "jt6xcxywmd",
                            "selection_pattern": "",
                            "status_code": "200"
                        },
                        "meta": {},
                        "tainted": false
                    },
                    "deposed": [],
                    "provider": "provider.aws"
                },
                "aws_api_gateway_method.cors_method": {
                    "type": "aws_api_gateway_method",
                    "depends_on": [
                        "aws_api_gateway_resource.cors_resource"
                    ],
                    "primary": {
                        "id": "agm-jt6xcxywmd-h7uvi8-POST",
                        "attributes": {
                            "api_key_required": "true",
                            "authorization": "NONE",
                            "authorization_scopes.#": "0",
                            "authorizer_id": "",
                            "http_method": "POST",
                            "id": "agm-jt6xcxywmd-h7uvi8-POST",
                            "request_models.%": "0",
                            "request_parameters.%": "0",
                            "request_validator_id": "",
                            "resource_id": "h7uvi8",
                            "rest_api_id": "jt6xcxywmd"
                        },
                        "meta": {},
                        "tainted": false
                    },
                    "deposed": [],
                    "provider": "provider.aws"
                },
                "aws_api_gateway_method.options_method": {
                    "type": "aws_api_gateway_method",
                    "depends_on": [
                        "aws_api_gateway_resource.cors_resource"
                    ],
                    "primary": {
                        "id": "agm-jt6xcxywmd-h7uvi8-OPTIONS",
                        "attributes": {
                            "api_key_required": "false",
                            "authorization": "NONE",
                            "authorization_scopes.#": "0",
                            "authorizer_id": "",
                            "http_method": "OPTIONS",
                            "id": "agm-jt6xcxywmd-h7uvi8-OPTIONS",
                            "request_models.%": "0",
                            "request_parameters.%": "0",
                            "request_validator_id": "",
                            "resource_id": "h7uvi8",
                            "rest_api_id": "jt6xcxywmd"
                        },
                        "meta": {},
                        "tainted": false
                    },
                    "deposed": [],
                    "provider": "provider.aws"
                },
                "aws_api_gateway_method_response.cors_method_response_200": {
                    "type": "aws_api_gateway_method_response",
                    "depends_on": [
                        "aws_api_gateway_method.cors_method",
                        "aws_api_gateway_resource.cors_resource"
                    ],
                    "primary": {
                        "id": "agmr-jt6xcxywmd-h7uvi8-POST-200",
                        "attributes": {
                            "http_method": "POST",
                            "id": "agmr-jt6xcxywmd-h7uvi8-POST-200",
                            "resource_id": "h7uvi8",
                            "response_models.%": "0",
                            "response_parameters.%": "1",
                            "response_parameters.method.response.header.Access-Control-Allow-Origin": "true",
                            "rest_api_id": "jt6xcxywmd",
                            "status_code": "200"
                        },
                        "meta": {},
                        "tainted": false
                    },
                    "deposed": [],
                    "provider": "provider.aws"
                },
                "aws_api_gateway_method_response.options_200": {
                    "type": "aws_api_gateway_method_response",
                    "depends_on": [
                        "aws_api_gateway_method.options_method",
                        "aws_api_gateway_resource.cors_resource"
                    ],
                    "primary": {
                        "id": "agmr-jt6xcxywmd-h7uvi8-OPTIONS-200",
                        "attributes": {
                            "http_method": "OPTIONS",
                            "id": "agmr-jt6xcxywmd-h7uvi8-OPTIONS-200",
                            "resource_id": "h7uvi8",
                            "response_models.%": "1",
                            "response_models.application/json": "Empty",
                            "response_parameters.%": "3",
                            "response_parameters.method.response.header.Access-Control-Allow-Headers": "true",
                            "response_parameters.method.response.header.Access-Control-Allow-Methods": "true",
                            "response_parameters.method.response.header.Access-Control-Allow-Origin": "true",
                            "rest_api_id": "jt6xcxywmd",
                            "status_code": "200"
                        },
                        "meta": {},
                        "tainted": false
                    },
                    "deposed": [],
                    "provider": "provider.aws"
                },
                "aws_api_gateway_resource.cors_resource": {
                    "type": "aws_api_gateway_resource",
                    "depends_on": [],
                    "primary": {
                        "id": "h7uvi8",
                        "attributes": {
                            "id": "h7uvi8",
                            "parent_id": "boik860gc2",
                            "path": "/reserve",
                            "path_part": "reserve",
                            "rest_api_id": "jt6xcxywmd"
                        },
                        "meta": {},
                        "tainted": false
                    },
                    "deposed": [],
                    "provider": "provider.aws"
                },
                "aws_lambda_permission.apigw_lambda": {
                    "type": "aws_lambda_permission",
                    "depends_on": [
                        "aws_api_gateway_method.cors_method",
                        "aws_api_gateway_resource.cors_resource"
                    ],
                    "primary": {
                        "id": "API_Lambda_jt6xcxywmd_POST_h7uvi8",
                        "attributes": {
                            "action": "lambda:InvokeFunction",
                            "function_name": "arn:aws:lambda:us-west-2:722431446741:function:dev_ApiReserveSlot",
                            "id": "API_Lambda_jt6xcxywmd_POST_h7uvi8",
                            "principal": "apigateway.amazonaws.com",
                            "qualifier": "",
                            "source_arn": "arn:aws:execute-api:us-west-2:722431446741:jt6xcxywmd/*/POST/reserve",
                            "statement_id": "API_Lambda_jt6xcxywmd_POST_h7uvi8"
                        },
                        "meta": {},
                        "tainted": false
                    },
                    "deposed": [],
                    "provider": "provider.aws"
                }
            },
            "depends_on": []
        },
        {
            "path": [
                "root",
                "api_post_saveSurvey"
            ],
            "outputs": {},
            "resources": {
                "aws_api_gateway_integration.integration": {
                    "type": "aws_api_gateway_integration",
                    "depends_on": [
                        "aws_api_gateway_method.cors_method",
                        "aws_api_gateway_resource.cors_resource"
                    ],
                    "primary": {
                        "id": "agi-jt6xcxywmd-o4z2iq-POST",
                        "attributes": {
                            "cache_key_parameters.#": "0",
                            "cache_namespace": "o4z2iq",
                            "connection_id": "",
                            "connection_type": "INTERNET",
                            "content_handling": "",
                            "credentials": "",
                            "http_method": "POST",
                            "id": "agi-jt6xcxywmd-o4z2iq-POST",
                            "integration_http_method": "POST",
                            "passthrough_behavior": "WHEN_NO_MATCH",
                            "request_parameters.%": "0",
                            "request_templates.%": "0",
                            "resource_id": "o4z2iq",
                            "rest_api_id": "jt6xcxywmd",
                            "timeout_milliseconds": "29000",
                            "type": "AWS_PROXY",
                            "uri": "arn:aws:apigateway:us-west-2:lambda:path/2015-03-31/functions/arn:aws:lambda:us-west-2:722431446741:function:dev_ApiSaveSurvey/invocations"
                        },
                        "meta": {},
                        "tainted": false
                    },
                    "deposed": [],
                    "provider": "provider.aws"
                },
                "aws_api_gateway_integration.options_integration": {
                    "type": "aws_api_gateway_integration",
                    "depends_on": [
                        "aws_api_gateway_method.options_method",
                        "aws_api_gateway_resource.cors_resource"
                    ],
                    "primary": {
                        "id": "agi-jt6xcxywmd-o4z2iq-OPTIONS",
                        "attributes": {
                            "cache_key_parameters.#": "0",
                            "cache_namespace": "o4z2iq",
                            "connection_id": "",
                            "connection_type": "INTERNET",
                            "content_handling": "",
                            "credentials": "",
                            "http_method": "OPTIONS",
                            "id": "agi-jt6xcxywmd-o4z2iq-OPTIONS",
                            "integration_http_method": "",
                            "passthrough_behavior": "WHEN_NO_MATCH",
                            "request_parameters.%": "0",
                            "request_templates.%": "1",
                            "request_templates.application/json": "{'statusCode': 200}",
                            "resource_id": "o4z2iq",
                            "rest_api_id": "jt6xcxywmd",
                            "timeout_milliseconds": "29000",
                            "type": "MOCK",
                            "uri": ""
                        },
                        "meta": {},
                        "tainted": false
                    },
                    "deposed": [],
                    "provider": "provider.aws"
                },
                "aws_api_gateway_integration_response.options_integration_response": {
                    "type": "aws_api_gateway_integration_response",
                    "depends_on": [
                        "aws_api_gateway_method.options_method",
                        "aws_api_gateway_method_response.options_200",
                        "aws_api_gateway_resource.cors_resource"
                    ],
                    "primary": {
                        "id": "agir-jt6xcxywmd-o4z2iq-OPTIONS-200",
                        "attributes": {
                            "content_handling": "",
                            "http_method": "OPTIONS",
                            "id": "agir-jt6xcxywmd-o4z2iq-OPTIONS-200",
                            "resource_id": "o4z2iq",
                            "response_parameters.%": "3",
                            "response_parameters.method.response.header.Access-Control-Allow-Headers": "'Content-Type,X-Amz-Date,Authorization,X-Api-Key,X-Amz-Security-Token'",
                            "response_parameters.method.response.header.Access-Control-Allow-Methods": "'OPTIONS,POST'",
                            "response_parameters.method.response.header.Access-Control-Allow-Origin": "'*'",
                            "response_templates.%": "1",
                            "response_templates.application/json": "",
                            "rest_api_id": "jt6xcxywmd",
                            "selection_pattern": "",
                            "status_code": "200"
                        },
                        "meta": {},
                        "tainted": false
                    },
                    "deposed": [],
                    "provider": "provider.aws"
                },
                "aws_api_gateway_method.cors_method": {
                    "type": "aws_api_gateway_method",
                    "depends_on": [
                        "aws_api_gateway_resource.cors_resource"
                    ],
                    "primary": {
                        "id": "agm-jt6xcxywmd-o4z2iq-POST",
                        "attributes": {
                            "api_key_required": "true",
                            "authorization": "NONE",
                            "authorization_scopes.#": "0",
                            "authorizer_id": "",
                            "http_method": "POST",
                            "id": "agm-jt6xcxywmd-o4z2iq-POST",
                            "request_models.%": "0",
                            "request_parameters.%": "0",
                            "request_validator_id": "",
                            "resource_id": "o4z2iq",
                            "rest_api_id": "jt6xcxywmd"
                        },
                        "meta": {},
                        "tainted": false
                    },
                    "deposed": [],
                    "provider": "provider.aws"
                },
                "aws_api_gateway_method.options_method": {
                    "type": "aws_api_gateway_method",
                    "depends_on": [
                        "aws_api_gateway_resource.cors_resource"
                    ],
                    "primary": {
                        "id": "agm-jt6xcxywmd-o4z2iq-OPTIONS",
                        "attributes": {
                            "api_key_required": "false",
                            "authorization": "NONE",
                            "authorization_scopes.#": "0",
                            "authorizer_id": "",
                            "http_method": "OPTIONS",
                            "id": "agm-jt6xcxywmd-o4z2iq-OPTIONS",
                            "request_models.%": "0",
                            "request_parameters.%": "0",
                            "request_validator_id": "",
                            "resource_id": "o4z2iq",
                            "rest_api_id": "jt6xcxywmd"
                        },
                        "meta": {},
                        "tainted": false
                    },
                    "deposed": [],
                    "provider": "provider.aws"
                },
                "aws_api_gateway_method_response.cors_method_response_200": {
                    "type": "aws_api_gateway_method_response",
                    "depends_on": [
                        "aws_api_gateway_method.cors_method",
                        "aws_api_gateway_resource.cors_resource"
                    ],
                    "primary": {
                        "id": "agmr-jt6xcxywmd-o4z2iq-POST-200",
                        "attributes": {
                            "http_method": "POST",
                            "id": "agmr-jt6xcxywmd-o4z2iq-POST-200",
                            "resource_id": "o4z2iq",
                            "response_models.%": "0",
                            "response_parameters.%": "1",
                            "response_parameters.method.response.header.Access-Control-Allow-Origin": "true",
                            "rest_api_id": "jt6xcxywmd",
                            "status_code": "200"
                        },
                        "meta": {},
                        "tainted": false
                    },
                    "deposed": [],
                    "provider": "provider.aws"
                },
                "aws_api_gateway_method_response.options_200": {
                    "type": "aws_api_gateway_method_response",
                    "depends_on": [
                        "aws_api_gateway_method.options_method",
                        "aws_api_gateway_resource.cors_resource"
                    ],
                    "primary": {
                        "id": "agmr-jt6xcxywmd-o4z2iq-OPTIONS-200",
                        "attributes": {
                            "http_method": "OPTIONS",
                            "id": "agmr-jt6xcxywmd-o4z2iq-OPTIONS-200",
                            "resource_id": "o4z2iq",
                            "response_models.%": "1",
                            "response_models.application/json": "Empty",
                            "response_parameters.%": "3",
                            "response_parameters.method.response.header.Access-Control-Allow-Headers": "true",
                            "response_parameters.method.response.header.Access-Control-Allow-Methods": "true",
                            "response_parameters.method.response.header.Access-Control-Allow-Origin": "true",
                            "rest_api_id": "jt6xcxywmd",
                            "status_code": "200"
                        },
                        "meta": {},
                        "tainted": false
                    },
                    "deposed": [],
                    "provider": "provider.aws"
                },
                "aws_api_gateway_resource.cors_resource": {
                    "type": "aws_api_gateway_resource",
                    "depends_on": [],
                    "primary": {
                        "id": "o4z2iq",
                        "attributes": {
                            "id": "o4z2iq",
                            "parent_id": "boik860gc2",
                            "path": "/survey",
                            "path_part": "survey",
                            "rest_api_id": "jt6xcxywmd"
                        },
                        "meta": {},
                        "tainted": false
                    },
                    "deposed": [],
                    "provider": "provider.aws"
                },
                "aws_lambda_permission.apigw_lambda": {
                    "type": "aws_lambda_permission",
                    "depends_on": [
                        "aws_api_gateway_method.cors_method",
                        "aws_api_gateway_resource.cors_resource"
                    ],
                    "primary": {
                        "id": "API_Lambda_jt6xcxywmd_POST_o4z2iq",
                        "attributes": {
                            "action": "lambda:InvokeFunction",
                            "function_name": "arn:aws:lambda:us-west-2:722431446741:function:dev_ApiSaveSurvey",
                            "id": "API_Lambda_jt6xcxywmd_POST_o4z2iq",
                            "principal": "apigateway.amazonaws.com",
                            "qualifier": "",
                            "source_arn": "arn:aws:execute-api:us-west-2:722431446741:jt6xcxywmd/*/POST/survey",
                            "statement_id": "API_Lambda_jt6xcxywmd_POST_o4z2iq"
                        },
                        "meta": {},
                        "tainted": false
                    },
                    "deposed": [],
                    "provider": "provider.aws"
                }
            },
            "depends_on": []
        },
        {
            "path": [
                "root",
                "api_post_scheduleAdhocDrive"
            ],
            "outputs": {},
            "resources": {
                "aws_api_gateway_integration.integration": {
                    "type": "aws_api_gateway_integration",
                    "depends_on": [
                        "aws_api_gateway_method.cors_method",
                        "aws_api_gateway_resource.cors_resource"
                    ],
                    "primary": {
                        "id": "agi-jt6xcxywmd-hof763-POST",
                        "attributes": {
                            "cache_key_parameters.#": "0",
                            "cache_namespace": "hof763",
                            "connection_id": "",
                            "connection_type": "INTERNET",
                            "content_handling": "",
                            "credentials": "",
                            "http_method": "POST",
                            "id": "agi-jt6xcxywmd-hof763-POST",
                            "integration_http_method": "POST",
                            "passthrough_behavior": "WHEN_NO_MATCH",
                            "request_parameters.%": "0",
                            "request_templates.%": "0",
                            "resource_id": "hof763",
                            "rest_api_id": "jt6xcxywmd",
                            "timeout_milliseconds": "29000",
                            "type": "AWS_PROXY",
                            "uri": "arn:aws:apigateway:us-west-2:lambda:path/2015-03-31/functions/arn:aws:lambda:us-west-2:722431446741:function:dev_ApiScheduleAdhocDrive/invocations"
                        },
                        "meta": {},
                        "tainted": false
                    },
                    "deposed": [],
                    "provider": "provider.aws"
                },
                "aws_api_gateway_integration.options_integration": {
                    "type": "aws_api_gateway_integration",
                    "depends_on": [
                        "aws_api_gateway_method.options_method",
                        "aws_api_gateway_resource.cors_resource"
                    ],
                    "primary": {
                        "id": "agi-jt6xcxywmd-hof763-OPTIONS",
                        "attributes": {
                            "cache_key_parameters.#": "0",
                            "cache_namespace": "hof763",
                            "connection_id": "",
                            "connection_type": "INTERNET",
                            "content_handling": "",
                            "credentials": "",
                            "http_method": "OPTIONS",
                            "id": "agi-jt6xcxywmd-hof763-OPTIONS",
                            "integration_http_method": "",
                            "passthrough_behavior": "WHEN_NO_MATCH",
                            "request_parameters.%": "0",
                            "request_templates.%": "1",
                            "request_templates.application/json": "{'statusCode': 200}",
                            "resource_id": "hof763",
                            "rest_api_id": "jt6xcxywmd",
                            "timeout_milliseconds": "29000",
                            "type": "MOCK",
                            "uri": ""
                        },
                        "meta": {},
                        "tainted": false
                    },
                    "deposed": [],
                    "provider": "provider.aws"
                },
                "aws_api_gateway_integration_response.options_integration_response": {
                    "type": "aws_api_gateway_integration_response",
                    "depends_on": [
                        "aws_api_gateway_method.options_method",
                        "aws_api_gateway_method_response.options_200",
                        "aws_api_gateway_resource.cors_resource"
                    ],
                    "primary": {
                        "id": "agir-jt6xcxywmd-hof763-OPTIONS-200",
                        "attributes": {
                            "content_handling": "",
                            "http_method": "OPTIONS",
                            "id": "agir-jt6xcxywmd-hof763-OPTIONS-200",
                            "resource_id": "hof763",
                            "response_parameters.%": "3",
                            "response_parameters.method.response.header.Access-Control-Allow-Headers": "'Content-Type,X-Amz-Date,Authorization,X-Api-Key,X-Amz-Security-Token'",
                            "response_parameters.method.response.header.Access-Control-Allow-Methods": "'OPTIONS,POST'",
                            "response_parameters.method.response.header.Access-Control-Allow-Origin": "'*'",
                            "response_templates.%": "1",
                            "response_templates.application/json": "",
                            "rest_api_id": "jt6xcxywmd",
                            "selection_pattern": "",
                            "status_code": "200"
                        },
                        "meta": {},
                        "tainted": false
                    },
                    "deposed": [],
                    "provider": "provider.aws"
                },
                "aws_api_gateway_method.cors_method": {
                    "type": "aws_api_gateway_method",
                    "depends_on": [
                        "aws_api_gateway_resource.cors_resource"
                    ],
                    "primary": {
                        "id": "agm-jt6xcxywmd-hof763-POST",
                        "attributes": {
                            "api_key_required": "true",
                            "authorization": "NONE",
                            "authorization_scopes.#": "0",
                            "authorizer_id": "",
                            "http_method": "POST",
                            "id": "agm-jt6xcxywmd-hof763-POST",
                            "request_models.%": "0",
                            "request_parameters.%": "0",
                            "request_validator_id": "",
                            "resource_id": "hof763",
                            "rest_api_id": "jt6xcxywmd"
                        },
                        "meta": {},
                        "tainted": false
                    },
                    "deposed": [],
                    "provider": "provider.aws"
                },
                "aws_api_gateway_method.options_method": {
                    "type": "aws_api_gateway_method",
                    "depends_on": [
                        "aws_api_gateway_resource.cors_resource"
                    ],
                    "primary": {
                        "id": "agm-jt6xcxywmd-hof763-OPTIONS",
                        "attributes": {
                            "api_key_required": "false",
                            "authorization": "NONE",
                            "authorization_scopes.#": "0",
                            "authorizer_id": "",
                            "http_method": "OPTIONS",
                            "id": "agm-jt6xcxywmd-hof763-OPTIONS",
                            "request_models.%": "0",
                            "request_parameters.%": "0",
                            "request_validator_id": "",
                            "resource_id": "hof763",
                            "rest_api_id": "jt6xcxywmd"
                        },
                        "meta": {},
                        "tainted": false
                    },
                    "deposed": [],
                    "provider": "provider.aws"
                },
                "aws_api_gateway_method_response.cors_method_response_200": {
                    "type": "aws_api_gateway_method_response",
                    "depends_on": [
                        "aws_api_gateway_method.cors_method",
                        "aws_api_gateway_resource.cors_resource"
                    ],
                    "primary": {
                        "id": "agmr-jt6xcxywmd-hof763-POST-200",
                        "attributes": {
                            "http_method": "POST",
                            "id": "agmr-jt6xcxywmd-hof763-POST-200",
                            "resource_id": "hof763",
                            "response_models.%": "0",
                            "response_parameters.%": "1",
                            "response_parameters.method.response.header.Access-Control-Allow-Origin": "true",
                            "rest_api_id": "jt6xcxywmd",
                            "status_code": "200"
                        },
                        "meta": {},
                        "tainted": false
                    },
                    "deposed": [],
                    "provider": "provider.aws"
                },
                "aws_api_gateway_method_response.options_200": {
                    "type": "aws_api_gateway_method_response",
                    "depends_on": [
                        "aws_api_gateway_method.options_method",
                        "aws_api_gateway_resource.cors_resource"
                    ],
                    "primary": {
                        "id": "agmr-jt6xcxywmd-hof763-OPTIONS-200",
                        "attributes": {
                            "http_method": "OPTIONS",
                            "id": "agmr-jt6xcxywmd-hof763-OPTIONS-200",
                            "resource_id": "hof763",
                            "response_models.%": "1",
                            "response_models.application/json": "Empty",
                            "response_parameters.%": "3",
                            "response_parameters.method.response.header.Access-Control-Allow-Headers": "true",
                            "response_parameters.method.response.header.Access-Control-Allow-Methods": "true",
                            "response_parameters.method.response.header.Access-Control-Allow-Origin": "true",
                            "rest_api_id": "jt6xcxywmd",
                            "status_code": "200"
                        },
                        "meta": {},
                        "tainted": false
                    },
                    "deposed": [],
                    "provider": "provider.aws"
                },
                "aws_api_gateway_resource.cors_resource": {
                    "type": "aws_api_gateway_resource",
                    "depends_on": [],
                    "primary": {
                        "id": "hof763",
                        "attributes": {
                            "id": "hof763",
                            "parent_id": "boik860gc2",
                            "path": "/adhocDrive",
                            "path_part": "adhocDrive",
                            "rest_api_id": "jt6xcxywmd"
                        },
                        "meta": {},
                        "tainted": false
                    },
                    "deposed": [],
                    "provider": "provider.aws"
                },
                "aws_lambda_permission.apigw_lambda": {
                    "type": "aws_lambda_permission",
                    "depends_on": [
                        "aws_api_gateway_method.cors_method",
                        "aws_api_gateway_resource.cors_resource"
                    ],
                    "primary": {
                        "id": "API_Lambda_jt6xcxywmd_POST_hof763",
                        "attributes": {
                            "action": "lambda:InvokeFunction",
                            "function_name": "arn:aws:lambda:us-west-2:722431446741:function:dev_ApiScheduleAdhocDrive",
                            "id": "API_Lambda_jt6xcxywmd_POST_hof763",
                            "principal": "apigateway.amazonaws.com",
                            "qualifier": "",
                            "source_arn": "arn:aws:execute-api:us-west-2:722431446741:jt6xcxywmd/*/POST/adhocDrive",
                            "statement_id": "API_Lambda_jt6xcxywmd_POST_hof763"
                        },
                        "meta": {},
                        "tainted": false
                    },
                    "deposed": [],
                    "provider": "provider.aws"
                }
            },
            "depends_on": []
        },
        {
            "path": [
                "root",
                "api_post_scheduleDrive"
            ],
            "outputs": {},
            "resources": {
                "aws_api_gateway_integration.integration": {
                    "type": "aws_api_gateway_integration",
                    "depends_on": [
                        "aws_api_gateway_method.cors_method",
                        "aws_api_gateway_resource.cors_resource"
                    ],
                    "primary": {
                        "id": "agi-jt6xcxywmd-1ufn5e-POST",
                        "attributes": {
                            "cache_key_parameters.#": "0",
                            "cache_namespace": "1ufn5e",
                            "connection_id": "",
                            "connection_type": "INTERNET",
                            "content_handling": "",
                            "credentials": "",
                            "http_method": "POST",
                            "id": "agi-jt6xcxywmd-1ufn5e-POST",
                            "integration_http_method": "POST",
                            "passthrough_behavior": "WHEN_NO_MATCH",
                            "request_parameters.%": "0",
                            "request_templates.%": "0",
                            "resource_id": "1ufn5e",
                            "rest_api_id": "jt6xcxywmd",
                            "timeout_milliseconds": "29000",
                            "type": "AWS_PROXY",
                            "uri": "arn:aws:apigateway:us-west-2:lambda:path/2015-03-31/functions/arn:aws:lambda:us-west-2:722431446741:function:dev_ApiScheduleDrive/invocations"
                        },
                        "meta": {},
                        "tainted": false
                    },
                    "deposed": [],
                    "provider": "provider.aws"
                },
                "aws_api_gateway_integration.options_integration": {
                    "type": "aws_api_gateway_integration",
                    "depends_on": [
                        "aws_api_gateway_method.options_method",
                        "aws_api_gateway_resource.cors_resource"
                    ],
                    "primary": {
                        "id": "agi-jt6xcxywmd-1ufn5e-OPTIONS",
                        "attributes": {
                            "cache_key_parameters.#": "0",
                            "cache_namespace": "1ufn5e",
                            "connection_id": "",
                            "connection_type": "INTERNET",
                            "content_handling": "",
                            "credentials": "",
                            "http_method": "OPTIONS",
                            "id": "agi-jt6xcxywmd-1ufn5e-OPTIONS",
                            "integration_http_method": "",
                            "passthrough_behavior": "WHEN_NO_MATCH",
                            "request_parameters.%": "0",
                            "request_templates.%": "1",
                            "request_templates.application/json": "{'statusCode': 200}",
                            "resource_id": "1ufn5e",
                            "rest_api_id": "jt6xcxywmd",
                            "timeout_milliseconds": "29000",
                            "type": "MOCK",
                            "uri": ""
                        },
                        "meta": {},
                        "tainted": false
                    },
                    "deposed": [],
                    "provider": "provider.aws"
                },
                "aws_api_gateway_integration_response.options_integration_response": {
                    "type": "aws_api_gateway_integration_response",
                    "depends_on": [
                        "aws_api_gateway_method.options_method",
                        "aws_api_gateway_method_response.options_200",
                        "aws_api_gateway_resource.cors_resource"
                    ],
                    "primary": {
                        "id": "agir-jt6xcxywmd-1ufn5e-OPTIONS-200",
                        "attributes": {
                            "content_handling": "",
                            "http_method": "OPTIONS",
                            "id": "agir-jt6xcxywmd-1ufn5e-OPTIONS-200",
                            "resource_id": "1ufn5e",
                            "response_parameters.%": "3",
                            "response_parameters.method.response.header.Access-Control-Allow-Headers": "'Content-Type,X-Amz-Date,Authorization,X-Api-Key,X-Amz-Security-Token'",
                            "response_parameters.method.response.header.Access-Control-Allow-Methods": "'OPTIONS,POST'",
                            "response_parameters.method.response.header.Access-Control-Allow-Origin": "'*'",
                            "response_templates.%": "1",
                            "response_templates.application/json": "",
                            "rest_api_id": "jt6xcxywmd",
                            "selection_pattern": "",
                            "status_code": "200"
                        },
                        "meta": {},
                        "tainted": false
                    },
                    "deposed": [],
                    "provider": "provider.aws"
                },
                "aws_api_gateway_method.cors_method": {
                    "type": "aws_api_gateway_method",
                    "depends_on": [
                        "aws_api_gateway_resource.cors_resource"
                    ],
                    "primary": {
                        "id": "agm-jt6xcxywmd-1ufn5e-POST",
                        "attributes": {
                            "api_key_required": "true",
                            "authorization": "NONE",
                            "authorization_scopes.#": "0",
                            "authorizer_id": "",
                            "http_method": "POST",
                            "id": "agm-jt6xcxywmd-1ufn5e-POST",
                            "request_models.%": "0",
                            "request_parameters.%": "0",
                            "request_validator_id": "",
                            "resource_id": "1ufn5e",
                            "rest_api_id": "jt6xcxywmd"
                        },
                        "meta": {},
                        "tainted": false
                    },
                    "deposed": [],
                    "provider": "provider.aws"
                },
                "aws_api_gateway_method.options_method": {
                    "type": "aws_api_gateway_method",
                    "depends_on": [
                        "aws_api_gateway_resource.cors_resource"
                    ],
                    "primary": {
                        "id": "agm-jt6xcxywmd-1ufn5e-OPTIONS",
                        "attributes": {
                            "api_key_required": "false",
                            "authorization": "NONE",
                            "authorization_scopes.#": "0",
                            "authorizer_id": "",
                            "http_method": "OPTIONS",
                            "id": "agm-jt6xcxywmd-1ufn5e-OPTIONS",
                            "request_models.%": "0",
                            "request_parameters.%": "0",
                            "request_validator_id": "",
                            "resource_id": "1ufn5e",
                            "rest_api_id": "jt6xcxywmd"
                        },
                        "meta": {},
                        "tainted": false
                    },
                    "deposed": [],
                    "provider": "provider.aws"
                },
                "aws_api_gateway_method_response.cors_method_response_200": {
                    "type": "aws_api_gateway_method_response",
                    "depends_on": [
                        "aws_api_gateway_method.cors_method",
                        "aws_api_gateway_resource.cors_resource"
                    ],
                    "primary": {
                        "id": "agmr-jt6xcxywmd-1ufn5e-POST-200",
                        "attributes": {
                            "http_method": "POST",
                            "id": "agmr-jt6xcxywmd-1ufn5e-POST-200",
                            "resource_id": "1ufn5e",
                            "response_models.%": "0",
                            "response_parameters.%": "1",
                            "response_parameters.method.response.header.Access-Control-Allow-Origin": "true",
                            "rest_api_id": "jt6xcxywmd",
                            "status_code": "200"
                        },
                        "meta": {},
                        "tainted": false
                    },
                    "deposed": [],
                    "provider": "provider.aws"
                },
                "aws_api_gateway_method_response.options_200": {
                    "type": "aws_api_gateway_method_response",
                    "depends_on": [
                        "aws_api_gateway_method.options_method",
                        "aws_api_gateway_resource.cors_resource"
                    ],
                    "primary": {
                        "id": "agmr-jt6xcxywmd-1ufn5e-OPTIONS-200",
                        "attributes": {
                            "http_method": "OPTIONS",
                            "id": "agmr-jt6xcxywmd-1ufn5e-OPTIONS-200",
                            "resource_id": "1ufn5e",
                            "response_models.%": "1",
                            "response_models.application/json": "Empty",
                            "response_parameters.%": "3",
                            "response_parameters.method.response.header.Access-Control-Allow-Headers": "true",
                            "response_parameters.method.response.header.Access-Control-Allow-Methods": "true",
                            "response_parameters.method.response.header.Access-Control-Allow-Origin": "true",
                            "rest_api_id": "jt6xcxywmd",
                            "status_code": "200"
                        },
                        "meta": {},
                        "tainted": false
                    },
                    "deposed": [],
                    "provider": "provider.aws"
                },
                "aws_api_gateway_resource.cors_resource": {
                    "type": "aws_api_gateway_resource",
                    "depends_on": [],
                    "primary": {
                        "id": "1ufn5e",
                        "attributes": {
                            "id": "1ufn5e",
                            "parent_id": "boik860gc2",
                            "path": "/drive",
                            "path_part": "drive",
                            "rest_api_id": "jt6xcxywmd"
                        },
                        "meta": {},
                        "tainted": false
                    },
                    "deposed": [],
                    "provider": "provider.aws"
                },
                "aws_lambda_permission.apigw_lambda": {
                    "type": "aws_lambda_permission",
                    "depends_on": [
                        "aws_api_gateway_method.cors_method",
                        "aws_api_gateway_resource.cors_resource"
                    ],
                    "primary": {
                        "id": "API_Lambda_jt6xcxywmd_POST_1ufn5e",
                        "attributes": {
                            "action": "lambda:InvokeFunction",
                            "function_name": "arn:aws:lambda:us-west-2:722431446741:function:dev_ApiScheduleDrive",
                            "id": "API_Lambda_jt6xcxywmd_POST_1ufn5e",
                            "principal": "apigateway.amazonaws.com",
                            "qualifier": "",
                            "source_arn": "arn:aws:execute-api:us-west-2:722431446741:jt6xcxywmd/*/POST/drive",
                            "statement_id": "API_Lambda_jt6xcxywmd_POST_1ufn5e"
                        },
                        "meta": {},
                        "tainted": false
                    },
                    "deposed": [],
                    "provider": "provider.aws"
                }
            },
            "depends_on": []
        },
        {
            "path": [
                "root",
                "api_post_user"
            ],
            "outputs": {},
            "resources": {
                "aws_api_gateway_integration.integration": {
                    "type": "aws_api_gateway_integration",
                    "depends_on": [
                        "aws_api_gateway_method.cors_method",
                        "aws_api_gateway_resource.cors_resource"
                    ],
                    "primary": {
                        "id": "agi-jt6xcxywmd-qf2a0j-POST",
                        "attributes": {
                            "cache_key_parameters.#": "0",
                            "cache_namespace": "qf2a0j",
                            "connection_id": "",
                            "connection_type": "INTERNET",
                            "content_handling": "",
                            "credentials": "",
                            "http_method": "POST",
                            "id": "agi-jt6xcxywmd-qf2a0j-POST",
                            "integration_http_method": "POST",
                            "passthrough_behavior": "WHEN_NO_MATCH",
                            "request_parameters.%": "0",
                            "request_templates.%": "0",
                            "resource_id": "qf2a0j",
                            "rest_api_id": "jt6xcxywmd",
                            "timeout_milliseconds": "29000",
                            "type": "AWS_PROXY",
                            "uri": "arn:aws:apigateway:us-west-2:lambda:path/2015-03-31/functions/arn:aws:lambda:us-west-2:722431446741:function:dev_ApiSaveUser/invocations"
                        },
                        "meta": {},
                        "tainted": false
                    },
                    "deposed": [],
                    "provider": "provider.aws"
                },
                "aws_api_gateway_integration.options_integration": {
                    "type": "aws_api_gateway_integration",
                    "depends_on": [
                        "aws_api_gateway_method.options_method",
                        "aws_api_gateway_resource.cors_resource"
                    ],
                    "primary": {
                        "id": "agi-jt6xcxywmd-qf2a0j-OPTIONS",
                        "attributes": {
                            "cache_key_parameters.#": "0",
                            "cache_namespace": "qf2a0j",
                            "connection_id": "",
                            "connection_type": "INTERNET",
                            "content_handling": "",
                            "credentials": "",
                            "http_method": "OPTIONS",
                            "id": "agi-jt6xcxywmd-qf2a0j-OPTIONS",
                            "integration_http_method": "",
                            "passthrough_behavior": "WHEN_NO_MATCH",
                            "request_parameters.%": "0",
                            "request_templates.%": "1",
                            "request_templates.application/json": "{'statusCode': 200}",
                            "resource_id": "qf2a0j",
                            "rest_api_id": "jt6xcxywmd",
                            "timeout_milliseconds": "29000",
                            "type": "MOCK",
                            "uri": ""
                        },
                        "meta": {},
                        "tainted": false
                    },
                    "deposed": [],
                    "provider": "provider.aws"
                },
                "aws_api_gateway_integration_response.options_integration_response": {
                    "type": "aws_api_gateway_integration_response",
                    "depends_on": [
                        "aws_api_gateway_method.options_method",
                        "aws_api_gateway_method_response.options_200",
                        "aws_api_gateway_resource.cors_resource"
                    ],
                    "primary": {
                        "id": "agir-jt6xcxywmd-qf2a0j-OPTIONS-200",
                        "attributes": {
                            "content_handling": "",
                            "http_method": "OPTIONS",
                            "id": "agir-jt6xcxywmd-qf2a0j-OPTIONS-200",
                            "resource_id": "qf2a0j",
                            "response_parameters.%": "3",
                            "response_parameters.method.response.header.Access-Control-Allow-Headers": "'Content-Type,X-Amz-Date,Authorization,X-Api-Key,X-Amz-Security-Token'",
                            "response_parameters.method.response.header.Access-Control-Allow-Methods": "'OPTIONS,POST'",
                            "response_parameters.method.response.header.Access-Control-Allow-Origin": "'*'",
                            "response_templates.%": "1",
                            "response_templates.application/json": "",
                            "rest_api_id": "jt6xcxywmd",
                            "selection_pattern": "",
                            "status_code": "200"
                        },
                        "meta": {},
                        "tainted": false
                    },
                    "deposed": [],
                    "provider": "provider.aws"
                },
                "aws_api_gateway_method.cors_method": {
                    "type": "aws_api_gateway_method",
                    "depends_on": [
                        "aws_api_gateway_resource.cors_resource"
                    ],
                    "primary": {
                        "id": "agm-jt6xcxywmd-qf2a0j-POST",
                        "attributes": {
                            "api_key_required": "true",
                            "authorization": "NONE",
                            "authorization_scopes.#": "0",
                            "authorizer_id": "",
                            "http_method": "POST",
                            "id": "agm-jt6xcxywmd-qf2a0j-POST",
                            "request_models.%": "0",
                            "request_parameters.%": "0",
                            "request_validator_id": "",
                            "resource_id": "qf2a0j",
                            "rest_api_id": "jt6xcxywmd"
                        },
                        "meta": {},
                        "tainted": false
                    },
                    "deposed": [],
                    "provider": "provider.aws"
                },
                "aws_api_gateway_method.options_method": {
                    "type": "aws_api_gateway_method",
                    "depends_on": [
                        "aws_api_gateway_resource.cors_resource"
                    ],
                    "primary": {
                        "id": "agm-jt6xcxywmd-qf2a0j-OPTIONS",
                        "attributes": {
                            "api_key_required": "false",
                            "authorization": "NONE",
                            "authorization_scopes.#": "0",
                            "authorizer_id": "",
                            "http_method": "OPTIONS",
                            "id": "agm-jt6xcxywmd-qf2a0j-OPTIONS",
                            "request_models.%": "0",
                            "request_parameters.%": "0",
                            "request_validator_id": "",
                            "resource_id": "qf2a0j",
                            "rest_api_id": "jt6xcxywmd"
                        },
                        "meta": {},
                        "tainted": false
                    },
                    "deposed": [],
                    "provider": "provider.aws"
                },
                "aws_api_gateway_method_response.cors_method_response_200": {
                    "type": "aws_api_gateway_method_response",
                    "depends_on": [
                        "aws_api_gateway_method.cors_method",
                        "aws_api_gateway_resource.cors_resource"
                    ],
                    "primary": {
                        "id": "agmr-jt6xcxywmd-qf2a0j-POST-200",
                        "attributes": {
                            "http_method": "POST",
                            "id": "agmr-jt6xcxywmd-qf2a0j-POST-200",
                            "resource_id": "qf2a0j",
                            "response_models.%": "0",
                            "response_parameters.%": "1",
                            "response_parameters.method.response.header.Access-Control-Allow-Origin": "true",
                            "rest_api_id": "jt6xcxywmd",
                            "status_code": "200"
                        },
                        "meta": {},
                        "tainted": false
                    },
                    "deposed": [],
                    "provider": "provider.aws"
                },
                "aws_api_gateway_method_response.options_200": {
                    "type": "aws_api_gateway_method_response",
                    "depends_on": [
                        "aws_api_gateway_method.options_method",
                        "aws_api_gateway_resource.cors_resource"
                    ],
                    "primary": {
                        "id": "agmr-jt6xcxywmd-qf2a0j-OPTIONS-200",
                        "attributes": {
                            "http_method": "OPTIONS",
                            "id": "agmr-jt6xcxywmd-qf2a0j-OPTIONS-200",
                            "resource_id": "qf2a0j",
                            "response_models.%": "1",
                            "response_models.application/json": "Empty",
                            "response_parameters.%": "3",
                            "response_parameters.method.response.header.Access-Control-Allow-Headers": "true",
                            "response_parameters.method.response.header.Access-Control-Allow-Methods": "true",
                            "response_parameters.method.response.header.Access-Control-Allow-Origin": "true",
                            "rest_api_id": "jt6xcxywmd",
                            "status_code": "200"
                        },
                        "meta": {},
                        "tainted": false
                    },
                    "deposed": [],
                    "provider": "provider.aws"
                },
                "aws_api_gateway_resource.cors_resource": {
                    "type": "aws_api_gateway_resource",
                    "depends_on": [],
                    "primary": {
                        "id": "qf2a0j",
                        "attributes": {
                            "id": "qf2a0j",
                            "parent_id": "boik860gc2",
                            "path": "/user",
                            "path_part": "user",
                            "rest_api_id": "jt6xcxywmd"
                        },
                        "meta": {},
                        "tainted": false
                    },
                    "deposed": [],
                    "provider": "provider.aws"
                },
                "aws_lambda_permission.apigw_lambda": {
                    "type": "aws_lambda_permission",
                    "depends_on": [
                        "aws_api_gateway_method.cors_method",
                        "aws_api_gateway_resource.cors_resource"
                    ],
                    "primary": {
                        "id": "API_Lambda_jt6xcxywmd_POST_qf2a0j",
                        "attributes": {
                            "action": "lambda:InvokeFunction",
                            "function_name": "arn:aws:lambda:us-west-2:722431446741:function:dev_ApiSaveUser",
                            "id": "API_Lambda_jt6xcxywmd_POST_qf2a0j",
                            "principal": "apigateway.amazonaws.com",
                            "qualifier": "",
                            "source_arn": "arn:aws:execute-api:us-west-2:722431446741:jt6xcxywmd/*/POST/user",
                            "statement_id": "API_Lambda_jt6xcxywmd_POST_qf2a0j"
                        },
                        "meta": {},
                        "tainted": false
                    },
                    "deposed": [],
                    "provider": "provider.aws"
                }
            },
            "depends_on": []
        },
        {
            "path": [
                "root",
                "api_test_auth"
            ],
            "outputs": {},
            "resources": {
                "aws_api_gateway_integration.integration": {
                    "type": "aws_api_gateway_integration",
                    "depends_on": [
                        "aws_api_gateway_method.cors_method",
                        "aws_api_gateway_resource.cors_resource"
                    ],
                    "primary": {
                        "id": "agi-jt6xcxywmd-20z7a3-GET",
                        "attributes": {
                            "cache_key_parameters.#": "0",
                            "cache_namespace": "20z7a3",
                            "connection_id": "",
                            "connection_type": "INTERNET",
                            "content_handling": "",
                            "credentials": "",
                            "http_method": "GET",
                            "id": "agi-jt6xcxywmd-20z7a3-GET",
                            "integration_http_method": "POST",
                            "passthrough_behavior": "WHEN_NO_MATCH",
                            "request_parameters.%": "0",
                            "request_templates.%": "0",
                            "resource_id": "20z7a3",
                            "rest_api_id": "jt6xcxywmd",
                            "timeout_milliseconds": "29000",
                            "type": "AWS_PROXY",
                            "uri": "arn:aws:apigateway:us-west-2:lambda:path/2015-03-31/functions/arn:aws:lambda:us-west-2:722431446741:function:dev_ApiTestingAuth/invocations"
                        },
                        "meta": {},
                        "tainted": false
                    },
                    "deposed": [],
                    "provider": "provider.aws"
                },
                "aws_api_gateway_integration.options_integration": {
                    "type": "aws_api_gateway_integration",
                    "depends_on": [
                        "aws_api_gateway_method.options_method",
                        "aws_api_gateway_resource.cors_resource"
                    ],
                    "primary": {
                        "id": "agi-jt6xcxywmd-20z7a3-OPTIONS",
                        "attributes": {
                            "cache_key_parameters.#": "0",
                            "cache_namespace": "20z7a3",
                            "connection_id": "",
                            "connection_type": "INTERNET",
                            "content_handling": "",
                            "credentials": "",
                            "http_method": "OPTIONS",
                            "id": "agi-jt6xcxywmd-20z7a3-OPTIONS",
                            "integration_http_method": "",
                            "passthrough_behavior": "WHEN_NO_MATCH",
                            "request_parameters.%": "0",
                            "request_templates.%": "1",
                            "request_templates.application/json": "{'statusCode': 200}",
                            "resource_id": "20z7a3",
                            "rest_api_id": "jt6xcxywmd",
                            "timeout_milliseconds": "29000",
                            "type": "MOCK",
                            "uri": ""
                        },
                        "meta": {},
                        "tainted": false
                    },
                    "deposed": [],
                    "provider": "provider.aws"
                },
                "aws_api_gateway_integration_response.options_integration_response": {
                    "type": "aws_api_gateway_integration_response",
                    "depends_on": [
                        "aws_api_gateway_method.options_method",
                        "aws_api_gateway_method_response.options_200",
                        "aws_api_gateway_resource.cors_resource"
                    ],
                    "primary": {
                        "id": "agir-jt6xcxywmd-20z7a3-OPTIONS-200",
                        "attributes": {
                            "content_handling": "",
                            "http_method": "OPTIONS",
                            "id": "agir-jt6xcxywmd-20z7a3-OPTIONS-200",
                            "resource_id": "20z7a3",
                            "response_parameters.%": "3",
                            "response_parameters.method.response.header.Access-Control-Allow-Headers": "'Content-Type,X-Amz-Date,Authorization,X-Api-Key,X-Amz-Security-Token'",
                            "response_parameters.method.response.header.Access-Control-Allow-Methods": "'OPTIONS,GET'",
                            "response_parameters.method.response.header.Access-Control-Allow-Origin": "'*'",
                            "response_templates.%": "1",
                            "response_templates.application/json": "",
                            "rest_api_id": "jt6xcxywmd",
                            "selection_pattern": "",
                            "status_code": "200"
                        },
                        "meta": {},
                        "tainted": false
                    },
                    "deposed": [],
                    "provider": "provider.aws"
                },
                "aws_api_gateway_method.cors_method": {
                    "type": "aws_api_gateway_method",
                    "depends_on": [
                        "aws_api_gateway_resource.cors_resource"
                    ],
                    "primary": {
                        "id": "agm-jt6xcxywmd-20z7a3-GET",
                        "attributes": {
                            "api_key_required": "false",
                            "authorization": "COGNITO_USER_POOLS",
                            "authorization_scopes.#": "0",
                            "authorizer_id": "vuca6b",
                            "http_method": "GET",
                            "id": "agm-jt6xcxywmd-20z7a3-GET",
                            "request_models.%": "0",
                            "request_parameters.%": "0",
                            "request_validator_id": "",
                            "resource_id": "20z7a3",
                            "rest_api_id": "jt6xcxywmd"
                        },
                        "meta": {},
                        "tainted": false
                    },
                    "deposed": [],
                    "provider": "provider.aws"
                },
                "aws_api_gateway_method.options_method": {
                    "type": "aws_api_gateway_method",
                    "depends_on": [
                        "aws_api_gateway_resource.cors_resource"
                    ],
                    "primary": {
                        "id": "agm-jt6xcxywmd-20z7a3-OPTIONS",
                        "attributes": {
                            "api_key_required": "false",
                            "authorization": "NONE",
                            "authorization_scopes.#": "0",
                            "authorizer_id": "",
                            "http_method": "OPTIONS",
                            "id": "agm-jt6xcxywmd-20z7a3-OPTIONS",
                            "request_models.%": "0",
                            "request_parameters.%": "0",
                            "request_validator_id": "",
                            "resource_id": "20z7a3",
                            "rest_api_id": "jt6xcxywmd"
                        },
                        "meta": {},
                        "tainted": false
                    },
                    "deposed": [],
                    "provider": "provider.aws"
                },
                "aws_api_gateway_method_response.cors_method_response_200": {
                    "type": "aws_api_gateway_method_response",
                    "depends_on": [
                        "aws_api_gateway_method.cors_method",
                        "aws_api_gateway_resource.cors_resource"
                    ],
                    "primary": {
                        "id": "agmr-jt6xcxywmd-20z7a3-GET-200",
                        "attributes": {
                            "http_method": "GET",
                            "id": "agmr-jt6xcxywmd-20z7a3-GET-200",
                            "resource_id": "20z7a3",
                            "response_models.%": "0",
                            "response_parameters.%": "1",
                            "response_parameters.method.response.header.Access-Control-Allow-Origin": "true",
                            "rest_api_id": "jt6xcxywmd",
                            "status_code": "200"
                        },
                        "meta": {},
                        "tainted": false
                    },
                    "deposed": [],
                    "provider": "provider.aws"
                },
                "aws_api_gateway_method_response.options_200": {
                    "type": "aws_api_gateway_method_response",
                    "depends_on": [
                        "aws_api_gateway_method.options_method",
                        "aws_api_gateway_resource.cors_resource"
                    ],
                    "primary": {
                        "id": "agmr-jt6xcxywmd-20z7a3-OPTIONS-200",
                        "attributes": {
                            "http_method": "OPTIONS",
                            "id": "agmr-jt6xcxywmd-20z7a3-OPTIONS-200",
                            "resource_id": "20z7a3",
                            "response_models.%": "1",
                            "response_models.application/json": "Empty",
                            "response_parameters.%": "3",
                            "response_parameters.method.response.header.Access-Control-Allow-Headers": "true",
                            "response_parameters.method.response.header.Access-Control-Allow-Methods": "true",
                            "response_parameters.method.response.header.Access-Control-Allow-Origin": "true",
                            "rest_api_id": "jt6xcxywmd",
                            "status_code": "200"
                        },
                        "meta": {},
                        "tainted": false
                    },
                    "deposed": [],
                    "provider": "provider.aws"
                },
                "aws_api_gateway_resource.cors_resource": {
                    "type": "aws_api_gateway_resource",
                    "depends_on": [],
                    "primary": {
                        "id": "20z7a3",
                        "attributes": {
                            "id": "20z7a3",
                            "parent_id": "boik860gc2",
                            "path": "/testAuth",
                            "path_part": "testAuth",
                            "rest_api_id": "jt6xcxywmd"
                        },
                        "meta": {},
                        "tainted": false
                    },
                    "deposed": [],
                    "provider": "provider.aws"
                },
                "aws_lambda_permission.apigw_lambda": {
                    "type": "aws_lambda_permission",
                    "depends_on": [
                        "aws_api_gateway_method.cors_method",
                        "aws_api_gateway_resource.cors_resource"
                    ],
                    "primary": {
                        "id": "API_Lambda_jt6xcxywmd_GET_20z7a3",
                        "attributes": {
                            "action": "lambda:InvokeFunction",
                            "function_name": "arn:aws:lambda:us-west-2:722431446741:function:dev_ApiTestingAuth",
                            "id": "API_Lambda_jt6xcxywmd_GET_20z7a3",
                            "principal": "apigateway.amazonaws.com",
                            "qualifier": "",
                            "source_arn": "arn:aws:execute-api:us-west-2:722431446741:jt6xcxywmd/*/GET/testAuth",
                            "statement_id": "API_Lambda_jt6xcxywmd_GET_20z7a3"
                        },
                        "meta": {},
                        "tainted": false
                    },
                    "deposed": [],
                    "provider": "provider.aws"
                }
            },
            "depends_on": []
        }
    ]
}
