{
    "version": 3,
    "terraform_version": "0.11.7",
    "serial": 17,
    "lineage": "b2506178-d2ef-9aa7-57ea-0be99977bbb2",
    "modules": [
        {
            "path": [
                "root"
            ],
            "outputs": {},
            "resources": {
                "aws_db_instance.smartexperience_mysql_db": {
                    "type": "aws_db_instance",
                    "depends_on": [
                        "aws_security_group.smartexperience_db_security_group"
                    ],
                    "primary": {
                        "id": "smartexperience",
                        "attributes": {
                            "address": "smartexperience.ccpbmhkikhpm.us-east-1.rds.amazonaws.com",
                            "allocated_storage": "10",
                            "arn": "arn:aws:rds:us-east-1:722431446741:db:smartexperience",
                            "auto_minor_version_upgrade": "true",
                            "availability_zone": "us-east-1e",
                            "backup_retention_period": "0",
                            "backup_window": "03:54-04:24",
                            "ca_cert_identifier": "rds-ca-2015",
                            "copy_tags_to_snapshot": "false",
                            "db_subnet_group_name": "default",
                            "enabled_cloudwatch_logs_exports.#": "0",
                            "endpoint": "smartexperience.ccpbmhkikhpm.us-east-1.rds.amazonaws.com:3306",
                            "engine": "mysql",
                            "engine_version": "5.7.21",
                            "hosted_zone_id": "Z2R2ITUGPM61AM",
                            "iam_database_authentication_enabled": "false",
                            "id": "smartexperience",
                            "identifier": "smartexperience",
                            "instance_class": "db.t2.micro",
                            "iops": "0",
                            "kms_key_id": "",
                            "license_model": "general-public-license",
                            "maintenance_window": "fri:09:26-fri:09:56",
                            "monitoring_interval": "0",
                            "multi_az": "false",
                            "name": "smart_experience",
                            "option_group_name": "default:mysql-5-7",
                            "parameter_group_name": "default.mysql5.7",
                            "password": "akdg9le\u0026e82ldKa",
                            "port": "3306",
                            "publicly_accessible": "false",
                            "replicas.#": "0",
                            "replicate_source_db": "",
                            "resource_id": "db-UQWSDP5LPQVGBBQUGTODHEE7DQ",
                            "security_group_names.#": "0",
                            "skip_final_snapshot": "false",
                            "status": "available",
                            "storage_encrypted": "false",
                            "storage_type": "standard",
                            "tags.%": "0",
                            "timezone": "",
                            "username": "smrt",
                            "vpc_security_group_ids.#": "1",
                            "vpc_security_group_ids.972672046": "sg-0d12d3ef9c3b610d4"
                        },
                        "meta": {
                            "e2bfb730-ecaa-11e6-8f88-34363bc7c4c0": {
                                "create": 2400000000000,
                                "delete": 2400000000000,
                                "update": 4800000000000
                            }
                        },
                        "tainted": false
                    },
                    "deposed": [],
                    "provider": "provider.aws"
                },
                "aws_s3_bucket.smart_experience_artifact_repo": {
                    "type": "aws_s3_bucket",
                    "depends_on": [],
                    "primary": {
                        "id": "smart-experience-artifact-repo",
                        "attributes": {
                            "acceleration_status": "",
                            "acl": "private",
                            "arn": "arn:aws:s3:::smart-experience-artifact-repo",
                            "bucket": "smart-experience-artifact-repo",
                            "bucket_domain_name": "smart-experience-artifact-repo.s3.amazonaws.com",
                            "bucket_regional_domain_name": "smart-experience-artifact-repo.s3.amazonaws.com",
                            "force_destroy": "false",
                            "hosted_zone_id": "Z3AQBSTGFYJSTF",
                            "id": "smart-experience-artifact-repo",
                            "logging.#": "0",
                            "region": "us-east-1",
                            "replication_configuration.#": "0",
                            "request_payer": "BucketOwner",
                            "server_side_encryption_configuration.#": "0",
                            "tags.%": "0",
                            "versioning.#": "1",
                            "versioning.0.enabled": "false",
                            "versioning.0.mfa_delete": "false",
                            "website.#": "0"
                        },
                        "meta": {},
                        "tainted": false
                    },
                    "deposed": [],
                    "provider": "provider.aws"
                },
                "aws_security_group.LambdaSecurityGroup": {
                    "type": "aws_security_group",
                    "depends_on": [],
                    "primary": {
                        "id": "sg-08ee3bfb1aed4c4cd",
                        "attributes": {
                            "arn": "arn:aws:ec2:us-east-1:722431446741:security-group/sg-08ee3bfb1aed4c4cd",
                            "description": "Security Group used by lambdas to access the RDS instance",
                            "egress.#": "0",
                            "id": "sg-08ee3bfb1aed4c4cd",
                            "ingress.#": "0",
                            "name": "LambdaSecurityGroup",
                            "owner_id": "722431446741",
                            "revoke_rules_on_delete": "false",
                            "tags.%": "1",
                            "tags.Name": "LambdaSecurityGroup",
                            "vpc_id": "vpc-f3617188"
                        },
                        "meta": {
                            "e2bfb730-ecaa-11e6-8f88-34363bc7c4c0": {
                                "create": 600000000000,
                                "delete": 600000000000
                            },
                            "schema_version": "1"
                        },
                        "tainted": false
                    },
                    "deposed": [],
                    "provider": "provider.aws"
                },
                "aws_security_group.smartexperience_db_security_group": {
                    "type": "aws_security_group",
                    "depends_on": [
                        "aws_security_group.LambdaSecurityGroup"
                    ],
                    "primary": {
                        "id": "sg-0d12d3ef9c3b610d4",
                        "attributes": {
                            "arn": "arn:aws:ec2:us-east-1:722431446741:security-group/sg-0d12d3ef9c3b610d4",
                            "description": "Rules for Smart Experience DB",
                            "egress.#": "0",
                            "id": "sg-0d12d3ef9c3b610d4",
                            "ingress.#": "2",
                            "ingress.1163740523.cidr_blocks.#": "1",
                            "ingress.1163740523.cidr_blocks.0": "0.0.0.0/0",
                            "ingress.1163740523.description": "",
                            "ingress.1163740523.from_port": "3306",
                            "ingress.1163740523.ipv6_cidr_blocks.#": "0",
                            "ingress.1163740523.protocol": "TCP",
                            "ingress.1163740523.security_groups.#": "0",
                            "ingress.1163740523.self": "false",
                            "ingress.1163740523.to_port": "3306",
                            "ingress.2342166563.cidr_blocks.#": "0",
                            "ingress.2342166563.description": "",
                            "ingress.2342166563.from_port": "3306",
                            "ingress.2342166563.ipv6_cidr_blocks.#": "0",
                            "ingress.2342166563.protocol": "TCP",
                            "ingress.2342166563.security_groups.#": "1",
                            "ingress.2342166563.security_groups.80328684": "sg-08ee3bfb1aed4c4cd",
                            "ingress.2342166563.self": "false",
                            "ingress.2342166563.to_port": "3306",
                            "name": "Smart Experience Security Group",
                            "owner_id": "722431446741",
                            "revoke_rules_on_delete": "false",
                            "tags.%": "1",
                            "tags.Name": "Smart Experience Security Group",
                            "vpc_id": "vpc-f3617188"
                        },
                        "meta": {
                            "e2bfb730-ecaa-11e6-8f88-34363bc7c4c0": {
                                "create": 600000000000,
                                "delete": 600000000000
                            },
                            "schema_version": "1"
                        },
                        "tainted": false
                    },
                    "deposed": [],
                    "provider": "provider.aws"
                },
                "aws_subnet.LambdaSubnet1": {
                    "type": "aws_subnet",
                    "depends_on": [],
                    "primary": {
                        "id": "subnet-0e1bb26be87423f13",
                        "attributes": {
                            "assign_ipv6_address_on_creation": "false",
                            "availability_zone": "us-east-1a",
                            "cidr_block": "172.31.96.0/20",
                            "id": "subnet-0e1bb26be87423f13",
                            "map_public_ip_on_launch": "false",
                            "tags.%": "1",
                            "tags.Name": "LambdaSubnet1",
                            "vpc_id": "vpc-f3617188"
                        },
                        "meta": {
                            "schema_version": "1"
                        },
                        "tainted": false
                    },
                    "deposed": [],
                    "provider": "provider.aws"
                },
                "aws_subnet.LambdaSubnet2": {
                    "type": "aws_subnet",
                    "depends_on": [],
                    "primary": {
                        "id": "subnet-0797ab03e80a7f4f6",
                        "attributes": {
                            "assign_ipv6_address_on_creation": "false",
                            "availability_zone": "us-east-1b",
                            "cidr_block": "172.31.112.0/20",
                            "id": "subnet-0797ab03e80a7f4f6",
                            "map_public_ip_on_launch": "false",
                            "tags.%": "1",
                            "tags.Name": "LambdaSubnet2",
                            "vpc_id": "vpc-f3617188"
                        },
                        "meta": {
                            "schema_version": "1"
                        },
                        "tainted": false
                    },
                    "deposed": [],
                    "provider": "provider.aws"
                }
            },
            "depends_on": []
        },
        {
            "path": [
                "root",
                "JobPopulateCarSchedule"
            ],
            "outputs": {
                "arn": {
                    "sensitive": false,
                    "type": "string",
                    "value": "arn:aws:lambda:us-east-1:722431446741:function:JobPopulateCarSchedule"
                }
            },
            "resources": {
                "aws_lambda_function.function": {
                    "type": "aws_lambda_function",
                    "depends_on": [],
                    "primary": {
                        "id": "JobPopulateCarSchedule",
                        "attributes": {
                            "arn": "arn:aws:lambda:us-east-1:722431446741:function:JobPopulateCarSchedule",
                            "dead_letter_config.#": "0",
                            "description": "Runs nightly to populate Car Schedules 180 days out",
                            "environment.#": "1",
                            "environment.0.variables.%": "3",
                            "environment.0.variables.host": "arn:aws:rds:us-east-1:722431446741:db:smartexperience",
                            "environment.0.variables.password": "akdg9le\u0026e82ldKa",
                            "environment.0.variables.user": "smrt",
                            "function_name": "JobPopulateCarSchedule",
                            "handler": "src/JobPopulateCarSchedule.handler",
                            "id": "JobPopulateCarSchedule",
                            "invoke_arn": "arn:aws:apigateway:us-east-1:lambda:path/2015-03-31/functions/arn:aws:lambda:us-east-1:722431446741:function:JobPopulateCarSchedule/invocations",
                            "kms_key_arn": "",
                            "last_modified": "2018-06-11T14:26:07.060+0000",
                            "memory_size": "128",
                            "publish": "false",
                            "qualified_arn": "arn:aws:lambda:us-east-1:722431446741:function:JobPopulateCarSchedule:$LATEST",
                            "reserved_concurrent_executions": "0",
                            "role": "arn:aws:iam::722431446741:role/JobPopulateCarScheduleRole",
                            "runtime": "nodejs8.10",
                            "s3_bucket": "smart-experience-artifact-repo",
                            "s3_key": "lambdas.zip",
                            "source_code_hash": "os/edwsUBdcxfXjATICK2OjTh5ZRH5NHEHOttkqGz18=",
                            "source_code_size": "2280873",
                            "tags.%": "0",
                            "timeout": "300",
                            "tracing_config.#": "1",
                            "tracing_config.0.mode": "PassThrough",
                            "version": "$LATEST",
                            "vpc_config.#": "1",
                            "vpc_config.0.security_group_ids.#": "1",
                            "vpc_config.0.security_group_ids.80328684": "sg-08ee3bfb1aed4c4cd",
                            "vpc_config.0.subnet_ids.#": "2",
                            "vpc_config.0.subnet_ids.2034253989": "subnet-0e1bb26be87423f13",
                            "vpc_config.0.subnet_ids.573949898": "subnet-0797ab03e80a7f4f6",
                            "vpc_config.0.vpc_id": "vpc-f3617188"
                        },
                        "meta": {},
                        "tainted": false
                    },
                    "deposed": [],
                    "provider": "provider.aws"
                }
            },
            "depends_on": []
        },
        {
            "path": [
                "root",
                "JobPopulateCarScheduleRole"
            ],
            "outputs": {
                "arn": {
                    "sensitive": false,
                    "type": "string",
                    "value": "arn:aws:iam::722431446741:role/JobPopulateCarScheduleRole"
                },
                "name": {
                    "sensitive": false,
                    "type": "string",
                    "value": "JobPopulateCarScheduleRole"
                }
            },
            "resources": {
                "aws_iam_policy.lambda_logging_policy": {
                    "type": "aws_iam_policy",
                    "depends_on": [
                        "data.aws_iam_policy_document.logging_policy_statement"
                    ],
                    "primary": {
                        "id": "arn:aws:iam::722431446741:policy/logging_policy_for_JobPopulateCarScheduleRole",
                        "attributes": {
                            "arn": "arn:aws:iam::722431446741:policy/logging_policy_for_JobPopulateCarScheduleRole",
                            "description": "Allows AWS Lambda to create and write logs",
                            "id": "arn:aws:iam::722431446741:policy/logging_policy_for_JobPopulateCarScheduleRole",
                            "name": "logging_policy_for_JobPopulateCarScheduleRole",
                            "path": "/",
                            "policy": "{\n  \"Version\": \"2012-10-17\",\n  \"Statement\": [\n    {\n      \"Sid\": \"\",\n      \"Effect\": \"Allow\",\n      \"Action\": [\n        \"logs:PutLogEvents\",\n        \"logs:CreateLogStream\",\n        \"logs:CreateLogGroup\"\n      ],\n      \"Resource\": \"arn:aws:logs:*:*:*\"\n    }\n  ]\n}"
                        },
                        "meta": {},
                        "tainted": false
                    },
                    "deposed": [],
                    "provider": "provider.aws"
                },
                "aws_iam_role.role": {
                    "type": "aws_iam_role",
                    "depends_on": [
                        "data.aws_iam_policy_document.lambda_policy"
                    ],
                    "primary": {
                        "id": "JobPopulateCarScheduleRole",
                        "attributes": {
                            "arn": "arn:aws:iam::722431446741:role/JobPopulateCarScheduleRole",
                            "assume_role_policy": "{\"Version\":\"2012-10-17\",\"Statement\":[{\"Sid\":\"\",\"Effect\":\"Allow\",\"Principal\":{\"Service\":[\"apigateway.amazonaws.com\",\"lambda.amazonaws.com\"]},\"Action\":\"sts:AssumeRole\"}]}",
                            "create_date": "2018-06-08T20:15:06Z",
                            "force_detach_policies": "false",
                            "id": "JobPopulateCarScheduleRole",
                            "max_session_duration": "3600",
                            "name": "JobPopulateCarScheduleRole",
                            "path": "/",
                            "unique_id": "AROAJ34CTOB2SJ6TL4XSK"
                        },
                        "meta": {},
                        "tainted": false
                    },
                    "deposed": [],
                    "provider": "provider.aws"
                },
                "aws_iam_role_policy_attachment.Attach_Logging_Role": {
                    "type": "aws_iam_role_policy_attachment",
                    "depends_on": [
                        "aws_iam_policy.lambda_logging_policy",
                        "aws_iam_role.role"
                    ],
                    "primary": {
                        "id": "JobPopulateCarScheduleRole-20180608201507047900000001",
                        "attributes": {
                            "id": "JobPopulateCarScheduleRole-20180608201507047900000001",
                            "policy_arn": "arn:aws:iam::722431446741:policy/logging_policy_for_JobPopulateCarScheduleRole",
                            "role": "JobPopulateCarScheduleRole"
                        },
                        "meta": {},
                        "tainted": false
                    },
                    "deposed": [],
                    "provider": "provider.aws"
                },
                "aws_iam_role_policy_attachment.Attach_VPC_Policy": {
                    "type": "aws_iam_role_policy_attachment",
                    "depends_on": [
                        "aws_iam_role.role"
                    ],
                    "primary": {
                        "id": "JobPopulateCarScheduleRole-20180611142556917600000001",
                        "attributes": {
                            "id": "JobPopulateCarScheduleRole-20180611142556917600000001",
                            "policy_arn": "arn:aws:iam::aws:policy/service-role/AWSLambdaVPCAccessExecutionRole",
                            "role": "JobPopulateCarScheduleRole"
                        },
                        "meta": {},
                        "tainted": false
                    },
                    "deposed": [],
                    "provider": "provider.aws"
                },
                "data.aws_iam_policy_document.lambda_policy": {
                    "type": "aws_iam_policy_document",
                    "depends_on": [],
                    "primary": {
                        "id": "3127519745",
                        "attributes": {
                            "id": "3127519745",
                            "json": "{\n  \"Version\": \"2012-10-17\",\n  \"Statement\": [\n    {\n      \"Sid\": \"\",\n      \"Effect\": \"Allow\",\n      \"Action\": \"sts:AssumeRole\",\n      \"Principal\": {\n        \"Service\": [\n          \"lambda.amazonaws.com\",\n          \"apigateway.amazonaws.com\"\n        ]\n      }\n    }\n  ]\n}",
                            "statement.#": "1",
                            "statement.0.actions.#": "1",
                            "statement.0.actions.2528466339": "sts:AssumeRole",
                            "statement.0.condition.#": "0",
                            "statement.0.effect": "Allow",
                            "statement.0.not_actions.#": "0",
                            "statement.0.not_principals.#": "0",
                            "statement.0.not_resources.#": "0",
                            "statement.0.principals.#": "1",
                            "statement.0.principals.1632598396.identifiers.#": "2",
                            "statement.0.principals.1632598396.identifiers.1175233861": "apigateway.amazonaws.com",
                            "statement.0.principals.1632598396.identifiers.2638019528": "lambda.amazonaws.com",
                            "statement.0.principals.1632598396.type": "Service",
                            "statement.0.resources.#": "0",
                            "statement.0.sid": ""
                        },
                        "meta": {},
                        "tainted": false
                    },
                    "deposed": [],
                    "provider": "provider.aws"
                },
                "data.aws_iam_policy_document.logging_policy_statement": {
                    "type": "aws_iam_policy_document",
                    "depends_on": [],
                    "primary": {
                        "id": "4063422367",
                        "attributes": {
                            "id": "4063422367",
                            "json": "{\n  \"Version\": \"2012-10-17\",\n  \"Statement\": [\n    {\n      \"Sid\": \"\",\n      \"Effect\": \"Allow\",\n      \"Action\": [\n        \"logs:PutLogEvents\",\n        \"logs:CreateLogStream\",\n        \"logs:CreateLogGroup\"\n      ],\n      \"Resource\": \"arn:aws:logs:*:*:*\"\n    }\n  ]\n}",
                            "statement.#": "1",
                            "statement.0.actions.#": "3",
                            "statement.0.actions.2809485102": "logs:CreateLogGroup",
                            "statement.0.actions.3285979848": "logs:CreateLogStream",
                            "statement.0.actions.39743051": "logs:PutLogEvents",
                            "statement.0.condition.#": "0",
                            "statement.0.effect": "Allow",
                            "statement.0.not_actions.#": "0",
                            "statement.0.not_principals.#": "0",
                            "statement.0.not_resources.#": "0",
                            "statement.0.principals.#": "0",
                            "statement.0.resources.#": "1",
                            "statement.0.resources.162423377": "arn:aws:logs:*:*:*",
                            "statement.0.sid": ""
                        },
                        "meta": {},
                        "tainted": false
                    },
                    "deposed": [],
                    "provider": "provider.aws"
                }
            },
            "depends_on": []
        }
    ]
}
