{
    "version": 3,
    "terraform_version": "0.11.8",
    "serial": 14,
    "lineage": "5518de2d-fcd0-0cf1-a2b7-8b9d3e0fc46e",
    "modules": [
        {
            "path": [
                "root"
            ],
            "outputs": {},
            "resources": {
                "aws_acm_certificate.cert1": {
                    "type": "aws_acm_certificate",
                    "depends_on": [],
                    "primary": {
                        "id": "arn:aws:acm:us-west-2:722431446741:certificate/7bfdd8bb-7650-4c85-9b61-9fcbe1766aee",
                        "attributes": {
                            "arn": "arn:aws:acm:us-west-2:722431446741:certificate/7bfdd8bb-7650-4c85-9b61-9fcbe1766aee",
                            "domain_name": "dev.drivesmartcbus.com",
                            "domain_validation_options.#": "2",
                            "domain_validation_options.0.domain_name": "dev.drivesmartcbus.com",
                            "domain_validation_options.0.resource_record_name": "_9d88e321922325c46b0b6644673ced2b.dev.drivesmartcbus.com.",
                            "domain_validation_options.0.resource_record_type": "CNAME",
                            "domain_validation_options.0.resource_record_value": "_80ad21aac69afcfbcc8241abf82a5f81.tljzshvwok.acm-validations.aws.",
                            "domain_validation_options.1.domain_name": "api.dev.drivesmartcbus.com",
                            "domain_validation_options.1.resource_record_name": "_3009b2147a52ad2faa51b81bb6e66de6.api.dev.drivesmartcbus.com.",
                            "domain_validation_options.1.resource_record_type": "CNAME",
                            "domain_validation_options.1.resource_record_value": "_9c65913d017c7b987ec4403b5cc2143b.tljzshvwok.acm-validations.aws.",
                            "id": "arn:aws:acm:us-west-2:722431446741:certificate/7bfdd8bb-7650-4c85-9b61-9fcbe1766aee",
                            "subject_alternative_names.#": "1",
                            "subject_alternative_names.0": "api.dev.drivesmartcbus.com",
                            "tags.%": "0",
                            "validation_emails.#": "0",
                            "validation_method": "DNS"
                        },
                        "meta": {},
                        "tainted": false
                    },
                    "deposed": [],
                    "provider": "provider.aws"
                },
                "aws_api_gateway_authorizer.SmartExperience": {
                    "type": "aws_api_gateway_authorizer",
                    "depends_on": [
                        "aws_api_gateway_rest_api.SmartExperienceApi",
                        "aws_cognito_user_pool.smart_experience"
                    ],
                    "primary": {
                        "id": "vuca6b",
                        "attributes": {
                            "authorizer_credentials": "",
                            "authorizer_result_ttl_in_seconds": "0",
                            "authorizer_uri": "",
                            "id": "vuca6b",
                            "identity_source": "method.request.header.Authorization",
                            "identity_validation_expression": "",
                            "name": "SmartExperienceAuthorizer",
                            "provider_arns.#": "1",
                            "provider_arns.1502950172": "arn:aws:cognito-idp:us-west-2:722431446741:userpool/us-west-2_qXeopbVVA",
                            "rest_api_id": "jt6xcxywmd",
                            "type": "COGNITO_USER_POOLS"
                        },
                        "meta": {},
                        "tainted": false
                    },
                    "deposed": [],
                    "provider": "provider.aws"
                },
                "aws_api_gateway_resource.admin_resource": {
                    "type": "aws_api_gateway_resource",
                    "depends_on": [
                        "aws_api_gateway_rest_api.SmartExperienceApi"
                    ],
                    "primary": {
                        "id": "cd1p8n",
                        "attributes": {
                            "id": "cd1p8n",
                            "parent_id": "boik860gc2",
                            "path": "/admin",
                            "path_part": "admin",
                            "rest_api_id": "jt6xcxywmd"
                        },
                        "meta": {},
                        "tainted": false
                    },
                    "deposed": [],
                    "provider": "provider.aws"
                },
                "aws_api_gateway_rest_api.SmartExperienceApi": {
                    "type": "aws_api_gateway_rest_api",
                    "depends_on": [],
                    "primary": {
                        "id": "jt6xcxywmd",
                        "attributes": {
                            "api_key_source": "HEADER",
                            "binary_media_types.#": "0",
                            "created_date": "2018-09-24T15:32:05Z",
                            "description": "Smart Experience API for test drive registration and survey",
                            "endpoint_configuration.#": "1",
                            "endpoint_configuration.0.types.#": "1",
                            "endpoint_configuration.0.types.0": "EDGE",
                            "execution_arn": "arn:aws:execute-api:us-west-2:722431446741:jt6xcxywmd",
                            "id": "jt6xcxywmd",
                            "minimum_compression_size": "-1",
                            "name": "SmartExperience",
                            "policy": "",
                            "root_resource_id": "boik860gc2"
                        },
                        "meta": {},
                        "tainted": false
                    },
                    "deposed": [],
                    "provider": "provider.aws"
                },
                "aws_cloudfront_origin_access_identity.origin_access_identity": {
                    "type": "aws_cloudfront_origin_access_identity",
                    "depends_on": [],
                    "primary": {
                        "id": "E2A9WRBO0RLNEV",
                        "attributes": {
                            "caller_reference": "2018-09-24T11:32:08.511333-04:00",
                            "cloudfront_access_identity_path": "origin-access-identity/cloudfront/E2A9WRBO0RLNEV",
                            "comment": "Cloudfront Web Access Identity",
                            "etag": "E37IQM3Z9CDXT8",
                            "iam_arn": "arn:aws:iam::cloudfront:user/CloudFront Origin Access Identity E2A9WRBO0RLNEV",
                            "id": "E2A9WRBO0RLNEV",
                            "s3_canonical_user_id": "a8c4a798111299cdb90c51d4e07717e0795094ec1a15c7325a02c8d3f3e315f49e55a79a7eebc109894dcd96f13bb38b"
                        },
                        "meta": {},
                        "tainted": false
                    },
                    "deposed": [],
                    "provider": "provider.aws"
                },
                "aws_cognito_user_pool.smart_experience": {
                    "type": "aws_cognito_user_pool",
                    "depends_on": [],
                    "primary": {
                        "id": "us-west-2_qXeopbVVA",
                        "attributes": {
                            "admin_create_user_config.#": "1",
                            "admin_create_user_config.0.allow_admin_create_user_only": "true",
                            "admin_create_user_config.0.invite_message_template.#": "0",
                            "admin_create_user_config.0.unused_account_validity_days": "7",
                            "arn": "arn:aws:cognito-idp:us-west-2:722431446741:userpool/us-west-2_qXeopbVVA",
                            "auto_verified_attributes.#": "0",
                            "creation_date": "2018-09-24T15:32:06Z",
                            "device_configuration.#": "0",
                            "email_configuration.#": "0",
                            "endpoint": "cognito-idp.us-west-2.amazonaws.com/us-west-2_qXeopbVVA",
                            "id": "us-west-2_qXeopbVVA",
                            "lambda_config.#": "0",
                            "last_modified_date": "2018-09-24T15:32:06Z",
                            "mfa_configuration": "OFF",
                            "name": "dev_smartexperience",
                            "password_policy.#": "1",
                            "password_policy.0.minimum_length": "8",
                            "password_policy.0.require_lowercase": "true",
                            "password_policy.0.require_numbers": "true",
                            "password_policy.0.require_symbols": "true",
                            "password_policy.0.require_uppercase": "true",
                            "schema.#": "0",
                            "sms_configuration.#": "0",
                            "tags.%": "0",
                            "verification_message_template.#": "1",
                            "verification_message_template.0.default_email_option": "CONFIRM_WITH_CODE",
                            "verification_message_template.0.email_message": "",
                            "verification_message_template.0.email_message_by_link": "",
                            "verification_message_template.0.email_subject": "",
                            "verification_message_template.0.email_subject_by_link": "",
                            "verification_message_template.0.sms_message": ""
                        },
                        "meta": {},
                        "tainted": false
                    },
                    "deposed": [],
                    "provider": "provider.aws"
                },
                "aws_cognito_user_pool_client.smart_experience": {
                    "type": "aws_cognito_user_pool_client",
                    "depends_on": [
                        "aws_cognito_user_pool.smart_experience"
                    ],
                    "primary": {
                        "id": "1v9ssm6d52n755al51pf4ru8mk",
                        "attributes": {
                            "allowed_oauth_flows.#": "1",
                            "allowed_oauth_flows.2645166319": "code",
                            "allowed_oauth_flows_user_pool_client": "false",
                            "allowed_oauth_scopes.#": "3",
                            "allowed_oauth_scopes.2517049750": "openid",
                            "allowed_oauth_scopes.4080487570": "profile",
                            "allowed_oauth_scopes.881205744": "email",
                            "callback_urls.#": "2",
                            "callback_urls.0": "https://dev-drivesmartcbus.com/admin/login",
                            "callback_urls.1": "https://dev-drivesmartcbus.com/admin/logout",
                            "client_secret": "",
                            "default_redirect_uri": "",
                            "explicit_auth_flows.#": "0",
                            "id": "1v9ssm6d52n755al51pf4ru8mk",
                            "logout_urls.#": "1",
                            "logout_urls.0": "https://dev-drivesmartcbus.com/admin/logout",
                            "name": "webapp",
                            "read_attributes.#": "0",
                            "refresh_token_validity": "30",
                            "supported_identity_providers.#": "1",
                            "supported_identity_providers.0": "COGNITO",
                            "user_pool_id": "us-west-2_qXeopbVVA",
                            "write_attributes.#": "0"
                        },
                        "meta": {},
                        "tainted": false
                    },
                    "deposed": [],
                    "provider": "provider.aws"
                },
                "aws_cognito_user_pool_domain.smart_experience": {
                    "type": "aws_cognito_user_pool_domain",
                    "depends_on": [
                        "aws_cognito_user_pool.smart_experience"
                    ],
                    "primary": {
                        "id": "dev-drivesmartcbus",
                        "attributes": {
                            "aws_account_id": "722431446741",
                            "cloudfront_distribution_arn": "dpp0gtxikpq3y.cloudfront.net",
                            "domain": "dev-drivesmartcbus",
                            "id": "dev-drivesmartcbus",
                            "s3_bucket": "aws-cognito-prod-pdx-assets",
                            "user_pool_id": "us-west-2_qXeopbVVA",
                            "version": "20180924153220"
                        },
                        "meta": {},
                        "tainted": false
                    },
                    "deposed": [],
                    "provider": "provider.aws"
                },
                "aws_internet_gateway.gw": {
                    "type": "aws_internet_gateway",
                    "depends_on": [],
                    "primary": {
                        "id": "igw-0a76e4cfbda2f954f",
                        "attributes": {
                            "id": "igw-0a76e4cfbda2f954f",
                            "vpc_id": "vpc-06d7dc7f"
                        },
                        "meta": {},
                        "tainted": false
                    },
                    "deposed": [],
                    "provider": "provider.aws"
                },
                "aws_route53_record.drivesmart_email_amazonses_dkim_record.0": {
                    "type": "aws_route53_record",
                    "depends_on": [
                        "aws_route53_zone.main",
                        "aws_ses_domain_dkim.drivesmart_dkim"
                    ],
                    "primary": {
                        "id": "Z10WEJ7PWSIQL7_av5slzn6brukpejuxpxarmpoekv2zz66._domainkey.dev.drivesmartcbus.com_CNAME",
                        "attributes": {
                            "allow_overwrite": "true",
                            "fqdn": "av5slzn6brukpejuxpxarmpoekv2zz66._domainkey.dev.drivesmartcbus.com",
                            "id": "Z10WEJ7PWSIQL7_av5slzn6brukpejuxpxarmpoekv2zz66._domainkey.dev.drivesmartcbus.com_CNAME",
                            "name": "av5slzn6brukpejuxpxarmpoekv2zz66._domainkey.dev.drivesmartcbus.com",
                            "records.#": "1",
                            "records.3573497913": "av5slzn6brukpejuxpxarmpoekv2zz66.dkim.amazonses.com",
                            "ttl": "600",
                            "type": "CNAME",
                            "zone_id": "Z10WEJ7PWSIQL7"
                        },
                        "meta": {
                            "schema_version": "2"
                        },
                        "tainted": false
                    },
                    "deposed": [],
                    "provider": "provider.aws"
                },
                "aws_route53_record.drivesmart_email_amazonses_dkim_record.1": {
                    "type": "aws_route53_record",
                    "depends_on": [
                        "aws_route53_zone.main",
                        "aws_ses_domain_dkim.drivesmart_dkim"
                    ],
                    "primary": {
                        "id": "Z10WEJ7PWSIQL7_f4fvc6awru4gibdu3vy5cy7r25yumtqn._domainkey.dev.drivesmartcbus.com_CNAME",
                        "attributes": {
                            "allow_overwrite": "true",
                            "fqdn": "f4fvc6awru4gibdu3vy5cy7r25yumtqn._domainkey.dev.drivesmartcbus.com",
                            "id": "Z10WEJ7PWSIQL7_f4fvc6awru4gibdu3vy5cy7r25yumtqn._domainkey.dev.drivesmartcbus.com_CNAME",
                            "name": "f4fvc6awru4gibdu3vy5cy7r25yumtqn._domainkey.dev.drivesmartcbus.com",
                            "records.#": "1",
                            "records.777784713": "f4fvc6awru4gibdu3vy5cy7r25yumtqn.dkim.amazonses.com",
                            "ttl": "600",
                            "type": "CNAME",
                            "zone_id": "Z10WEJ7PWSIQL7"
                        },
                        "meta": {
                            "schema_version": "2"
                        },
                        "tainted": false
                    },
                    "deposed": [],
                    "provider": "provider.aws"
                },
                "aws_route53_record.drivesmart_email_amazonses_dkim_record.2": {
                    "type": "aws_route53_record",
                    "depends_on": [
                        "aws_route53_zone.main",
                        "aws_ses_domain_dkim.drivesmart_dkim"
                    ],
                    "primary": {
                        "id": "Z10WEJ7PWSIQL7_oohj4tj2cnfgfecqmh6fzhi5uuuln3v4._domainkey.dev.drivesmartcbus.com_CNAME",
                        "attributes": {
                            "allow_overwrite": "true",
                            "fqdn": "oohj4tj2cnfgfecqmh6fzhi5uuuln3v4._domainkey.dev.drivesmartcbus.com",
                            "id": "Z10WEJ7PWSIQL7_oohj4tj2cnfgfecqmh6fzhi5uuuln3v4._domainkey.dev.drivesmartcbus.com_CNAME",
                            "name": "oohj4tj2cnfgfecqmh6fzhi5uuuln3v4._domainkey.dev.drivesmartcbus.com",
                            "records.#": "1",
                            "records.316138659": "oohj4tj2cnfgfecqmh6fzhi5uuuln3v4.dkim.amazonses.com",
                            "ttl": "600",
                            "type": "CNAME",
                            "zone_id": "Z10WEJ7PWSIQL7"
                        },
                        "meta": {
                            "schema_version": "2"
                        },
                        "tainted": false
                    },
                    "deposed": [],
                    "provider": "provider.aws"
                },
                "aws_route53_record.drivesmart_email_amazonses_verification_record": {
                    "type": "aws_route53_record",
                    "depends_on": [
                        "aws_route53_zone.main",
                        "aws_ses_domain_identity.drivesmart_email"
                    ],
                    "primary": {
                        "id": "Z10WEJ7PWSIQL7__amazonses.dev.drivesmartcbus.com_TXT",
                        "attributes": {
                            "allow_overwrite": "true",
                            "fqdn": "_amazonses.dev.drivesmartcbus.com",
                            "id": "Z10WEJ7PWSIQL7__amazonses.dev.drivesmartcbus.com_TXT",
                            "name": "_amazonses.dev.drivesmartcbus.com",
                            "records.#": "1",
                            "records.2832277810": "HgS5x5jAyygkSCV1HgsZD8HQduniscb2d8CYfBQ90lk=",
                            "ttl": "600",
                            "type": "TXT",
                            "zone_id": "Z10WEJ7PWSIQL7"
                        },
                        "meta": {
                            "schema_version": "2"
                        },
                        "tainted": false
                    },
                    "deposed": [],
                    "provider": "provider.aws"
                },
                "aws_route53_record.drivesmartcbus_email_inbound_mx": {
                    "type": "aws_route53_record",
                    "depends_on": [
                        "aws_route53_zone.main"
                    ],
                    "primary": {
                        "id": "Z10WEJ7PWSIQL7_dev.drivesmartcbus.com_MX",
                        "attributes": {
                            "allow_overwrite": "true",
                            "fqdn": "dev.drivesmartcbus.com",
                            "id": "Z10WEJ7PWSIQL7_dev.drivesmartcbus.com_MX",
                            "name": "dev.drivesmartcbus.com",
                            "records.#": "1",
                            "records.3010582859": "1 inbound-smtp.us-west-2.amazonaws.com",
                            "ttl": "600",
                            "type": "MX",
                            "zone_id": "Z10WEJ7PWSIQL7"
                        },
                        "meta": {
                            "schema_version": "2"
                        },
                        "tainted": false
                    },
                    "deposed": [],
                    "provider": "provider.aws"
                },
                "aws_route53_record.example_ses_domain_mail_from_mx": {
                    "type": "aws_route53_record",
                    "depends_on": [
                        "aws_route53_zone.main",
                        "aws_ses_domain_mail_from.mail_drivesmartcbus"
                    ],
                    "primary": {
                        "id": "Z10WEJ7PWSIQL7_mail.dev.drivesmartcbus.com_MX",
                        "attributes": {
                            "allow_overwrite": "true",
                            "fqdn": "mail.dev.drivesmartcbus.com",
                            "id": "Z10WEJ7PWSIQL7_mail.dev.drivesmartcbus.com_MX",
                            "name": "mail.dev.drivesmartcbus.com",
                            "records.#": "2",
                            "records.1861368042": "10 feedback-smtp.us-west-2.amazonses.com",
                            "records.3010582859": "1 inbound-smtp.us-west-2.amazonaws.com",
                            "ttl": "600",
                            "type": "MX",
                            "zone_id": "Z10WEJ7PWSIQL7"
                        },
                        "meta": {
                            "schema_version": "2"
                        },
                        "tainted": false
                    },
                    "deposed": [],
                    "provider": "provider.aws"
                },
                "aws_route53_record.example_ses_domain_mail_from_txt": {
                    "type": "aws_route53_record",
                    "depends_on": [
                        "aws_route53_zone.main",
                        "aws_ses_domain_mail_from.mail_drivesmartcbus"
                    ],
                    "primary": {
                        "id": "Z10WEJ7PWSIQL7_mail.dev.drivesmartcbus.com_TXT",
                        "attributes": {
                            "allow_overwrite": "true",
                            "fqdn": "mail.dev.drivesmartcbus.com",
                            "id": "Z10WEJ7PWSIQL7_mail.dev.drivesmartcbus.com_TXT",
                            "name": "mail.dev.drivesmartcbus.com",
                            "records.#": "1",
                            "records.3464451788": "v=spf1 include:amazonses.com -all",
                            "ttl": "600",
                            "type": "TXT",
                            "zone_id": "Z10WEJ7PWSIQL7"
                        },
                        "meta": {
                            "schema_version": "2"
                        },
                        "tainted": false
                    },
                    "deposed": [],
                    "provider": "provider.aws"
                },
                "aws_route53_record.ns": {
                    "type": "aws_route53_record",
                    "depends_on": [
                        "aws_route53_zone.main"
                    ],
                    "primary": {
                        "id": "Z10WEJ7PWSIQL7_dev.drivesmartcbus.com_NS",
                        "attributes": {
                            "allow_overwrite": "true",
                            "fqdn": "dev.drivesmartcbus.com",
                            "id": "Z10WEJ7PWSIQL7_dev.drivesmartcbus.com_NS",
                            "name": "dev.drivesmartcbus.com",
                            "records.#": "4",
                            "records.1441187554": "ns-1444.awsdns-52.org",
                            "records.2390929222": "ns-1889.awsdns-44.co.uk",
                            "records.3367343551": "ns-618.awsdns-13.net",
                            "records.502816512": "ns-380.awsdns-47.com",
                            "ttl": "30",
                            "type": "NS",
                            "zone_id": "Z10WEJ7PWSIQL7"
                        },
                        "meta": {
                            "schema_version": "2"
                        },
                        "tainted": false
                    },
                    "deposed": [],
                    "provider": "provider.aws"
                },
                "aws_route53_zone.main": {
                    "type": "aws_route53_zone",
                    "depends_on": [],
                    "primary": {
                        "id": "Z10WEJ7PWSIQL7",
                        "attributes": {
                            "comment": "Managed by Terraform",
                            "force_destroy": "false",
                            "id": "Z10WEJ7PWSIQL7",
                            "name": "dev.drivesmartcbus.com",
                            "name_servers.#": "4",
                            "name_servers.0": "ns-1444.awsdns-52.org",
                            "name_servers.1": "ns-1889.awsdns-44.co.uk",
                            "name_servers.2": "ns-380.awsdns-47.com",
                            "name_servers.3": "ns-618.awsdns-13.net",
                            "tags.%": "0",
                            "zone_id": "Z10WEJ7PWSIQL7"
                        },
                        "meta": {},
                        "tainted": false
                    },
                    "deposed": [],
                    "provider": "provider.aws"
                },
                "aws_security_group.LambdaSecurityGroup": {
                    "type": "aws_security_group",
                    "depends_on": [],
                    "primary": {
                        "id": "sg-0771bd1f7389bc87e",
                        "attributes": {
                            "arn": "arn:aws:ec2:us-west-2:722431446741:security-group/sg-0771bd1f7389bc87e",
                            "description": "Security Group used by lambdas to access the RDS instance",
                            "egress.#": "1",
                            "egress.482069346.cidr_blocks.#": "1",
                            "egress.482069346.cidr_blocks.0": "0.0.0.0/0",
                            "egress.482069346.description": "",
                            "egress.482069346.from_port": "0",
                            "egress.482069346.ipv6_cidr_blocks.#": "0",
                            "egress.482069346.prefix_list_ids.#": "0",
                            "egress.482069346.protocol": "-1",
                            "egress.482069346.security_groups.#": "0",
                            "egress.482069346.self": "false",
                            "egress.482069346.to_port": "0",
                            "id": "sg-0771bd1f7389bc87e",
                            "ingress.#": "0",
                            "name": "dev_LambdaSecurityGroup",
                            "owner_id": "722431446741",
                            "revoke_rules_on_delete": "false",
                            "tags.%": "1",
                            "tags.Name": "LambdaSecurityGroup",
                            "vpc_id": "vpc-06d7dc7f"
                        },
                        "meta": {
                            "e2bfb730-ecaa-11e6-8f88-34363bc7c4c0": {
                                "create": 600000000000,
                                "delete": 600000000000
                            },
                            "schema_version": "1"
                        },
                        "tainted": false
                    },
                    "deposed": [],
                    "provider": "provider.aws"
                },
                "aws_security_group.jumpbox_security_group": {
                    "type": "aws_security_group",
                    "depends_on": [],
                    "primary": {
                        "id": "sg-09c0767eb8869dab9",
                        "attributes": {
                            "arn": "arn:aws:ec2:us-west-2:722431446741:security-group/sg-09c0767eb8869dab9",
                            "description": "Rules for Jumpbox",
                            "egress.#": "1",
                            "egress.482069346.cidr_blocks.#": "1",
                            "egress.482069346.cidr_blocks.0": "0.0.0.0/0",
                            "egress.482069346.description": "",
                            "egress.482069346.from_port": "0",
                            "egress.482069346.ipv6_cidr_blocks.#": "0",
                            "egress.482069346.prefix_list_ids.#": "0",
                            "egress.482069346.protocol": "-1",
                            "egress.482069346.security_groups.#": "0",
                            "egress.482069346.self": "false",
                            "egress.482069346.to_port": "0",
                            "id": "sg-09c0767eb8869dab9",
                            "ingress.#": "2",
                            "ingress.2736392098.cidr_blocks.#": "1",
                            "ingress.2736392098.cidr_blocks.0": "67.149.70.17/32",
                            "ingress.2736392098.description": "Jarred Home IP Address",
                            "ingress.2736392098.from_port": "22",
                            "ingress.2736392098.ipv6_cidr_blocks.#": "0",
                            "ingress.2736392098.prefix_list_ids.#": "0",
                            "ingress.2736392098.protocol": "TCP",
                            "ingress.2736392098.security_groups.#": "0",
                            "ingress.2736392098.self": "false",
                            "ingress.2736392098.to_port": "22",
                            "ingress.3457237359.cidr_blocks.#": "2",
                            "ingress.3457237359.cidr_blocks.0": "207.238.255.132/32",
                            "ingress.3457237359.cidr_blocks.1": "12.246.159.190/32",
                            "ingress.3457237359.description": "Pillar CMH Forge IP Address",
                            "ingress.3457237359.from_port": "22",
                            "ingress.3457237359.ipv6_cidr_blocks.#": "0",
                            "ingress.3457237359.prefix_list_ids.#": "0",
                            "ingress.3457237359.protocol": "TCP",
                            "ingress.3457237359.security_groups.#": "0",
                            "ingress.3457237359.self": "false",
                            "ingress.3457237359.to_port": "22",
                            "name": "dev_Jumpbox Security Group",
                            "owner_id": "722431446741",
                            "revoke_rules_on_delete": "false",
                            "tags.%": "1",
                            "tags.Name": "Jumpbox Security Group",
                            "vpc_id": "vpc-06d7dc7f"
                        },
                        "meta": {
                            "e2bfb730-ecaa-11e6-8f88-34363bc7c4c0": {
                                "create": 600000000000,
                                "delete": 600000000000
                            },
                            "schema_version": "1"
                        },
                        "tainted": false
                    },
                    "deposed": [],
                    "provider": "provider.aws"
                },
                "aws_security_group.smartexperience_db_security_group": {
                    "type": "aws_security_group",
                    "depends_on": [
                        "aws_security_group.LambdaSecurityGroup",
                        "aws_security_group.jumpbox_security_group"
                    ],
                    "primary": {
                        "id": "sg-030040adf237a2ac8",
                        "attributes": {
                            "arn": "arn:aws:ec2:us-west-2:722431446741:security-group/sg-030040adf237a2ac8",
                            "description": "Rules for Smart Experience DB",
                            "egress.#": "0",
                            "id": "sg-030040adf237a2ac8",
                            "ingress.#": "1",
                            "ingress.3274754072.cidr_blocks.#": "0",
                            "ingress.3274754072.description": "",
                            "ingress.3274754072.from_port": "3306",
                            "ingress.3274754072.ipv6_cidr_blocks.#": "0",
                            "ingress.3274754072.prefix_list_ids.#": "0",
                            "ingress.3274754072.protocol": "TCP",
                            "ingress.3274754072.security_groups.#": "2",
                            "ingress.3274754072.security_groups.1883674524": "sg-0771bd1f7389bc87e",
                            "ingress.3274754072.security_groups.2396585353": "sg-09c0767eb8869dab9",
                            "ingress.3274754072.self": "false",
                            "ingress.3274754072.to_port": "3306",
                            "name": "dev_Smart Experience Security Group",
                            "owner_id": "722431446741",
                            "revoke_rules_on_delete": "false",
                            "tags.%": "1",
                            "tags.Name": "Smart Experience Security Group",
                            "vpc_id": "vpc-06d7dc7f"
                        },
                        "meta": {
                            "e2bfb730-ecaa-11e6-8f88-34363bc7c4c0": {
                                "create": 600000000000,
                                "delete": 600000000000
                            },
                            "schema_version": "1"
                        },
                        "tainted": false
                    },
                    "deposed": [],
                    "provider": "provider.aws"
                },
                "aws_ses_active_receipt_rule_set.main": {
                    "type": "aws_ses_active_receipt_rule_set",
                    "depends_on": [],
                    "primary": {
                        "id": "primary-rules",
                        "attributes": {
                            "id": "primary-rules",
                            "rule_set_name": "primary-rules"
                        },
                        "meta": {},
                        "tainted": false
                    },
                    "deposed": [],
                    "provider": "provider.aws"
                },
                "aws_ses_configuration_set.DefaultConfigurationSet": {
                    "type": "aws_ses_configuration_set",
                    "depends_on": [],
                    "primary": {
                        "id": "dev_DefaultConfigurationSet",
                        "attributes": {
                            "id": "dev_DefaultConfigurationSet",
                            "name": "dev_DefaultConfigurationSet"
                        },
                        "meta": {},
                        "tainted": false
                    },
                    "deposed": [],
                    "provider": "provider.aws"
                },
                "aws_ses_domain_dkim.drivesmart_dkim": {
                    "type": "aws_ses_domain_dkim",
                    "depends_on": [
                        "aws_ses_domain_identity.drivesmart_email"
                    ],
                    "primary": {
                        "id": "dev.drivesmartcbus.com",
                        "attributes": {
                            "dkim_tokens.#": "3",
                            "dkim_tokens.0": "av5slzn6brukpejuxpxarmpoekv2zz66",
                            "dkim_tokens.1": "f4fvc6awru4gibdu3vy5cy7r25yumtqn",
                            "dkim_tokens.2": "oohj4tj2cnfgfecqmh6fzhi5uuuln3v4",
                            "domain": "dev.drivesmartcbus.com",
                            "id": "dev.drivesmartcbus.com"
                        },
                        "meta": {},
                        "tainted": false
                    },
                    "deposed": [],
                    "provider": "provider.aws"
                },
                "aws_ses_domain_identity.drivesmart_email": {
                    "type": "aws_ses_domain_identity",
                    "depends_on": [],
                    "primary": {
                        "id": "dev.drivesmartcbus.com",
                        "attributes": {
                            "arn": "arn:aws:ses:us-west-2:722431446741:identity/dev.drivesmartcbus.com",
                            "domain": "dev.drivesmartcbus.com",
                            "id": "dev.drivesmartcbus.com",
                            "verification_token": "HgS5x5jAyygkSCV1HgsZD8HQduniscb2d8CYfBQ90lk="
                        },
                        "meta": {},
                        "tainted": false
                    },
                    "deposed": [],
                    "provider": "provider.aws"
                },
                "aws_ses_domain_mail_from.mail_drivesmartcbus": {
                    "type": "aws_ses_domain_mail_from",
                    "depends_on": [
                        "aws_ses_domain_identity.drivesmart_email"
                    ],
                    "primary": {
                        "id": "dev.drivesmartcbus.com",
                        "attributes": {
                            "behavior_on_mx_failure": "UseDefaultValue",
                            "domain": "dev.drivesmartcbus.com",
                            "id": "dev.drivesmartcbus.com",
                            "mail_from_domain": "mail.dev.drivesmartcbus.com"
                        },
                        "meta": {},
                        "tainted": false
                    },
                    "deposed": [],
                    "provider": "provider.aws"
                },
                "aws_ses_event_destination.cloudwatch": {
                    "type": "aws_ses_event_destination",
                    "depends_on": [
                        "aws_ses_configuration_set.DefaultConfigurationSet"
                    ],
                    "primary": {
                        "id": "event-destination-cloudwatch",
                        "attributes": {
                            "cloudwatch_destination.#": "1",
                            "cloudwatch_destination.996466118.default_value": "default",
                            "cloudwatch_destination.996466118.dimension_name": "dimension",
                            "cloudwatch_destination.996466118.value_source": "emailHeader",
                            "configuration_set_name": "dev_DefaultConfigurationSet",
                            "enabled": "true",
                            "id": "event-destination-cloudwatch",
                            "matching_types.#": "8",
                            "matching_types.1245742337": "renderingFailure",
                            "matching_types.1596404405": "complaint",
                            "matching_types.2185032793": "bounce",
                            "matching_types.2758837156": "open",
                            "matching_types.2781177529": "reject",
                            "matching_types.2809346765": "send",
                            "matching_types.3136733728": "click",
                            "matching_types.931261456": "delivery",
                            "name": "event-destination-cloudwatch"
                        },
                        "meta": {},
                        "tainted": false
                    },
                    "deposed": [],
                    "provider": "provider.aws"
                },
                "aws_ses_receipt_rule_set.main": {
                    "type": "aws_ses_receipt_rule_set",
                    "depends_on": [],
                    "primary": {
                        "id": "dev_primary-rules",
                        "attributes": {
                            "id": "dev_primary-rules",
                            "rule_set_name": "dev_primary-rules"
                        },
                        "meta": {},
                        "tainted": false
                    },
                    "deposed": [],
                    "provider": "provider.aws"
                },
                "aws_ses_template.ConfirmationTemplate": {
                    "type": "aws_ses_template",
                    "depends_on": [],
                    "primary": {
                        "id": "dev_ConfirmationTemplate",
                        "attributes": {
                            "html": "\u003c!DOCTYPE html\u003e\n\u003chtml lang=\"en\"\u003e\n\u003chead\u003e\n    \u003cmeta charset=\"UTF-8\"\u003e\n\u003c/head\u003e\n\u003cbody\u003e\n\n\u003cdiv style=\"margin: auto; width: 95%; font-family: 'Helvetica'; font-weight: 100; max-width: 800px; border-style: solid; border-width: 8px; border-color: #f6f6f6\"\u003e\n\n    \u003cimg style=\"max-width: 100%; max-height: 375px; margin-left: auto; margin-right: auto; display: block;\" id=\"banner\"\n         src=\"https://drivesmartcbus.com/assets/email/banner.png\"/\u003e\n    \u003cdiv style=\"text-align: center; font-size: 50px; font-weight:bold;\"\u003e{{confirmation_number}}\u003c/div\u003e\n    \u003cdiv style=\"text-align: center;\"\u003eYour confirmation code used at Check-in\u003c/div\u003e\n    \u003chr\u003e\n\n    \u003cdiv\u003e\n        \u003cdiv style=\"padding-left: 25px; padding-right:25px;\"\u003e\n            \u003ctable style=\"width:100%; padding-top: 30px; padding-bottom: 20px; font-size: calc(10px + 1vw)\"\u003e\n                \u003cthead\u003e\n                \u003ctr\u003e\n                    \u003ctd style=\"font-weight: bold; width: 20%\"\u003eStatus\u003c/td\u003e\n                    \u003ctd style=\"font-weight: bold; width: 40%\"\u003eScheduled Drive Time\u003c/td\u003e\n                    \u003ctd style=\"font-weight: bold; width: 40%\"\u003eVehicle\u003c/td\u003e\n                \u003c/tr\u003e\n                \u003c/thead\u003e\n                \u003ctbody\u003e\n                \u003ctr\u003e\n                    \u003ctd\u003eDriver\u003c/td\u003e\n                    \u003ctd\u003e{{formatted_drive_time}}\u003c/td\u003e\n                    \u003ctd\u003e{{vehicle}} - {{msrp}}\u003cspan style=\"color: #ff0000\"\u003e*\u003c/span\u003e\u003c/td\u003e\n                \u003c/tr\u003e\n                \u003c/tbody\u003e\n            \u003c/table\u003e\n            \u003cdiv style=\"font-style: italic; font-size: 13px; padding-bottom: 20px;\"\u003e\u003cspan style=\"color: #ff0000\"\u003e*\u003c/span\u003eFederal\n                Tax credit (varies in size by vehicle)\n            \u003c/div\u003e\n        \u003c/div\u003e\n    \u003c/div\u003e\n\n    \u003chr\u003e\n\n    \u003cdiv\u003e\n        \u003cdiv style=\"padding-left: 25px; padding-right:25px;\"\u003e\n        As a driver, we want to make sure you have the best Test Drive experience possible. In order to do so,\n        please review the following regarding what to expect during your experience and other fun details we have in\n        store for you!\n        \u003c/div\u003e\n    \u003c/div\u003e\n    \u003cdiv\u003e\n        \u003cdiv style=\"padding-left: 25px; padding-right:25px;\"\u003e\n        \u003ch4\u003eTIME COMMITMENT\u003c/h4\u003e\n        \u003cdiv\u003e\n            You will enjoy a 10-15 minute driving experience on a predetermined route on both city streets and the highway. The whole experience from check-in to drive completion should last about 25-30 minutes. Please arrive 5 minutes prior to your drive time.\n        \u003c/div\u003e\n        \u003c/div\u003e\n    \u003c/div\u003e\n    \u003cdiv\u003e\n        \u003cdiv style=\"padding-left: 25px; padding-right:25px;\"\u003e\n            \u003ch4\u003eTHINGS TO BRING\u003c/h4\u003e\n            \u003cdiv\u003e\n                All you need to bring is your valid driver’s license and your confirmation code. It’s that easy!\n            \u003c/div\u003e\n        \u003c/div\u003e\n    \u003c/div\u003e\n    \u003cdiv\u003e\n        \u003cdiv style=\"padding-left: 25px; padding-right:25px; padding-bottom:25px;\"\u003e\n            \u003ch4\u003eHOW TO GET THERE\u003c/h4\u003e\n            \u003cdiv\u003e\n                The Smart Columbus Experience Center is located at\n                    \u003ca style=\"color: #e72577; font-weight: 600;\"\n                       href=\"https://www.google.com/maps/place/170+S+Civic+Center+Dr,+Columbus,+OH+43215\"\n                       target=\"_blank\"\u003e170 S Civic Center Dr. Columbus, OH 43215\u003c/a\u003e\n                - in the heart of downtown right on the Scioto Mile. The Center is accessible via bicycle, COTA, ride-hailing services, and more smart mobility options. If you drive, there is metered street parking and the Columbus Commons parking garage (about a 7-minute walk from the Center).\n            \u003c/div\u003e\n        \u003c/div\u003e\n    \u003c/div\u003e\n    \u003cdiv\u003e\n        \u003cdiv style=\"padding-left: 25px; padding-right:25px; padding-bottom:25px;\"\u003e\n            \u003ch4\u003eWHAT TO EXPECT\u003c/h4\u003e\n            \u003cdiv\u003e\n                \u003cp\u003e1. First, check-in at the reception desk located in the Experience Center.\u003c/p\u003e\n                \u003cp\u003e2. Then the experience begins! A Smart Columbus Ambassador will introduce you to the vehicle you registered to drive and direct you on the route, while answering your questions about your vehicle and EVs in general. Feel free to bring a friend to ride along! Please note, children requiring a car seat are not permitted to ride.\u003c/p\u003e\n                \u003cp\u003e3. After your drive, you will complete a quick post-drive survey to inform anonymized, cutting edge research on EV technology and adoption! \u003c/p\u003e\n                \u003cp\u003e4. After your drive is complete, feel free to check out our highly interactive and educational exhibits on the future of smart mobility located in the Experience Center.\u003c/p\u003e\n            \u003c/div\u003e\n        \u003c/div\u003e\n    \u003c/div\u003e\n\n    \u003cdiv id=\"footer\" style=\"background: #252525\"\u003e\n        \u003cdiv style=\"color: #ffffff; padding: 25px\"\u003e\n            You are encouraged to share your experience via social media and tag us- @smartcbus or #smartcbus. Sign up for our newsletter here to keep up with Smart Columbus! If you have any additional questions before you drive, please reach out to us at \u003ca style=\"color: #e72577\" href=\"mailto:as@columbuspartnership.com\" target=\"_blank\"\u003eas@columbuspartnership.com\u003c/a\u003e.\n\n\n        \u003c/div\u003e\n    \u003c/div\u003e\n\u003c/div\u003e\n\n\n\u003c/body\u003e\n\u003c/html\u003e",
                            "id": "dev_ConfirmationTemplate",
                            "name": "dev_ConfirmationTemplate",
                            "subject": "Your EV Test Drive Confirmation",
                            "text": "{{confirmation_number}}\nYour confirmation code used at Check-in\nStatus Driver\nScheduled Drive Time {{formatted_drive_time}}\nVehicle {{vehicle}} - {{msrp}}*\n*Tax credit (varies in size by vehicle)\n\nAs a driver, we want to make sure you have the best Test Drive experience possible. In order to do so, please review the following regarding what to expect during your experience and other fun details we have in store for you!\nTIME COMMITMENT\nYou will enjoy a 10-15 minute driving experience on a predetermined route on both city streets and the highway. The whole experience from check-in to drive completion should last about 25-30 minutes. Please arrive 5 minutes prior to your drive time.\nTHINGS TO BRING\nAll you need to bring is your valid driver’s license and your confirmation code. It’s that easy!\nHOW TO GET THERE\nThe Smart Columbus Experience Center is located at 170 S Civic Center Dr. Columbus, OH 43215 - in the heart of downtown right on the Scioto Mile. The Center is accessible via bicycle, COTA, ride-hailing services, and more smart mobility options. If you drive, there is metered street parking and the Columbus Commons parking garage (about a 7-minute walk from the Center).\nWHAT TO EXPECT\n1. First, check-in at the reception desk located in the Experience Center.\n\n2. Then the experience begins! A Smart Columbus Ambassador will introduce you to the vehicle you registered to drive and direct you on the route, while answering your questions about your vehicle and EVs in general. Feel free to bring a friend to ride along! Please note, children requiring a car seat are not permitted to ride.\n\n3. After your drive, you will complete a quick post-drive survey to inform anonymized, cutting edge research on EV technology and adoption!\n\n4. After your drive is complete, feel free to check out our highly interactive and educational exhibits on the future of smart mobility located in the Experience Center.\n\nYou are encouraged to share your experience via social media and tag us- @smartcbus or #smartcbus. Sign up for our newsletter here to keep up with Smart Columbus! If you have any additional questions before you drive, please reach out to us at as@columbuspartnership.com."
                        },
                        "meta": {},
                        "tainted": false
                    },
                    "deposed": [],
                    "provider": "provider.aws"
                },
                "data.aws_iam_policy_document.JobMonthlyEmailAnalytics_policy": {
                    "type": "aws_iam_policy_document",
                    "depends_on": [
                        "aws_ses_domain_identity.drivesmart_email"
                    ],
                    "primary": {
                        "id": "2508244110",
                        "attributes": {
                            "id": "2508244110",
                            "json": "{\n  \"Version\": \"2012-10-17\",\n  \"Statement\": [\n    {\n      \"Sid\": \"\",\n      \"Effect\": \"Allow\",\n      \"Action\": \"ses:SendRawEmail\",\n      \"Resource\": \"arn:aws:ses:us-west-2:722431446741:identity/no-reply@dev.drivesmartcbus.com\"\n    }\n  ]\n}",
                            "statement.#": "1",
                            "statement.0.actions.#": "1",
                            "statement.0.actions.3871662503": "ses:SendRawEmail",
                            "statement.0.condition.#": "0",
                            "statement.0.effect": "Allow",
                            "statement.0.not_actions.#": "0",
                            "statement.0.not_principals.#": "0",
                            "statement.0.not_resources.#": "0",
                            "statement.0.principals.#": "0",
                            "statement.0.resources.#": "1",
                            "statement.0.resources.2315264371": "arn:aws:ses:us-west-2:722431446741:identity/no-reply@dev.drivesmartcbus.com",
                            "statement.0.sid": ""
                        },
                        "meta": {},
                        "tainted": false
                    },
                    "deposed": [],
                    "provider": "provider.aws"
                },
                "data.aws_iam_policy_document.JobSendConfirmationEmail_policy": {
                    "type": "aws_iam_policy_document",
                    "depends_on": [
                        "aws_ses_domain_identity.drivesmart_email"
                    ],
                    "primary": {
                        "id": "1584984711",
                        "attributes": {
                            "id": "1584984711",
                            "json": "{\n  \"Version\": \"2012-10-17\",\n  \"Statement\": [\n    {\n      \"Sid\": \"\",\n      \"Effect\": \"Allow\",\n      \"Action\": \"ses:SendTemplatedEmail\",\n      \"Resource\": \"arn:aws:ses:us-west-2:722431446741:identity/no-reply@dev.drivesmartcbus.com\"\n    }\n  ]\n}",
                            "statement.#": "1",
                            "statement.0.actions.#": "1",
                            "statement.0.actions.428874798": "ses:SendTemplatedEmail",
                            "statement.0.condition.#": "0",
                            "statement.0.effect": "Allow",
                            "statement.0.not_actions.#": "0",
                            "statement.0.not_principals.#": "0",
                            "statement.0.not_resources.#": "0",
                            "statement.0.principals.#": "0",
                            "statement.0.resources.#": "1",
                            "statement.0.resources.2315264371": "arn:aws:ses:us-west-2:722431446741:identity/no-reply@dev.drivesmartcbus.com",
                            "statement.0.sid": ""
                        },
                        "meta": {},
                        "tainted": false
                    },
                    "deposed": [],
                    "provider": "provider.aws"
                },
                "data.aws_iam_policy_document.JobWeeklyEmailAnalytics_policy": {
                    "type": "aws_iam_policy_document",
                    "depends_on": [
                        "aws_ses_domain_identity.drivesmart_email"
                    ],
                    "primary": {
                        "id": "2508244110",
                        "attributes": {
                            "id": "2508244110",
                            "json": "{\n  \"Version\": \"2012-10-17\",\n  \"Statement\": [\n    {\n      \"Sid\": \"\",\n      \"Effect\": \"Allow\",\n      \"Action\": \"ses:SendRawEmail\",\n      \"Resource\": \"arn:aws:ses:us-west-2:722431446741:identity/no-reply@dev.drivesmartcbus.com\"\n    }\n  ]\n}",
                            "statement.#": "1",
                            "statement.0.actions.#": "1",
                            "statement.0.actions.3871662503": "ses:SendRawEmail",
                            "statement.0.condition.#": "0",
                            "statement.0.effect": "Allow",
                            "statement.0.not_actions.#": "0",
                            "statement.0.not_principals.#": "0",
                            "statement.0.not_resources.#": "0",
                            "statement.0.principals.#": "0",
                            "statement.0.resources.#": "1",
                            "statement.0.resources.2315264371": "arn:aws:ses:us-west-2:722431446741:identity/no-reply@dev.drivesmartcbus.com",
                            "statement.0.sid": ""
                        },
                        "meta": {},
                        "tainted": false
                    },
                    "deposed": [],
                    "provider": "provider.aws"
                },
                "data.aws_iam_policy_document.bucket_policy": {
                    "type": "aws_iam_policy_document",
                    "depends_on": [
                        "aws_cloudfront_origin_access_identity.origin_access_identity"
                    ],
                    "primary": {
                        "id": "2655693384",
                        "attributes": {
                            "id": "2655693384",
                            "json": "{\n  \"Version\": \"2012-10-17\",\n  \"Statement\": [\n    {\n      \"Sid\": \"\",\n      \"Effect\": \"Allow\",\n      \"Action\": \"s3:GetObject\",\n      \"Resource\": \"arn:aws:s3:::smart-experience-web/*\",\n      \"Principal\": {\n        \"AWS\": \"arn:aws:iam::cloudfront:user/CloudFront Origin Access Identity E2A9WRBO0RLNEV\"\n      }\n    }\n  ]\n}",
                            "statement.#": "1",
                            "statement.0.actions.#": "1",
                            "statement.0.actions.2071725391": "s3:GetObject",
                            "statement.0.condition.#": "0",
                            "statement.0.effect": "Allow",
                            "statement.0.not_actions.#": "0",
                            "statement.0.not_principals.#": "0",
                            "statement.0.not_resources.#": "0",
                            "statement.0.principals.#": "1",
                            "statement.0.principals.1714524648.identifiers.#": "1",
                            "statement.0.principals.1714524648.identifiers.1078533274": "arn:aws:iam::cloudfront:user/CloudFront Origin Access Identity E2A9WRBO0RLNEV",
                            "statement.0.principals.1714524648.type": "AWS",
                            "statement.0.resources.#": "1",
                            "statement.0.resources.195219716": "arn:aws:s3:::smart-experience-web/*",
                            "statement.0.sid": ""
                        },
                        "meta": {},
                        "tainted": false
                    },
                    "deposed": [],
                    "provider": "provider.aws"
                },
                "data.aws_iam_policy_document.bucket_policy_for_emails": {
                    "type": "aws_iam_policy_document",
                    "depends_on": [],
                    "primary": {
                        "id": "1072996044",
                        "attributes": {
                            "id": "1072996044",
                            "json": "{\n  \"Version\": \"2012-10-17\",\n  \"Statement\": [\n    {\n      \"Sid\": \"\",\n      \"Effect\": \"Allow\",\n      \"Action\": \"s3:PutObject\",\n      \"Resource\": \"arn:aws:s3:::smart-experience-emails/*\",\n      \"Principal\": {\n        \"Service\": \"ses.amazonaws.com\"\n      },\n      \"Condition\": {\n        \"StringEquals\": {\n          \"aws:Referer\": \"722431446741\"\n        }\n      }\n    }\n  ]\n}",
                            "statement.#": "1",
                            "statement.0.actions.#": "1",
                            "statement.0.actions.315547055": "s3:PutObject",
                            "statement.0.condition.#": "1",
                            "statement.0.condition.2864098311.test": "StringEquals",
                            "statement.0.condition.2864098311.values.#": "1",
                            "statement.0.condition.2864098311.values.382177307": "722431446741",
                            "statement.0.condition.2864098311.variable": "aws:Referer",
                            "statement.0.effect": "Allow",
                            "statement.0.not_actions.#": "0",
                            "statement.0.not_principals.#": "0",
                            "statement.0.not_resources.#": "0",
                            "statement.0.principals.#": "1",
                            "statement.0.principals.1693852319.identifiers.#": "1",
                            "statement.0.principals.1693852319.identifiers.3725946869": "ses.amazonaws.com",
                            "statement.0.principals.1693852319.type": "Service",
                            "statement.0.resources.#": "1",
                            "statement.0.resources.2246786075": "arn:aws:s3:::smart-experience-emails/*",
                            "statement.0.sid": ""
                        },
                        "meta": {},
                        "tainted": false
                    },
                    "deposed": [],
                    "provider": "provider.aws"
                }
            },
            "depends_on": []
        },
        {
            "path": [
                "root",
                "ApiCancelDriveFunction"
            ],
            "outputs": {},
            "resources": {
                "aws_cloudwatch_log_group.function": {
                    "type": "aws_cloudwatch_log_group",
                    "depends_on": [],
                    "primary": {
                        "id": "/aws/lambda/dev_ApiCancelDrive",
                        "attributes": {
                            "arn": "arn:aws:logs:us-west-2:722431446741:log-group:/aws/lambda/dev_ApiCancelDrive:*",
                            "id": "/aws/lambda/dev_ApiCancelDrive",
                            "kms_key_id": "",
                            "name": "/aws/lambda/dev_ApiCancelDrive",
                            "retention_in_days": "3",
                            "tags.%": "0"
                        },
                        "meta": {},
                        "tainted": false
                    },
                    "deposed": [],
                    "provider": "provider.aws"
                }
            },
            "depends_on": []
        },
        {
            "path": [
                "root",
                "ApiCancelDriveRole"
            ],
            "outputs": {
                "arn": {
                    "sensitive": false,
                    "type": "string",
                    "value": "arn:aws:iam::722431446741:role/dev_ApiCancelDriveRole"
                },
                "name": {
                    "sensitive": false,
                    "type": "string",
                    "value": "dev_ApiCancelDriveRole"
                }
            },
            "resources": {
                "aws_iam_policy.lambda_logging_policy": {
                    "type": "aws_iam_policy",
                    "depends_on": [
                        "data.aws_iam_policy_document.logging_policy_statement"
                    ],
                    "primary": {
                        "id": "arn:aws:iam::722431446741:policy/logging_policy_for_dev_ApiCancelDriveRole",
                        "attributes": {
                            "arn": "arn:aws:iam::722431446741:policy/logging_policy_for_dev_ApiCancelDriveRole",
                            "description": "Allows AWS Lambda to create and write logs",
                            "id": "arn:aws:iam::722431446741:policy/logging_policy_for_dev_ApiCancelDriveRole",
                            "name": "logging_policy_for_dev_ApiCancelDriveRole",
                            "path": "/",
                            "policy": "{\n  \"Version\": \"2012-10-17\",\n  \"Statement\": [\n    {\n      \"Sid\": \"\",\n      \"Effect\": \"Allow\",\n      \"Action\": [\n        \"logs:PutLogEvents\",\n        \"logs:CreateLogStream\",\n        \"logs:CreateLogGroup\"\n      ],\n      \"Resource\": \"arn:aws:logs:*:*:*\"\n    }\n  ]\n}"
                        },
                        "meta": {},
                        "tainted": false
                    },
                    "deposed": [],
                    "provider": "provider.aws"
                },
                "aws_iam_role.role": {
                    "type": "aws_iam_role",
                    "depends_on": [
                        "data.aws_iam_policy_document.lambda_policy"
                    ],
                    "primary": {
                        "id": "dev_ApiCancelDriveRole",
                        "attributes": {
                            "arn": "arn:aws:iam::722431446741:role/dev_ApiCancelDriveRole",
                            "assume_role_policy": "{\"Version\":\"2012-10-17\",\"Statement\":[{\"Sid\":\"\",\"Effect\":\"Allow\",\"Principal\":{\"Service\":[\"lambda.amazonaws.com\",\"apigateway.amazonaws.com\"]},\"Action\":\"sts:AssumeRole\"}]}",
                            "create_date": "2018-09-24T15:32:00Z",
                            "description": "",
                            "force_detach_policies": "false",
                            "id": "dev_ApiCancelDriveRole",
                            "max_session_duration": "3600",
                            "name": "dev_ApiCancelDriveRole",
                            "path": "/",
                            "unique_id": "AROAJYI5OFEQAQ52MKWCQ"
                        },
                        "meta": {},
                        "tainted": false
                    },
                    "deposed": [],
                    "provider": "provider.aws"
                },
                "aws_iam_role_policy_attachment.Attach_Logging_Role": {
                    "type": "aws_iam_role_policy_attachment",
                    "depends_on": [
                        "aws_iam_policy.lambda_logging_policy",
                        "aws_iam_role.role"
                    ],
                    "primary": {
                        "id": "dev_ApiCancelDriveRole-2018092415321795320000001a",
                        "attributes": {
                            "id": "dev_ApiCancelDriveRole-2018092415321795320000001a",
                            "policy_arn": "arn:aws:iam::722431446741:policy/logging_policy_for_dev_ApiCancelDriveRole",
                            "role": "dev_ApiCancelDriveRole"
                        },
                        "meta": {},
                        "tainted": false
                    },
                    "deposed": [],
                    "provider": "provider.aws"
                },
                "aws_iam_role_policy_attachment.Attach_VPC_Policy": {
                    "type": "aws_iam_role_policy_attachment",
                    "depends_on": [
                        "aws_iam_role.role"
                    ],
                    "primary": {
                        "id": "dev_ApiCancelDriveRole-2018092415321582000000000e",
                        "attributes": {
                            "id": "dev_ApiCancelDriveRole-2018092415321582000000000e",
                            "policy_arn": "arn:aws:iam::aws:policy/service-role/AWSLambdaVPCAccessExecutionRole",
                            "role": "dev_ApiCancelDriveRole"
                        },
                        "meta": {},
                        "tainted": false
                    },
                    "deposed": [],
                    "provider": "provider.aws"
                },
                "data.aws_iam_policy_document.lambda_policy": {
                    "type": "aws_iam_policy_document",
                    "depends_on": [],
                    "primary": {
                        "id": "3127519745",
                        "attributes": {
                            "id": "3127519745",
                            "json": "{\n  \"Version\": \"2012-10-17\",\n  \"Statement\": [\n    {\n      \"Sid\": \"\",\n      \"Effect\": \"Allow\",\n      \"Action\": \"sts:AssumeRole\",\n      \"Principal\": {\n        \"Service\": [\n          \"lambda.amazonaws.com\",\n          \"apigateway.amazonaws.com\"\n        ]\n      }\n    }\n  ]\n}",
                            "statement.#": "1",
                            "statement.0.actions.#": "1",
                            "statement.0.actions.2528466339": "sts:AssumeRole",
                            "statement.0.condition.#": "0",
                            "statement.0.effect": "Allow",
                            "statement.0.not_actions.#": "0",
                            "statement.0.not_principals.#": "0",
                            "statement.0.not_resources.#": "0",
                            "statement.0.principals.#": "1",
                            "statement.0.principals.1632598396.identifiers.#": "2",
                            "statement.0.principals.1632598396.identifiers.1175233861": "apigateway.amazonaws.com",
                            "statement.0.principals.1632598396.identifiers.2638019528": "lambda.amazonaws.com",
                            "statement.0.principals.1632598396.type": "Service",
                            "statement.0.resources.#": "0",
                            "statement.0.sid": ""
                        },
                        "meta": {},
                        "tainted": false
                    },
                    "deposed": [],
                    "provider": "provider.aws"
                },
                "data.aws_iam_policy_document.logging_policy_statement": {
                    "type": "aws_iam_policy_document",
                    "depends_on": [],
                    "primary": {
                        "id": "4063422367",
                        "attributes": {
                            "id": "4063422367",
                            "json": "{\n  \"Version\": \"2012-10-17\",\n  \"Statement\": [\n    {\n      \"Sid\": \"\",\n      \"Effect\": \"Allow\",\n      \"Action\": [\n        \"logs:PutLogEvents\",\n        \"logs:CreateLogStream\",\n        \"logs:CreateLogGroup\"\n      ],\n      \"Resource\": \"arn:aws:logs:*:*:*\"\n    }\n  ]\n}",
                            "statement.#": "1",
                            "statement.0.actions.#": "3",
                            "statement.0.actions.2809485102": "logs:CreateLogGroup",
                            "statement.0.actions.3285979848": "logs:CreateLogStream",
                            "statement.0.actions.39743051": "logs:PutLogEvents",
                            "statement.0.condition.#": "0",
                            "statement.0.effect": "Allow",
                            "statement.0.not_actions.#": "0",
                            "statement.0.not_principals.#": "0",
                            "statement.0.not_resources.#": "0",
                            "statement.0.principals.#": "0",
                            "statement.0.resources.#": "1",
                            "statement.0.resources.162423377": "arn:aws:logs:*:*:*",
                            "statement.0.sid": ""
                        },
                        "meta": {},
                        "tainted": false
                    },
                    "deposed": [],
                    "provider": "provider.aws"
                }
            },
            "depends_on": []
        },
        {
            "path": [
                "root",
                "ApiGetCarsFunction"
            ],
            "outputs": {},
            "resources": {
                "aws_cloudwatch_log_group.function": {
                    "type": "aws_cloudwatch_log_group",
                    "depends_on": [],
                    "primary": {
                        "id": "/aws/lambda/dev_ApiGetCars",
                        "attributes": {
                            "arn": "arn:aws:logs:us-west-2:722431446741:log-group:/aws/lambda/dev_ApiGetCars:*",
                            "id": "/aws/lambda/dev_ApiGetCars",
                            "kms_key_id": "",
                            "name": "/aws/lambda/dev_ApiGetCars",
                            "retention_in_days": "3",
                            "tags.%": "0"
                        },
                        "meta": {},
                        "tainted": false
                    },
                    "deposed": [],
                    "provider": "provider.aws"
                }
            },
            "depends_on": []
        },
        {
            "path": [
                "root",
                "ApiGetCarsRole"
            ],
            "outputs": {
                "arn": {
                    "sensitive": false,
                    "type": "string",
                    "value": "arn:aws:iam::722431446741:role/dev_ApiGetCarsRole"
                },
                "name": {
                    "sensitive": false,
                    "type": "string",
                    "value": "dev_ApiGetCarsRole"
                }
            },
            "resources": {
                "aws_iam_policy.lambda_logging_policy": {
                    "type": "aws_iam_policy",
                    "depends_on": [
                        "data.aws_iam_policy_document.logging_policy_statement"
                    ],
                    "primary": {
                        "id": "arn:aws:iam::722431446741:policy/logging_policy_for_dev_ApiGetCarsRole",
                        "attributes": {
                            "arn": "arn:aws:iam::722431446741:policy/logging_policy_for_dev_ApiGetCarsRole",
                            "description": "Allows AWS Lambda to create and write logs",
                            "id": "arn:aws:iam::722431446741:policy/logging_policy_for_dev_ApiGetCarsRole",
                            "name": "logging_policy_for_dev_ApiGetCarsRole",
                            "path": "/",
                            "policy": "{\n  \"Version\": \"2012-10-17\",\n  \"Statement\": [\n    {\n      \"Sid\": \"\",\n      \"Effect\": \"Allow\",\n      \"Action\": [\n        \"logs:PutLogEvents\",\n        \"logs:CreateLogStream\",\n        \"logs:CreateLogGroup\"\n      ],\n      \"Resource\": \"arn:aws:logs:*:*:*\"\n    }\n  ]\n}"
                        },
                        "meta": {},
                        "tainted": false
                    },
                    "deposed": [],
                    "provider": "provider.aws"
                },
                "aws_iam_role.role": {
                    "type": "aws_iam_role",
                    "depends_on": [
                        "data.aws_iam_policy_document.lambda_policy"
                    ],
                    "primary": {
                        "id": "dev_ApiGetCarsRole",
                        "attributes": {
                            "arn": "arn:aws:iam::722431446741:role/dev_ApiGetCarsRole",
                            "assume_role_policy": "{\"Version\":\"2012-10-17\",\"Statement\":[{\"Sid\":\"\",\"Effect\":\"Allow\",\"Principal\":{\"Service\":[\"apigateway.amazonaws.com\",\"lambda.amazonaws.com\"]},\"Action\":\"sts:AssumeRole\"}]}",
                            "create_date": "2018-09-24T15:32:06Z",
                            "description": "",
                            "force_detach_policies": "false",
                            "id": "dev_ApiGetCarsRole",
                            "max_session_duration": "3600",
                            "name": "dev_ApiGetCarsRole",
                            "path": "/",
                            "unique_id": "AROAJQIJPUZ6BLFXVY4QS"
                        },
                        "meta": {},
                        "tainted": false
                    },
                    "deposed": [],
                    "provider": "provider.aws"
                },
                "aws_iam_role_policy_attachment.Attach_Logging_Role": {
                    "type": "aws_iam_role_policy_attachment",
                    "depends_on": [
                        "aws_iam_policy.lambda_logging_policy",
                        "aws_iam_role.role"
                    ],
                    "primary": {
                        "id": "dev_ApiGetCarsRole-2018092415321863650000001c",
                        "attributes": {
                            "id": "dev_ApiGetCarsRole-2018092415321863650000001c",
                            "policy_arn": "arn:aws:iam::722431446741:policy/logging_policy_for_dev_ApiGetCarsRole",
                            "role": "dev_ApiGetCarsRole"
                        },
                        "meta": {},
                        "tainted": false
                    },
                    "deposed": [],
                    "provider": "provider.aws"
                },
                "aws_iam_role_policy_attachment.Attach_VPC_Policy": {
                    "type": "aws_iam_role_policy_attachment",
                    "depends_on": [
                        "aws_iam_role.role"
                    ],
                    "primary": {
                        "id": "dev_ApiGetCarsRole-2018092415321897770000001f",
                        "attributes": {
                            "id": "dev_ApiGetCarsRole-2018092415321897770000001f",
                            "policy_arn": "arn:aws:iam::aws:policy/service-role/AWSLambdaVPCAccessExecutionRole",
                            "role": "dev_ApiGetCarsRole"
                        },
                        "meta": {},
                        "tainted": false
                    },
                    "deposed": [],
                    "provider": "provider.aws"
                },
                "data.aws_iam_policy_document.lambda_policy": {
                    "type": "aws_iam_policy_document",
                    "depends_on": [],
                    "primary": {
                        "id": "3127519745",
                        "attributes": {
                            "id": "3127519745",
                            "json": "{\n  \"Version\": \"2012-10-17\",\n  \"Statement\": [\n    {\n      \"Sid\": \"\",\n      \"Effect\": \"Allow\",\n      \"Action\": \"sts:AssumeRole\",\n      \"Principal\": {\n        \"Service\": [\n          \"lambda.amazonaws.com\",\n          \"apigateway.amazonaws.com\"\n        ]\n      }\n    }\n  ]\n}",
                            "statement.#": "1",
                            "statement.0.actions.#": "1",
                            "statement.0.actions.2528466339": "sts:AssumeRole",
                            "statement.0.condition.#": "0",
                            "statement.0.effect": "Allow",
                            "statement.0.not_actions.#": "0",
                            "statement.0.not_principals.#": "0",
                            "statement.0.not_resources.#": "0",
                            "statement.0.principals.#": "1",
                            "statement.0.principals.1632598396.identifiers.#": "2",
                            "statement.0.principals.1632598396.identifiers.1175233861": "apigateway.amazonaws.com",
                            "statement.0.principals.1632598396.identifiers.2638019528": "lambda.amazonaws.com",
                            "statement.0.principals.1632598396.type": "Service",
                            "statement.0.resources.#": "0",
                            "statement.0.sid": ""
                        },
                        "meta": {},
                        "tainted": false
                    },
                    "deposed": [],
                    "provider": "provider.aws"
                },
                "data.aws_iam_policy_document.logging_policy_statement": {
                    "type": "aws_iam_policy_document",
                    "depends_on": [],
                    "primary": {
                        "id": "4063422367",
                        "attributes": {
                            "id": "4063422367",
                            "json": "{\n  \"Version\": \"2012-10-17\",\n  \"Statement\": [\n    {\n      \"Sid\": \"\",\n      \"Effect\": \"Allow\",\n      \"Action\": [\n        \"logs:PutLogEvents\",\n        \"logs:CreateLogStream\",\n        \"logs:CreateLogGroup\"\n      ],\n      \"Resource\": \"arn:aws:logs:*:*:*\"\n    }\n  ]\n}",
                            "statement.#": "1",
                            "statement.0.actions.#": "3",
                            "statement.0.actions.2809485102": "logs:CreateLogGroup",
                            "statement.0.actions.3285979848": "logs:CreateLogStream",
                            "statement.0.actions.39743051": "logs:PutLogEvents",
                            "statement.0.condition.#": "0",
                            "statement.0.effect": "Allow",
                            "statement.0.not_actions.#": "0",
                            "statement.0.not_principals.#": "0",
                            "statement.0.not_resources.#": "0",
                            "statement.0.principals.#": "0",
                            "statement.0.resources.#": "1",
                            "statement.0.resources.162423377": "arn:aws:logs:*:*:*",
                            "statement.0.sid": ""
                        },
                        "meta": {},
                        "tainted": false
                    },
                    "deposed": [],
                    "provider": "provider.aws"
                }
            },
            "depends_on": []
        },
        {
            "path": [
                "root",
                "ApiGetPostSurveyFunction"
            ],
            "outputs": {},
            "resources": {
                "aws_cloudwatch_log_group.function": {
                    "type": "aws_cloudwatch_log_group",
                    "depends_on": [],
                    "primary": {
                        "id": "/aws/lambda/dev_ApiGetPostSurvey",
                        "attributes": {
                            "arn": "arn:aws:logs:us-west-2:722431446741:log-group:/aws/lambda/dev_ApiGetPostSurvey:*",
                            "id": "/aws/lambda/dev_ApiGetPostSurvey",
                            "kms_key_id": "",
                            "name": "/aws/lambda/dev_ApiGetPostSurvey",
                            "retention_in_days": "3",
                            "tags.%": "0"
                        },
                        "meta": {},
                        "tainted": false
                    },
                    "deposed": [],
                    "provider": "provider.aws"
                }
            },
            "depends_on": []
        },
        {
            "path": [
                "root",
                "ApiGetPostSurveyRole"
            ],
            "outputs": {
                "arn": {
                    "sensitive": false,
                    "type": "string",
                    "value": "arn:aws:iam::722431446741:role/dev_ApiGetPostSurveyRole"
                },
                "name": {
                    "sensitive": false,
                    "type": "string",
                    "value": "dev_ApiGetPostSurveyRole"
                }
            },
            "resources": {
                "aws_iam_policy.lambda_logging_policy": {
                    "type": "aws_iam_policy",
                    "depends_on": [
                        "data.aws_iam_policy_document.logging_policy_statement"
                    ],
                    "primary": {
                        "id": "arn:aws:iam::722431446741:policy/logging_policy_for_dev_ApiGetPostSurveyRole",
                        "attributes": {
                            "arn": "arn:aws:iam::722431446741:policy/logging_policy_for_dev_ApiGetPostSurveyRole",
                            "description": "Allows AWS Lambda to create and write logs",
                            "id": "arn:aws:iam::722431446741:policy/logging_policy_for_dev_ApiGetPostSurveyRole",
                            "name": "logging_policy_for_dev_ApiGetPostSurveyRole",
                            "path": "/",
                            "policy": "{\n  \"Version\": \"2012-10-17\",\n  \"Statement\": [\n    {\n      \"Sid\": \"\",\n      \"Effect\": \"Allow\",\n      \"Action\": [\n        \"logs:PutLogEvents\",\n        \"logs:CreateLogStream\",\n        \"logs:CreateLogGroup\"\n      ],\n      \"Resource\": \"arn:aws:logs:*:*:*\"\n    }\n  ]\n}"
                        },
                        "meta": {},
                        "tainted": false
                    },
                    "deposed": [],
                    "provider": "provider.aws"
                },
                "aws_iam_role.role": {
                    "type": "aws_iam_role",
                    "depends_on": [
                        "data.aws_iam_policy_document.lambda_policy"
                    ],
                    "primary": {
                        "id": "dev_ApiGetPostSurveyRole",
                        "attributes": {
                            "arn": "arn:aws:iam::722431446741:role/dev_ApiGetPostSurveyRole",
                            "assume_role_policy": "{\"Version\":\"2012-10-17\",\"Statement\":[{\"Sid\":\"\",\"Effect\":\"Allow\",\"Principal\":{\"Service\":[\"lambda.amazonaws.com\",\"apigateway.amazonaws.com\"]},\"Action\":\"sts:AssumeRole\"}]}",
                            "create_date": "2018-09-24T15:32:03Z",
                            "description": "",
                            "force_detach_policies": "false",
                            "id": "dev_ApiGetPostSurveyRole",
                            "max_session_duration": "3600",
                            "name": "dev_ApiGetPostSurveyRole",
                            "path": "/",
                            "unique_id": "AROAIQKZPH5RYS5LFCID2"
                        },
                        "meta": {},
                        "tainted": false
                    },
                    "deposed": [],
                    "provider": "provider.aws"
                },
                "aws_iam_role_policy_attachment.Attach_Logging_Role": {
                    "type": "aws_iam_role_policy_attachment",
                    "depends_on": [
                        "aws_iam_policy.lambda_logging_policy",
                        "aws_iam_role.role"
                    ],
                    "primary": {
                        "id": "dev_ApiGetPostSurveyRole-20180924153216861500000011",
                        "attributes": {
                            "id": "dev_ApiGetPostSurveyRole-20180924153216861500000011",
                            "policy_arn": "arn:aws:iam::722431446741:policy/logging_policy_for_dev_ApiGetPostSurveyRole",
                            "role": "dev_ApiGetPostSurveyRole"
                        },
                        "meta": {},
                        "tainted": false
                    },
                    "deposed": [],
                    "provider": "provider.aws"
                },
                "aws_iam_role_policy_attachment.Attach_VPC_Policy": {
                    "type": "aws_iam_role_policy_attachment",
                    "depends_on": [
                        "aws_iam_role.role"
                    ],
                    "primary": {
                        "id": "dev_ApiGetPostSurveyRole-2018092415321581290000000b",
                        "attributes": {
                            "id": "dev_ApiGetPostSurveyRole-2018092415321581290000000b",
                            "policy_arn": "arn:aws:iam::aws:policy/service-role/AWSLambdaVPCAccessExecutionRole",
                            "role": "dev_ApiGetPostSurveyRole"
                        },
                        "meta": {},
                        "tainted": false
                    },
                    "deposed": [],
                    "provider": "provider.aws"
                },
                "data.aws_iam_policy_document.lambda_policy": {
                    "type": "aws_iam_policy_document",
                    "depends_on": [],
                    "primary": {
                        "id": "3127519745",
                        "attributes": {
                            "id": "3127519745",
                            "json": "{\n  \"Version\": \"2012-10-17\",\n  \"Statement\": [\n    {\n      \"Sid\": \"\",\n      \"Effect\": \"Allow\",\n      \"Action\": \"sts:AssumeRole\",\n      \"Principal\": {\n        \"Service\": [\n          \"lambda.amazonaws.com\",\n          \"apigateway.amazonaws.com\"\n        ]\n      }\n    }\n  ]\n}",
                            "statement.#": "1",
                            "statement.0.actions.#": "1",
                            "statement.0.actions.2528466339": "sts:AssumeRole",
                            "statement.0.condition.#": "0",
                            "statement.0.effect": "Allow",
                            "statement.0.not_actions.#": "0",
                            "statement.0.not_principals.#": "0",
                            "statement.0.not_resources.#": "0",
                            "statement.0.principals.#": "1",
                            "statement.0.principals.1632598396.identifiers.#": "2",
                            "statement.0.principals.1632598396.identifiers.1175233861": "apigateway.amazonaws.com",
                            "statement.0.principals.1632598396.identifiers.2638019528": "lambda.amazonaws.com",
                            "statement.0.principals.1632598396.type": "Service",
                            "statement.0.resources.#": "0",
                            "statement.0.sid": ""
                        },
                        "meta": {},
                        "tainted": false
                    },
                    "deposed": [],
                    "provider": "provider.aws"
                },
                "data.aws_iam_policy_document.logging_policy_statement": {
                    "type": "aws_iam_policy_document",
                    "depends_on": [],
                    "primary": {
                        "id": "4063422367",
                        "attributes": {
                            "id": "4063422367",
                            "json": "{\n  \"Version\": \"2012-10-17\",\n  \"Statement\": [\n    {\n      \"Sid\": \"\",\n      \"Effect\": \"Allow\",\n      \"Action\": [\n        \"logs:PutLogEvents\",\n        \"logs:CreateLogStream\",\n        \"logs:CreateLogGroup\"\n      ],\n      \"Resource\": \"arn:aws:logs:*:*:*\"\n    }\n  ]\n}",
                            "statement.#": "1",
                            "statement.0.actions.#": "3",
                            "statement.0.actions.2809485102": "logs:CreateLogGroup",
                            "statement.0.actions.3285979848": "logs:CreateLogStream",
                            "statement.0.actions.39743051": "logs:PutLogEvents",
                            "statement.0.condition.#": "0",
                            "statement.0.effect": "Allow",
                            "statement.0.not_actions.#": "0",
                            "statement.0.not_principals.#": "0",
                            "statement.0.not_resources.#": "0",
                            "statement.0.principals.#": "0",
                            "statement.0.resources.#": "1",
                            "statement.0.resources.162423377": "arn:aws:logs:*:*:*",
                            "statement.0.sid": ""
                        },
                        "meta": {},
                        "tainted": false
                    },
                    "deposed": [],
                    "provider": "provider.aws"
                }
            },
            "depends_on": []
        },
        {
            "path": [
                "root",
                "ApiGetPreSurveyFunction"
            ],
            "outputs": {},
            "resources": {
                "aws_cloudwatch_log_group.function": {
                    "type": "aws_cloudwatch_log_group",
                    "depends_on": [],
                    "primary": {
                        "id": "/aws/lambda/dev_ApiGetPreSurvey",
                        "attributes": {
                            "arn": "arn:aws:logs:us-west-2:722431446741:log-group:/aws/lambda/dev_ApiGetPreSurvey:*",
                            "id": "/aws/lambda/dev_ApiGetPreSurvey",
                            "kms_key_id": "",
                            "name": "/aws/lambda/dev_ApiGetPreSurvey",
                            "retention_in_days": "3",
                            "tags.%": "0"
                        },
                        "meta": {},
                        "tainted": false
                    },
                    "deposed": [],
                    "provider": "provider.aws"
                }
            },
            "depends_on": []
        },
        {
            "path": [
                "root",
                "ApiGetPreSurveyRole"
            ],
            "outputs": {
                "arn": {
                    "sensitive": false,
                    "type": "string",
                    "value": "arn:aws:iam::722431446741:role/dev_ApiGetPreSurveyRole"
                },
                "name": {
                    "sensitive": false,
                    "type": "string",
                    "value": "dev_ApiGetPreSurveyRole"
                }
            },
            "resources": {
                "aws_iam_policy.lambda_logging_policy": {
                    "type": "aws_iam_policy",
                    "depends_on": [
                        "data.aws_iam_policy_document.logging_policy_statement"
                    ],
                    "primary": {
                        "id": "arn:aws:iam::722431446741:policy/logging_policy_for_dev_ApiGetPreSurveyRole",
                        "attributes": {
                            "arn": "arn:aws:iam::722431446741:policy/logging_policy_for_dev_ApiGetPreSurveyRole",
                            "description": "Allows AWS Lambda to create and write logs",
                            "id": "arn:aws:iam::722431446741:policy/logging_policy_for_dev_ApiGetPreSurveyRole",
                            "name": "logging_policy_for_dev_ApiGetPreSurveyRole",
                            "path": "/",
                            "policy": "{\n  \"Version\": \"2012-10-17\",\n  \"Statement\": [\n    {\n      \"Sid\": \"\",\n      \"Effect\": \"Allow\",\n      \"Action\": [\n        \"logs:PutLogEvents\",\n        \"logs:CreateLogStream\",\n        \"logs:CreateLogGroup\"\n      ],\n      \"Resource\": \"arn:aws:logs:*:*:*\"\n    }\n  ]\n}"
                        },
                        "meta": {},
                        "tainted": false
                    },
                    "deposed": [],
                    "provider": "provider.aws"
                },
                "aws_iam_role.role": {
                    "type": "aws_iam_role",
                    "depends_on": [
                        "data.aws_iam_policy_document.lambda_policy"
                    ],
                    "primary": {
                        "id": "dev_ApiGetPreSurveyRole",
                        "attributes": {
                            "arn": "arn:aws:iam::722431446741:role/dev_ApiGetPreSurveyRole",
                            "assume_role_policy": "{\"Version\":\"2012-10-17\",\"Statement\":[{\"Sid\":\"\",\"Effect\":\"Allow\",\"Principal\":{\"Service\":[\"lambda.amazonaws.com\",\"apigateway.amazonaws.com\"]},\"Action\":\"sts:AssumeRole\"}]}",
                            "create_date": "2018-09-24T15:32:04Z",
                            "description": "",
                            "force_detach_policies": "false",
                            "id": "dev_ApiGetPreSurveyRole",
                            "max_session_duration": "3600",
                            "name": "dev_ApiGetPreSurveyRole",
                            "path": "/",
                            "unique_id": "AROAJMP4ILDE6GKVTICXM"
                        },
                        "meta": {},
                        "tainted": false
                    },
                    "deposed": [],
                    "provider": "provider.aws"
                },
                "aws_iam_role_policy_attachment.Attach_Logging_Role": {
                    "type": "aws_iam_role_policy_attachment",
                    "depends_on": [
                        "aws_iam_policy.lambda_logging_policy",
                        "aws_iam_role.role"
                    ],
                    "primary": {
                        "id": "dev_ApiGetPreSurveyRole-20180924153217248900000015",
                        "attributes": {
                            "id": "dev_ApiGetPreSurveyRole-20180924153217248900000015",
                            "policy_arn": "arn:aws:iam::722431446741:policy/logging_policy_for_dev_ApiGetPreSurveyRole",
                            "role": "dev_ApiGetPreSurveyRole"
                        },
                        "meta": {},
                        "tainted": false
                    },
                    "deposed": [],
                    "provider": "provider.aws"
                },
                "aws_iam_role_policy_attachment.Attach_VPC_Policy": {
                    "type": "aws_iam_role_policy_attachment",
                    "depends_on": [
                        "aws_iam_role.role"
                    ],
                    "primary": {
                        "id": "dev_ApiGetPreSurveyRole-20180924153217565900000016",
                        "attributes": {
                            "id": "dev_ApiGetPreSurveyRole-20180924153217565900000016",
                            "policy_arn": "arn:aws:iam::aws:policy/service-role/AWSLambdaVPCAccessExecutionRole",
                            "role": "dev_ApiGetPreSurveyRole"
                        },
                        "meta": {},
                        "tainted": false
                    },
                    "deposed": [],
                    "provider": "provider.aws"
                },
                "data.aws_iam_policy_document.lambda_policy": {
                    "type": "aws_iam_policy_document",
                    "depends_on": [],
                    "primary": {
                        "id": "3127519745",
                        "attributes": {
                            "id": "3127519745",
                            "json": "{\n  \"Version\": \"2012-10-17\",\n  \"Statement\": [\n    {\n      \"Sid\": \"\",\n      \"Effect\": \"Allow\",\n      \"Action\": \"sts:AssumeRole\",\n      \"Principal\": {\n        \"Service\": [\n          \"lambda.amazonaws.com\",\n          \"apigateway.amazonaws.com\"\n        ]\n      }\n    }\n  ]\n}",
                            "statement.#": "1",
                            "statement.0.actions.#": "1",
                            "statement.0.actions.2528466339": "sts:AssumeRole",
                            "statement.0.condition.#": "0",
                            "statement.0.effect": "Allow",
                            "statement.0.not_actions.#": "0",
                            "statement.0.not_principals.#": "0",
                            "statement.0.not_resources.#": "0",
                            "statement.0.principals.#": "1",
                            "statement.0.principals.1632598396.identifiers.#": "2",
                            "statement.0.principals.1632598396.identifiers.1175233861": "apigateway.amazonaws.com",
                            "statement.0.principals.1632598396.identifiers.2638019528": "lambda.amazonaws.com",
                            "statement.0.principals.1632598396.type": "Service",
                            "statement.0.resources.#": "0",
                            "statement.0.sid": ""
                        },
                        "meta": {},
                        "tainted": false
                    },
                    "deposed": [],
                    "provider": "provider.aws"
                },
                "data.aws_iam_policy_document.logging_policy_statement": {
                    "type": "aws_iam_policy_document",
                    "depends_on": [],
                    "primary": {
                        "id": "4063422367",
                        "attributes": {
                            "id": "4063422367",
                            "json": "{\n  \"Version\": \"2012-10-17\",\n  \"Statement\": [\n    {\n      \"Sid\": \"\",\n      \"Effect\": \"Allow\",\n      \"Action\": [\n        \"logs:PutLogEvents\",\n        \"logs:CreateLogStream\",\n        \"logs:CreateLogGroup\"\n      ],\n      \"Resource\": \"arn:aws:logs:*:*:*\"\n    }\n  ]\n}",
                            "statement.#": "1",
                            "statement.0.actions.#": "3",
                            "statement.0.actions.2809485102": "logs:CreateLogGroup",
                            "statement.0.actions.3285979848": "logs:CreateLogStream",
                            "statement.0.actions.39743051": "logs:PutLogEvents",
                            "statement.0.condition.#": "0",
                            "statement.0.effect": "Allow",
                            "statement.0.not_actions.#": "0",
                            "statement.0.not_principals.#": "0",
                            "statement.0.not_resources.#": "0",
                            "statement.0.principals.#": "0",
                            "statement.0.resources.#": "1",
                            "statement.0.resources.162423377": "arn:aws:logs:*:*:*",
                            "statement.0.sid": ""
                        },
                        "meta": {},
                        "tainted": false
                    },
                    "deposed": [],
                    "provider": "provider.aws"
                }
            },
            "depends_on": []
        },
        {
            "path": [
                "root",
                "ApiGetScheduleFunction"
            ],
            "outputs": {},
            "resources": {
                "aws_cloudwatch_log_group.function": {
                    "type": "aws_cloudwatch_log_group",
                    "depends_on": [],
                    "primary": {
                        "id": "/aws/lambda/dev_ApiGetSchedule",
                        "attributes": {
                            "arn": "arn:aws:logs:us-west-2:722431446741:log-group:/aws/lambda/dev_ApiGetSchedule:*",
                            "id": "/aws/lambda/dev_ApiGetSchedule",
                            "kms_key_id": "",
                            "name": "/aws/lambda/dev_ApiGetSchedule",
                            "retention_in_days": "3",
                            "tags.%": "0"
                        },
                        "meta": {},
                        "tainted": false
                    },
                    "deposed": [],
                    "provider": "provider.aws"
                }
            },
            "depends_on": []
        },
        {
            "path": [
                "root",
                "ApiGetScheduleRole"
            ],
            "outputs": {
                "arn": {
                    "sensitive": false,
                    "type": "string",
                    "value": "arn:aws:iam::722431446741:role/dev_ApiGetScheduleRole"
                },
                "name": {
                    "sensitive": false,
                    "type": "string",
                    "value": "dev_ApiGetScheduleRole"
                }
            },
            "resources": {
                "aws_iam_policy.lambda_logging_policy": {
                    "type": "aws_iam_policy",
                    "depends_on": [
                        "data.aws_iam_policy_document.logging_policy_statement"
                    ],
                    "primary": {
                        "id": "arn:aws:iam::722431446741:policy/logging_policy_for_dev_ApiGetScheduleRole",
                        "attributes": {
                            "arn": "arn:aws:iam::722431446741:policy/logging_policy_for_dev_ApiGetScheduleRole",
                            "description": "Allows AWS Lambda to create and write logs",
                            "id": "arn:aws:iam::722431446741:policy/logging_policy_for_dev_ApiGetScheduleRole",
                            "name": "logging_policy_for_dev_ApiGetScheduleRole",
                            "path": "/",
                            "policy": "{\n  \"Version\": \"2012-10-17\",\n  \"Statement\": [\n    {\n      \"Sid\": \"\",\n      \"Effect\": \"Allow\",\n      \"Action\": [\n        \"logs:PutLogEvents\",\n        \"logs:CreateLogStream\",\n        \"logs:CreateLogGroup\"\n      ],\n      \"Resource\": \"arn:aws:logs:*:*:*\"\n    }\n  ]\n}"
                        },
                        "meta": {},
                        "tainted": false
                    },
                    "deposed": [],
                    "provider": "provider.aws"
                },
                "aws_iam_role.role": {
                    "type": "aws_iam_role",
                    "depends_on": [
                        "data.aws_iam_policy_document.lambda_policy"
                    ],
                    "primary": {
                        "id": "dev_ApiGetScheduleRole",
                        "attributes": {
                            "arn": "arn:aws:iam::722431446741:role/dev_ApiGetScheduleRole",
                            "assume_role_policy": "{\"Version\":\"2012-10-17\",\"Statement\":[{\"Sid\":\"\",\"Effect\":\"Allow\",\"Principal\":{\"Service\":[\"lambda.amazonaws.com\",\"apigateway.amazonaws.com\"]},\"Action\":\"sts:AssumeRole\"}]}",
                            "create_date": "2018-09-24T15:32:08Z",
                            "description": "",
                            "force_detach_policies": "false",
                            "id": "dev_ApiGetScheduleRole",
                            "max_session_duration": "3600",
                            "name": "dev_ApiGetScheduleRole",
                            "path": "/",
                            "unique_id": "AROAIHKBJ6FXE2V3XTALA"
                        },
                        "meta": {},
                        "tainted": false
                    },
                    "deposed": [],
                    "provider": "provider.aws"
                },
                "aws_iam_role_policy_attachment.Attach_Logging_Role": {
                    "type": "aws_iam_role_policy_attachment",
                    "depends_on": [
                        "aws_iam_policy.lambda_logging_policy",
                        "aws_iam_role.role"
                    ],
                    "primary": {
                        "id": "dev_ApiGetScheduleRole-20180924153219767500000024",
                        "attributes": {
                            "id": "dev_ApiGetScheduleRole-20180924153219767500000024",
                            "policy_arn": "arn:aws:iam::722431446741:policy/logging_policy_for_dev_ApiGetScheduleRole",
                            "role": "dev_ApiGetScheduleRole"
                        },
                        "meta": {},
                        "tainted": false
                    },
                    "deposed": [],
                    "provider": "provider.aws"
                },
                "aws_iam_role_policy_attachment.Attach_VPC_Policy": {
                    "type": "aws_iam_role_policy_attachment",
                    "depends_on": [
                        "aws_iam_role.role"
                    ],
                    "primary": {
                        "id": "dev_ApiGetScheduleRole-20180924153219386700000022",
                        "attributes": {
                            "id": "dev_ApiGetScheduleRole-20180924153219386700000022",
                            "policy_arn": "arn:aws:iam::aws:policy/service-role/AWSLambdaVPCAccessExecutionRole",
                            "role": "dev_ApiGetScheduleRole"
                        },
                        "meta": {},
                        "tainted": false
                    },
                    "deposed": [],
                    "provider": "provider.aws"
                },
                "data.aws_iam_policy_document.lambda_policy": {
                    "type": "aws_iam_policy_document",
                    "depends_on": [],
                    "primary": {
                        "id": "3127519745",
                        "attributes": {
                            "id": "3127519745",
                            "json": "{\n  \"Version\": \"2012-10-17\",\n  \"Statement\": [\n    {\n      \"Sid\": \"\",\n      \"Effect\": \"Allow\",\n      \"Action\": \"sts:AssumeRole\",\n      \"Principal\": {\n        \"Service\": [\n          \"lambda.amazonaws.com\",\n          \"apigateway.amazonaws.com\"\n        ]\n      }\n    }\n  ]\n}",
                            "statement.#": "1",
                            "statement.0.actions.#": "1",
                            "statement.0.actions.2528466339": "sts:AssumeRole",
                            "statement.0.condition.#": "0",
                            "statement.0.effect": "Allow",
                            "statement.0.not_actions.#": "0",
                            "statement.0.not_principals.#": "0",
                            "statement.0.not_resources.#": "0",
                            "statement.0.principals.#": "1",
                            "statement.0.principals.1632598396.identifiers.#": "2",
                            "statement.0.principals.1632598396.identifiers.1175233861": "apigateway.amazonaws.com",
                            "statement.0.principals.1632598396.identifiers.2638019528": "lambda.amazonaws.com",
                            "statement.0.principals.1632598396.type": "Service",
                            "statement.0.resources.#": "0",
                            "statement.0.sid": ""
                        },
                        "meta": {},
                        "tainted": false
                    },
                    "deposed": [],
                    "provider": "provider.aws"
                },
                "data.aws_iam_policy_document.logging_policy_statement": {
                    "type": "aws_iam_policy_document",
                    "depends_on": [],
                    "primary": {
                        "id": "4063422367",
                        "attributes": {
                            "id": "4063422367",
                            "json": "{\n  \"Version\": \"2012-10-17\",\n  \"Statement\": [\n    {\n      \"Sid\": \"\",\n      \"Effect\": \"Allow\",\n      \"Action\": [\n        \"logs:PutLogEvents\",\n        \"logs:CreateLogStream\",\n        \"logs:CreateLogGroup\"\n      ],\n      \"Resource\": \"arn:aws:logs:*:*:*\"\n    }\n  ]\n}",
                            "statement.#": "1",
                            "statement.0.actions.#": "3",
                            "statement.0.actions.2809485102": "logs:CreateLogGroup",
                            "statement.0.actions.3285979848": "logs:CreateLogStream",
                            "statement.0.actions.39743051": "logs:PutLogEvents",
                            "statement.0.condition.#": "0",
                            "statement.0.effect": "Allow",
                            "statement.0.not_actions.#": "0",
                            "statement.0.not_principals.#": "0",
                            "statement.0.not_resources.#": "0",
                            "statement.0.principals.#": "0",
                            "statement.0.resources.#": "1",
                            "statement.0.resources.162423377": "arn:aws:logs:*:*:*",
                            "statement.0.sid": ""
                        },
                        "meta": {},
                        "tainted": false
                    },
                    "deposed": [],
                    "provider": "provider.aws"
                }
            },
            "depends_on": []
        },
        {
            "path": [
                "root",
                "ApiGetScheduledDrivesFunction"
            ],
            "outputs": {},
            "resources": {
                "aws_cloudwatch_log_group.function": {
                    "type": "aws_cloudwatch_log_group",
                    "depends_on": [],
                    "primary": {
                        "id": "/aws/lambda/dev_ApiGetScheduledDrives",
                        "attributes": {
                            "arn": "arn:aws:logs:us-west-2:722431446741:log-group:/aws/lambda/dev_ApiGetScheduledDrives:*",
                            "id": "/aws/lambda/dev_ApiGetScheduledDrives",
                            "kms_key_id": "",
                            "name": "/aws/lambda/dev_ApiGetScheduledDrives",
                            "retention_in_days": "3",
                            "tags.%": "0"
                        },
                        "meta": {},
                        "tainted": false
                    },
                    "deposed": [],
                    "provider": "provider.aws"
                }
            },
            "depends_on": []
        },
        {
            "path": [
                "root",
                "ApiGetScheduledDrivesRole"
            ],
            "outputs": {
                "arn": {
                    "sensitive": false,
                    "type": "string",
                    "value": "arn:aws:iam::722431446741:role/dev_ApiGetScheduledDrivesRole"
                },
                "name": {
                    "sensitive": false,
                    "type": "string",
                    "value": "dev_ApiGetScheduledDrivesRole"
                }
            },
            "resources": {
                "aws_iam_policy.lambda_logging_policy": {
                    "type": "aws_iam_policy",
                    "depends_on": [
                        "data.aws_iam_policy_document.logging_policy_statement"
                    ],
                    "primary": {
                        "id": "arn:aws:iam::722431446741:policy/logging_policy_for_dev_ApiGetScheduledDrivesRole",
                        "attributes": {
                            "arn": "arn:aws:iam::722431446741:policy/logging_policy_for_dev_ApiGetScheduledDrivesRole",
                            "description": "Allows AWS Lambda to create and write logs",
                            "id": "arn:aws:iam::722431446741:policy/logging_policy_for_dev_ApiGetScheduledDrivesRole",
                            "name": "logging_policy_for_dev_ApiGetScheduledDrivesRole",
                            "path": "/",
                            "policy": "{\n  \"Version\": \"2012-10-17\",\n  \"Statement\": [\n    {\n      \"Sid\": \"\",\n      \"Effect\": \"Allow\",\n      \"Action\": [\n        \"logs:PutLogEvents\",\n        \"logs:CreateLogStream\",\n        \"logs:CreateLogGroup\"\n      ],\n      \"Resource\": \"arn:aws:logs:*:*:*\"\n    }\n  ]\n}"
                        },
                        "meta": {},
                        "tainted": false
                    },
                    "deposed": [],
                    "provider": "provider.aws"
                },
                "aws_iam_role.role": {
                    "type": "aws_iam_role",
                    "depends_on": [
                        "data.aws_iam_policy_document.lambda_policy"
                    ],
                    "primary": {
                        "id": "dev_ApiGetScheduledDrivesRole",
                        "attributes": {
                            "arn": "arn:aws:iam::722431446741:role/dev_ApiGetScheduledDrivesRole",
                            "assume_role_policy": "{\"Version\":\"2012-10-17\",\"Statement\":[{\"Sid\":\"\",\"Effect\":\"Allow\",\"Principal\":{\"Service\":[\"lambda.amazonaws.com\",\"apigateway.amazonaws.com\"]},\"Action\":\"sts:AssumeRole\"}]}",
                            "create_date": "2018-09-24T15:32:08Z",
                            "description": "",
                            "force_detach_policies": "false",
                            "id": "dev_ApiGetScheduledDrivesRole",
                            "max_session_duration": "3600",
                            "name": "dev_ApiGetScheduledDrivesRole",
                            "path": "/",
                            "unique_id": "AROAJ2QLPJHILWS2UUCYK"
                        },
                        "meta": {},
                        "tainted": false
                    },
                    "deposed": [],
                    "provider": "provider.aws"
                },
                "aws_iam_role_policy_attachment.Attach_Logging_Role": {
                    "type": "aws_iam_role_policy_attachment",
                    "depends_on": [
                        "aws_iam_policy.lambda_logging_policy",
                        "aws_iam_role.role"
                    ],
                    "primary": {
                        "id": "dev_ApiGetScheduledDrivesRole-20180924153219395200000023",
                        "attributes": {
                            "id": "dev_ApiGetScheduledDrivesRole-20180924153219395200000023",
                            "policy_arn": "arn:aws:iam::722431446741:policy/logging_policy_for_dev_ApiGetScheduledDrivesRole",
                            "role": "dev_ApiGetScheduledDrivesRole"
                        },
                        "meta": {},
                        "tainted": false
                    },
                    "deposed": [],
                    "provider": "provider.aws"
                },
                "aws_iam_role_policy_attachment.Attach_VPC_Policy": {
                    "type": "aws_iam_role_policy_attachment",
                    "depends_on": [
                        "aws_iam_role.role"
                    ],
                    "primary": {
                        "id": "dev_ApiGetScheduledDrivesRole-20180924153218988900000021",
                        "attributes": {
                            "id": "dev_ApiGetScheduledDrivesRole-20180924153218988900000021",
                            "policy_arn": "arn:aws:iam::aws:policy/service-role/AWSLambdaVPCAccessExecutionRole",
                            "role": "dev_ApiGetScheduledDrivesRole"
                        },
                        "meta": {},
                        "tainted": false
                    },
                    "deposed": [],
                    "provider": "provider.aws"
                },
                "data.aws_iam_policy_document.lambda_policy": {
                    "type": "aws_iam_policy_document",
                    "depends_on": [],
                    "primary": {
                        "id": "3127519745",
                        "attributes": {
                            "id": "3127519745",
                            "json": "{\n  \"Version\": \"2012-10-17\",\n  \"Statement\": [\n    {\n      \"Sid\": \"\",\n      \"Effect\": \"Allow\",\n      \"Action\": \"sts:AssumeRole\",\n      \"Principal\": {\n        \"Service\": [\n          \"lambda.amazonaws.com\",\n          \"apigateway.amazonaws.com\"\n        ]\n      }\n    }\n  ]\n}",
                            "statement.#": "1",
                            "statement.0.actions.#": "1",
                            "statement.0.actions.2528466339": "sts:AssumeRole",
                            "statement.0.condition.#": "0",
                            "statement.0.effect": "Allow",
                            "statement.0.not_actions.#": "0",
                            "statement.0.not_principals.#": "0",
                            "statement.0.not_resources.#": "0",
                            "statement.0.principals.#": "1",
                            "statement.0.principals.1632598396.identifiers.#": "2",
                            "statement.0.principals.1632598396.identifiers.1175233861": "apigateway.amazonaws.com",
                            "statement.0.principals.1632598396.identifiers.2638019528": "lambda.amazonaws.com",
                            "statement.0.principals.1632598396.type": "Service",
                            "statement.0.resources.#": "0",
                            "statement.0.sid": ""
                        },
                        "meta": {},
                        "tainted": false
                    },
                    "deposed": [],
                    "provider": "provider.aws"
                },
                "data.aws_iam_policy_document.logging_policy_statement": {
                    "type": "aws_iam_policy_document",
                    "depends_on": [],
                    "primary": {
                        "id": "4063422367",
                        "attributes": {
                            "id": "4063422367",
                            "json": "{\n  \"Version\": \"2012-10-17\",\n  \"Statement\": [\n    {\n      \"Sid\": \"\",\n      \"Effect\": \"Allow\",\n      \"Action\": [\n        \"logs:PutLogEvents\",\n        \"logs:CreateLogStream\",\n        \"logs:CreateLogGroup\"\n      ],\n      \"Resource\": \"arn:aws:logs:*:*:*\"\n    }\n  ]\n}",
                            "statement.#": "1",
                            "statement.0.actions.#": "3",
                            "statement.0.actions.2809485102": "logs:CreateLogGroup",
                            "statement.0.actions.3285979848": "logs:CreateLogStream",
                            "statement.0.actions.39743051": "logs:PutLogEvents",
                            "statement.0.condition.#": "0",
                            "statement.0.effect": "Allow",
                            "statement.0.not_actions.#": "0",
                            "statement.0.not_principals.#": "0",
                            "statement.0.not_resources.#": "0",
                            "statement.0.principals.#": "0",
                            "statement.0.resources.#": "1",
                            "statement.0.resources.162423377": "arn:aws:logs:*:*:*",
                            "statement.0.sid": ""
                        },
                        "meta": {},
                        "tainted": false
                    },
                    "deposed": [],
                    "provider": "provider.aws"
                }
            },
            "depends_on": []
        },
        {
            "path": [
                "root",
                "ApiGetTimeSlotsFunction"
            ],
            "outputs": {},
            "resources": {
                "aws_cloudwatch_log_group.function": {
                    "type": "aws_cloudwatch_log_group",
                    "depends_on": [],
                    "primary": {
                        "id": "/aws/lambda/dev_ApiGetTimeSlots",
                        "attributes": {
                            "arn": "arn:aws:logs:us-west-2:722431446741:log-group:/aws/lambda/dev_ApiGetTimeSlots:*",
                            "id": "/aws/lambda/dev_ApiGetTimeSlots",
                            "kms_key_id": "",
                            "name": "/aws/lambda/dev_ApiGetTimeSlots",
                            "retention_in_days": "3",
                            "tags.%": "0"
                        },
                        "meta": {},
                        "tainted": false
                    },
                    "deposed": [],
                    "provider": "provider.aws"
                }
            },
            "depends_on": []
        },
        {
            "path": [
                "root",
                "ApiGetTimeSlotsRole"
            ],
            "outputs": {
                "arn": {
                    "sensitive": false,
                    "type": "string",
                    "value": "arn:aws:iam::722431446741:role/dev_ApiGetTimeSlotsRole"
                },
                "name": {
                    "sensitive": false,
                    "type": "string",
                    "value": "dev_ApiGetTimeSlotsRole"
                }
            },
            "resources": {
                "aws_iam_policy.lambda_logging_policy": {
                    "type": "aws_iam_policy",
                    "depends_on": [
                        "data.aws_iam_policy_document.logging_policy_statement"
                    ],
                    "primary": {
                        "id": "arn:aws:iam::722431446741:policy/logging_policy_for_dev_ApiGetTimeSlotsRole",
                        "attributes": {
                            "arn": "arn:aws:iam::722431446741:policy/logging_policy_for_dev_ApiGetTimeSlotsRole",
                            "description": "Allows AWS Lambda to create and write logs",
                            "id": "arn:aws:iam::722431446741:policy/logging_policy_for_dev_ApiGetTimeSlotsRole",
                            "name": "logging_policy_for_dev_ApiGetTimeSlotsRole",
                            "path": "/",
                            "policy": "{\n  \"Version\": \"2012-10-17\",\n  \"Statement\": [\n    {\n      \"Sid\": \"\",\n      \"Effect\": \"Allow\",\n      \"Action\": [\n        \"logs:PutLogEvents\",\n        \"logs:CreateLogStream\",\n        \"logs:CreateLogGroup\"\n      ],\n      \"Resource\": \"arn:aws:logs:*:*:*\"\n    }\n  ]\n}"
                        },
                        "meta": {},
                        "tainted": false
                    },
                    "deposed": [],
                    "provider": "provider.aws"
                },
                "aws_iam_role.role": {
                    "type": "aws_iam_role",
                    "depends_on": [
                        "data.aws_iam_policy_document.lambda_policy"
                    ],
                    "primary": {
                        "id": "dev_ApiGetTimeSlotsRole",
                        "attributes": {
                            "arn": "arn:aws:iam::722431446741:role/dev_ApiGetTimeSlotsRole",
                            "assume_role_policy": "{\"Version\":\"2012-10-17\",\"Statement\":[{\"Sid\":\"\",\"Effect\":\"Allow\",\"Principal\":{\"Service\":[\"lambda.amazonaws.com\",\"apigateway.amazonaws.com\"]},\"Action\":\"sts:AssumeRole\"}]}",
                            "create_date": "2018-09-24T15:32:05Z",
                            "description": "",
                            "force_detach_policies": "false",
                            "id": "dev_ApiGetTimeSlotsRole",
                            "max_session_duration": "3600",
                            "name": "dev_ApiGetTimeSlotsRole",
                            "path": "/",
                            "unique_id": "AROAIJ2YMBEUZ7QAMAVGC"
                        },
                        "meta": {},
                        "tainted": false
                    },
                    "deposed": [],
                    "provider": "provider.aws"
                },
                "aws_iam_role_policy_attachment.Attach_Logging_Role": {
                    "type": "aws_iam_role_policy_attachment",
                    "depends_on": [
                        "aws_iam_policy.lambda_logging_policy",
                        "aws_iam_role.role"
                    ],
                    "primary": {
                        "id": "dev_ApiGetTimeSlotsRole-2018092415321795810000001b",
                        "attributes": {
                            "id": "dev_ApiGetTimeSlotsRole-2018092415321795810000001b",
                            "policy_arn": "arn:aws:iam::722431446741:policy/logging_policy_for_dev_ApiGetTimeSlotsRole",
                            "role": "dev_ApiGetTimeSlotsRole"
                        },
                        "meta": {},
                        "tainted": false
                    },
                    "deposed": [],
                    "provider": "provider.aws"
                },
                "aws_iam_role_policy_attachment.Attach_VPC_Policy": {
                    "type": "aws_iam_role_policy_attachment",
                    "depends_on": [
                        "aws_iam_role.role"
                    ],
                    "primary": {
                        "id": "dev_ApiGetTimeSlotsRole-20180924153217932500000019",
                        "attributes": {
                            "id": "dev_ApiGetTimeSlotsRole-20180924153217932500000019",
                            "policy_arn": "arn:aws:iam::aws:policy/service-role/AWSLambdaVPCAccessExecutionRole",
                            "role": "dev_ApiGetTimeSlotsRole"
                        },
                        "meta": {},
                        "tainted": false
                    },
                    "deposed": [],
                    "provider": "provider.aws"
                },
                "data.aws_iam_policy_document.lambda_policy": {
                    "type": "aws_iam_policy_document",
                    "depends_on": [],
                    "primary": {
                        "id": "3127519745",
                        "attributes": {
                            "id": "3127519745",
                            "json": "{\n  \"Version\": \"2012-10-17\",\n  \"Statement\": [\n    {\n      \"Sid\": \"\",\n      \"Effect\": \"Allow\",\n      \"Action\": \"sts:AssumeRole\",\n      \"Principal\": {\n        \"Service\": [\n          \"lambda.amazonaws.com\",\n          \"apigateway.amazonaws.com\"\n        ]\n      }\n    }\n  ]\n}",
                            "statement.#": "1",
                            "statement.0.actions.#": "1",
                            "statement.0.actions.2528466339": "sts:AssumeRole",
                            "statement.0.condition.#": "0",
                            "statement.0.effect": "Allow",
                            "statement.0.not_actions.#": "0",
                            "statement.0.not_principals.#": "0",
                            "statement.0.not_resources.#": "0",
                            "statement.0.principals.#": "1",
                            "statement.0.principals.1632598396.identifiers.#": "2",
                            "statement.0.principals.1632598396.identifiers.1175233861": "apigateway.amazonaws.com",
                            "statement.0.principals.1632598396.identifiers.2638019528": "lambda.amazonaws.com",
                            "statement.0.principals.1632598396.type": "Service",
                            "statement.0.resources.#": "0",
                            "statement.0.sid": ""
                        },
                        "meta": {},
                        "tainted": false
                    },
                    "deposed": [],
                    "provider": "provider.aws"
                },
                "data.aws_iam_policy_document.logging_policy_statement": {
                    "type": "aws_iam_policy_document",
                    "depends_on": [],
                    "primary": {
                        "id": "4063422367",
                        "attributes": {
                            "id": "4063422367",
                            "json": "{\n  \"Version\": \"2012-10-17\",\n  \"Statement\": [\n    {\n      \"Sid\": \"\",\n      \"Effect\": \"Allow\",\n      \"Action\": [\n        \"logs:PutLogEvents\",\n        \"logs:CreateLogStream\",\n        \"logs:CreateLogGroup\"\n      ],\n      \"Resource\": \"arn:aws:logs:*:*:*\"\n    }\n  ]\n}",
                            "statement.#": "1",
                            "statement.0.actions.#": "3",
                            "statement.0.actions.2809485102": "logs:CreateLogGroup",
                            "statement.0.actions.3285979848": "logs:CreateLogStream",
                            "statement.0.actions.39743051": "logs:PutLogEvents",
                            "statement.0.condition.#": "0",
                            "statement.0.effect": "Allow",
                            "statement.0.not_actions.#": "0",
                            "statement.0.not_principals.#": "0",
                            "statement.0.not_resources.#": "0",
                            "statement.0.principals.#": "0",
                            "statement.0.resources.#": "1",
                            "statement.0.resources.162423377": "arn:aws:logs:*:*:*",
                            "statement.0.sid": ""
                        },
                        "meta": {},
                        "tainted": false
                    },
                    "deposed": [],
                    "provider": "provider.aws"
                }
            },
            "depends_on": []
        },
        {
            "path": [
                "root",
                "ApiGetUserFunction"
            ],
            "outputs": {},
            "resources": {
                "aws_cloudwatch_log_group.function": {
                    "type": "aws_cloudwatch_log_group",
                    "depends_on": [],
                    "primary": {
                        "id": "/aws/lambda/dev_ApiGetUser",
                        "attributes": {
                            "arn": "arn:aws:logs:us-west-2:722431446741:log-group:/aws/lambda/dev_ApiGetUser:*",
                            "id": "/aws/lambda/dev_ApiGetUser",
                            "kms_key_id": "",
                            "name": "/aws/lambda/dev_ApiGetUser",
                            "retention_in_days": "3",
                            "tags.%": "0"
                        },
                        "meta": {},
                        "tainted": false
                    },
                    "deposed": [],
                    "provider": "provider.aws"
                }
            },
            "depends_on": []
        },
        {
            "path": [
                "root",
                "ApiGetUserRole"
            ],
            "outputs": {
                "arn": {
                    "sensitive": false,
                    "type": "string",
                    "value": "arn:aws:iam::722431446741:role/dev_ApiGetUserRole"
                },
                "name": {
                    "sensitive": false,
                    "type": "string",
                    "value": "dev_ApiGetUserRole"
                }
            },
            "resources": {
                "aws_iam_policy.lambda_logging_policy": {
                    "type": "aws_iam_policy",
                    "depends_on": [
                        "data.aws_iam_policy_document.logging_policy_statement"
                    ],
                    "primary": {
                        "id": "arn:aws:iam::722431446741:policy/logging_policy_for_dev_ApiGetUserRole",
                        "attributes": {
                            "arn": "arn:aws:iam::722431446741:policy/logging_policy_for_dev_ApiGetUserRole",
                            "description": "Allows AWS Lambda to create and write logs",
                            "id": "arn:aws:iam::722431446741:policy/logging_policy_for_dev_ApiGetUserRole",
                            "name": "logging_policy_for_dev_ApiGetUserRole",
                            "path": "/",
                            "policy": "{\n  \"Version\": \"2012-10-17\",\n  \"Statement\": [\n    {\n      \"Sid\": \"\",\n      \"Effect\": \"Allow\",\n      \"Action\": [\n        \"logs:PutLogEvents\",\n        \"logs:CreateLogStream\",\n        \"logs:CreateLogGroup\"\n      ],\n      \"Resource\": \"arn:aws:logs:*:*:*\"\n    }\n  ]\n}"
                        },
                        "meta": {},
                        "tainted": false
                    },
                    "deposed": [],
                    "provider": "provider.aws"
                },
                "aws_iam_role.role": {
                    "type": "aws_iam_role",
                    "depends_on": [
                        "data.aws_iam_policy_document.lambda_policy"
                    ],
                    "primary": {
                        "id": "dev_ApiGetUserRole",
                        "attributes": {
                            "arn": "arn:aws:iam::722431446741:role/dev_ApiGetUserRole",
                            "assume_role_policy": "{\"Version\":\"2012-10-17\",\"Statement\":[{\"Sid\":\"\",\"Effect\":\"Allow\",\"Principal\":{\"Service\":[\"lambda.amazonaws.com\",\"apigateway.amazonaws.com\"]},\"Action\":\"sts:AssumeRole\"}]}",
                            "create_date": "2018-09-24T15:32:04Z",
                            "description": "",
                            "force_detach_policies": "false",
                            "id": "dev_ApiGetUserRole",
                            "max_session_duration": "3600",
                            "name": "dev_ApiGetUserRole",
                            "path": "/",
                            "unique_id": "AROAIJXNULFKBBDRVV72K"
                        },
                        "meta": {},
                        "tainted": false
                    },
                    "deposed": [],
                    "provider": "provider.aws"
                },
                "aws_iam_role_policy_attachment.Attach_Logging_Role": {
                    "type": "aws_iam_role_policy_attachment",
                    "depends_on": [
                        "aws_iam_policy.lambda_logging_policy",
                        "aws_iam_role.role"
                    ],
                    "primary": {
                        "id": "dev_ApiGetUserRole-20180924153217794000000018",
                        "attributes": {
                            "id": "dev_ApiGetUserRole-20180924153217794000000018",
                            "policy_arn": "arn:aws:iam::722431446741:policy/logging_policy_for_dev_ApiGetUserRole",
                            "role": "dev_ApiGetUserRole"
                        },
                        "meta": {},
                        "tainted": false
                    },
                    "deposed": [],
                    "provider": "provider.aws"
                },
                "aws_iam_role_policy_attachment.Attach_VPC_Policy": {
                    "type": "aws_iam_role_policy_attachment",
                    "depends_on": [
                        "aws_iam_role.role"
                    ],
                    "primary": {
                        "id": "dev_ApiGetUserRole-20180924153216864500000014",
                        "attributes": {
                            "id": "dev_ApiGetUserRole-20180924153216864500000014",
                            "policy_arn": "arn:aws:iam::aws:policy/service-role/AWSLambdaVPCAccessExecutionRole",
                            "role": "dev_ApiGetUserRole"
                        },
                        "meta": {},
                        "tainted": false
                    },
                    "deposed": [],
                    "provider": "provider.aws"
                },
                "data.aws_iam_policy_document.lambda_policy": {
                    "type": "aws_iam_policy_document",
                    "depends_on": [],
                    "primary": {
                        "id": "3127519745",
                        "attributes": {
                            "id": "3127519745",
                            "json": "{\n  \"Version\": \"2012-10-17\",\n  \"Statement\": [\n    {\n      \"Sid\": \"\",\n      \"Effect\": \"Allow\",\n      \"Action\": \"sts:AssumeRole\",\n      \"Principal\": {\n        \"Service\": [\n          \"lambda.amazonaws.com\",\n          \"apigateway.amazonaws.com\"\n        ]\n      }\n    }\n  ]\n}",
                            "statement.#": "1",
                            "statement.0.actions.#": "1",
                            "statement.0.actions.2528466339": "sts:AssumeRole",
                            "statement.0.condition.#": "0",
                            "statement.0.effect": "Allow",
                            "statement.0.not_actions.#": "0",
                            "statement.0.not_principals.#": "0",
                            "statement.0.not_resources.#": "0",
                            "statement.0.principals.#": "1",
                            "statement.0.principals.1632598396.identifiers.#": "2",
                            "statement.0.principals.1632598396.identifiers.1175233861": "apigateway.amazonaws.com",
                            "statement.0.principals.1632598396.identifiers.2638019528": "lambda.amazonaws.com",
                            "statement.0.principals.1632598396.type": "Service",
                            "statement.0.resources.#": "0",
                            "statement.0.sid": ""
                        },
                        "meta": {},
                        "tainted": false
                    },
                    "deposed": [],
                    "provider": "provider.aws"
                },
                "data.aws_iam_policy_document.logging_policy_statement": {
                    "type": "aws_iam_policy_document",
                    "depends_on": [],
                    "primary": {
                        "id": "4063422367",
                        "attributes": {
                            "id": "4063422367",
                            "json": "{\n  \"Version\": \"2012-10-17\",\n  \"Statement\": [\n    {\n      \"Sid\": \"\",\n      \"Effect\": \"Allow\",\n      \"Action\": [\n        \"logs:PutLogEvents\",\n        \"logs:CreateLogStream\",\n        \"logs:CreateLogGroup\"\n      ],\n      \"Resource\": \"arn:aws:logs:*:*:*\"\n    }\n  ]\n}",
                            "statement.#": "1",
                            "statement.0.actions.#": "3",
                            "statement.0.actions.2809485102": "logs:CreateLogGroup",
                            "statement.0.actions.3285979848": "logs:CreateLogStream",
                            "statement.0.actions.39743051": "logs:PutLogEvents",
                            "statement.0.condition.#": "0",
                            "statement.0.effect": "Allow",
                            "statement.0.not_actions.#": "0",
                            "statement.0.not_principals.#": "0",
                            "statement.0.not_resources.#": "0",
                            "statement.0.principals.#": "0",
                            "statement.0.resources.#": "1",
                            "statement.0.resources.162423377": "arn:aws:logs:*:*:*",
                            "statement.0.sid": ""
                        },
                        "meta": {},
                        "tainted": false
                    },
                    "deposed": [],
                    "provider": "provider.aws"
                }
            },
            "depends_on": []
        },
        {
            "path": [
                "root",
                "ApiSaveSurveyFunction"
            ],
            "outputs": {},
            "resources": {
                "aws_cloudwatch_log_group.function": {
                    "type": "aws_cloudwatch_log_group",
                    "depends_on": [],
                    "primary": {
                        "id": "/aws/lambda/dev_ApiSaveSurvey",
                        "attributes": {
                            "arn": "arn:aws:logs:us-west-2:722431446741:log-group:/aws/lambda/dev_ApiSaveSurvey:*",
                            "id": "/aws/lambda/dev_ApiSaveSurvey",
                            "kms_key_id": "",
                            "name": "/aws/lambda/dev_ApiSaveSurvey",
                            "retention_in_days": "3",
                            "tags.%": "0"
                        },
                        "meta": {},
                        "tainted": false
                    },
                    "deposed": [],
                    "provider": "provider.aws"
                }
            },
            "depends_on": []
        },
        {
            "path": [
                "root",
                "ApiSaveSurveyRole"
            ],
            "outputs": {
                "arn": {
                    "sensitive": false,
                    "type": "string",
                    "value": "arn:aws:iam::722431446741:role/dev_ApiSaveSurveyRole"
                },
                "name": {
                    "sensitive": false,
                    "type": "string",
                    "value": "dev_ApiSaveSurveyRole"
                }
            },
            "resources": {
                "aws_iam_policy.lambda_logging_policy": {
                    "type": "aws_iam_policy",
                    "depends_on": [
                        "data.aws_iam_policy_document.logging_policy_statement"
                    ],
                    "primary": {
                        "id": "arn:aws:iam::722431446741:policy/logging_policy_for_dev_ApiSaveSurveyRole",
                        "attributes": {
                            "arn": "arn:aws:iam::722431446741:policy/logging_policy_for_dev_ApiSaveSurveyRole",
                            "description": "Allows AWS Lambda to create and write logs",
                            "id": "arn:aws:iam::722431446741:policy/logging_policy_for_dev_ApiSaveSurveyRole",
                            "name": "logging_policy_for_dev_ApiSaveSurveyRole",
                            "path": "/",
                            "policy": "{\n  \"Version\": \"2012-10-17\",\n  \"Statement\": [\n    {\n      \"Sid\": \"\",\n      \"Effect\": \"Allow\",\n      \"Action\": [\n        \"logs:PutLogEvents\",\n        \"logs:CreateLogStream\",\n        \"logs:CreateLogGroup\"\n      ],\n      \"Resource\": \"arn:aws:logs:*:*:*\"\n    }\n  ]\n}"
                        },
                        "meta": {},
                        "tainted": false
                    },
                    "deposed": [],
                    "provider": "provider.aws"
                },
                "aws_iam_role.role": {
                    "type": "aws_iam_role",
                    "depends_on": [
                        "data.aws_iam_policy_document.lambda_policy"
                    ],
                    "primary": {
                        "id": "dev_ApiSaveSurveyRole",
                        "attributes": {
                            "arn": "arn:aws:iam::722431446741:role/dev_ApiSaveSurveyRole",
                            "assume_role_policy": "{\"Version\":\"2012-10-17\",\"Statement\":[{\"Sid\":\"\",\"Effect\":\"Allow\",\"Principal\":{\"Service\":[\"lambda.amazonaws.com\",\"apigateway.amazonaws.com\"]},\"Action\":\"sts:AssumeRole\"}]}",
                            "create_date": "2018-09-24T15:31:58Z",
                            "description": "",
                            "force_detach_policies": "false",
                            "id": "dev_ApiSaveSurveyRole",
                            "max_session_duration": "3600",
                            "name": "dev_ApiSaveSurveyRole",
                            "path": "/",
                            "unique_id": "AROAI5YK5HTT374Y4KPAU"
                        },
                        "meta": {},
                        "tainted": false
                    },
                    "deposed": [],
                    "provider": "provider.aws"
                },
                "aws_iam_role_policy_attachment.Attach_Logging_Role": {
                    "type": "aws_iam_role_policy_attachment",
                    "depends_on": [
                        "aws_iam_policy.lambda_logging_policy",
                        "aws_iam_role.role"
                    ],
                    "primary": {
                        "id": "dev_ApiSaveSurveyRole-20180924153217781700000017",
                        "attributes": {
                            "id": "dev_ApiSaveSurveyRole-20180924153217781700000017",
                            "policy_arn": "arn:aws:iam::722431446741:policy/logging_policy_for_dev_ApiSaveSurveyRole",
                            "role": "dev_ApiSaveSurveyRole"
                        },
                        "meta": {},
                        "tainted": false
                    },
                    "deposed": [],
                    "provider": "provider.aws"
                },
                "aws_iam_role_policy_attachment.Attach_VPC_Policy": {
                    "type": "aws_iam_role_policy_attachment",
                    "depends_on": [
                        "aws_iam_role.role"
                    ],
                    "primary": {
                        "id": "dev_ApiSaveSurveyRole-20180924153214987100000003",
                        "attributes": {
                            "id": "dev_ApiSaveSurveyRole-20180924153214987100000003",
                            "policy_arn": "arn:aws:iam::aws:policy/service-role/AWSLambdaVPCAccessExecutionRole",
                            "role": "dev_ApiSaveSurveyRole"
                        },
                        "meta": {},
                        "tainted": false
                    },
                    "deposed": [],
                    "provider": "provider.aws"
                },
                "data.aws_iam_policy_document.lambda_policy": {
                    "type": "aws_iam_policy_document",
                    "depends_on": [],
                    "primary": {
                        "id": "3127519745",
                        "attributes": {
                            "id": "3127519745",
                            "json": "{\n  \"Version\": \"2012-10-17\",\n  \"Statement\": [\n    {\n      \"Sid\": \"\",\n      \"Effect\": \"Allow\",\n      \"Action\": \"sts:AssumeRole\",\n      \"Principal\": {\n        \"Service\": [\n          \"lambda.amazonaws.com\",\n          \"apigateway.amazonaws.com\"\n        ]\n      }\n    }\n  ]\n}",
                            "statement.#": "1",
                            "statement.0.actions.#": "1",
                            "statement.0.actions.2528466339": "sts:AssumeRole",
                            "statement.0.condition.#": "0",
                            "statement.0.effect": "Allow",
                            "statement.0.not_actions.#": "0",
                            "statement.0.not_principals.#": "0",
                            "statement.0.not_resources.#": "0",
                            "statement.0.principals.#": "1",
                            "statement.0.principals.1632598396.identifiers.#": "2",
                            "statement.0.principals.1632598396.identifiers.1175233861": "apigateway.amazonaws.com",
                            "statement.0.principals.1632598396.identifiers.2638019528": "lambda.amazonaws.com",
                            "statement.0.principals.1632598396.type": "Service",
                            "statement.0.resources.#": "0",
                            "statement.0.sid": ""
                        },
                        "meta": {},
                        "tainted": false
                    },
                    "deposed": [],
                    "provider": "provider.aws"
                },
                "data.aws_iam_policy_document.logging_policy_statement": {
                    "type": "aws_iam_policy_document",
                    "depends_on": [],
                    "primary": {
                        "id": "4063422367",
                        "attributes": {
                            "id": "4063422367",
                            "json": "{\n  \"Version\": \"2012-10-17\",\n  \"Statement\": [\n    {\n      \"Sid\": \"\",\n      \"Effect\": \"Allow\",\n      \"Action\": [\n        \"logs:PutLogEvents\",\n        \"logs:CreateLogStream\",\n        \"logs:CreateLogGroup\"\n      ],\n      \"Resource\": \"arn:aws:logs:*:*:*\"\n    }\n  ]\n}",
                            "statement.#": "1",
                            "statement.0.actions.#": "3",
                            "statement.0.actions.2809485102": "logs:CreateLogGroup",
                            "statement.0.actions.3285979848": "logs:CreateLogStream",
                            "statement.0.actions.39743051": "logs:PutLogEvents",
                            "statement.0.condition.#": "0",
                            "statement.0.effect": "Allow",
                            "statement.0.not_actions.#": "0",
                            "statement.0.not_principals.#": "0",
                            "statement.0.not_resources.#": "0",
                            "statement.0.principals.#": "0",
                            "statement.0.resources.#": "1",
                            "statement.0.resources.162423377": "arn:aws:logs:*:*:*",
                            "statement.0.sid": ""
                        },
                        "meta": {},
                        "tainted": false
                    },
                    "deposed": [],
                    "provider": "provider.aws"
                }
            },
            "depends_on": []
        },
        {
            "path": [
                "root",
                "ApiSaveUserFunction"
            ],
            "outputs": {},
            "resources": {
                "aws_cloudwatch_log_group.function": {
                    "type": "aws_cloudwatch_log_group",
                    "depends_on": [],
                    "primary": {
                        "id": "/aws/lambda/dev_ApiSaveUser",
                        "attributes": {
                            "arn": "arn:aws:logs:us-west-2:722431446741:log-group:/aws/lambda/dev_ApiSaveUser:*",
                            "id": "/aws/lambda/dev_ApiSaveUser",
                            "kms_key_id": "",
                            "name": "/aws/lambda/dev_ApiSaveUser",
                            "retention_in_days": "3",
                            "tags.%": "0"
                        },
                        "meta": {},
                        "tainted": false
                    },
                    "deposed": [],
                    "provider": "provider.aws"
                }
            },
            "depends_on": []
        },
        {
            "path": [
                "root",
                "ApiSaveUserRole"
            ],
            "outputs": {
                "arn": {
                    "sensitive": false,
                    "type": "string",
                    "value": "arn:aws:iam::722431446741:role/dev_ApiSaveUserRole"
                },
                "name": {
                    "sensitive": false,
                    "type": "string",
                    "value": "dev_ApiSaveUserRole"
                }
            },
            "resources": {
                "aws_iam_policy.lambda_logging_policy": {
                    "type": "aws_iam_policy",
                    "depends_on": [
                        "data.aws_iam_policy_document.logging_policy_statement"
                    ],
                    "primary": {
                        "id": "arn:aws:iam::722431446741:policy/logging_policy_for_dev_ApiSaveUserRole",
                        "attributes": {
                            "arn": "arn:aws:iam::722431446741:policy/logging_policy_for_dev_ApiSaveUserRole",
                            "description": "Allows AWS Lambda to create and write logs",
                            "id": "arn:aws:iam::722431446741:policy/logging_policy_for_dev_ApiSaveUserRole",
                            "name": "logging_policy_for_dev_ApiSaveUserRole",
                            "path": "/",
                            "policy": "{\n  \"Version\": \"2012-10-17\",\n  \"Statement\": [\n    {\n      \"Sid\": \"\",\n      \"Effect\": \"Allow\",\n      \"Action\": [\n        \"logs:PutLogEvents\",\n        \"logs:CreateLogStream\",\n        \"logs:CreateLogGroup\"\n      ],\n      \"Resource\": \"arn:aws:logs:*:*:*\"\n    }\n  ]\n}"
                        },
                        "meta": {},
                        "tainted": false
                    },
                    "deposed": [],
                    "provider": "provider.aws"
                },
                "aws_iam_role.role": {
                    "type": "aws_iam_role",
                    "depends_on": [
                        "data.aws_iam_policy_document.lambda_policy"
                    ],
                    "primary": {
                        "id": "dev_ApiSaveUserRole",
                        "attributes": {
                            "arn": "arn:aws:iam::722431446741:role/dev_ApiSaveUserRole",
                            "assume_role_policy": "{\"Version\":\"2012-10-17\",\"Statement\":[{\"Sid\":\"\",\"Effect\":\"Allow\",\"Principal\":{\"Service\":[\"lambda.amazonaws.com\",\"apigateway.amazonaws.com\"]},\"Action\":\"sts:AssumeRole\"}]}",
                            "create_date": "2018-09-24T15:32:07Z",
                            "description": "",
                            "force_detach_policies": "false",
                            "id": "dev_ApiSaveUserRole",
                            "max_session_duration": "3600",
                            "name": "dev_ApiSaveUserRole",
                            "path": "/",
                            "unique_id": "AROAJGXN3P6ITZ7O2VZGQ"
                        },
                        "meta": {},
                        "tainted": false
                    },
                    "deposed": [],
                    "provider": "provider.aws"
                },
                "aws_iam_role_policy_attachment.Attach_Logging_Role": {
                    "type": "aws_iam_role_policy_attachment",
                    "depends_on": [
                        "aws_iam_policy.lambda_logging_policy",
                        "aws_iam_role.role"
                    ],
                    "primary": {
                        "id": "dev_ApiSaveUserRole-20180924153218985900000020",
                        "attributes": {
                            "id": "dev_ApiSaveUserRole-20180924153218985900000020",
                            "policy_arn": "arn:aws:iam::722431446741:policy/logging_policy_for_dev_ApiSaveUserRole",
                            "role": "dev_ApiSaveUserRole"
                        },
                        "meta": {},
                        "tainted": false
                    },
                    "deposed": [],
                    "provider": "provider.aws"
                },
                "aws_iam_role_policy_attachment.Attach_VPC_Policy": {
                    "type": "aws_iam_role_policy_attachment",
                    "depends_on": [
                        "aws_iam_role.role"
                    ],
                    "primary": {
                        "id": "dev_ApiSaveUserRole-2018092415321897760000001e",
                        "attributes": {
                            "id": "dev_ApiSaveUserRole-2018092415321897760000001e",
                            "policy_arn": "arn:aws:iam::aws:policy/service-role/AWSLambdaVPCAccessExecutionRole",
                            "role": "dev_ApiSaveUserRole"
                        },
                        "meta": {},
                        "tainted": false
                    },
                    "deposed": [],
                    "provider": "provider.aws"
                },
                "data.aws_iam_policy_document.lambda_policy": {
                    "type": "aws_iam_policy_document",
                    "depends_on": [],
                    "primary": {
                        "id": "3127519745",
                        "attributes": {
                            "id": "3127519745",
                            "json": "{\n  \"Version\": \"2012-10-17\",\n  \"Statement\": [\n    {\n      \"Sid\": \"\",\n      \"Effect\": \"Allow\",\n      \"Action\": \"sts:AssumeRole\",\n      \"Principal\": {\n        \"Service\": [\n          \"lambda.amazonaws.com\",\n          \"apigateway.amazonaws.com\"\n        ]\n      }\n    }\n  ]\n}",
                            "statement.#": "1",
                            "statement.0.actions.#": "1",
                            "statement.0.actions.2528466339": "sts:AssumeRole",
                            "statement.0.condition.#": "0",
                            "statement.0.effect": "Allow",
                            "statement.0.not_actions.#": "0",
                            "statement.0.not_principals.#": "0",
                            "statement.0.not_resources.#": "0",
                            "statement.0.principals.#": "1",
                            "statement.0.principals.1632598396.identifiers.#": "2",
                            "statement.0.principals.1632598396.identifiers.1175233861": "apigateway.amazonaws.com",
                            "statement.0.principals.1632598396.identifiers.2638019528": "lambda.amazonaws.com",
                            "statement.0.principals.1632598396.type": "Service",
                            "statement.0.resources.#": "0",
                            "statement.0.sid": ""
                        },
                        "meta": {},
                        "tainted": false
                    },
                    "deposed": [],
                    "provider": "provider.aws"
                },
                "data.aws_iam_policy_document.logging_policy_statement": {
                    "type": "aws_iam_policy_document",
                    "depends_on": [],
                    "primary": {
                        "id": "4063422367",
                        "attributes": {
                            "id": "4063422367",
                            "json": "{\n  \"Version\": \"2012-10-17\",\n  \"Statement\": [\n    {\n      \"Sid\": \"\",\n      \"Effect\": \"Allow\",\n      \"Action\": [\n        \"logs:PutLogEvents\",\n        \"logs:CreateLogStream\",\n        \"logs:CreateLogGroup\"\n      ],\n      \"Resource\": \"arn:aws:logs:*:*:*\"\n    }\n  ]\n}",
                            "statement.#": "1",
                            "statement.0.actions.#": "3",
                            "statement.0.actions.2809485102": "logs:CreateLogGroup",
                            "statement.0.actions.3285979848": "logs:CreateLogStream",
                            "statement.0.actions.39743051": "logs:PutLogEvents",
                            "statement.0.condition.#": "0",
                            "statement.0.effect": "Allow",
                            "statement.0.not_actions.#": "0",
                            "statement.0.not_principals.#": "0",
                            "statement.0.not_resources.#": "0",
                            "statement.0.principals.#": "0",
                            "statement.0.resources.#": "1",
                            "statement.0.resources.162423377": "arn:aws:logs:*:*:*",
                            "statement.0.sid": ""
                        },
                        "meta": {},
                        "tainted": false
                    },
                    "deposed": [],
                    "provider": "provider.aws"
                }
            },
            "depends_on": []
        },
        {
            "path": [
                "root",
                "ApiScheduleDriveFunction"
            ],
            "outputs": {},
            "resources": {
                "aws_cloudwatch_log_group.function": {
                    "type": "aws_cloudwatch_log_group",
                    "depends_on": [],
                    "primary": {
                        "id": "/aws/lambda/dev_ApiScheduleDrive",
                        "attributes": {
                            "arn": "arn:aws:logs:us-west-2:722431446741:log-group:/aws/lambda/dev_ApiScheduleDrive:*",
                            "id": "/aws/lambda/dev_ApiScheduleDrive",
                            "kms_key_id": "",
                            "name": "/aws/lambda/dev_ApiScheduleDrive",
                            "retention_in_days": "3",
                            "tags.%": "0"
                        },
                        "meta": {},
                        "tainted": false
                    },
                    "deposed": [],
                    "provider": "provider.aws"
                }
            },
            "depends_on": []
        },
        {
            "path": [
                "root",
                "ApiScheduleDriveRole"
            ],
            "outputs": {
                "arn": {
                    "sensitive": false,
                    "type": "string",
                    "value": "arn:aws:iam::722431446741:role/dev_ApiScheduleDriveRole"
                },
                "name": {
                    "sensitive": false,
                    "type": "string",
                    "value": "dev_ApiScheduleDriveRole"
                }
            },
            "resources": {
                "aws_iam_policy.lambda_logging_policy": {
                    "type": "aws_iam_policy",
                    "depends_on": [
                        "data.aws_iam_policy_document.logging_policy_statement"
                    ],
                    "primary": {
                        "id": "arn:aws:iam::722431446741:policy/logging_policy_for_dev_ApiScheduleDriveRole",
                        "attributes": {
                            "arn": "arn:aws:iam::722431446741:policy/logging_policy_for_dev_ApiScheduleDriveRole",
                            "description": "Allows AWS Lambda to create and write logs",
                            "id": "arn:aws:iam::722431446741:policy/logging_policy_for_dev_ApiScheduleDriveRole",
                            "name": "logging_policy_for_dev_ApiScheduleDriveRole",
                            "path": "/",
                            "policy": "{\n  \"Version\": \"2012-10-17\",\n  \"Statement\": [\n    {\n      \"Sid\": \"\",\n      \"Effect\": \"Allow\",\n      \"Action\": [\n        \"logs:PutLogEvents\",\n        \"logs:CreateLogStream\",\n        \"logs:CreateLogGroup\"\n      ],\n      \"Resource\": \"arn:aws:logs:*:*:*\"\n    }\n  ]\n}"
                        },
                        "meta": {},
                        "tainted": false
                    },
                    "deposed": [],
                    "provider": "provider.aws"
                },
                "aws_iam_role.role": {
                    "type": "aws_iam_role",
                    "depends_on": [
                        "data.aws_iam_policy_document.lambda_policy"
                    ],
                    "primary": {
                        "id": "dev_ApiScheduleDriveRole",
                        "attributes": {
                            "arn": "arn:aws:iam::722431446741:role/dev_ApiScheduleDriveRole",
                            "assume_role_policy": "{\"Version\":\"2012-10-17\",\"Statement\":[{\"Sid\":\"\",\"Effect\":\"Allow\",\"Principal\":{\"Service\":[\"lambda.amazonaws.com\",\"apigateway.amazonaws.com\"]},\"Action\":\"sts:AssumeRole\"}]}",
                            "create_date": "2018-09-24T15:31:58Z",
                            "description": "",
                            "force_detach_policies": "false",
                            "id": "dev_ApiScheduleDriveRole",
                            "max_session_duration": "3600",
                            "name": "dev_ApiScheduleDriveRole",
                            "path": "/",
                            "unique_id": "AROAIFDVRKRGQES6EDHOA"
                        },
                        "meta": {},
                        "tainted": false
                    },
                    "deposed": [],
                    "provider": "provider.aws"
                },
                "aws_iam_role_policy_attachment.Attach_Logging_Role": {
                    "type": "aws_iam_role_policy_attachment",
                    "depends_on": [
                        "aws_iam_policy.lambda_logging_policy",
                        "aws_iam_role.role"
                    ],
                    "primary": {
                        "id": "dev_ApiScheduleDriveRole-20180924153216864500000013",
                        "attributes": {
                            "id": "dev_ApiScheduleDriveRole-20180924153216864500000013",
                            "policy_arn": "arn:aws:iam::722431446741:policy/logging_policy_for_dev_ApiScheduleDriveRole",
                            "role": "dev_ApiScheduleDriveRole"
                        },
                        "meta": {},
                        "tainted": false
                    },
                    "deposed": [],
                    "provider": "provider.aws"
                },
                "aws_iam_role_policy_attachment.Attach_VPC_Policy": {
                    "type": "aws_iam_role_policy_attachment",
                    "depends_on": [
                        "aws_iam_role.role"
                    ],
                    "primary": {
                        "id": "dev_ApiScheduleDriveRole-20180924153209680600000002",
                        "attributes": {
                            "id": "dev_ApiScheduleDriveRole-20180924153209680600000002",
                            "policy_arn": "arn:aws:iam::aws:policy/service-role/AWSLambdaVPCAccessExecutionRole",
                            "role": "dev_ApiScheduleDriveRole"
                        },
                        "meta": {},
                        "tainted": false
                    },
                    "deposed": [],
                    "provider": "provider.aws"
                },
                "data.aws_iam_policy_document.lambda_policy": {
                    "type": "aws_iam_policy_document",
                    "depends_on": [],
                    "primary": {
                        "id": "3127519745",
                        "attributes": {
                            "id": "3127519745",
                            "json": "{\n  \"Version\": \"2012-10-17\",\n  \"Statement\": [\n    {\n      \"Sid\": \"\",\n      \"Effect\": \"Allow\",\n      \"Action\": \"sts:AssumeRole\",\n      \"Principal\": {\n        \"Service\": [\n          \"lambda.amazonaws.com\",\n          \"apigateway.amazonaws.com\"\n        ]\n      }\n    }\n  ]\n}",
                            "statement.#": "1",
                            "statement.0.actions.#": "1",
                            "statement.0.actions.2528466339": "sts:AssumeRole",
                            "statement.0.condition.#": "0",
                            "statement.0.effect": "Allow",
                            "statement.0.not_actions.#": "0",
                            "statement.0.not_principals.#": "0",
                            "statement.0.not_resources.#": "0",
                            "statement.0.principals.#": "1",
                            "statement.0.principals.1632598396.identifiers.#": "2",
                            "statement.0.principals.1632598396.identifiers.1175233861": "apigateway.amazonaws.com",
                            "statement.0.principals.1632598396.identifiers.2638019528": "lambda.amazonaws.com",
                            "statement.0.principals.1632598396.type": "Service",
                            "statement.0.resources.#": "0",
                            "statement.0.sid": ""
                        },
                        "meta": {},
                        "tainted": false
                    },
                    "deposed": [],
                    "provider": "provider.aws"
                },
                "data.aws_iam_policy_document.logging_policy_statement": {
                    "type": "aws_iam_policy_document",
                    "depends_on": [],
                    "primary": {
                        "id": "4063422367",
                        "attributes": {
                            "id": "4063422367",
                            "json": "{\n  \"Version\": \"2012-10-17\",\n  \"Statement\": [\n    {\n      \"Sid\": \"\",\n      \"Effect\": \"Allow\",\n      \"Action\": [\n        \"logs:PutLogEvents\",\n        \"logs:CreateLogStream\",\n        \"logs:CreateLogGroup\"\n      ],\n      \"Resource\": \"arn:aws:logs:*:*:*\"\n    }\n  ]\n}",
                            "statement.#": "1",
                            "statement.0.actions.#": "3",
                            "statement.0.actions.2809485102": "logs:CreateLogGroup",
                            "statement.0.actions.3285979848": "logs:CreateLogStream",
                            "statement.0.actions.39743051": "logs:PutLogEvents",
                            "statement.0.condition.#": "0",
                            "statement.0.effect": "Allow",
                            "statement.0.not_actions.#": "0",
                            "statement.0.not_principals.#": "0",
                            "statement.0.not_resources.#": "0",
                            "statement.0.principals.#": "0",
                            "statement.0.resources.#": "1",
                            "statement.0.resources.162423377": "arn:aws:logs:*:*:*",
                            "statement.0.sid": ""
                        },
                        "meta": {},
                        "tainted": false
                    },
                    "deposed": [],
                    "provider": "provider.aws"
                }
            },
            "depends_on": []
        },
        {
            "path": [
                "root",
                "ApiTestingAuthFunction"
            ],
            "outputs": {},
            "resources": {
                "aws_cloudwatch_log_group.function": {
                    "type": "aws_cloudwatch_log_group",
                    "depends_on": [],
                    "primary": {
                        "id": "/aws/lambda/dev_ApiTestingAuth",
                        "attributes": {
                            "arn": "arn:aws:logs:us-west-2:722431446741:log-group:/aws/lambda/dev_ApiTestingAuth:*",
                            "id": "/aws/lambda/dev_ApiTestingAuth",
                            "kms_key_id": "",
                            "name": "/aws/lambda/dev_ApiTestingAuth",
                            "retention_in_days": "3",
                            "tags.%": "0"
                        },
                        "meta": {},
                        "tainted": false
                    },
                    "deposed": [],
                    "provider": "provider.aws"
                }
            },
            "depends_on": []
        },
        {
            "path": [
                "root",
                "ApiTestingAuthRole"
            ],
            "outputs": {
                "arn": {
                    "sensitive": false,
                    "type": "string",
                    "value": "arn:aws:iam::722431446741:role/dev_ApiTestingAuthRole"
                },
                "name": {
                    "sensitive": false,
                    "type": "string",
                    "value": "dev_ApiTestingAuthRole"
                }
            },
            "resources": {
                "aws_iam_policy.lambda_logging_policy": {
                    "type": "aws_iam_policy",
                    "depends_on": [
                        "data.aws_iam_policy_document.logging_policy_statement"
                    ],
                    "primary": {
                        "id": "arn:aws:iam::722431446741:policy/logging_policy_for_dev_ApiTestingAuthRole",
                        "attributes": {
                            "arn": "arn:aws:iam::722431446741:policy/logging_policy_for_dev_ApiTestingAuthRole",
                            "description": "Allows AWS Lambda to create and write logs",
                            "id": "arn:aws:iam::722431446741:policy/logging_policy_for_dev_ApiTestingAuthRole",
                            "name": "logging_policy_for_dev_ApiTestingAuthRole",
                            "path": "/",
                            "policy": "{\n  \"Version\": \"2012-10-17\",\n  \"Statement\": [\n    {\n      \"Sid\": \"\",\n      \"Effect\": \"Allow\",\n      \"Action\": [\n        \"logs:PutLogEvents\",\n        \"logs:CreateLogStream\",\n        \"logs:CreateLogGroup\"\n      ],\n      \"Resource\": \"arn:aws:logs:*:*:*\"\n    }\n  ]\n}"
                        },
                        "meta": {},
                        "tainted": false
                    },
                    "deposed": [],
                    "provider": "provider.aws"
                },
                "aws_iam_role.role": {
                    "type": "aws_iam_role",
                    "depends_on": [
                        "data.aws_iam_policy_document.lambda_policy"
                    ],
                    "primary": {
                        "id": "dev_ApiTestingAuthRole",
                        "attributes": {
                            "arn": "arn:aws:iam::722431446741:role/dev_ApiTestingAuthRole",
                            "assume_role_policy": "{\"Version\":\"2012-10-17\",\"Statement\":[{\"Sid\":\"\",\"Effect\":\"Allow\",\"Principal\":{\"Service\":[\"lambda.amazonaws.com\",\"apigateway.amazonaws.com\"]},\"Action\":\"sts:AssumeRole\"}]}",
                            "create_date": "2018-09-24T15:31:58Z",
                            "description": "",
                            "force_detach_policies": "false",
                            "id": "dev_ApiTestingAuthRole",
                            "max_session_duration": "3600",
                            "name": "dev_ApiTestingAuthRole",
                            "path": "/",
                            "unique_id": "AROAJRUYVLBNPTXOKR3IY"
                        },
                        "meta": {},
                        "tainted": false
                    },
                    "deposed": [],
                    "provider": "provider.aws"
                },
                "aws_iam_role_policy_attachment.Attach_Logging_Role": {
                    "type": "aws_iam_role_policy_attachment",
                    "depends_on": [
                        "aws_iam_policy.lambda_logging_policy",
                        "aws_iam_role.role"
                    ],
                    "primary": {
                        "id": "dev_ApiTestingAuthRole-20180924153214996100000006",
                        "attributes": {
                            "id": "dev_ApiTestingAuthRole-20180924153214996100000006",
                            "policy_arn": "arn:aws:iam::722431446741:policy/logging_policy_for_dev_ApiTestingAuthRole",
                            "role": "dev_ApiTestingAuthRole"
                        },
                        "meta": {},
                        "tainted": false
                    },
                    "deposed": [],
                    "provider": "provider.aws"
                },
                "aws_iam_role_policy_attachment.Attach_VPC_Policy": {
                    "type": "aws_iam_role_policy_attachment",
                    "depends_on": [
                        "aws_iam_role.role"
                    ],
                    "primary": {
                        "id": "dev_ApiTestingAuthRole-20180924153214991400000004",
                        "attributes": {
                            "id": "dev_ApiTestingAuthRole-20180924153214991400000004",
                            "policy_arn": "arn:aws:iam::aws:policy/service-role/AWSLambdaVPCAccessExecutionRole",
                            "role": "dev_ApiTestingAuthRole"
                        },
                        "meta": {},
                        "tainted": false
                    },
                    "deposed": [],
                    "provider": "provider.aws"
                },
                "data.aws_iam_policy_document.lambda_policy": {
                    "type": "aws_iam_policy_document",
                    "depends_on": [],
                    "primary": {
                        "id": "3127519745",
                        "attributes": {
                            "id": "3127519745",
                            "json": "{\n  \"Version\": \"2012-10-17\",\n  \"Statement\": [\n    {\n      \"Sid\": \"\",\n      \"Effect\": \"Allow\",\n      \"Action\": \"sts:AssumeRole\",\n      \"Principal\": {\n        \"Service\": [\n          \"lambda.amazonaws.com\",\n          \"apigateway.amazonaws.com\"\n        ]\n      }\n    }\n  ]\n}",
                            "statement.#": "1",
                            "statement.0.actions.#": "1",
                            "statement.0.actions.2528466339": "sts:AssumeRole",
                            "statement.0.condition.#": "0",
                            "statement.0.effect": "Allow",
                            "statement.0.not_actions.#": "0",
                            "statement.0.not_principals.#": "0",
                            "statement.0.not_resources.#": "0",
                            "statement.0.principals.#": "1",
                            "statement.0.principals.1632598396.identifiers.#": "2",
                            "statement.0.principals.1632598396.identifiers.1175233861": "apigateway.amazonaws.com",
                            "statement.0.principals.1632598396.identifiers.2638019528": "lambda.amazonaws.com",
                            "statement.0.principals.1632598396.type": "Service",
                            "statement.0.resources.#": "0",
                            "statement.0.sid": ""
                        },
                        "meta": {},
                        "tainted": false
                    },
                    "deposed": [],
                    "provider": "provider.aws"
                },
                "data.aws_iam_policy_document.logging_policy_statement": {
                    "type": "aws_iam_policy_document",
                    "depends_on": [],
                    "primary": {
                        "id": "4063422367",
                        "attributes": {
                            "id": "4063422367",
                            "json": "{\n  \"Version\": \"2012-10-17\",\n  \"Statement\": [\n    {\n      \"Sid\": \"\",\n      \"Effect\": \"Allow\",\n      \"Action\": [\n        \"logs:PutLogEvents\",\n        \"logs:CreateLogStream\",\n        \"logs:CreateLogGroup\"\n      ],\n      \"Resource\": \"arn:aws:logs:*:*:*\"\n    }\n  ]\n}",
                            "statement.#": "1",
                            "statement.0.actions.#": "3",
                            "statement.0.actions.2809485102": "logs:CreateLogGroup",
                            "statement.0.actions.3285979848": "logs:CreateLogStream",
                            "statement.0.actions.39743051": "logs:PutLogEvents",
                            "statement.0.condition.#": "0",
                            "statement.0.effect": "Allow",
                            "statement.0.not_actions.#": "0",
                            "statement.0.not_principals.#": "0",
                            "statement.0.not_resources.#": "0",
                            "statement.0.principals.#": "0",
                            "statement.0.resources.#": "1",
                            "statement.0.resources.162423377": "arn:aws:logs:*:*:*",
                            "statement.0.sid": ""
                        },
                        "meta": {},
                        "tainted": false
                    },
                    "deposed": [],
                    "provider": "provider.aws"
                }
            },
            "depends_on": []
        },
        {
            "path": [
                "root",
                "JobArchiveCarScheduleFunction"
            ],
            "outputs": {},
            "resources": {
                "aws_cloudwatch_log_group.function": {
                    "type": "aws_cloudwatch_log_group",
                    "depends_on": [],
                    "primary": {
                        "id": "/aws/lambda/dev_JobArchiveCarSchedule",
                        "attributes": {
                            "arn": "arn:aws:logs:us-west-2:722431446741:log-group:/aws/lambda/dev_JobArchiveCarSchedule:*",
                            "id": "/aws/lambda/dev_JobArchiveCarSchedule",
                            "kms_key_id": "",
                            "name": "/aws/lambda/dev_JobArchiveCarSchedule",
                            "retention_in_days": "3",
                            "tags.%": "0"
                        },
                        "meta": {},
                        "tainted": false
                    },
                    "deposed": [],
                    "provider": "provider.aws"
                }
            },
            "depends_on": []
        },
        {
            "path": [
                "root",
                "JobArchiveCarScheduleRole"
            ],
            "outputs": {
                "arn": {
                    "sensitive": false,
                    "type": "string",
                    "value": "arn:aws:iam::722431446741:role/dev_JobArchiveCarScheduleRole"
                },
                "name": {
                    "sensitive": false,
                    "type": "string",
                    "value": "dev_JobArchiveCarScheduleRole"
                }
            },
            "resources": {
                "aws_iam_policy.lambda_logging_policy": {
                    "type": "aws_iam_policy",
                    "depends_on": [
                        "data.aws_iam_policy_document.logging_policy_statement"
                    ],
                    "primary": {
                        "id": "arn:aws:iam::722431446741:policy/logging_policy_for_dev_JobArchiveCarScheduleRole",
                        "attributes": {
                            "arn": "arn:aws:iam::722431446741:policy/logging_policy_for_dev_JobArchiveCarScheduleRole",
                            "description": "Allows AWS Lambda to create and write logs",
                            "id": "arn:aws:iam::722431446741:policy/logging_policy_for_dev_JobArchiveCarScheduleRole",
                            "name": "logging_policy_for_dev_JobArchiveCarScheduleRole",
                            "path": "/",
                            "policy": "{\n  \"Version\": \"2012-10-17\",\n  \"Statement\": [\n    {\n      \"Sid\": \"\",\n      \"Effect\": \"Allow\",\n      \"Action\": [\n        \"logs:PutLogEvents\",\n        \"logs:CreateLogStream\",\n        \"logs:CreateLogGroup\"\n      ],\n      \"Resource\": \"arn:aws:logs:*:*:*\"\n    }\n  ]\n}"
                        },
                        "meta": {},
                        "tainted": false
                    },
                    "deposed": [],
                    "provider": "provider.aws"
                },
                "aws_iam_role.role": {
                    "type": "aws_iam_role",
                    "depends_on": [
                        "data.aws_iam_policy_document.lambda_policy"
                    ],
                    "primary": {
                        "id": "dev_JobArchiveCarScheduleRole",
                        "attributes": {
                            "arn": "arn:aws:iam::722431446741:role/dev_JobArchiveCarScheduleRole",
                            "assume_role_policy": "{\"Version\":\"2012-10-17\",\"Statement\":[{\"Sid\":\"\",\"Effect\":\"Allow\",\"Principal\":{\"Service\":[\"lambda.amazonaws.com\",\"apigateway.amazonaws.com\"]},\"Action\":\"sts:AssumeRole\"}]}",
                            "create_date": "2018-09-24T15:32:03Z",
                            "description": "",
                            "force_detach_policies": "false",
                            "id": "dev_JobArchiveCarScheduleRole",
                            "max_session_duration": "3600",
                            "name": "dev_JobArchiveCarScheduleRole",
                            "path": "/",
                            "unique_id": "AROAINEV47MDI5AGWD7UU"
                        },
                        "meta": {},
                        "tainted": false
                    },
                    "deposed": [],
                    "provider": "provider.aws"
                },
                "aws_iam_role_policy_attachment.Attach_Logging_Role": {
                    "type": "aws_iam_role_policy_attachment",
                    "depends_on": [
                        "aws_iam_policy.lambda_logging_policy",
                        "aws_iam_role.role"
                    ],
                    "primary": {
                        "id": "dev_JobArchiveCarScheduleRole-2018092415321618080000000f",
                        "attributes": {
                            "id": "dev_JobArchiveCarScheduleRole-2018092415321618080000000f",
                            "policy_arn": "arn:aws:iam::722431446741:policy/logging_policy_for_dev_JobArchiveCarScheduleRole",
                            "role": "dev_JobArchiveCarScheduleRole"
                        },
                        "meta": {},
                        "tainted": false
                    },
                    "deposed": [],
                    "provider": "provider.aws"
                },
                "aws_iam_role_policy_attachment.Attach_VPC_Policy": {
                    "type": "aws_iam_role_policy_attachment",
                    "depends_on": [
                        "aws_iam_role.role"
                    ],
                    "primary": {
                        "id": "dev_JobArchiveCarScheduleRole-2018092415321581460000000c",
                        "attributes": {
                            "id": "dev_JobArchiveCarScheduleRole-2018092415321581460000000c",
                            "policy_arn": "arn:aws:iam::aws:policy/service-role/AWSLambdaVPCAccessExecutionRole",
                            "role": "dev_JobArchiveCarScheduleRole"
                        },
                        "meta": {},
                        "tainted": false
                    },
                    "deposed": [],
                    "provider": "provider.aws"
                },
                "data.aws_iam_policy_document.lambda_policy": {
                    "type": "aws_iam_policy_document",
                    "depends_on": [],
                    "primary": {
                        "id": "3127519745",
                        "attributes": {
                            "id": "3127519745",
                            "json": "{\n  \"Version\": \"2012-10-17\",\n  \"Statement\": [\n    {\n      \"Sid\": \"\",\n      \"Effect\": \"Allow\",\n      \"Action\": \"sts:AssumeRole\",\n      \"Principal\": {\n        \"Service\": [\n          \"lambda.amazonaws.com\",\n          \"apigateway.amazonaws.com\"\n        ]\n      }\n    }\n  ]\n}",
                            "statement.#": "1",
                            "statement.0.actions.#": "1",
                            "statement.0.actions.2528466339": "sts:AssumeRole",
                            "statement.0.condition.#": "0",
                            "statement.0.effect": "Allow",
                            "statement.0.not_actions.#": "0",
                            "statement.0.not_principals.#": "0",
                            "statement.0.not_resources.#": "0",
                            "statement.0.principals.#": "1",
                            "statement.0.principals.1632598396.identifiers.#": "2",
                            "statement.0.principals.1632598396.identifiers.1175233861": "apigateway.amazonaws.com",
                            "statement.0.principals.1632598396.identifiers.2638019528": "lambda.amazonaws.com",
                            "statement.0.principals.1632598396.type": "Service",
                            "statement.0.resources.#": "0",
                            "statement.0.sid": ""
                        },
                        "meta": {},
                        "tainted": false
                    },
                    "deposed": [],
                    "provider": "provider.aws"
                },
                "data.aws_iam_policy_document.logging_policy_statement": {
                    "type": "aws_iam_policy_document",
                    "depends_on": [],
                    "primary": {
                        "id": "4063422367",
                        "attributes": {
                            "id": "4063422367",
                            "json": "{\n  \"Version\": \"2012-10-17\",\n  \"Statement\": [\n    {\n      \"Sid\": \"\",\n      \"Effect\": \"Allow\",\n      \"Action\": [\n        \"logs:PutLogEvents\",\n        \"logs:CreateLogStream\",\n        \"logs:CreateLogGroup\"\n      ],\n      \"Resource\": \"arn:aws:logs:*:*:*\"\n    }\n  ]\n}",
                            "statement.#": "1",
                            "statement.0.actions.#": "3",
                            "statement.0.actions.2809485102": "logs:CreateLogGroup",
                            "statement.0.actions.3285979848": "logs:CreateLogStream",
                            "statement.0.actions.39743051": "logs:PutLogEvents",
                            "statement.0.condition.#": "0",
                            "statement.0.effect": "Allow",
                            "statement.0.not_actions.#": "0",
                            "statement.0.not_principals.#": "0",
                            "statement.0.not_resources.#": "0",
                            "statement.0.principals.#": "0",
                            "statement.0.resources.#": "1",
                            "statement.0.resources.162423377": "arn:aws:logs:*:*:*",
                            "statement.0.sid": ""
                        },
                        "meta": {},
                        "tainted": false
                    },
                    "deposed": [],
                    "provider": "provider.aws"
                }
            },
            "depends_on": []
        },
        {
            "path": [
                "root",
                "JobArchiveCarScheduleTimer"
            ],
            "outputs": {},
            "resources": {
                "aws_cloudwatch_event_rule.event_rule": {
                    "type": "aws_cloudwatch_event_rule",
                    "depends_on": [
                        "aws_iam_role.Cloudwatch_Event_Invoke_Lambda_Role"
                    ],
                    "primary": {
                        "id": "dev_JobArchiveCarScheduleSchedule_CWEventRule",
                        "attributes": {
                            "arn": "arn:aws:events:us-west-2:722431446741:rule/dev_JobArchiveCarScheduleSchedule_CWEventRule",
                            "description": "Runs everyday at 0115 UTC",
                            "id": "dev_JobArchiveCarScheduleSchedule_CWEventRule",
                            "is_enabled": "true",
                            "name": "dev_JobArchiveCarScheduleSchedule_CWEventRule",
                            "role_arn": "arn:aws:iam::722431446741:role/dev_JobArchiveCarScheduleSchedule_InvokeLambdaRole",
                            "schedule_expression": "cron(15 1 * * ? *)"
                        },
                        "meta": {},
                        "tainted": false
                    },
                    "deposed": [],
                    "provider": "provider.aws"
                },
                "aws_iam_role.Cloudwatch_Event_Invoke_Lambda_Role": {
                    "type": "aws_iam_role",
                    "depends_on": [
                        "data.aws_iam_policy_document.cloudwatch_events_assume_role"
                    ],
                    "primary": {
                        "id": "dev_JobArchiveCarScheduleSchedule_InvokeLambdaRole",
                        "attributes": {
                            "arn": "arn:aws:iam::722431446741:role/dev_JobArchiveCarScheduleSchedule_InvokeLambdaRole",
                            "assume_role_policy": "{\"Version\":\"2012-10-17\",\"Statement\":[{\"Sid\":\"\",\"Effect\":\"Allow\",\"Principal\":{\"Service\":\"events.amazonaws.com\"},\"Action\":\"sts:AssumeRole\"}]}",
                            "create_date": "2018-09-24T15:32:09Z",
                            "description": "",
                            "force_detach_policies": "false",
                            "id": "dev_JobArchiveCarScheduleSchedule_InvokeLambdaRole",
                            "max_session_duration": "3600",
                            "name": "dev_JobArchiveCarScheduleSchedule_InvokeLambdaRole",
                            "path": "/",
                            "unique_id": "AROAJZOTSJIKXBG36FJU2"
                        },
                        "meta": {},
                        "tainted": false
                    },
                    "deposed": [],
                    "provider": "provider.aws"
                },
                "data.aws_iam_policy_document.cloudwatch_events_assume_role": {
                    "type": "aws_iam_policy_document",
                    "depends_on": [],
                    "primary": {
                        "id": "2423734833",
                        "attributes": {
                            "id": "2423734833",
                            "json": "{\n  \"Version\": \"2012-10-17\",\n  \"Statement\": [\n    {\n      \"Sid\": \"\",\n      \"Effect\": \"Allow\",\n      \"Action\": \"sts:AssumeRole\",\n      \"Principal\": {\n        \"Service\": \"events.amazonaws.com\"\n      }\n    }\n  ]\n}",
                            "statement.#": "1",
                            "statement.0.actions.#": "1",
                            "statement.0.actions.2528466339": "sts:AssumeRole",
                            "statement.0.condition.#": "0",
                            "statement.0.effect": "Allow",
                            "statement.0.not_actions.#": "0",
                            "statement.0.not_principals.#": "0",
                            "statement.0.not_resources.#": "0",
                            "statement.0.principals.#": "1",
                            "statement.0.principals.3055794613.identifiers.#": "1",
                            "statement.0.principals.3055794613.identifiers.1159240345": "events.amazonaws.com",
                            "statement.0.principals.3055794613.type": "Service",
                            "statement.0.resources.#": "0",
                            "statement.0.sid": ""
                        },
                        "meta": {},
                        "tainted": false
                    },
                    "deposed": [],
                    "provider": "provider.aws"
                }
            },
            "depends_on": []
        },
        {
            "path": [
                "root",
                "JobMonthlyEmailAnalyticsFunction"
            ],
            "outputs": {},
            "resources": {
                "aws_cloudwatch_log_group.function": {
                    "type": "aws_cloudwatch_log_group",
                    "depends_on": [],
                    "primary": {
                        "id": "/aws/lambda/dev_JobMonthlyEmailAnalytics",
                        "attributes": {
                            "arn": "arn:aws:logs:us-west-2:722431446741:log-group:/aws/lambda/dev_JobMonthlyEmailAnalytics:*",
                            "id": "/aws/lambda/dev_JobMonthlyEmailAnalytics",
                            "kms_key_id": "",
                            "name": "/aws/lambda/dev_JobMonthlyEmailAnalytics",
                            "retention_in_days": "3",
                            "tags.%": "0"
                        },
                        "meta": {},
                        "tainted": false
                    },
                    "deposed": [],
                    "provider": "provider.aws"
                }
            },
            "depends_on": []
        },
        {
            "path": [
                "root",
                "JobMonthlyEmailAnalyticsRole"
            ],
            "outputs": {
                "arn": {
                    "sensitive": false,
                    "type": "string",
                    "value": "arn:aws:iam::722431446741:role/dev_JobMonthlyEmailAnalyticsRole"
                },
                "name": {
                    "sensitive": false,
                    "type": "string",
                    "value": "dev_JobMonthlyEmailAnalyticsRole"
                }
            },
            "resources": {
                "aws_iam_policy.lambda_logging_policy": {
                    "type": "aws_iam_policy",
                    "depends_on": [
                        "data.aws_iam_policy_document.logging_policy_statement"
                    ],
                    "primary": {
                        "id": "arn:aws:iam::722431446741:policy/logging_policy_for_dev_JobMonthlyEmailAnalyticsRole",
                        "attributes": {
                            "arn": "arn:aws:iam::722431446741:policy/logging_policy_for_dev_JobMonthlyEmailAnalyticsRole",
                            "description": "Allows AWS Lambda to create and write logs",
                            "id": "arn:aws:iam::722431446741:policy/logging_policy_for_dev_JobMonthlyEmailAnalyticsRole",
                            "name": "logging_policy_for_dev_JobMonthlyEmailAnalyticsRole",
                            "path": "/",
                            "policy": "{\n  \"Version\": \"2012-10-17\",\n  \"Statement\": [\n    {\n      \"Sid\": \"\",\n      \"Effect\": \"Allow\",\n      \"Action\": [\n        \"logs:PutLogEvents\",\n        \"logs:CreateLogStream\",\n        \"logs:CreateLogGroup\"\n      ],\n      \"Resource\": \"arn:aws:logs:*:*:*\"\n    }\n  ]\n}"
                        },
                        "meta": {},
                        "tainted": false
                    },
                    "deposed": [],
                    "provider": "provider.aws"
                },
                "aws_iam_role.role": {
                    "type": "aws_iam_role",
                    "depends_on": [
                        "data.aws_iam_policy_document.lambda_policy"
                    ],
                    "primary": {
                        "id": "dev_JobMonthlyEmailAnalyticsRole",
                        "attributes": {
                            "arn": "arn:aws:iam::722431446741:role/dev_JobMonthlyEmailAnalyticsRole",
                            "assume_role_policy": "{\"Version\":\"2012-10-17\",\"Statement\":[{\"Sid\":\"\",\"Effect\":\"Allow\",\"Principal\":{\"Service\":[\"lambda.amazonaws.com\",\"apigateway.amazonaws.com\"]},\"Action\":\"sts:AssumeRole\"}]}",
                            "create_date": "2018-09-24T15:31:59Z",
                            "description": "",
                            "force_detach_policies": "false",
                            "id": "dev_JobMonthlyEmailAnalyticsRole",
                            "max_session_duration": "3600",
                            "name": "dev_JobMonthlyEmailAnalyticsRole",
                            "path": "/",
                            "unique_id": "AROAIYPDQRCGUM4LAFANU"
                        },
                        "meta": {},
                        "tainted": false
                    },
                    "deposed": [],
                    "provider": "provider.aws"
                },
                "aws_iam_role_policy_attachment.Attach_Logging_Role": {
                    "type": "aws_iam_role_policy_attachment",
                    "depends_on": [
                        "aws_iam_policy.lambda_logging_policy",
                        "aws_iam_role.role"
                    ],
                    "primary": {
                        "id": "dev_JobMonthlyEmailAnalyticsRole-20180924153215257700000009",
                        "attributes": {
                            "id": "dev_JobMonthlyEmailAnalyticsRole-20180924153215257700000009",
                            "policy_arn": "arn:aws:iam::722431446741:policy/logging_policy_for_dev_JobMonthlyEmailAnalyticsRole",
                            "role": "dev_JobMonthlyEmailAnalyticsRole"
                        },
                        "meta": {},
                        "tainted": false
                    },
                    "deposed": [],
                    "provider": "provider.aws"
                },
                "aws_iam_role_policy_attachment.Attach_VPC_Policy": {
                    "type": "aws_iam_role_policy_attachment",
                    "depends_on": [
                        "aws_iam_role.role"
                    ],
                    "primary": {
                        "id": "dev_JobMonthlyEmailAnalyticsRole-20180924153215257600000008",
                        "attributes": {
                            "id": "dev_JobMonthlyEmailAnalyticsRole-20180924153215257600000008",
                            "policy_arn": "arn:aws:iam::aws:policy/service-role/AWSLambdaVPCAccessExecutionRole",
                            "role": "dev_JobMonthlyEmailAnalyticsRole"
                        },
                        "meta": {},
                        "tainted": false
                    },
                    "deposed": [],
                    "provider": "provider.aws"
                },
                "data.aws_iam_policy_document.lambda_policy": {
                    "type": "aws_iam_policy_document",
                    "depends_on": [],
                    "primary": {
                        "id": "3127519745",
                        "attributes": {
                            "id": "3127519745",
                            "json": "{\n  \"Version\": \"2012-10-17\",\n  \"Statement\": [\n    {\n      \"Sid\": \"\",\n      \"Effect\": \"Allow\",\n      \"Action\": \"sts:AssumeRole\",\n      \"Principal\": {\n        \"Service\": [\n          \"lambda.amazonaws.com\",\n          \"apigateway.amazonaws.com\"\n        ]\n      }\n    }\n  ]\n}",
                            "statement.#": "1",
                            "statement.0.actions.#": "1",
                            "statement.0.actions.2528466339": "sts:AssumeRole",
                            "statement.0.condition.#": "0",
                            "statement.0.effect": "Allow",
                            "statement.0.not_actions.#": "0",
                            "statement.0.not_principals.#": "0",
                            "statement.0.not_resources.#": "0",
                            "statement.0.principals.#": "1",
                            "statement.0.principals.1632598396.identifiers.#": "2",
                            "statement.0.principals.1632598396.identifiers.1175233861": "apigateway.amazonaws.com",
                            "statement.0.principals.1632598396.identifiers.2638019528": "lambda.amazonaws.com",
                            "statement.0.principals.1632598396.type": "Service",
                            "statement.0.resources.#": "0",
                            "statement.0.sid": ""
                        },
                        "meta": {},
                        "tainted": false
                    },
                    "deposed": [],
                    "provider": "provider.aws"
                },
                "data.aws_iam_policy_document.logging_policy_statement": {
                    "type": "aws_iam_policy_document",
                    "depends_on": [],
                    "primary": {
                        "id": "4063422367",
                        "attributes": {
                            "id": "4063422367",
                            "json": "{\n  \"Version\": \"2012-10-17\",\n  \"Statement\": [\n    {\n      \"Sid\": \"\",\n      \"Effect\": \"Allow\",\n      \"Action\": [\n        \"logs:PutLogEvents\",\n        \"logs:CreateLogStream\",\n        \"logs:CreateLogGroup\"\n      ],\n      \"Resource\": \"arn:aws:logs:*:*:*\"\n    }\n  ]\n}",
                            "statement.#": "1",
                            "statement.0.actions.#": "3",
                            "statement.0.actions.2809485102": "logs:CreateLogGroup",
                            "statement.0.actions.3285979848": "logs:CreateLogStream",
                            "statement.0.actions.39743051": "logs:PutLogEvents",
                            "statement.0.condition.#": "0",
                            "statement.0.effect": "Allow",
                            "statement.0.not_actions.#": "0",
                            "statement.0.not_principals.#": "0",
                            "statement.0.not_resources.#": "0",
                            "statement.0.principals.#": "0",
                            "statement.0.resources.#": "1",
                            "statement.0.resources.162423377": "arn:aws:logs:*:*:*",
                            "statement.0.sid": ""
                        },
                        "meta": {},
                        "tainted": false
                    },
                    "deposed": [],
                    "provider": "provider.aws"
                }
            },
            "depends_on": []
        },
        {
            "path": [
                "root",
                "JobMonthlyEmailAnalyticsTimer"
            ],
            "outputs": {},
            "resources": {
                "aws_cloudwatch_event_rule.event_rule": {
                    "type": "aws_cloudwatch_event_rule",
                    "depends_on": [
                        "aws_iam_role.Cloudwatch_Event_Invoke_Lambda_Role"
                    ],
                    "primary": {
                        "id": "dev_JobMonthlyEmailAnalyticsSchedule_CWEventRule",
                        "attributes": {
                            "arn": "arn:aws:events:us-west-2:722431446741:rule/dev_JobMonthlyEmailAnalyticsSchedule_CWEventRule",
                            "description": "Runs 1st of the month at 700 UTC",
                            "id": "dev_JobMonthlyEmailAnalyticsSchedule_CWEventRule",
                            "is_enabled": "true",
                            "name": "dev_JobMonthlyEmailAnalyticsSchedule_CWEventRule",
                            "role_arn": "arn:aws:iam::722431446741:role/dev_JobMonthlyEmailAnalyticsSchedule_InvokeLambdaRole",
                            "schedule_expression": "cron(0 7 1 * ? *)"
                        },
                        "meta": {},
                        "tainted": false
                    },
                    "deposed": [],
                    "provider": "provider.aws"
                },
                "aws_iam_role.Cloudwatch_Event_Invoke_Lambda_Role": {
                    "type": "aws_iam_role",
                    "depends_on": [
                        "data.aws_iam_policy_document.cloudwatch_events_assume_role"
                    ],
                    "primary": {
                        "id": "dev_JobMonthlyEmailAnalyticsSchedule_InvokeLambdaRole",
                        "attributes": {
                            "arn": "arn:aws:iam::722431446741:role/dev_JobMonthlyEmailAnalyticsSchedule_InvokeLambdaRole",
                            "assume_role_policy": "{\"Version\":\"2012-10-17\",\"Statement\":[{\"Sid\":\"\",\"Effect\":\"Allow\",\"Principal\":{\"Service\":\"events.amazonaws.com\"},\"Action\":\"sts:AssumeRole\"}]}",
                            "create_date": "2018-09-24T15:32:01Z",
                            "description": "",
                            "force_detach_policies": "false",
                            "id": "dev_JobMonthlyEmailAnalyticsSchedule_InvokeLambdaRole",
                            "max_session_duration": "3600",
                            "name": "dev_JobMonthlyEmailAnalyticsSchedule_InvokeLambdaRole",
                            "path": "/",
                            "unique_id": "AROAJCUVMP2ZKRNPZDI74"
                        },
                        "meta": {},
                        "tainted": false
                    },
                    "deposed": [],
                    "provider": "provider.aws"
                },
                "data.aws_iam_policy_document.cloudwatch_events_assume_role": {
                    "type": "aws_iam_policy_document",
                    "depends_on": [],
                    "primary": {
                        "id": "2423734833",
                        "attributes": {
                            "id": "2423734833",
                            "json": "{\n  \"Version\": \"2012-10-17\",\n  \"Statement\": [\n    {\n      \"Sid\": \"\",\n      \"Effect\": \"Allow\",\n      \"Action\": \"sts:AssumeRole\",\n      \"Principal\": {\n        \"Service\": \"events.amazonaws.com\"\n      }\n    }\n  ]\n}",
                            "statement.#": "1",
                            "statement.0.actions.#": "1",
                            "statement.0.actions.2528466339": "sts:AssumeRole",
                            "statement.0.condition.#": "0",
                            "statement.0.effect": "Allow",
                            "statement.0.not_actions.#": "0",
                            "statement.0.not_principals.#": "0",
                            "statement.0.not_resources.#": "0",
                            "statement.0.principals.#": "1",
                            "statement.0.principals.3055794613.identifiers.#": "1",
                            "statement.0.principals.3055794613.identifiers.1159240345": "events.amazonaws.com",
                            "statement.0.principals.3055794613.type": "Service",
                            "statement.0.resources.#": "0",
                            "statement.0.sid": ""
                        },
                        "meta": {},
                        "tainted": false
                    },
                    "deposed": [],
                    "provider": "provider.aws"
                }
            },
            "depends_on": []
        },
        {
            "path": [
                "root",
                "JobMonthlyEmailAnalytics_policy_attachment"
            ],
            "outputs": {},
            "resources": {
                "aws_iam_policy.policy_to_create": {
                    "type": "aws_iam_policy",
                    "depends_on": [],
                    "primary": {
                        "id": "arn:aws:iam::722431446741:policy/dev_JobMonthlyEmailAnalytics_Policy",
                        "attributes": {
                            "arn": "arn:aws:iam::722431446741:policy/dev_JobMonthlyEmailAnalytics_Policy",
                            "description": "",
                            "id": "arn:aws:iam::722431446741:policy/dev_JobMonthlyEmailAnalytics_Policy",
                            "name": "dev_JobMonthlyEmailAnalytics_Policy",
                            "path": "/",
                            "policy": "{\n  \"Version\": \"2012-10-17\",\n  \"Statement\": [\n    {\n      \"Sid\": \"\",\n      \"Effect\": \"Allow\",\n      \"Action\": \"ses:SendRawEmail\",\n      \"Resource\": \"arn:aws:ses:us-west-2:722431446741:identity/no-reply@dev.drivesmartcbus.com\"\n    }\n  ]\n}"
                        },
                        "meta": {},
                        "tainted": false
                    },
                    "deposed": [],
                    "provider": "provider.aws"
                },
                "aws_iam_role_policy_attachment.attach_new_policy_to_role": {
                    "type": "aws_iam_role_policy_attachment",
                    "depends_on": [
                        "aws_iam_policy.policy_to_create"
                    ],
                    "primary": {
                        "id": "dev_JobMonthlyEmailAnalyticsRole-20180924153225454000000026",
                        "attributes": {
                            "id": "dev_JobMonthlyEmailAnalyticsRole-20180924153225454000000026",
                            "policy_arn": "arn:aws:iam::722431446741:policy/dev_JobMonthlyEmailAnalytics_Policy",
                            "role": "dev_JobMonthlyEmailAnalyticsRole"
                        },
                        "meta": {},
                        "tainted": false
                    },
                    "deposed": [],
                    "provider": "provider.aws"
                }
            },
            "depends_on": []
        },
        {
            "path": [
                "root",
                "JobPopulateCarScheduleFunction"
            ],
            "outputs": {},
            "resources": {
                "aws_cloudwatch_log_group.function": {
                    "type": "aws_cloudwatch_log_group",
                    "depends_on": [],
                    "primary": {
                        "id": "/aws/lambda/dev_JobPopulateCarSchedule",
                        "attributes": {
                            "arn": "arn:aws:logs:us-west-2:722431446741:log-group:/aws/lambda/dev_JobPopulateCarSchedule:*",
                            "id": "/aws/lambda/dev_JobPopulateCarSchedule",
                            "kms_key_id": "",
                            "name": "/aws/lambda/dev_JobPopulateCarSchedule",
                            "retention_in_days": "3",
                            "tags.%": "0"
                        },
                        "meta": {},
                        "tainted": false
                    },
                    "deposed": [],
                    "provider": "provider.aws"
                }
            },
            "depends_on": []
        },
        {
            "path": [
                "root",
                "JobPopulateCarScheduleRole"
            ],
            "outputs": {
                "arn": {
                    "sensitive": false,
                    "type": "string",
                    "value": "arn:aws:iam::722431446741:role/dev_JobPopulateCarScheduleRole"
                },
                "name": {
                    "sensitive": false,
                    "type": "string",
                    "value": "dev_JobPopulateCarScheduleRole"
                }
            },
            "resources": {
                "aws_iam_policy.lambda_logging_policy": {
                    "type": "aws_iam_policy",
                    "depends_on": [
                        "data.aws_iam_policy_document.logging_policy_statement"
                    ],
                    "primary": {
                        "id": "arn:aws:iam::722431446741:policy/logging_policy_for_dev_JobPopulateCarScheduleRole",
                        "attributes": {
                            "arn": "arn:aws:iam::722431446741:policy/logging_policy_for_dev_JobPopulateCarScheduleRole",
                            "description": "Allows AWS Lambda to create and write logs",
                            "id": "arn:aws:iam::722431446741:policy/logging_policy_for_dev_JobPopulateCarScheduleRole",
                            "name": "logging_policy_for_dev_JobPopulateCarScheduleRole",
                            "path": "/",
                            "policy": "{\n  \"Version\": \"2012-10-17\",\n  \"Statement\": [\n    {\n      \"Sid\": \"\",\n      \"Effect\": \"Allow\",\n      \"Action\": [\n        \"logs:PutLogEvents\",\n        \"logs:CreateLogStream\",\n        \"logs:CreateLogGroup\"\n      ],\n      \"Resource\": \"arn:aws:logs:*:*:*\"\n    }\n  ]\n}"
                        },
                        "meta": {},
                        "tainted": false
                    },
                    "deposed": [],
                    "provider": "provider.aws"
                },
                "aws_iam_role.role": {
                    "type": "aws_iam_role",
                    "depends_on": [
                        "data.aws_iam_policy_document.lambda_policy"
                    ],
                    "primary": {
                        "id": "dev_JobPopulateCarScheduleRole",
                        "attributes": {
                            "arn": "arn:aws:iam::722431446741:role/dev_JobPopulateCarScheduleRole",
                            "assume_role_policy": "{\"Version\":\"2012-10-17\",\"Statement\":[{\"Sid\":\"\",\"Effect\":\"Allow\",\"Principal\":{\"Service\":[\"apigateway.amazonaws.com\",\"lambda.amazonaws.com\"]},\"Action\":\"sts:AssumeRole\"}]}",
                            "create_date": "2018-09-24T15:31:59Z",
                            "description": "",
                            "force_detach_policies": "false",
                            "id": "dev_JobPopulateCarScheduleRole",
                            "max_session_duration": "3600",
                            "name": "dev_JobPopulateCarScheduleRole",
                            "path": "/",
                            "unique_id": "AROAIZQWZOFYD3ODIF4CC"
                        },
                        "meta": {},
                        "tainted": false
                    },
                    "deposed": [],
                    "provider": "provider.aws"
                },
                "aws_iam_role_policy_attachment.Attach_Logging_Role": {
                    "type": "aws_iam_role_policy_attachment",
                    "depends_on": [
                        "aws_iam_policy.lambda_logging_policy",
                        "aws_iam_role.role"
                    ],
                    "primary": {
                        "id": "dev_JobPopulateCarScheduleRole-2018092415321581550000000d",
                        "attributes": {
                            "id": "dev_JobPopulateCarScheduleRole-2018092415321581550000000d",
                            "policy_arn": "arn:aws:iam::722431446741:policy/logging_policy_for_dev_JobPopulateCarScheduleRole",
                            "role": "dev_JobPopulateCarScheduleRole"
                        },
                        "meta": {},
                        "tainted": false
                    },
                    "deposed": [],
                    "provider": "provider.aws"
                },
                "aws_iam_role_policy_attachment.Attach_VPC_Policy": {
                    "type": "aws_iam_role_policy_attachment",
                    "depends_on": [
                        "aws_iam_role.role"
                    ],
                    "primary": {
                        "id": "dev_JobPopulateCarScheduleRole-2018092415321553760000000a",
                        "attributes": {
                            "id": "dev_JobPopulateCarScheduleRole-2018092415321553760000000a",
                            "policy_arn": "arn:aws:iam::aws:policy/service-role/AWSLambdaVPCAccessExecutionRole",
                            "role": "dev_JobPopulateCarScheduleRole"
                        },
                        "meta": {},
                        "tainted": false
                    },
                    "deposed": [],
                    "provider": "provider.aws"
                },
                "data.aws_iam_policy_document.lambda_policy": {
                    "type": "aws_iam_policy_document",
                    "depends_on": [],
                    "primary": {
                        "id": "3127519745",
                        "attributes": {
                            "id": "3127519745",
                            "json": "{\n  \"Version\": \"2012-10-17\",\n  \"Statement\": [\n    {\n      \"Sid\": \"\",\n      \"Effect\": \"Allow\",\n      \"Action\": \"sts:AssumeRole\",\n      \"Principal\": {\n        \"Service\": [\n          \"lambda.amazonaws.com\",\n          \"apigateway.amazonaws.com\"\n        ]\n      }\n    }\n  ]\n}",
                            "statement.#": "1",
                            "statement.0.actions.#": "1",
                            "statement.0.actions.2528466339": "sts:AssumeRole",
                            "statement.0.condition.#": "0",
                            "statement.0.effect": "Allow",
                            "statement.0.not_actions.#": "0",
                            "statement.0.not_principals.#": "0",
                            "statement.0.not_resources.#": "0",
                            "statement.0.principals.#": "1",
                            "statement.0.principals.1632598396.identifiers.#": "2",
                            "statement.0.principals.1632598396.identifiers.1175233861": "apigateway.amazonaws.com",
                            "statement.0.principals.1632598396.identifiers.2638019528": "lambda.amazonaws.com",
                            "statement.0.principals.1632598396.type": "Service",
                            "statement.0.resources.#": "0",
                            "statement.0.sid": ""
                        },
                        "meta": {},
                        "tainted": false
                    },
                    "deposed": [],
                    "provider": "provider.aws"
                },
                "data.aws_iam_policy_document.logging_policy_statement": {
                    "type": "aws_iam_policy_document",
                    "depends_on": [],
                    "primary": {
                        "id": "4063422367",
                        "attributes": {
                            "id": "4063422367",
                            "json": "{\n  \"Version\": \"2012-10-17\",\n  \"Statement\": [\n    {\n      \"Sid\": \"\",\n      \"Effect\": \"Allow\",\n      \"Action\": [\n        \"logs:PutLogEvents\",\n        \"logs:CreateLogStream\",\n        \"logs:CreateLogGroup\"\n      ],\n      \"Resource\": \"arn:aws:logs:*:*:*\"\n    }\n  ]\n}",
                            "statement.#": "1",
                            "statement.0.actions.#": "3",
                            "statement.0.actions.2809485102": "logs:CreateLogGroup",
                            "statement.0.actions.3285979848": "logs:CreateLogStream",
                            "statement.0.actions.39743051": "logs:PutLogEvents",
                            "statement.0.condition.#": "0",
                            "statement.0.effect": "Allow",
                            "statement.0.not_actions.#": "0",
                            "statement.0.not_principals.#": "0",
                            "statement.0.not_resources.#": "0",
                            "statement.0.principals.#": "0",
                            "statement.0.resources.#": "1",
                            "statement.0.resources.162423377": "arn:aws:logs:*:*:*",
                            "statement.0.sid": ""
                        },
                        "meta": {},
                        "tainted": false
                    },
                    "deposed": [],
                    "provider": "provider.aws"
                }
            },
            "depends_on": []
        },
        {
            "path": [
                "root",
                "JobPopulateCarScheduleTimer"
            ],
            "outputs": {},
            "resources": {
                "aws_cloudwatch_event_rule.event_rule": {
                    "type": "aws_cloudwatch_event_rule",
                    "depends_on": [
                        "aws_iam_role.Cloudwatch_Event_Invoke_Lambda_Role"
                    ],
                    "primary": {
                        "id": "dev_JobPopulateCarScheduleSchedule_CWEventRule",
                        "attributes": {
                            "arn": "arn:aws:events:us-west-2:722431446741:rule/dev_JobPopulateCarScheduleSchedule_CWEventRule",
                            "description": "Runs everyday at 0100 UTC",
                            "id": "dev_JobPopulateCarScheduleSchedule_CWEventRule",
                            "is_enabled": "true",
                            "name": "dev_JobPopulateCarScheduleSchedule_CWEventRule",
                            "role_arn": "arn:aws:iam::722431446741:role/dev_JobPopulateCarScheduleSchedule_InvokeLambdaRole",
                            "schedule_expression": "cron(0 1 * * ? *)"
                        },
                        "meta": {},
                        "tainted": false
                    },
                    "deposed": [],
                    "provider": "provider.aws"
                },
                "aws_iam_role.Cloudwatch_Event_Invoke_Lambda_Role": {
                    "type": "aws_iam_role",
                    "depends_on": [
                        "data.aws_iam_policy_document.cloudwatch_events_assume_role"
                    ],
                    "primary": {
                        "id": "dev_JobPopulateCarScheduleSchedule_InvokeLambdaRole",
                        "attributes": {
                            "arn": "arn:aws:iam::722431446741:role/dev_JobPopulateCarScheduleSchedule_InvokeLambdaRole",
                            "assume_role_policy": "{\"Version\":\"2012-10-17\",\"Statement\":[{\"Sid\":\"\",\"Effect\":\"Allow\",\"Principal\":{\"Service\":\"events.amazonaws.com\"},\"Action\":\"sts:AssumeRole\"}]}",
                            "create_date": "2018-09-24T15:31:59Z",
                            "description": "",
                            "force_detach_policies": "false",
                            "id": "dev_JobPopulateCarScheduleSchedule_InvokeLambdaRole",
                            "max_session_duration": "3600",
                            "name": "dev_JobPopulateCarScheduleSchedule_InvokeLambdaRole",
                            "path": "/",
                            "unique_id": "AROAIFQH7QJVIUPFANSIE"
                        },
                        "meta": {},
                        "tainted": false
                    },
                    "deposed": [],
                    "provider": "provider.aws"
                },
                "data.aws_iam_policy_document.cloudwatch_events_assume_role": {
                    "type": "aws_iam_policy_document",
                    "depends_on": [],
                    "primary": {
                        "id": "2423734833",
                        "attributes": {
                            "id": "2423734833",
                            "json": "{\n  \"Version\": \"2012-10-17\",\n  \"Statement\": [\n    {\n      \"Sid\": \"\",\n      \"Effect\": \"Allow\",\n      \"Action\": \"sts:AssumeRole\",\n      \"Principal\": {\n        \"Service\": \"events.amazonaws.com\"\n      }\n    }\n  ]\n}",
                            "statement.#": "1",
                            "statement.0.actions.#": "1",
                            "statement.0.actions.2528466339": "sts:AssumeRole",
                            "statement.0.condition.#": "0",
                            "statement.0.effect": "Allow",
                            "statement.0.not_actions.#": "0",
                            "statement.0.not_principals.#": "0",
                            "statement.0.not_resources.#": "0",
                            "statement.0.principals.#": "1",
                            "statement.0.principals.3055794613.identifiers.#": "1",
                            "statement.0.principals.3055794613.identifiers.1159240345": "events.amazonaws.com",
                            "statement.0.principals.3055794613.type": "Service",
                            "statement.0.resources.#": "0",
                            "statement.0.sid": ""
                        },
                        "meta": {},
                        "tainted": false
                    },
                    "deposed": [],
                    "provider": "provider.aws"
                }
            },
            "depends_on": []
        },
        {
            "path": [
                "root",
                "JobPopulateTimeSlotsFunction"
            ],
            "outputs": {},
            "resources": {
                "aws_cloudwatch_log_group.function": {
                    "type": "aws_cloudwatch_log_group",
                    "depends_on": [],
                    "primary": {
                        "id": "/aws/lambda/dev_JobPopulateTimeSlots",
                        "attributes": {
                            "arn": "arn:aws:logs:us-west-2:722431446741:log-group:/aws/lambda/dev_JobPopulateTimeSlots:*",
                            "id": "/aws/lambda/dev_JobPopulateTimeSlots",
                            "kms_key_id": "",
                            "name": "/aws/lambda/dev_JobPopulateTimeSlots",
                            "retention_in_days": "3",
                            "tags.%": "0"
                        },
                        "meta": {},
                        "tainted": false
                    },
                    "deposed": [],
                    "provider": "provider.aws"
                }
            },
            "depends_on": []
        },
        {
            "path": [
                "root",
                "JobPopulateTimeSlotsRole"
            ],
            "outputs": {
                "arn": {
                    "sensitive": false,
                    "type": "string",
                    "value": "arn:aws:iam::722431446741:role/dev_JobPopulateTimeSlotsRole"
                },
                "name": {
                    "sensitive": false,
                    "type": "string",
                    "value": "dev_JobPopulateTimeSlotsRole"
                }
            },
            "resources": {
                "aws_iam_policy.lambda_logging_policy": {
                    "type": "aws_iam_policy",
                    "depends_on": [
                        "data.aws_iam_policy_document.logging_policy_statement"
                    ],
                    "primary": {
                        "id": "arn:aws:iam::722431446741:policy/logging_policy_for_dev_JobPopulateTimeSlotsRole",
                        "attributes": {
                            "arn": "arn:aws:iam::722431446741:policy/logging_policy_for_dev_JobPopulateTimeSlotsRole",
                            "description": "Allows AWS Lambda to create and write logs",
                            "id": "arn:aws:iam::722431446741:policy/logging_policy_for_dev_JobPopulateTimeSlotsRole",
                            "name": "logging_policy_for_dev_JobPopulateTimeSlotsRole",
                            "path": "/",
                            "policy": "{\n  \"Version\": \"2012-10-17\",\n  \"Statement\": [\n    {\n      \"Sid\": \"\",\n      \"Effect\": \"Allow\",\n      \"Action\": [\n        \"logs:PutLogEvents\",\n        \"logs:CreateLogStream\",\n        \"logs:CreateLogGroup\"\n      ],\n      \"Resource\": \"arn:aws:logs:*:*:*\"\n    }\n  ]\n}"
                        },
                        "meta": {},
                        "tainted": false
                    },
                    "deposed": [],
                    "provider": "provider.aws"
                },
                "aws_iam_role.role": {
                    "type": "aws_iam_role",
                    "depends_on": [
                        "data.aws_iam_policy_document.lambda_policy"
                    ],
                    "primary": {
                        "id": "dev_JobPopulateTimeSlotsRole",
                        "attributes": {
                            "arn": "arn:aws:iam::722431446741:role/dev_JobPopulateTimeSlotsRole",
                            "assume_role_policy": "{\"Version\":\"2012-10-17\",\"Statement\":[{\"Sid\":\"\",\"Effect\":\"Allow\",\"Principal\":{\"Service\":[\"lambda.amazonaws.com\",\"apigateway.amazonaws.com\"]},\"Action\":\"sts:AssumeRole\"}]}",
                            "create_date": "2018-09-24T15:31:58Z",
                            "description": "",
                            "force_detach_policies": "false",
                            "id": "dev_JobPopulateTimeSlotsRole",
                            "max_session_duration": "3600",
                            "name": "dev_JobPopulateTimeSlotsRole",
                            "path": "/",
                            "unique_id": "AROAJRG4YKQQQKRGL7WQY"
                        },
                        "meta": {},
                        "tainted": false
                    },
                    "deposed": [],
                    "provider": "provider.aws"
                },
                "aws_iam_role_policy_attachment.Attach_Logging_Role": {
                    "type": "aws_iam_role_policy_attachment",
                    "depends_on": [
                        "aws_iam_policy.lambda_logging_policy",
                        "aws_iam_role.role"
                    ],
                    "primary": {
                        "id": "dev_JobPopulateTimeSlotsRole-20180924153219767600000025",
                        "attributes": {
                            "id": "dev_JobPopulateTimeSlotsRole-20180924153219767600000025",
                            "policy_arn": "arn:aws:iam::722431446741:policy/logging_policy_for_dev_JobPopulateTimeSlotsRole",
                            "role": "dev_JobPopulateTimeSlotsRole"
                        },
                        "meta": {},
                        "tainted": false
                    },
                    "deposed": [],
                    "provider": "provider.aws"
                },
                "aws_iam_role_policy_attachment.Attach_VPC_Policy": {
                    "type": "aws_iam_role_policy_attachment",
                    "depends_on": [
                        "aws_iam_role.role"
                    ],
                    "primary": {
                        "id": "dev_JobPopulateTimeSlotsRole-20180924153214991400000005",
                        "attributes": {
                            "id": "dev_JobPopulateTimeSlotsRole-20180924153214991400000005",
                            "policy_arn": "arn:aws:iam::aws:policy/service-role/AWSLambdaVPCAccessExecutionRole",
                            "role": "dev_JobPopulateTimeSlotsRole"
                        },
                        "meta": {},
                        "tainted": false
                    },
                    "deposed": [],
                    "provider": "provider.aws"
                },
                "data.aws_iam_policy_document.lambda_policy": {
                    "type": "aws_iam_policy_document",
                    "depends_on": [],
                    "primary": {
                        "id": "3127519745",
                        "attributes": {
                            "id": "3127519745",
                            "json": "{\n  \"Version\": \"2012-10-17\",\n  \"Statement\": [\n    {\n      \"Sid\": \"\",\n      \"Effect\": \"Allow\",\n      \"Action\": \"sts:AssumeRole\",\n      \"Principal\": {\n        \"Service\": [\n          \"lambda.amazonaws.com\",\n          \"apigateway.amazonaws.com\"\n        ]\n      }\n    }\n  ]\n}",
                            "statement.#": "1",
                            "statement.0.actions.#": "1",
                            "statement.0.actions.2528466339": "sts:AssumeRole",
                            "statement.0.condition.#": "0",
                            "statement.0.effect": "Allow",
                            "statement.0.not_actions.#": "0",
                            "statement.0.not_principals.#": "0",
                            "statement.0.not_resources.#": "0",
                            "statement.0.principals.#": "1",
                            "statement.0.principals.1632598396.identifiers.#": "2",
                            "statement.0.principals.1632598396.identifiers.1175233861": "apigateway.amazonaws.com",
                            "statement.0.principals.1632598396.identifiers.2638019528": "lambda.amazonaws.com",
                            "statement.0.principals.1632598396.type": "Service",
                            "statement.0.resources.#": "0",
                            "statement.0.sid": ""
                        },
                        "meta": {},
                        "tainted": false
                    },
                    "deposed": [],
                    "provider": "provider.aws"
                },
                "data.aws_iam_policy_document.logging_policy_statement": {
                    "type": "aws_iam_policy_document",
                    "depends_on": [],
                    "primary": {
                        "id": "4063422367",
                        "attributes": {
                            "id": "4063422367",
                            "json": "{\n  \"Version\": \"2012-10-17\",\n  \"Statement\": [\n    {\n      \"Sid\": \"\",\n      \"Effect\": \"Allow\",\n      \"Action\": [\n        \"logs:PutLogEvents\",\n        \"logs:CreateLogStream\",\n        \"logs:CreateLogGroup\"\n      ],\n      \"Resource\": \"arn:aws:logs:*:*:*\"\n    }\n  ]\n}",
                            "statement.#": "1",
                            "statement.0.actions.#": "3",
                            "statement.0.actions.2809485102": "logs:CreateLogGroup",
                            "statement.0.actions.3285979848": "logs:CreateLogStream",
                            "statement.0.actions.39743051": "logs:PutLogEvents",
                            "statement.0.condition.#": "0",
                            "statement.0.effect": "Allow",
                            "statement.0.not_actions.#": "0",
                            "statement.0.not_principals.#": "0",
                            "statement.0.not_resources.#": "0",
                            "statement.0.principals.#": "0",
                            "statement.0.resources.#": "1",
                            "statement.0.resources.162423377": "arn:aws:logs:*:*:*",
                            "statement.0.sid": ""
                        },
                        "meta": {},
                        "tainted": false
                    },
                    "deposed": [],
                    "provider": "provider.aws"
                }
            },
            "depends_on": []
        },
        {
            "path": [
                "root",
                "JobPopulateTimeSlotsTimer"
            ],
            "outputs": {},
            "resources": {
                "aws_cloudwatch_event_rule.event_rule": {
                    "type": "aws_cloudwatch_event_rule",
                    "depends_on": [
                        "aws_iam_role.Cloudwatch_Event_Invoke_Lambda_Role"
                    ],
                    "primary": {
                        "id": "dev_JobPopulateTimeSlotsSchedule_CWEventRule",
                        "attributes": {
                            "arn": "arn:aws:events:us-west-2:722431446741:rule/dev_JobPopulateTimeSlotsSchedule_CWEventRule",
                            "description": "Runs everyday at 0115 UTC",
                            "id": "dev_JobPopulateTimeSlotsSchedule_CWEventRule",
                            "is_enabled": "true",
                            "name": "dev_JobPopulateTimeSlotsSchedule_CWEventRule",
                            "role_arn": "arn:aws:iam::722431446741:role/dev_JobPopulateTimeSlotsSchedule_InvokeLambdaRole",
                            "schedule_expression": "cron(30 1 * * ? *)"
                        },
                        "meta": {},
                        "tainted": false
                    },
                    "deposed": [],
                    "provider": "provider.aws"
                },
                "aws_iam_role.Cloudwatch_Event_Invoke_Lambda_Role": {
                    "type": "aws_iam_role",
                    "depends_on": [
                        "data.aws_iam_policy_document.cloudwatch_events_assume_role"
                    ],
                    "primary": {
                        "id": "dev_JobPopulateTimeSlotsSchedule_InvokeLambdaRole",
                        "attributes": {
                            "arn": "arn:aws:iam::722431446741:role/dev_JobPopulateTimeSlotsSchedule_InvokeLambdaRole",
                            "assume_role_policy": "{\"Version\":\"2012-10-17\",\"Statement\":[{\"Sid\":\"\",\"Effect\":\"Allow\",\"Principal\":{\"Service\":\"events.amazonaws.com\"},\"Action\":\"sts:AssumeRole\"}]}",
                            "create_date": "2018-09-24T15:32:01Z",
                            "description": "",
                            "force_detach_policies": "false",
                            "id": "dev_JobPopulateTimeSlotsSchedule_InvokeLambdaRole",
                            "max_session_duration": "3600",
                            "name": "dev_JobPopulateTimeSlotsSchedule_InvokeLambdaRole",
                            "path": "/",
                            "unique_id": "AROAJRTEQTQZELTZ6HVAQ"
                        },
                        "meta": {},
                        "tainted": false
                    },
                    "deposed": [],
                    "provider": "provider.aws"
                },
                "data.aws_iam_policy_document.cloudwatch_events_assume_role": {
                    "type": "aws_iam_policy_document",
                    "depends_on": [],
                    "primary": {
                        "id": "2423734833",
                        "attributes": {
                            "id": "2423734833",
                            "json": "{\n  \"Version\": \"2012-10-17\",\n  \"Statement\": [\n    {\n      \"Sid\": \"\",\n      \"Effect\": \"Allow\",\n      \"Action\": \"sts:AssumeRole\",\n      \"Principal\": {\n        \"Service\": \"events.amazonaws.com\"\n      }\n    }\n  ]\n}",
                            "statement.#": "1",
                            "statement.0.actions.#": "1",
                            "statement.0.actions.2528466339": "sts:AssumeRole",
                            "statement.0.condition.#": "0",
                            "statement.0.effect": "Allow",
                            "statement.0.not_actions.#": "0",
                            "statement.0.not_principals.#": "0",
                            "statement.0.not_resources.#": "0",
                            "statement.0.principals.#": "1",
                            "statement.0.principals.3055794613.identifiers.#": "1",
                            "statement.0.principals.3055794613.identifiers.1159240345": "events.amazonaws.com",
                            "statement.0.principals.3055794613.type": "Service",
                            "statement.0.resources.#": "0",
                            "statement.0.sid": ""
                        },
                        "meta": {},
                        "tainted": false
                    },
                    "deposed": [],
                    "provider": "provider.aws"
                }
            },
            "depends_on": []
        },
        {
            "path": [
                "root",
                "JobSendConfirmationEmailFunction"
            ],
            "outputs": {},
            "resources": {
                "aws_cloudwatch_log_group.function": {
                    "type": "aws_cloudwatch_log_group",
                    "depends_on": [],
                    "primary": {
                        "id": "/aws/lambda/dev_JobSendConfirmationEmail",
                        "attributes": {
                            "arn": "arn:aws:logs:us-west-2:722431446741:log-group:/aws/lambda/dev_JobSendConfirmationEmail:*",
                            "id": "/aws/lambda/dev_JobSendConfirmationEmail",
                            "kms_key_id": "",
                            "name": "/aws/lambda/dev_JobSendConfirmationEmail",
                            "retention_in_days": "3",
                            "tags.%": "0"
                        },
                        "meta": {},
                        "tainted": false
                    },
                    "deposed": [],
                    "provider": "provider.aws"
                }
            },
            "depends_on": []
        },
        {
            "path": [
                "root",
                "JobSendConfirmationEmailRole"
            ],
            "outputs": {
                "arn": {
                    "sensitive": false,
                    "type": "string",
                    "value": "arn:aws:iam::722431446741:role/dev_JobSendConfirmationEmailRole"
                },
                "name": {
                    "sensitive": false,
                    "type": "string",
                    "value": "dev_JobSendConfirmationEmailRole"
                }
            },
            "resources": {
                "aws_iam_policy.lambda_logging_policy": {
                    "type": "aws_iam_policy",
                    "depends_on": [
                        "data.aws_iam_policy_document.logging_policy_statement"
                    ],
                    "primary": {
                        "id": "arn:aws:iam::722431446741:policy/logging_policy_for_dev_JobSendConfirmationEmailRole",
                        "attributes": {
                            "arn": "arn:aws:iam::722431446741:policy/logging_policy_for_dev_JobSendConfirmationEmailRole",
                            "description": "Allows AWS Lambda to create and write logs",
                            "id": "arn:aws:iam::722431446741:policy/logging_policy_for_dev_JobSendConfirmationEmailRole",
                            "name": "logging_policy_for_dev_JobSendConfirmationEmailRole",
                            "path": "/",
                            "policy": "{\n  \"Version\": \"2012-10-17\",\n  \"Statement\": [\n    {\n      \"Sid\": \"\",\n      \"Effect\": \"Allow\",\n      \"Action\": [\n        \"logs:PutLogEvents\",\n        \"logs:CreateLogStream\",\n        \"logs:CreateLogGroup\"\n      ],\n      \"Resource\": \"arn:aws:logs:*:*:*\"\n    }\n  ]\n}"
                        },
                        "meta": {},
                        "tainted": false
                    },
                    "deposed": [],
                    "provider": "provider.aws"
                },
                "aws_iam_role.role": {
                    "type": "aws_iam_role",
                    "depends_on": [
                        "data.aws_iam_policy_document.lambda_policy"
                    ],
                    "primary": {
                        "id": "dev_JobSendConfirmationEmailRole",
                        "attributes": {
                            "arn": "arn:aws:iam::722431446741:role/dev_JobSendConfirmationEmailRole",
                            "assume_role_policy": "{\"Version\":\"2012-10-17\",\"Statement\":[{\"Sid\":\"\",\"Effect\":\"Allow\",\"Principal\":{\"Service\":[\"lambda.amazonaws.com\",\"apigateway.amazonaws.com\"]},\"Action\":\"sts:AssumeRole\"}]}",
                            "create_date": "2018-09-24T15:31:58Z",
                            "description": "",
                            "force_detach_policies": "false",
                            "id": "dev_JobSendConfirmationEmailRole",
                            "max_session_duration": "3600",
                            "name": "dev_JobSendConfirmationEmailRole",
                            "path": "/",
                            "unique_id": "AROAIHIEUJPHBKLLKKVQO"
                        },
                        "meta": {},
                        "tainted": false
                    },
                    "deposed": [],
                    "provider": "provider.aws"
                },
                "aws_iam_role_policy_attachment.Attach_Logging_Role": {
                    "type": "aws_iam_role_policy_attachment",
                    "depends_on": [
                        "aws_iam_policy.lambda_logging_policy",
                        "aws_iam_role.role"
                    ],
                    "primary": {
                        "id": "dev_JobSendConfirmationEmailRole-2018092415321863650000001d",
                        "attributes": {
                            "id": "dev_JobSendConfirmationEmailRole-2018092415321863650000001d",
                            "policy_arn": "arn:aws:iam::722431446741:policy/logging_policy_for_dev_JobSendConfirmationEmailRole",
                            "role": "dev_JobSendConfirmationEmailRole"
                        },
                        "meta": {},
                        "tainted": false
                    },
                    "deposed": [],
                    "provider": "provider.aws"
                },
                "aws_iam_role_policy_attachment.Attach_VPC_Policy": {
                    "type": "aws_iam_role_policy_attachment",
                    "depends_on": [
                        "aws_iam_role.role"
                    ],
                    "primary": {
                        "id": "dev_JobSendConfirmationEmailRole-20180924153214996100000007",
                        "attributes": {
                            "id": "dev_JobSendConfirmationEmailRole-20180924153214996100000007",
                            "policy_arn": "arn:aws:iam::aws:policy/service-role/AWSLambdaVPCAccessExecutionRole",
                            "role": "dev_JobSendConfirmationEmailRole"
                        },
                        "meta": {},
                        "tainted": false
                    },
                    "deposed": [],
                    "provider": "provider.aws"
                },
                "data.aws_iam_policy_document.lambda_policy": {
                    "type": "aws_iam_policy_document",
                    "depends_on": [],
                    "primary": {
                        "id": "3127519745",
                        "attributes": {
                            "id": "3127519745",
                            "json": "{\n  \"Version\": \"2012-10-17\",\n  \"Statement\": [\n    {\n      \"Sid\": \"\",\n      \"Effect\": \"Allow\",\n      \"Action\": \"sts:AssumeRole\",\n      \"Principal\": {\n        \"Service\": [\n          \"lambda.amazonaws.com\",\n          \"apigateway.amazonaws.com\"\n        ]\n      }\n    }\n  ]\n}",
                            "statement.#": "1",
                            "statement.0.actions.#": "1",
                            "statement.0.actions.2528466339": "sts:AssumeRole",
                            "statement.0.condition.#": "0",
                            "statement.0.effect": "Allow",
                            "statement.0.not_actions.#": "0",
                            "statement.0.not_principals.#": "0",
                            "statement.0.not_resources.#": "0",
                            "statement.0.principals.#": "1",
                            "statement.0.principals.1632598396.identifiers.#": "2",
                            "statement.0.principals.1632598396.identifiers.1175233861": "apigateway.amazonaws.com",
                            "statement.0.principals.1632598396.identifiers.2638019528": "lambda.amazonaws.com",
                            "statement.0.principals.1632598396.type": "Service",
                            "statement.0.resources.#": "0",
                            "statement.0.sid": ""
                        },
                        "meta": {},
                        "tainted": false
                    },
                    "deposed": [],
                    "provider": "provider.aws"
                },
                "data.aws_iam_policy_document.logging_policy_statement": {
                    "type": "aws_iam_policy_document",
                    "depends_on": [],
                    "primary": {
                        "id": "4063422367",
                        "attributes": {
                            "id": "4063422367",
                            "json": "{\n  \"Version\": \"2012-10-17\",\n  \"Statement\": [\n    {\n      \"Sid\": \"\",\n      \"Effect\": \"Allow\",\n      \"Action\": [\n        \"logs:PutLogEvents\",\n        \"logs:CreateLogStream\",\n        \"logs:CreateLogGroup\"\n      ],\n      \"Resource\": \"arn:aws:logs:*:*:*\"\n    }\n  ]\n}",
                            "statement.#": "1",
                            "statement.0.actions.#": "3",
                            "statement.0.actions.2809485102": "logs:CreateLogGroup",
                            "statement.0.actions.3285979848": "logs:CreateLogStream",
                            "statement.0.actions.39743051": "logs:PutLogEvents",
                            "statement.0.condition.#": "0",
                            "statement.0.effect": "Allow",
                            "statement.0.not_actions.#": "0",
                            "statement.0.not_principals.#": "0",
                            "statement.0.not_resources.#": "0",
                            "statement.0.principals.#": "0",
                            "statement.0.resources.#": "1",
                            "statement.0.resources.162423377": "arn:aws:logs:*:*:*",
                            "statement.0.sid": ""
                        },
                        "meta": {},
                        "tainted": false
                    },
                    "deposed": [],
                    "provider": "provider.aws"
                }
            },
            "depends_on": []
        },
        {
            "path": [
                "root",
                "JobSendConfirmationEmailTimer"
            ],
            "outputs": {},
            "resources": {
                "aws_cloudwatch_event_rule.event_rule": {
                    "type": "aws_cloudwatch_event_rule",
                    "depends_on": [
                        "aws_iam_role.Cloudwatch_Event_Invoke_Lambda_Role"
                    ],
                    "primary": {
                        "id": "dev_JobSendConfirmationEmailSchedule_CWEventRule",
                        "attributes": {
                            "arn": "arn:aws:events:us-west-2:722431446741:rule/dev_JobSendConfirmationEmailSchedule_CWEventRule",
                            "description": "Runs every minute",
                            "id": "dev_JobSendConfirmationEmailSchedule_CWEventRule",
                            "is_enabled": "true",
                            "name": "dev_JobSendConfirmationEmailSchedule_CWEventRule",
                            "role_arn": "arn:aws:iam::722431446741:role/dev_JobSendConfirmationEmailSchedule_InvokeLambdaRole",
                            "schedule_expression": "rate(1 minute)"
                        },
                        "meta": {},
                        "tainted": false
                    },
                    "deposed": [],
                    "provider": "provider.aws"
                },
                "aws_iam_role.Cloudwatch_Event_Invoke_Lambda_Role": {
                    "type": "aws_iam_role",
                    "depends_on": [
                        "data.aws_iam_policy_document.cloudwatch_events_assume_role"
                    ],
                    "primary": {
                        "id": "dev_JobSendConfirmationEmailSchedule_InvokeLambdaRole",
                        "attributes": {
                            "arn": "arn:aws:iam::722431446741:role/dev_JobSendConfirmationEmailSchedule_InvokeLambdaRole",
                            "assume_role_policy": "{\"Version\":\"2012-10-17\",\"Statement\":[{\"Sid\":\"\",\"Effect\":\"Allow\",\"Principal\":{\"Service\":\"events.amazonaws.com\"},\"Action\":\"sts:AssumeRole\"}]}",
                            "create_date": "2018-09-24T15:32:03Z",
                            "description": "",
                            "force_detach_policies": "false",
                            "id": "dev_JobSendConfirmationEmailSchedule_InvokeLambdaRole",
                            "max_session_duration": "3600",
                            "name": "dev_JobSendConfirmationEmailSchedule_InvokeLambdaRole",
                            "path": "/",
                            "unique_id": "AROAJSIQY46MIOZNYPUBQ"
                        },
                        "meta": {},
                        "tainted": false
                    },
                    "deposed": [],
                    "provider": "provider.aws"
                },
                "data.aws_iam_policy_document.cloudwatch_events_assume_role": {
                    "type": "aws_iam_policy_document",
                    "depends_on": [],
                    "primary": {
                        "id": "2423734833",
                        "attributes": {
                            "id": "2423734833",
                            "json": "{\n  \"Version\": \"2012-10-17\",\n  \"Statement\": [\n    {\n      \"Sid\": \"\",\n      \"Effect\": \"Allow\",\n      \"Action\": \"sts:AssumeRole\",\n      \"Principal\": {\n        \"Service\": \"events.amazonaws.com\"\n      }\n    }\n  ]\n}",
                            "statement.#": "1",
                            "statement.0.actions.#": "1",
                            "statement.0.actions.2528466339": "sts:AssumeRole",
                            "statement.0.condition.#": "0",
                            "statement.0.effect": "Allow",
                            "statement.0.not_actions.#": "0",
                            "statement.0.not_principals.#": "0",
                            "statement.0.not_resources.#": "0",
                            "statement.0.principals.#": "1",
                            "statement.0.principals.3055794613.identifiers.#": "1",
                            "statement.0.principals.3055794613.identifiers.1159240345": "events.amazonaws.com",
                            "statement.0.principals.3055794613.type": "Service",
                            "statement.0.resources.#": "0",
                            "statement.0.sid": ""
                        },
                        "meta": {},
                        "tainted": false
                    },
                    "deposed": [],
                    "provider": "provider.aws"
                }
            },
            "depends_on": []
        },
        {
            "path": [
                "root",
                "JobSendConfirmationEmail_policy_attachment"
            ],
            "outputs": {},
            "resources": {
                "aws_iam_policy.policy_to_create": {
                    "type": "aws_iam_policy",
                    "depends_on": [],
                    "primary": {
                        "id": "arn:aws:iam::722431446741:policy/dev_JobSendConfirmationEmail_Policy",
                        "attributes": {
                            "arn": "arn:aws:iam::722431446741:policy/dev_JobSendConfirmationEmail_Policy",
                            "description": "",
                            "id": "arn:aws:iam::722431446741:policy/dev_JobSendConfirmationEmail_Policy",
                            "name": "dev_JobSendConfirmationEmail_Policy",
                            "path": "/",
                            "policy": "{\n  \"Version\": \"2012-10-17\",\n  \"Statement\": [\n    {\n      \"Sid\": \"\",\n      \"Effect\": \"Allow\",\n      \"Action\": \"ses:SendTemplatedEmail\",\n      \"Resource\": \"arn:aws:ses:us-west-2:722431446741:identity/no-reply@dev.drivesmartcbus.com\"\n    }\n  ]\n}"
                        },
                        "meta": {},
                        "tainted": false
                    },
                    "deposed": [],
                    "provider": "provider.aws"
                },
                "aws_iam_role_policy_attachment.attach_new_policy_to_role": {
                    "type": "aws_iam_role_policy_attachment",
                    "depends_on": [
                        "aws_iam_policy.policy_to_create"
                    ],
                    "primary": {
                        "id": "dev_JobSendConfirmationEmailRole-20180924153226990400000027",
                        "attributes": {
                            "id": "dev_JobSendConfirmationEmailRole-20180924153226990400000027",
                            "policy_arn": "arn:aws:iam::722431446741:policy/dev_JobSendConfirmationEmail_Policy",
                            "role": "dev_JobSendConfirmationEmailRole"
                        },
                        "meta": {},
                        "tainted": false
                    },
                    "deposed": [],
                    "provider": "provider.aws"
                }
            },
            "depends_on": []
        },
        {
            "path": [
                "root",
                "JobWeeklyEmailAnalyticsFunction"
            ],
            "outputs": {},
            "resources": {
                "aws_cloudwatch_log_group.function": {
                    "type": "aws_cloudwatch_log_group",
                    "depends_on": [],
                    "primary": {
                        "id": "/aws/lambda/dev_JobWeeklyEmailAnalytics",
                        "attributes": {
                            "arn": "arn:aws:logs:us-west-2:722431446741:log-group:/aws/lambda/dev_JobWeeklyEmailAnalytics:*",
                            "id": "/aws/lambda/dev_JobWeeklyEmailAnalytics",
                            "kms_key_id": "",
                            "name": "/aws/lambda/dev_JobWeeklyEmailAnalytics",
                            "retention_in_days": "3",
                            "tags.%": "0"
                        },
                        "meta": {},
                        "tainted": false
                    },
                    "deposed": [],
                    "provider": "provider.aws"
                }
            },
            "depends_on": []
        },
        {
            "path": [
                "root",
                "JobWeeklyEmailAnalyticsRole"
            ],
            "outputs": {
                "arn": {
                    "sensitive": false,
                    "type": "string",
                    "value": "arn:aws:iam::722431446741:role/dev_JobWeeklyEmailAnalyticsRole"
                },
                "name": {
                    "sensitive": false,
                    "type": "string",
                    "value": "dev_JobWeeklyEmailAnalyticsRole"
                }
            },
            "resources": {
                "aws_iam_policy.lambda_logging_policy": {
                    "type": "aws_iam_policy",
                    "depends_on": [
                        "data.aws_iam_policy_document.logging_policy_statement"
                    ],
                    "primary": {
                        "id": "arn:aws:iam::722431446741:policy/logging_policy_for_dev_JobWeeklyEmailAnalyticsRole",
                        "attributes": {
                            "arn": "arn:aws:iam::722431446741:policy/logging_policy_for_dev_JobWeeklyEmailAnalyticsRole",
                            "description": "Allows AWS Lambda to create and write logs",
                            "id": "arn:aws:iam::722431446741:policy/logging_policy_for_dev_JobWeeklyEmailAnalyticsRole",
                            "name": "logging_policy_for_dev_JobWeeklyEmailAnalyticsRole",
                            "path": "/",
                            "policy": "{\n  \"Version\": \"2012-10-17\",\n  \"Statement\": [\n    {\n      \"Sid\": \"\",\n      \"Effect\": \"Allow\",\n      \"Action\": [\n        \"logs:PutLogEvents\",\n        \"logs:CreateLogStream\",\n        \"logs:CreateLogGroup\"\n      ],\n      \"Resource\": \"arn:aws:logs:*:*:*\"\n    }\n  ]\n}"
                        },
                        "meta": {},
                        "tainted": false
                    },
                    "deposed": [],
                    "provider": "provider.aws"
                },
                "aws_iam_role.role": {
                    "type": "aws_iam_role",
                    "depends_on": [
                        "data.aws_iam_policy_document.lambda_policy"
                    ],
                    "primary": {
                        "id": "dev_JobWeeklyEmailAnalyticsRole",
                        "attributes": {
                            "arn": "arn:aws:iam::722431446741:role/dev_JobWeeklyEmailAnalyticsRole",
                            "assume_role_policy": "{\"Version\":\"2012-10-17\",\"Statement\":[{\"Sid\":\"\",\"Effect\":\"Allow\",\"Principal\":{\"Service\":[\"lambda.amazonaws.com\",\"apigateway.amazonaws.com\"]},\"Action\":\"sts:AssumeRole\"}]}",
                            "create_date": "2018-09-24T15:32:03Z",
                            "description": "",
                            "force_detach_policies": "false",
                            "id": "dev_JobWeeklyEmailAnalyticsRole",
                            "max_session_duration": "3600",
                            "name": "dev_JobWeeklyEmailAnalyticsRole",
                            "path": "/",
                            "unique_id": "AROAIF5IU6MO2P6VYSM4C"
                        },
                        "meta": {},
                        "tainted": false
                    },
                    "deposed": [],
                    "provider": "provider.aws"
                },
                "aws_iam_role_policy_attachment.Attach_Logging_Role": {
                    "type": "aws_iam_role_policy_attachment",
                    "depends_on": [
                        "aws_iam_policy.lambda_logging_policy",
                        "aws_iam_role.role"
                    ],
                    "primary": {
                        "id": "dev_JobWeeklyEmailAnalyticsRole-20180924153216864500000012",
                        "attributes": {
                            "id": "dev_JobWeeklyEmailAnalyticsRole-20180924153216864500000012",
                            "policy_arn": "arn:aws:iam::722431446741:policy/logging_policy_for_dev_JobWeeklyEmailAnalyticsRole",
                            "role": "dev_JobWeeklyEmailAnalyticsRole"
                        },
                        "meta": {},
                        "tainted": false
                    },
                    "deposed": [],
                    "provider": "provider.aws"
                },
                "aws_iam_role_policy_attachment.Attach_VPC_Policy": {
                    "type": "aws_iam_role_policy_attachment",
                    "depends_on": [
                        "aws_iam_role.role"
                    ],
                    "primary": {
                        "id": "dev_JobWeeklyEmailAnalyticsRole-20180924153216496000000010",
                        "attributes": {
                            "id": "dev_JobWeeklyEmailAnalyticsRole-20180924153216496000000010",
                            "policy_arn": "arn:aws:iam::aws:policy/service-role/AWSLambdaVPCAccessExecutionRole",
                            "role": "dev_JobWeeklyEmailAnalyticsRole"
                        },
                        "meta": {},
                        "tainted": false
                    },
                    "deposed": [],
                    "provider": "provider.aws"
                },
                "data.aws_iam_policy_document.lambda_policy": {
                    "type": "aws_iam_policy_document",
                    "depends_on": [],
                    "primary": {
                        "id": "3127519745",
                        "attributes": {
                            "id": "3127519745",
                            "json": "{\n  \"Version\": \"2012-10-17\",\n  \"Statement\": [\n    {\n      \"Sid\": \"\",\n      \"Effect\": \"Allow\",\n      \"Action\": \"sts:AssumeRole\",\n      \"Principal\": {\n        \"Service\": [\n          \"lambda.amazonaws.com\",\n          \"apigateway.amazonaws.com\"\n        ]\n      }\n    }\n  ]\n}",
                            "statement.#": "1",
                            "statement.0.actions.#": "1",
                            "statement.0.actions.2528466339": "sts:AssumeRole",
                            "statement.0.condition.#": "0",
                            "statement.0.effect": "Allow",
                            "statement.0.not_actions.#": "0",
                            "statement.0.not_principals.#": "0",
                            "statement.0.not_resources.#": "0",
                            "statement.0.principals.#": "1",
                            "statement.0.principals.1632598396.identifiers.#": "2",
                            "statement.0.principals.1632598396.identifiers.1175233861": "apigateway.amazonaws.com",
                            "statement.0.principals.1632598396.identifiers.2638019528": "lambda.amazonaws.com",
                            "statement.0.principals.1632598396.type": "Service",
                            "statement.0.resources.#": "0",
                            "statement.0.sid": ""
                        },
                        "meta": {},
                        "tainted": false
                    },
                    "deposed": [],
                    "provider": "provider.aws"
                },
                "data.aws_iam_policy_document.logging_policy_statement": {
                    "type": "aws_iam_policy_document",
                    "depends_on": [],
                    "primary": {
                        "id": "4063422367",
                        "attributes": {
                            "id": "4063422367",
                            "json": "{\n  \"Version\": \"2012-10-17\",\n  \"Statement\": [\n    {\n      \"Sid\": \"\",\n      \"Effect\": \"Allow\",\n      \"Action\": [\n        \"logs:PutLogEvents\",\n        \"logs:CreateLogStream\",\n        \"logs:CreateLogGroup\"\n      ],\n      \"Resource\": \"arn:aws:logs:*:*:*\"\n    }\n  ]\n}",
                            "statement.#": "1",
                            "statement.0.actions.#": "3",
                            "statement.0.actions.2809485102": "logs:CreateLogGroup",
                            "statement.0.actions.3285979848": "logs:CreateLogStream",
                            "statement.0.actions.39743051": "logs:PutLogEvents",
                            "statement.0.condition.#": "0",
                            "statement.0.effect": "Allow",
                            "statement.0.not_actions.#": "0",
                            "statement.0.not_principals.#": "0",
                            "statement.0.not_resources.#": "0",
                            "statement.0.principals.#": "0",
                            "statement.0.resources.#": "1",
                            "statement.0.resources.162423377": "arn:aws:logs:*:*:*",
                            "statement.0.sid": ""
                        },
                        "meta": {},
                        "tainted": false
                    },
                    "deposed": [],
                    "provider": "provider.aws"
                }
            },
            "depends_on": []
        },
        {
            "path": [
                "root",
                "JobWeeklyEmailAnalyticsTimer"
            ],
            "outputs": {},
            "resources": {
                "aws_cloudwatch_event_rule.event_rule": {
                    "type": "aws_cloudwatch_event_rule",
                    "depends_on": [
                        "aws_iam_role.Cloudwatch_Event_Invoke_Lambda_Role"
                    ],
                    "primary": {
                        "id": "dev_JobWeeklyEmailAnalyticsSchedule_CWEventRule",
                        "attributes": {
                            "arn": "arn:aws:events:us-west-2:722431446741:rule/dev_JobWeeklyEmailAnalyticsSchedule_CWEventRule",
                            "description": "Runs every Friday at 700 UTC",
                            "id": "dev_JobWeeklyEmailAnalyticsSchedule_CWEventRule",
                            "is_enabled": "true",
                            "name": "dev_JobWeeklyEmailAnalyticsSchedule_CWEventRule",
                            "role_arn": "arn:aws:iam::722431446741:role/dev_JobWeeklyEmailAnalyticsSchedule_InvokeLambdaRole",
                            "schedule_expression": "cron(0 7 ? * FRI *)"
                        },
                        "meta": {},
                        "tainted": false
                    },
                    "deposed": [],
                    "provider": "provider.aws"
                },
                "aws_iam_role.Cloudwatch_Event_Invoke_Lambda_Role": {
                    "type": "aws_iam_role",
                    "depends_on": [
                        "data.aws_iam_policy_document.cloudwatch_events_assume_role"
                    ],
                    "primary": {
                        "id": "dev_JobWeeklyEmailAnalyticsSchedule_InvokeLambdaRole",
                        "attributes": {
                            "arn": "arn:aws:iam::722431446741:role/dev_JobWeeklyEmailAnalyticsSchedule_InvokeLambdaRole",
                            "assume_role_policy": "{\"Version\":\"2012-10-17\",\"Statement\":[{\"Sid\":\"\",\"Effect\":\"Allow\",\"Principal\":{\"Service\":\"events.amazonaws.com\"},\"Action\":\"sts:AssumeRole\"}]}",
                            "create_date": "2018-09-24T15:31:59Z",
                            "description": "",
                            "force_detach_policies": "false",
                            "id": "dev_JobWeeklyEmailAnalyticsSchedule_InvokeLambdaRole",
                            "max_session_duration": "3600",
                            "name": "dev_JobWeeklyEmailAnalyticsSchedule_InvokeLambdaRole",
                            "path": "/",
                            "unique_id": "AROAILHJQ25HFZ2V677V4"
                        },
                        "meta": {},
                        "tainted": false
                    },
                    "deposed": [],
                    "provider": "provider.aws"
                },
                "data.aws_iam_policy_document.cloudwatch_events_assume_role": {
                    "type": "aws_iam_policy_document",
                    "depends_on": [],
                    "primary": {
                        "id": "2423734833",
                        "attributes": {
                            "id": "2423734833",
                            "json": "{\n  \"Version\": \"2012-10-17\",\n  \"Statement\": [\n    {\n      \"Sid\": \"\",\n      \"Effect\": \"Allow\",\n      \"Action\": \"sts:AssumeRole\",\n      \"Principal\": {\n        \"Service\": \"events.amazonaws.com\"\n      }\n    }\n  ]\n}",
                            "statement.#": "1",
                            "statement.0.actions.#": "1",
                            "statement.0.actions.2528466339": "sts:AssumeRole",
                            "statement.0.condition.#": "0",
                            "statement.0.effect": "Allow",
                            "statement.0.not_actions.#": "0",
                            "statement.0.not_principals.#": "0",
                            "statement.0.not_resources.#": "0",
                            "statement.0.principals.#": "1",
                            "statement.0.principals.3055794613.identifiers.#": "1",
                            "statement.0.principals.3055794613.identifiers.1159240345": "events.amazonaws.com",
                            "statement.0.principals.3055794613.type": "Service",
                            "statement.0.resources.#": "0",
                            "statement.0.sid": ""
                        },
                        "meta": {},
                        "tainted": false
                    },
                    "deposed": [],
                    "provider": "provider.aws"
                }
            },
            "depends_on": []
        },
        {
            "path": [
                "root",
                "JobWeeklyEmailAnalytics_policy_attachment"
            ],
            "outputs": {},
            "resources": {
                "aws_iam_policy.policy_to_create": {
                    "type": "aws_iam_policy",
                    "depends_on": [],
                    "primary": {
                        "id": "arn:aws:iam::722431446741:policy/dev_JobWeeklyEmailAnalytics_Policy",
                        "attributes": {
                            "arn": "arn:aws:iam::722431446741:policy/dev_JobWeeklyEmailAnalytics_Policy",
                            "description": "",
                            "id": "arn:aws:iam::722431446741:policy/dev_JobWeeklyEmailAnalytics_Policy",
                            "name": "dev_JobWeeklyEmailAnalytics_Policy",
                            "path": "/",
                            "policy": "{\n  \"Version\": \"2012-10-17\",\n  \"Statement\": [\n    {\n      \"Sid\": \"\",\n      \"Effect\": \"Allow\",\n      \"Action\": \"ses:SendRawEmail\",\n      \"Resource\": \"arn:aws:ses:us-west-2:722431446741:identity/no-reply@dev.drivesmartcbus.com\"\n    }\n  ]\n}"
                        },
                        "meta": {},
                        "tainted": false
                    },
                    "deposed": [],
                    "provider": "provider.aws"
                },
                "aws_iam_role_policy_attachment.attach_new_policy_to_role": {
                    "type": "aws_iam_role_policy_attachment",
                    "depends_on": [
                        "aws_iam_policy.policy_to_create"
                    ],
                    "primary": {
                        "id": "dev_JobWeeklyEmailAnalyticsRole-20180924153226993900000028",
                        "attributes": {
                            "id": "dev_JobWeeklyEmailAnalyticsRole-20180924153226993900000028",
                            "policy_arn": "arn:aws:iam::722431446741:policy/dev_JobWeeklyEmailAnalytics_Policy",
                            "role": "dev_JobWeeklyEmailAnalyticsRole"
                        },
                        "meta": {},
                        "tainted": false
                    },
                    "deposed": [],
                    "provider": "provider.aws"
                }
            },
            "depends_on": []
        },
        {
            "path": [
                "root",
                "api_admin_cancel_drive"
            ],
            "outputs": {},
            "resources": {
                "aws_api_gateway_integration.options_integration": {
                    "type": "aws_api_gateway_integration",
                    "depends_on": [
                        "aws_api_gateway_method.options_method",
                        "aws_api_gateway_resource.cors_resource"
                    ],
                    "primary": {
                        "id": "agi-jt6xcxywmd-3sjo8o-OPTIONS",
                        "attributes": {
                            "cache_key_parameters.#": "0",
                            "cache_namespace": "3sjo8o",
                            "connection_id": "",
                            "connection_type": "INTERNET",
                            "content_handling": "",
                            "credentials": "",
                            "http_method": "OPTIONS",
                            "id": "agi-jt6xcxywmd-3sjo8o-OPTIONS",
                            "integration_http_method": "",
                            "passthrough_behavior": "WHEN_NO_MATCH",
                            "request_parameters.%": "0",
                            "request_templates.%": "1",
                            "request_templates.application/json": "{'statusCode': 200}",
                            "resource_id": "3sjo8o",
                            "rest_api_id": "jt6xcxywmd",
                            "timeout_milliseconds": "29000",
                            "type": "MOCK",
                            "uri": ""
                        },
                        "meta": {},
                        "tainted": false
                    },
                    "deposed": [],
                    "provider": "provider.aws"
                },
                "aws_api_gateway_integration_response.options_integration_response": {
                    "type": "aws_api_gateway_integration_response",
                    "depends_on": [
                        "aws_api_gateway_method.options_method",
                        "aws_api_gateway_method_response.options_200",
                        "aws_api_gateway_resource.cors_resource"
                    ],
                    "primary": {
                        "id": "agir-jt6xcxywmd-3sjo8o-OPTIONS-200",
                        "attributes": {
                            "content_handling": "",
                            "http_method": "OPTIONS",
                            "id": "agir-jt6xcxywmd-3sjo8o-OPTIONS-200",
                            "resource_id": "3sjo8o",
                            "response_parameters.%": "3",
                            "response_parameters.method.response.header.Access-Control-Allow-Headers": "'Content-Type,X-Amz-Date,Authorization,X-Api-Key,X-Amz-Security-Token'",
                            "response_parameters.method.response.header.Access-Control-Allow-Methods": "'OPTIONS,POST'",
                            "response_parameters.method.response.header.Access-Control-Allow-Origin": "'*'",
                            "response_templates.%": "1",
                            "response_templates.application/json": "",
                            "rest_api_id": "jt6xcxywmd",
                            "selection_pattern": "",
                            "status_code": "200"
                        },
                        "meta": {},
                        "tainted": false
                    },
                    "deposed": [],
                    "provider": "provider.aws"
                },
                "aws_api_gateway_method.cors_method": {
                    "type": "aws_api_gateway_method",
                    "depends_on": [
                        "aws_api_gateway_resource.cors_resource"
                    ],
                    "primary": {
                        "id": "agm-jt6xcxywmd-3sjo8o-POST",
                        "attributes": {
                            "api_key_required": "false",
                            "authorization": "COGNITO_USER_POOLS",
                            "authorizer_id": "vuca6b",
                            "http_method": "POST",
                            "id": "agm-jt6xcxywmd-3sjo8o-POST",
                            "resource_id": "3sjo8o",
                            "rest_api_id": "jt6xcxywmd"
                        },
                        "meta": {},
                        "tainted": false
                    },
                    "deposed": [],
                    "provider": "provider.aws"
                },
                "aws_api_gateway_method.options_method": {
                    "type": "aws_api_gateway_method",
                    "depends_on": [
                        "aws_api_gateway_resource.cors_resource"
                    ],
                    "primary": {
                        "id": "agm-jt6xcxywmd-3sjo8o-OPTIONS",
                        "attributes": {
                            "api_key_required": "false",
                            "authorization": "NONE",
                            "http_method": "OPTIONS",
                            "id": "agm-jt6xcxywmd-3sjo8o-OPTIONS",
                            "resource_id": "3sjo8o",
                            "rest_api_id": "jt6xcxywmd"
                        },
                        "meta": {},
                        "tainted": false
                    },
                    "deposed": [],
                    "provider": "provider.aws"
                },
                "aws_api_gateway_method_response.cors_method_response_200": {
                    "type": "aws_api_gateway_method_response",
                    "depends_on": [
                        "aws_api_gateway_method.cors_method",
                        "aws_api_gateway_resource.cors_resource"
                    ],
                    "primary": {
                        "id": "agmr-jt6xcxywmd-3sjo8o-POST-200",
                        "attributes": {
                            "http_method": "POST",
                            "id": "agmr-jt6xcxywmd-3sjo8o-POST-200",
                            "resource_id": "3sjo8o",
                            "response_parameters.%": "1",
                            "response_parameters.method.response.header.Access-Control-Allow-Origin": "true",
                            "rest_api_id": "jt6xcxywmd",
                            "status_code": "200"
                        },
                        "meta": {},
                        "tainted": false
                    },
                    "deposed": [],
                    "provider": "provider.aws"
                },
                "aws_api_gateway_method_response.options_200": {
                    "type": "aws_api_gateway_method_response",
                    "depends_on": [
                        "aws_api_gateway_method.options_method",
                        "aws_api_gateway_resource.cors_resource"
                    ],
                    "primary": {
                        "id": "agmr-jt6xcxywmd-3sjo8o-OPTIONS-200",
                        "attributes": {
                            "http_method": "OPTIONS",
                            "id": "agmr-jt6xcxywmd-3sjo8o-OPTIONS-200",
                            "resource_id": "3sjo8o",
                            "response_models.%": "1",
                            "response_models.application/json": "Empty",
                            "response_parameters.%": "3",
                            "response_parameters.method.response.header.Access-Control-Allow-Headers": "true",
                            "response_parameters.method.response.header.Access-Control-Allow-Methods": "true",
                            "response_parameters.method.response.header.Access-Control-Allow-Origin": "true",
                            "rest_api_id": "jt6xcxywmd",
                            "status_code": "200"
                        },
                        "meta": {},
                        "tainted": false
                    },
                    "deposed": [],
                    "provider": "provider.aws"
                },
                "aws_api_gateway_resource.cors_resource": {
                    "type": "aws_api_gateway_resource",
                    "depends_on": [],
                    "primary": {
                        "id": "3sjo8o",
                        "attributes": {
                            "id": "3sjo8o",
                            "parent_id": "cd1p8n",
                            "path": "/admin/cancelDrive",
                            "path_part": "cancelDrive",
                            "rest_api_id": "jt6xcxywmd"
                        },
                        "meta": {},
                        "tainted": false
                    },
                    "deposed": [],
                    "provider": "provider.aws"
                }
            },
            "depends_on": []
        },
        {
            "path": [
                "root",
                "api_admin_get_schedule"
            ],
            "outputs": {},
            "resources": {
                "aws_api_gateway_integration.options_integration": {
                    "type": "aws_api_gateway_integration",
                    "depends_on": [
                        "aws_api_gateway_method.options_method",
                        "aws_api_gateway_resource.cors_resource"
                    ],
                    "primary": {
                        "id": "agi-jt6xcxywmd-7gz0s6-OPTIONS",
                        "attributes": {
                            "cache_key_parameters.#": "0",
                            "cache_namespace": "7gz0s6",
                            "connection_id": "",
                            "connection_type": "INTERNET",
                            "content_handling": "",
                            "credentials": "",
                            "http_method": "OPTIONS",
                            "id": "agi-jt6xcxywmd-7gz0s6-OPTIONS",
                            "integration_http_method": "",
                            "passthrough_behavior": "WHEN_NO_MATCH",
                            "request_parameters.%": "0",
                            "request_templates.%": "1",
                            "request_templates.application/json": "{'statusCode': 200}",
                            "resource_id": "7gz0s6",
                            "rest_api_id": "jt6xcxywmd",
                            "timeout_milliseconds": "29000",
                            "type": "MOCK",
                            "uri": ""
                        },
                        "meta": {},
                        "tainted": false
                    },
                    "deposed": [],
                    "provider": "provider.aws"
                },
                "aws_api_gateway_integration_response.options_integration_response": {
                    "type": "aws_api_gateway_integration_response",
                    "depends_on": [
                        "aws_api_gateway_method.options_method",
                        "aws_api_gateway_method_response.options_200",
                        "aws_api_gateway_resource.cors_resource"
                    ],
                    "primary": {
                        "id": "agir-jt6xcxywmd-7gz0s6-OPTIONS-200",
                        "attributes": {
                            "content_handling": "",
                            "http_method": "OPTIONS",
                            "id": "agir-jt6xcxywmd-7gz0s6-OPTIONS-200",
                            "resource_id": "7gz0s6",
                            "response_parameters.%": "3",
                            "response_parameters.method.response.header.Access-Control-Allow-Headers": "'Content-Type,X-Amz-Date,Authorization,X-Api-Key,X-Amz-Security-Token'",
                            "response_parameters.method.response.header.Access-Control-Allow-Methods": "'OPTIONS,GET'",
                            "response_parameters.method.response.header.Access-Control-Allow-Origin": "'*'",
                            "response_templates.%": "1",
                            "response_templates.application/json": "",
                            "rest_api_id": "jt6xcxywmd",
                            "selection_pattern": "",
                            "status_code": "200"
                        },
                        "meta": {},
                        "tainted": false
                    },
                    "deposed": [],
                    "provider": "provider.aws"
                },
                "aws_api_gateway_method.cors_method": {
                    "type": "aws_api_gateway_method",
                    "depends_on": [
                        "aws_api_gateway_resource.cors_resource"
                    ],
                    "primary": {
                        "id": "agm-jt6xcxywmd-7gz0s6-GET",
                        "attributes": {
                            "api_key_required": "false",
                            "authorization": "COGNITO_USER_POOLS",
                            "authorizer_id": "vuca6b",
                            "http_method": "GET",
                            "id": "agm-jt6xcxywmd-7gz0s6-GET",
                            "resource_id": "7gz0s6",
                            "rest_api_id": "jt6xcxywmd"
                        },
                        "meta": {},
                        "tainted": false
                    },
                    "deposed": [],
                    "provider": "provider.aws"
                },
                "aws_api_gateway_method.options_method": {
                    "type": "aws_api_gateway_method",
                    "depends_on": [
                        "aws_api_gateway_resource.cors_resource"
                    ],
                    "primary": {
                        "id": "agm-jt6xcxywmd-7gz0s6-OPTIONS",
                        "attributes": {
                            "api_key_required": "false",
                            "authorization": "NONE",
                            "http_method": "OPTIONS",
                            "id": "agm-jt6xcxywmd-7gz0s6-OPTIONS",
                            "resource_id": "7gz0s6",
                            "rest_api_id": "jt6xcxywmd"
                        },
                        "meta": {},
                        "tainted": false
                    },
                    "deposed": [],
                    "provider": "provider.aws"
                },
                "aws_api_gateway_method_response.cors_method_response_200": {
                    "type": "aws_api_gateway_method_response",
                    "depends_on": [
                        "aws_api_gateway_method.cors_method",
                        "aws_api_gateway_resource.cors_resource"
                    ],
                    "primary": {
                        "id": "agmr-jt6xcxywmd-7gz0s6-GET-200",
                        "attributes": {
                            "http_method": "GET",
                            "id": "agmr-jt6xcxywmd-7gz0s6-GET-200",
                            "resource_id": "7gz0s6",
                            "response_parameters.%": "1",
                            "response_parameters.method.response.header.Access-Control-Allow-Origin": "true",
                            "rest_api_id": "jt6xcxywmd",
                            "status_code": "200"
                        },
                        "meta": {},
                        "tainted": false
                    },
                    "deposed": [],
                    "provider": "provider.aws"
                },
                "aws_api_gateway_method_response.options_200": {
                    "type": "aws_api_gateway_method_response",
                    "depends_on": [
                        "aws_api_gateway_method.options_method",
                        "aws_api_gateway_resource.cors_resource"
                    ],
                    "primary": {
                        "id": "agmr-jt6xcxywmd-7gz0s6-OPTIONS-200",
                        "attributes": {
                            "http_method": "OPTIONS",
                            "id": "agmr-jt6xcxywmd-7gz0s6-OPTIONS-200",
                            "resource_id": "7gz0s6",
                            "response_models.%": "1",
                            "response_models.application/json": "Empty",
                            "response_parameters.%": "3",
                            "response_parameters.method.response.header.Access-Control-Allow-Headers": "true",
                            "response_parameters.method.response.header.Access-Control-Allow-Methods": "true",
                            "response_parameters.method.response.header.Access-Control-Allow-Origin": "true",
                            "rest_api_id": "jt6xcxywmd",
                            "status_code": "200"
                        },
                        "meta": {},
                        "tainted": false
                    },
                    "deposed": [],
                    "provider": "provider.aws"
                },
                "aws_api_gateway_resource.cors_resource": {
                    "type": "aws_api_gateway_resource",
                    "depends_on": [],
                    "primary": {
                        "id": "7gz0s6",
                        "attributes": {
                            "id": "7gz0s6",
                            "parent_id": "cd1p8n",
                            "path": "/admin/schedule",
                            "path_part": "schedule",
                            "rest_api_id": "jt6xcxywmd"
                        },
                        "meta": {},
                        "tainted": false
                    },
                    "deposed": [],
                    "provider": "provider.aws"
                }
            },
            "depends_on": []
        },
        {
            "path": [
                "root",
                "api_admin_get_scheduled_drives"
            ],
            "outputs": {},
            "resources": {
                "aws_api_gateway_integration.options_integration": {
                    "type": "aws_api_gateway_integration",
                    "depends_on": [
                        "aws_api_gateway_method.options_method",
                        "aws_api_gateway_resource.cors_resource"
                    ],
                    "primary": {
                        "id": "agi-jt6xcxywmd-fw4xi2-OPTIONS",
                        "attributes": {
                            "cache_key_parameters.#": "0",
                            "cache_namespace": "fw4xi2",
                            "connection_id": "",
                            "connection_type": "INTERNET",
                            "content_handling": "",
                            "credentials": "",
                            "http_method": "OPTIONS",
                            "id": "agi-jt6xcxywmd-fw4xi2-OPTIONS",
                            "integration_http_method": "",
                            "passthrough_behavior": "WHEN_NO_MATCH",
                            "request_parameters.%": "0",
                            "request_templates.%": "1",
                            "request_templates.application/json": "{'statusCode': 200}",
                            "resource_id": "fw4xi2",
                            "rest_api_id": "jt6xcxywmd",
                            "timeout_milliseconds": "29000",
                            "type": "MOCK",
                            "uri": ""
                        },
                        "meta": {},
                        "tainted": false
                    },
                    "deposed": [],
                    "provider": "provider.aws"
                },
                "aws_api_gateway_integration_response.options_integration_response": {
                    "type": "aws_api_gateway_integration_response",
                    "depends_on": [
                        "aws_api_gateway_method.options_method",
                        "aws_api_gateway_method_response.options_200",
                        "aws_api_gateway_resource.cors_resource"
                    ],
                    "primary": {
                        "id": "agir-jt6xcxywmd-fw4xi2-OPTIONS-200",
                        "attributes": {
                            "content_handling": "",
                            "http_method": "OPTIONS",
                            "id": "agir-jt6xcxywmd-fw4xi2-OPTIONS-200",
                            "resource_id": "fw4xi2",
                            "response_parameters.%": "3",
                            "response_parameters.method.response.header.Access-Control-Allow-Headers": "'Content-Type,X-Amz-Date,Authorization,X-Api-Key,X-Amz-Security-Token'",
                            "response_parameters.method.response.header.Access-Control-Allow-Methods": "'OPTIONS,GET'",
                            "response_parameters.method.response.header.Access-Control-Allow-Origin": "'*'",
                            "response_templates.%": "1",
                            "response_templates.application/json": "",
                            "rest_api_id": "jt6xcxywmd",
                            "selection_pattern": "",
                            "status_code": "200"
                        },
                        "meta": {},
                        "tainted": false
                    },
                    "deposed": [],
                    "provider": "provider.aws"
                },
                "aws_api_gateway_method.cors_method": {
                    "type": "aws_api_gateway_method",
                    "depends_on": [
                        "aws_api_gateway_resource.cors_resource"
                    ],
                    "primary": {
                        "id": "agm-jt6xcxywmd-fw4xi2-GET",
                        "attributes": {
                            "api_key_required": "false",
                            "authorization": "COGNITO_USER_POOLS",
                            "authorizer_id": "vuca6b",
                            "http_method": "GET",
                            "id": "agm-jt6xcxywmd-fw4xi2-GET",
                            "resource_id": "fw4xi2",
                            "rest_api_id": "jt6xcxywmd"
                        },
                        "meta": {},
                        "tainted": false
                    },
                    "deposed": [],
                    "provider": "provider.aws"
                },
                "aws_api_gateway_method.options_method": {
                    "type": "aws_api_gateway_method",
                    "depends_on": [
                        "aws_api_gateway_resource.cors_resource"
                    ],
                    "primary": {
                        "id": "agm-jt6xcxywmd-fw4xi2-OPTIONS",
                        "attributes": {
                            "api_key_required": "false",
                            "authorization": "NONE",
                            "http_method": "OPTIONS",
                            "id": "agm-jt6xcxywmd-fw4xi2-OPTIONS",
                            "resource_id": "fw4xi2",
                            "rest_api_id": "jt6xcxywmd"
                        },
                        "meta": {},
                        "tainted": false
                    },
                    "deposed": [],
                    "provider": "provider.aws"
                },
                "aws_api_gateway_method_response.cors_method_response_200": {
                    "type": "aws_api_gateway_method_response",
                    "depends_on": [
                        "aws_api_gateway_method.cors_method",
                        "aws_api_gateway_resource.cors_resource"
                    ],
                    "primary": {
                        "id": "agmr-jt6xcxywmd-fw4xi2-GET-200",
                        "attributes": {
                            "http_method": "GET",
                            "id": "agmr-jt6xcxywmd-fw4xi2-GET-200",
                            "resource_id": "fw4xi2",
                            "response_parameters.%": "1",
                            "response_parameters.method.response.header.Access-Control-Allow-Origin": "true",
                            "rest_api_id": "jt6xcxywmd",
                            "status_code": "200"
                        },
                        "meta": {},
                        "tainted": false
                    },
                    "deposed": [],
                    "provider": "provider.aws"
                },
                "aws_api_gateway_method_response.options_200": {
                    "type": "aws_api_gateway_method_response",
                    "depends_on": [
                        "aws_api_gateway_method.options_method",
                        "aws_api_gateway_resource.cors_resource"
                    ],
                    "primary": {
                        "id": "agmr-jt6xcxywmd-fw4xi2-OPTIONS-200",
                        "attributes": {
                            "http_method": "OPTIONS",
                            "id": "agmr-jt6xcxywmd-fw4xi2-OPTIONS-200",
                            "resource_id": "fw4xi2",
                            "response_models.%": "1",
                            "response_models.application/json": "Empty",
                            "response_parameters.%": "3",
                            "response_parameters.method.response.header.Access-Control-Allow-Headers": "true",
                            "response_parameters.method.response.header.Access-Control-Allow-Methods": "true",
                            "response_parameters.method.response.header.Access-Control-Allow-Origin": "true",
                            "rest_api_id": "jt6xcxywmd",
                            "status_code": "200"
                        },
                        "meta": {},
                        "tainted": false
                    },
                    "deposed": [],
                    "provider": "provider.aws"
                },
                "aws_api_gateway_resource.cors_resource": {
                    "type": "aws_api_gateway_resource",
                    "depends_on": [],
                    "primary": {
                        "id": "fw4xi2",
                        "attributes": {
                            "id": "fw4xi2",
                            "parent_id": "cd1p8n",
                            "path": "/admin/drives",
                            "path_part": "drives",
                            "rest_api_id": "jt6xcxywmd"
                        },
                        "meta": {},
                        "tainted": false
                    },
                    "deposed": [],
                    "provider": "provider.aws"
                }
            },
            "depends_on": []
        },
        {
            "path": [
                "root",
                "api_cancel_drive"
            ],
            "outputs": {},
            "resources": {
                "aws_api_gateway_integration.options_integration": {
                    "type": "aws_api_gateway_integration",
                    "depends_on": [
                        "aws_api_gateway_method.options_method",
                        "aws_api_gateway_resource.cors_resource"
                    ],
                    "primary": {
                        "id": "agi-jt6xcxywmd-f0c9lw-OPTIONS",
                        "attributes": {
                            "cache_key_parameters.#": "0",
                            "cache_namespace": "f0c9lw",
                            "connection_id": "",
                            "connection_type": "INTERNET",
                            "content_handling": "",
                            "credentials": "",
                            "http_method": "OPTIONS",
                            "id": "agi-jt6xcxywmd-f0c9lw-OPTIONS",
                            "integration_http_method": "",
                            "passthrough_behavior": "WHEN_NO_MATCH",
                            "request_parameters.%": "0",
                            "request_templates.%": "1",
                            "request_templates.application/json": "{'statusCode': 200}",
                            "resource_id": "f0c9lw",
                            "rest_api_id": "jt6xcxywmd",
                            "timeout_milliseconds": "29000",
                            "type": "MOCK",
                            "uri": ""
                        },
                        "meta": {},
                        "tainted": false
                    },
                    "deposed": [],
                    "provider": "provider.aws"
                },
                "aws_api_gateway_integration_response.options_integration_response": {
                    "type": "aws_api_gateway_integration_response",
                    "depends_on": [
                        "aws_api_gateway_method.options_method",
                        "aws_api_gateway_method_response.options_200",
                        "aws_api_gateway_resource.cors_resource"
                    ],
                    "primary": {
                        "id": "agir-jt6xcxywmd-f0c9lw-OPTIONS-200",
                        "attributes": {
                            "content_handling": "",
                            "http_method": "OPTIONS",
                            "id": "agir-jt6xcxywmd-f0c9lw-OPTIONS-200",
                            "resource_id": "f0c9lw",
                            "response_parameters.%": "3",
                            "response_parameters.method.response.header.Access-Control-Allow-Headers": "'Content-Type,X-Amz-Date,Authorization,X-Api-Key,X-Amz-Security-Token'",
                            "response_parameters.method.response.header.Access-Control-Allow-Methods": "'OPTIONS,POST'",
                            "response_parameters.method.response.header.Access-Control-Allow-Origin": "'*'",
                            "response_templates.%": "1",
                            "response_templates.application/json": "",
                            "rest_api_id": "jt6xcxywmd",
                            "selection_pattern": "",
                            "status_code": "200"
                        },
                        "meta": {},
                        "tainted": false
                    },
                    "deposed": [],
                    "provider": "provider.aws"
                },
                "aws_api_gateway_method.cors_method": {
                    "type": "aws_api_gateway_method",
                    "depends_on": [
                        "aws_api_gateway_resource.cors_resource"
                    ],
                    "primary": {
                        "id": "agm-jt6xcxywmd-f0c9lw-POST",
                        "attributes": {
                            "api_key_required": "true",
                            "authorization": "NONE",
                            "http_method": "POST",
                            "id": "agm-jt6xcxywmd-f0c9lw-POST",
                            "resource_id": "f0c9lw",
                            "rest_api_id": "jt6xcxywmd"
                        },
                        "meta": {},
                        "tainted": false
                    },
                    "deposed": [],
                    "provider": "provider.aws"
                },
                "aws_api_gateway_method.options_method": {
                    "type": "aws_api_gateway_method",
                    "depends_on": [
                        "aws_api_gateway_resource.cors_resource"
                    ],
                    "primary": {
                        "id": "agm-jt6xcxywmd-f0c9lw-OPTIONS",
                        "attributes": {
                            "api_key_required": "false",
                            "authorization": "NONE",
                            "http_method": "OPTIONS",
                            "id": "agm-jt6xcxywmd-f0c9lw-OPTIONS",
                            "resource_id": "f0c9lw",
                            "rest_api_id": "jt6xcxywmd"
                        },
                        "meta": {},
                        "tainted": false
                    },
                    "deposed": [],
                    "provider": "provider.aws"
                },
                "aws_api_gateway_method_response.cors_method_response_200": {
                    "type": "aws_api_gateway_method_response",
                    "depends_on": [
                        "aws_api_gateway_method.cors_method",
                        "aws_api_gateway_resource.cors_resource"
                    ],
                    "primary": {
                        "id": "agmr-jt6xcxywmd-f0c9lw-POST-200",
                        "attributes": {
                            "http_method": "POST",
                            "id": "agmr-jt6xcxywmd-f0c9lw-POST-200",
                            "resource_id": "f0c9lw",
                            "response_parameters.%": "1",
                            "response_parameters.method.response.header.Access-Control-Allow-Origin": "true",
                            "rest_api_id": "jt6xcxywmd",
                            "status_code": "200"
                        },
                        "meta": {},
                        "tainted": false
                    },
                    "deposed": [],
                    "provider": "provider.aws"
                },
                "aws_api_gateway_method_response.options_200": {
                    "type": "aws_api_gateway_method_response",
                    "depends_on": [
                        "aws_api_gateway_method.options_method",
                        "aws_api_gateway_resource.cors_resource"
                    ],
                    "primary": {
                        "id": "agmr-jt6xcxywmd-f0c9lw-OPTIONS-200",
                        "attributes": {
                            "http_method": "OPTIONS",
                            "id": "agmr-jt6xcxywmd-f0c9lw-OPTIONS-200",
                            "resource_id": "f0c9lw",
                            "response_models.%": "1",
                            "response_models.application/json": "Empty",
                            "response_parameters.%": "3",
                            "response_parameters.method.response.header.Access-Control-Allow-Headers": "true",
                            "response_parameters.method.response.header.Access-Control-Allow-Methods": "true",
                            "response_parameters.method.response.header.Access-Control-Allow-Origin": "true",
                            "rest_api_id": "jt6xcxywmd",
                            "status_code": "200"
                        },
                        "meta": {},
                        "tainted": false
                    },
                    "deposed": [],
                    "provider": "provider.aws"
                },
                "aws_api_gateway_resource.cors_resource": {
                    "type": "aws_api_gateway_resource",
                    "depends_on": [],
                    "primary": {
                        "id": "f0c9lw",
                        "attributes": {
                            "id": "f0c9lw",
                            "parent_id": "boik860gc2",
                            "path": "/cancelDrive",
                            "path_part": "cancelDrive",
                            "rest_api_id": "jt6xcxywmd"
                        },
                        "meta": {},
                        "tainted": false
                    },
                    "deposed": [],
                    "provider": "provider.aws"
                }
            },
            "depends_on": []
        },
        {
            "path": [
                "root",
                "api_get_cars"
            ],
            "outputs": {},
            "resources": {
                "aws_api_gateway_integration.options_integration": {
                    "type": "aws_api_gateway_integration",
                    "depends_on": [
                        "aws_api_gateway_method.options_method",
                        "aws_api_gateway_resource.cors_resource"
                    ],
                    "primary": {
                        "id": "agi-jt6xcxywmd-267kzf-OPTIONS",
                        "attributes": {
                            "cache_key_parameters.#": "0",
                            "cache_namespace": "267kzf",
                            "connection_id": "",
                            "connection_type": "INTERNET",
                            "content_handling": "",
                            "credentials": "",
                            "http_method": "OPTIONS",
                            "id": "agi-jt6xcxywmd-267kzf-OPTIONS",
                            "integration_http_method": "",
                            "passthrough_behavior": "WHEN_NO_MATCH",
                            "request_parameters.%": "0",
                            "request_templates.%": "1",
                            "request_templates.application/json": "{'statusCode': 200}",
                            "resource_id": "267kzf",
                            "rest_api_id": "jt6xcxywmd",
                            "timeout_milliseconds": "29000",
                            "type": "MOCK",
                            "uri": ""
                        },
                        "meta": {},
                        "tainted": false
                    },
                    "deposed": [],
                    "provider": "provider.aws"
                },
                "aws_api_gateway_integration_response.options_integration_response": {
                    "type": "aws_api_gateway_integration_response",
                    "depends_on": [
                        "aws_api_gateway_method.options_method",
                        "aws_api_gateway_method_response.options_200",
                        "aws_api_gateway_resource.cors_resource"
                    ],
                    "primary": {
                        "id": "agir-jt6xcxywmd-267kzf-OPTIONS-200",
                        "attributes": {
                            "content_handling": "",
                            "http_method": "OPTIONS",
                            "id": "agir-jt6xcxywmd-267kzf-OPTIONS-200",
                            "resource_id": "267kzf",
                            "response_parameters.%": "3",
                            "response_parameters.method.response.header.Access-Control-Allow-Headers": "'Content-Type,X-Amz-Date,Authorization,X-Api-Key,X-Amz-Security-Token'",
                            "response_parameters.method.response.header.Access-Control-Allow-Methods": "'OPTIONS,GET'",
                            "response_parameters.method.response.header.Access-Control-Allow-Origin": "'*'",
                            "response_templates.%": "1",
                            "response_templates.application/json": "",
                            "rest_api_id": "jt6xcxywmd",
                            "selection_pattern": "",
                            "status_code": "200"
                        },
                        "meta": {},
                        "tainted": false
                    },
                    "deposed": [],
                    "provider": "provider.aws"
                },
                "aws_api_gateway_method.cors_method": {
                    "type": "aws_api_gateway_method",
                    "depends_on": [
                        "aws_api_gateway_resource.cors_resource"
                    ],
                    "primary": {
                        "id": "agm-jt6xcxywmd-267kzf-GET",
                        "attributes": {
                            "api_key_required": "true",
                            "authorization": "NONE",
                            "http_method": "GET",
                            "id": "agm-jt6xcxywmd-267kzf-GET",
                            "resource_id": "267kzf",
                            "rest_api_id": "jt6xcxywmd"
                        },
                        "meta": {},
                        "tainted": false
                    },
                    "deposed": [],
                    "provider": "provider.aws"
                },
                "aws_api_gateway_method.options_method": {
                    "type": "aws_api_gateway_method",
                    "depends_on": [
                        "aws_api_gateway_resource.cors_resource"
                    ],
                    "primary": {
                        "id": "agm-jt6xcxywmd-267kzf-OPTIONS",
                        "attributes": {
                            "api_key_required": "false",
                            "authorization": "NONE",
                            "http_method": "OPTIONS",
                            "id": "agm-jt6xcxywmd-267kzf-OPTIONS",
                            "resource_id": "267kzf",
                            "rest_api_id": "jt6xcxywmd"
                        },
                        "meta": {},
                        "tainted": false
                    },
                    "deposed": [],
                    "provider": "provider.aws"
                },
                "aws_api_gateway_method_response.cors_method_response_200": {
                    "type": "aws_api_gateway_method_response",
                    "depends_on": [
                        "aws_api_gateway_method.cors_method",
                        "aws_api_gateway_resource.cors_resource"
                    ],
                    "primary": {
                        "id": "agmr-jt6xcxywmd-267kzf-GET-200",
                        "attributes": {
                            "http_method": "GET",
                            "id": "agmr-jt6xcxywmd-267kzf-GET-200",
                            "resource_id": "267kzf",
                            "response_parameters.%": "1",
                            "response_parameters.method.response.header.Access-Control-Allow-Origin": "true",
                            "rest_api_id": "jt6xcxywmd",
                            "status_code": "200"
                        },
                        "meta": {},
                        "tainted": false
                    },
                    "deposed": [],
                    "provider": "provider.aws"
                },
                "aws_api_gateway_method_response.options_200": {
                    "type": "aws_api_gateway_method_response",
                    "depends_on": [
                        "aws_api_gateway_method.options_method",
                        "aws_api_gateway_resource.cors_resource"
                    ],
                    "primary": {
                        "id": "agmr-jt6xcxywmd-267kzf-OPTIONS-200",
                        "attributes": {
                            "http_method": "OPTIONS",
                            "id": "agmr-jt6xcxywmd-267kzf-OPTIONS-200",
                            "resource_id": "267kzf",
                            "response_models.%": "1",
                            "response_models.application/json": "Empty",
                            "response_parameters.%": "3",
                            "response_parameters.method.response.header.Access-Control-Allow-Headers": "true",
                            "response_parameters.method.response.header.Access-Control-Allow-Methods": "true",
                            "response_parameters.method.response.header.Access-Control-Allow-Origin": "true",
                            "rest_api_id": "jt6xcxywmd",
                            "status_code": "200"
                        },
                        "meta": {},
                        "tainted": false
                    },
                    "deposed": [],
                    "provider": "provider.aws"
                },
                "aws_api_gateway_resource.cors_resource": {
                    "type": "aws_api_gateway_resource",
                    "depends_on": [],
                    "primary": {
                        "id": "267kzf",
                        "attributes": {
                            "id": "267kzf",
                            "parent_id": "boik860gc2",
                            "path": "/cars",
                            "path_part": "cars",
                            "rest_api_id": "jt6xcxywmd"
                        },
                        "meta": {},
                        "tainted": false
                    },
                    "deposed": [],
                    "provider": "provider.aws"
                }
            },
            "depends_on": []
        },
        {
            "path": [
                "root",
                "api_get_postSurvey"
            ],
            "outputs": {},
            "resources": {
                "aws_api_gateway_integration.options_integration": {
                    "type": "aws_api_gateway_integration",
                    "depends_on": [
                        "aws_api_gateway_method.options_method",
                        "aws_api_gateway_resource.cors_resource"
                    ],
                    "primary": {
                        "id": "agi-jt6xcxywmd-07zeny-OPTIONS",
                        "attributes": {
                            "cache_key_parameters.#": "0",
                            "cache_namespace": "07zeny",
                            "connection_id": "",
                            "connection_type": "INTERNET",
                            "content_handling": "",
                            "credentials": "",
                            "http_method": "OPTIONS",
                            "id": "agi-jt6xcxywmd-07zeny-OPTIONS",
                            "integration_http_method": "",
                            "passthrough_behavior": "WHEN_NO_MATCH",
                            "request_parameters.%": "0",
                            "request_templates.%": "1",
                            "request_templates.application/json": "{'statusCode': 200}",
                            "resource_id": "07zeny",
                            "rest_api_id": "jt6xcxywmd",
                            "timeout_milliseconds": "29000",
                            "type": "MOCK",
                            "uri": ""
                        },
                        "meta": {},
                        "tainted": false
                    },
                    "deposed": [],
                    "provider": "provider.aws"
                },
                "aws_api_gateway_integration_response.options_integration_response": {
                    "type": "aws_api_gateway_integration_response",
                    "depends_on": [
                        "aws_api_gateway_method.options_method",
                        "aws_api_gateway_method_response.options_200",
                        "aws_api_gateway_resource.cors_resource"
                    ],
                    "primary": {
                        "id": "agir-jt6xcxywmd-07zeny-OPTIONS-200",
                        "attributes": {
                            "content_handling": "",
                            "http_method": "OPTIONS",
                            "id": "agir-jt6xcxywmd-07zeny-OPTIONS-200",
                            "resource_id": "07zeny",
                            "response_parameters.%": "3",
                            "response_parameters.method.response.header.Access-Control-Allow-Headers": "'Content-Type,X-Amz-Date,Authorization,X-Api-Key,X-Amz-Security-Token'",
                            "response_parameters.method.response.header.Access-Control-Allow-Methods": "'OPTIONS,GET'",
                            "response_parameters.method.response.header.Access-Control-Allow-Origin": "'*'",
                            "response_templates.%": "1",
                            "response_templates.application/json": "",
                            "rest_api_id": "jt6xcxywmd",
                            "selection_pattern": "",
                            "status_code": "200"
                        },
                        "meta": {},
                        "tainted": false
                    },
                    "deposed": [],
                    "provider": "provider.aws"
                },
                "aws_api_gateway_method.cors_method": {
                    "type": "aws_api_gateway_method",
                    "depends_on": [
                        "aws_api_gateway_resource.cors_resource"
                    ],
                    "primary": {
                        "id": "agm-jt6xcxywmd-07zeny-GET",
                        "attributes": {
                            "api_key_required": "true",
                            "authorization": "NONE",
                            "http_method": "GET",
                            "id": "agm-jt6xcxywmd-07zeny-GET",
                            "resource_id": "07zeny",
                            "rest_api_id": "jt6xcxywmd"
                        },
                        "meta": {},
                        "tainted": false
                    },
                    "deposed": [],
                    "provider": "provider.aws"
                },
                "aws_api_gateway_method.options_method": {
                    "type": "aws_api_gateway_method",
                    "depends_on": [
                        "aws_api_gateway_resource.cors_resource"
                    ],
                    "primary": {
                        "id": "agm-jt6xcxywmd-07zeny-OPTIONS",
                        "attributes": {
                            "api_key_required": "false",
                            "authorization": "NONE",
                            "http_method": "OPTIONS",
                            "id": "agm-jt6xcxywmd-07zeny-OPTIONS",
                            "resource_id": "07zeny",
                            "rest_api_id": "jt6xcxywmd"
                        },
                        "meta": {},
                        "tainted": false
                    },
                    "deposed": [],
                    "provider": "provider.aws"
                },
                "aws_api_gateway_method_response.cors_method_response_200": {
                    "type": "aws_api_gateway_method_response",
                    "depends_on": [
                        "aws_api_gateway_method.cors_method",
                        "aws_api_gateway_resource.cors_resource"
                    ],
                    "primary": {
                        "id": "agmr-jt6xcxywmd-07zeny-GET-200",
                        "attributes": {
                            "http_method": "GET",
                            "id": "agmr-jt6xcxywmd-07zeny-GET-200",
                            "resource_id": "07zeny",
                            "response_parameters.%": "1",
                            "response_parameters.method.response.header.Access-Control-Allow-Origin": "true",
                            "rest_api_id": "jt6xcxywmd",
                            "status_code": "200"
                        },
                        "meta": {},
                        "tainted": false
                    },
                    "deposed": [],
                    "provider": "provider.aws"
                },
                "aws_api_gateway_method_response.options_200": {
                    "type": "aws_api_gateway_method_response",
                    "depends_on": [
                        "aws_api_gateway_method.options_method",
                        "aws_api_gateway_resource.cors_resource"
                    ],
                    "primary": {
                        "id": "agmr-jt6xcxywmd-07zeny-OPTIONS-200",
                        "attributes": {
                            "http_method": "OPTIONS",
                            "id": "agmr-jt6xcxywmd-07zeny-OPTIONS-200",
                            "resource_id": "07zeny",
                            "response_models.%": "1",
                            "response_models.application/json": "Empty",
                            "response_parameters.%": "3",
                            "response_parameters.method.response.header.Access-Control-Allow-Headers": "true",
                            "response_parameters.method.response.header.Access-Control-Allow-Methods": "true",
                            "response_parameters.method.response.header.Access-Control-Allow-Origin": "true",
                            "rest_api_id": "jt6xcxywmd",
                            "status_code": "200"
                        },
                        "meta": {},
                        "tainted": false
                    },
                    "deposed": [],
                    "provider": "provider.aws"
                },
                "aws_api_gateway_resource.cors_resource": {
                    "type": "aws_api_gateway_resource",
                    "depends_on": [],
                    "primary": {
                        "id": "07zeny",
                        "attributes": {
                            "id": "07zeny",
                            "parent_id": "boik860gc2",
                            "path": "/postSurvey",
                            "path_part": "postSurvey",
                            "rest_api_id": "jt6xcxywmd"
                        },
                        "meta": {},
                        "tainted": false
                    },
                    "deposed": [],
                    "provider": "provider.aws"
                }
            },
            "depends_on": []
        },
        {
            "path": [
                "root",
                "api_get_preSurvey"
            ],
            "outputs": {},
            "resources": {
                "aws_api_gateway_integration.options_integration": {
                    "type": "aws_api_gateway_integration",
                    "depends_on": [
                        "aws_api_gateway_method.options_method",
                        "aws_api_gateway_resource.cors_resource"
                    ],
                    "primary": {
                        "id": "agi-jt6xcxywmd-6kacof-OPTIONS",
                        "attributes": {
                            "cache_key_parameters.#": "0",
                            "cache_namespace": "6kacof",
                            "connection_id": "",
                            "connection_type": "INTERNET",
                            "content_handling": "",
                            "credentials": "",
                            "http_method": "OPTIONS",
                            "id": "agi-jt6xcxywmd-6kacof-OPTIONS",
                            "integration_http_method": "",
                            "passthrough_behavior": "WHEN_NO_MATCH",
                            "request_parameters.%": "0",
                            "request_templates.%": "1",
                            "request_templates.application/json": "{'statusCode': 200}",
                            "resource_id": "6kacof",
                            "rest_api_id": "jt6xcxywmd",
                            "timeout_milliseconds": "29000",
                            "type": "MOCK",
                            "uri": ""
                        },
                        "meta": {},
                        "tainted": false
                    },
                    "deposed": [],
                    "provider": "provider.aws"
                },
                "aws_api_gateway_integration_response.options_integration_response": {
                    "type": "aws_api_gateway_integration_response",
                    "depends_on": [
                        "aws_api_gateway_method.options_method",
                        "aws_api_gateway_method_response.options_200",
                        "aws_api_gateway_resource.cors_resource"
                    ],
                    "primary": {
                        "id": "agir-jt6xcxywmd-6kacof-OPTIONS-200",
                        "attributes": {
                            "content_handling": "",
                            "http_method": "OPTIONS",
                            "id": "agir-jt6xcxywmd-6kacof-OPTIONS-200",
                            "resource_id": "6kacof",
                            "response_parameters.%": "3",
                            "response_parameters.method.response.header.Access-Control-Allow-Headers": "'Content-Type,X-Amz-Date,Authorization,X-Api-Key,X-Amz-Security-Token'",
                            "response_parameters.method.response.header.Access-Control-Allow-Methods": "'OPTIONS,GET'",
                            "response_parameters.method.response.header.Access-Control-Allow-Origin": "'*'",
                            "response_templates.%": "1",
                            "response_templates.application/json": "",
                            "rest_api_id": "jt6xcxywmd",
                            "selection_pattern": "",
                            "status_code": "200"
                        },
                        "meta": {},
                        "tainted": false
                    },
                    "deposed": [],
                    "provider": "provider.aws"
                },
                "aws_api_gateway_method.cors_method": {
                    "type": "aws_api_gateway_method",
                    "depends_on": [
                        "aws_api_gateway_resource.cors_resource"
                    ],
                    "primary": {
                        "id": "agm-jt6xcxywmd-6kacof-GET",
                        "attributes": {
                            "api_key_required": "true",
                            "authorization": "NONE",
                            "http_method": "GET",
                            "id": "agm-jt6xcxywmd-6kacof-GET",
                            "resource_id": "6kacof",
                            "rest_api_id": "jt6xcxywmd"
                        },
                        "meta": {},
                        "tainted": false
                    },
                    "deposed": [],
                    "provider": "provider.aws"
                },
                "aws_api_gateway_method.options_method": {
                    "type": "aws_api_gateway_method",
                    "depends_on": [
                        "aws_api_gateway_resource.cors_resource"
                    ],
                    "primary": {
                        "id": "agm-jt6xcxywmd-6kacof-OPTIONS",
                        "attributes": {
                            "api_key_required": "false",
                            "authorization": "NONE",
                            "http_method": "OPTIONS",
                            "id": "agm-jt6xcxywmd-6kacof-OPTIONS",
                            "resource_id": "6kacof",
                            "rest_api_id": "jt6xcxywmd"
                        },
                        "meta": {},
                        "tainted": false
                    },
                    "deposed": [],
                    "provider": "provider.aws"
                },
                "aws_api_gateway_method_response.cors_method_response_200": {
                    "type": "aws_api_gateway_method_response",
                    "depends_on": [
                        "aws_api_gateway_method.cors_method",
                        "aws_api_gateway_resource.cors_resource"
                    ],
                    "primary": {
                        "id": "agmr-jt6xcxywmd-6kacof-GET-200",
                        "attributes": {
                            "http_method": "GET",
                            "id": "agmr-jt6xcxywmd-6kacof-GET-200",
                            "resource_id": "6kacof",
                            "response_parameters.%": "1",
                            "response_parameters.method.response.header.Access-Control-Allow-Origin": "true",
                            "rest_api_id": "jt6xcxywmd",
                            "status_code": "200"
                        },
                        "meta": {},
                        "tainted": false
                    },
                    "deposed": [],
                    "provider": "provider.aws"
                },
                "aws_api_gateway_method_response.options_200": {
                    "type": "aws_api_gateway_method_response",
                    "depends_on": [
                        "aws_api_gateway_method.options_method",
                        "aws_api_gateway_resource.cors_resource"
                    ],
                    "primary": {
                        "id": "agmr-jt6xcxywmd-6kacof-OPTIONS-200",
                        "attributes": {
                            "http_method": "OPTIONS",
                            "id": "agmr-jt6xcxywmd-6kacof-OPTIONS-200",
                            "resource_id": "6kacof",
                            "response_models.%": "1",
                            "response_models.application/json": "Empty",
                            "response_parameters.%": "3",
                            "response_parameters.method.response.header.Access-Control-Allow-Headers": "true",
                            "response_parameters.method.response.header.Access-Control-Allow-Methods": "true",
                            "response_parameters.method.response.header.Access-Control-Allow-Origin": "true",
                            "rest_api_id": "jt6xcxywmd",
                            "status_code": "200"
                        },
                        "meta": {},
                        "tainted": false
                    },
                    "deposed": [],
                    "provider": "provider.aws"
                },
                "aws_api_gateway_resource.cors_resource": {
                    "type": "aws_api_gateway_resource",
                    "depends_on": [],
                    "primary": {
                        "id": "6kacof",
                        "attributes": {
                            "id": "6kacof",
                            "parent_id": "boik860gc2",
                            "path": "/preSurvey",
                            "path_part": "preSurvey",
                            "rest_api_id": "jt6xcxywmd"
                        },
                        "meta": {},
                        "tainted": false
                    },
                    "deposed": [],
                    "provider": "provider.aws"
                }
            },
            "depends_on": []
        },
        {
            "path": [
                "root",
                "api_get_schedule"
            ],
            "outputs": {},
            "resources": {
                "aws_api_gateway_integration.options_integration": {
                    "type": "aws_api_gateway_integration",
                    "depends_on": [
                        "aws_api_gateway_method.options_method",
                        "aws_api_gateway_resource.cors_resource"
                    ],
                    "primary": {
                        "id": "agi-jt6xcxywmd-dqx05w-OPTIONS",
                        "attributes": {
                            "cache_key_parameters.#": "0",
                            "cache_namespace": "dqx05w",
                            "connection_id": "",
                            "connection_type": "INTERNET",
                            "content_handling": "",
                            "credentials": "",
                            "http_method": "OPTIONS",
                            "id": "agi-jt6xcxywmd-dqx05w-OPTIONS",
                            "integration_http_method": "",
                            "passthrough_behavior": "WHEN_NO_MATCH",
                            "request_parameters.%": "0",
                            "request_templates.%": "1",
                            "request_templates.application/json": "{'statusCode': 200}",
                            "resource_id": "dqx05w",
                            "rest_api_id": "jt6xcxywmd",
                            "timeout_milliseconds": "29000",
                            "type": "MOCK",
                            "uri": ""
                        },
                        "meta": {},
                        "tainted": false
                    },
                    "deposed": [],
                    "provider": "provider.aws"
                },
                "aws_api_gateway_integration_response.options_integration_response": {
                    "type": "aws_api_gateway_integration_response",
                    "depends_on": [
                        "aws_api_gateway_method.options_method",
                        "aws_api_gateway_method_response.options_200",
                        "aws_api_gateway_resource.cors_resource"
                    ],
                    "primary": {
                        "id": "agir-jt6xcxywmd-dqx05w-OPTIONS-200",
                        "attributes": {
                            "content_handling": "",
                            "http_method": "OPTIONS",
                            "id": "agir-jt6xcxywmd-dqx05w-OPTIONS-200",
                            "resource_id": "dqx05w",
                            "response_parameters.%": "3",
                            "response_parameters.method.response.header.Access-Control-Allow-Headers": "'Content-Type,X-Amz-Date,Authorization,X-Api-Key,X-Amz-Security-Token'",
                            "response_parameters.method.response.header.Access-Control-Allow-Methods": "'OPTIONS,GET'",
                            "response_parameters.method.response.header.Access-Control-Allow-Origin": "'*'",
                            "response_templates.%": "1",
                            "response_templates.application/json": "",
                            "rest_api_id": "jt6xcxywmd",
                            "selection_pattern": "",
                            "status_code": "200"
                        },
                        "meta": {},
                        "tainted": false
                    },
                    "deposed": [],
                    "provider": "provider.aws"
                },
                "aws_api_gateway_method.cors_method": {
                    "type": "aws_api_gateway_method",
                    "depends_on": [
                        "aws_api_gateway_resource.cors_resource"
                    ],
                    "primary": {
                        "id": "agm-jt6xcxywmd-dqx05w-GET",
                        "attributes": {
                            "api_key_required": "true",
                            "authorization": "NONE",
                            "http_method": "GET",
                            "id": "agm-jt6xcxywmd-dqx05w-GET",
                            "resource_id": "dqx05w",
                            "rest_api_id": "jt6xcxywmd"
                        },
                        "meta": {},
                        "tainted": false
                    },
                    "deposed": [],
                    "provider": "provider.aws"
                },
                "aws_api_gateway_method.options_method": {
                    "type": "aws_api_gateway_method",
                    "depends_on": [
                        "aws_api_gateway_resource.cors_resource"
                    ],
                    "primary": {
                        "id": "agm-jt6xcxywmd-dqx05w-OPTIONS",
                        "attributes": {
                            "api_key_required": "false",
                            "authorization": "NONE",
                            "http_method": "OPTIONS",
                            "id": "agm-jt6xcxywmd-dqx05w-OPTIONS",
                            "resource_id": "dqx05w",
                            "rest_api_id": "jt6xcxywmd"
                        },
                        "meta": {},
                        "tainted": false
                    },
                    "deposed": [],
                    "provider": "provider.aws"
                },
                "aws_api_gateway_method_response.cors_method_response_200": {
                    "type": "aws_api_gateway_method_response",
                    "depends_on": [
                        "aws_api_gateway_method.cors_method",
                        "aws_api_gateway_resource.cors_resource"
                    ],
                    "primary": {
                        "id": "agmr-jt6xcxywmd-dqx05w-GET-200",
                        "attributes": {
                            "http_method": "GET",
                            "id": "agmr-jt6xcxywmd-dqx05w-GET-200",
                            "resource_id": "dqx05w",
                            "response_parameters.%": "1",
                            "response_parameters.method.response.header.Access-Control-Allow-Origin": "true",
                            "rest_api_id": "jt6xcxywmd",
                            "status_code": "200"
                        },
                        "meta": {},
                        "tainted": false
                    },
                    "deposed": [],
                    "provider": "provider.aws"
                },
                "aws_api_gateway_method_response.options_200": {
                    "type": "aws_api_gateway_method_response",
                    "depends_on": [
                        "aws_api_gateway_method.options_method",
                        "aws_api_gateway_resource.cors_resource"
                    ],
                    "primary": {
                        "id": "agmr-jt6xcxywmd-dqx05w-OPTIONS-200",
                        "attributes": {
                            "http_method": "OPTIONS",
                            "id": "agmr-jt6xcxywmd-dqx05w-OPTIONS-200",
                            "resource_id": "dqx05w",
                            "response_models.%": "1",
                            "response_models.application/json": "Empty",
                            "response_parameters.%": "3",
                            "response_parameters.method.response.header.Access-Control-Allow-Headers": "true",
                            "response_parameters.method.response.header.Access-Control-Allow-Methods": "true",
                            "response_parameters.method.response.header.Access-Control-Allow-Origin": "true",
                            "rest_api_id": "jt6xcxywmd",
                            "status_code": "200"
                        },
                        "meta": {},
                        "tainted": false
                    },
                    "deposed": [],
                    "provider": "provider.aws"
                },
                "aws_api_gateway_resource.cors_resource": {
                    "type": "aws_api_gateway_resource",
                    "depends_on": [],
                    "primary": {
                        "id": "dqx05w",
                        "attributes": {
                            "id": "dqx05w",
                            "parent_id": "boik860gc2",
                            "path": "/schedule",
                            "path_part": "schedule",
                            "rest_api_id": "jt6xcxywmd"
                        },
                        "meta": {},
                        "tainted": false
                    },
                    "deposed": [],
                    "provider": "provider.aws"
                }
            },
            "depends_on": []
        },
        {
            "path": [
                "root",
                "api_get_timeSlots"
            ],
            "outputs": {},
            "resources": {
                "aws_api_gateway_integration.options_integration": {
                    "type": "aws_api_gateway_integration",
                    "depends_on": [
                        "aws_api_gateway_method.options_method",
                        "aws_api_gateway_resource.cors_resource"
                    ],
                    "primary": {
                        "id": "agi-jt6xcxywmd-mpzmmk-OPTIONS",
                        "attributes": {
                            "cache_key_parameters.#": "0",
                            "cache_namespace": "mpzmmk",
                            "connection_id": "",
                            "connection_type": "INTERNET",
                            "content_handling": "",
                            "credentials": "",
                            "http_method": "OPTIONS",
                            "id": "agi-jt6xcxywmd-mpzmmk-OPTIONS",
                            "integration_http_method": "",
                            "passthrough_behavior": "WHEN_NO_MATCH",
                            "request_parameters.%": "0",
                            "request_templates.%": "1",
                            "request_templates.application/json": "{'statusCode': 200}",
                            "resource_id": "mpzmmk",
                            "rest_api_id": "jt6xcxywmd",
                            "timeout_milliseconds": "29000",
                            "type": "MOCK",
                            "uri": ""
                        },
                        "meta": {},
                        "tainted": false
                    },
                    "deposed": [],
                    "provider": "provider.aws"
                },
                "aws_api_gateway_integration_response.options_integration_response": {
                    "type": "aws_api_gateway_integration_response",
                    "depends_on": [
                        "aws_api_gateway_method.options_method",
                        "aws_api_gateway_method_response.options_200",
                        "aws_api_gateway_resource.cors_resource"
                    ],
                    "primary": {
                        "id": "agir-jt6xcxywmd-mpzmmk-OPTIONS-200",
                        "attributes": {
                            "content_handling": "",
                            "http_method": "OPTIONS",
                            "id": "agir-jt6xcxywmd-mpzmmk-OPTIONS-200",
                            "resource_id": "mpzmmk",
                            "response_parameters.%": "3",
                            "response_parameters.method.response.header.Access-Control-Allow-Headers": "'Content-Type,X-Amz-Date,Authorization,X-Api-Key,X-Amz-Security-Token'",
                            "response_parameters.method.response.header.Access-Control-Allow-Methods": "'OPTIONS,GET'",
                            "response_parameters.method.response.header.Access-Control-Allow-Origin": "'*'",
                            "response_templates.%": "1",
                            "response_templates.application/json": "",
                            "rest_api_id": "jt6xcxywmd",
                            "selection_pattern": "",
                            "status_code": "200"
                        },
                        "meta": {},
                        "tainted": false
                    },
                    "deposed": [],
                    "provider": "provider.aws"
                },
                "aws_api_gateway_method.cors_method": {
                    "type": "aws_api_gateway_method",
                    "depends_on": [
                        "aws_api_gateway_resource.cors_resource"
                    ],
                    "primary": {
                        "id": "agm-jt6xcxywmd-mpzmmk-GET",
                        "attributes": {
                            "api_key_required": "true",
                            "authorization": "NONE",
                            "http_method": "GET",
                            "id": "agm-jt6xcxywmd-mpzmmk-GET",
                            "resource_id": "mpzmmk",
                            "rest_api_id": "jt6xcxywmd"
                        },
                        "meta": {},
                        "tainted": false
                    },
                    "deposed": [],
                    "provider": "provider.aws"
                },
                "aws_api_gateway_method.options_method": {
                    "type": "aws_api_gateway_method",
                    "depends_on": [
                        "aws_api_gateway_resource.cors_resource"
                    ],
                    "primary": {
                        "id": "agm-jt6xcxywmd-mpzmmk-OPTIONS",
                        "attributes": {
                            "api_key_required": "false",
                            "authorization": "NONE",
                            "http_method": "OPTIONS",
                            "id": "agm-jt6xcxywmd-mpzmmk-OPTIONS",
                            "resource_id": "mpzmmk",
                            "rest_api_id": "jt6xcxywmd"
                        },
                        "meta": {},
                        "tainted": false
                    },
                    "deposed": [],
                    "provider": "provider.aws"
                },
                "aws_api_gateway_method_response.cors_method_response_200": {
                    "type": "aws_api_gateway_method_response",
                    "depends_on": [
                        "aws_api_gateway_method.cors_method",
                        "aws_api_gateway_resource.cors_resource"
                    ],
                    "primary": {
                        "id": "agmr-jt6xcxywmd-mpzmmk-GET-200",
                        "attributes": {
                            "http_method": "GET",
                            "id": "agmr-jt6xcxywmd-mpzmmk-GET-200",
                            "resource_id": "mpzmmk",
                            "response_parameters.%": "1",
                            "response_parameters.method.response.header.Access-Control-Allow-Origin": "true",
                            "rest_api_id": "jt6xcxywmd",
                            "status_code": "200"
                        },
                        "meta": {},
                        "tainted": false
                    },
                    "deposed": [],
                    "provider": "provider.aws"
                },
                "aws_api_gateway_method_response.options_200": {
                    "type": "aws_api_gateway_method_response",
                    "depends_on": [
                        "aws_api_gateway_method.options_method",
                        "aws_api_gateway_resource.cors_resource"
                    ],
                    "primary": {
                        "id": "agmr-jt6xcxywmd-mpzmmk-OPTIONS-200",
                        "attributes": {
                            "http_method": "OPTIONS",
                            "id": "agmr-jt6xcxywmd-mpzmmk-OPTIONS-200",
                            "resource_id": "mpzmmk",
                            "response_models.%": "1",
                            "response_models.application/json": "Empty",
                            "response_parameters.%": "3",
                            "response_parameters.method.response.header.Access-Control-Allow-Headers": "true",
                            "response_parameters.method.response.header.Access-Control-Allow-Methods": "true",
                            "response_parameters.method.response.header.Access-Control-Allow-Origin": "true",
                            "rest_api_id": "jt6xcxywmd",
                            "status_code": "200"
                        },
                        "meta": {},
                        "tainted": false
                    },
                    "deposed": [],
                    "provider": "provider.aws"
                },
                "aws_api_gateway_resource.cors_resource": {
                    "type": "aws_api_gateway_resource",
                    "depends_on": [],
                    "primary": {
                        "id": "mpzmmk",
                        "attributes": {
                            "id": "mpzmmk",
                            "parent_id": "boik860gc2",
                            "path": "/timeSlots",
                            "path_part": "timeSlots",
                            "rest_api_id": "jt6xcxywmd"
                        },
                        "meta": {},
                        "tainted": false
                    },
                    "deposed": [],
                    "provider": "provider.aws"
                }
            },
            "depends_on": []
        },
        {
            "path": [
                "root",
                "api_get_user"
            ],
            "outputs": {},
            "resources": {
                "aws_api_gateway_integration.options_integration": {
                    "type": "aws_api_gateway_integration",
                    "depends_on": [
                        "aws_api_gateway_method.options_method",
                        "aws_api_gateway_resource.cors_resource"
                    ],
                    "primary": {
                        "id": "agi-jt6xcxywmd-uttjv1-OPTIONS",
                        "attributes": {
                            "cache_key_parameters.#": "0",
                            "cache_namespace": "uttjv1",
                            "connection_id": "",
                            "connection_type": "INTERNET",
                            "content_handling": "",
                            "credentials": "",
                            "http_method": "OPTIONS",
                            "id": "agi-jt6xcxywmd-uttjv1-OPTIONS",
                            "integration_http_method": "",
                            "passthrough_behavior": "WHEN_NO_MATCH",
                            "request_parameters.%": "0",
                            "request_templates.%": "1",
                            "request_templates.application/json": "{'statusCode': 200}",
                            "resource_id": "uttjv1",
                            "rest_api_id": "jt6xcxywmd",
                            "timeout_milliseconds": "29000",
                            "type": "MOCK",
                            "uri": ""
                        },
                        "meta": {},
                        "tainted": false
                    },
                    "deposed": [],
                    "provider": "provider.aws"
                },
                "aws_api_gateway_integration_response.options_integration_response": {
                    "type": "aws_api_gateway_integration_response",
                    "depends_on": [
                        "aws_api_gateway_method.options_method",
                        "aws_api_gateway_method_response.options_200",
                        "aws_api_gateway_resource.cors_resource"
                    ],
                    "primary": {
                        "id": "agir-jt6xcxywmd-uttjv1-OPTIONS-200",
                        "attributes": {
                            "content_handling": "",
                            "http_method": "OPTIONS",
                            "id": "agir-jt6xcxywmd-uttjv1-OPTIONS-200",
                            "resource_id": "uttjv1",
                            "response_parameters.%": "3",
                            "response_parameters.method.response.header.Access-Control-Allow-Headers": "'Content-Type,X-Amz-Date,Authorization,X-Api-Key,X-Amz-Security-Token'",
                            "response_parameters.method.response.header.Access-Control-Allow-Methods": "'OPTIONS,GET'",
                            "response_parameters.method.response.header.Access-Control-Allow-Origin": "'*'",
                            "response_templates.%": "1",
                            "response_templates.application/json": "",
                            "rest_api_id": "jt6xcxywmd",
                            "selection_pattern": "",
                            "status_code": "200"
                        },
                        "meta": {},
                        "tainted": false
                    },
                    "deposed": [],
                    "provider": "provider.aws"
                },
                "aws_api_gateway_method.cors_method": {
                    "type": "aws_api_gateway_method",
                    "depends_on": [
                        "aws_api_gateway_resource.cors_resource"
                    ],
                    "primary": {
                        "id": "agm-jt6xcxywmd-uttjv1-GET",
                        "attributes": {
                            "api_key_required": "true",
                            "authorization": "NONE",
                            "http_method": "GET",
                            "id": "agm-jt6xcxywmd-uttjv1-GET",
                            "resource_id": "uttjv1",
                            "rest_api_id": "jt6xcxywmd"
                        },
                        "meta": {},
                        "tainted": false
                    },
                    "deposed": [],
                    "provider": "provider.aws"
                },
                "aws_api_gateway_method.options_method": {
                    "type": "aws_api_gateway_method",
                    "depends_on": [
                        "aws_api_gateway_resource.cors_resource"
                    ],
                    "primary": {
                        "id": "agm-jt6xcxywmd-uttjv1-OPTIONS",
                        "attributes": {
                            "api_key_required": "false",
                            "authorization": "NONE",
                            "http_method": "OPTIONS",
                            "id": "agm-jt6xcxywmd-uttjv1-OPTIONS",
                            "resource_id": "uttjv1",
                            "rest_api_id": "jt6xcxywmd"
                        },
                        "meta": {},
                        "tainted": false
                    },
                    "deposed": [],
                    "provider": "provider.aws"
                },
                "aws_api_gateway_method_response.cors_method_response_200": {
                    "type": "aws_api_gateway_method_response",
                    "depends_on": [
                        "aws_api_gateway_method.cors_method",
                        "aws_api_gateway_resource.cors_resource"
                    ],
                    "primary": {
                        "id": "agmr-jt6xcxywmd-uttjv1-GET-200",
                        "attributes": {
                            "http_method": "GET",
                            "id": "agmr-jt6xcxywmd-uttjv1-GET-200",
                            "resource_id": "uttjv1",
                            "response_parameters.%": "1",
                            "response_parameters.method.response.header.Access-Control-Allow-Origin": "true",
                            "rest_api_id": "jt6xcxywmd",
                            "status_code": "200"
                        },
                        "meta": {},
                        "tainted": false
                    },
                    "deposed": [],
                    "provider": "provider.aws"
                },
                "aws_api_gateway_method_response.options_200": {
                    "type": "aws_api_gateway_method_response",
                    "depends_on": [
                        "aws_api_gateway_method.options_method",
                        "aws_api_gateway_resource.cors_resource"
                    ],
                    "primary": {
                        "id": "agmr-jt6xcxywmd-uttjv1-OPTIONS-200",
                        "attributes": {
                            "http_method": "OPTIONS",
                            "id": "agmr-jt6xcxywmd-uttjv1-OPTIONS-200",
                            "resource_id": "uttjv1",
                            "response_models.%": "1",
                            "response_models.application/json": "Empty",
                            "response_parameters.%": "3",
                            "response_parameters.method.response.header.Access-Control-Allow-Headers": "true",
                            "response_parameters.method.response.header.Access-Control-Allow-Methods": "true",
                            "response_parameters.method.response.header.Access-Control-Allow-Origin": "true",
                            "rest_api_id": "jt6xcxywmd",
                            "status_code": "200"
                        },
                        "meta": {},
                        "tainted": false
                    },
                    "deposed": [],
                    "provider": "provider.aws"
                },
                "aws_api_gateway_resource.cors_resource": {
                    "type": "aws_api_gateway_resource",
                    "depends_on": [],
                    "primary": {
                        "id": "uttjv1",
                        "attributes": {
                            "id": "uttjv1",
                            "parent_id": "boik860gc2",
                            "path": "/getUser",
                            "path_part": "getUser",
                            "rest_api_id": "jt6xcxywmd"
                        },
                        "meta": {},
                        "tainted": false
                    },
                    "deposed": [],
                    "provider": "provider.aws"
                }
            },
            "depends_on": []
        },
        {
            "path": [
                "root",
                "api_post_saveSurvey"
            ],
            "outputs": {},
            "resources": {
                "aws_api_gateway_integration.options_integration": {
                    "type": "aws_api_gateway_integration",
                    "depends_on": [
                        "aws_api_gateway_method.options_method",
                        "aws_api_gateway_resource.cors_resource"
                    ],
                    "primary": {
                        "id": "agi-jt6xcxywmd-o4z2iq-OPTIONS",
                        "attributes": {
                            "cache_key_parameters.#": "0",
                            "cache_namespace": "o4z2iq",
                            "connection_id": "",
                            "connection_type": "INTERNET",
                            "content_handling": "",
                            "credentials": "",
                            "http_method": "OPTIONS",
                            "id": "agi-jt6xcxywmd-o4z2iq-OPTIONS",
                            "integration_http_method": "",
                            "passthrough_behavior": "WHEN_NO_MATCH",
                            "request_parameters.%": "0",
                            "request_templates.%": "1",
                            "request_templates.application/json": "{'statusCode': 200}",
                            "resource_id": "o4z2iq",
                            "rest_api_id": "jt6xcxywmd",
                            "timeout_milliseconds": "29000",
                            "type": "MOCK",
                            "uri": ""
                        },
                        "meta": {},
                        "tainted": false
                    },
                    "deposed": [],
                    "provider": "provider.aws"
                },
                "aws_api_gateway_integration_response.options_integration_response": {
                    "type": "aws_api_gateway_integration_response",
                    "depends_on": [
                        "aws_api_gateway_method.options_method",
                        "aws_api_gateway_method_response.options_200",
                        "aws_api_gateway_resource.cors_resource"
                    ],
                    "primary": {
                        "id": "agir-jt6xcxywmd-o4z2iq-OPTIONS-200",
                        "attributes": {
                            "content_handling": "",
                            "http_method": "OPTIONS",
                            "id": "agir-jt6xcxywmd-o4z2iq-OPTIONS-200",
                            "resource_id": "o4z2iq",
                            "response_parameters.%": "3",
                            "response_parameters.method.response.header.Access-Control-Allow-Headers": "'Content-Type,X-Amz-Date,Authorization,X-Api-Key,X-Amz-Security-Token'",
                            "response_parameters.method.response.header.Access-Control-Allow-Methods": "'OPTIONS,POST'",
                            "response_parameters.method.response.header.Access-Control-Allow-Origin": "'*'",
                            "response_templates.%": "1",
                            "response_templates.application/json": "",
                            "rest_api_id": "jt6xcxywmd",
                            "selection_pattern": "",
                            "status_code": "200"
                        },
                        "meta": {},
                        "tainted": false
                    },
                    "deposed": [],
                    "provider": "provider.aws"
                },
                "aws_api_gateway_method.cors_method": {
                    "type": "aws_api_gateway_method",
                    "depends_on": [
                        "aws_api_gateway_resource.cors_resource"
                    ],
                    "primary": {
                        "id": "agm-jt6xcxywmd-o4z2iq-POST",
                        "attributes": {
                            "api_key_required": "true",
                            "authorization": "NONE",
                            "http_method": "POST",
                            "id": "agm-jt6xcxywmd-o4z2iq-POST",
                            "resource_id": "o4z2iq",
                            "rest_api_id": "jt6xcxywmd"
                        },
                        "meta": {},
                        "tainted": false
                    },
                    "deposed": [],
                    "provider": "provider.aws"
                },
                "aws_api_gateway_method.options_method": {
                    "type": "aws_api_gateway_method",
                    "depends_on": [
                        "aws_api_gateway_resource.cors_resource"
                    ],
                    "primary": {
                        "id": "agm-jt6xcxywmd-o4z2iq-OPTIONS",
                        "attributes": {
                            "api_key_required": "false",
                            "authorization": "NONE",
                            "http_method": "OPTIONS",
                            "id": "agm-jt6xcxywmd-o4z2iq-OPTIONS",
                            "resource_id": "o4z2iq",
                            "rest_api_id": "jt6xcxywmd"
                        },
                        "meta": {},
                        "tainted": false
                    },
                    "deposed": [],
                    "provider": "provider.aws"
                },
                "aws_api_gateway_method_response.cors_method_response_200": {
                    "type": "aws_api_gateway_method_response",
                    "depends_on": [
                        "aws_api_gateway_method.cors_method",
                        "aws_api_gateway_resource.cors_resource"
                    ],
                    "primary": {
                        "id": "agmr-jt6xcxywmd-o4z2iq-POST-200",
                        "attributes": {
                            "http_method": "POST",
                            "id": "agmr-jt6xcxywmd-o4z2iq-POST-200",
                            "resource_id": "o4z2iq",
                            "response_parameters.%": "1",
                            "response_parameters.method.response.header.Access-Control-Allow-Origin": "true",
                            "rest_api_id": "jt6xcxywmd",
                            "status_code": "200"
                        },
                        "meta": {},
                        "tainted": false
                    },
                    "deposed": [],
                    "provider": "provider.aws"
                },
                "aws_api_gateway_method_response.options_200": {
                    "type": "aws_api_gateway_method_response",
                    "depends_on": [
                        "aws_api_gateway_method.options_method",
                        "aws_api_gateway_resource.cors_resource"
                    ],
                    "primary": {
                        "id": "agmr-jt6xcxywmd-o4z2iq-OPTIONS-200",
                        "attributes": {
                            "http_method": "OPTIONS",
                            "id": "agmr-jt6xcxywmd-o4z2iq-OPTIONS-200",
                            "resource_id": "o4z2iq",
                            "response_models.%": "1",
                            "response_models.application/json": "Empty",
                            "response_parameters.%": "3",
                            "response_parameters.method.response.header.Access-Control-Allow-Headers": "true",
                            "response_parameters.method.response.header.Access-Control-Allow-Methods": "true",
                            "response_parameters.method.response.header.Access-Control-Allow-Origin": "true",
                            "rest_api_id": "jt6xcxywmd",
                            "status_code": "200"
                        },
                        "meta": {},
                        "tainted": false
                    },
                    "deposed": [],
                    "provider": "provider.aws"
                },
                "aws_api_gateway_resource.cors_resource": {
                    "type": "aws_api_gateway_resource",
                    "depends_on": [],
                    "primary": {
                        "id": "o4z2iq",
                        "attributes": {
                            "id": "o4z2iq",
                            "parent_id": "boik860gc2",
                            "path": "/survey",
                            "path_part": "survey",
                            "rest_api_id": "jt6xcxywmd"
                        },
                        "meta": {},
                        "tainted": false
                    },
                    "deposed": [],
                    "provider": "provider.aws"
                }
            },
            "depends_on": []
        },
        {
            "path": [
                "root",
                "api_post_scheduleDrive"
            ],
            "outputs": {},
            "resources": {
                "aws_api_gateway_integration.options_integration": {
                    "type": "aws_api_gateway_integration",
                    "depends_on": [
                        "aws_api_gateway_method.options_method",
                        "aws_api_gateway_resource.cors_resource"
                    ],
                    "primary": {
                        "id": "agi-jt6xcxywmd-1ufn5e-OPTIONS",
                        "attributes": {
                            "cache_key_parameters.#": "0",
                            "cache_namespace": "1ufn5e",
                            "connection_id": "",
                            "connection_type": "INTERNET",
                            "content_handling": "",
                            "credentials": "",
                            "http_method": "OPTIONS",
                            "id": "agi-jt6xcxywmd-1ufn5e-OPTIONS",
                            "integration_http_method": "",
                            "passthrough_behavior": "WHEN_NO_MATCH",
                            "request_parameters.%": "0",
                            "request_templates.%": "1",
                            "request_templates.application/json": "{'statusCode': 200}",
                            "resource_id": "1ufn5e",
                            "rest_api_id": "jt6xcxywmd",
                            "timeout_milliseconds": "29000",
                            "type": "MOCK",
                            "uri": ""
                        },
                        "meta": {},
                        "tainted": false
                    },
                    "deposed": [],
                    "provider": "provider.aws"
                },
                "aws_api_gateway_integration_response.options_integration_response": {
                    "type": "aws_api_gateway_integration_response",
                    "depends_on": [
                        "aws_api_gateway_method.options_method",
                        "aws_api_gateway_method_response.options_200",
                        "aws_api_gateway_resource.cors_resource"
                    ],
                    "primary": {
                        "id": "agir-jt6xcxywmd-1ufn5e-OPTIONS-200",
                        "attributes": {
                            "content_handling": "",
                            "http_method": "OPTIONS",
                            "id": "agir-jt6xcxywmd-1ufn5e-OPTIONS-200",
                            "resource_id": "1ufn5e",
                            "response_parameters.%": "3",
                            "response_parameters.method.response.header.Access-Control-Allow-Headers": "'Content-Type,X-Amz-Date,Authorization,X-Api-Key,X-Amz-Security-Token'",
                            "response_parameters.method.response.header.Access-Control-Allow-Methods": "'OPTIONS,POST'",
                            "response_parameters.method.response.header.Access-Control-Allow-Origin": "'*'",
                            "response_templates.%": "1",
                            "response_templates.application/json": "",
                            "rest_api_id": "jt6xcxywmd",
                            "selection_pattern": "",
                            "status_code": "200"
                        },
                        "meta": {},
                        "tainted": false
                    },
                    "deposed": [],
                    "provider": "provider.aws"
                },
                "aws_api_gateway_method.cors_method": {
                    "type": "aws_api_gateway_method",
                    "depends_on": [
                        "aws_api_gateway_resource.cors_resource"
                    ],
                    "primary": {
                        "id": "agm-jt6xcxywmd-1ufn5e-POST",
                        "attributes": {
                            "api_key_required": "true",
                            "authorization": "NONE",
                            "http_method": "POST",
                            "id": "agm-jt6xcxywmd-1ufn5e-POST",
                            "resource_id": "1ufn5e",
                            "rest_api_id": "jt6xcxywmd"
                        },
                        "meta": {},
                        "tainted": false
                    },
                    "deposed": [],
                    "provider": "provider.aws"
                },
                "aws_api_gateway_method.options_method": {
                    "type": "aws_api_gateway_method",
                    "depends_on": [
                        "aws_api_gateway_resource.cors_resource"
                    ],
                    "primary": {
                        "id": "agm-jt6xcxywmd-1ufn5e-OPTIONS",
                        "attributes": {
                            "api_key_required": "false",
                            "authorization": "NONE",
                            "http_method": "OPTIONS",
                            "id": "agm-jt6xcxywmd-1ufn5e-OPTIONS",
                            "resource_id": "1ufn5e",
                            "rest_api_id": "jt6xcxywmd"
                        },
                        "meta": {},
                        "tainted": false
                    },
                    "deposed": [],
                    "provider": "provider.aws"
                },
                "aws_api_gateway_method_response.cors_method_response_200": {
                    "type": "aws_api_gateway_method_response",
                    "depends_on": [
                        "aws_api_gateway_method.cors_method",
                        "aws_api_gateway_resource.cors_resource"
                    ],
                    "primary": {
                        "id": "agmr-jt6xcxywmd-1ufn5e-POST-200",
                        "attributes": {
                            "http_method": "POST",
                            "id": "agmr-jt6xcxywmd-1ufn5e-POST-200",
                            "resource_id": "1ufn5e",
                            "response_parameters.%": "1",
                            "response_parameters.method.response.header.Access-Control-Allow-Origin": "true",
                            "rest_api_id": "jt6xcxywmd",
                            "status_code": "200"
                        },
                        "meta": {},
                        "tainted": false
                    },
                    "deposed": [],
                    "provider": "provider.aws"
                },
                "aws_api_gateway_method_response.options_200": {
                    "type": "aws_api_gateway_method_response",
                    "depends_on": [
                        "aws_api_gateway_method.options_method",
                        "aws_api_gateway_resource.cors_resource"
                    ],
                    "primary": {
                        "id": "agmr-jt6xcxywmd-1ufn5e-OPTIONS-200",
                        "attributes": {
                            "http_method": "OPTIONS",
                            "id": "agmr-jt6xcxywmd-1ufn5e-OPTIONS-200",
                            "resource_id": "1ufn5e",
                            "response_models.%": "1",
                            "response_models.application/json": "Empty",
                            "response_parameters.%": "3",
                            "response_parameters.method.response.header.Access-Control-Allow-Headers": "true",
                            "response_parameters.method.response.header.Access-Control-Allow-Methods": "true",
                            "response_parameters.method.response.header.Access-Control-Allow-Origin": "true",
                            "rest_api_id": "jt6xcxywmd",
                            "status_code": "200"
                        },
                        "meta": {},
                        "tainted": false
                    },
                    "deposed": [],
                    "provider": "provider.aws"
                },
                "aws_api_gateway_resource.cors_resource": {
                    "type": "aws_api_gateway_resource",
                    "depends_on": [],
                    "primary": {
                        "id": "1ufn5e",
                        "attributes": {
                            "id": "1ufn5e",
                            "parent_id": "boik860gc2",
                            "path": "/drive",
                            "path_part": "drive",
                            "rest_api_id": "jt6xcxywmd"
                        },
                        "meta": {},
                        "tainted": false
                    },
                    "deposed": [],
                    "provider": "provider.aws"
                }
            },
            "depends_on": []
        },
        {
            "path": [
                "root",
                "api_post_user"
            ],
            "outputs": {},
            "resources": {
                "aws_api_gateway_integration.options_integration": {
                    "type": "aws_api_gateway_integration",
                    "depends_on": [
                        "aws_api_gateway_method.options_method",
                        "aws_api_gateway_resource.cors_resource"
                    ],
                    "primary": {
                        "id": "agi-jt6xcxywmd-qf2a0j-OPTIONS",
                        "attributes": {
                            "cache_key_parameters.#": "0",
                            "cache_namespace": "qf2a0j",
                            "connection_id": "",
                            "connection_type": "INTERNET",
                            "content_handling": "",
                            "credentials": "",
                            "http_method": "OPTIONS",
                            "id": "agi-jt6xcxywmd-qf2a0j-OPTIONS",
                            "integration_http_method": "",
                            "passthrough_behavior": "WHEN_NO_MATCH",
                            "request_parameters.%": "0",
                            "request_templates.%": "1",
                            "request_templates.application/json": "{'statusCode': 200}",
                            "resource_id": "qf2a0j",
                            "rest_api_id": "jt6xcxywmd",
                            "timeout_milliseconds": "29000",
                            "type": "MOCK",
                            "uri": ""
                        },
                        "meta": {},
                        "tainted": false
                    },
                    "deposed": [],
                    "provider": "provider.aws"
                },
                "aws_api_gateway_integration_response.options_integration_response": {
                    "type": "aws_api_gateway_integration_response",
                    "depends_on": [
                        "aws_api_gateway_method.options_method",
                        "aws_api_gateway_method_response.options_200",
                        "aws_api_gateway_resource.cors_resource"
                    ],
                    "primary": {
                        "id": "agir-jt6xcxywmd-qf2a0j-OPTIONS-200",
                        "attributes": {
                            "content_handling": "",
                            "http_method": "OPTIONS",
                            "id": "agir-jt6xcxywmd-qf2a0j-OPTIONS-200",
                            "resource_id": "qf2a0j",
                            "response_parameters.%": "3",
                            "response_parameters.method.response.header.Access-Control-Allow-Headers": "'Content-Type,X-Amz-Date,Authorization,X-Api-Key,X-Amz-Security-Token'",
                            "response_parameters.method.response.header.Access-Control-Allow-Methods": "'OPTIONS,POST'",
                            "response_parameters.method.response.header.Access-Control-Allow-Origin": "'*'",
                            "response_templates.%": "1",
                            "response_templates.application/json": "",
                            "rest_api_id": "jt6xcxywmd",
                            "selection_pattern": "",
                            "status_code": "200"
                        },
                        "meta": {},
                        "tainted": false
                    },
                    "deposed": [],
                    "provider": "provider.aws"
                },
                "aws_api_gateway_method.cors_method": {
                    "type": "aws_api_gateway_method",
                    "depends_on": [
                        "aws_api_gateway_resource.cors_resource"
                    ],
                    "primary": {
                        "id": "agm-jt6xcxywmd-qf2a0j-POST",
                        "attributes": {
                            "api_key_required": "true",
                            "authorization": "NONE",
                            "http_method": "POST",
                            "id": "agm-jt6xcxywmd-qf2a0j-POST",
                            "resource_id": "qf2a0j",
                            "rest_api_id": "jt6xcxywmd"
                        },
                        "meta": {},
                        "tainted": false
                    },
                    "deposed": [],
                    "provider": "provider.aws"
                },
                "aws_api_gateway_method.options_method": {
                    "type": "aws_api_gateway_method",
                    "depends_on": [
                        "aws_api_gateway_resource.cors_resource"
                    ],
                    "primary": {
                        "id": "agm-jt6xcxywmd-qf2a0j-OPTIONS",
                        "attributes": {
                            "api_key_required": "false",
                            "authorization": "NONE",
                            "http_method": "OPTIONS",
                            "id": "agm-jt6xcxywmd-qf2a0j-OPTIONS",
                            "resource_id": "qf2a0j",
                            "rest_api_id": "jt6xcxywmd"
                        },
                        "meta": {},
                        "tainted": false
                    },
                    "deposed": [],
                    "provider": "provider.aws"
                },
                "aws_api_gateway_method_response.cors_method_response_200": {
                    "type": "aws_api_gateway_method_response",
                    "depends_on": [
                        "aws_api_gateway_method.cors_method",
                        "aws_api_gateway_resource.cors_resource"
                    ],
                    "primary": {
                        "id": "agmr-jt6xcxywmd-qf2a0j-POST-200",
                        "attributes": {
                            "http_method": "POST",
                            "id": "agmr-jt6xcxywmd-qf2a0j-POST-200",
                            "resource_id": "qf2a0j",
                            "response_parameters.%": "1",
                            "response_parameters.method.response.header.Access-Control-Allow-Origin": "true",
                            "rest_api_id": "jt6xcxywmd",
                            "status_code": "200"
                        },
                        "meta": {},
                        "tainted": false
                    },
                    "deposed": [],
                    "provider": "provider.aws"
                },
                "aws_api_gateway_method_response.options_200": {
                    "type": "aws_api_gateway_method_response",
                    "depends_on": [
                        "aws_api_gateway_method.options_method",
                        "aws_api_gateway_resource.cors_resource"
                    ],
                    "primary": {
                        "id": "agmr-jt6xcxywmd-qf2a0j-OPTIONS-200",
                        "attributes": {
                            "http_method": "OPTIONS",
                            "id": "agmr-jt6xcxywmd-qf2a0j-OPTIONS-200",
                            "resource_id": "qf2a0j",
                            "response_models.%": "1",
                            "response_models.application/json": "Empty",
                            "response_parameters.%": "3",
                            "response_parameters.method.response.header.Access-Control-Allow-Headers": "true",
                            "response_parameters.method.response.header.Access-Control-Allow-Methods": "true",
                            "response_parameters.method.response.header.Access-Control-Allow-Origin": "true",
                            "rest_api_id": "jt6xcxywmd",
                            "status_code": "200"
                        },
                        "meta": {},
                        "tainted": false
                    },
                    "deposed": [],
                    "provider": "provider.aws"
                },
                "aws_api_gateway_resource.cors_resource": {
                    "type": "aws_api_gateway_resource",
                    "depends_on": [],
                    "primary": {
                        "id": "qf2a0j",
                        "attributes": {
                            "id": "qf2a0j",
                            "parent_id": "boik860gc2",
                            "path": "/user",
                            "path_part": "user",
                            "rest_api_id": "jt6xcxywmd"
                        },
                        "meta": {},
                        "tainted": false
                    },
                    "deposed": [],
                    "provider": "provider.aws"
                }
            },
            "depends_on": []
        },
        {
            "path": [
                "root",
                "api_test_auth"
            ],
            "outputs": {},
            "resources": {
                "aws_api_gateway_integration.options_integration": {
                    "type": "aws_api_gateway_integration",
                    "depends_on": [
                        "aws_api_gateway_method.options_method",
                        "aws_api_gateway_resource.cors_resource"
                    ],
                    "primary": {
                        "id": "agi-jt6xcxywmd-20z7a3-OPTIONS",
                        "attributes": {
                            "cache_key_parameters.#": "0",
                            "cache_namespace": "20z7a3",
                            "connection_id": "",
                            "connection_type": "INTERNET",
                            "content_handling": "",
                            "credentials": "",
                            "http_method": "OPTIONS",
                            "id": "agi-jt6xcxywmd-20z7a3-OPTIONS",
                            "integration_http_method": "",
                            "passthrough_behavior": "WHEN_NO_MATCH",
                            "request_parameters.%": "0",
                            "request_templates.%": "1",
                            "request_templates.application/json": "{'statusCode': 200}",
                            "resource_id": "20z7a3",
                            "rest_api_id": "jt6xcxywmd",
                            "timeout_milliseconds": "29000",
                            "type": "MOCK",
                            "uri": ""
                        },
                        "meta": {},
                        "tainted": false
                    },
                    "deposed": [],
                    "provider": "provider.aws"
                },
                "aws_api_gateway_integration_response.options_integration_response": {
                    "type": "aws_api_gateway_integration_response",
                    "depends_on": [
                        "aws_api_gateway_method.options_method",
                        "aws_api_gateway_method_response.options_200",
                        "aws_api_gateway_resource.cors_resource"
                    ],
                    "primary": {
                        "id": "agir-jt6xcxywmd-20z7a3-OPTIONS-200",
                        "attributes": {
                            "content_handling": "",
                            "http_method": "OPTIONS",
                            "id": "agir-jt6xcxywmd-20z7a3-OPTIONS-200",
                            "resource_id": "20z7a3",
                            "response_parameters.%": "3",
                            "response_parameters.method.response.header.Access-Control-Allow-Headers": "'Content-Type,X-Amz-Date,Authorization,X-Api-Key,X-Amz-Security-Token'",
                            "response_parameters.method.response.header.Access-Control-Allow-Methods": "'OPTIONS,GET'",
                            "response_parameters.method.response.header.Access-Control-Allow-Origin": "'*'",
                            "response_templates.%": "1",
                            "response_templates.application/json": "",
                            "rest_api_id": "jt6xcxywmd",
                            "selection_pattern": "",
                            "status_code": "200"
                        },
                        "meta": {},
                        "tainted": false
                    },
                    "deposed": [],
                    "provider": "provider.aws"
                },
                "aws_api_gateway_method.cors_method": {
                    "type": "aws_api_gateway_method",
                    "depends_on": [
                        "aws_api_gateway_resource.cors_resource"
                    ],
                    "primary": {
                        "id": "agm-jt6xcxywmd-20z7a3-GET",
                        "attributes": {
                            "api_key_required": "false",
                            "authorization": "COGNITO_USER_POOLS",
                            "authorizer_id": "vuca6b",
                            "http_method": "GET",
                            "id": "agm-jt6xcxywmd-20z7a3-GET",
                            "resource_id": "20z7a3",
                            "rest_api_id": "jt6xcxywmd"
                        },
                        "meta": {},
                        "tainted": false
                    },
                    "deposed": [],
                    "provider": "provider.aws"
                },
                "aws_api_gateway_method.options_method": {
                    "type": "aws_api_gateway_method",
                    "depends_on": [
                        "aws_api_gateway_resource.cors_resource"
                    ],
                    "primary": {
                        "id": "agm-jt6xcxywmd-20z7a3-OPTIONS",
                        "attributes": {
                            "api_key_required": "false",
                            "authorization": "NONE",
                            "http_method": "OPTIONS",
                            "id": "agm-jt6xcxywmd-20z7a3-OPTIONS",
                            "resource_id": "20z7a3",
                            "rest_api_id": "jt6xcxywmd"
                        },
                        "meta": {},
                        "tainted": false
                    },
                    "deposed": [],
                    "provider": "provider.aws"
                },
                "aws_api_gateway_method_response.cors_method_response_200": {
                    "type": "aws_api_gateway_method_response",
                    "depends_on": [
                        "aws_api_gateway_method.cors_method",
                        "aws_api_gateway_resource.cors_resource"
                    ],
                    "primary": {
                        "id": "agmr-jt6xcxywmd-20z7a3-GET-200",
                        "attributes": {
                            "http_method": "GET",
                            "id": "agmr-jt6xcxywmd-20z7a3-GET-200",
                            "resource_id": "20z7a3",
                            "response_parameters.%": "1",
                            "response_parameters.method.response.header.Access-Control-Allow-Origin": "true",
                            "rest_api_id": "jt6xcxywmd",
                            "status_code": "200"
                        },
                        "meta": {},
                        "tainted": false
                    },
                    "deposed": [],
                    "provider": "provider.aws"
                },
                "aws_api_gateway_method_response.options_200": {
                    "type": "aws_api_gateway_method_response",
                    "depends_on": [
                        "aws_api_gateway_method.options_method",
                        "aws_api_gateway_resource.cors_resource"
                    ],
                    "primary": {
                        "id": "agmr-jt6xcxywmd-20z7a3-OPTIONS-200",
                        "attributes": {
                            "http_method": "OPTIONS",
                            "id": "agmr-jt6xcxywmd-20z7a3-OPTIONS-200",
                            "resource_id": "20z7a3",
                            "response_models.%": "1",
                            "response_models.application/json": "Empty",
                            "response_parameters.%": "3",
                            "response_parameters.method.response.header.Access-Control-Allow-Headers": "true",
                            "response_parameters.method.response.header.Access-Control-Allow-Methods": "true",
                            "response_parameters.method.response.header.Access-Control-Allow-Origin": "true",
                            "rest_api_id": "jt6xcxywmd",
                            "status_code": "200"
                        },
                        "meta": {},
                        "tainted": false
                    },
                    "deposed": [],
                    "provider": "provider.aws"
                },
                "aws_api_gateway_resource.cors_resource": {
                    "type": "aws_api_gateway_resource",
                    "depends_on": [],
                    "primary": {
                        "id": "20z7a3",
                        "attributes": {
                            "id": "20z7a3",
                            "parent_id": "boik860gc2",
                            "path": "/testAuth",
                            "path_part": "testAuth",
                            "rest_api_id": "jt6xcxywmd"
                        },
                        "meta": {},
                        "tainted": false
                    },
                    "deposed": [],
                    "provider": "provider.aws"
                }
            },
            "depends_on": []
        }
    ]
}
