{
    "version": 3,
    "terraform_version": "0.11.8",
    "serial": 8,
    "lineage": "5518de2d-fcd0-0cf1-a2b7-8b9d3e0fc46e",
    "modules": [
        {
            "path": [
                "root"
            ],
            "outputs": {},
            "resources": {
                "aws_acm_certificate.cert1": {
                    "type": "aws_acm_certificate",
                    "depends_on": [],
                    "primary": {
                        "id": "arn:aws:acm:us-west-2:722431446741:certificate/0a1b9675-63f9-4c08-95f4-000f715ac4b7",
                        "attributes": {
                            "arn": "arn:aws:acm:us-west-2:722431446741:certificate/0a1b9675-63f9-4c08-95f4-000f715ac4b7",
                            "domain_name": "dev.drivesmartcbus.com",
                            "domain_validation_options.#": "2",
                            "domain_validation_options.0.domain_name": "dev.drivesmartcbus.com",
                            "domain_validation_options.0.resource_record_name": "_9d88e321922325c46b0b6644673ced2b.dev.drivesmartcbus.com.",
                            "domain_validation_options.0.resource_record_type": "CNAME",
                            "domain_validation_options.0.resource_record_value": "_80ad21aac69afcfbcc8241abf82a5f81.tljzshvwok.acm-validations.aws.",
                            "domain_validation_options.1.domain_name": "api.dev.drivesmartcbus.com",
                            "domain_validation_options.1.resource_record_name": "_3009b2147a52ad2faa51b81bb6e66de6.api.dev.drivesmartcbus.com.",
                            "domain_validation_options.1.resource_record_type": "CNAME",
                            "domain_validation_options.1.resource_record_value": "_9c65913d017c7b987ec4403b5cc2143b.tljzshvwok.acm-validations.aws.",
                            "id": "arn:aws:acm:us-west-2:722431446741:certificate/0a1b9675-63f9-4c08-95f4-000f715ac4b7",
                            "subject_alternative_names.#": "1",
                            "subject_alternative_names.0": "api.dev.drivesmartcbus.com",
                            "tags.%": "0",
                            "validation_emails.#": "0",
                            "validation_method": "DNS"
                        },
                        "meta": {},
                        "tainted": false
                    },
                    "deposed": [],
                    "provider": "provider.aws"
                },
                "aws_api_gateway_authorizer.SmartExperience": {
                    "type": "aws_api_gateway_authorizer",
                    "depends_on": [
                        "aws_api_gateway_rest_api.SmartExperienceApi",
                        "aws_cognito_user_pool.smart_experience"
                    ],
                    "primary": {
                        "id": "68el17",
                        "attributes": {
                            "authorizer_credentials": "",
                            "authorizer_result_ttl_in_seconds": "0",
                            "authorizer_uri": "",
                            "id": "68el17",
                            "identity_source": "method.request.header.Authorization",
                            "identity_validation_expression": "",
                            "name": "SmartExperienceAuthorizer",
                            "provider_arns.#": "1",
                            "provider_arns.1889051016": "arn:aws:cognito-idp:us-west-2:722431446741:userpool/us-west-2_DvS23SIhq",
                            "rest_api_id": "qxrfu3px3e",
                            "type": "COGNITO_USER_POOLS"
                        },
                        "meta": {},
                        "tainted": false
                    },
                    "deposed": [],
                    "provider": "provider.aws"
                },
                "aws_api_gateway_resource.admin_resource": {
                    "type": "aws_api_gateway_resource",
                    "depends_on": [
                        "aws_api_gateway_rest_api.SmartExperienceApi"
                    ],
                    "primary": {
                        "id": "ndcntt",
                        "attributes": {
                            "id": "ndcntt",
                            "parent_id": "cws2t8m82d",
                            "path": "/admin",
                            "path_part": "admin",
                            "rest_api_id": "qxrfu3px3e"
                        },
                        "meta": {},
                        "tainted": false
                    },
                    "deposed": [],
                    "provider": "provider.aws"
                },
                "aws_api_gateway_rest_api.SmartExperienceApi": {
                    "type": "aws_api_gateway_rest_api",
                    "depends_on": [],
                    "primary": {
                        "id": "qxrfu3px3e",
                        "attributes": {
                            "api_key_source": "HEADER",
                            "binary_media_types.#": "0",
                            "created_date": "2018-09-24T13:57:13Z",
                            "description": "Smart Experience API for test drive registration and survey",
                            "endpoint_configuration.#": "1",
                            "endpoint_configuration.0.types.#": "1",
                            "endpoint_configuration.0.types.0": "EDGE",
                            "execution_arn": "arn:aws:execute-api:us-west-2:722431446741:qxrfu3px3e",
                            "id": "qxrfu3px3e",
                            "minimum_compression_size": "-1",
                            "name": "SmartExperience",
                            "policy": "",
                            "root_resource_id": "cws2t8m82d"
                        },
                        "meta": {},
                        "tainted": false
                    },
                    "deposed": [],
                    "provider": "provider.aws"
                },
                "aws_cloudfront_origin_access_identity.origin_access_identity": {
                    "type": "aws_cloudfront_origin_access_identity",
                    "depends_on": [],
                    "primary": {
                        "id": "E2T6V0R0DDFQQC",
                        "attributes": {
                            "caller_reference": "2018-09-24T09:57:11.740564-04:00",
                            "cloudfront_access_identity_path": "origin-access-identity/cloudfront/E2T6V0R0DDFQQC",
                            "comment": "Cloudfront Web Access Identity",
                            "etag": "E2DQABMPQBRBJ4",
                            "iam_arn": "arn:aws:iam::cloudfront:user/CloudFront Origin Access Identity E2T6V0R0DDFQQC",
                            "id": "E2T6V0R0DDFQQC",
                            "s3_canonical_user_id": "ca25c15c9df8e1ed2c6e11a9715e0f08da4f0a0ed914e0378de94e2b8b9f58fa9f9b67e72f2ad1572368d7a752c4e28c"
                        },
                        "meta": {},
                        "tainted": false
                    },
                    "deposed": [],
                    "provider": "provider.aws"
                },
                "aws_cognito_user_pool.smart_experience": {
                    "type": "aws_cognito_user_pool",
                    "depends_on": [],
                    "primary": {
                        "id": "us-west-2_DvS23SIhq",
                        "attributes": {
                            "admin_create_user_config.#": "1",
                            "admin_create_user_config.0.allow_admin_create_user_only": "true",
                            "admin_create_user_config.0.invite_message_template.#": "0",
                            "admin_create_user_config.0.unused_account_validity_days": "7",
                            "arn": "arn:aws:cognito-idp:us-west-2:722431446741:userpool/us-west-2_DvS23SIhq",
                            "auto_verified_attributes.#": "0",
                            "creation_date": "2018-09-24T13:57:13Z",
                            "device_configuration.#": "0",
                            "email_configuration.#": "0",
                            "endpoint": "cognito-idp.us-west-2.amazonaws.com/us-west-2_DvS23SIhq",
                            "id": "us-west-2_DvS23SIhq",
                            "lambda_config.#": "0",
                            "last_modified_date": "2018-09-24T13:57:13Z",
                            "mfa_configuration": "OFF",
                            "name": "smartexperience",
                            "password_policy.#": "1",
                            "password_policy.0.minimum_length": "8",
                            "password_policy.0.require_lowercase": "true",
                            "password_policy.0.require_numbers": "true",
                            "password_policy.0.require_symbols": "true",
                            "password_policy.0.require_uppercase": "true",
                            "schema.#": "0",
                            "sms_configuration.#": "0",
                            "tags.%": "0",
                            "verification_message_template.#": "1",
                            "verification_message_template.0.default_email_option": "CONFIRM_WITH_CODE",
                            "verification_message_template.0.email_message": "",
                            "verification_message_template.0.email_message_by_link": "",
                            "verification_message_template.0.email_subject": "",
                            "verification_message_template.0.email_subject_by_link": "",
                            "verification_message_template.0.sms_message": ""
                        },
                        "meta": {},
                        "tainted": false
                    },
                    "deposed": [],
                    "provider": "provider.aws"
                },
                "aws_cognito_user_pool_client.smart_experience": {
                    "type": "aws_cognito_user_pool_client",
                    "depends_on": [
                        "aws_cognito_user_pool.smart_experience"
                    ],
                    "primary": {
                        "id": "4e5fglm7hl9pjjaq679fmhhhet",
                        "attributes": {
                            "allowed_oauth_flows.#": "1",
                            "allowed_oauth_flows.2645166319": "code",
                            "allowed_oauth_flows_user_pool_client": "false",
                            "allowed_oauth_scopes.#": "3",
                            "allowed_oauth_scopes.2517049750": "openid",
                            "allowed_oauth_scopes.4080487570": "profile",
                            "allowed_oauth_scopes.881205744": "email",
                            "callback_urls.#": "2",
                            "callback_urls.0": "https://drivesmartcbus.com/admin/login",
                            "callback_urls.1": "https://drivesmartcbus.com/admin/logout",
                            "client_secret": "",
                            "default_redirect_uri": "",
                            "explicit_auth_flows.#": "0",
                            "id": "4e5fglm7hl9pjjaq679fmhhhet",
                            "logout_urls.#": "1",
                            "logout_urls.0": "https://drivesmartcbus.com/admin/logout",
                            "name": "webapp",
                            "read_attributes.#": "0",
                            "refresh_token_validity": "30",
                            "supported_identity_providers.#": "1",
                            "supported_identity_providers.0": "COGNITO",
                            "user_pool_id": "us-west-2_DvS23SIhq",
                            "write_attributes.#": "0"
                        },
                        "meta": {},
                        "tainted": false
                    },
                    "deposed": [],
                    "provider": "provider.aws"
                },
                "aws_internet_gateway.gw": {
                    "type": "aws_internet_gateway",
                    "depends_on": [],
                    "primary": {
                        "id": "igw-05d43f68ff781bd98",
                        "attributes": {
                            "id": "igw-05d43f68ff781bd98",
                            "tags.%": "0",
                            "vpc_id": "vpc-06d7dc7f"
                        },
                        "meta": {},
                        "tainted": false
                    },
                    "deposed": [],
                    "provider": "provider.aws"
                },
                "aws_route53_record.drivesmart_email_amazonses_dkim_record.0": {
                    "type": "aws_route53_record",
                    "depends_on": [
                        "aws_route53_zone.main",
                        "aws_ses_domain_dkim.drivesmart_dkim"
                    ],
                    "primary": {
                        "id": "ZU8NT4MU93IVS_av5slzn6brukpejuxpxarmpoekv2zz66._domainkey.dev.drivesmartcbus.com_CNAME",
                        "attributes": {
                            "allow_overwrite": "true",
                            "fqdn": "av5slzn6brukpejuxpxarmpoekv2zz66._domainkey.dev.drivesmartcbus.com",
                            "health_check_id": "",
                            "id": "ZU8NT4MU93IVS_av5slzn6brukpejuxpxarmpoekv2zz66._domainkey.dev.drivesmartcbus.com_CNAME",
                            "name": "av5slzn6brukpejuxpxarmpoekv2zz66._domainkey.dev.drivesmartcbus.com",
                            "records.#": "1",
                            "records.3573497913": "av5slzn6brukpejuxpxarmpoekv2zz66.dkim.amazonses.com",
                            "set_identifier": "",
                            "ttl": "600",
                            "type": "CNAME",
                            "zone_id": "ZU8NT4MU93IVS"
                        },
                        "meta": {
                            "schema_version": "2"
                        },
                        "tainted": false
                    },
                    "deposed": [],
                    "provider": "provider.aws"
                },
                "aws_route53_record.drivesmart_email_amazonses_dkim_record.1": {
                    "type": "aws_route53_record",
                    "depends_on": [
                        "aws_route53_zone.main",
                        "aws_ses_domain_dkim.drivesmart_dkim"
                    ],
                    "primary": {
                        "id": "ZU8NT4MU93IVS_f4fvc6awru4gibdu3vy5cy7r25yumtqn._domainkey.dev.drivesmartcbus.com_CNAME",
                        "attributes": {
                            "allow_overwrite": "true",
                            "fqdn": "f4fvc6awru4gibdu3vy5cy7r25yumtqn._domainkey.dev.drivesmartcbus.com",
                            "health_check_id": "",
                            "id": "ZU8NT4MU93IVS_f4fvc6awru4gibdu3vy5cy7r25yumtqn._domainkey.dev.drivesmartcbus.com_CNAME",
                            "name": "f4fvc6awru4gibdu3vy5cy7r25yumtqn._domainkey.dev.drivesmartcbus.com",
                            "records.#": "1",
                            "records.777784713": "f4fvc6awru4gibdu3vy5cy7r25yumtqn.dkim.amazonses.com",
                            "set_identifier": "",
                            "ttl": "600",
                            "type": "CNAME",
                            "zone_id": "ZU8NT4MU93IVS"
                        },
                        "meta": {
                            "schema_version": "2"
                        },
                        "tainted": false
                    },
                    "deposed": [],
                    "provider": "provider.aws"
                },
                "aws_route53_record.drivesmart_email_amazonses_dkim_record.2": {
                    "type": "aws_route53_record",
                    "depends_on": [
                        "aws_route53_zone.main",
                        "aws_ses_domain_dkim.drivesmart_dkim"
                    ],
                    "primary": {
                        "id": "ZU8NT4MU93IVS_oohj4tj2cnfgfecqmh6fzhi5uuuln3v4._domainkey.dev.drivesmartcbus.com_CNAME",
                        "attributes": {
                            "allow_overwrite": "true",
                            "fqdn": "oohj4tj2cnfgfecqmh6fzhi5uuuln3v4._domainkey.dev.drivesmartcbus.com",
                            "health_check_id": "",
                            "id": "ZU8NT4MU93IVS_oohj4tj2cnfgfecqmh6fzhi5uuuln3v4._domainkey.dev.drivesmartcbus.com_CNAME",
                            "name": "oohj4tj2cnfgfecqmh6fzhi5uuuln3v4._domainkey.dev.drivesmartcbus.com",
                            "records.#": "1",
                            "records.316138659": "oohj4tj2cnfgfecqmh6fzhi5uuuln3v4.dkim.amazonses.com",
                            "set_identifier": "",
                            "ttl": "600",
                            "type": "CNAME",
                            "zone_id": "ZU8NT4MU93IVS"
                        },
                        "meta": {
                            "schema_version": "2"
                        },
                        "tainted": false
                    },
                    "deposed": [],
                    "provider": "provider.aws"
                },
                "aws_route53_record.drivesmart_email_amazonses_verification_record": {
                    "type": "aws_route53_record",
                    "depends_on": [
                        "aws_route53_zone.main",
                        "aws_ses_domain_identity.drivesmart_email"
                    ],
                    "primary": {
                        "id": "ZU8NT4MU93IVS__amazonses.dev.drivesmartcbus.com_TXT",
                        "attributes": {
                            "allow_overwrite": "true",
                            "fqdn": "_amazonses.dev.drivesmartcbus.com",
                            "health_check_id": "",
                            "id": "ZU8NT4MU93IVS__amazonses.dev.drivesmartcbus.com_TXT",
                            "name": "_amazonses.dev.drivesmartcbus.com",
                            "records.#": "1",
                            "records.2832277810": "HgS5x5jAyygkSCV1HgsZD8HQduniscb2d8CYfBQ90lk=",
                            "set_identifier": "",
                            "ttl": "600",
                            "type": "TXT",
                            "zone_id": "ZU8NT4MU93IVS"
                        },
                        "meta": {
                            "schema_version": "2"
                        },
                        "tainted": false
                    },
                    "deposed": [],
                    "provider": "provider.aws"
                },
                "aws_route53_record.drivesmartcbus_email_inbound_mx": {
                    "type": "aws_route53_record",
                    "depends_on": [
                        "aws_route53_zone.main"
                    ],
                    "primary": {
                        "id": "ZU8NT4MU93IVS_dev.drivesmartcbus.com_MX",
                        "attributes": {
                            "allow_overwrite": "true",
                            "fqdn": "dev.drivesmartcbus.com",
                            "health_check_id": "",
                            "id": "ZU8NT4MU93IVS_dev.drivesmartcbus.com_MX",
                            "name": "dev.drivesmartcbus.com",
                            "records.#": "1",
                            "records.3010582859": "1 inbound-smtp.us-west-2.amazonaws.com",
                            "set_identifier": "",
                            "ttl": "600",
                            "type": "MX",
                            "zone_id": "ZU8NT4MU93IVS"
                        },
                        "meta": {
                            "schema_version": "2"
                        },
                        "tainted": false
                    },
                    "deposed": [],
                    "provider": "provider.aws"
                },
                "aws_route53_record.example_ses_domain_mail_from_mx": {
                    "type": "aws_route53_record",
                    "depends_on": [
                        "aws_route53_zone.main",
                        "aws_ses_domain_mail_from.mail_drivesmartcbus"
                    ],
                    "primary": {
                        "id": "ZU8NT4MU93IVS_mail.dev.drivesmartcbus.com_MX",
                        "attributes": {
                            "allow_overwrite": "true",
                            "fqdn": "mail.dev.drivesmartcbus.com",
                            "health_check_id": "",
                            "id": "ZU8NT4MU93IVS_mail.dev.drivesmartcbus.com_MX",
                            "name": "mail.dev.drivesmartcbus.com",
                            "records.#": "2",
                            "records.1861368042": "10 feedback-smtp.us-west-2.amazonses.com",
                            "records.3010582859": "1 inbound-smtp.us-west-2.amazonaws.com",
                            "set_identifier": "",
                            "ttl": "600",
                            "type": "MX",
                            "zone_id": "ZU8NT4MU93IVS"
                        },
                        "meta": {
                            "schema_version": "2"
                        },
                        "tainted": false
                    },
                    "deposed": [],
                    "provider": "provider.aws"
                },
                "aws_route53_record.example_ses_domain_mail_from_txt": {
                    "type": "aws_route53_record",
                    "depends_on": [
                        "aws_route53_zone.main",
                        "aws_ses_domain_mail_from.mail_drivesmartcbus"
                    ],
                    "primary": {
                        "id": "ZU8NT4MU93IVS_mail.dev.drivesmartcbus.com_TXT",
                        "attributes": {
                            "allow_overwrite": "true",
                            "fqdn": "mail.dev.drivesmartcbus.com",
                            "health_check_id": "",
                            "id": "ZU8NT4MU93IVS_mail.dev.drivesmartcbus.com_TXT",
                            "name": "mail.dev.drivesmartcbus.com",
                            "records.#": "1",
                            "records.3464451788": "v=spf1 include:amazonses.com -all",
                            "set_identifier": "",
                            "ttl": "600",
                            "type": "TXT",
                            "zone_id": "ZU8NT4MU93IVS"
                        },
                        "meta": {
                            "schema_version": "2"
                        },
                        "tainted": false
                    },
                    "deposed": [],
                    "provider": "provider.aws"
                },
                "aws_route53_record.ns": {
                    "type": "aws_route53_record",
                    "depends_on": [
                        "aws_route53_zone.main"
                    ],
                    "primary": {
                        "id": "ZU8NT4MU93IVS_dev.drivesmartcbus.com_NS",
                        "attributes": {
                            "allow_overwrite": "true",
                            "fqdn": "dev.drivesmartcbus.com",
                            "health_check_id": "",
                            "id": "ZU8NT4MU93IVS_dev.drivesmartcbus.com_NS",
                            "name": "dev.drivesmartcbus.com",
                            "records.#": "4",
                            "records.2064788056": "ns-602.awsdns-11.net",
                            "records.207337806": "ns-138.awsdns-17.com",
                            "records.3836631634": "ns-1379.awsdns-44.org",
                            "records.4091002518": "ns-1564.awsdns-03.co.uk",
                            "set_identifier": "",
                            "ttl": "30",
                            "type": "NS",
                            "zone_id": "ZU8NT4MU93IVS"
                        },
                        "meta": {
                            "schema_version": "2"
                        },
                        "tainted": false
                    },
                    "deposed": [],
                    "provider": "provider.aws"
                },
                "aws_route53_zone.main": {
                    "type": "aws_route53_zone",
                    "depends_on": [],
                    "primary": {
                        "id": "ZU8NT4MU93IVS",
                        "attributes": {
                            "comment": "Managed by Terraform",
                            "force_destroy": "false",
                            "id": "ZU8NT4MU93IVS",
                            "name": "dev.drivesmartcbus.com",
                            "name_servers.#": "4",
                            "name_servers.0": "ns-1379.awsdns-44.org",
                            "name_servers.1": "ns-138.awsdns-17.com",
                            "name_servers.2": "ns-1564.awsdns-03.co.uk",
                            "name_servers.3": "ns-602.awsdns-11.net",
                            "tags.%": "0",
                            "zone_id": "ZU8NT4MU93IVS"
                        },
                        "meta": {},
                        "tainted": false
                    },
                    "deposed": [],
                    "provider": "provider.aws"
                },
                "aws_ses_active_receipt_rule_set.main": {
                    "type": "aws_ses_active_receipt_rule_set",
                    "depends_on": [],
                    "primary": {
                        "id": "primary-rules",
                        "attributes": {
                            "id": "primary-rules",
                            "rule_set_name": "primary-rules"
                        },
                        "meta": {},
                        "tainted": false
                    },
                    "deposed": [],
                    "provider": "provider.aws"
                },
                "aws_ses_domain_dkim.drivesmart_dkim": {
                    "type": "aws_ses_domain_dkim",
                    "depends_on": [
                        "aws_ses_domain_identity.drivesmart_email"
                    ],
                    "primary": {
                        "id": "dev.drivesmartcbus.com",
                        "attributes": {
                            "dkim_tokens.#": "3",
                            "dkim_tokens.0": "av5slzn6brukpejuxpxarmpoekv2zz66",
                            "dkim_tokens.1": "f4fvc6awru4gibdu3vy5cy7r25yumtqn",
                            "dkim_tokens.2": "oohj4tj2cnfgfecqmh6fzhi5uuuln3v4",
                            "domain": "dev.drivesmartcbus.com",
                            "id": "dev.drivesmartcbus.com"
                        },
                        "meta": {},
                        "tainted": false
                    },
                    "deposed": [],
                    "provider": "provider.aws"
                },
                "aws_ses_domain_identity.drivesmart_email": {
                    "type": "aws_ses_domain_identity",
                    "depends_on": [],
                    "primary": {
                        "id": "dev.drivesmartcbus.com",
                        "attributes": {
                            "arn": "arn:aws:ses:us-west-2:722431446741:identity/dev.drivesmartcbus.com",
                            "domain": "dev.drivesmartcbus.com",
                            "id": "dev.drivesmartcbus.com",
                            "verification_token": "HgS5x5jAyygkSCV1HgsZD8HQduniscb2d8CYfBQ90lk="
                        },
                        "meta": {},
                        "tainted": false
                    },
                    "deposed": [],
                    "provider": "provider.aws"
                },
                "aws_ses_domain_mail_from.mail_drivesmartcbus": {
                    "type": "aws_ses_domain_mail_from",
                    "depends_on": [
                        "aws_ses_domain_identity.drivesmart_email"
                    ],
                    "primary": {
                        "id": "dev.drivesmartcbus.com",
                        "attributes": {
                            "behavior_on_mx_failure": "UseDefaultValue",
                            "domain": "dev.drivesmartcbus.com",
                            "id": "dev.drivesmartcbus.com",
                            "mail_from_domain": "mail.dev.drivesmartcbus.com"
                        },
                        "meta": {},
                        "tainted": false
                    },
                    "deposed": [],
                    "provider": "provider.aws"
                },
                "data.aws_iam_policy_document.JobMonthlyEmailAnalytics_policy": {
                    "type": "aws_iam_policy_document",
                    "depends_on": [
                        "aws_ses_domain_identity.drivesmart_email"
                    ],
                    "primary": {
                        "id": "2508244110",
                        "attributes": {
                            "id": "2508244110",
                            "json": "{\n  \"Version\": \"2012-10-17\",\n  \"Statement\": [\n    {\n      \"Sid\": \"\",\n      \"Effect\": \"Allow\",\n      \"Action\": \"ses:SendRawEmail\",\n      \"Resource\": \"arn:aws:ses:us-west-2:722431446741:identity/no-reply@dev.drivesmartcbus.com\"\n    }\n  ]\n}",
                            "statement.#": "1",
                            "statement.0.actions.#": "1",
                            "statement.0.actions.3871662503": "ses:SendRawEmail",
                            "statement.0.condition.#": "0",
                            "statement.0.effect": "Allow",
                            "statement.0.not_actions.#": "0",
                            "statement.0.not_principals.#": "0",
                            "statement.0.not_resources.#": "0",
                            "statement.0.principals.#": "0",
                            "statement.0.resources.#": "1",
                            "statement.0.resources.2315264371": "arn:aws:ses:us-west-2:722431446741:identity/no-reply@dev.drivesmartcbus.com",
                            "statement.0.sid": ""
                        },
                        "meta": {},
                        "tainted": false
                    },
                    "deposed": [],
                    "provider": "provider.aws"
                },
                "data.aws_iam_policy_document.JobSendConfirmationEmail_policy": {
                    "type": "aws_iam_policy_document",
                    "depends_on": [
                        "aws_ses_domain_identity.drivesmart_email"
                    ],
                    "primary": {
                        "id": "1584984711",
                        "attributes": {
                            "id": "1584984711",
                            "json": "{\n  \"Version\": \"2012-10-17\",\n  \"Statement\": [\n    {\n      \"Sid\": \"\",\n      \"Effect\": \"Allow\",\n      \"Action\": \"ses:SendTemplatedEmail\",\n      \"Resource\": \"arn:aws:ses:us-west-2:722431446741:identity/no-reply@dev.drivesmartcbus.com\"\n    }\n  ]\n}",
                            "statement.#": "1",
                            "statement.0.actions.#": "1",
                            "statement.0.actions.428874798": "ses:SendTemplatedEmail",
                            "statement.0.condition.#": "0",
                            "statement.0.effect": "Allow",
                            "statement.0.not_actions.#": "0",
                            "statement.0.not_principals.#": "0",
                            "statement.0.not_resources.#": "0",
                            "statement.0.principals.#": "0",
                            "statement.0.resources.#": "1",
                            "statement.0.resources.2315264371": "arn:aws:ses:us-west-2:722431446741:identity/no-reply@dev.drivesmartcbus.com",
                            "statement.0.sid": ""
                        },
                        "meta": {},
                        "tainted": false
                    },
                    "deposed": [],
                    "provider": "provider.aws"
                },
                "data.aws_iam_policy_document.JobWeeklyEmailAnalytics_policy": {
                    "type": "aws_iam_policy_document",
                    "depends_on": [
                        "aws_ses_domain_identity.drivesmart_email"
                    ],
                    "primary": {
                        "id": "2508244110",
                        "attributes": {
                            "id": "2508244110",
                            "json": "{\n  \"Version\": \"2012-10-17\",\n  \"Statement\": [\n    {\n      \"Sid\": \"\",\n      \"Effect\": \"Allow\",\n      \"Action\": \"ses:SendRawEmail\",\n      \"Resource\": \"arn:aws:ses:us-west-2:722431446741:identity/no-reply@dev.drivesmartcbus.com\"\n    }\n  ]\n}",
                            "statement.#": "1",
                            "statement.0.actions.#": "1",
                            "statement.0.actions.3871662503": "ses:SendRawEmail",
                            "statement.0.condition.#": "0",
                            "statement.0.effect": "Allow",
                            "statement.0.not_actions.#": "0",
                            "statement.0.not_principals.#": "0",
                            "statement.0.not_resources.#": "0",
                            "statement.0.principals.#": "0",
                            "statement.0.resources.#": "1",
                            "statement.0.resources.2315264371": "arn:aws:ses:us-west-2:722431446741:identity/no-reply@dev.drivesmartcbus.com",
                            "statement.0.sid": ""
                        },
                        "meta": {},
                        "tainted": false
                    },
                    "deposed": [],
                    "provider": "provider.aws"
                },
                "data.aws_iam_policy_document.bucket_policy": {
                    "type": "aws_iam_policy_document",
                    "depends_on": [
                        "aws_cloudfront_origin_access_identity.origin_access_identity"
                    ],
                    "primary": {
                        "id": "3326525216",
                        "attributes": {
                            "id": "3326525216",
                            "json": "{\n  \"Version\": \"2012-10-17\",\n  \"Statement\": [\n    {\n      \"Sid\": \"\",\n      \"Effect\": \"Allow\",\n      \"Action\": \"s3:GetObject\",\n      \"Resource\": \"arn:aws:s3:::smart-experience-web/*\",\n      \"Principal\": {\n        \"AWS\": \"arn:aws:iam::cloudfront:user/CloudFront Origin Access Identity E2T6V0R0DDFQQC\"\n      }\n    }\n  ]\n}",
                            "statement.#": "1",
                            "statement.0.actions.#": "1",
                            "statement.0.actions.2071725391": "s3:GetObject",
                            "statement.0.condition.#": "0",
                            "statement.0.effect": "Allow",
                            "statement.0.not_actions.#": "0",
                            "statement.0.not_principals.#": "0",
                            "statement.0.not_resources.#": "0",
                            "statement.0.principals.#": "1",
                            "statement.0.principals.2363585047.identifiers.#": "1",
                            "statement.0.principals.2363585047.identifiers.4112645004": "arn:aws:iam::cloudfront:user/CloudFront Origin Access Identity E2T6V0R0DDFQQC",
                            "statement.0.principals.2363585047.type": "AWS",
                            "statement.0.resources.#": "1",
                            "statement.0.resources.195219716": "arn:aws:s3:::smart-experience-web/*",
                            "statement.0.sid": ""
                        },
                        "meta": {},
                        "tainted": false
                    },
                    "deposed": [],
                    "provider": "provider.aws"
                },
                "data.aws_iam_policy_document.bucket_policy_for_emails": {
                    "type": "aws_iam_policy_document",
                    "depends_on": [],
                    "primary": {
                        "id": "1072996044",
                        "attributes": {
                            "id": "1072996044",
                            "json": "{\n  \"Version\": \"2012-10-17\",\n  \"Statement\": [\n    {\n      \"Sid\": \"\",\n      \"Effect\": \"Allow\",\n      \"Action\": \"s3:PutObject\",\n      \"Resource\": \"arn:aws:s3:::smart-experience-emails/*\",\n      \"Principal\": {\n        \"Service\": \"ses.amazonaws.com\"\n      },\n      \"Condition\": {\n        \"StringEquals\": {\n          \"aws:Referer\": \"722431446741\"\n        }\n      }\n    }\n  ]\n}",
                            "statement.#": "1",
                            "statement.0.actions.#": "1",
                            "statement.0.actions.315547055": "s3:PutObject",
                            "statement.0.condition.#": "1",
                            "statement.0.condition.2864098311.test": "StringEquals",
                            "statement.0.condition.2864098311.values.#": "1",
                            "statement.0.condition.2864098311.values.382177307": "722431446741",
                            "statement.0.condition.2864098311.variable": "aws:Referer",
                            "statement.0.effect": "Allow",
                            "statement.0.not_actions.#": "0",
                            "statement.0.not_principals.#": "0",
                            "statement.0.not_resources.#": "0",
                            "statement.0.principals.#": "1",
                            "statement.0.principals.1693852319.identifiers.#": "1",
                            "statement.0.principals.1693852319.identifiers.3725946869": "ses.amazonaws.com",
                            "statement.0.principals.1693852319.type": "Service",
                            "statement.0.resources.#": "1",
                            "statement.0.resources.2246786075": "arn:aws:s3:::smart-experience-emails/*",
                            "statement.0.sid": ""
                        },
                        "meta": {},
                        "tainted": false
                    },
                    "deposed": [],
                    "provider": "provider.aws"
                }
            },
            "depends_on": []
        },
        {
            "path": [
                "root",
                "ApiCancelDriveFunction"
            ],
            "outputs": {},
            "resources": {
                "aws_cloudwatch_log_group.function": {
                    "type": "aws_cloudwatch_log_group",
                    "depends_on": [],
                    "primary": {
                        "id": "/aws/lambda/dev_ApiCancelDrive",
                        "attributes": {
                            "arn": "arn:aws:logs:us-west-2:722431446741:log-group:/aws/lambda/dev_ApiCancelDrive:*",
                            "id": "/aws/lambda/dev_ApiCancelDrive",
                            "kms_key_id": "",
                            "name": "/aws/lambda/dev_ApiCancelDrive",
                            "retention_in_days": "3",
                            "tags.%": "0"
                        },
                        "meta": {},
                        "tainted": false
                    },
                    "deposed": [],
                    "provider": "provider.aws"
                }
            },
            "depends_on": []
        },
        {
            "path": [
                "root",
                "ApiCancelDriveRole"
            ],
            "outputs": {
                "arn": {
                    "sensitive": false,
                    "type": "string",
                    "value": "arn:aws:iam::722431446741:role/dev_ApiCancelDriveRole"
                },
                "name": {
                    "sensitive": false,
                    "type": "string",
                    "value": "dev_ApiCancelDriveRole"
                }
            },
            "resources": {
                "aws_iam_policy.lambda_logging_policy": {
                    "type": "aws_iam_policy",
                    "depends_on": [
                        "data.aws_iam_policy_document.logging_policy_statement"
                    ],
                    "primary": {
                        "id": "arn:aws:iam::722431446741:policy/logging_policy_for_dev_ApiCancelDriveRole",
                        "attributes": {
                            "arn": "arn:aws:iam::722431446741:policy/logging_policy_for_dev_ApiCancelDriveRole",
                            "description": "Allows AWS Lambda to create and write logs",
                            "id": "arn:aws:iam::722431446741:policy/logging_policy_for_dev_ApiCancelDriveRole",
                            "name": "logging_policy_for_dev_ApiCancelDriveRole",
                            "path": "/",
                            "policy": "{\n  \"Version\": \"2012-10-17\",\n  \"Statement\": [\n    {\n      \"Sid\": \"\",\n      \"Effect\": \"Allow\",\n      \"Action\": [\n        \"logs:PutLogEvents\",\n        \"logs:CreateLogStream\",\n        \"logs:CreateLogGroup\"\n      ],\n      \"Resource\": \"arn:aws:logs:*:*:*\"\n    }\n  ]\n}"
                        },
                        "meta": {},
                        "tainted": false
                    },
                    "deposed": [],
                    "provider": "provider.aws"
                },
                "aws_iam_role.role": {
                    "type": "aws_iam_role",
                    "depends_on": [
                        "data.aws_iam_policy_document.lambda_policy"
                    ],
                    "primary": {
                        "id": "dev_ApiCancelDriveRole",
                        "attributes": {
                            "arn": "arn:aws:iam::722431446741:role/dev_ApiCancelDriveRole",
                            "assume_role_policy": "{\"Version\":\"2012-10-17\",\"Statement\":[{\"Sid\":\"\",\"Effect\":\"Allow\",\"Principal\":{\"Service\":[\"lambda.amazonaws.com\",\"apigateway.amazonaws.com\"]},\"Action\":\"sts:AssumeRole\"}]}",
                            "create_date": "2018-09-24T14:07:15Z",
                            "description": "",
                            "force_detach_policies": "false",
                            "id": "dev_ApiCancelDriveRole",
                            "max_session_duration": "3600",
                            "name": "dev_ApiCancelDriveRole",
                            "path": "/",
                            "unique_id": "AROAJNFQTMQEJV2KLTDAW"
                        },
                        "meta": {},
                        "tainted": false
                    },
                    "deposed": [],
                    "provider": "provider.aws"
                },
                "aws_iam_role_policy_attachment.Attach_Logging_Role": {
                    "type": "aws_iam_role_policy_attachment",
                    "depends_on": [
                        "aws_iam_policy.lambda_logging_policy",
                        "aws_iam_role.role"
                    ],
                    "primary": {
                        "id": "dev_ApiCancelDriveRole-2018092414072036120000001e",
                        "attributes": {
                            "id": "dev_ApiCancelDriveRole-2018092414072036120000001e",
                            "policy_arn": "arn:aws:iam::722431446741:policy/logging_policy_for_dev_ApiCancelDriveRole",
                            "role": "dev_ApiCancelDriveRole"
                        },
                        "meta": {},
                        "tainted": false
                    },
                    "deposed": [],
                    "provider": "provider.aws"
                },
                "aws_iam_role_policy_attachment.Attach_VPC_Policy": {
                    "type": "aws_iam_role_policy_attachment",
                    "depends_on": [
                        "aws_iam_role.role"
                    ],
                    "primary": {
                        "id": "dev_ApiCancelDriveRole-2018092414072034950000001c",
                        "attributes": {
                            "id": "dev_ApiCancelDriveRole-2018092414072034950000001c",
                            "policy_arn": "arn:aws:iam::aws:policy/service-role/AWSLambdaVPCAccessExecutionRole",
                            "role": "dev_ApiCancelDriveRole"
                        },
                        "meta": {},
                        "tainted": false
                    },
                    "deposed": [],
                    "provider": "provider.aws"
                },
                "data.aws_iam_policy_document.lambda_policy": {
                    "type": "aws_iam_policy_document",
                    "depends_on": [],
                    "primary": {
                        "id": "3127519745",
                        "attributes": {
                            "id": "3127519745",
                            "json": "{\n  \"Version\": \"2012-10-17\",\n  \"Statement\": [\n    {\n      \"Sid\": \"\",\n      \"Effect\": \"Allow\",\n      \"Action\": \"sts:AssumeRole\",\n      \"Principal\": {\n        \"Service\": [\n          \"lambda.amazonaws.com\",\n          \"apigateway.amazonaws.com\"\n        ]\n      }\n    }\n  ]\n}",
                            "statement.#": "1",
                            "statement.0.actions.#": "1",
                            "statement.0.actions.2528466339": "sts:AssumeRole",
                            "statement.0.condition.#": "0",
                            "statement.0.effect": "Allow",
                            "statement.0.not_actions.#": "0",
                            "statement.0.not_principals.#": "0",
                            "statement.0.not_resources.#": "0",
                            "statement.0.principals.#": "1",
                            "statement.0.principals.1632598396.identifiers.#": "2",
                            "statement.0.principals.1632598396.identifiers.1175233861": "apigateway.amazonaws.com",
                            "statement.0.principals.1632598396.identifiers.2638019528": "lambda.amazonaws.com",
                            "statement.0.principals.1632598396.type": "Service",
                            "statement.0.resources.#": "0",
                            "statement.0.sid": ""
                        },
                        "meta": {},
                        "tainted": false
                    },
                    "deposed": [],
                    "provider": "provider.aws"
                },
                "data.aws_iam_policy_document.logging_policy_statement": {
                    "type": "aws_iam_policy_document",
                    "depends_on": [],
                    "primary": {
                        "id": "4063422367",
                        "attributes": {
                            "id": "4063422367",
                            "json": "{\n  \"Version\": \"2012-10-17\",\n  \"Statement\": [\n    {\n      \"Sid\": \"\",\n      \"Effect\": \"Allow\",\n      \"Action\": [\n        \"logs:PutLogEvents\",\n        \"logs:CreateLogStream\",\n        \"logs:CreateLogGroup\"\n      ],\n      \"Resource\": \"arn:aws:logs:*:*:*\"\n    }\n  ]\n}",
                            "statement.#": "1",
                            "statement.0.actions.#": "3",
                            "statement.0.actions.2809485102": "logs:CreateLogGroup",
                            "statement.0.actions.3285979848": "logs:CreateLogStream",
                            "statement.0.actions.39743051": "logs:PutLogEvents",
                            "statement.0.condition.#": "0",
                            "statement.0.effect": "Allow",
                            "statement.0.not_actions.#": "0",
                            "statement.0.not_principals.#": "0",
                            "statement.0.not_resources.#": "0",
                            "statement.0.principals.#": "0",
                            "statement.0.resources.#": "1",
                            "statement.0.resources.162423377": "arn:aws:logs:*:*:*",
                            "statement.0.sid": ""
                        },
                        "meta": {},
                        "tainted": false
                    },
                    "deposed": [],
                    "provider": "provider.aws"
                }
            },
            "depends_on": []
        },
        {
            "path": [
                "root",
                "ApiGetCarsFunction"
            ],
            "outputs": {},
            "resources": {
                "aws_cloudwatch_log_group.function": {
                    "type": "aws_cloudwatch_log_group",
                    "depends_on": [],
                    "primary": {
                        "id": "/aws/lambda/dev_ApiGetCars",
                        "attributes": {
                            "arn": "arn:aws:logs:us-west-2:722431446741:log-group:/aws/lambda/dev_ApiGetCars:*",
                            "id": "/aws/lambda/dev_ApiGetCars",
                            "kms_key_id": "",
                            "name": "/aws/lambda/dev_ApiGetCars",
                            "retention_in_days": "3",
                            "tags.%": "0"
                        },
                        "meta": {},
                        "tainted": false
                    },
                    "deposed": [],
                    "provider": "provider.aws"
                }
            },
            "depends_on": []
        },
        {
            "path": [
                "root",
                "ApiGetCarsRole"
            ],
            "outputs": {
                "arn": {
                    "sensitive": false,
                    "type": "string",
                    "value": "arn:aws:iam::722431446741:role/dev_ApiGetCarsRole"
                },
                "name": {
                    "sensitive": false,
                    "type": "string",
                    "value": "dev_ApiGetCarsRole"
                }
            },
            "resources": {
                "aws_iam_policy.lambda_logging_policy": {
                    "type": "aws_iam_policy",
                    "depends_on": [
                        "data.aws_iam_policy_document.logging_policy_statement"
                    ],
                    "primary": {
                        "id": "arn:aws:iam::722431446741:policy/logging_policy_for_dev_ApiGetCarsRole",
                        "attributes": {
                            "arn": "arn:aws:iam::722431446741:policy/logging_policy_for_dev_ApiGetCarsRole",
                            "description": "Allows AWS Lambda to create and write logs",
                            "id": "arn:aws:iam::722431446741:policy/logging_policy_for_dev_ApiGetCarsRole",
                            "name": "logging_policy_for_dev_ApiGetCarsRole",
                            "path": "/",
                            "policy": "{\n  \"Version\": \"2012-10-17\",\n  \"Statement\": [\n    {\n      \"Sid\": \"\",\n      \"Effect\": \"Allow\",\n      \"Action\": [\n        \"logs:PutLogEvents\",\n        \"logs:CreateLogStream\",\n        \"logs:CreateLogGroup\"\n      ],\n      \"Resource\": \"arn:aws:logs:*:*:*\"\n    }\n  ]\n}"
                        },
                        "meta": {},
                        "tainted": false
                    },
                    "deposed": [],
                    "provider": "provider.aws"
                },
                "aws_iam_role.role": {
                    "type": "aws_iam_role",
                    "depends_on": [
                        "data.aws_iam_policy_document.lambda_policy"
                    ],
                    "primary": {
                        "id": "dev_ApiGetCarsRole",
                        "attributes": {
                            "arn": "arn:aws:iam::722431446741:role/dev_ApiGetCarsRole",
                            "assume_role_policy": "{\"Version\":\"2012-10-17\",\"Statement\":[{\"Sid\":\"\",\"Effect\":\"Allow\",\"Principal\":{\"Service\":[\"lambda.amazonaws.com\",\"apigateway.amazonaws.com\"]},\"Action\":\"sts:AssumeRole\"}]}",
                            "create_date": "2018-09-24T14:07:15Z",
                            "description": "",
                            "force_detach_policies": "false",
                            "id": "dev_ApiGetCarsRole",
                            "max_session_duration": "3600",
                            "name": "dev_ApiGetCarsRole",
                            "path": "/",
                            "unique_id": "AROAJPWUG4W3EV7S4QOVO"
                        },
                        "meta": {},
                        "tainted": false
                    },
                    "deposed": [],
                    "provider": "provider.aws"
                },
                "aws_iam_role_policy_attachment.Attach_Logging_Role": {
                    "type": "aws_iam_role_policy_attachment",
                    "depends_on": [
                        "aws_iam_policy.lambda_logging_policy",
                        "aws_iam_role.role"
                    ],
                    "primary": {
                        "id": "dev_ApiGetCarsRole-20180924140720384300000021",
                        "attributes": {
                            "id": "dev_ApiGetCarsRole-20180924140720384300000021",
                            "policy_arn": "arn:aws:iam::722431446741:policy/logging_policy_for_dev_ApiGetCarsRole",
                            "role": "dev_ApiGetCarsRole"
                        },
                        "meta": {},
                        "tainted": false
                    },
                    "deposed": [],
                    "provider": "provider.aws"
                },
                "aws_iam_role_policy_attachment.Attach_VPC_Policy": {
                    "type": "aws_iam_role_policy_attachment",
                    "depends_on": [
                        "aws_iam_role.role"
                    ],
                    "primary": {
                        "id": "dev_ApiGetCarsRole-20180924140719723300000018",
                        "attributes": {
                            "id": "dev_ApiGetCarsRole-20180924140719723300000018",
                            "policy_arn": "arn:aws:iam::aws:policy/service-role/AWSLambdaVPCAccessExecutionRole",
                            "role": "dev_ApiGetCarsRole"
                        },
                        "meta": {},
                        "tainted": false
                    },
                    "deposed": [],
                    "provider": "provider.aws"
                },
                "data.aws_iam_policy_document.lambda_policy": {
                    "type": "aws_iam_policy_document",
                    "depends_on": [],
                    "primary": {
                        "id": "3127519745",
                        "attributes": {
                            "id": "3127519745",
                            "json": "{\n  \"Version\": \"2012-10-17\",\n  \"Statement\": [\n    {\n      \"Sid\": \"\",\n      \"Effect\": \"Allow\",\n      \"Action\": \"sts:AssumeRole\",\n      \"Principal\": {\n        \"Service\": [\n          \"lambda.amazonaws.com\",\n          \"apigateway.amazonaws.com\"\n        ]\n      }\n    }\n  ]\n}",
                            "statement.#": "1",
                            "statement.0.actions.#": "1",
                            "statement.0.actions.2528466339": "sts:AssumeRole",
                            "statement.0.condition.#": "0",
                            "statement.0.effect": "Allow",
                            "statement.0.not_actions.#": "0",
                            "statement.0.not_principals.#": "0",
                            "statement.0.not_resources.#": "0",
                            "statement.0.principals.#": "1",
                            "statement.0.principals.1632598396.identifiers.#": "2",
                            "statement.0.principals.1632598396.identifiers.1175233861": "apigateway.amazonaws.com",
                            "statement.0.principals.1632598396.identifiers.2638019528": "lambda.amazonaws.com",
                            "statement.0.principals.1632598396.type": "Service",
                            "statement.0.resources.#": "0",
                            "statement.0.sid": ""
                        },
                        "meta": {},
                        "tainted": false
                    },
                    "deposed": [],
                    "provider": "provider.aws"
                },
                "data.aws_iam_policy_document.logging_policy_statement": {
                    "type": "aws_iam_policy_document",
                    "depends_on": [],
                    "primary": {
                        "id": "4063422367",
                        "attributes": {
                            "id": "4063422367",
                            "json": "{\n  \"Version\": \"2012-10-17\",\n  \"Statement\": [\n    {\n      \"Sid\": \"\",\n      \"Effect\": \"Allow\",\n      \"Action\": [\n        \"logs:PutLogEvents\",\n        \"logs:CreateLogStream\",\n        \"logs:CreateLogGroup\"\n      ],\n      \"Resource\": \"arn:aws:logs:*:*:*\"\n    }\n  ]\n}",
                            "statement.#": "1",
                            "statement.0.actions.#": "3",
                            "statement.0.actions.2809485102": "logs:CreateLogGroup",
                            "statement.0.actions.3285979848": "logs:CreateLogStream",
                            "statement.0.actions.39743051": "logs:PutLogEvents",
                            "statement.0.condition.#": "0",
                            "statement.0.effect": "Allow",
                            "statement.0.not_actions.#": "0",
                            "statement.0.not_principals.#": "0",
                            "statement.0.not_resources.#": "0",
                            "statement.0.principals.#": "0",
                            "statement.0.resources.#": "1",
                            "statement.0.resources.162423377": "arn:aws:logs:*:*:*",
                            "statement.0.sid": ""
                        },
                        "meta": {},
                        "tainted": false
                    },
                    "deposed": [],
                    "provider": "provider.aws"
                }
            },
            "depends_on": []
        },
        {
            "path": [
                "root",
                "ApiGetPostSurveyFunction"
            ],
            "outputs": {},
            "resources": {
                "aws_cloudwatch_log_group.function": {
                    "type": "aws_cloudwatch_log_group",
                    "depends_on": [],
                    "primary": {
                        "id": "/aws/lambda/dev_ApiGetPostSurvey",
                        "attributes": {
                            "arn": "arn:aws:logs:us-west-2:722431446741:log-group:/aws/lambda/dev_ApiGetPostSurvey:*",
                            "id": "/aws/lambda/dev_ApiGetPostSurvey",
                            "kms_key_id": "",
                            "name": "/aws/lambda/dev_ApiGetPostSurvey",
                            "retention_in_days": "3",
                            "tags.%": "0"
                        },
                        "meta": {},
                        "tainted": false
                    },
                    "deposed": [],
                    "provider": "provider.aws"
                }
            },
            "depends_on": []
        },
        {
            "path": [
                "root",
                "ApiGetPostSurveyRole"
            ],
            "outputs": {
                "arn": {
                    "sensitive": false,
                    "type": "string",
                    "value": "arn:aws:iam::722431446741:role/dev_ApiGetPostSurveyRole"
                },
                "name": {
                    "sensitive": false,
                    "type": "string",
                    "value": "dev_ApiGetPostSurveyRole"
                }
            },
            "resources": {
                "aws_iam_policy.lambda_logging_policy": {
                    "type": "aws_iam_policy",
                    "depends_on": [
                        "data.aws_iam_policy_document.logging_policy_statement"
                    ],
                    "primary": {
                        "id": "arn:aws:iam::722431446741:policy/logging_policy_for_dev_ApiGetPostSurveyRole",
                        "attributes": {
                            "arn": "arn:aws:iam::722431446741:policy/logging_policy_for_dev_ApiGetPostSurveyRole",
                            "description": "Allows AWS Lambda to create and write logs",
                            "id": "arn:aws:iam::722431446741:policy/logging_policy_for_dev_ApiGetPostSurveyRole",
                            "name": "logging_policy_for_dev_ApiGetPostSurveyRole",
                            "path": "/",
                            "policy": "{\n  \"Version\": \"2012-10-17\",\n  \"Statement\": [\n    {\n      \"Sid\": \"\",\n      \"Effect\": \"Allow\",\n      \"Action\": [\n        \"logs:PutLogEvents\",\n        \"logs:CreateLogStream\",\n        \"logs:CreateLogGroup\"\n      ],\n      \"Resource\": \"arn:aws:logs:*:*:*\"\n    }\n  ]\n}"
                        },
                        "meta": {},
                        "tainted": false
                    },
                    "deposed": [],
                    "provider": "provider.aws"
                },
                "aws_iam_role.role": {
                    "type": "aws_iam_role",
                    "depends_on": [
                        "data.aws_iam_policy_document.lambda_policy"
                    ],
                    "primary": {
                        "id": "dev_ApiGetPostSurveyRole",
                        "attributes": {
                            "arn": "arn:aws:iam::722431446741:role/dev_ApiGetPostSurveyRole",
                            "assume_role_policy": "{\"Version\":\"2012-10-17\",\"Statement\":[{\"Sid\":\"\",\"Effect\":\"Allow\",\"Principal\":{\"Service\":[\"lambda.amazonaws.com\",\"apigateway.amazonaws.com\"]},\"Action\":\"sts:AssumeRole\"}]}",
                            "create_date": "2018-09-24T14:07:14Z",
                            "description": "",
                            "force_detach_policies": "false",
                            "id": "dev_ApiGetPostSurveyRole",
                            "max_session_duration": "3600",
                            "name": "dev_ApiGetPostSurveyRole",
                            "path": "/",
                            "unique_id": "AROAJC7OP2D7BT4ZL4AZW"
                        },
                        "meta": {},
                        "tainted": false
                    },
                    "deposed": [],
                    "provider": "provider.aws"
                },
                "aws_iam_role_policy_attachment.Attach_Logging_Role": {
                    "type": "aws_iam_role_policy_attachment",
                    "depends_on": [
                        "aws_iam_policy.lambda_logging_policy",
                        "aws_iam_role.role"
                    ],
                    "primary": {
                        "id": "dev_ApiGetPostSurveyRole-20180924140718709800000012",
                        "attributes": {
                            "id": "dev_ApiGetPostSurveyRole-20180924140718709800000012",
                            "policy_arn": "arn:aws:iam::722431446741:policy/logging_policy_for_dev_ApiGetPostSurveyRole",
                            "role": "dev_ApiGetPostSurveyRole"
                        },
                        "meta": {},
                        "tainted": false
                    },
                    "deposed": [],
                    "provider": "provider.aws"
                },
                "aws_iam_role_policy_attachment.Attach_VPC_Policy": {
                    "type": "aws_iam_role_policy_attachment",
                    "depends_on": [
                        "aws_iam_role.role"
                    ],
                    "primary": {
                        "id": "dev_ApiGetPostSurveyRole-20180924140718701600000011",
                        "attributes": {
                            "id": "dev_ApiGetPostSurveyRole-20180924140718701600000011",
                            "policy_arn": "arn:aws:iam::aws:policy/service-role/AWSLambdaVPCAccessExecutionRole",
                            "role": "dev_ApiGetPostSurveyRole"
                        },
                        "meta": {},
                        "tainted": false
                    },
                    "deposed": [],
                    "provider": "provider.aws"
                },
                "data.aws_iam_policy_document.lambda_policy": {
                    "type": "aws_iam_policy_document",
                    "depends_on": [],
                    "primary": {
                        "id": "3127519745",
                        "attributes": {
                            "id": "3127519745",
                            "json": "{\n  \"Version\": \"2012-10-17\",\n  \"Statement\": [\n    {\n      \"Sid\": \"\",\n      \"Effect\": \"Allow\",\n      \"Action\": \"sts:AssumeRole\",\n      \"Principal\": {\n        \"Service\": [\n          \"lambda.amazonaws.com\",\n          \"apigateway.amazonaws.com\"\n        ]\n      }\n    }\n  ]\n}",
                            "statement.#": "1",
                            "statement.0.actions.#": "1",
                            "statement.0.actions.2528466339": "sts:AssumeRole",
                            "statement.0.condition.#": "0",
                            "statement.0.effect": "Allow",
                            "statement.0.not_actions.#": "0",
                            "statement.0.not_principals.#": "0",
                            "statement.0.not_resources.#": "0",
                            "statement.0.principals.#": "1",
                            "statement.0.principals.1632598396.identifiers.#": "2",
                            "statement.0.principals.1632598396.identifiers.1175233861": "apigateway.amazonaws.com",
                            "statement.0.principals.1632598396.identifiers.2638019528": "lambda.amazonaws.com",
                            "statement.0.principals.1632598396.type": "Service",
                            "statement.0.resources.#": "0",
                            "statement.0.sid": ""
                        },
                        "meta": {},
                        "tainted": false
                    },
                    "deposed": [],
                    "provider": "provider.aws"
                },
                "data.aws_iam_policy_document.logging_policy_statement": {
                    "type": "aws_iam_policy_document",
                    "depends_on": [],
                    "primary": {
                        "id": "4063422367",
                        "attributes": {
                            "id": "4063422367",
                            "json": "{\n  \"Version\": \"2012-10-17\",\n  \"Statement\": [\n    {\n      \"Sid\": \"\",\n      \"Effect\": \"Allow\",\n      \"Action\": [\n        \"logs:PutLogEvents\",\n        \"logs:CreateLogStream\",\n        \"logs:CreateLogGroup\"\n      ],\n      \"Resource\": \"arn:aws:logs:*:*:*\"\n    }\n  ]\n}",
                            "statement.#": "1",
                            "statement.0.actions.#": "3",
                            "statement.0.actions.2809485102": "logs:CreateLogGroup",
                            "statement.0.actions.3285979848": "logs:CreateLogStream",
                            "statement.0.actions.39743051": "logs:PutLogEvents",
                            "statement.0.condition.#": "0",
                            "statement.0.effect": "Allow",
                            "statement.0.not_actions.#": "0",
                            "statement.0.not_principals.#": "0",
                            "statement.0.not_resources.#": "0",
                            "statement.0.principals.#": "0",
                            "statement.0.resources.#": "1",
                            "statement.0.resources.162423377": "arn:aws:logs:*:*:*",
                            "statement.0.sid": ""
                        },
                        "meta": {},
                        "tainted": false
                    },
                    "deposed": [],
                    "provider": "provider.aws"
                }
            },
            "depends_on": []
        },
        {
            "path": [
                "root",
                "ApiGetPreSurveyFunction"
            ],
            "outputs": {},
            "resources": {
                "aws_cloudwatch_log_group.function": {
                    "type": "aws_cloudwatch_log_group",
                    "depends_on": [],
                    "primary": {
                        "id": "/aws/lambda/dev_ApiGetPreSurvey",
                        "attributes": {
                            "arn": "arn:aws:logs:us-west-2:722431446741:log-group:/aws/lambda/dev_ApiGetPreSurvey:*",
                            "id": "/aws/lambda/dev_ApiGetPreSurvey",
                            "kms_key_id": "",
                            "name": "/aws/lambda/dev_ApiGetPreSurvey",
                            "retention_in_days": "3",
                            "tags.%": "0"
                        },
                        "meta": {},
                        "tainted": false
                    },
                    "deposed": [],
                    "provider": "provider.aws"
                }
            },
            "depends_on": []
        },
        {
            "path": [
                "root",
                "ApiGetPreSurveyRole"
            ],
            "outputs": {
                "arn": {
                    "sensitive": false,
                    "type": "string",
                    "value": "arn:aws:iam::722431446741:role/dev_ApiGetPreSurveyRole"
                },
                "name": {
                    "sensitive": false,
                    "type": "string",
                    "value": "dev_ApiGetPreSurveyRole"
                }
            },
            "resources": {
                "aws_iam_policy.lambda_logging_policy": {
                    "type": "aws_iam_policy",
                    "depends_on": [
                        "data.aws_iam_policy_document.logging_policy_statement"
                    ],
                    "primary": {
                        "id": "arn:aws:iam::722431446741:policy/logging_policy_for_dev_ApiGetPreSurveyRole",
                        "attributes": {
                            "arn": "arn:aws:iam::722431446741:policy/logging_policy_for_dev_ApiGetPreSurveyRole",
                            "description": "Allows AWS Lambda to create and write logs",
                            "id": "arn:aws:iam::722431446741:policy/logging_policy_for_dev_ApiGetPreSurveyRole",
                            "name": "logging_policy_for_dev_ApiGetPreSurveyRole",
                            "path": "/",
                            "policy": "{\n  \"Version\": \"2012-10-17\",\n  \"Statement\": [\n    {\n      \"Sid\": \"\",\n      \"Effect\": \"Allow\",\n      \"Action\": [\n        \"logs:PutLogEvents\",\n        \"logs:CreateLogStream\",\n        \"logs:CreateLogGroup\"\n      ],\n      \"Resource\": \"arn:aws:logs:*:*:*\"\n    }\n  ]\n}"
                        },
                        "meta": {},
                        "tainted": false
                    },
                    "deposed": [],
                    "provider": "provider.aws"
                },
                "aws_iam_role.role": {
                    "type": "aws_iam_role",
                    "depends_on": [
                        "data.aws_iam_policy_document.lambda_policy"
                    ],
                    "primary": {
                        "id": "dev_ApiGetPreSurveyRole",
                        "attributes": {
                            "arn": "arn:aws:iam::722431446741:role/dev_ApiGetPreSurveyRole",
                            "assume_role_policy": "{\"Version\":\"2012-10-17\",\"Statement\":[{\"Sid\":\"\",\"Effect\":\"Allow\",\"Principal\":{\"Service\":[\"apigateway.amazonaws.com\",\"lambda.amazonaws.com\"]},\"Action\":\"sts:AssumeRole\"}]}",
                            "create_date": "2018-09-24T14:07:15Z",
                            "description": "",
                            "force_detach_policies": "false",
                            "id": "dev_ApiGetPreSurveyRole",
                            "max_session_duration": "3600",
                            "name": "dev_ApiGetPreSurveyRole",
                            "path": "/",
                            "unique_id": "AROAIP72QTKUCFU5QAYJW"
                        },
                        "meta": {},
                        "tainted": false
                    },
                    "deposed": [],
                    "provider": "provider.aws"
                },
                "aws_iam_role_policy_attachment.Attach_Logging_Role": {
                    "type": "aws_iam_role_policy_attachment",
                    "depends_on": [
                        "aws_iam_policy.lambda_logging_policy",
                        "aws_iam_role.role"
                    ],
                    "primary": {
                        "id": "dev_ApiGetPreSurveyRole-20180924140719400700000017",
                        "attributes": {
                            "id": "dev_ApiGetPreSurveyRole-20180924140719400700000017",
                            "policy_arn": "arn:aws:iam::722431446741:policy/logging_policy_for_dev_ApiGetPreSurveyRole",
                            "role": "dev_ApiGetPreSurveyRole"
                        },
                        "meta": {},
                        "tainted": false
                    },
                    "deposed": [],
                    "provider": "provider.aws"
                },
                "aws_iam_role_policy_attachment.Attach_VPC_Policy": {
                    "type": "aws_iam_role_policy_attachment",
                    "depends_on": [
                        "aws_iam_role.role"
                    ],
                    "primary": {
                        "id": "dev_ApiGetPreSurveyRole-20180924140719384700000015",
                        "attributes": {
                            "id": "dev_ApiGetPreSurveyRole-20180924140719384700000015",
                            "policy_arn": "arn:aws:iam::aws:policy/service-role/AWSLambdaVPCAccessExecutionRole",
                            "role": "dev_ApiGetPreSurveyRole"
                        },
                        "meta": {},
                        "tainted": false
                    },
                    "deposed": [],
                    "provider": "provider.aws"
                },
                "data.aws_iam_policy_document.lambda_policy": {
                    "type": "aws_iam_policy_document",
                    "depends_on": [],
                    "primary": {
                        "id": "3127519745",
                        "attributes": {
                            "id": "3127519745",
                            "json": "{\n  \"Version\": \"2012-10-17\",\n  \"Statement\": [\n    {\n      \"Sid\": \"\",\n      \"Effect\": \"Allow\",\n      \"Action\": \"sts:AssumeRole\",\n      \"Principal\": {\n        \"Service\": [\n          \"lambda.amazonaws.com\",\n          \"apigateway.amazonaws.com\"\n        ]\n      }\n    }\n  ]\n}",
                            "statement.#": "1",
                            "statement.0.actions.#": "1",
                            "statement.0.actions.2528466339": "sts:AssumeRole",
                            "statement.0.condition.#": "0",
                            "statement.0.effect": "Allow",
                            "statement.0.not_actions.#": "0",
                            "statement.0.not_principals.#": "0",
                            "statement.0.not_resources.#": "0",
                            "statement.0.principals.#": "1",
                            "statement.0.principals.1632598396.identifiers.#": "2",
                            "statement.0.principals.1632598396.identifiers.1175233861": "apigateway.amazonaws.com",
                            "statement.0.principals.1632598396.identifiers.2638019528": "lambda.amazonaws.com",
                            "statement.0.principals.1632598396.type": "Service",
                            "statement.0.resources.#": "0",
                            "statement.0.sid": ""
                        },
                        "meta": {},
                        "tainted": false
                    },
                    "deposed": [],
                    "provider": "provider.aws"
                },
                "data.aws_iam_policy_document.logging_policy_statement": {
                    "type": "aws_iam_policy_document",
                    "depends_on": [],
                    "primary": {
                        "id": "4063422367",
                        "attributes": {
                            "id": "4063422367",
                            "json": "{\n  \"Version\": \"2012-10-17\",\n  \"Statement\": [\n    {\n      \"Sid\": \"\",\n      \"Effect\": \"Allow\",\n      \"Action\": [\n        \"logs:PutLogEvents\",\n        \"logs:CreateLogStream\",\n        \"logs:CreateLogGroup\"\n      ],\n      \"Resource\": \"arn:aws:logs:*:*:*\"\n    }\n  ]\n}",
                            "statement.#": "1",
                            "statement.0.actions.#": "3",
                            "statement.0.actions.2809485102": "logs:CreateLogGroup",
                            "statement.0.actions.3285979848": "logs:CreateLogStream",
                            "statement.0.actions.39743051": "logs:PutLogEvents",
                            "statement.0.condition.#": "0",
                            "statement.0.effect": "Allow",
                            "statement.0.not_actions.#": "0",
                            "statement.0.not_principals.#": "0",
                            "statement.0.not_resources.#": "0",
                            "statement.0.principals.#": "0",
                            "statement.0.resources.#": "1",
                            "statement.0.resources.162423377": "arn:aws:logs:*:*:*",
                            "statement.0.sid": ""
                        },
                        "meta": {},
                        "tainted": false
                    },
                    "deposed": [],
                    "provider": "provider.aws"
                }
            },
            "depends_on": []
        },
        {
            "path": [
                "root",
                "ApiGetScheduleFunction"
            ],
            "outputs": {},
            "resources": {
                "aws_cloudwatch_log_group.function": {
                    "type": "aws_cloudwatch_log_group",
                    "depends_on": [],
                    "primary": {
                        "id": "/aws/lambda/dev_ApiGetSchedule",
                        "attributes": {
                            "arn": "arn:aws:logs:us-west-2:722431446741:log-group:/aws/lambda/dev_ApiGetSchedule:*",
                            "id": "/aws/lambda/dev_ApiGetSchedule",
                            "kms_key_id": "",
                            "name": "/aws/lambda/dev_ApiGetSchedule",
                            "retention_in_days": "3",
                            "tags.%": "0"
                        },
                        "meta": {},
                        "tainted": false
                    },
                    "deposed": [],
                    "provider": "provider.aws"
                }
            },
            "depends_on": []
        },
        {
            "path": [
                "root",
                "ApiGetScheduleRole"
            ],
            "outputs": {
                "arn": {
                    "sensitive": false,
                    "type": "string",
                    "value": "arn:aws:iam::722431446741:role/dev_ApiGetScheduleRole"
                },
                "name": {
                    "sensitive": false,
                    "type": "string",
                    "value": "dev_ApiGetScheduleRole"
                }
            },
            "resources": {
                "aws_iam_policy.lambda_logging_policy": {
                    "type": "aws_iam_policy",
                    "depends_on": [
                        "data.aws_iam_policy_document.logging_policy_statement"
                    ],
                    "primary": {
                        "id": "arn:aws:iam::722431446741:policy/logging_policy_for_dev_ApiGetScheduleRole",
                        "attributes": {
                            "arn": "arn:aws:iam::722431446741:policy/logging_policy_for_dev_ApiGetScheduleRole",
                            "description": "Allows AWS Lambda to create and write logs",
                            "id": "arn:aws:iam::722431446741:policy/logging_policy_for_dev_ApiGetScheduleRole",
                            "name": "logging_policy_for_dev_ApiGetScheduleRole",
                            "path": "/",
                            "policy": "{\n  \"Version\": \"2012-10-17\",\n  \"Statement\": [\n    {\n      \"Sid\": \"\",\n      \"Effect\": \"Allow\",\n      \"Action\": [\n        \"logs:PutLogEvents\",\n        \"logs:CreateLogStream\",\n        \"logs:CreateLogGroup\"\n      ],\n      \"Resource\": \"arn:aws:logs:*:*:*\"\n    }\n  ]\n}"
                        },
                        "meta": {},
                        "tainted": false
                    },
                    "deposed": [],
                    "provider": "provider.aws"
                },
                "aws_iam_role.role": {
                    "type": "aws_iam_role",
                    "depends_on": [
                        "data.aws_iam_policy_document.lambda_policy"
                    ],
                    "primary": {
                        "id": "dev_ApiGetScheduleRole",
                        "attributes": {
                            "arn": "arn:aws:iam::722431446741:role/dev_ApiGetScheduleRole",
                            "assume_role_policy": "{\"Version\":\"2012-10-17\",\"Statement\":[{\"Sid\":\"\",\"Effect\":\"Allow\",\"Principal\":{\"Service\":[\"lambda.amazonaws.com\",\"apigateway.amazonaws.com\"]},\"Action\":\"sts:AssumeRole\"}]}",
                            "create_date": "2018-09-24T14:07:13Z",
                            "description": "",
                            "force_detach_policies": "false",
                            "id": "dev_ApiGetScheduleRole",
                            "max_session_duration": "3600",
                            "name": "dev_ApiGetScheduleRole",
                            "path": "/",
                            "unique_id": "AROAIF6FCT7GUBYRA7QLY"
                        },
                        "meta": {},
                        "tainted": false
                    },
                    "deposed": [],
                    "provider": "provider.aws"
                },
                "aws_iam_role_policy_attachment.Attach_Logging_Role": {
                    "type": "aws_iam_role_policy_attachment",
                    "depends_on": [
                        "aws_iam_policy.lambda_logging_policy",
                        "aws_iam_role.role"
                    ],
                    "primary": {
                        "id": "dev_ApiGetScheduleRole-2018092414071774400000000d",
                        "attributes": {
                            "id": "dev_ApiGetScheduleRole-2018092414071774400000000d",
                            "policy_arn": "arn:aws:iam::722431446741:policy/logging_policy_for_dev_ApiGetScheduleRole",
                            "role": "dev_ApiGetScheduleRole"
                        },
                        "meta": {},
                        "tainted": false
                    },
                    "deposed": [],
                    "provider": "provider.aws"
                },
                "aws_iam_role_policy_attachment.Attach_VPC_Policy": {
                    "type": "aws_iam_role_policy_attachment",
                    "depends_on": [
                        "aws_iam_role.role"
                    ],
                    "primary": {
                        "id": "dev_ApiGetScheduleRole-2018092414071774100000000c",
                        "attributes": {
                            "id": "dev_ApiGetScheduleRole-2018092414071774100000000c",
                            "policy_arn": "arn:aws:iam::aws:policy/service-role/AWSLambdaVPCAccessExecutionRole",
                            "role": "dev_ApiGetScheduleRole"
                        },
                        "meta": {},
                        "tainted": false
                    },
                    "deposed": [],
                    "provider": "provider.aws"
                },
                "data.aws_iam_policy_document.lambda_policy": {
                    "type": "aws_iam_policy_document",
                    "depends_on": [],
                    "primary": {
                        "id": "3127519745",
                        "attributes": {
                            "id": "3127519745",
                            "json": "{\n  \"Version\": \"2012-10-17\",\n  \"Statement\": [\n    {\n      \"Sid\": \"\",\n      \"Effect\": \"Allow\",\n      \"Action\": \"sts:AssumeRole\",\n      \"Principal\": {\n        \"Service\": [\n          \"lambda.amazonaws.com\",\n          \"apigateway.amazonaws.com\"\n        ]\n      }\n    }\n  ]\n}",
                            "statement.#": "1",
                            "statement.0.actions.#": "1",
                            "statement.0.actions.2528466339": "sts:AssumeRole",
                            "statement.0.condition.#": "0",
                            "statement.0.effect": "Allow",
                            "statement.0.not_actions.#": "0",
                            "statement.0.not_principals.#": "0",
                            "statement.0.not_resources.#": "0",
                            "statement.0.principals.#": "1",
                            "statement.0.principals.1632598396.identifiers.#": "2",
                            "statement.0.principals.1632598396.identifiers.1175233861": "apigateway.amazonaws.com",
                            "statement.0.principals.1632598396.identifiers.2638019528": "lambda.amazonaws.com",
                            "statement.0.principals.1632598396.type": "Service",
                            "statement.0.resources.#": "0",
                            "statement.0.sid": ""
                        },
                        "meta": {},
                        "tainted": false
                    },
                    "deposed": [],
                    "provider": "provider.aws"
                },
                "data.aws_iam_policy_document.logging_policy_statement": {
                    "type": "aws_iam_policy_document",
                    "depends_on": [],
                    "primary": {
                        "id": "4063422367",
                        "attributes": {
                            "id": "4063422367",
                            "json": "{\n  \"Version\": \"2012-10-17\",\n  \"Statement\": [\n    {\n      \"Sid\": \"\",\n      \"Effect\": \"Allow\",\n      \"Action\": [\n        \"logs:PutLogEvents\",\n        \"logs:CreateLogStream\",\n        \"logs:CreateLogGroup\"\n      ],\n      \"Resource\": \"arn:aws:logs:*:*:*\"\n    }\n  ]\n}",
                            "statement.#": "1",
                            "statement.0.actions.#": "3",
                            "statement.0.actions.2809485102": "logs:CreateLogGroup",
                            "statement.0.actions.3285979848": "logs:CreateLogStream",
                            "statement.0.actions.39743051": "logs:PutLogEvents",
                            "statement.0.condition.#": "0",
                            "statement.0.effect": "Allow",
                            "statement.0.not_actions.#": "0",
                            "statement.0.not_principals.#": "0",
                            "statement.0.not_resources.#": "0",
                            "statement.0.principals.#": "0",
                            "statement.0.resources.#": "1",
                            "statement.0.resources.162423377": "arn:aws:logs:*:*:*",
                            "statement.0.sid": ""
                        },
                        "meta": {},
                        "tainted": false
                    },
                    "deposed": [],
                    "provider": "provider.aws"
                }
            },
            "depends_on": []
        },
        {
            "path": [
                "root",
                "ApiGetScheduledDrivesFunction"
            ],
            "outputs": {},
            "resources": {
                "aws_cloudwatch_log_group.function": {
                    "type": "aws_cloudwatch_log_group",
                    "depends_on": [],
                    "primary": {
                        "id": "/aws/lambda/dev_ApiGetScheduledDrives",
                        "attributes": {
                            "arn": "arn:aws:logs:us-west-2:722431446741:log-group:/aws/lambda/dev_ApiGetScheduledDrives:*",
                            "id": "/aws/lambda/dev_ApiGetScheduledDrives",
                            "kms_key_id": "",
                            "name": "/aws/lambda/dev_ApiGetScheduledDrives",
                            "retention_in_days": "3",
                            "tags.%": "0"
                        },
                        "meta": {},
                        "tainted": false
                    },
                    "deposed": [],
                    "provider": "provider.aws"
                }
            },
            "depends_on": []
        },
        {
            "path": [
                "root",
                "ApiGetScheduledDrivesRole"
            ],
            "outputs": {
                "arn": {
                    "sensitive": false,
                    "type": "string",
                    "value": "arn:aws:iam::722431446741:role/dev_ApiGetScheduledDrivesRole"
                },
                "name": {
                    "sensitive": false,
                    "type": "string",
                    "value": "dev_ApiGetScheduledDrivesRole"
                }
            },
            "resources": {
                "aws_iam_policy.lambda_logging_policy": {
                    "type": "aws_iam_policy",
                    "depends_on": [
                        "data.aws_iam_policy_document.logging_policy_statement"
                    ],
                    "primary": {
                        "id": "arn:aws:iam::722431446741:policy/logging_policy_for_dev_ApiGetScheduledDrivesRole",
                        "attributes": {
                            "arn": "arn:aws:iam::722431446741:policy/logging_policy_for_dev_ApiGetScheduledDrivesRole",
                            "description": "Allows AWS Lambda to create and write logs",
                            "id": "arn:aws:iam::722431446741:policy/logging_policy_for_dev_ApiGetScheduledDrivesRole",
                            "name": "logging_policy_for_dev_ApiGetScheduledDrivesRole",
                            "path": "/",
                            "policy": "{\n  \"Version\": \"2012-10-17\",\n  \"Statement\": [\n    {\n      \"Sid\": \"\",\n      \"Effect\": \"Allow\",\n      \"Action\": [\n        \"logs:PutLogEvents\",\n        \"logs:CreateLogStream\",\n        \"logs:CreateLogGroup\"\n      ],\n      \"Resource\": \"arn:aws:logs:*:*:*\"\n    }\n  ]\n}"
                        },
                        "meta": {},
                        "tainted": false
                    },
                    "deposed": [],
                    "provider": "provider.aws"
                },
                "aws_iam_role.role": {
                    "type": "aws_iam_role",
                    "depends_on": [
                        "data.aws_iam_policy_document.lambda_policy"
                    ],
                    "primary": {
                        "id": "dev_ApiGetScheduledDrivesRole",
                        "attributes": {
                            "arn": "arn:aws:iam::722431446741:role/dev_ApiGetScheduledDrivesRole",
                            "assume_role_policy": "{\"Version\":\"2012-10-17\",\"Statement\":[{\"Sid\":\"\",\"Effect\":\"Allow\",\"Principal\":{\"Service\":[\"apigateway.amazonaws.com\",\"lambda.amazonaws.com\"]},\"Action\":\"sts:AssumeRole\"}]}",
                            "create_date": "2018-09-24T14:07:16Z",
                            "description": "",
                            "force_detach_policies": "false",
                            "id": "dev_ApiGetScheduledDrivesRole",
                            "max_session_duration": "3600",
                            "name": "dev_ApiGetScheduledDrivesRole",
                            "path": "/",
                            "unique_id": "AROAJZZBWM5ZEUSDOYKQ2"
                        },
                        "meta": {},
                        "tainted": false
                    },
                    "deposed": [],
                    "provider": "provider.aws"
                },
                "aws_iam_role_policy_attachment.Attach_Logging_Role": {
                    "type": "aws_iam_role_policy_attachment",
                    "depends_on": [
                        "aws_iam_policy.lambda_logging_policy",
                        "aws_iam_role.role"
                    ],
                    "primary": {
                        "id": "dev_ApiGetScheduledDrivesRole-20180924140720655500000022",
                        "attributes": {
                            "id": "dev_ApiGetScheduledDrivesRole-20180924140720655500000022",
                            "policy_arn": "arn:aws:iam::722431446741:policy/logging_policy_for_dev_ApiGetScheduledDrivesRole",
                            "role": "dev_ApiGetScheduledDrivesRole"
                        },
                        "meta": {},
                        "tainted": false
                    },
                    "deposed": [],
                    "provider": "provider.aws"
                },
                "aws_iam_role_policy_attachment.Attach_VPC_Policy": {
                    "type": "aws_iam_role_policy_attachment",
                    "depends_on": [
                        "aws_iam_role.role"
                    ],
                    "primary": {
                        "id": "dev_ApiGetScheduledDrivesRole-20180924140720383200000020",
                        "attributes": {
                            "id": "dev_ApiGetScheduledDrivesRole-20180924140720383200000020",
                            "policy_arn": "arn:aws:iam::aws:policy/service-role/AWSLambdaVPCAccessExecutionRole",
                            "role": "dev_ApiGetScheduledDrivesRole"
                        },
                        "meta": {},
                        "tainted": false
                    },
                    "deposed": [],
                    "provider": "provider.aws"
                },
                "data.aws_iam_policy_document.lambda_policy": {
                    "type": "aws_iam_policy_document",
                    "depends_on": [],
                    "primary": {
                        "id": "3127519745",
                        "attributes": {
                            "id": "3127519745",
                            "json": "{\n  \"Version\": \"2012-10-17\",\n  \"Statement\": [\n    {\n      \"Sid\": \"\",\n      \"Effect\": \"Allow\",\n      \"Action\": \"sts:AssumeRole\",\n      \"Principal\": {\n        \"Service\": [\n          \"lambda.amazonaws.com\",\n          \"apigateway.amazonaws.com\"\n        ]\n      }\n    }\n  ]\n}",
                            "statement.#": "1",
                            "statement.0.actions.#": "1",
                            "statement.0.actions.2528466339": "sts:AssumeRole",
                            "statement.0.condition.#": "0",
                            "statement.0.effect": "Allow",
                            "statement.0.not_actions.#": "0",
                            "statement.0.not_principals.#": "0",
                            "statement.0.not_resources.#": "0",
                            "statement.0.principals.#": "1",
                            "statement.0.principals.1632598396.identifiers.#": "2",
                            "statement.0.principals.1632598396.identifiers.1175233861": "apigateway.amazonaws.com",
                            "statement.0.principals.1632598396.identifiers.2638019528": "lambda.amazonaws.com",
                            "statement.0.principals.1632598396.type": "Service",
                            "statement.0.resources.#": "0",
                            "statement.0.sid": ""
                        },
                        "meta": {},
                        "tainted": false
                    },
                    "deposed": [],
                    "provider": "provider.aws"
                },
                "data.aws_iam_policy_document.logging_policy_statement": {
                    "type": "aws_iam_policy_document",
                    "depends_on": [],
                    "primary": {
                        "id": "4063422367",
                        "attributes": {
                            "id": "4063422367",
                            "json": "{\n  \"Version\": \"2012-10-17\",\n  \"Statement\": [\n    {\n      \"Sid\": \"\",\n      \"Effect\": \"Allow\",\n      \"Action\": [\n        \"logs:PutLogEvents\",\n        \"logs:CreateLogStream\",\n        \"logs:CreateLogGroup\"\n      ],\n      \"Resource\": \"arn:aws:logs:*:*:*\"\n    }\n  ]\n}",
                            "statement.#": "1",
                            "statement.0.actions.#": "3",
                            "statement.0.actions.2809485102": "logs:CreateLogGroup",
                            "statement.0.actions.3285979848": "logs:CreateLogStream",
                            "statement.0.actions.39743051": "logs:PutLogEvents",
                            "statement.0.condition.#": "0",
                            "statement.0.effect": "Allow",
                            "statement.0.not_actions.#": "0",
                            "statement.0.not_principals.#": "0",
                            "statement.0.not_resources.#": "0",
                            "statement.0.principals.#": "0",
                            "statement.0.resources.#": "1",
                            "statement.0.resources.162423377": "arn:aws:logs:*:*:*",
                            "statement.0.sid": ""
                        },
                        "meta": {},
                        "tainted": false
                    },
                    "deposed": [],
                    "provider": "provider.aws"
                }
            },
            "depends_on": []
        },
        {
            "path": [
                "root",
                "ApiGetTimeSlotsFunction"
            ],
            "outputs": {},
            "resources": {
                "aws_cloudwatch_log_group.function": {
                    "type": "aws_cloudwatch_log_group",
                    "depends_on": [],
                    "primary": {
                        "id": "/aws/lambda/dev_ApiGetTimeSlots",
                        "attributes": {
                            "arn": "arn:aws:logs:us-west-2:722431446741:log-group:/aws/lambda/dev_ApiGetTimeSlots:*",
                            "id": "/aws/lambda/dev_ApiGetTimeSlots",
                            "kms_key_id": "",
                            "name": "/aws/lambda/dev_ApiGetTimeSlots",
                            "retention_in_days": "3",
                            "tags.%": "0"
                        },
                        "meta": {},
                        "tainted": false
                    },
                    "deposed": [],
                    "provider": "provider.aws"
                }
            },
            "depends_on": []
        },
        {
            "path": [
                "root",
                "ApiGetTimeSlotsRole"
            ],
            "outputs": {
                "arn": {
                    "sensitive": false,
                    "type": "string",
                    "value": "arn:aws:iam::722431446741:role/dev_ApiGetTimeSlotsRole"
                },
                "name": {
                    "sensitive": false,
                    "type": "string",
                    "value": "dev_ApiGetTimeSlotsRole"
                }
            },
            "resources": {
                "aws_iam_policy.lambda_logging_policy": {
                    "type": "aws_iam_policy",
                    "depends_on": [
                        "data.aws_iam_policy_document.logging_policy_statement"
                    ],
                    "primary": {
                        "id": "arn:aws:iam::722431446741:policy/logging_policy_for_dev_ApiGetTimeSlotsRole",
                        "attributes": {
                            "arn": "arn:aws:iam::722431446741:policy/logging_policy_for_dev_ApiGetTimeSlotsRole",
                            "description": "Allows AWS Lambda to create and write logs",
                            "id": "arn:aws:iam::722431446741:policy/logging_policy_for_dev_ApiGetTimeSlotsRole",
                            "name": "logging_policy_for_dev_ApiGetTimeSlotsRole",
                            "path": "/",
                            "policy": "{\n  \"Version\": \"2012-10-17\",\n  \"Statement\": [\n    {\n      \"Sid\": \"\",\n      \"Effect\": \"Allow\",\n      \"Action\": [\n        \"logs:PutLogEvents\",\n        \"logs:CreateLogStream\",\n        \"logs:CreateLogGroup\"\n      ],\n      \"Resource\": \"arn:aws:logs:*:*:*\"\n    }\n  ]\n}"
                        },
                        "meta": {},
                        "tainted": false
                    },
                    "deposed": [],
                    "provider": "provider.aws"
                },
                "aws_iam_role.role": {
                    "type": "aws_iam_role",
                    "depends_on": [
                        "data.aws_iam_policy_document.lambda_policy"
                    ],
                    "primary": {
                        "id": "dev_ApiGetTimeSlotsRole",
                        "attributes": {
                            "arn": "arn:aws:iam::722431446741:role/dev_ApiGetTimeSlotsRole",
                            "assume_role_policy": "{\"Version\":\"2012-10-17\",\"Statement\":[{\"Sid\":\"\",\"Effect\":\"Allow\",\"Principal\":{\"Service\":[\"apigateway.amazonaws.com\",\"lambda.amazonaws.com\"]},\"Action\":\"sts:AssumeRole\"}]}",
                            "create_date": "2018-09-24T14:07:16Z",
                            "description": "",
                            "force_detach_policies": "false",
                            "id": "dev_ApiGetTimeSlotsRole",
                            "max_session_duration": "3600",
                            "name": "dev_ApiGetTimeSlotsRole",
                            "path": "/",
                            "unique_id": "AROAIWLEYTYIZTLYCR6TQ"
                        },
                        "meta": {},
                        "tainted": false
                    },
                    "deposed": [],
                    "provider": "provider.aws"
                },
                "aws_iam_role_policy_attachment.Attach_Logging_Role": {
                    "type": "aws_iam_role_policy_attachment",
                    "depends_on": [
                        "aws_iam_policy.lambda_logging_policy",
                        "aws_iam_role.role"
                    ],
                    "primary": {
                        "id": "dev_ApiGetTimeSlotsRole-20180924140720665500000024",
                        "attributes": {
                            "id": "dev_ApiGetTimeSlotsRole-20180924140720665500000024",
                            "policy_arn": "arn:aws:iam::722431446741:policy/logging_policy_for_dev_ApiGetTimeSlotsRole",
                            "role": "dev_ApiGetTimeSlotsRole"
                        },
                        "meta": {},
                        "tainted": false
                    },
                    "deposed": [],
                    "provider": "provider.aws"
                },
                "aws_iam_role_policy_attachment.Attach_VPC_Policy": {
                    "type": "aws_iam_role_policy_attachment",
                    "depends_on": [
                        "aws_iam_role.role"
                    ],
                    "primary": {
                        "id": "dev_ApiGetTimeSlotsRole-20180924140720658300000023",
                        "attributes": {
                            "id": "dev_ApiGetTimeSlotsRole-20180924140720658300000023",
                            "policy_arn": "arn:aws:iam::aws:policy/service-role/AWSLambdaVPCAccessExecutionRole",
                            "role": "dev_ApiGetTimeSlotsRole"
                        },
                        "meta": {},
                        "tainted": false
                    },
                    "deposed": [],
                    "provider": "provider.aws"
                },
                "data.aws_iam_policy_document.lambda_policy": {
                    "type": "aws_iam_policy_document",
                    "depends_on": [],
                    "primary": {
                        "id": "3127519745",
                        "attributes": {
                            "id": "3127519745",
                            "json": "{\n  \"Version\": \"2012-10-17\",\n  \"Statement\": [\n    {\n      \"Sid\": \"\",\n      \"Effect\": \"Allow\",\n      \"Action\": \"sts:AssumeRole\",\n      \"Principal\": {\n        \"Service\": [\n          \"lambda.amazonaws.com\",\n          \"apigateway.amazonaws.com\"\n        ]\n      }\n    }\n  ]\n}",
                            "statement.#": "1",
                            "statement.0.actions.#": "1",
                            "statement.0.actions.2528466339": "sts:AssumeRole",
                            "statement.0.condition.#": "0",
                            "statement.0.effect": "Allow",
                            "statement.0.not_actions.#": "0",
                            "statement.0.not_principals.#": "0",
                            "statement.0.not_resources.#": "0",
                            "statement.0.principals.#": "1",
                            "statement.0.principals.1632598396.identifiers.#": "2",
                            "statement.0.principals.1632598396.identifiers.1175233861": "apigateway.amazonaws.com",
                            "statement.0.principals.1632598396.identifiers.2638019528": "lambda.amazonaws.com",
                            "statement.0.principals.1632598396.type": "Service",
                            "statement.0.resources.#": "0",
                            "statement.0.sid": ""
                        },
                        "meta": {},
                        "tainted": false
                    },
                    "deposed": [],
                    "provider": "provider.aws"
                },
                "data.aws_iam_policy_document.logging_policy_statement": {
                    "type": "aws_iam_policy_document",
                    "depends_on": [],
                    "primary": {
                        "id": "4063422367",
                        "attributes": {
                            "id": "4063422367",
                            "json": "{\n  \"Version\": \"2012-10-17\",\n  \"Statement\": [\n    {\n      \"Sid\": \"\",\n      \"Effect\": \"Allow\",\n      \"Action\": [\n        \"logs:PutLogEvents\",\n        \"logs:CreateLogStream\",\n        \"logs:CreateLogGroup\"\n      ],\n      \"Resource\": \"arn:aws:logs:*:*:*\"\n    }\n  ]\n}",
                            "statement.#": "1",
                            "statement.0.actions.#": "3",
                            "statement.0.actions.2809485102": "logs:CreateLogGroup",
                            "statement.0.actions.3285979848": "logs:CreateLogStream",
                            "statement.0.actions.39743051": "logs:PutLogEvents",
                            "statement.0.condition.#": "0",
                            "statement.0.effect": "Allow",
                            "statement.0.not_actions.#": "0",
                            "statement.0.not_principals.#": "0",
                            "statement.0.not_resources.#": "0",
                            "statement.0.principals.#": "0",
                            "statement.0.resources.#": "1",
                            "statement.0.resources.162423377": "arn:aws:logs:*:*:*",
                            "statement.0.sid": ""
                        },
                        "meta": {},
                        "tainted": false
                    },
                    "deposed": [],
                    "provider": "provider.aws"
                }
            },
            "depends_on": []
        },
        {
            "path": [
                "root",
                "ApiGetUserFunction"
            ],
            "outputs": {},
            "resources": {
                "aws_cloudwatch_log_group.function": {
                    "type": "aws_cloudwatch_log_group",
                    "depends_on": [],
                    "primary": {
                        "id": "/aws/lambda/dev_ApiGetUser",
                        "attributes": {
                            "arn": "arn:aws:logs:us-west-2:722431446741:log-group:/aws/lambda/dev_ApiGetUser:*",
                            "id": "/aws/lambda/dev_ApiGetUser",
                            "kms_key_id": "",
                            "name": "/aws/lambda/dev_ApiGetUser",
                            "retention_in_days": "3",
                            "tags.%": "0"
                        },
                        "meta": {},
                        "tainted": false
                    },
                    "deposed": [],
                    "provider": "provider.aws"
                }
            },
            "depends_on": []
        },
        {
            "path": [
                "root",
                "ApiGetUserRole"
            ],
            "outputs": {
                "arn": {
                    "sensitive": false,
                    "type": "string",
                    "value": "arn:aws:iam::722431446741:role/dev_ApiGetUserRole"
                },
                "name": {
                    "sensitive": false,
                    "type": "string",
                    "value": "dev_ApiGetUserRole"
                }
            },
            "resources": {
                "aws_iam_policy.lambda_logging_policy": {
                    "type": "aws_iam_policy",
                    "depends_on": [
                        "data.aws_iam_policy_document.logging_policy_statement"
                    ],
                    "primary": {
                        "id": "arn:aws:iam::722431446741:policy/logging_policy_for_dev_ApiGetUserRole",
                        "attributes": {
                            "arn": "arn:aws:iam::722431446741:policy/logging_policy_for_dev_ApiGetUserRole",
                            "description": "Allows AWS Lambda to create and write logs",
                            "id": "arn:aws:iam::722431446741:policy/logging_policy_for_dev_ApiGetUserRole",
                            "name": "logging_policy_for_dev_ApiGetUserRole",
                            "path": "/",
                            "policy": "{\n  \"Version\": \"2012-10-17\",\n  \"Statement\": [\n    {\n      \"Sid\": \"\",\n      \"Effect\": \"Allow\",\n      \"Action\": [\n        \"logs:PutLogEvents\",\n        \"logs:CreateLogStream\",\n        \"logs:CreateLogGroup\"\n      ],\n      \"Resource\": \"arn:aws:logs:*:*:*\"\n    }\n  ]\n}"
                        },
                        "meta": {},
                        "tainted": false
                    },
                    "deposed": [],
                    "provider": "provider.aws"
                },
                "aws_iam_role.role": {
                    "type": "aws_iam_role",
                    "depends_on": [
                        "data.aws_iam_policy_document.lambda_policy"
                    ],
                    "primary": {
                        "id": "dev_ApiGetUserRole",
                        "attributes": {
                            "arn": "arn:aws:iam::722431446741:role/dev_ApiGetUserRole",
                            "assume_role_policy": "{\"Version\":\"2012-10-17\",\"Statement\":[{\"Sid\":\"\",\"Effect\":\"Allow\",\"Principal\":{\"Service\":[\"apigateway.amazonaws.com\",\"lambda.amazonaws.com\"]},\"Action\":\"sts:AssumeRole\"}]}",
                            "create_date": "2018-09-24T14:07:11Z",
                            "description": "",
                            "force_detach_policies": "false",
                            "id": "dev_ApiGetUserRole",
                            "max_session_duration": "3600",
                            "name": "dev_ApiGetUserRole",
                            "path": "/",
                            "unique_id": "AROAI3DTU5TQAKUBW4ZOM"
                        },
                        "meta": {},
                        "tainted": false
                    },
                    "deposed": [],
                    "provider": "provider.aws"
                },
                "aws_iam_role_policy_attachment.Attach_Logging_Role": {
                    "type": "aws_iam_role_policy_attachment",
                    "depends_on": [
                        "aws_iam_policy.lambda_logging_policy",
                        "aws_iam_role.role"
                    ],
                    "primary": {
                        "id": "dev_ApiGetUserRole-20180924140716938500000004",
                        "attributes": {
                            "id": "dev_ApiGetUserRole-20180924140716938500000004",
                            "policy_arn": "arn:aws:iam::722431446741:policy/logging_policy_for_dev_ApiGetUserRole",
                            "role": "dev_ApiGetUserRole"
                        },
                        "meta": {},
                        "tainted": false
                    },
                    "deposed": [],
                    "provider": "provider.aws"
                },
                "aws_iam_role_policy_attachment.Attach_VPC_Policy": {
                    "type": "aws_iam_role_policy_attachment",
                    "depends_on": [
                        "aws_iam_role.role"
                    ],
                    "primary": {
                        "id": "dev_ApiGetUserRole-20180924140716470900000003",
                        "attributes": {
                            "id": "dev_ApiGetUserRole-20180924140716470900000003",
                            "policy_arn": "arn:aws:iam::aws:policy/service-role/AWSLambdaVPCAccessExecutionRole",
                            "role": "dev_ApiGetUserRole"
                        },
                        "meta": {},
                        "tainted": false
                    },
                    "deposed": [],
                    "provider": "provider.aws"
                },
                "data.aws_iam_policy_document.lambda_policy": {
                    "type": "aws_iam_policy_document",
                    "depends_on": [],
                    "primary": {
                        "id": "3127519745",
                        "attributes": {
                            "id": "3127519745",
                            "json": "{\n  \"Version\": \"2012-10-17\",\n  \"Statement\": [\n    {\n      \"Sid\": \"\",\n      \"Effect\": \"Allow\",\n      \"Action\": \"sts:AssumeRole\",\n      \"Principal\": {\n        \"Service\": [\n          \"lambda.amazonaws.com\",\n          \"apigateway.amazonaws.com\"\n        ]\n      }\n    }\n  ]\n}",
                            "statement.#": "1",
                            "statement.0.actions.#": "1",
                            "statement.0.actions.2528466339": "sts:AssumeRole",
                            "statement.0.condition.#": "0",
                            "statement.0.effect": "Allow",
                            "statement.0.not_actions.#": "0",
                            "statement.0.not_principals.#": "0",
                            "statement.0.not_resources.#": "0",
                            "statement.0.principals.#": "1",
                            "statement.0.principals.1632598396.identifiers.#": "2",
                            "statement.0.principals.1632598396.identifiers.1175233861": "apigateway.amazonaws.com",
                            "statement.0.principals.1632598396.identifiers.2638019528": "lambda.amazonaws.com",
                            "statement.0.principals.1632598396.type": "Service",
                            "statement.0.resources.#": "0",
                            "statement.0.sid": ""
                        },
                        "meta": {},
                        "tainted": false
                    },
                    "deposed": [],
                    "provider": "provider.aws"
                },
                "data.aws_iam_policy_document.logging_policy_statement": {
                    "type": "aws_iam_policy_document",
                    "depends_on": [],
                    "primary": {
                        "id": "4063422367",
                        "attributes": {
                            "id": "4063422367",
                            "json": "{\n  \"Version\": \"2012-10-17\",\n  \"Statement\": [\n    {\n      \"Sid\": \"\",\n      \"Effect\": \"Allow\",\n      \"Action\": [\n        \"logs:PutLogEvents\",\n        \"logs:CreateLogStream\",\n        \"logs:CreateLogGroup\"\n      ],\n      \"Resource\": \"arn:aws:logs:*:*:*\"\n    }\n  ]\n}",
                            "statement.#": "1",
                            "statement.0.actions.#": "3",
                            "statement.0.actions.2809485102": "logs:CreateLogGroup",
                            "statement.0.actions.3285979848": "logs:CreateLogStream",
                            "statement.0.actions.39743051": "logs:PutLogEvents",
                            "statement.0.condition.#": "0",
                            "statement.0.effect": "Allow",
                            "statement.0.not_actions.#": "0",
                            "statement.0.not_principals.#": "0",
                            "statement.0.not_resources.#": "0",
                            "statement.0.principals.#": "0",
                            "statement.0.resources.#": "1",
                            "statement.0.resources.162423377": "arn:aws:logs:*:*:*",
                            "statement.0.sid": ""
                        },
                        "meta": {},
                        "tainted": false
                    },
                    "deposed": [],
                    "provider": "provider.aws"
                }
            },
            "depends_on": []
        },
        {
            "path": [
                "root",
                "ApiSaveSurveyFunction"
            ],
            "outputs": {},
            "resources": {
                "aws_cloudwatch_log_group.function": {
                    "type": "aws_cloudwatch_log_group",
                    "depends_on": [],
                    "primary": {
                        "id": "/aws/lambda/dev_ApiSaveSurvey",
                        "attributes": {
                            "arn": "arn:aws:logs:us-west-2:722431446741:log-group:/aws/lambda/dev_ApiSaveSurvey:*",
                            "id": "/aws/lambda/dev_ApiSaveSurvey",
                            "kms_key_id": "",
                            "name": "/aws/lambda/dev_ApiSaveSurvey",
                            "retention_in_days": "3",
                            "tags.%": "0"
                        },
                        "meta": {},
                        "tainted": false
                    },
                    "deposed": [],
                    "provider": "provider.aws"
                }
            },
            "depends_on": []
        },
        {
            "path": [
                "root",
                "ApiSaveSurveyRole"
            ],
            "outputs": {
                "arn": {
                    "sensitive": false,
                    "type": "string",
                    "value": "arn:aws:iam::722431446741:role/dev_ApiSaveSurveyRole"
                },
                "name": {
                    "sensitive": false,
                    "type": "string",
                    "value": "dev_ApiSaveSurveyRole"
                }
            },
            "resources": {
                "aws_iam_policy.lambda_logging_policy": {
                    "type": "aws_iam_policy",
                    "depends_on": [
                        "data.aws_iam_policy_document.logging_policy_statement"
                    ],
                    "primary": {
                        "id": "arn:aws:iam::722431446741:policy/logging_policy_for_dev_ApiSaveSurveyRole",
                        "attributes": {
                            "arn": "arn:aws:iam::722431446741:policy/logging_policy_for_dev_ApiSaveSurveyRole",
                            "description": "Allows AWS Lambda to create and write logs",
                            "id": "arn:aws:iam::722431446741:policy/logging_policy_for_dev_ApiSaveSurveyRole",
                            "name": "logging_policy_for_dev_ApiSaveSurveyRole",
                            "path": "/",
                            "policy": "{\n  \"Version\": \"2012-10-17\",\n  \"Statement\": [\n    {\n      \"Sid\": \"\",\n      \"Effect\": \"Allow\",\n      \"Action\": [\n        \"logs:PutLogEvents\",\n        \"logs:CreateLogStream\",\n        \"logs:CreateLogGroup\"\n      ],\n      \"Resource\": \"arn:aws:logs:*:*:*\"\n    }\n  ]\n}"
                        },
                        "meta": {},
                        "tainted": false
                    },
                    "deposed": [],
                    "provider": "provider.aws"
                },
                "aws_iam_role.role": {
                    "type": "aws_iam_role",
                    "depends_on": [
                        "data.aws_iam_policy_document.lambda_policy"
                    ],
                    "primary": {
                        "id": "dev_ApiSaveSurveyRole",
                        "attributes": {
                            "arn": "arn:aws:iam::722431446741:role/dev_ApiSaveSurveyRole",
                            "assume_role_policy": "{\"Version\":\"2012-10-17\",\"Statement\":[{\"Sid\":\"\",\"Effect\":\"Allow\",\"Principal\":{\"Service\":[\"apigateway.amazonaws.com\",\"lambda.amazonaws.com\"]},\"Action\":\"sts:AssumeRole\"}]}",
                            "create_date": "2018-09-24T14:07:13Z",
                            "description": "",
                            "force_detach_policies": "false",
                            "id": "dev_ApiSaveSurveyRole",
                            "max_session_duration": "3600",
                            "name": "dev_ApiSaveSurveyRole",
                            "path": "/",
                            "unique_id": "AROAIMGWWM5TLGOOPHFDQ"
                        },
                        "meta": {},
                        "tainted": false
                    },
                    "deposed": [],
                    "provider": "provider.aws"
                },
                "aws_iam_role_policy_attachment.Attach_Logging_Role": {
                    "type": "aws_iam_role_policy_attachment",
                    "depends_on": [
                        "aws_iam_policy.lambda_logging_policy",
                        "aws_iam_role.role"
                    ],
                    "primary": {
                        "id": "dev_ApiSaveSurveyRole-2018092414071835830000000e",
                        "attributes": {
                            "id": "dev_ApiSaveSurveyRole-2018092414071835830000000e",
                            "policy_arn": "arn:aws:iam::722431446741:policy/logging_policy_for_dev_ApiSaveSurveyRole",
                            "role": "dev_ApiSaveSurveyRole"
                        },
                        "meta": {},
                        "tainted": false
                    },
                    "deposed": [],
                    "provider": "provider.aws"
                },
                "aws_iam_role_policy_attachment.Attach_VPC_Policy": {
                    "type": "aws_iam_role_policy_attachment",
                    "depends_on": [
                        "aws_iam_role.role"
                    ],
                    "primary": {
                        "id": "dev_ApiSaveSurveyRole-2018092414071836740000000f",
                        "attributes": {
                            "id": "dev_ApiSaveSurveyRole-2018092414071836740000000f",
                            "policy_arn": "arn:aws:iam::aws:policy/service-role/AWSLambdaVPCAccessExecutionRole",
                            "role": "dev_ApiSaveSurveyRole"
                        },
                        "meta": {},
                        "tainted": false
                    },
                    "deposed": [],
                    "provider": "provider.aws"
                },
                "data.aws_iam_policy_document.lambda_policy": {
                    "type": "aws_iam_policy_document",
                    "depends_on": [],
                    "primary": {
                        "id": "3127519745",
                        "attributes": {
                            "id": "3127519745",
                            "json": "{\n  \"Version\": \"2012-10-17\",\n  \"Statement\": [\n    {\n      \"Sid\": \"\",\n      \"Effect\": \"Allow\",\n      \"Action\": \"sts:AssumeRole\",\n      \"Principal\": {\n        \"Service\": [\n          \"lambda.amazonaws.com\",\n          \"apigateway.amazonaws.com\"\n        ]\n      }\n    }\n  ]\n}",
                            "statement.#": "1",
                            "statement.0.actions.#": "1",
                            "statement.0.actions.2528466339": "sts:AssumeRole",
                            "statement.0.condition.#": "0",
                            "statement.0.effect": "Allow",
                            "statement.0.not_actions.#": "0",
                            "statement.0.not_principals.#": "0",
                            "statement.0.not_resources.#": "0",
                            "statement.0.principals.#": "1",
                            "statement.0.principals.1632598396.identifiers.#": "2",
                            "statement.0.principals.1632598396.identifiers.1175233861": "apigateway.amazonaws.com",
                            "statement.0.principals.1632598396.identifiers.2638019528": "lambda.amazonaws.com",
                            "statement.0.principals.1632598396.type": "Service",
                            "statement.0.resources.#": "0",
                            "statement.0.sid": ""
                        },
                        "meta": {},
                        "tainted": false
                    },
                    "deposed": [],
                    "provider": "provider.aws"
                },
                "data.aws_iam_policy_document.logging_policy_statement": {
                    "type": "aws_iam_policy_document",
                    "depends_on": [],
                    "primary": {
                        "id": "4063422367",
                        "attributes": {
                            "id": "4063422367",
                            "json": "{\n  \"Version\": \"2012-10-17\",\n  \"Statement\": [\n    {\n      \"Sid\": \"\",\n      \"Effect\": \"Allow\",\n      \"Action\": [\n        \"logs:PutLogEvents\",\n        \"logs:CreateLogStream\",\n        \"logs:CreateLogGroup\"\n      ],\n      \"Resource\": \"arn:aws:logs:*:*:*\"\n    }\n  ]\n}",
                            "statement.#": "1",
                            "statement.0.actions.#": "3",
                            "statement.0.actions.2809485102": "logs:CreateLogGroup",
                            "statement.0.actions.3285979848": "logs:CreateLogStream",
                            "statement.0.actions.39743051": "logs:PutLogEvents",
                            "statement.0.condition.#": "0",
                            "statement.0.effect": "Allow",
                            "statement.0.not_actions.#": "0",
                            "statement.0.not_principals.#": "0",
                            "statement.0.not_resources.#": "0",
                            "statement.0.principals.#": "0",
                            "statement.0.resources.#": "1",
                            "statement.0.resources.162423377": "arn:aws:logs:*:*:*",
                            "statement.0.sid": ""
                        },
                        "meta": {},
                        "tainted": false
                    },
                    "deposed": [],
                    "provider": "provider.aws"
                }
            },
            "depends_on": []
        },
        {
            "path": [
                "root",
                "ApiSaveUserFunction"
            ],
            "outputs": {},
            "resources": {
                "aws_cloudwatch_log_group.function": {
                    "type": "aws_cloudwatch_log_group",
                    "depends_on": [],
                    "primary": {
                        "id": "/aws/lambda/dev_ApiSaveUser",
                        "attributes": {
                            "arn": "arn:aws:logs:us-west-2:722431446741:log-group:/aws/lambda/dev_ApiSaveUser:*",
                            "id": "/aws/lambda/dev_ApiSaveUser",
                            "kms_key_id": "",
                            "name": "/aws/lambda/dev_ApiSaveUser",
                            "retention_in_days": "3",
                            "tags.%": "0"
                        },
                        "meta": {},
                        "tainted": false
                    },
                    "deposed": [],
                    "provider": "provider.aws"
                }
            },
            "depends_on": []
        },
        {
            "path": [
                "root",
                "ApiSaveUserRole"
            ],
            "outputs": {
                "arn": {
                    "sensitive": false,
                    "type": "string",
                    "value": "arn:aws:iam::722431446741:role/dev_ApiSaveUserRole"
                },
                "name": {
                    "sensitive": false,
                    "type": "string",
                    "value": "dev_ApiSaveUserRole"
                }
            },
            "resources": {
                "aws_iam_policy.lambda_logging_policy": {
                    "type": "aws_iam_policy",
                    "depends_on": [
                        "data.aws_iam_policy_document.logging_policy_statement"
                    ],
                    "primary": {
                        "id": "arn:aws:iam::722431446741:policy/logging_policy_for_dev_ApiSaveUserRole",
                        "attributes": {
                            "arn": "arn:aws:iam::722431446741:policy/logging_policy_for_dev_ApiSaveUserRole",
                            "description": "Allows AWS Lambda to create and write logs",
                            "id": "arn:aws:iam::722431446741:policy/logging_policy_for_dev_ApiSaveUserRole",
                            "name": "logging_policy_for_dev_ApiSaveUserRole",
                            "path": "/",
                            "policy": "{\n  \"Version\": \"2012-10-17\",\n  \"Statement\": [\n    {\n      \"Sid\": \"\",\n      \"Effect\": \"Allow\",\n      \"Action\": [\n        \"logs:PutLogEvents\",\n        \"logs:CreateLogStream\",\n        \"logs:CreateLogGroup\"\n      ],\n      \"Resource\": \"arn:aws:logs:*:*:*\"\n    }\n  ]\n}"
                        },
                        "meta": {},
                        "tainted": false
                    },
                    "deposed": [],
                    "provider": "provider.aws"
                },
                "aws_iam_role.role": {
                    "type": "aws_iam_role",
                    "depends_on": [
                        "data.aws_iam_policy_document.lambda_policy"
                    ],
                    "primary": {
                        "id": "dev_ApiSaveUserRole",
                        "attributes": {
                            "arn": "arn:aws:iam::722431446741:role/dev_ApiSaveUserRole",
                            "assume_role_policy": "{\"Version\":\"2012-10-17\",\"Statement\":[{\"Sid\":\"\",\"Effect\":\"Allow\",\"Principal\":{\"Service\":[\"lambda.amazonaws.com\",\"apigateway.amazonaws.com\"]},\"Action\":\"sts:AssumeRole\"}]}",
                            "create_date": "2018-09-24T14:07:12Z",
                            "description": "",
                            "force_detach_policies": "false",
                            "id": "dev_ApiSaveUserRole",
                            "max_session_duration": "3600",
                            "name": "dev_ApiSaveUserRole",
                            "path": "/",
                            "unique_id": "AROAJNYOGIBWV2NCGPFVE"
                        },
                        "meta": {},
                        "tainted": false
                    },
                    "deposed": [],
                    "provider": "provider.aws"
                },
                "aws_iam_role_policy_attachment.Attach_Logging_Role": {
                    "type": "aws_iam_role_policy_attachment",
                    "depends_on": [
                        "aws_iam_policy.lambda_logging_policy",
                        "aws_iam_role.role"
                    ],
                    "primary": {
                        "id": "dev_ApiSaveUserRole-20180924140716943300000006",
                        "attributes": {
                            "id": "dev_ApiSaveUserRole-20180924140716943300000006",
                            "policy_arn": "arn:aws:iam::722431446741:policy/logging_policy_for_dev_ApiSaveUserRole",
                            "role": "dev_ApiSaveUserRole"
                        },
                        "meta": {},
                        "tainted": false
                    },
                    "deposed": [],
                    "provider": "provider.aws"
                },
                "aws_iam_role_policy_attachment.Attach_VPC_Policy": {
                    "type": "aws_iam_role_policy_attachment",
                    "depends_on": [
                        "aws_iam_role.role"
                    ],
                    "primary": {
                        "id": "dev_ApiSaveUserRole-20180924140716938600000005",
                        "attributes": {
                            "id": "dev_ApiSaveUserRole-20180924140716938600000005",
                            "policy_arn": "arn:aws:iam::aws:policy/service-role/AWSLambdaVPCAccessExecutionRole",
                            "role": "dev_ApiSaveUserRole"
                        },
                        "meta": {},
                        "tainted": false
                    },
                    "deposed": [],
                    "provider": "provider.aws"
                },
                "data.aws_iam_policy_document.lambda_policy": {
                    "type": "aws_iam_policy_document",
                    "depends_on": [],
                    "primary": {
                        "id": "3127519745",
                        "attributes": {
                            "id": "3127519745",
                            "json": "{\n  \"Version\": \"2012-10-17\",\n  \"Statement\": [\n    {\n      \"Sid\": \"\",\n      \"Effect\": \"Allow\",\n      \"Action\": \"sts:AssumeRole\",\n      \"Principal\": {\n        \"Service\": [\n          \"lambda.amazonaws.com\",\n          \"apigateway.amazonaws.com\"\n        ]\n      }\n    }\n  ]\n}",
                            "statement.#": "1",
                            "statement.0.actions.#": "1",
                            "statement.0.actions.2528466339": "sts:AssumeRole",
                            "statement.0.condition.#": "0",
                            "statement.0.effect": "Allow",
                            "statement.0.not_actions.#": "0",
                            "statement.0.not_principals.#": "0",
                            "statement.0.not_resources.#": "0",
                            "statement.0.principals.#": "1",
                            "statement.0.principals.1632598396.identifiers.#": "2",
                            "statement.0.principals.1632598396.identifiers.1175233861": "apigateway.amazonaws.com",
                            "statement.0.principals.1632598396.identifiers.2638019528": "lambda.amazonaws.com",
                            "statement.0.principals.1632598396.type": "Service",
                            "statement.0.resources.#": "0",
                            "statement.0.sid": ""
                        },
                        "meta": {},
                        "tainted": false
                    },
                    "deposed": [],
                    "provider": "provider.aws"
                },
                "data.aws_iam_policy_document.logging_policy_statement": {
                    "type": "aws_iam_policy_document",
                    "depends_on": [],
                    "primary": {
                        "id": "4063422367",
                        "attributes": {
                            "id": "4063422367",
                            "json": "{\n  \"Version\": \"2012-10-17\",\n  \"Statement\": [\n    {\n      \"Sid\": \"\",\n      \"Effect\": \"Allow\",\n      \"Action\": [\n        \"logs:PutLogEvents\",\n        \"logs:CreateLogStream\",\n        \"logs:CreateLogGroup\"\n      ],\n      \"Resource\": \"arn:aws:logs:*:*:*\"\n    }\n  ]\n}",
                            "statement.#": "1",
                            "statement.0.actions.#": "3",
                            "statement.0.actions.2809485102": "logs:CreateLogGroup",
                            "statement.0.actions.3285979848": "logs:CreateLogStream",
                            "statement.0.actions.39743051": "logs:PutLogEvents",
                            "statement.0.condition.#": "0",
                            "statement.0.effect": "Allow",
                            "statement.0.not_actions.#": "0",
                            "statement.0.not_principals.#": "0",
                            "statement.0.not_resources.#": "0",
                            "statement.0.principals.#": "0",
                            "statement.0.resources.#": "1",
                            "statement.0.resources.162423377": "arn:aws:logs:*:*:*",
                            "statement.0.sid": ""
                        },
                        "meta": {},
                        "tainted": false
                    },
                    "deposed": [],
                    "provider": "provider.aws"
                }
            },
            "depends_on": []
        },
        {
            "path": [
                "root",
                "ApiScheduleDriveFunction"
            ],
            "outputs": {},
            "resources": {
                "aws_cloudwatch_log_group.function": {
                    "type": "aws_cloudwatch_log_group",
                    "depends_on": [],
                    "primary": {
                        "id": "/aws/lambda/dev_ApiScheduleDrive",
                        "attributes": {
                            "arn": "arn:aws:logs:us-west-2:722431446741:log-group:/aws/lambda/dev_ApiScheduleDrive:*",
                            "id": "/aws/lambda/dev_ApiScheduleDrive",
                            "kms_key_id": "",
                            "name": "/aws/lambda/dev_ApiScheduleDrive",
                            "retention_in_days": "3",
                            "tags.%": "0"
                        },
                        "meta": {},
                        "tainted": false
                    },
                    "deposed": [],
                    "provider": "provider.aws"
                }
            },
            "depends_on": []
        },
        {
            "path": [
                "root",
                "ApiScheduleDriveRole"
            ],
            "outputs": {
                "arn": {
                    "sensitive": false,
                    "type": "string",
                    "value": "arn:aws:iam::722431446741:role/dev_ApiScheduleDriveRole"
                },
                "name": {
                    "sensitive": false,
                    "type": "string",
                    "value": "dev_ApiScheduleDriveRole"
                }
            },
            "resources": {
                "aws_iam_policy.lambda_logging_policy": {
                    "type": "aws_iam_policy",
                    "depends_on": [
                        "data.aws_iam_policy_document.logging_policy_statement"
                    ],
                    "primary": {
                        "id": "arn:aws:iam::722431446741:policy/logging_policy_for_dev_ApiScheduleDriveRole",
                        "attributes": {
                            "arn": "arn:aws:iam::722431446741:policy/logging_policy_for_dev_ApiScheduleDriveRole",
                            "description": "Allows AWS Lambda to create and write logs",
                            "id": "arn:aws:iam::722431446741:policy/logging_policy_for_dev_ApiScheduleDriveRole",
                            "name": "logging_policy_for_dev_ApiScheduleDriveRole",
                            "path": "/",
                            "policy": "{\n  \"Version\": \"2012-10-17\",\n  \"Statement\": [\n    {\n      \"Sid\": \"\",\n      \"Effect\": \"Allow\",\n      \"Action\": [\n        \"logs:PutLogEvents\",\n        \"logs:CreateLogStream\",\n        \"logs:CreateLogGroup\"\n      ],\n      \"Resource\": \"arn:aws:logs:*:*:*\"\n    }\n  ]\n}"
                        },
                        "meta": {},
                        "tainted": false
                    },
                    "deposed": [],
                    "provider": "provider.aws"
                },
                "aws_iam_role.role": {
                    "type": "aws_iam_role",
                    "depends_on": [
                        "data.aws_iam_policy_document.lambda_policy"
                    ],
                    "primary": {
                        "id": "dev_ApiScheduleDriveRole",
                        "attributes": {
                            "arn": "arn:aws:iam::722431446741:role/dev_ApiScheduleDriveRole",
                            "assume_role_policy": "{\"Version\":\"2012-10-17\",\"Statement\":[{\"Sid\":\"\",\"Effect\":\"Allow\",\"Principal\":{\"Service\":[\"apigateway.amazonaws.com\",\"lambda.amazonaws.com\"]},\"Action\":\"sts:AssumeRole\"}]}",
                            "create_date": "2018-09-24T14:07:11Z",
                            "description": "",
                            "force_detach_policies": "false",
                            "id": "dev_ApiScheduleDriveRole",
                            "max_session_duration": "3600",
                            "name": "dev_ApiScheduleDriveRole",
                            "path": "/",
                            "unique_id": "AROAJRHSCKTHDFQPHFYJE"
                        },
                        "meta": {},
                        "tainted": false
                    },
                    "deposed": [],
                    "provider": "provider.aws"
                },
                "aws_iam_role_policy_attachment.Attach_Logging_Role": {
                    "type": "aws_iam_role_policy_attachment",
                    "depends_on": [
                        "aws_iam_policy.lambda_logging_policy",
                        "aws_iam_role.role"
                    ],
                    "primary": {
                        "id": "dev_ApiScheduleDriveRole-20180924140716470800000001",
                        "attributes": {
                            "id": "dev_ApiScheduleDriveRole-20180924140716470800000001",
                            "policy_arn": "arn:aws:iam::722431446741:policy/logging_policy_for_dev_ApiScheduleDriveRole",
                            "role": "dev_ApiScheduleDriveRole"
                        },
                        "meta": {},
                        "tainted": false
                    },
                    "deposed": [],
                    "provider": "provider.aws"
                },
                "aws_iam_role_policy_attachment.Attach_VPC_Policy": {
                    "type": "aws_iam_role_policy_attachment",
                    "depends_on": [
                        "aws_iam_role.role"
                    ],
                    "primary": {
                        "id": "dev_ApiScheduleDriveRole-20180924140716470800000002",
                        "attributes": {
                            "id": "dev_ApiScheduleDriveRole-20180924140716470800000002",
                            "policy_arn": "arn:aws:iam::aws:policy/service-role/AWSLambdaVPCAccessExecutionRole",
                            "role": "dev_ApiScheduleDriveRole"
                        },
                        "meta": {},
                        "tainted": false
                    },
                    "deposed": [],
                    "provider": "provider.aws"
                },
                "data.aws_iam_policy_document.lambda_policy": {
                    "type": "aws_iam_policy_document",
                    "depends_on": [],
                    "primary": {
                        "id": "3127519745",
                        "attributes": {
                            "id": "3127519745",
                            "json": "{\n  \"Version\": \"2012-10-17\",\n  \"Statement\": [\n    {\n      \"Sid\": \"\",\n      \"Effect\": \"Allow\",\n      \"Action\": \"sts:AssumeRole\",\n      \"Principal\": {\n        \"Service\": [\n          \"lambda.amazonaws.com\",\n          \"apigateway.amazonaws.com\"\n        ]\n      }\n    }\n  ]\n}",
                            "statement.#": "1",
                            "statement.0.actions.#": "1",
                            "statement.0.actions.2528466339": "sts:AssumeRole",
                            "statement.0.condition.#": "0",
                            "statement.0.effect": "Allow",
                            "statement.0.not_actions.#": "0",
                            "statement.0.not_principals.#": "0",
                            "statement.0.not_resources.#": "0",
                            "statement.0.principals.#": "1",
                            "statement.0.principals.1632598396.identifiers.#": "2",
                            "statement.0.principals.1632598396.identifiers.1175233861": "apigateway.amazonaws.com",
                            "statement.0.principals.1632598396.identifiers.2638019528": "lambda.amazonaws.com",
                            "statement.0.principals.1632598396.type": "Service",
                            "statement.0.resources.#": "0",
                            "statement.0.sid": ""
                        },
                        "meta": {},
                        "tainted": false
                    },
                    "deposed": [],
                    "provider": "provider.aws"
                },
                "data.aws_iam_policy_document.logging_policy_statement": {
                    "type": "aws_iam_policy_document",
                    "depends_on": [],
                    "primary": {
                        "id": "4063422367",
                        "attributes": {
                            "id": "4063422367",
                            "json": "{\n  \"Version\": \"2012-10-17\",\n  \"Statement\": [\n    {\n      \"Sid\": \"\",\n      \"Effect\": \"Allow\",\n      \"Action\": [\n        \"logs:PutLogEvents\",\n        \"logs:CreateLogStream\",\n        \"logs:CreateLogGroup\"\n      ],\n      \"Resource\": \"arn:aws:logs:*:*:*\"\n    }\n  ]\n}",
                            "statement.#": "1",
                            "statement.0.actions.#": "3",
                            "statement.0.actions.2809485102": "logs:CreateLogGroup",
                            "statement.0.actions.3285979848": "logs:CreateLogStream",
                            "statement.0.actions.39743051": "logs:PutLogEvents",
                            "statement.0.condition.#": "0",
                            "statement.0.effect": "Allow",
                            "statement.0.not_actions.#": "0",
                            "statement.0.not_principals.#": "0",
                            "statement.0.not_resources.#": "0",
                            "statement.0.principals.#": "0",
                            "statement.0.resources.#": "1",
                            "statement.0.resources.162423377": "arn:aws:logs:*:*:*",
                            "statement.0.sid": ""
                        },
                        "meta": {},
                        "tainted": false
                    },
                    "deposed": [],
                    "provider": "provider.aws"
                }
            },
            "depends_on": []
        },
        {
            "path": [
                "root",
                "ApiTestingAuthFunction"
            ],
            "outputs": {},
            "resources": {
                "aws_cloudwatch_log_group.function": {
                    "type": "aws_cloudwatch_log_group",
                    "depends_on": [],
                    "primary": {
                        "id": "/aws/lambda/dev_ApiTestingAuth",
                        "attributes": {
                            "arn": "arn:aws:logs:us-west-2:722431446741:log-group:/aws/lambda/dev_ApiTestingAuth:*",
                            "id": "/aws/lambda/dev_ApiTestingAuth",
                            "kms_key_id": "",
                            "name": "/aws/lambda/dev_ApiTestingAuth",
                            "retention_in_days": "3",
                            "tags.%": "0"
                        },
                        "meta": {},
                        "tainted": false
                    },
                    "deposed": [],
                    "provider": "provider.aws"
                }
            },
            "depends_on": []
        },
        {
            "path": [
                "root",
                "ApiTestingAuthRole"
            ],
            "outputs": {
                "arn": {
                    "sensitive": false,
                    "type": "string",
                    "value": "arn:aws:iam::722431446741:role/dev_ApiTestingAuthRole"
                },
                "name": {
                    "sensitive": false,
                    "type": "string",
                    "value": "dev_ApiTestingAuthRole"
                }
            },
            "resources": {
                "aws_iam_policy.lambda_logging_policy": {
                    "type": "aws_iam_policy",
                    "depends_on": [
                        "data.aws_iam_policy_document.logging_policy_statement"
                    ],
                    "primary": {
                        "id": "arn:aws:iam::722431446741:policy/logging_policy_for_dev_ApiTestingAuthRole",
                        "attributes": {
                            "arn": "arn:aws:iam::722431446741:policy/logging_policy_for_dev_ApiTestingAuthRole",
                            "description": "Allows AWS Lambda to create and write logs",
                            "id": "arn:aws:iam::722431446741:policy/logging_policy_for_dev_ApiTestingAuthRole",
                            "name": "logging_policy_for_dev_ApiTestingAuthRole",
                            "path": "/",
                            "policy": "{\n  \"Version\": \"2012-10-17\",\n  \"Statement\": [\n    {\n      \"Sid\": \"\",\n      \"Effect\": \"Allow\",\n      \"Action\": [\n        \"logs:PutLogEvents\",\n        \"logs:CreateLogStream\",\n        \"logs:CreateLogGroup\"\n      ],\n      \"Resource\": \"arn:aws:logs:*:*:*\"\n    }\n  ]\n}"
                        },
                        "meta": {},
                        "tainted": false
                    },
                    "deposed": [],
                    "provider": "provider.aws"
                },
                "aws_iam_role.role": {
                    "type": "aws_iam_role",
                    "depends_on": [
                        "data.aws_iam_policy_document.lambda_policy"
                    ],
                    "primary": {
                        "id": "dev_ApiTestingAuthRole",
                        "attributes": {
                            "arn": "arn:aws:iam::722431446741:role/dev_ApiTestingAuthRole",
                            "assume_role_policy": "{\"Version\":\"2012-10-17\",\"Statement\":[{\"Sid\":\"\",\"Effect\":\"Allow\",\"Principal\":{\"Service\":[\"apigateway.amazonaws.com\",\"lambda.amazonaws.com\"]},\"Action\":\"sts:AssumeRole\"}]}",
                            "create_date": "2018-09-24T14:07:13Z",
                            "description": "",
                            "force_detach_policies": "false",
                            "id": "dev_ApiTestingAuthRole",
                            "max_session_duration": "3600",
                            "name": "dev_ApiTestingAuthRole",
                            "path": "/",
                            "unique_id": "AROAIKUWA5VNNSGHOIRI6"
                        },
                        "meta": {},
                        "tainted": false
                    },
                    "deposed": [],
                    "provider": "provider.aws"
                },
                "aws_iam_role_policy_attachment.Attach_Logging_Role": {
                    "type": "aws_iam_role_policy_attachment",
                    "depends_on": [
                        "aws_iam_policy.lambda_logging_policy",
                        "aws_iam_role.role"
                    ],
                    "primary": {
                        "id": "dev_ApiTestingAuthRole-20180924140718367500000010",
                        "attributes": {
                            "id": "dev_ApiTestingAuthRole-20180924140718367500000010",
                            "policy_arn": "arn:aws:iam::722431446741:policy/logging_policy_for_dev_ApiTestingAuthRole",
                            "role": "dev_ApiTestingAuthRole"
                        },
                        "meta": {},
                        "tainted": false
                    },
                    "deposed": [],
                    "provider": "provider.aws"
                },
                "aws_iam_role_policy_attachment.Attach_VPC_Policy": {
                    "type": "aws_iam_role_policy_attachment",
                    "depends_on": [
                        "aws_iam_role.role"
                    ],
                    "primary": {
                        "id": "dev_ApiTestingAuthRole-2018092414071772450000000a",
                        "attributes": {
                            "id": "dev_ApiTestingAuthRole-2018092414071772450000000a",
                            "policy_arn": "arn:aws:iam::aws:policy/service-role/AWSLambdaVPCAccessExecutionRole",
                            "role": "dev_ApiTestingAuthRole"
                        },
                        "meta": {},
                        "tainted": false
                    },
                    "deposed": [],
                    "provider": "provider.aws"
                },
                "data.aws_iam_policy_document.lambda_policy": {
                    "type": "aws_iam_policy_document",
                    "depends_on": [],
                    "primary": {
                        "id": "3127519745",
                        "attributes": {
                            "id": "3127519745",
                            "json": "{\n  \"Version\": \"2012-10-17\",\n  \"Statement\": [\n    {\n      \"Sid\": \"\",\n      \"Effect\": \"Allow\",\n      \"Action\": \"sts:AssumeRole\",\n      \"Principal\": {\n        \"Service\": [\n          \"lambda.amazonaws.com\",\n          \"apigateway.amazonaws.com\"\n        ]\n      }\n    }\n  ]\n}",
                            "statement.#": "1",
                            "statement.0.actions.#": "1",
                            "statement.0.actions.2528466339": "sts:AssumeRole",
                            "statement.0.condition.#": "0",
                            "statement.0.effect": "Allow",
                            "statement.0.not_actions.#": "0",
                            "statement.0.not_principals.#": "0",
                            "statement.0.not_resources.#": "0",
                            "statement.0.principals.#": "1",
                            "statement.0.principals.1632598396.identifiers.#": "2",
                            "statement.0.principals.1632598396.identifiers.1175233861": "apigateway.amazonaws.com",
                            "statement.0.principals.1632598396.identifiers.2638019528": "lambda.amazonaws.com",
                            "statement.0.principals.1632598396.type": "Service",
                            "statement.0.resources.#": "0",
                            "statement.0.sid": ""
                        },
                        "meta": {},
                        "tainted": false
                    },
                    "deposed": [],
                    "provider": "provider.aws"
                },
                "data.aws_iam_policy_document.logging_policy_statement": {
                    "type": "aws_iam_policy_document",
                    "depends_on": [],
                    "primary": {
                        "id": "4063422367",
                        "attributes": {
                            "id": "4063422367",
                            "json": "{\n  \"Version\": \"2012-10-17\",\n  \"Statement\": [\n    {\n      \"Sid\": \"\",\n      \"Effect\": \"Allow\",\n      \"Action\": [\n        \"logs:PutLogEvents\",\n        \"logs:CreateLogStream\",\n        \"logs:CreateLogGroup\"\n      ],\n      \"Resource\": \"arn:aws:logs:*:*:*\"\n    }\n  ]\n}",
                            "statement.#": "1",
                            "statement.0.actions.#": "3",
                            "statement.0.actions.2809485102": "logs:CreateLogGroup",
                            "statement.0.actions.3285979848": "logs:CreateLogStream",
                            "statement.0.actions.39743051": "logs:PutLogEvents",
                            "statement.0.condition.#": "0",
                            "statement.0.effect": "Allow",
                            "statement.0.not_actions.#": "0",
                            "statement.0.not_principals.#": "0",
                            "statement.0.not_resources.#": "0",
                            "statement.0.principals.#": "0",
                            "statement.0.resources.#": "1",
                            "statement.0.resources.162423377": "arn:aws:logs:*:*:*",
                            "statement.0.sid": ""
                        },
                        "meta": {},
                        "tainted": false
                    },
                    "deposed": [],
                    "provider": "provider.aws"
                }
            },
            "depends_on": []
        },
        {
            "path": [
                "root",
                "JobArchiveCarScheduleFunction"
            ],
            "outputs": {},
            "resources": {
                "aws_cloudwatch_log_group.function": {
                    "type": "aws_cloudwatch_log_group",
                    "depends_on": [],
                    "primary": {
                        "id": "/aws/lambda/dev_JobArchiveCarSchedule",
                        "attributes": {
                            "arn": "arn:aws:logs:us-west-2:722431446741:log-group:/aws/lambda/dev_JobArchiveCarSchedule:*",
                            "id": "/aws/lambda/dev_JobArchiveCarSchedule",
                            "kms_key_id": "",
                            "name": "/aws/lambda/dev_JobArchiveCarSchedule",
                            "retention_in_days": "3",
                            "tags.%": "0"
                        },
                        "meta": {},
                        "tainted": false
                    },
                    "deposed": [],
                    "provider": "provider.aws"
                }
            },
            "depends_on": []
        },
        {
            "path": [
                "root",
                "JobArchiveCarScheduleRole"
            ],
            "outputs": {
                "arn": {
                    "sensitive": false,
                    "type": "string",
                    "value": "arn:aws:iam::722431446741:role/dev_JobArchiveCarScheduleRole"
                },
                "name": {
                    "sensitive": false,
                    "type": "string",
                    "value": "dev_JobArchiveCarScheduleRole"
                }
            },
            "resources": {
                "aws_iam_policy.lambda_logging_policy": {
                    "type": "aws_iam_policy",
                    "depends_on": [
                        "data.aws_iam_policy_document.logging_policy_statement"
                    ],
                    "primary": {
                        "id": "arn:aws:iam::722431446741:policy/logging_policy_for_dev_JobArchiveCarScheduleRole",
                        "attributes": {
                            "arn": "arn:aws:iam::722431446741:policy/logging_policy_for_dev_JobArchiveCarScheduleRole",
                            "description": "Allows AWS Lambda to create and write logs",
                            "id": "arn:aws:iam::722431446741:policy/logging_policy_for_dev_JobArchiveCarScheduleRole",
                            "name": "logging_policy_for_dev_JobArchiveCarScheduleRole",
                            "path": "/",
                            "policy": "{\n  \"Version\": \"2012-10-17\",\n  \"Statement\": [\n    {\n      \"Sid\": \"\",\n      \"Effect\": \"Allow\",\n      \"Action\": [\n        \"logs:PutLogEvents\",\n        \"logs:CreateLogStream\",\n        \"logs:CreateLogGroup\"\n      ],\n      \"Resource\": \"arn:aws:logs:*:*:*\"\n    }\n  ]\n}"
                        },
                        "meta": {},
                        "tainted": false
                    },
                    "deposed": [],
                    "provider": "provider.aws"
                },
                "aws_iam_role.role": {
                    "type": "aws_iam_role",
                    "depends_on": [
                        "data.aws_iam_policy_document.lambda_policy"
                    ],
                    "primary": {
                        "id": "dev_JobArchiveCarScheduleRole",
                        "attributes": {
                            "arn": "arn:aws:iam::722431446741:role/dev_JobArchiveCarScheduleRole",
                            "assume_role_policy": "{\"Version\":\"2012-10-17\",\"Statement\":[{\"Sid\":\"\",\"Effect\":\"Allow\",\"Principal\":{\"Service\":[\"lambda.amazonaws.com\",\"apigateway.amazonaws.com\"]},\"Action\":\"sts:AssumeRole\"}]}",
                            "create_date": "2018-09-24T14:07:15Z",
                            "description": "",
                            "force_detach_policies": "false",
                            "id": "dev_JobArchiveCarScheduleRole",
                            "max_session_duration": "3600",
                            "name": "dev_JobArchiveCarScheduleRole",
                            "path": "/",
                            "unique_id": "AROAJWEUNK7RWMS3NOCJC"
                        },
                        "meta": {},
                        "tainted": false
                    },
                    "deposed": [],
                    "provider": "provider.aws"
                },
                "aws_iam_role_policy_attachment.Attach_Logging_Role": {
                    "type": "aws_iam_role_policy_attachment",
                    "depends_on": [
                        "aws_iam_policy.lambda_logging_policy",
                        "aws_iam_role.role"
                    ],
                    "primary": {
                        "id": "dev_JobArchiveCarScheduleRole-20180924140719723400000019",
                        "attributes": {
                            "id": "dev_JobArchiveCarScheduleRole-20180924140719723400000019",
                            "policy_arn": "arn:aws:iam::722431446741:policy/logging_policy_for_dev_JobArchiveCarScheduleRole",
                            "role": "dev_JobArchiveCarScheduleRole"
                        },
                        "meta": {},
                        "tainted": false
                    },
                    "deposed": [],
                    "provider": "provider.aws"
                },
                "aws_iam_role_policy_attachment.Attach_VPC_Policy": {
                    "type": "aws_iam_role_policy_attachment",
                    "depends_on": [
                        "aws_iam_role.role"
                    ],
                    "primary": {
                        "id": "dev_JobArchiveCarScheduleRole-2018092414071972840000001a",
                        "attributes": {
                            "id": "dev_JobArchiveCarScheduleRole-2018092414071972840000001a",
                            "policy_arn": "arn:aws:iam::aws:policy/service-role/AWSLambdaVPCAccessExecutionRole",
                            "role": "dev_JobArchiveCarScheduleRole"
                        },
                        "meta": {},
                        "tainted": false
                    },
                    "deposed": [],
                    "provider": "provider.aws"
                },
                "data.aws_iam_policy_document.lambda_policy": {
                    "type": "aws_iam_policy_document",
                    "depends_on": [],
                    "primary": {
                        "id": "3127519745",
                        "attributes": {
                            "id": "3127519745",
                            "json": "{\n  \"Version\": \"2012-10-17\",\n  \"Statement\": [\n    {\n      \"Sid\": \"\",\n      \"Effect\": \"Allow\",\n      \"Action\": \"sts:AssumeRole\",\n      \"Principal\": {\n        \"Service\": [\n          \"lambda.amazonaws.com\",\n          \"apigateway.amazonaws.com\"\n        ]\n      }\n    }\n  ]\n}",
                            "statement.#": "1",
                            "statement.0.actions.#": "1",
                            "statement.0.actions.2528466339": "sts:AssumeRole",
                            "statement.0.condition.#": "0",
                            "statement.0.effect": "Allow",
                            "statement.0.not_actions.#": "0",
                            "statement.0.not_principals.#": "0",
                            "statement.0.not_resources.#": "0",
                            "statement.0.principals.#": "1",
                            "statement.0.principals.1632598396.identifiers.#": "2",
                            "statement.0.principals.1632598396.identifiers.1175233861": "apigateway.amazonaws.com",
                            "statement.0.principals.1632598396.identifiers.2638019528": "lambda.amazonaws.com",
                            "statement.0.principals.1632598396.type": "Service",
                            "statement.0.resources.#": "0",
                            "statement.0.sid": ""
                        },
                        "meta": {},
                        "tainted": false
                    },
                    "deposed": [],
                    "provider": "provider.aws"
                },
                "data.aws_iam_policy_document.logging_policy_statement": {
                    "type": "aws_iam_policy_document",
                    "depends_on": [],
                    "primary": {
                        "id": "4063422367",
                        "attributes": {
                            "id": "4063422367",
                            "json": "{\n  \"Version\": \"2012-10-17\",\n  \"Statement\": [\n    {\n      \"Sid\": \"\",\n      \"Effect\": \"Allow\",\n      \"Action\": [\n        \"logs:PutLogEvents\",\n        \"logs:CreateLogStream\",\n        \"logs:CreateLogGroup\"\n      ],\n      \"Resource\": \"arn:aws:logs:*:*:*\"\n    }\n  ]\n}",
                            "statement.#": "1",
                            "statement.0.actions.#": "3",
                            "statement.0.actions.2809485102": "logs:CreateLogGroup",
                            "statement.0.actions.3285979848": "logs:CreateLogStream",
                            "statement.0.actions.39743051": "logs:PutLogEvents",
                            "statement.0.condition.#": "0",
                            "statement.0.effect": "Allow",
                            "statement.0.not_actions.#": "0",
                            "statement.0.not_principals.#": "0",
                            "statement.0.not_resources.#": "0",
                            "statement.0.principals.#": "0",
                            "statement.0.resources.#": "1",
                            "statement.0.resources.162423377": "arn:aws:logs:*:*:*",
                            "statement.0.sid": ""
                        },
                        "meta": {},
                        "tainted": false
                    },
                    "deposed": [],
                    "provider": "provider.aws"
                }
            },
            "depends_on": []
        },
        {
            "path": [
                "root",
                "JobArchiveCarScheduleTimer"
            ],
            "outputs": {},
            "resources": {
                "aws_cloudwatch_event_rule.event_rule": {
                    "type": "aws_cloudwatch_event_rule",
                    "depends_on": [
                        "aws_iam_role.Cloudwatch_Event_Invoke_Lambda_Role"
                    ],
                    "primary": {
                        "id": "dev_JobArchiveCarScheduleSchedule_CWEventRule",
                        "attributes": {
                            "arn": "arn:aws:events:us-west-2:722431446741:rule/dev_JobArchiveCarScheduleSchedule_CWEventRule",
                            "description": "Runs everyday at 0115 UTC",
                            "id": "dev_JobArchiveCarScheduleSchedule_CWEventRule",
                            "is_enabled": "true",
                            "name": "dev_JobArchiveCarScheduleSchedule_CWEventRule",
                            "role_arn": "arn:aws:iam::722431446741:role/dev_JobArchiveCarScheduleSchedule_InvokeLambdaRole",
                            "schedule_expression": "cron(15 1 * * ? *)"
                        },
                        "meta": {},
                        "tainted": false
                    },
                    "deposed": [],
                    "provider": "provider.aws"
                },
                "aws_iam_role.Cloudwatch_Event_Invoke_Lambda_Role": {
                    "type": "aws_iam_role",
                    "depends_on": [
                        "data.aws_iam_policy_document.cloudwatch_events_assume_role"
                    ],
                    "primary": {
                        "id": "dev_JobArchiveCarScheduleSchedule_InvokeLambdaRole",
                        "attributes": {
                            "arn": "arn:aws:iam::722431446741:role/dev_JobArchiveCarScheduleSchedule_InvokeLambdaRole",
                            "assume_role_policy": "{\"Version\":\"2012-10-17\",\"Statement\":[{\"Sid\":\"\",\"Effect\":\"Allow\",\"Principal\":{\"Service\":\"events.amazonaws.com\"},\"Action\":\"sts:AssumeRole\"}]}",
                            "create_date": "2018-09-24T14:07:04Z",
                            "description": "",
                            "force_detach_policies": "false",
                            "id": "dev_JobArchiveCarScheduleSchedule_InvokeLambdaRole",
                            "max_session_duration": "3600",
                            "name": "dev_JobArchiveCarScheduleSchedule_InvokeLambdaRole",
                            "path": "/",
                            "unique_id": "AROAIY4LXJQY2YXNJAFZ2"
                        },
                        "meta": {},
                        "tainted": false
                    },
                    "deposed": [],
                    "provider": "provider.aws"
                },
                "data.aws_iam_policy_document.cloudwatch_events_assume_role": {
                    "type": "aws_iam_policy_document",
                    "depends_on": [],
                    "primary": {
                        "id": "2423734833",
                        "attributes": {
                            "id": "2423734833",
                            "json": "{\n  \"Version\": \"2012-10-17\",\n  \"Statement\": [\n    {\n      \"Sid\": \"\",\n      \"Effect\": \"Allow\",\n      \"Action\": \"sts:AssumeRole\",\n      \"Principal\": {\n        \"Service\": \"events.amazonaws.com\"\n      }\n    }\n  ]\n}",
                            "statement.#": "1",
                            "statement.0.actions.#": "1",
                            "statement.0.actions.2528466339": "sts:AssumeRole",
                            "statement.0.condition.#": "0",
                            "statement.0.effect": "Allow",
                            "statement.0.not_actions.#": "0",
                            "statement.0.not_principals.#": "0",
                            "statement.0.not_resources.#": "0",
                            "statement.0.principals.#": "1",
                            "statement.0.principals.3055794613.identifiers.#": "1",
                            "statement.0.principals.3055794613.identifiers.1159240345": "events.amazonaws.com",
                            "statement.0.principals.3055794613.type": "Service",
                            "statement.0.resources.#": "0",
                            "statement.0.sid": ""
                        },
                        "meta": {},
                        "tainted": false
                    },
                    "deposed": [],
                    "provider": "provider.aws"
                }
            },
            "depends_on": []
        },
        {
            "path": [
                "root",
                "JobMonthlyEmailAnalyticsFunction"
            ],
            "outputs": {},
            "resources": {
                "aws_cloudwatch_log_group.function": {
                    "type": "aws_cloudwatch_log_group",
                    "depends_on": [],
                    "primary": {
                        "id": "/aws/lambda/dev_JobMonthlyEmailAnalytics",
                        "attributes": {
                            "arn": "arn:aws:logs:us-west-2:722431446741:log-group:/aws/lambda/dev_JobMonthlyEmailAnalytics:*",
                            "id": "/aws/lambda/dev_JobMonthlyEmailAnalytics",
                            "kms_key_id": "",
                            "name": "/aws/lambda/dev_JobMonthlyEmailAnalytics",
                            "retention_in_days": "3",
                            "tags.%": "0"
                        },
                        "meta": {},
                        "tainted": false
                    },
                    "deposed": [],
                    "provider": "provider.aws"
                }
            },
            "depends_on": []
        },
        {
            "path": [
                "root",
                "JobMonthlyEmailAnalyticsRole"
            ],
            "outputs": {
                "arn": {
                    "sensitive": false,
                    "type": "string",
                    "value": "arn:aws:iam::722431446741:role/dev_JobMonthlyEmailAnalyticsRole"
                },
                "name": {
                    "sensitive": false,
                    "type": "string",
                    "value": "dev_JobMonthlyEmailAnalyticsRole"
                }
            },
            "resources": {
                "aws_iam_policy.lambda_logging_policy": {
                    "type": "aws_iam_policy",
                    "depends_on": [
                        "data.aws_iam_policy_document.logging_policy_statement"
                    ],
                    "primary": {
                        "id": "arn:aws:iam::722431446741:policy/logging_policy_for_dev_JobMonthlyEmailAnalyticsRole",
                        "attributes": {
                            "arn": "arn:aws:iam::722431446741:policy/logging_policy_for_dev_JobMonthlyEmailAnalyticsRole",
                            "description": "Allows AWS Lambda to create and write logs",
                            "id": "arn:aws:iam::722431446741:policy/logging_policy_for_dev_JobMonthlyEmailAnalyticsRole",
                            "name": "logging_policy_for_dev_JobMonthlyEmailAnalyticsRole",
                            "path": "/",
                            "policy": "{\n  \"Version\": \"2012-10-17\",\n  \"Statement\": [\n    {\n      \"Sid\": \"\",\n      \"Effect\": \"Allow\",\n      \"Action\": [\n        \"logs:PutLogEvents\",\n        \"logs:CreateLogStream\",\n        \"logs:CreateLogGroup\"\n      ],\n      \"Resource\": \"arn:aws:logs:*:*:*\"\n    }\n  ]\n}"
                        },
                        "meta": {},
                        "tainted": false
                    },
                    "deposed": [],
                    "provider": "provider.aws"
                },
                "aws_iam_role.role": {
                    "type": "aws_iam_role",
                    "depends_on": [
                        "data.aws_iam_policy_document.lambda_policy"
                    ],
                    "primary": {
                        "id": "dev_JobMonthlyEmailAnalyticsRole",
                        "attributes": {
                            "arn": "arn:aws:iam::722431446741:role/dev_JobMonthlyEmailAnalyticsRole",
                            "assume_role_policy": "{\"Version\":\"2012-10-17\",\"Statement\":[{\"Sid\":\"\",\"Effect\":\"Allow\",\"Principal\":{\"Service\":[\"apigateway.amazonaws.com\",\"lambda.amazonaws.com\"]},\"Action\":\"sts:AssumeRole\"}]}",
                            "create_date": "2018-09-24T14:07:15Z",
                            "description": "",
                            "force_detach_policies": "false",
                            "id": "dev_JobMonthlyEmailAnalyticsRole",
                            "max_session_duration": "3600",
                            "name": "dev_JobMonthlyEmailAnalyticsRole",
                            "path": "/",
                            "unique_id": "AROAI66NNX45YCDA7SF54"
                        },
                        "meta": {},
                        "tainted": false
                    },
                    "deposed": [],
                    "provider": "provider.aws"
                },
                "aws_iam_role_policy_attachment.Attach_Logging_Role": {
                    "type": "aws_iam_role_policy_attachment",
                    "depends_on": [
                        "aws_iam_policy.lambda_logging_policy",
                        "aws_iam_role.role"
                    ],
                    "primary": {
                        "id": "dev_JobMonthlyEmailAnalyticsRole-2018092414072036120000001f",
                        "attributes": {
                            "id": "dev_JobMonthlyEmailAnalyticsRole-2018092414072036120000001f",
                            "policy_arn": "arn:aws:iam::722431446741:policy/logging_policy_for_dev_JobMonthlyEmailAnalyticsRole",
                            "role": "dev_JobMonthlyEmailAnalyticsRole"
                        },
                        "meta": {},
                        "tainted": false
                    },
                    "deposed": [],
                    "provider": "provider.aws"
                },
                "aws_iam_role_policy_attachment.Attach_VPC_Policy": {
                    "type": "aws_iam_role_policy_attachment",
                    "depends_on": [
                        "aws_iam_role.role"
                    ],
                    "primary": {
                        "id": "dev_JobMonthlyEmailAnalyticsRole-2018092414072035810000001d",
                        "attributes": {
                            "id": "dev_JobMonthlyEmailAnalyticsRole-2018092414072035810000001d",
                            "policy_arn": "arn:aws:iam::aws:policy/service-role/AWSLambdaVPCAccessExecutionRole",
                            "role": "dev_JobMonthlyEmailAnalyticsRole"
                        },
                        "meta": {},
                        "tainted": false
                    },
                    "deposed": [],
                    "provider": "provider.aws"
                },
                "data.aws_iam_policy_document.lambda_policy": {
                    "type": "aws_iam_policy_document",
                    "depends_on": [],
                    "primary": {
                        "id": "3127519745",
                        "attributes": {
                            "id": "3127519745",
                            "json": "{\n  \"Version\": \"2012-10-17\",\n  \"Statement\": [\n    {\n      \"Sid\": \"\",\n      \"Effect\": \"Allow\",\n      \"Action\": \"sts:AssumeRole\",\n      \"Principal\": {\n        \"Service\": [\n          \"lambda.amazonaws.com\",\n          \"apigateway.amazonaws.com\"\n        ]\n      }\n    }\n  ]\n}",
                            "statement.#": "1",
                            "statement.0.actions.#": "1",
                            "statement.0.actions.2528466339": "sts:AssumeRole",
                            "statement.0.condition.#": "0",
                            "statement.0.effect": "Allow",
                            "statement.0.not_actions.#": "0",
                            "statement.0.not_principals.#": "0",
                            "statement.0.not_resources.#": "0",
                            "statement.0.principals.#": "1",
                            "statement.0.principals.1632598396.identifiers.#": "2",
                            "statement.0.principals.1632598396.identifiers.1175233861": "apigateway.amazonaws.com",
                            "statement.0.principals.1632598396.identifiers.2638019528": "lambda.amazonaws.com",
                            "statement.0.principals.1632598396.type": "Service",
                            "statement.0.resources.#": "0",
                            "statement.0.sid": ""
                        },
                        "meta": {},
                        "tainted": false
                    },
                    "deposed": [],
                    "provider": "provider.aws"
                },
                "data.aws_iam_policy_document.logging_policy_statement": {
                    "type": "aws_iam_policy_document",
                    "depends_on": [],
                    "primary": {
                        "id": "4063422367",
                        "attributes": {
                            "id": "4063422367",
                            "json": "{\n  \"Version\": \"2012-10-17\",\n  \"Statement\": [\n    {\n      \"Sid\": \"\",\n      \"Effect\": \"Allow\",\n      \"Action\": [\n        \"logs:PutLogEvents\",\n        \"logs:CreateLogStream\",\n        \"logs:CreateLogGroup\"\n      ],\n      \"Resource\": \"arn:aws:logs:*:*:*\"\n    }\n  ]\n}",
                            "statement.#": "1",
                            "statement.0.actions.#": "3",
                            "statement.0.actions.2809485102": "logs:CreateLogGroup",
                            "statement.0.actions.3285979848": "logs:CreateLogStream",
                            "statement.0.actions.39743051": "logs:PutLogEvents",
                            "statement.0.condition.#": "0",
                            "statement.0.effect": "Allow",
                            "statement.0.not_actions.#": "0",
                            "statement.0.not_principals.#": "0",
                            "statement.0.not_resources.#": "0",
                            "statement.0.principals.#": "0",
                            "statement.0.resources.#": "1",
                            "statement.0.resources.162423377": "arn:aws:logs:*:*:*",
                            "statement.0.sid": ""
                        },
                        "meta": {},
                        "tainted": false
                    },
                    "deposed": [],
                    "provider": "provider.aws"
                }
            },
            "depends_on": []
        },
        {
            "path": [
                "root",
                "JobMonthlyEmailAnalyticsTimer"
            ],
            "outputs": {},
            "resources": {
                "aws_cloudwatch_event_rule.event_rule": {
                    "type": "aws_cloudwatch_event_rule",
                    "depends_on": [
                        "aws_iam_role.Cloudwatch_Event_Invoke_Lambda_Role"
                    ],
                    "primary": {
                        "id": "dev_JobMonthlyEmailAnalyticsSchedule_CWEventRule",
                        "attributes": {
                            "arn": "arn:aws:events:us-west-2:722431446741:rule/dev_JobMonthlyEmailAnalyticsSchedule_CWEventRule",
                            "description": "Runs 1st of the month at 700 UTC",
                            "id": "dev_JobMonthlyEmailAnalyticsSchedule_CWEventRule",
                            "is_enabled": "true",
                            "name": "dev_JobMonthlyEmailAnalyticsSchedule_CWEventRule",
                            "role_arn": "arn:aws:iam::722431446741:role/dev_JobMonthlyEmailAnalyticsSchedule_InvokeLambdaRole",
                            "schedule_expression": "cron(0 7 1 * ? *)"
                        },
                        "meta": {},
                        "tainted": false
                    },
                    "deposed": [],
                    "provider": "provider.aws"
                },
                "aws_iam_role.Cloudwatch_Event_Invoke_Lambda_Role": {
                    "type": "aws_iam_role",
                    "depends_on": [
                        "data.aws_iam_policy_document.cloudwatch_events_assume_role"
                    ],
                    "primary": {
                        "id": "dev_JobMonthlyEmailAnalyticsSchedule_InvokeLambdaRole",
                        "attributes": {
                            "arn": "arn:aws:iam::722431446741:role/dev_JobMonthlyEmailAnalyticsSchedule_InvokeLambdaRole",
                            "assume_role_policy": "{\"Version\":\"2012-10-17\",\"Statement\":[{\"Sid\":\"\",\"Effect\":\"Allow\",\"Principal\":{\"Service\":\"events.amazonaws.com\"},\"Action\":\"sts:AssumeRole\"}]}",
                            "create_date": "2018-09-24T14:07:04Z",
                            "description": "",
                            "force_detach_policies": "false",
                            "id": "dev_JobMonthlyEmailAnalyticsSchedule_InvokeLambdaRole",
                            "max_session_duration": "3600",
                            "name": "dev_JobMonthlyEmailAnalyticsSchedule_InvokeLambdaRole",
                            "path": "/",
                            "unique_id": "AROAJQY6HTPB2VJYB5QXU"
                        },
                        "meta": {},
                        "tainted": false
                    },
                    "deposed": [],
                    "provider": "provider.aws"
                },
                "data.aws_iam_policy_document.cloudwatch_events_assume_role": {
                    "type": "aws_iam_policy_document",
                    "depends_on": [],
                    "primary": {
                        "id": "2423734833",
                        "attributes": {
                            "id": "2423734833",
                            "json": "{\n  \"Version\": \"2012-10-17\",\n  \"Statement\": [\n    {\n      \"Sid\": \"\",\n      \"Effect\": \"Allow\",\n      \"Action\": \"sts:AssumeRole\",\n      \"Principal\": {\n        \"Service\": \"events.amazonaws.com\"\n      }\n    }\n  ]\n}",
                            "statement.#": "1",
                            "statement.0.actions.#": "1",
                            "statement.0.actions.2528466339": "sts:AssumeRole",
                            "statement.0.condition.#": "0",
                            "statement.0.effect": "Allow",
                            "statement.0.not_actions.#": "0",
                            "statement.0.not_principals.#": "0",
                            "statement.0.not_resources.#": "0",
                            "statement.0.principals.#": "1",
                            "statement.0.principals.3055794613.identifiers.#": "1",
                            "statement.0.principals.3055794613.identifiers.1159240345": "events.amazonaws.com",
                            "statement.0.principals.3055794613.type": "Service",
                            "statement.0.resources.#": "0",
                            "statement.0.sid": ""
                        },
                        "meta": {},
                        "tainted": false
                    },
                    "deposed": [],
                    "provider": "provider.aws"
                }
            },
            "depends_on": []
        },
        {
            "path": [
                "root",
                "JobMonthlyEmailAnalytics_policy_attachment"
            ],
            "outputs": {},
            "resources": {},
            "depends_on": []
        },
        {
            "path": [
                "root",
                "JobPopulateCarScheduleFunction"
            ],
            "outputs": {},
            "resources": {
                "aws_cloudwatch_log_group.function": {
                    "type": "aws_cloudwatch_log_group",
                    "depends_on": [],
                    "primary": {
                        "id": "/aws/lambda/dev_JobPopulateCarSchedule",
                        "attributes": {
                            "arn": "arn:aws:logs:us-west-2:722431446741:log-group:/aws/lambda/dev_JobPopulateCarSchedule:*",
                            "id": "/aws/lambda/dev_JobPopulateCarSchedule",
                            "kms_key_id": "",
                            "name": "/aws/lambda/dev_JobPopulateCarSchedule",
                            "retention_in_days": "3",
                            "tags.%": "0"
                        },
                        "meta": {},
                        "tainted": false
                    },
                    "deposed": [],
                    "provider": "provider.aws"
                }
            },
            "depends_on": []
        },
        {
            "path": [
                "root",
                "JobPopulateCarScheduleRole"
            ],
            "outputs": {
                "arn": {
                    "sensitive": false,
                    "type": "string",
                    "value": "arn:aws:iam::722431446741:role/dev_JobPopulateCarScheduleRole"
                },
                "name": {
                    "sensitive": false,
                    "type": "string",
                    "value": "dev_JobPopulateCarScheduleRole"
                }
            },
            "resources": {
                "aws_iam_policy.lambda_logging_policy": {
                    "type": "aws_iam_policy",
                    "depends_on": [
                        "data.aws_iam_policy_document.logging_policy_statement"
                    ],
                    "primary": {
                        "id": "arn:aws:iam::722431446741:policy/logging_policy_for_dev_JobPopulateCarScheduleRole",
                        "attributes": {
                            "arn": "arn:aws:iam::722431446741:policy/logging_policy_for_dev_JobPopulateCarScheduleRole",
                            "description": "Allows AWS Lambda to create and write logs",
                            "id": "arn:aws:iam::722431446741:policy/logging_policy_for_dev_JobPopulateCarScheduleRole",
                            "name": "logging_policy_for_dev_JobPopulateCarScheduleRole",
                            "path": "/",
                            "policy": "{\n  \"Version\": \"2012-10-17\",\n  \"Statement\": [\n    {\n      \"Sid\": \"\",\n      \"Effect\": \"Allow\",\n      \"Action\": [\n        \"logs:PutLogEvents\",\n        \"logs:CreateLogStream\",\n        \"logs:CreateLogGroup\"\n      ],\n      \"Resource\": \"arn:aws:logs:*:*:*\"\n    }\n  ]\n}"
                        },
                        "meta": {},
                        "tainted": false
                    },
                    "deposed": [],
                    "provider": "provider.aws"
                },
                "aws_iam_role.role": {
                    "type": "aws_iam_role",
                    "depends_on": [
                        "data.aws_iam_policy_document.lambda_policy"
                    ],
                    "primary": {
                        "id": "dev_JobPopulateCarScheduleRole",
                        "attributes": {
                            "arn": "arn:aws:iam::722431446741:role/dev_JobPopulateCarScheduleRole",
                            "assume_role_policy": "{\"Version\":\"2012-10-17\",\"Statement\":[{\"Sid\":\"\",\"Effect\":\"Allow\",\"Principal\":{\"Service\":[\"lambda.amazonaws.com\",\"apigateway.amazonaws.com\"]},\"Action\":\"sts:AssumeRole\"}]}",
                            "create_date": "2018-09-24T14:07:12Z",
                            "description": "",
                            "force_detach_policies": "false",
                            "id": "dev_JobPopulateCarScheduleRole",
                            "max_session_duration": "3600",
                            "name": "dev_JobPopulateCarScheduleRole",
                            "path": "/",
                            "unique_id": "AROAIFOASDF6CLLP273N6"
                        },
                        "meta": {},
                        "tainted": false
                    },
                    "deposed": [],
                    "provider": "provider.aws"
                },
                "aws_iam_role_policy_attachment.Attach_Logging_Role": {
                    "type": "aws_iam_role_policy_attachment",
                    "depends_on": [
                        "aws_iam_policy.lambda_logging_policy",
                        "aws_iam_role.role"
                    ],
                    "primary": {
                        "id": "dev_JobPopulateCarScheduleRole-2018092414071772820000000b",
                        "attributes": {
                            "id": "dev_JobPopulateCarScheduleRole-2018092414071772820000000b",
                            "policy_arn": "arn:aws:iam::722431446741:policy/logging_policy_for_dev_JobPopulateCarScheduleRole",
                            "role": "dev_JobPopulateCarScheduleRole"
                        },
                        "meta": {},
                        "tainted": false
                    },
                    "deposed": [],
                    "provider": "provider.aws"
                },
                "aws_iam_role_policy_attachment.Attach_VPC_Policy": {
                    "type": "aws_iam_role_policy_attachment",
                    "depends_on": [
                        "aws_iam_role.role"
                    ],
                    "primary": {
                        "id": "dev_JobPopulateCarScheduleRole-20180924140717437400000007",
                        "attributes": {
                            "id": "dev_JobPopulateCarScheduleRole-20180924140717437400000007",
                            "policy_arn": "arn:aws:iam::aws:policy/service-role/AWSLambdaVPCAccessExecutionRole",
                            "role": "dev_JobPopulateCarScheduleRole"
                        },
                        "meta": {},
                        "tainted": false
                    },
                    "deposed": [],
                    "provider": "provider.aws"
                },
                "data.aws_iam_policy_document.lambda_policy": {
                    "type": "aws_iam_policy_document",
                    "depends_on": [],
                    "primary": {
                        "id": "3127519745",
                        "attributes": {
                            "id": "3127519745",
                            "json": "{\n  \"Version\": \"2012-10-17\",\n  \"Statement\": [\n    {\n      \"Sid\": \"\",\n      \"Effect\": \"Allow\",\n      \"Action\": \"sts:AssumeRole\",\n      \"Principal\": {\n        \"Service\": [\n          \"lambda.amazonaws.com\",\n          \"apigateway.amazonaws.com\"\n        ]\n      }\n    }\n  ]\n}",
                            "statement.#": "1",
                            "statement.0.actions.#": "1",
                            "statement.0.actions.2528466339": "sts:AssumeRole",
                            "statement.0.condition.#": "0",
                            "statement.0.effect": "Allow",
                            "statement.0.not_actions.#": "0",
                            "statement.0.not_principals.#": "0",
                            "statement.0.not_resources.#": "0",
                            "statement.0.principals.#": "1",
                            "statement.0.principals.1632598396.identifiers.#": "2",
                            "statement.0.principals.1632598396.identifiers.1175233861": "apigateway.amazonaws.com",
                            "statement.0.principals.1632598396.identifiers.2638019528": "lambda.amazonaws.com",
                            "statement.0.principals.1632598396.type": "Service",
                            "statement.0.resources.#": "0",
                            "statement.0.sid": ""
                        },
                        "meta": {},
                        "tainted": false
                    },
                    "deposed": [],
                    "provider": "provider.aws"
                },
                "data.aws_iam_policy_document.logging_policy_statement": {
                    "type": "aws_iam_policy_document",
                    "depends_on": [],
                    "primary": {
                        "id": "4063422367",
                        "attributes": {
                            "id": "4063422367",
                            "json": "{\n  \"Version\": \"2012-10-17\",\n  \"Statement\": [\n    {\n      \"Sid\": \"\",\n      \"Effect\": \"Allow\",\n      \"Action\": [\n        \"logs:PutLogEvents\",\n        \"logs:CreateLogStream\",\n        \"logs:CreateLogGroup\"\n      ],\n      \"Resource\": \"arn:aws:logs:*:*:*\"\n    }\n  ]\n}",
                            "statement.#": "1",
                            "statement.0.actions.#": "3",
                            "statement.0.actions.2809485102": "logs:CreateLogGroup",
                            "statement.0.actions.3285979848": "logs:CreateLogStream",
                            "statement.0.actions.39743051": "logs:PutLogEvents",
                            "statement.0.condition.#": "0",
                            "statement.0.effect": "Allow",
                            "statement.0.not_actions.#": "0",
                            "statement.0.not_principals.#": "0",
                            "statement.0.not_resources.#": "0",
                            "statement.0.principals.#": "0",
                            "statement.0.resources.#": "1",
                            "statement.0.resources.162423377": "arn:aws:logs:*:*:*",
                            "statement.0.sid": ""
                        },
                        "meta": {},
                        "tainted": false
                    },
                    "deposed": [],
                    "provider": "provider.aws"
                }
            },
            "depends_on": []
        },
        {
            "path": [
                "root",
                "JobPopulateCarScheduleTimer"
            ],
            "outputs": {},
            "resources": {
                "aws_cloudwatch_event_rule.event_rule": {
                    "type": "aws_cloudwatch_event_rule",
                    "depends_on": [
                        "aws_iam_role.Cloudwatch_Event_Invoke_Lambda_Role"
                    ],
                    "primary": {
                        "id": "dev_JobPopulateCarScheduleSchedule_CWEventRule",
                        "attributes": {
                            "arn": "arn:aws:events:us-west-2:722431446741:rule/dev_JobPopulateCarScheduleSchedule_CWEventRule",
                            "description": "Runs everyday at 0100 UTC",
                            "id": "dev_JobPopulateCarScheduleSchedule_CWEventRule",
                            "is_enabled": "true",
                            "name": "dev_JobPopulateCarScheduleSchedule_CWEventRule",
                            "role_arn": "arn:aws:iam::722431446741:role/dev_JobPopulateCarScheduleSchedule_InvokeLambdaRole",
                            "schedule_expression": "cron(0 1 * * ? *)"
                        },
                        "meta": {},
                        "tainted": false
                    },
                    "deposed": [],
                    "provider": "provider.aws"
                },
                "aws_iam_role.Cloudwatch_Event_Invoke_Lambda_Role": {
                    "type": "aws_iam_role",
                    "depends_on": [
                        "data.aws_iam_policy_document.cloudwatch_events_assume_role"
                    ],
                    "primary": {
                        "id": "dev_JobPopulateCarScheduleSchedule_InvokeLambdaRole",
                        "attributes": {
                            "arn": "arn:aws:iam::722431446741:role/dev_JobPopulateCarScheduleSchedule_InvokeLambdaRole",
                            "assume_role_policy": "{\"Version\":\"2012-10-17\",\"Statement\":[{\"Sid\":\"\",\"Effect\":\"Allow\",\"Principal\":{\"Service\":\"events.amazonaws.com\"},\"Action\":\"sts:AssumeRole\"}]}",
                            "create_date": "2018-09-24T14:07:06Z",
                            "description": "",
                            "force_detach_policies": "false",
                            "id": "dev_JobPopulateCarScheduleSchedule_InvokeLambdaRole",
                            "max_session_duration": "3600",
                            "name": "dev_JobPopulateCarScheduleSchedule_InvokeLambdaRole",
                            "path": "/",
                            "unique_id": "AROAJ4EAFU7H3VWK2AEDK"
                        },
                        "meta": {},
                        "tainted": false
                    },
                    "deposed": [],
                    "provider": "provider.aws"
                },
                "data.aws_iam_policy_document.cloudwatch_events_assume_role": {
                    "type": "aws_iam_policy_document",
                    "depends_on": [],
                    "primary": {
                        "id": "2423734833",
                        "attributes": {
                            "id": "2423734833",
                            "json": "{\n  \"Version\": \"2012-10-17\",\n  \"Statement\": [\n    {\n      \"Sid\": \"\",\n      \"Effect\": \"Allow\",\n      \"Action\": \"sts:AssumeRole\",\n      \"Principal\": {\n        \"Service\": \"events.amazonaws.com\"\n      }\n    }\n  ]\n}",
                            "statement.#": "1",
                            "statement.0.actions.#": "1",
                            "statement.0.actions.2528466339": "sts:AssumeRole",
                            "statement.0.condition.#": "0",
                            "statement.0.effect": "Allow",
                            "statement.0.not_actions.#": "0",
                            "statement.0.not_principals.#": "0",
                            "statement.0.not_resources.#": "0",
                            "statement.0.principals.#": "1",
                            "statement.0.principals.3055794613.identifiers.#": "1",
                            "statement.0.principals.3055794613.identifiers.1159240345": "events.amazonaws.com",
                            "statement.0.principals.3055794613.type": "Service",
                            "statement.0.resources.#": "0",
                            "statement.0.sid": ""
                        },
                        "meta": {},
                        "tainted": false
                    },
                    "deposed": [],
                    "provider": "provider.aws"
                }
            },
            "depends_on": []
        },
        {
            "path": [
                "root",
                "JobPopulateTimeSlotsFunction"
            ],
            "outputs": {},
            "resources": {
                "aws_cloudwatch_log_group.function": {
                    "type": "aws_cloudwatch_log_group",
                    "depends_on": [],
                    "primary": {
                        "id": "/aws/lambda/dev_JobPopulateTimeSlots",
                        "attributes": {
                            "arn": "arn:aws:logs:us-west-2:722431446741:log-group:/aws/lambda/dev_JobPopulateTimeSlots:*",
                            "id": "/aws/lambda/dev_JobPopulateTimeSlots",
                            "kms_key_id": "",
                            "name": "/aws/lambda/dev_JobPopulateTimeSlots",
                            "retention_in_days": "3",
                            "tags.%": "0"
                        },
                        "meta": {},
                        "tainted": false
                    },
                    "deposed": [],
                    "provider": "provider.aws"
                }
            },
            "depends_on": []
        },
        {
            "path": [
                "root",
                "JobPopulateTimeSlotsRole"
            ],
            "outputs": {
                "arn": {
                    "sensitive": false,
                    "type": "string",
                    "value": "arn:aws:iam::722431446741:role/dev_JobPopulateTimeSlotsRole"
                },
                "name": {
                    "sensitive": false,
                    "type": "string",
                    "value": "dev_JobPopulateTimeSlotsRole"
                }
            },
            "resources": {
                "aws_iam_policy.lambda_logging_policy": {
                    "type": "aws_iam_policy",
                    "depends_on": [
                        "data.aws_iam_policy_document.logging_policy_statement"
                    ],
                    "primary": {
                        "id": "arn:aws:iam::722431446741:policy/logging_policy_for_dev_JobPopulateTimeSlotsRole",
                        "attributes": {
                            "arn": "arn:aws:iam::722431446741:policy/logging_policy_for_dev_JobPopulateTimeSlotsRole",
                            "description": "Allows AWS Lambda to create and write logs",
                            "id": "arn:aws:iam::722431446741:policy/logging_policy_for_dev_JobPopulateTimeSlotsRole",
                            "name": "logging_policy_for_dev_JobPopulateTimeSlotsRole",
                            "path": "/",
                            "policy": "{\n  \"Version\": \"2012-10-17\",\n  \"Statement\": [\n    {\n      \"Sid\": \"\",\n      \"Effect\": \"Allow\",\n      \"Action\": [\n        \"logs:PutLogEvents\",\n        \"logs:CreateLogStream\",\n        \"logs:CreateLogGroup\"\n      ],\n      \"Resource\": \"arn:aws:logs:*:*:*\"\n    }\n  ]\n}"
                        },
                        "meta": {},
                        "tainted": false
                    },
                    "deposed": [],
                    "provider": "provider.aws"
                },
                "aws_iam_role.role": {
                    "type": "aws_iam_role",
                    "depends_on": [
                        "data.aws_iam_policy_document.lambda_policy"
                    ],
                    "primary": {
                        "id": "dev_JobPopulateTimeSlotsRole",
                        "attributes": {
                            "arn": "arn:aws:iam::722431446741:role/dev_JobPopulateTimeSlotsRole",
                            "assume_role_policy": "{\"Version\":\"2012-10-17\",\"Statement\":[{\"Sid\":\"\",\"Effect\":\"Allow\",\"Principal\":{\"Service\":[\"apigateway.amazonaws.com\",\"lambda.amazonaws.com\"]},\"Action\":\"sts:AssumeRole\"}]}",
                            "create_date": "2018-09-24T14:07:15Z",
                            "description": "",
                            "force_detach_policies": "false",
                            "id": "dev_JobPopulateTimeSlotsRole",
                            "max_session_duration": "3600",
                            "name": "dev_JobPopulateTimeSlotsRole",
                            "path": "/",
                            "unique_id": "AROAIUQ5CO5DU2P4YGWK2"
                        },
                        "meta": {},
                        "tainted": false
                    },
                    "deposed": [],
                    "provider": "provider.aws"
                },
                "aws_iam_role_policy_attachment.Attach_Logging_Role": {
                    "type": "aws_iam_role_policy_attachment",
                    "depends_on": [
                        "aws_iam_policy.lambda_logging_policy",
                        "aws_iam_role.role"
                    ],
                    "primary": {
                        "id": "dev_JobPopulateTimeSlotsRole-2018092414071973300000001b",
                        "attributes": {
                            "id": "dev_JobPopulateTimeSlotsRole-2018092414071973300000001b",
                            "policy_arn": "arn:aws:iam::722431446741:policy/logging_policy_for_dev_JobPopulateTimeSlotsRole",
                            "role": "dev_JobPopulateTimeSlotsRole"
                        },
                        "meta": {},
                        "tainted": false
                    },
                    "deposed": [],
                    "provider": "provider.aws"
                },
                "aws_iam_role_policy_attachment.Attach_VPC_Policy": {
                    "type": "aws_iam_role_policy_attachment",
                    "depends_on": [
                        "aws_iam_role.role"
                    ],
                    "primary": {
                        "id": "dev_JobPopulateTimeSlotsRole-20180924140719399400000016",
                        "attributes": {
                            "id": "dev_JobPopulateTimeSlotsRole-20180924140719399400000016",
                            "policy_arn": "arn:aws:iam::aws:policy/service-role/AWSLambdaVPCAccessExecutionRole",
                            "role": "dev_JobPopulateTimeSlotsRole"
                        },
                        "meta": {},
                        "tainted": false
                    },
                    "deposed": [],
                    "provider": "provider.aws"
                },
                "data.aws_iam_policy_document.lambda_policy": {
                    "type": "aws_iam_policy_document",
                    "depends_on": [],
                    "primary": {
                        "id": "3127519745",
                        "attributes": {
                            "id": "3127519745",
                            "json": "{\n  \"Version\": \"2012-10-17\",\n  \"Statement\": [\n    {\n      \"Sid\": \"\",\n      \"Effect\": \"Allow\",\n      \"Action\": \"sts:AssumeRole\",\n      \"Principal\": {\n        \"Service\": [\n          \"lambda.amazonaws.com\",\n          \"apigateway.amazonaws.com\"\n        ]\n      }\n    }\n  ]\n}",
                            "statement.#": "1",
                            "statement.0.actions.#": "1",
                            "statement.0.actions.2528466339": "sts:AssumeRole",
                            "statement.0.condition.#": "0",
                            "statement.0.effect": "Allow",
                            "statement.0.not_actions.#": "0",
                            "statement.0.not_principals.#": "0",
                            "statement.0.not_resources.#": "0",
                            "statement.0.principals.#": "1",
                            "statement.0.principals.1632598396.identifiers.#": "2",
                            "statement.0.principals.1632598396.identifiers.1175233861": "apigateway.amazonaws.com",
                            "statement.0.principals.1632598396.identifiers.2638019528": "lambda.amazonaws.com",
                            "statement.0.principals.1632598396.type": "Service",
                            "statement.0.resources.#": "0",
                            "statement.0.sid": ""
                        },
                        "meta": {},
                        "tainted": false
                    },
                    "deposed": [],
                    "provider": "provider.aws"
                },
                "data.aws_iam_policy_document.logging_policy_statement": {
                    "type": "aws_iam_policy_document",
                    "depends_on": [],
                    "primary": {
                        "id": "4063422367",
                        "attributes": {
                            "id": "4063422367",
                            "json": "{\n  \"Version\": \"2012-10-17\",\n  \"Statement\": [\n    {\n      \"Sid\": \"\",\n      \"Effect\": \"Allow\",\n      \"Action\": [\n        \"logs:PutLogEvents\",\n        \"logs:CreateLogStream\",\n        \"logs:CreateLogGroup\"\n      ],\n      \"Resource\": \"arn:aws:logs:*:*:*\"\n    }\n  ]\n}",
                            "statement.#": "1",
                            "statement.0.actions.#": "3",
                            "statement.0.actions.2809485102": "logs:CreateLogGroup",
                            "statement.0.actions.3285979848": "logs:CreateLogStream",
                            "statement.0.actions.39743051": "logs:PutLogEvents",
                            "statement.0.condition.#": "0",
                            "statement.0.effect": "Allow",
                            "statement.0.not_actions.#": "0",
                            "statement.0.not_principals.#": "0",
                            "statement.0.not_resources.#": "0",
                            "statement.0.principals.#": "0",
                            "statement.0.resources.#": "1",
                            "statement.0.resources.162423377": "arn:aws:logs:*:*:*",
                            "statement.0.sid": ""
                        },
                        "meta": {},
                        "tainted": false
                    },
                    "deposed": [],
                    "provider": "provider.aws"
                }
            },
            "depends_on": []
        },
        {
            "path": [
                "root",
                "JobPopulateTimeSlotsTimer"
            ],
            "outputs": {},
            "resources": {
                "aws_cloudwatch_event_rule.event_rule": {
                    "type": "aws_cloudwatch_event_rule",
                    "depends_on": [
                        "aws_iam_role.Cloudwatch_Event_Invoke_Lambda_Role"
                    ],
                    "primary": {
                        "id": "dev_JobPopulateTimeSlotsSchedule_CWEventRule",
                        "attributes": {
                            "arn": "arn:aws:events:us-west-2:722431446741:rule/dev_JobPopulateTimeSlotsSchedule_CWEventRule",
                            "description": "Runs everyday at 0115 UTC",
                            "id": "dev_JobPopulateTimeSlotsSchedule_CWEventRule",
                            "is_enabled": "true",
                            "name": "dev_JobPopulateTimeSlotsSchedule_CWEventRule",
                            "role_arn": "arn:aws:iam::722431446741:role/dev_JobPopulateTimeSlotsSchedule_InvokeLambdaRole",
                            "schedule_expression": "cron(30 1 * * ? *)"
                        },
                        "meta": {},
                        "tainted": false
                    },
                    "deposed": [],
                    "provider": "provider.aws"
                },
                "aws_iam_role.Cloudwatch_Event_Invoke_Lambda_Role": {
                    "type": "aws_iam_role",
                    "depends_on": [
                        "data.aws_iam_policy_document.cloudwatch_events_assume_role"
                    ],
                    "primary": {
                        "id": "dev_JobPopulateTimeSlotsSchedule_InvokeLambdaRole",
                        "attributes": {
                            "arn": "arn:aws:iam::722431446741:role/dev_JobPopulateTimeSlotsSchedule_InvokeLambdaRole",
                            "assume_role_policy": "{\"Version\":\"2012-10-17\",\"Statement\":[{\"Sid\":\"\",\"Effect\":\"Allow\",\"Principal\":{\"Service\":\"events.amazonaws.com\"},\"Action\":\"sts:AssumeRole\"}]}",
                            "create_date": "2018-09-24T14:07:05Z",
                            "description": "",
                            "force_detach_policies": "false",
                            "id": "dev_JobPopulateTimeSlotsSchedule_InvokeLambdaRole",
                            "max_session_duration": "3600",
                            "name": "dev_JobPopulateTimeSlotsSchedule_InvokeLambdaRole",
                            "path": "/",
                            "unique_id": "AROAIEWJMQJ3M247BLVGW"
                        },
                        "meta": {},
                        "tainted": false
                    },
                    "deposed": [],
                    "provider": "provider.aws"
                },
                "data.aws_iam_policy_document.cloudwatch_events_assume_role": {
                    "type": "aws_iam_policy_document",
                    "depends_on": [],
                    "primary": {
                        "id": "2423734833",
                        "attributes": {
                            "id": "2423734833",
                            "json": "{\n  \"Version\": \"2012-10-17\",\n  \"Statement\": [\n    {\n      \"Sid\": \"\",\n      \"Effect\": \"Allow\",\n      \"Action\": \"sts:AssumeRole\",\n      \"Principal\": {\n        \"Service\": \"events.amazonaws.com\"\n      }\n    }\n  ]\n}",
                            "statement.#": "1",
                            "statement.0.actions.#": "1",
                            "statement.0.actions.2528466339": "sts:AssumeRole",
                            "statement.0.condition.#": "0",
                            "statement.0.effect": "Allow",
                            "statement.0.not_actions.#": "0",
                            "statement.0.not_principals.#": "0",
                            "statement.0.not_resources.#": "0",
                            "statement.0.principals.#": "1",
                            "statement.0.principals.3055794613.identifiers.#": "1",
                            "statement.0.principals.3055794613.identifiers.1159240345": "events.amazonaws.com",
                            "statement.0.principals.3055794613.type": "Service",
                            "statement.0.resources.#": "0",
                            "statement.0.sid": ""
                        },
                        "meta": {},
                        "tainted": false
                    },
                    "deposed": [],
                    "provider": "provider.aws"
                }
            },
            "depends_on": []
        },
        {
            "path": [
                "root",
                "JobSendConfirmationEmailFunction"
            ],
            "outputs": {},
            "resources": {
                "aws_cloudwatch_log_group.function": {
                    "type": "aws_cloudwatch_log_group",
                    "depends_on": [],
                    "primary": {
                        "id": "/aws/lambda/dev_JobSendConfirmationEmail",
                        "attributes": {
                            "arn": "arn:aws:logs:us-west-2:722431446741:log-group:/aws/lambda/dev_JobSendConfirmationEmail:*",
                            "id": "/aws/lambda/dev_JobSendConfirmationEmail",
                            "kms_key_id": "",
                            "name": "/aws/lambda/dev_JobSendConfirmationEmail",
                            "retention_in_days": "3",
                            "tags.%": "0"
                        },
                        "meta": {},
                        "tainted": false
                    },
                    "deposed": [],
                    "provider": "provider.aws"
                }
            },
            "depends_on": []
        },
        {
            "path": [
                "root",
                "JobSendConfirmationEmailRole"
            ],
            "outputs": {
                "arn": {
                    "sensitive": false,
                    "type": "string",
                    "value": "arn:aws:iam::722431446741:role/dev_JobSendConfirmationEmailRole"
                },
                "name": {
                    "sensitive": false,
                    "type": "string",
                    "value": "dev_JobSendConfirmationEmailRole"
                }
            },
            "resources": {
                "aws_iam_policy.lambda_logging_policy": {
                    "type": "aws_iam_policy",
                    "depends_on": [
                        "data.aws_iam_policy_document.logging_policy_statement"
                    ],
                    "primary": {
                        "id": "arn:aws:iam::722431446741:policy/logging_policy_for_dev_JobSendConfirmationEmailRole",
                        "attributes": {
                            "arn": "arn:aws:iam::722431446741:policy/logging_policy_for_dev_JobSendConfirmationEmailRole",
                            "description": "Allows AWS Lambda to create and write logs",
                            "id": "arn:aws:iam::722431446741:policy/logging_policy_for_dev_JobSendConfirmationEmailRole",
                            "name": "logging_policy_for_dev_JobSendConfirmationEmailRole",
                            "path": "/",
                            "policy": "{\n  \"Version\": \"2012-10-17\",\n  \"Statement\": [\n    {\n      \"Sid\": \"\",\n      \"Effect\": \"Allow\",\n      \"Action\": [\n        \"logs:PutLogEvents\",\n        \"logs:CreateLogStream\",\n        \"logs:CreateLogGroup\"\n      ],\n      \"Resource\": \"arn:aws:logs:*:*:*\"\n    }\n  ]\n}"
                        },
                        "meta": {},
                        "tainted": false
                    },
                    "deposed": [],
                    "provider": "provider.aws"
                },
                "aws_iam_role.role": {
                    "type": "aws_iam_role",
                    "depends_on": [
                        "data.aws_iam_policy_document.lambda_policy"
                    ],
                    "primary": {
                        "id": "dev_JobSendConfirmationEmailRole",
                        "attributes": {
                            "arn": "arn:aws:iam::722431446741:role/dev_JobSendConfirmationEmailRole",
                            "assume_role_policy": "{\"Version\":\"2012-10-17\",\"Statement\":[{\"Sid\":\"\",\"Effect\":\"Allow\",\"Principal\":{\"Service\":[\"apigateway.amazonaws.com\",\"lambda.amazonaws.com\"]},\"Action\":\"sts:AssumeRole\"}]}",
                            "create_date": "2018-09-24T14:07:12Z",
                            "description": "",
                            "force_detach_policies": "false",
                            "id": "dev_JobSendConfirmationEmailRole",
                            "max_session_duration": "3600",
                            "name": "dev_JobSendConfirmationEmailRole",
                            "path": "/",
                            "unique_id": "AROAINF5QOE53YRKERR5E"
                        },
                        "meta": {},
                        "tainted": false
                    },
                    "deposed": [],
                    "provider": "provider.aws"
                },
                "aws_iam_role_policy_attachment.Attach_Logging_Role": {
                    "type": "aws_iam_role_policy_attachment",
                    "depends_on": [
                        "aws_iam_policy.lambda_logging_policy",
                        "aws_iam_role.role"
                    ],
                    "primary": {
                        "id": "dev_JobSendConfirmationEmailRole-20180924140717444700000009",
                        "attributes": {
                            "id": "dev_JobSendConfirmationEmailRole-20180924140717444700000009",
                            "policy_arn": "arn:aws:iam::722431446741:policy/logging_policy_for_dev_JobSendConfirmationEmailRole",
                            "role": "dev_JobSendConfirmationEmailRole"
                        },
                        "meta": {},
                        "tainted": false
                    },
                    "deposed": [],
                    "provider": "provider.aws"
                },
                "aws_iam_role_policy_attachment.Attach_VPC_Policy": {
                    "type": "aws_iam_role_policy_attachment",
                    "depends_on": [
                        "aws_iam_role.role"
                    ],
                    "primary": {
                        "id": "dev_JobSendConfirmationEmailRole-20180924140717441700000008",
                        "attributes": {
                            "id": "dev_JobSendConfirmationEmailRole-20180924140717441700000008",
                            "policy_arn": "arn:aws:iam::aws:policy/service-role/AWSLambdaVPCAccessExecutionRole",
                            "role": "dev_JobSendConfirmationEmailRole"
                        },
                        "meta": {},
                        "tainted": false
                    },
                    "deposed": [],
                    "provider": "provider.aws"
                },
                "data.aws_iam_policy_document.lambda_policy": {
                    "type": "aws_iam_policy_document",
                    "depends_on": [],
                    "primary": {
                        "id": "3127519745",
                        "attributes": {
                            "id": "3127519745",
                            "json": "{\n  \"Version\": \"2012-10-17\",\n  \"Statement\": [\n    {\n      \"Sid\": \"\",\n      \"Effect\": \"Allow\",\n      \"Action\": \"sts:AssumeRole\",\n      \"Principal\": {\n        \"Service\": [\n          \"lambda.amazonaws.com\",\n          \"apigateway.amazonaws.com\"\n        ]\n      }\n    }\n  ]\n}",
                            "statement.#": "1",
                            "statement.0.actions.#": "1",
                            "statement.0.actions.2528466339": "sts:AssumeRole",
                            "statement.0.condition.#": "0",
                            "statement.0.effect": "Allow",
                            "statement.0.not_actions.#": "0",
                            "statement.0.not_principals.#": "0",
                            "statement.0.not_resources.#": "0",
                            "statement.0.principals.#": "1",
                            "statement.0.principals.1632598396.identifiers.#": "2",
                            "statement.0.principals.1632598396.identifiers.1175233861": "apigateway.amazonaws.com",
                            "statement.0.principals.1632598396.identifiers.2638019528": "lambda.amazonaws.com",
                            "statement.0.principals.1632598396.type": "Service",
                            "statement.0.resources.#": "0",
                            "statement.0.sid": ""
                        },
                        "meta": {},
                        "tainted": false
                    },
                    "deposed": [],
                    "provider": "provider.aws"
                },
                "data.aws_iam_policy_document.logging_policy_statement": {
                    "type": "aws_iam_policy_document",
                    "depends_on": [],
                    "primary": {
                        "id": "4063422367",
                        "attributes": {
                            "id": "4063422367",
                            "json": "{\n  \"Version\": \"2012-10-17\",\n  \"Statement\": [\n    {\n      \"Sid\": \"\",\n      \"Effect\": \"Allow\",\n      \"Action\": [\n        \"logs:PutLogEvents\",\n        \"logs:CreateLogStream\",\n        \"logs:CreateLogGroup\"\n      ],\n      \"Resource\": \"arn:aws:logs:*:*:*\"\n    }\n  ]\n}",
                            "statement.#": "1",
                            "statement.0.actions.#": "3",
                            "statement.0.actions.2809485102": "logs:CreateLogGroup",
                            "statement.0.actions.3285979848": "logs:CreateLogStream",
                            "statement.0.actions.39743051": "logs:PutLogEvents",
                            "statement.0.condition.#": "0",
                            "statement.0.effect": "Allow",
                            "statement.0.not_actions.#": "0",
                            "statement.0.not_principals.#": "0",
                            "statement.0.not_resources.#": "0",
                            "statement.0.principals.#": "0",
                            "statement.0.resources.#": "1",
                            "statement.0.resources.162423377": "arn:aws:logs:*:*:*",
                            "statement.0.sid": ""
                        },
                        "meta": {},
                        "tainted": false
                    },
                    "deposed": [],
                    "provider": "provider.aws"
                }
            },
            "depends_on": []
        },
        {
            "path": [
                "root",
                "JobSendConfirmationEmailTimer"
            ],
            "outputs": {},
            "resources": {
                "aws_cloudwatch_event_rule.event_rule": {
                    "type": "aws_cloudwatch_event_rule",
                    "depends_on": [
                        "aws_iam_role.Cloudwatch_Event_Invoke_Lambda_Role"
                    ],
                    "primary": {
                        "id": "dev_JobSendConfirmationEmailSchedule_CWEventRule",
                        "attributes": {
                            "arn": "arn:aws:events:us-west-2:722431446741:rule/dev_JobSendConfirmationEmailSchedule_CWEventRule",
                            "description": "Runs every minute",
                            "id": "dev_JobSendConfirmationEmailSchedule_CWEventRule",
                            "is_enabled": "true",
                            "name": "dev_JobSendConfirmationEmailSchedule_CWEventRule",
                            "role_arn": "arn:aws:iam::722431446741:role/dev_JobSendConfirmationEmailSchedule_InvokeLambdaRole",
                            "schedule_expression": "rate(1 minute)"
                        },
                        "meta": {},
                        "tainted": false
                    },
                    "deposed": [],
                    "provider": "provider.aws"
                },
                "aws_iam_role.Cloudwatch_Event_Invoke_Lambda_Role": {
                    "type": "aws_iam_role",
                    "depends_on": [
                        "data.aws_iam_policy_document.cloudwatch_events_assume_role"
                    ],
                    "primary": {
                        "id": "dev_JobSendConfirmationEmailSchedule_InvokeLambdaRole",
                        "attributes": {
                            "arn": "arn:aws:iam::722431446741:role/dev_JobSendConfirmationEmailSchedule_InvokeLambdaRole",
                            "assume_role_policy": "{\"Version\":\"2012-10-17\",\"Statement\":[{\"Sid\":\"\",\"Effect\":\"Allow\",\"Principal\":{\"Service\":\"events.amazonaws.com\"},\"Action\":\"sts:AssumeRole\"}]}",
                            "create_date": "2018-09-24T14:07:05Z",
                            "description": "",
                            "force_detach_policies": "false",
                            "id": "dev_JobSendConfirmationEmailSchedule_InvokeLambdaRole",
                            "max_session_duration": "3600",
                            "name": "dev_JobSendConfirmationEmailSchedule_InvokeLambdaRole",
                            "path": "/",
                            "unique_id": "AROAJMTYRQ6VAFESLN6CK"
                        },
                        "meta": {},
                        "tainted": false
                    },
                    "deposed": [],
                    "provider": "provider.aws"
                },
                "data.aws_iam_policy_document.cloudwatch_events_assume_role": {
                    "type": "aws_iam_policy_document",
                    "depends_on": [],
                    "primary": {
                        "id": "2423734833",
                        "attributes": {
                            "id": "2423734833",
                            "json": "{\n  \"Version\": \"2012-10-17\",\n  \"Statement\": [\n    {\n      \"Sid\": \"\",\n      \"Effect\": \"Allow\",\n      \"Action\": \"sts:AssumeRole\",\n      \"Principal\": {\n        \"Service\": \"events.amazonaws.com\"\n      }\n    }\n  ]\n}",
                            "statement.#": "1",
                            "statement.0.actions.#": "1",
                            "statement.0.actions.2528466339": "sts:AssumeRole",
                            "statement.0.condition.#": "0",
                            "statement.0.effect": "Allow",
                            "statement.0.not_actions.#": "0",
                            "statement.0.not_principals.#": "0",
                            "statement.0.not_resources.#": "0",
                            "statement.0.principals.#": "1",
                            "statement.0.principals.3055794613.identifiers.#": "1",
                            "statement.0.principals.3055794613.identifiers.1159240345": "events.amazonaws.com",
                            "statement.0.principals.3055794613.type": "Service",
                            "statement.0.resources.#": "0",
                            "statement.0.sid": ""
                        },
                        "meta": {},
                        "tainted": false
                    },
                    "deposed": [],
                    "provider": "provider.aws"
                }
            },
            "depends_on": []
        },
        {
            "path": [
                "root",
                "JobSendConfirmationEmail_policy_attachment"
            ],
            "outputs": {},
            "resources": {},
            "depends_on": []
        },
        {
            "path": [
                "root",
                "JobWeeklyEmailAnalyticsFunction"
            ],
            "outputs": {},
            "resources": {
                "aws_cloudwatch_log_group.function": {
                    "type": "aws_cloudwatch_log_group",
                    "depends_on": [],
                    "primary": {
                        "id": "/aws/lambda/dev_JobWeeklyEmailAnalytics",
                        "attributes": {
                            "arn": "arn:aws:logs:us-west-2:722431446741:log-group:/aws/lambda/dev_JobWeeklyEmailAnalytics:*",
                            "id": "/aws/lambda/dev_JobWeeklyEmailAnalytics",
                            "kms_key_id": "",
                            "name": "/aws/lambda/dev_JobWeeklyEmailAnalytics",
                            "retention_in_days": "3",
                            "tags.%": "0"
                        },
                        "meta": {},
                        "tainted": false
                    },
                    "deposed": [],
                    "provider": "provider.aws"
                }
            },
            "depends_on": []
        },
        {
            "path": [
                "root",
                "JobWeeklyEmailAnalyticsRole"
            ],
            "outputs": {
                "arn": {
                    "sensitive": false,
                    "type": "string",
                    "value": "arn:aws:iam::722431446741:role/dev_JobWeeklyEmailAnalyticsRole"
                },
                "name": {
                    "sensitive": false,
                    "type": "string",
                    "value": "dev_JobWeeklyEmailAnalyticsRole"
                }
            },
            "resources": {
                "aws_iam_policy.lambda_logging_policy": {
                    "type": "aws_iam_policy",
                    "depends_on": [
                        "data.aws_iam_policy_document.logging_policy_statement"
                    ],
                    "primary": {
                        "id": "arn:aws:iam::722431446741:policy/logging_policy_for_dev_JobWeeklyEmailAnalyticsRole",
                        "attributes": {
                            "arn": "arn:aws:iam::722431446741:policy/logging_policy_for_dev_JobWeeklyEmailAnalyticsRole",
                            "description": "Allows AWS Lambda to create and write logs",
                            "id": "arn:aws:iam::722431446741:policy/logging_policy_for_dev_JobWeeklyEmailAnalyticsRole",
                            "name": "logging_policy_for_dev_JobWeeklyEmailAnalyticsRole",
                            "path": "/",
                            "policy": "{\n  \"Version\": \"2012-10-17\",\n  \"Statement\": [\n    {\n      \"Sid\": \"\",\n      \"Effect\": \"Allow\",\n      \"Action\": [\n        \"logs:PutLogEvents\",\n        \"logs:CreateLogStream\",\n        \"logs:CreateLogGroup\"\n      ],\n      \"Resource\": \"arn:aws:logs:*:*:*\"\n    }\n  ]\n}"
                        },
                        "meta": {},
                        "tainted": false
                    },
                    "deposed": [],
                    "provider": "provider.aws"
                },
                "aws_iam_role.role": {
                    "type": "aws_iam_role",
                    "depends_on": [
                        "data.aws_iam_policy_document.lambda_policy"
                    ],
                    "primary": {
                        "id": "dev_JobWeeklyEmailAnalyticsRole",
                        "attributes": {
                            "arn": "arn:aws:iam::722431446741:role/dev_JobWeeklyEmailAnalyticsRole",
                            "assume_role_policy": "{\"Version\":\"2012-10-17\",\"Statement\":[{\"Sid\":\"\",\"Effect\":\"Allow\",\"Principal\":{\"Service\":[\"lambda.amazonaws.com\",\"apigateway.amazonaws.com\"]},\"Action\":\"sts:AssumeRole\"}]}",
                            "create_date": "2018-09-24T14:07:14Z",
                            "description": "",
                            "force_detach_policies": "false",
                            "id": "dev_JobWeeklyEmailAnalyticsRole",
                            "max_session_duration": "3600",
                            "name": "dev_JobWeeklyEmailAnalyticsRole",
                            "path": "/",
                            "unique_id": "AROAITNKHT5FFBOIIOKAQ"
                        },
                        "meta": {},
                        "tainted": false
                    },
                    "deposed": [],
                    "provider": "provider.aws"
                },
                "aws_iam_role_policy_attachment.Attach_Logging_Role": {
                    "type": "aws_iam_role_policy_attachment",
                    "depends_on": [
                        "aws_iam_policy.lambda_logging_policy",
                        "aws_iam_role.role"
                    ],
                    "primary": {
                        "id": "dev_JobWeeklyEmailAnalyticsRole-20180924140718711700000013",
                        "attributes": {
                            "id": "dev_JobWeeklyEmailAnalyticsRole-20180924140718711700000013",
                            "policy_arn": "arn:aws:iam::722431446741:policy/logging_policy_for_dev_JobWeeklyEmailAnalyticsRole",
                            "role": "dev_JobWeeklyEmailAnalyticsRole"
                        },
                        "meta": {},
                        "tainted": false
                    },
                    "deposed": [],
                    "provider": "provider.aws"
                },
                "aws_iam_role_policy_attachment.Attach_VPC_Policy": {
                    "type": "aws_iam_role_policy_attachment",
                    "depends_on": [
                        "aws_iam_role.role"
                    ],
                    "primary": {
                        "id": "dev_JobWeeklyEmailAnalyticsRole-20180924140718711800000014",
                        "attributes": {
                            "id": "dev_JobWeeklyEmailAnalyticsRole-20180924140718711800000014",
                            "policy_arn": "arn:aws:iam::aws:policy/service-role/AWSLambdaVPCAccessExecutionRole",
                            "role": "dev_JobWeeklyEmailAnalyticsRole"
                        },
                        "meta": {},
                        "tainted": false
                    },
                    "deposed": [],
                    "provider": "provider.aws"
                },
                "data.aws_iam_policy_document.lambda_policy": {
                    "type": "aws_iam_policy_document",
                    "depends_on": [],
                    "primary": {
                        "id": "3127519745",
                        "attributes": {
                            "id": "3127519745",
                            "json": "{\n  \"Version\": \"2012-10-17\",\n  \"Statement\": [\n    {\n      \"Sid\": \"\",\n      \"Effect\": \"Allow\",\n      \"Action\": \"sts:AssumeRole\",\n      \"Principal\": {\n        \"Service\": [\n          \"lambda.amazonaws.com\",\n          \"apigateway.amazonaws.com\"\n        ]\n      }\n    }\n  ]\n}",
                            "statement.#": "1",
                            "statement.0.actions.#": "1",
                            "statement.0.actions.2528466339": "sts:AssumeRole",
                            "statement.0.condition.#": "0",
                            "statement.0.effect": "Allow",
                            "statement.0.not_actions.#": "0",
                            "statement.0.not_principals.#": "0",
                            "statement.0.not_resources.#": "0",
                            "statement.0.principals.#": "1",
                            "statement.0.principals.1632598396.identifiers.#": "2",
                            "statement.0.principals.1632598396.identifiers.1175233861": "apigateway.amazonaws.com",
                            "statement.0.principals.1632598396.identifiers.2638019528": "lambda.amazonaws.com",
                            "statement.0.principals.1632598396.type": "Service",
                            "statement.0.resources.#": "0",
                            "statement.0.sid": ""
                        },
                        "meta": {},
                        "tainted": false
                    },
                    "deposed": [],
                    "provider": "provider.aws"
                },
                "data.aws_iam_policy_document.logging_policy_statement": {
                    "type": "aws_iam_policy_document",
                    "depends_on": [],
                    "primary": {
                        "id": "4063422367",
                        "attributes": {
                            "id": "4063422367",
                            "json": "{\n  \"Version\": \"2012-10-17\",\n  \"Statement\": [\n    {\n      \"Sid\": \"\",\n      \"Effect\": \"Allow\",\n      \"Action\": [\n        \"logs:PutLogEvents\",\n        \"logs:CreateLogStream\",\n        \"logs:CreateLogGroup\"\n      ],\n      \"Resource\": \"arn:aws:logs:*:*:*\"\n    }\n  ]\n}",
                            "statement.#": "1",
                            "statement.0.actions.#": "3",
                            "statement.0.actions.2809485102": "logs:CreateLogGroup",
                            "statement.0.actions.3285979848": "logs:CreateLogStream",
                            "statement.0.actions.39743051": "logs:PutLogEvents",
                            "statement.0.condition.#": "0",
                            "statement.0.effect": "Allow",
                            "statement.0.not_actions.#": "0",
                            "statement.0.not_principals.#": "0",
                            "statement.0.not_resources.#": "0",
                            "statement.0.principals.#": "0",
                            "statement.0.resources.#": "1",
                            "statement.0.resources.162423377": "arn:aws:logs:*:*:*",
                            "statement.0.sid": ""
                        },
                        "meta": {},
                        "tainted": false
                    },
                    "deposed": [],
                    "provider": "provider.aws"
                }
            },
            "depends_on": []
        },
        {
            "path": [
                "root",
                "JobWeeklyEmailAnalyticsTimer"
            ],
            "outputs": {},
            "resources": {
                "aws_cloudwatch_event_rule.event_rule": {
                    "type": "aws_cloudwatch_event_rule",
                    "depends_on": [
                        "aws_iam_role.Cloudwatch_Event_Invoke_Lambda_Role"
                    ],
                    "primary": {
                        "id": "dev_JobWeeklyEmailAnalyticsSchedule_CWEventRule",
                        "attributes": {
                            "arn": "arn:aws:events:us-west-2:722431446741:rule/dev_JobWeeklyEmailAnalyticsSchedule_CWEventRule",
                            "description": "Runs every Friday at 700 UTC",
                            "id": "dev_JobWeeklyEmailAnalyticsSchedule_CWEventRule",
                            "is_enabled": "true",
                            "name": "dev_JobWeeklyEmailAnalyticsSchedule_CWEventRule",
                            "role_arn": "arn:aws:iam::722431446741:role/dev_JobWeeklyEmailAnalyticsSchedule_InvokeLambdaRole",
                            "schedule_expression": "cron(0 7 ? * FRI *)"
                        },
                        "meta": {},
                        "tainted": false
                    },
                    "deposed": [],
                    "provider": "provider.aws"
                },
                "aws_iam_role.Cloudwatch_Event_Invoke_Lambda_Role": {
                    "type": "aws_iam_role",
                    "depends_on": [
                        "data.aws_iam_policy_document.cloudwatch_events_assume_role"
                    ],
                    "primary": {
                        "id": "dev_JobWeeklyEmailAnalyticsSchedule_InvokeLambdaRole",
                        "attributes": {
                            "arn": "arn:aws:iam::722431446741:role/dev_JobWeeklyEmailAnalyticsSchedule_InvokeLambdaRole",
                            "assume_role_policy": "{\"Version\":\"2012-10-17\",\"Statement\":[{\"Sid\":\"\",\"Effect\":\"Allow\",\"Principal\":{\"Service\":\"events.amazonaws.com\"},\"Action\":\"sts:AssumeRole\"}]}",
                            "create_date": "2018-09-24T14:11:39Z",
                            "description": "",
                            "force_detach_policies": "false",
                            "id": "dev_JobWeeklyEmailAnalyticsSchedule_InvokeLambdaRole",
                            "max_session_duration": "3600",
                            "name": "dev_JobWeeklyEmailAnalyticsSchedule_InvokeLambdaRole",
                            "path": "/",
                            "unique_id": "AROAITLHSGNWGEEBZU4T6"
                        },
                        "meta": {},
                        "tainted": false
                    },
                    "deposed": [],
                    "provider": "provider.aws"
                },
                "data.aws_iam_policy_document.cloudwatch_events_assume_role": {
                    "type": "aws_iam_policy_document",
                    "depends_on": [],
                    "primary": {
                        "id": "2423734833",
                        "attributes": {
                            "id": "2423734833",
                            "json": "{\n  \"Version\": \"2012-10-17\",\n  \"Statement\": [\n    {\n      \"Sid\": \"\",\n      \"Effect\": \"Allow\",\n      \"Action\": \"sts:AssumeRole\",\n      \"Principal\": {\n        \"Service\": \"events.amazonaws.com\"\n      }\n    }\n  ]\n}",
                            "statement.#": "1",
                            "statement.0.actions.#": "1",
                            "statement.0.actions.2528466339": "sts:AssumeRole",
                            "statement.0.condition.#": "0",
                            "statement.0.effect": "Allow",
                            "statement.0.not_actions.#": "0",
                            "statement.0.not_principals.#": "0",
                            "statement.0.not_resources.#": "0",
                            "statement.0.principals.#": "1",
                            "statement.0.principals.3055794613.identifiers.#": "1",
                            "statement.0.principals.3055794613.identifiers.1159240345": "events.amazonaws.com",
                            "statement.0.principals.3055794613.type": "Service",
                            "statement.0.resources.#": "0",
                            "statement.0.sid": ""
                        },
                        "meta": {},
                        "tainted": false
                    },
                    "deposed": [],
                    "provider": "provider.aws"
                }
            },
            "depends_on": []
        },
        {
            "path": [
                "root",
                "JobWeeklyEmailAnalytics_policy_attachment"
            ],
            "outputs": {},
            "resources": {},
            "depends_on": []
        },
        {
            "path": [
                "root",
                "api_admin_cancel_drive"
            ],
            "outputs": {},
            "resources": {
                "aws_api_gateway_integration.options_integration": {
                    "type": "aws_api_gateway_integration",
                    "depends_on": [
                        "aws_api_gateway_method.options_method",
                        "aws_api_gateway_resource.cors_resource"
                    ],
                    "primary": {
                        "id": "agi-qxrfu3px3e-ylrh9d-OPTIONS",
                        "attributes": {
                            "cache_key_parameters.#": "0",
                            "cache_namespace": "ylrh9d",
                            "connection_id": "",
                            "connection_type": "INTERNET",
                            "content_handling": "",
                            "credentials": "",
                            "http_method": "OPTIONS",
                            "id": "agi-qxrfu3px3e-ylrh9d-OPTIONS",
                            "integration_http_method": "",
                            "passthrough_behavior": "WHEN_NO_MATCH",
                            "request_parameters.%": "0",
                            "request_templates.%": "1",
                            "request_templates.application/json": "{'statusCode': 200}",
                            "resource_id": "ylrh9d",
                            "rest_api_id": "qxrfu3px3e",
                            "timeout_milliseconds": "29000",
                            "type": "MOCK",
                            "uri": ""
                        },
                        "meta": {},
                        "tainted": false
                    },
                    "deposed": [],
                    "provider": "provider.aws"
                },
                "aws_api_gateway_integration_response.options_integration_response": {
                    "type": "aws_api_gateway_integration_response",
                    "depends_on": [
                        "aws_api_gateway_method.options_method",
                        "aws_api_gateway_method_response.options_200",
                        "aws_api_gateway_resource.cors_resource"
                    ],
                    "primary": {
                        "id": "agir-qxrfu3px3e-ylrh9d-OPTIONS-200",
                        "attributes": {
                            "content_handling": "",
                            "http_method": "OPTIONS",
                            "id": "agir-qxrfu3px3e-ylrh9d-OPTIONS-200",
                            "resource_id": "ylrh9d",
                            "response_parameters.%": "3",
                            "response_parameters.method.response.header.Access-Control-Allow-Headers": "'Content-Type,X-Amz-Date,Authorization,X-Api-Key,X-Amz-Security-Token'",
                            "response_parameters.method.response.header.Access-Control-Allow-Methods": "'OPTIONS,POST'",
                            "response_parameters.method.response.header.Access-Control-Allow-Origin": "'*'",
                            "response_templates.%": "1",
                            "response_templates.application/json": "",
                            "rest_api_id": "qxrfu3px3e",
                            "selection_pattern": "",
                            "status_code": "200"
                        },
                        "meta": {},
                        "tainted": false
                    },
                    "deposed": [],
                    "provider": "provider.aws"
                },
                "aws_api_gateway_method.cors_method": {
                    "type": "aws_api_gateway_method",
                    "depends_on": [
                        "aws_api_gateway_resource.cors_resource"
                    ],
                    "primary": {
                        "id": "agm-qxrfu3px3e-ylrh9d-POST",
                        "attributes": {
                            "api_key_required": "false",
                            "authorization": "COGNITO_USER_POOLS",
                            "authorization_scopes.#": "0",
                            "authorizer_id": "68el17",
                            "http_method": "POST",
                            "id": "agm-qxrfu3px3e-ylrh9d-POST",
                            "request_models.%": "0",
                            "request_parameters.%": "0",
                            "request_validator_id": "",
                            "resource_id": "ylrh9d",
                            "rest_api_id": "qxrfu3px3e"
                        },
                        "meta": {},
                        "tainted": false
                    },
                    "deposed": [],
                    "provider": "provider.aws"
                },
                "aws_api_gateway_method.options_method": {
                    "type": "aws_api_gateway_method",
                    "depends_on": [
                        "aws_api_gateway_resource.cors_resource"
                    ],
                    "primary": {
                        "id": "agm-qxrfu3px3e-ylrh9d-OPTIONS",
                        "attributes": {
                            "api_key_required": "false",
                            "authorization": "NONE",
                            "authorization_scopes.#": "0",
                            "authorizer_id": "",
                            "http_method": "OPTIONS",
                            "id": "agm-qxrfu3px3e-ylrh9d-OPTIONS",
                            "request_models.%": "0",
                            "request_parameters.%": "0",
                            "request_validator_id": "",
                            "resource_id": "ylrh9d",
                            "rest_api_id": "qxrfu3px3e"
                        },
                        "meta": {},
                        "tainted": false
                    },
                    "deposed": [],
                    "provider": "provider.aws"
                },
                "aws_api_gateway_method_response.cors_method_response_200": {
                    "type": "aws_api_gateway_method_response",
                    "depends_on": [
                        "aws_api_gateway_method.cors_method",
                        "aws_api_gateway_resource.cors_resource"
                    ],
                    "primary": {
                        "id": "agmr-qxrfu3px3e-ylrh9d-POST-200",
                        "attributes": {
                            "http_method": "POST",
                            "id": "agmr-qxrfu3px3e-ylrh9d-POST-200",
                            "resource_id": "ylrh9d",
                            "response_models.%": "0",
                            "response_parameters.%": "1",
                            "response_parameters.method.response.header.Access-Control-Allow-Origin": "true",
                            "rest_api_id": "qxrfu3px3e",
                            "status_code": "200"
                        },
                        "meta": {},
                        "tainted": false
                    },
                    "deposed": [],
                    "provider": "provider.aws"
                },
                "aws_api_gateway_method_response.options_200": {
                    "type": "aws_api_gateway_method_response",
                    "depends_on": [
                        "aws_api_gateway_method.options_method",
                        "aws_api_gateway_resource.cors_resource"
                    ],
                    "primary": {
                        "id": "agmr-qxrfu3px3e-ylrh9d-OPTIONS-200",
                        "attributes": {
                            "http_method": "OPTIONS",
                            "id": "agmr-qxrfu3px3e-ylrh9d-OPTIONS-200",
                            "resource_id": "ylrh9d",
                            "response_models.%": "1",
                            "response_models.application/json": "Empty",
                            "response_parameters.%": "3",
                            "response_parameters.method.response.header.Access-Control-Allow-Headers": "true",
                            "response_parameters.method.response.header.Access-Control-Allow-Methods": "true",
                            "response_parameters.method.response.header.Access-Control-Allow-Origin": "true",
                            "rest_api_id": "qxrfu3px3e",
                            "status_code": "200"
                        },
                        "meta": {},
                        "tainted": false
                    },
                    "deposed": [],
                    "provider": "provider.aws"
                },
                "aws_api_gateway_resource.cors_resource": {
                    "type": "aws_api_gateway_resource",
                    "depends_on": [],
                    "primary": {
                        "id": "ylrh9d",
                        "attributes": {
                            "id": "ylrh9d",
                            "parent_id": "ndcntt",
                            "path": "/admin/cancelDrive",
                            "path_part": "cancelDrive",
                            "rest_api_id": "qxrfu3px3e"
                        },
                        "meta": {},
                        "tainted": false
                    },
                    "deposed": [],
                    "provider": "provider.aws"
                }
            },
            "depends_on": []
        },
        {
            "path": [
                "root",
                "api_admin_get_schedule"
            ],
            "outputs": {},
            "resources": {
                "aws_api_gateway_integration.options_integration": {
                    "type": "aws_api_gateway_integration",
                    "depends_on": [
                        "aws_api_gateway_method.options_method",
                        "aws_api_gateway_resource.cors_resource"
                    ],
                    "primary": {
                        "id": "agi-qxrfu3px3e-0mg605-OPTIONS",
                        "attributes": {
                            "cache_key_parameters.#": "0",
                            "cache_namespace": "0mg605",
                            "connection_id": "",
                            "connection_type": "INTERNET",
                            "content_handling": "",
                            "credentials": "",
                            "http_method": "OPTIONS",
                            "id": "agi-qxrfu3px3e-0mg605-OPTIONS",
                            "integration_http_method": "",
                            "passthrough_behavior": "WHEN_NO_MATCH",
                            "request_parameters.%": "0",
                            "request_templates.%": "1",
                            "request_templates.application/json": "{'statusCode': 200}",
                            "resource_id": "0mg605",
                            "rest_api_id": "qxrfu3px3e",
                            "timeout_milliseconds": "29000",
                            "type": "MOCK",
                            "uri": ""
                        },
                        "meta": {},
                        "tainted": false
                    },
                    "deposed": [],
                    "provider": "provider.aws"
                },
                "aws_api_gateway_integration_response.options_integration_response": {
                    "type": "aws_api_gateway_integration_response",
                    "depends_on": [
                        "aws_api_gateway_method.options_method",
                        "aws_api_gateway_method_response.options_200",
                        "aws_api_gateway_resource.cors_resource"
                    ],
                    "primary": {
                        "id": "agir-qxrfu3px3e-0mg605-OPTIONS-200",
                        "attributes": {
                            "content_handling": "",
                            "http_method": "OPTIONS",
                            "id": "agir-qxrfu3px3e-0mg605-OPTIONS-200",
                            "resource_id": "0mg605",
                            "response_parameters.%": "3",
                            "response_parameters.method.response.header.Access-Control-Allow-Headers": "'Content-Type,X-Amz-Date,Authorization,X-Api-Key,X-Amz-Security-Token'",
                            "response_parameters.method.response.header.Access-Control-Allow-Methods": "'OPTIONS,GET'",
                            "response_parameters.method.response.header.Access-Control-Allow-Origin": "'*'",
                            "response_templates.%": "1",
                            "response_templates.application/json": "",
                            "rest_api_id": "qxrfu3px3e",
                            "selection_pattern": "",
                            "status_code": "200"
                        },
                        "meta": {},
                        "tainted": false
                    },
                    "deposed": [],
                    "provider": "provider.aws"
                },
                "aws_api_gateway_method.cors_method": {
                    "type": "aws_api_gateway_method",
                    "depends_on": [
                        "aws_api_gateway_resource.cors_resource"
                    ],
                    "primary": {
                        "id": "agm-qxrfu3px3e-0mg605-GET",
                        "attributes": {
                            "api_key_required": "false",
                            "authorization": "COGNITO_USER_POOLS",
                            "authorization_scopes.#": "0",
                            "authorizer_id": "68el17",
                            "http_method": "GET",
                            "id": "agm-qxrfu3px3e-0mg605-GET",
                            "request_models.%": "0",
                            "request_parameters.%": "0",
                            "request_validator_id": "",
                            "resource_id": "0mg605",
                            "rest_api_id": "qxrfu3px3e"
                        },
                        "meta": {},
                        "tainted": false
                    },
                    "deposed": [],
                    "provider": "provider.aws"
                },
                "aws_api_gateway_method.options_method": {
                    "type": "aws_api_gateway_method",
                    "depends_on": [
                        "aws_api_gateway_resource.cors_resource"
                    ],
                    "primary": {
                        "id": "agm-qxrfu3px3e-0mg605-OPTIONS",
                        "attributes": {
                            "api_key_required": "false",
                            "authorization": "NONE",
                            "authorization_scopes.#": "0",
                            "authorizer_id": "",
                            "http_method": "OPTIONS",
                            "id": "agm-qxrfu3px3e-0mg605-OPTIONS",
                            "request_models.%": "0",
                            "request_parameters.%": "0",
                            "request_validator_id": "",
                            "resource_id": "0mg605",
                            "rest_api_id": "qxrfu3px3e"
                        },
                        "meta": {},
                        "tainted": false
                    },
                    "deposed": [],
                    "provider": "provider.aws"
                },
                "aws_api_gateway_method_response.cors_method_response_200": {
                    "type": "aws_api_gateway_method_response",
                    "depends_on": [
                        "aws_api_gateway_method.cors_method",
                        "aws_api_gateway_resource.cors_resource"
                    ],
                    "primary": {
                        "id": "agmr-qxrfu3px3e-0mg605-GET-200",
                        "attributes": {
                            "http_method": "GET",
                            "id": "agmr-qxrfu3px3e-0mg605-GET-200",
                            "resource_id": "0mg605",
                            "response_models.%": "0",
                            "response_parameters.%": "1",
                            "response_parameters.method.response.header.Access-Control-Allow-Origin": "true",
                            "rest_api_id": "qxrfu3px3e",
                            "status_code": "200"
                        },
                        "meta": {},
                        "tainted": false
                    },
                    "deposed": [],
                    "provider": "provider.aws"
                },
                "aws_api_gateway_method_response.options_200": {
                    "type": "aws_api_gateway_method_response",
                    "depends_on": [
                        "aws_api_gateway_method.options_method",
                        "aws_api_gateway_resource.cors_resource"
                    ],
                    "primary": {
                        "id": "agmr-qxrfu3px3e-0mg605-OPTIONS-200",
                        "attributes": {
                            "http_method": "OPTIONS",
                            "id": "agmr-qxrfu3px3e-0mg605-OPTIONS-200",
                            "resource_id": "0mg605",
                            "response_models.%": "1",
                            "response_models.application/json": "Empty",
                            "response_parameters.%": "3",
                            "response_parameters.method.response.header.Access-Control-Allow-Headers": "true",
                            "response_parameters.method.response.header.Access-Control-Allow-Methods": "true",
                            "response_parameters.method.response.header.Access-Control-Allow-Origin": "true",
                            "rest_api_id": "qxrfu3px3e",
                            "status_code": "200"
                        },
                        "meta": {},
                        "tainted": false
                    },
                    "deposed": [],
                    "provider": "provider.aws"
                },
                "aws_api_gateway_resource.cors_resource": {
                    "type": "aws_api_gateway_resource",
                    "depends_on": [],
                    "primary": {
                        "id": "0mg605",
                        "attributes": {
                            "id": "0mg605",
                            "parent_id": "ndcntt",
                            "path": "/admin/schedule",
                            "path_part": "schedule",
                            "rest_api_id": "qxrfu3px3e"
                        },
                        "meta": {},
                        "tainted": false
                    },
                    "deposed": [],
                    "provider": "provider.aws"
                }
            },
            "depends_on": []
        },
        {
            "path": [
                "root",
                "api_admin_get_scheduled_drives"
            ],
            "outputs": {},
            "resources": {
                "aws_api_gateway_integration.options_integration": {
                    "type": "aws_api_gateway_integration",
                    "depends_on": [
                        "aws_api_gateway_method.options_method",
                        "aws_api_gateway_resource.cors_resource"
                    ],
                    "primary": {
                        "id": "agi-qxrfu3px3e-flopy9-OPTIONS",
                        "attributes": {
                            "cache_key_parameters.#": "0",
                            "cache_namespace": "flopy9",
                            "connection_id": "",
                            "connection_type": "INTERNET",
                            "content_handling": "",
                            "credentials": "",
                            "http_method": "OPTIONS",
                            "id": "agi-qxrfu3px3e-flopy9-OPTIONS",
                            "integration_http_method": "",
                            "passthrough_behavior": "WHEN_NO_MATCH",
                            "request_parameters.%": "0",
                            "request_templates.%": "1",
                            "request_templates.application/json": "{'statusCode': 200}",
                            "resource_id": "flopy9",
                            "rest_api_id": "qxrfu3px3e",
                            "timeout_milliseconds": "29000",
                            "type": "MOCK",
                            "uri": ""
                        },
                        "meta": {},
                        "tainted": false
                    },
                    "deposed": [],
                    "provider": "provider.aws"
                },
                "aws_api_gateway_integration_response.options_integration_response": {
                    "type": "aws_api_gateway_integration_response",
                    "depends_on": [
                        "aws_api_gateway_method.options_method",
                        "aws_api_gateway_method_response.options_200",
                        "aws_api_gateway_resource.cors_resource"
                    ],
                    "primary": {
                        "id": "agir-qxrfu3px3e-flopy9-OPTIONS-200",
                        "attributes": {
                            "content_handling": "",
                            "http_method": "OPTIONS",
                            "id": "agir-qxrfu3px3e-flopy9-OPTIONS-200",
                            "resource_id": "flopy9",
                            "response_parameters.%": "3",
                            "response_parameters.method.response.header.Access-Control-Allow-Headers": "'Content-Type,X-Amz-Date,Authorization,X-Api-Key,X-Amz-Security-Token'",
                            "response_parameters.method.response.header.Access-Control-Allow-Methods": "'OPTIONS,GET'",
                            "response_parameters.method.response.header.Access-Control-Allow-Origin": "'*'",
                            "response_templates.%": "1",
                            "response_templates.application/json": "",
                            "rest_api_id": "qxrfu3px3e",
                            "selection_pattern": "",
                            "status_code": "200"
                        },
                        "meta": {},
                        "tainted": false
                    },
                    "deposed": [],
                    "provider": "provider.aws"
                },
                "aws_api_gateway_method.cors_method": {
                    "type": "aws_api_gateway_method",
                    "depends_on": [
                        "aws_api_gateway_resource.cors_resource"
                    ],
                    "primary": {
                        "id": "agm-qxrfu3px3e-flopy9-GET",
                        "attributes": {
                            "api_key_required": "false",
                            "authorization": "COGNITO_USER_POOLS",
                            "authorization_scopes.#": "0",
                            "authorizer_id": "68el17",
                            "http_method": "GET",
                            "id": "agm-qxrfu3px3e-flopy9-GET",
                            "request_models.%": "0",
                            "request_parameters.%": "0",
                            "request_validator_id": "",
                            "resource_id": "flopy9",
                            "rest_api_id": "qxrfu3px3e"
                        },
                        "meta": {},
                        "tainted": false
                    },
                    "deposed": [],
                    "provider": "provider.aws"
                },
                "aws_api_gateway_method.options_method": {
                    "type": "aws_api_gateway_method",
                    "depends_on": [
                        "aws_api_gateway_resource.cors_resource"
                    ],
                    "primary": {
                        "id": "agm-qxrfu3px3e-flopy9-OPTIONS",
                        "attributes": {
                            "api_key_required": "false",
                            "authorization": "NONE",
                            "authorization_scopes.#": "0",
                            "authorizer_id": "",
                            "http_method": "OPTIONS",
                            "id": "agm-qxrfu3px3e-flopy9-OPTIONS",
                            "request_models.%": "0",
                            "request_parameters.%": "0",
                            "request_validator_id": "",
                            "resource_id": "flopy9",
                            "rest_api_id": "qxrfu3px3e"
                        },
                        "meta": {},
                        "tainted": false
                    },
                    "deposed": [],
                    "provider": "provider.aws"
                },
                "aws_api_gateway_method_response.cors_method_response_200": {
                    "type": "aws_api_gateway_method_response",
                    "depends_on": [
                        "aws_api_gateway_method.cors_method",
                        "aws_api_gateway_resource.cors_resource"
                    ],
                    "primary": {
                        "id": "agmr-qxrfu3px3e-flopy9-GET-200",
                        "attributes": {
                            "http_method": "GET",
                            "id": "agmr-qxrfu3px3e-flopy9-GET-200",
                            "resource_id": "flopy9",
                            "response_models.%": "0",
                            "response_parameters.%": "1",
                            "response_parameters.method.response.header.Access-Control-Allow-Origin": "true",
                            "rest_api_id": "qxrfu3px3e",
                            "status_code": "200"
                        },
                        "meta": {},
                        "tainted": false
                    },
                    "deposed": [],
                    "provider": "provider.aws"
                },
                "aws_api_gateway_method_response.options_200": {
                    "type": "aws_api_gateway_method_response",
                    "depends_on": [
                        "aws_api_gateway_method.options_method",
                        "aws_api_gateway_resource.cors_resource"
                    ],
                    "primary": {
                        "id": "agmr-qxrfu3px3e-flopy9-OPTIONS-200",
                        "attributes": {
                            "http_method": "OPTIONS",
                            "id": "agmr-qxrfu3px3e-flopy9-OPTIONS-200",
                            "resource_id": "flopy9",
                            "response_models.%": "1",
                            "response_models.application/json": "Empty",
                            "response_parameters.%": "3",
                            "response_parameters.method.response.header.Access-Control-Allow-Headers": "true",
                            "response_parameters.method.response.header.Access-Control-Allow-Methods": "true",
                            "response_parameters.method.response.header.Access-Control-Allow-Origin": "true",
                            "rest_api_id": "qxrfu3px3e",
                            "status_code": "200"
                        },
                        "meta": {},
                        "tainted": false
                    },
                    "deposed": [],
                    "provider": "provider.aws"
                },
                "aws_api_gateway_resource.cors_resource": {
                    "type": "aws_api_gateway_resource",
                    "depends_on": [],
                    "primary": {
                        "id": "flopy9",
                        "attributes": {
                            "id": "flopy9",
                            "parent_id": "ndcntt",
                            "path": "/admin/drives",
                            "path_part": "drives",
                            "rest_api_id": "qxrfu3px3e"
                        },
                        "meta": {},
                        "tainted": false
                    },
                    "deposed": [],
                    "provider": "provider.aws"
                }
            },
            "depends_on": []
        },
        {
            "path": [
                "root",
                "api_cancel_drive"
            ],
            "outputs": {},
            "resources": {
                "aws_api_gateway_integration.options_integration": {
                    "type": "aws_api_gateway_integration",
                    "depends_on": [
                        "aws_api_gateway_method.options_method",
                        "aws_api_gateway_resource.cors_resource"
                    ],
                    "primary": {
                        "id": "agi-qxrfu3px3e-zkq3o6-OPTIONS",
                        "attributes": {
                            "cache_key_parameters.#": "0",
                            "cache_namespace": "zkq3o6",
                            "connection_id": "",
                            "connection_type": "INTERNET",
                            "content_handling": "",
                            "credentials": "",
                            "http_method": "OPTIONS",
                            "id": "agi-qxrfu3px3e-zkq3o6-OPTIONS",
                            "integration_http_method": "",
                            "passthrough_behavior": "WHEN_NO_MATCH",
                            "request_parameters.%": "0",
                            "request_templates.%": "1",
                            "request_templates.application/json": "{'statusCode': 200}",
                            "resource_id": "zkq3o6",
                            "rest_api_id": "qxrfu3px3e",
                            "timeout_milliseconds": "29000",
                            "type": "MOCK",
                            "uri": ""
                        },
                        "meta": {},
                        "tainted": false
                    },
                    "deposed": [],
                    "provider": "provider.aws"
                },
                "aws_api_gateway_integration_response.options_integration_response": {
                    "type": "aws_api_gateway_integration_response",
                    "depends_on": [
                        "aws_api_gateway_method.options_method",
                        "aws_api_gateway_method_response.options_200",
                        "aws_api_gateway_resource.cors_resource"
                    ],
                    "primary": {
                        "id": "agir-qxrfu3px3e-zkq3o6-OPTIONS-200",
                        "attributes": {
                            "content_handling": "",
                            "http_method": "OPTIONS",
                            "id": "agir-qxrfu3px3e-zkq3o6-OPTIONS-200",
                            "resource_id": "zkq3o6",
                            "response_parameters.%": "3",
                            "response_parameters.method.response.header.Access-Control-Allow-Headers": "'Content-Type,X-Amz-Date,Authorization,X-Api-Key,X-Amz-Security-Token'",
                            "response_parameters.method.response.header.Access-Control-Allow-Methods": "'OPTIONS,POST'",
                            "response_parameters.method.response.header.Access-Control-Allow-Origin": "'*'",
                            "response_templates.%": "1",
                            "response_templates.application/json": "",
                            "rest_api_id": "qxrfu3px3e",
                            "selection_pattern": "",
                            "status_code": "200"
                        },
                        "meta": {},
                        "tainted": false
                    },
                    "deposed": [],
                    "provider": "provider.aws"
                },
                "aws_api_gateway_method.cors_method": {
                    "type": "aws_api_gateway_method",
                    "depends_on": [
                        "aws_api_gateway_resource.cors_resource"
                    ],
                    "primary": {
                        "id": "agm-qxrfu3px3e-zkq3o6-POST",
                        "attributes": {
                            "api_key_required": "true",
                            "authorization": "NONE",
                            "authorization_scopes.#": "0",
                            "authorizer_id": "",
                            "http_method": "POST",
                            "id": "agm-qxrfu3px3e-zkq3o6-POST",
                            "request_models.%": "0",
                            "request_parameters.%": "0",
                            "request_validator_id": "",
                            "resource_id": "zkq3o6",
                            "rest_api_id": "qxrfu3px3e"
                        },
                        "meta": {},
                        "tainted": false
                    },
                    "deposed": [],
                    "provider": "provider.aws"
                },
                "aws_api_gateway_method.options_method": {
                    "type": "aws_api_gateway_method",
                    "depends_on": [
                        "aws_api_gateway_resource.cors_resource"
                    ],
                    "primary": {
                        "id": "agm-qxrfu3px3e-zkq3o6-OPTIONS",
                        "attributes": {
                            "api_key_required": "false",
                            "authorization": "NONE",
                            "authorization_scopes.#": "0",
                            "authorizer_id": "",
                            "http_method": "OPTIONS",
                            "id": "agm-qxrfu3px3e-zkq3o6-OPTIONS",
                            "request_models.%": "0",
                            "request_parameters.%": "0",
                            "request_validator_id": "",
                            "resource_id": "zkq3o6",
                            "rest_api_id": "qxrfu3px3e"
                        },
                        "meta": {},
                        "tainted": false
                    },
                    "deposed": [],
                    "provider": "provider.aws"
                },
                "aws_api_gateway_method_response.cors_method_response_200": {
                    "type": "aws_api_gateway_method_response",
                    "depends_on": [
                        "aws_api_gateway_method.cors_method",
                        "aws_api_gateway_resource.cors_resource"
                    ],
                    "primary": {
                        "id": "agmr-qxrfu3px3e-zkq3o6-POST-200",
                        "attributes": {
                            "http_method": "POST",
                            "id": "agmr-qxrfu3px3e-zkq3o6-POST-200",
                            "resource_id": "zkq3o6",
                            "response_models.%": "0",
                            "response_parameters.%": "1",
                            "response_parameters.method.response.header.Access-Control-Allow-Origin": "true",
                            "rest_api_id": "qxrfu3px3e",
                            "status_code": "200"
                        },
                        "meta": {},
                        "tainted": false
                    },
                    "deposed": [],
                    "provider": "provider.aws"
                },
                "aws_api_gateway_method_response.options_200": {
                    "type": "aws_api_gateway_method_response",
                    "depends_on": [
                        "aws_api_gateway_method.options_method",
                        "aws_api_gateway_resource.cors_resource"
                    ],
                    "primary": {
                        "id": "agmr-qxrfu3px3e-zkq3o6-OPTIONS-200",
                        "attributes": {
                            "http_method": "OPTIONS",
                            "id": "agmr-qxrfu3px3e-zkq3o6-OPTIONS-200",
                            "resource_id": "zkq3o6",
                            "response_models.%": "1",
                            "response_models.application/json": "Empty",
                            "response_parameters.%": "3",
                            "response_parameters.method.response.header.Access-Control-Allow-Headers": "true",
                            "response_parameters.method.response.header.Access-Control-Allow-Methods": "true",
                            "response_parameters.method.response.header.Access-Control-Allow-Origin": "true",
                            "rest_api_id": "qxrfu3px3e",
                            "status_code": "200"
                        },
                        "meta": {},
                        "tainted": false
                    },
                    "deposed": [],
                    "provider": "provider.aws"
                },
                "aws_api_gateway_resource.cors_resource": {
                    "type": "aws_api_gateway_resource",
                    "depends_on": [],
                    "primary": {
                        "id": "zkq3o6",
                        "attributes": {
                            "id": "zkq3o6",
                            "parent_id": "cws2t8m82d",
                            "path": "/cancelDrive",
                            "path_part": "cancelDrive",
                            "rest_api_id": "qxrfu3px3e"
                        },
                        "meta": {},
                        "tainted": false
                    },
                    "deposed": [],
                    "provider": "provider.aws"
                }
            },
            "depends_on": []
        },
        {
            "path": [
                "root",
                "api_get_cars"
            ],
            "outputs": {},
            "resources": {
                "aws_api_gateway_integration.options_integration": {
                    "type": "aws_api_gateway_integration",
                    "depends_on": [
                        "aws_api_gateway_method.options_method",
                        "aws_api_gateway_resource.cors_resource"
                    ],
                    "primary": {
                        "id": "agi-qxrfu3px3e-g2fcfu-OPTIONS",
                        "attributes": {
                            "cache_key_parameters.#": "0",
                            "cache_namespace": "g2fcfu",
                            "connection_id": "",
                            "connection_type": "INTERNET",
                            "content_handling": "",
                            "credentials": "",
                            "http_method": "OPTIONS",
                            "id": "agi-qxrfu3px3e-g2fcfu-OPTIONS",
                            "integration_http_method": "",
                            "passthrough_behavior": "WHEN_NO_MATCH",
                            "request_parameters.%": "0",
                            "request_templates.%": "1",
                            "request_templates.application/json": "{'statusCode': 200}",
                            "resource_id": "g2fcfu",
                            "rest_api_id": "qxrfu3px3e",
                            "timeout_milliseconds": "29000",
                            "type": "MOCK",
                            "uri": ""
                        },
                        "meta": {},
                        "tainted": false
                    },
                    "deposed": [],
                    "provider": "provider.aws"
                },
                "aws_api_gateway_integration_response.options_integration_response": {
                    "type": "aws_api_gateway_integration_response",
                    "depends_on": [
                        "aws_api_gateway_method.options_method",
                        "aws_api_gateway_method_response.options_200",
                        "aws_api_gateway_resource.cors_resource"
                    ],
                    "primary": {
                        "id": "agir-qxrfu3px3e-g2fcfu-OPTIONS-200",
                        "attributes": {
                            "content_handling": "",
                            "http_method": "OPTIONS",
                            "id": "agir-qxrfu3px3e-g2fcfu-OPTIONS-200",
                            "resource_id": "g2fcfu",
                            "response_parameters.%": "3",
                            "response_parameters.method.response.header.Access-Control-Allow-Headers": "'Content-Type,X-Amz-Date,Authorization,X-Api-Key,X-Amz-Security-Token'",
                            "response_parameters.method.response.header.Access-Control-Allow-Methods": "'OPTIONS,GET'",
                            "response_parameters.method.response.header.Access-Control-Allow-Origin": "'*'",
                            "response_templates.%": "1",
                            "response_templates.application/json": "",
                            "rest_api_id": "qxrfu3px3e",
                            "selection_pattern": "",
                            "status_code": "200"
                        },
                        "meta": {},
                        "tainted": false
                    },
                    "deposed": [],
                    "provider": "provider.aws"
                },
                "aws_api_gateway_method.cors_method": {
                    "type": "aws_api_gateway_method",
                    "depends_on": [
                        "aws_api_gateway_resource.cors_resource"
                    ],
                    "primary": {
                        "id": "agm-qxrfu3px3e-g2fcfu-GET",
                        "attributes": {
                            "api_key_required": "true",
                            "authorization": "NONE",
                            "authorization_scopes.#": "0",
                            "authorizer_id": "",
                            "http_method": "GET",
                            "id": "agm-qxrfu3px3e-g2fcfu-GET",
                            "request_models.%": "0",
                            "request_parameters.%": "0",
                            "request_validator_id": "",
                            "resource_id": "g2fcfu",
                            "rest_api_id": "qxrfu3px3e"
                        },
                        "meta": {},
                        "tainted": false
                    },
                    "deposed": [],
                    "provider": "provider.aws"
                },
                "aws_api_gateway_method.options_method": {
                    "type": "aws_api_gateway_method",
                    "depends_on": [
                        "aws_api_gateway_resource.cors_resource"
                    ],
                    "primary": {
                        "id": "agm-qxrfu3px3e-g2fcfu-OPTIONS",
                        "attributes": {
                            "api_key_required": "false",
                            "authorization": "NONE",
                            "authorization_scopes.#": "0",
                            "authorizer_id": "",
                            "http_method": "OPTIONS",
                            "id": "agm-qxrfu3px3e-g2fcfu-OPTIONS",
                            "request_models.%": "0",
                            "request_parameters.%": "0",
                            "request_validator_id": "",
                            "resource_id": "g2fcfu",
                            "rest_api_id": "qxrfu3px3e"
                        },
                        "meta": {},
                        "tainted": false
                    },
                    "deposed": [],
                    "provider": "provider.aws"
                },
                "aws_api_gateway_method_response.cors_method_response_200": {
                    "type": "aws_api_gateway_method_response",
                    "depends_on": [
                        "aws_api_gateway_method.cors_method",
                        "aws_api_gateway_resource.cors_resource"
                    ],
                    "primary": {
                        "id": "agmr-qxrfu3px3e-g2fcfu-GET-200",
                        "attributes": {
                            "http_method": "GET",
                            "id": "agmr-qxrfu3px3e-g2fcfu-GET-200",
                            "resource_id": "g2fcfu",
                            "response_models.%": "0",
                            "response_parameters.%": "1",
                            "response_parameters.method.response.header.Access-Control-Allow-Origin": "true",
                            "rest_api_id": "qxrfu3px3e",
                            "status_code": "200"
                        },
                        "meta": {},
                        "tainted": false
                    },
                    "deposed": [],
                    "provider": "provider.aws"
                },
                "aws_api_gateway_method_response.options_200": {
                    "type": "aws_api_gateway_method_response",
                    "depends_on": [
                        "aws_api_gateway_method.options_method",
                        "aws_api_gateway_resource.cors_resource"
                    ],
                    "primary": {
                        "id": "agmr-qxrfu3px3e-g2fcfu-OPTIONS-200",
                        "attributes": {
                            "http_method": "OPTIONS",
                            "id": "agmr-qxrfu3px3e-g2fcfu-OPTIONS-200",
                            "resource_id": "g2fcfu",
                            "response_models.%": "1",
                            "response_models.application/json": "Empty",
                            "response_parameters.%": "3",
                            "response_parameters.method.response.header.Access-Control-Allow-Headers": "true",
                            "response_parameters.method.response.header.Access-Control-Allow-Methods": "true",
                            "response_parameters.method.response.header.Access-Control-Allow-Origin": "true",
                            "rest_api_id": "qxrfu3px3e",
                            "status_code": "200"
                        },
                        "meta": {},
                        "tainted": false
                    },
                    "deposed": [],
                    "provider": "provider.aws"
                },
                "aws_api_gateway_resource.cors_resource": {
                    "type": "aws_api_gateway_resource",
                    "depends_on": [],
                    "primary": {
                        "id": "g2fcfu",
                        "attributes": {
                            "id": "g2fcfu",
                            "parent_id": "cws2t8m82d",
                            "path": "/cars",
                            "path_part": "cars",
                            "rest_api_id": "qxrfu3px3e"
                        },
                        "meta": {},
                        "tainted": false
                    },
                    "deposed": [],
                    "provider": "provider.aws"
                }
            },
            "depends_on": []
        },
        {
            "path": [
                "root",
                "api_get_postSurvey"
            ],
            "outputs": {},
            "resources": {
                "aws_api_gateway_integration.options_integration": {
                    "type": "aws_api_gateway_integration",
                    "depends_on": [
                        "aws_api_gateway_method.options_method",
                        "aws_api_gateway_resource.cors_resource"
                    ],
                    "primary": {
                        "id": "agi-qxrfu3px3e-g9lbn4-OPTIONS",
                        "attributes": {
                            "cache_key_parameters.#": "0",
                            "cache_namespace": "g9lbn4",
                            "connection_id": "",
                            "connection_type": "INTERNET",
                            "content_handling": "",
                            "credentials": "",
                            "http_method": "OPTIONS",
                            "id": "agi-qxrfu3px3e-g9lbn4-OPTIONS",
                            "integration_http_method": "",
                            "passthrough_behavior": "WHEN_NO_MATCH",
                            "request_parameters.%": "0",
                            "request_templates.%": "1",
                            "request_templates.application/json": "{'statusCode': 200}",
                            "resource_id": "g9lbn4",
                            "rest_api_id": "qxrfu3px3e",
                            "timeout_milliseconds": "29000",
                            "type": "MOCK",
                            "uri": ""
                        },
                        "meta": {},
                        "tainted": false
                    },
                    "deposed": [],
                    "provider": "provider.aws"
                },
                "aws_api_gateway_integration_response.options_integration_response": {
                    "type": "aws_api_gateway_integration_response",
                    "depends_on": [
                        "aws_api_gateway_method.options_method",
                        "aws_api_gateway_method_response.options_200",
                        "aws_api_gateway_resource.cors_resource"
                    ],
                    "primary": {
                        "id": "agir-qxrfu3px3e-g9lbn4-OPTIONS-200",
                        "attributes": {
                            "content_handling": "",
                            "http_method": "OPTIONS",
                            "id": "agir-qxrfu3px3e-g9lbn4-OPTIONS-200",
                            "resource_id": "g9lbn4",
                            "response_parameters.%": "3",
                            "response_parameters.method.response.header.Access-Control-Allow-Headers": "'Content-Type,X-Amz-Date,Authorization,X-Api-Key,X-Amz-Security-Token'",
                            "response_parameters.method.response.header.Access-Control-Allow-Methods": "'OPTIONS,GET'",
                            "response_parameters.method.response.header.Access-Control-Allow-Origin": "'*'",
                            "response_templates.%": "1",
                            "response_templates.application/json": "",
                            "rest_api_id": "qxrfu3px3e",
                            "selection_pattern": "",
                            "status_code": "200"
                        },
                        "meta": {},
                        "tainted": false
                    },
                    "deposed": [],
                    "provider": "provider.aws"
                },
                "aws_api_gateway_method.cors_method": {
                    "type": "aws_api_gateway_method",
                    "depends_on": [
                        "aws_api_gateway_resource.cors_resource"
                    ],
                    "primary": {
                        "id": "agm-qxrfu3px3e-g9lbn4-GET",
                        "attributes": {
                            "api_key_required": "true",
                            "authorization": "NONE",
                            "authorization_scopes.#": "0",
                            "authorizer_id": "",
                            "http_method": "GET",
                            "id": "agm-qxrfu3px3e-g9lbn4-GET",
                            "request_models.%": "0",
                            "request_parameters.%": "0",
                            "request_validator_id": "",
                            "resource_id": "g9lbn4",
                            "rest_api_id": "qxrfu3px3e"
                        },
                        "meta": {},
                        "tainted": false
                    },
                    "deposed": [],
                    "provider": "provider.aws"
                },
                "aws_api_gateway_method.options_method": {
                    "type": "aws_api_gateway_method",
                    "depends_on": [
                        "aws_api_gateway_resource.cors_resource"
                    ],
                    "primary": {
                        "id": "agm-qxrfu3px3e-g9lbn4-OPTIONS",
                        "attributes": {
                            "api_key_required": "false",
                            "authorization": "NONE",
                            "authorization_scopes.#": "0",
                            "authorizer_id": "",
                            "http_method": "OPTIONS",
                            "id": "agm-qxrfu3px3e-g9lbn4-OPTIONS",
                            "request_models.%": "0",
                            "request_parameters.%": "0",
                            "request_validator_id": "",
                            "resource_id": "g9lbn4",
                            "rest_api_id": "qxrfu3px3e"
                        },
                        "meta": {},
                        "tainted": false
                    },
                    "deposed": [],
                    "provider": "provider.aws"
                },
                "aws_api_gateway_method_response.cors_method_response_200": {
                    "type": "aws_api_gateway_method_response",
                    "depends_on": [
                        "aws_api_gateway_method.cors_method",
                        "aws_api_gateway_resource.cors_resource"
                    ],
                    "primary": {
                        "id": "agmr-qxrfu3px3e-g9lbn4-GET-200",
                        "attributes": {
                            "http_method": "GET",
                            "id": "agmr-qxrfu3px3e-g9lbn4-GET-200",
                            "resource_id": "g9lbn4",
                            "response_models.%": "0",
                            "response_parameters.%": "1",
                            "response_parameters.method.response.header.Access-Control-Allow-Origin": "true",
                            "rest_api_id": "qxrfu3px3e",
                            "status_code": "200"
                        },
                        "meta": {},
                        "tainted": false
                    },
                    "deposed": [],
                    "provider": "provider.aws"
                },
                "aws_api_gateway_method_response.options_200": {
                    "type": "aws_api_gateway_method_response",
                    "depends_on": [
                        "aws_api_gateway_method.options_method",
                        "aws_api_gateway_resource.cors_resource"
                    ],
                    "primary": {
                        "id": "agmr-qxrfu3px3e-g9lbn4-OPTIONS-200",
                        "attributes": {
                            "http_method": "OPTIONS",
                            "id": "agmr-qxrfu3px3e-g9lbn4-OPTIONS-200",
                            "resource_id": "g9lbn4",
                            "response_models.%": "1",
                            "response_models.application/json": "Empty",
                            "response_parameters.%": "3",
                            "response_parameters.method.response.header.Access-Control-Allow-Headers": "true",
                            "response_parameters.method.response.header.Access-Control-Allow-Methods": "true",
                            "response_parameters.method.response.header.Access-Control-Allow-Origin": "true",
                            "rest_api_id": "qxrfu3px3e",
                            "status_code": "200"
                        },
                        "meta": {},
                        "tainted": false
                    },
                    "deposed": [],
                    "provider": "provider.aws"
                },
                "aws_api_gateway_resource.cors_resource": {
                    "type": "aws_api_gateway_resource",
                    "depends_on": [],
                    "primary": {
                        "id": "g9lbn4",
                        "attributes": {
                            "id": "g9lbn4",
                            "parent_id": "cws2t8m82d",
                            "path": "/postSurvey",
                            "path_part": "postSurvey",
                            "rest_api_id": "qxrfu3px3e"
                        },
                        "meta": {},
                        "tainted": false
                    },
                    "deposed": [],
                    "provider": "provider.aws"
                }
            },
            "depends_on": []
        },
        {
            "path": [
                "root",
                "api_get_preSurvey"
            ],
            "outputs": {},
            "resources": {
                "aws_api_gateway_integration.options_integration": {
                    "type": "aws_api_gateway_integration",
                    "depends_on": [
                        "aws_api_gateway_method.options_method",
                        "aws_api_gateway_resource.cors_resource"
                    ],
                    "primary": {
                        "id": "agi-qxrfu3px3e-w3mb49-OPTIONS",
                        "attributes": {
                            "cache_key_parameters.#": "0",
                            "cache_namespace": "w3mb49",
                            "connection_id": "",
                            "connection_type": "INTERNET",
                            "content_handling": "",
                            "credentials": "",
                            "http_method": "OPTIONS",
                            "id": "agi-qxrfu3px3e-w3mb49-OPTIONS",
                            "integration_http_method": "",
                            "passthrough_behavior": "WHEN_NO_MATCH",
                            "request_parameters.%": "0",
                            "request_templates.%": "1",
                            "request_templates.application/json": "{'statusCode': 200}",
                            "resource_id": "w3mb49",
                            "rest_api_id": "qxrfu3px3e",
                            "timeout_milliseconds": "29000",
                            "type": "MOCK",
                            "uri": ""
                        },
                        "meta": {},
                        "tainted": false
                    },
                    "deposed": [],
                    "provider": "provider.aws"
                },
                "aws_api_gateway_integration_response.options_integration_response": {
                    "type": "aws_api_gateway_integration_response",
                    "depends_on": [
                        "aws_api_gateway_method.options_method",
                        "aws_api_gateway_method_response.options_200",
                        "aws_api_gateway_resource.cors_resource"
                    ],
                    "primary": {
                        "id": "agir-qxrfu3px3e-w3mb49-OPTIONS-200",
                        "attributes": {
                            "content_handling": "",
                            "http_method": "OPTIONS",
                            "id": "agir-qxrfu3px3e-w3mb49-OPTIONS-200",
                            "resource_id": "w3mb49",
                            "response_parameters.%": "3",
                            "response_parameters.method.response.header.Access-Control-Allow-Headers": "'Content-Type,X-Amz-Date,Authorization,X-Api-Key,X-Amz-Security-Token'",
                            "response_parameters.method.response.header.Access-Control-Allow-Methods": "'OPTIONS,GET'",
                            "response_parameters.method.response.header.Access-Control-Allow-Origin": "'*'",
                            "response_templates.%": "1",
                            "response_templates.application/json": "",
                            "rest_api_id": "qxrfu3px3e",
                            "selection_pattern": "",
                            "status_code": "200"
                        },
                        "meta": {},
                        "tainted": false
                    },
                    "deposed": [],
                    "provider": "provider.aws"
                },
                "aws_api_gateway_method.cors_method": {
                    "type": "aws_api_gateway_method",
                    "depends_on": [
                        "aws_api_gateway_resource.cors_resource"
                    ],
                    "primary": {
                        "id": "agm-qxrfu3px3e-w3mb49-GET",
                        "attributes": {
                            "api_key_required": "true",
                            "authorization": "NONE",
                            "authorization_scopes.#": "0",
                            "authorizer_id": "",
                            "http_method": "GET",
                            "id": "agm-qxrfu3px3e-w3mb49-GET",
                            "request_models.%": "0",
                            "request_parameters.%": "0",
                            "request_validator_id": "",
                            "resource_id": "w3mb49",
                            "rest_api_id": "qxrfu3px3e"
                        },
                        "meta": {},
                        "tainted": false
                    },
                    "deposed": [],
                    "provider": "provider.aws"
                },
                "aws_api_gateway_method.options_method": {
                    "type": "aws_api_gateway_method",
                    "depends_on": [
                        "aws_api_gateway_resource.cors_resource"
                    ],
                    "primary": {
                        "id": "agm-qxrfu3px3e-w3mb49-OPTIONS",
                        "attributes": {
                            "api_key_required": "false",
                            "authorization": "NONE",
                            "authorization_scopes.#": "0",
                            "authorizer_id": "",
                            "http_method": "OPTIONS",
                            "id": "agm-qxrfu3px3e-w3mb49-OPTIONS",
                            "request_models.%": "0",
                            "request_parameters.%": "0",
                            "request_validator_id": "",
                            "resource_id": "w3mb49",
                            "rest_api_id": "qxrfu3px3e"
                        },
                        "meta": {},
                        "tainted": false
                    },
                    "deposed": [],
                    "provider": "provider.aws"
                },
                "aws_api_gateway_method_response.cors_method_response_200": {
                    "type": "aws_api_gateway_method_response",
                    "depends_on": [
                        "aws_api_gateway_method.cors_method",
                        "aws_api_gateway_resource.cors_resource"
                    ],
                    "primary": {
                        "id": "agmr-qxrfu3px3e-w3mb49-GET-200",
                        "attributes": {
                            "http_method": "GET",
                            "id": "agmr-qxrfu3px3e-w3mb49-GET-200",
                            "resource_id": "w3mb49",
                            "response_models.%": "0",
                            "response_parameters.%": "1",
                            "response_parameters.method.response.header.Access-Control-Allow-Origin": "true",
                            "rest_api_id": "qxrfu3px3e",
                            "status_code": "200"
                        },
                        "meta": {},
                        "tainted": false
                    },
                    "deposed": [],
                    "provider": "provider.aws"
                },
                "aws_api_gateway_method_response.options_200": {
                    "type": "aws_api_gateway_method_response",
                    "depends_on": [
                        "aws_api_gateway_method.options_method",
                        "aws_api_gateway_resource.cors_resource"
                    ],
                    "primary": {
                        "id": "agmr-qxrfu3px3e-w3mb49-OPTIONS-200",
                        "attributes": {
                            "http_method": "OPTIONS",
                            "id": "agmr-qxrfu3px3e-w3mb49-OPTIONS-200",
                            "resource_id": "w3mb49",
                            "response_models.%": "1",
                            "response_models.application/json": "Empty",
                            "response_parameters.%": "3",
                            "response_parameters.method.response.header.Access-Control-Allow-Headers": "true",
                            "response_parameters.method.response.header.Access-Control-Allow-Methods": "true",
                            "response_parameters.method.response.header.Access-Control-Allow-Origin": "true",
                            "rest_api_id": "qxrfu3px3e",
                            "status_code": "200"
                        },
                        "meta": {},
                        "tainted": false
                    },
                    "deposed": [],
                    "provider": "provider.aws"
                },
                "aws_api_gateway_resource.cors_resource": {
                    "type": "aws_api_gateway_resource",
                    "depends_on": [],
                    "primary": {
                        "id": "w3mb49",
                        "attributes": {
                            "id": "w3mb49",
                            "parent_id": "cws2t8m82d",
                            "path": "/preSurvey",
                            "path_part": "preSurvey",
                            "rest_api_id": "qxrfu3px3e"
                        },
                        "meta": {},
                        "tainted": false
                    },
                    "deposed": [],
                    "provider": "provider.aws"
                }
            },
            "depends_on": []
        },
        {
            "path": [
                "root",
                "api_get_schedule"
            ],
            "outputs": {},
            "resources": {
                "aws_api_gateway_integration.options_integration": {
                    "type": "aws_api_gateway_integration",
                    "depends_on": [
                        "aws_api_gateway_method.options_method",
                        "aws_api_gateway_resource.cors_resource"
                    ],
                    "primary": {
                        "id": "agi-qxrfu3px3e-konnui-OPTIONS",
                        "attributes": {
                            "cache_key_parameters.#": "0",
                            "cache_namespace": "konnui",
                            "connection_id": "",
                            "connection_type": "INTERNET",
                            "content_handling": "",
                            "credentials": "",
                            "http_method": "OPTIONS",
                            "id": "agi-qxrfu3px3e-konnui-OPTIONS",
                            "integration_http_method": "",
                            "passthrough_behavior": "WHEN_NO_MATCH",
                            "request_parameters.%": "0",
                            "request_templates.%": "1",
                            "request_templates.application/json": "{'statusCode': 200}",
                            "resource_id": "konnui",
                            "rest_api_id": "qxrfu3px3e",
                            "timeout_milliseconds": "29000",
                            "type": "MOCK",
                            "uri": ""
                        },
                        "meta": {},
                        "tainted": false
                    },
                    "deposed": [],
                    "provider": "provider.aws"
                },
                "aws_api_gateway_integration_response.options_integration_response": {
                    "type": "aws_api_gateway_integration_response",
                    "depends_on": [
                        "aws_api_gateway_method.options_method",
                        "aws_api_gateway_method_response.options_200",
                        "aws_api_gateway_resource.cors_resource"
                    ],
                    "primary": {
                        "id": "agir-qxrfu3px3e-konnui-OPTIONS-200",
                        "attributes": {
                            "content_handling": "",
                            "http_method": "OPTIONS",
                            "id": "agir-qxrfu3px3e-konnui-OPTIONS-200",
                            "resource_id": "konnui",
                            "response_parameters.%": "3",
                            "response_parameters.method.response.header.Access-Control-Allow-Headers": "'Content-Type,X-Amz-Date,Authorization,X-Api-Key,X-Amz-Security-Token'",
                            "response_parameters.method.response.header.Access-Control-Allow-Methods": "'OPTIONS,GET'",
                            "response_parameters.method.response.header.Access-Control-Allow-Origin": "'*'",
                            "response_templates.%": "1",
                            "response_templates.application/json": "",
                            "rest_api_id": "qxrfu3px3e",
                            "selection_pattern": "",
                            "status_code": "200"
                        },
                        "meta": {},
                        "tainted": false
                    },
                    "deposed": [],
                    "provider": "provider.aws"
                },
                "aws_api_gateway_method.cors_method": {
                    "type": "aws_api_gateway_method",
                    "depends_on": [
                        "aws_api_gateway_resource.cors_resource"
                    ],
                    "primary": {
                        "id": "agm-qxrfu3px3e-konnui-GET",
                        "attributes": {
                            "api_key_required": "true",
                            "authorization": "NONE",
                            "authorization_scopes.#": "0",
                            "authorizer_id": "",
                            "http_method": "GET",
                            "id": "agm-qxrfu3px3e-konnui-GET",
                            "request_models.%": "0",
                            "request_parameters.%": "0",
                            "request_validator_id": "",
                            "resource_id": "konnui",
                            "rest_api_id": "qxrfu3px3e"
                        },
                        "meta": {},
                        "tainted": false
                    },
                    "deposed": [],
                    "provider": "provider.aws"
                },
                "aws_api_gateway_method.options_method": {
                    "type": "aws_api_gateway_method",
                    "depends_on": [
                        "aws_api_gateway_resource.cors_resource"
                    ],
                    "primary": {
                        "id": "agm-qxrfu3px3e-konnui-OPTIONS",
                        "attributes": {
                            "api_key_required": "false",
                            "authorization": "NONE",
                            "authorization_scopes.#": "0",
                            "authorizer_id": "",
                            "http_method": "OPTIONS",
                            "id": "agm-qxrfu3px3e-konnui-OPTIONS",
                            "request_models.%": "0",
                            "request_parameters.%": "0",
                            "request_validator_id": "",
                            "resource_id": "konnui",
                            "rest_api_id": "qxrfu3px3e"
                        },
                        "meta": {},
                        "tainted": false
                    },
                    "deposed": [],
                    "provider": "provider.aws"
                },
                "aws_api_gateway_method_response.cors_method_response_200": {
                    "type": "aws_api_gateway_method_response",
                    "depends_on": [
                        "aws_api_gateway_method.cors_method",
                        "aws_api_gateway_resource.cors_resource"
                    ],
                    "primary": {
                        "id": "agmr-qxrfu3px3e-konnui-GET-200",
                        "attributes": {
                            "http_method": "GET",
                            "id": "agmr-qxrfu3px3e-konnui-GET-200",
                            "resource_id": "konnui",
                            "response_models.%": "0",
                            "response_parameters.%": "1",
                            "response_parameters.method.response.header.Access-Control-Allow-Origin": "true",
                            "rest_api_id": "qxrfu3px3e",
                            "status_code": "200"
                        },
                        "meta": {},
                        "tainted": false
                    },
                    "deposed": [],
                    "provider": "provider.aws"
                },
                "aws_api_gateway_method_response.options_200": {
                    "type": "aws_api_gateway_method_response",
                    "depends_on": [
                        "aws_api_gateway_method.options_method",
                        "aws_api_gateway_resource.cors_resource"
                    ],
                    "primary": {
                        "id": "agmr-qxrfu3px3e-konnui-OPTIONS-200",
                        "attributes": {
                            "http_method": "OPTIONS",
                            "id": "agmr-qxrfu3px3e-konnui-OPTIONS-200",
                            "resource_id": "konnui",
                            "response_models.%": "1",
                            "response_models.application/json": "Empty",
                            "response_parameters.%": "3",
                            "response_parameters.method.response.header.Access-Control-Allow-Headers": "true",
                            "response_parameters.method.response.header.Access-Control-Allow-Methods": "true",
                            "response_parameters.method.response.header.Access-Control-Allow-Origin": "true",
                            "rest_api_id": "qxrfu3px3e",
                            "status_code": "200"
                        },
                        "meta": {},
                        "tainted": false
                    },
                    "deposed": [],
                    "provider": "provider.aws"
                },
                "aws_api_gateway_resource.cors_resource": {
                    "type": "aws_api_gateway_resource",
                    "depends_on": [],
                    "primary": {
                        "id": "konnui",
                        "attributes": {
                            "id": "konnui",
                            "parent_id": "cws2t8m82d",
                            "path": "/schedule",
                            "path_part": "schedule",
                            "rest_api_id": "qxrfu3px3e"
                        },
                        "meta": {},
                        "tainted": false
                    },
                    "deposed": [],
                    "provider": "provider.aws"
                }
            },
            "depends_on": []
        },
        {
            "path": [
                "root",
                "api_get_timeSlots"
            ],
            "outputs": {},
            "resources": {
                "aws_api_gateway_integration.options_integration": {
                    "type": "aws_api_gateway_integration",
                    "depends_on": [
                        "aws_api_gateway_method.options_method",
                        "aws_api_gateway_resource.cors_resource"
                    ],
                    "primary": {
                        "id": "agi-qxrfu3px3e-8690oc-OPTIONS",
                        "attributes": {
                            "cache_key_parameters.#": "0",
                            "cache_namespace": "8690oc",
                            "connection_id": "",
                            "connection_type": "INTERNET",
                            "content_handling": "",
                            "credentials": "",
                            "http_method": "OPTIONS",
                            "id": "agi-qxrfu3px3e-8690oc-OPTIONS",
                            "integration_http_method": "",
                            "passthrough_behavior": "WHEN_NO_MATCH",
                            "request_parameters.%": "0",
                            "request_templates.%": "1",
                            "request_templates.application/json": "{'statusCode': 200}",
                            "resource_id": "8690oc",
                            "rest_api_id": "qxrfu3px3e",
                            "timeout_milliseconds": "29000",
                            "type": "MOCK",
                            "uri": ""
                        },
                        "meta": {},
                        "tainted": false
                    },
                    "deposed": [],
                    "provider": "provider.aws"
                },
                "aws_api_gateway_integration_response.options_integration_response": {
                    "type": "aws_api_gateway_integration_response",
                    "depends_on": [
                        "aws_api_gateway_method.options_method",
                        "aws_api_gateway_method_response.options_200",
                        "aws_api_gateway_resource.cors_resource"
                    ],
                    "primary": {
                        "id": "agir-qxrfu3px3e-8690oc-OPTIONS-200",
                        "attributes": {
                            "content_handling": "",
                            "http_method": "OPTIONS",
                            "id": "agir-qxrfu3px3e-8690oc-OPTIONS-200",
                            "resource_id": "8690oc",
                            "response_parameters.%": "3",
                            "response_parameters.method.response.header.Access-Control-Allow-Headers": "'Content-Type,X-Amz-Date,Authorization,X-Api-Key,X-Amz-Security-Token'",
                            "response_parameters.method.response.header.Access-Control-Allow-Methods": "'OPTIONS,GET'",
                            "response_parameters.method.response.header.Access-Control-Allow-Origin": "'*'",
                            "response_templates.%": "1",
                            "response_templates.application/json": "",
                            "rest_api_id": "qxrfu3px3e",
                            "selection_pattern": "",
                            "status_code": "200"
                        },
                        "meta": {},
                        "tainted": false
                    },
                    "deposed": [],
                    "provider": "provider.aws"
                },
                "aws_api_gateway_method.cors_method": {
                    "type": "aws_api_gateway_method",
                    "depends_on": [
                        "aws_api_gateway_resource.cors_resource"
                    ],
                    "primary": {
                        "id": "agm-qxrfu3px3e-8690oc-GET",
                        "attributes": {
                            "api_key_required": "true",
                            "authorization": "NONE",
                            "authorization_scopes.#": "0",
                            "authorizer_id": "",
                            "http_method": "GET",
                            "id": "agm-qxrfu3px3e-8690oc-GET",
                            "request_models.%": "0",
                            "request_parameters.%": "0",
                            "request_validator_id": "",
                            "resource_id": "8690oc",
                            "rest_api_id": "qxrfu3px3e"
                        },
                        "meta": {},
                        "tainted": false
                    },
                    "deposed": [],
                    "provider": "provider.aws"
                },
                "aws_api_gateway_method.options_method": {
                    "type": "aws_api_gateway_method",
                    "depends_on": [
                        "aws_api_gateway_resource.cors_resource"
                    ],
                    "primary": {
                        "id": "agm-qxrfu3px3e-8690oc-OPTIONS",
                        "attributes": {
                            "api_key_required": "false",
                            "authorization": "NONE",
                            "authorization_scopes.#": "0",
                            "authorizer_id": "",
                            "http_method": "OPTIONS",
                            "id": "agm-qxrfu3px3e-8690oc-OPTIONS",
                            "request_models.%": "0",
                            "request_parameters.%": "0",
                            "request_validator_id": "",
                            "resource_id": "8690oc",
                            "rest_api_id": "qxrfu3px3e"
                        },
                        "meta": {},
                        "tainted": false
                    },
                    "deposed": [],
                    "provider": "provider.aws"
                },
                "aws_api_gateway_method_response.cors_method_response_200": {
                    "type": "aws_api_gateway_method_response",
                    "depends_on": [
                        "aws_api_gateway_method.cors_method",
                        "aws_api_gateway_resource.cors_resource"
                    ],
                    "primary": {
                        "id": "agmr-qxrfu3px3e-8690oc-GET-200",
                        "attributes": {
                            "http_method": "GET",
                            "id": "agmr-qxrfu3px3e-8690oc-GET-200",
                            "resource_id": "8690oc",
                            "response_models.%": "0",
                            "response_parameters.%": "1",
                            "response_parameters.method.response.header.Access-Control-Allow-Origin": "true",
                            "rest_api_id": "qxrfu3px3e",
                            "status_code": "200"
                        },
                        "meta": {},
                        "tainted": false
                    },
                    "deposed": [],
                    "provider": "provider.aws"
                },
                "aws_api_gateway_method_response.options_200": {
                    "type": "aws_api_gateway_method_response",
                    "depends_on": [
                        "aws_api_gateway_method.options_method",
                        "aws_api_gateway_resource.cors_resource"
                    ],
                    "primary": {
                        "id": "agmr-qxrfu3px3e-8690oc-OPTIONS-200",
                        "attributes": {
                            "http_method": "OPTIONS",
                            "id": "agmr-qxrfu3px3e-8690oc-OPTIONS-200",
                            "resource_id": "8690oc",
                            "response_models.%": "1",
                            "response_models.application/json": "Empty",
                            "response_parameters.%": "3",
                            "response_parameters.method.response.header.Access-Control-Allow-Headers": "true",
                            "response_parameters.method.response.header.Access-Control-Allow-Methods": "true",
                            "response_parameters.method.response.header.Access-Control-Allow-Origin": "true",
                            "rest_api_id": "qxrfu3px3e",
                            "status_code": "200"
                        },
                        "meta": {},
                        "tainted": false
                    },
                    "deposed": [],
                    "provider": "provider.aws"
                },
                "aws_api_gateway_resource.cors_resource": {
                    "type": "aws_api_gateway_resource",
                    "depends_on": [],
                    "primary": {
                        "id": "8690oc",
                        "attributes": {
                            "id": "8690oc",
                            "parent_id": "cws2t8m82d",
                            "path": "/timeSlots",
                            "path_part": "timeSlots",
                            "rest_api_id": "qxrfu3px3e"
                        },
                        "meta": {},
                        "tainted": false
                    },
                    "deposed": [],
                    "provider": "provider.aws"
                }
            },
            "depends_on": []
        },
        {
            "path": [
                "root",
                "api_get_user"
            ],
            "outputs": {},
            "resources": {
                "aws_api_gateway_integration.options_integration": {
                    "type": "aws_api_gateway_integration",
                    "depends_on": [
                        "aws_api_gateway_method.options_method",
                        "aws_api_gateway_resource.cors_resource"
                    ],
                    "primary": {
                        "id": "agi-qxrfu3px3e-rjmk65-OPTIONS",
                        "attributes": {
                            "cache_key_parameters.#": "0",
                            "cache_namespace": "rjmk65",
                            "connection_id": "",
                            "connection_type": "INTERNET",
                            "content_handling": "",
                            "credentials": "",
                            "http_method": "OPTIONS",
                            "id": "agi-qxrfu3px3e-rjmk65-OPTIONS",
                            "integration_http_method": "",
                            "passthrough_behavior": "WHEN_NO_MATCH",
                            "request_parameters.%": "0",
                            "request_templates.%": "1",
                            "request_templates.application/json": "{'statusCode': 200}",
                            "resource_id": "rjmk65",
                            "rest_api_id": "qxrfu3px3e",
                            "timeout_milliseconds": "29000",
                            "type": "MOCK",
                            "uri": ""
                        },
                        "meta": {},
                        "tainted": false
                    },
                    "deposed": [],
                    "provider": "provider.aws"
                },
                "aws_api_gateway_integration_response.options_integration_response": {
                    "type": "aws_api_gateway_integration_response",
                    "depends_on": [
                        "aws_api_gateway_method.options_method",
                        "aws_api_gateway_method_response.options_200",
                        "aws_api_gateway_resource.cors_resource"
                    ],
                    "primary": {
                        "id": "agir-qxrfu3px3e-rjmk65-OPTIONS-200",
                        "attributes": {
                            "content_handling": "",
                            "http_method": "OPTIONS",
                            "id": "agir-qxrfu3px3e-rjmk65-OPTIONS-200",
                            "resource_id": "rjmk65",
                            "response_parameters.%": "3",
                            "response_parameters.method.response.header.Access-Control-Allow-Headers": "'Content-Type,X-Amz-Date,Authorization,X-Api-Key,X-Amz-Security-Token'",
                            "response_parameters.method.response.header.Access-Control-Allow-Methods": "'OPTIONS,GET'",
                            "response_parameters.method.response.header.Access-Control-Allow-Origin": "'*'",
                            "response_templates.%": "1",
                            "response_templates.application/json": "",
                            "rest_api_id": "qxrfu3px3e",
                            "selection_pattern": "",
                            "status_code": "200"
                        },
                        "meta": {},
                        "tainted": false
                    },
                    "deposed": [],
                    "provider": "provider.aws"
                },
                "aws_api_gateway_method.cors_method": {
                    "type": "aws_api_gateway_method",
                    "depends_on": [
                        "aws_api_gateway_resource.cors_resource"
                    ],
                    "primary": {
                        "id": "agm-qxrfu3px3e-rjmk65-GET",
                        "attributes": {
                            "api_key_required": "true",
                            "authorization": "NONE",
                            "authorization_scopes.#": "0",
                            "authorizer_id": "",
                            "http_method": "GET",
                            "id": "agm-qxrfu3px3e-rjmk65-GET",
                            "request_models.%": "0",
                            "request_parameters.%": "0",
                            "request_validator_id": "",
                            "resource_id": "rjmk65",
                            "rest_api_id": "qxrfu3px3e"
                        },
                        "meta": {},
                        "tainted": false
                    },
                    "deposed": [],
                    "provider": "provider.aws"
                },
                "aws_api_gateway_method.options_method": {
                    "type": "aws_api_gateway_method",
                    "depends_on": [
                        "aws_api_gateway_resource.cors_resource"
                    ],
                    "primary": {
                        "id": "agm-qxrfu3px3e-rjmk65-OPTIONS",
                        "attributes": {
                            "api_key_required": "false",
                            "authorization": "NONE",
                            "authorization_scopes.#": "0",
                            "authorizer_id": "",
                            "http_method": "OPTIONS",
                            "id": "agm-qxrfu3px3e-rjmk65-OPTIONS",
                            "request_models.%": "0",
                            "request_parameters.%": "0",
                            "request_validator_id": "",
                            "resource_id": "rjmk65",
                            "rest_api_id": "qxrfu3px3e"
                        },
                        "meta": {},
                        "tainted": false
                    },
                    "deposed": [],
                    "provider": "provider.aws"
                },
                "aws_api_gateway_method_response.cors_method_response_200": {
                    "type": "aws_api_gateway_method_response",
                    "depends_on": [
                        "aws_api_gateway_method.cors_method",
                        "aws_api_gateway_resource.cors_resource"
                    ],
                    "primary": {
                        "id": "agmr-qxrfu3px3e-rjmk65-GET-200",
                        "attributes": {
                            "http_method": "GET",
                            "id": "agmr-qxrfu3px3e-rjmk65-GET-200",
                            "resource_id": "rjmk65",
                            "response_models.%": "0",
                            "response_parameters.%": "1",
                            "response_parameters.method.response.header.Access-Control-Allow-Origin": "true",
                            "rest_api_id": "qxrfu3px3e",
                            "status_code": "200"
                        },
                        "meta": {},
                        "tainted": false
                    },
                    "deposed": [],
                    "provider": "provider.aws"
                },
                "aws_api_gateway_method_response.options_200": {
                    "type": "aws_api_gateway_method_response",
                    "depends_on": [
                        "aws_api_gateway_method.options_method",
                        "aws_api_gateway_resource.cors_resource"
                    ],
                    "primary": {
                        "id": "agmr-qxrfu3px3e-rjmk65-OPTIONS-200",
                        "attributes": {
                            "http_method": "OPTIONS",
                            "id": "agmr-qxrfu3px3e-rjmk65-OPTIONS-200",
                            "resource_id": "rjmk65",
                            "response_models.%": "1",
                            "response_models.application/json": "Empty",
                            "response_parameters.%": "3",
                            "response_parameters.method.response.header.Access-Control-Allow-Headers": "true",
                            "response_parameters.method.response.header.Access-Control-Allow-Methods": "true",
                            "response_parameters.method.response.header.Access-Control-Allow-Origin": "true",
                            "rest_api_id": "qxrfu3px3e",
                            "status_code": "200"
                        },
                        "meta": {},
                        "tainted": false
                    },
                    "deposed": [],
                    "provider": "provider.aws"
                },
                "aws_api_gateway_resource.cors_resource": {
                    "type": "aws_api_gateway_resource",
                    "depends_on": [],
                    "primary": {
                        "id": "rjmk65",
                        "attributes": {
                            "id": "rjmk65",
                            "parent_id": "cws2t8m82d",
                            "path": "/getUser",
                            "path_part": "getUser",
                            "rest_api_id": "qxrfu3px3e"
                        },
                        "meta": {},
                        "tainted": false
                    },
                    "deposed": [],
                    "provider": "provider.aws"
                }
            },
            "depends_on": []
        },
        {
            "path": [
                "root",
                "api_post_saveSurvey"
            ],
            "outputs": {},
            "resources": {
                "aws_api_gateway_integration.options_integration": {
                    "type": "aws_api_gateway_integration",
                    "depends_on": [
                        "aws_api_gateway_method.options_method",
                        "aws_api_gateway_resource.cors_resource"
                    ],
                    "primary": {
                        "id": "agi-qxrfu3px3e-b6xlqa-OPTIONS",
                        "attributes": {
                            "cache_key_parameters.#": "0",
                            "cache_namespace": "b6xlqa",
                            "connection_id": "",
                            "connection_type": "INTERNET",
                            "content_handling": "",
                            "credentials": "",
                            "http_method": "OPTIONS",
                            "id": "agi-qxrfu3px3e-b6xlqa-OPTIONS",
                            "integration_http_method": "",
                            "passthrough_behavior": "WHEN_NO_MATCH",
                            "request_parameters.%": "0",
                            "request_templates.%": "1",
                            "request_templates.application/json": "{'statusCode': 200}",
                            "resource_id": "b6xlqa",
                            "rest_api_id": "qxrfu3px3e",
                            "timeout_milliseconds": "29000",
                            "type": "MOCK",
                            "uri": ""
                        },
                        "meta": {},
                        "tainted": false
                    },
                    "deposed": [],
                    "provider": "provider.aws"
                },
                "aws_api_gateway_integration_response.options_integration_response": {
                    "type": "aws_api_gateway_integration_response",
                    "depends_on": [
                        "aws_api_gateway_method.options_method",
                        "aws_api_gateway_method_response.options_200",
                        "aws_api_gateway_resource.cors_resource"
                    ],
                    "primary": {
                        "id": "agir-qxrfu3px3e-b6xlqa-OPTIONS-200",
                        "attributes": {
                            "content_handling": "",
                            "http_method": "OPTIONS",
                            "id": "agir-qxrfu3px3e-b6xlqa-OPTIONS-200",
                            "resource_id": "b6xlqa",
                            "response_parameters.%": "3",
                            "response_parameters.method.response.header.Access-Control-Allow-Headers": "'Content-Type,X-Amz-Date,Authorization,X-Api-Key,X-Amz-Security-Token'",
                            "response_parameters.method.response.header.Access-Control-Allow-Methods": "'OPTIONS,POST'",
                            "response_parameters.method.response.header.Access-Control-Allow-Origin": "'*'",
                            "response_templates.%": "1",
                            "response_templates.application/json": "",
                            "rest_api_id": "qxrfu3px3e",
                            "selection_pattern": "",
                            "status_code": "200"
                        },
                        "meta": {},
                        "tainted": false
                    },
                    "deposed": [],
                    "provider": "provider.aws"
                },
                "aws_api_gateway_method.cors_method": {
                    "type": "aws_api_gateway_method",
                    "depends_on": [
                        "aws_api_gateway_resource.cors_resource"
                    ],
                    "primary": {
                        "id": "agm-qxrfu3px3e-b6xlqa-POST",
                        "attributes": {
                            "api_key_required": "true",
                            "authorization": "NONE",
                            "authorization_scopes.#": "0",
                            "authorizer_id": "",
                            "http_method": "POST",
                            "id": "agm-qxrfu3px3e-b6xlqa-POST",
                            "request_models.%": "0",
                            "request_parameters.%": "0",
                            "request_validator_id": "",
                            "resource_id": "b6xlqa",
                            "rest_api_id": "qxrfu3px3e"
                        },
                        "meta": {},
                        "tainted": false
                    },
                    "deposed": [],
                    "provider": "provider.aws"
                },
                "aws_api_gateway_method.options_method": {
                    "type": "aws_api_gateway_method",
                    "depends_on": [
                        "aws_api_gateway_resource.cors_resource"
                    ],
                    "primary": {
                        "id": "agm-qxrfu3px3e-b6xlqa-OPTIONS",
                        "attributes": {
                            "api_key_required": "false",
                            "authorization": "NONE",
                            "authorization_scopes.#": "0",
                            "authorizer_id": "",
                            "http_method": "OPTIONS",
                            "id": "agm-qxrfu3px3e-b6xlqa-OPTIONS",
                            "request_models.%": "0",
                            "request_parameters.%": "0",
                            "request_validator_id": "",
                            "resource_id": "b6xlqa",
                            "rest_api_id": "qxrfu3px3e"
                        },
                        "meta": {},
                        "tainted": false
                    },
                    "deposed": [],
                    "provider": "provider.aws"
                },
                "aws_api_gateway_method_response.cors_method_response_200": {
                    "type": "aws_api_gateway_method_response",
                    "depends_on": [
                        "aws_api_gateway_method.cors_method",
                        "aws_api_gateway_resource.cors_resource"
                    ],
                    "primary": {
                        "id": "agmr-qxrfu3px3e-b6xlqa-POST-200",
                        "attributes": {
                            "http_method": "POST",
                            "id": "agmr-qxrfu3px3e-b6xlqa-POST-200",
                            "resource_id": "b6xlqa",
                            "response_models.%": "0",
                            "response_parameters.%": "1",
                            "response_parameters.method.response.header.Access-Control-Allow-Origin": "true",
                            "rest_api_id": "qxrfu3px3e",
                            "status_code": "200"
                        },
                        "meta": {},
                        "tainted": false
                    },
                    "deposed": [],
                    "provider": "provider.aws"
                },
                "aws_api_gateway_method_response.options_200": {
                    "type": "aws_api_gateway_method_response",
                    "depends_on": [
                        "aws_api_gateway_method.options_method",
                        "aws_api_gateway_resource.cors_resource"
                    ],
                    "primary": {
                        "id": "agmr-qxrfu3px3e-b6xlqa-OPTIONS-200",
                        "attributes": {
                            "http_method": "OPTIONS",
                            "id": "agmr-qxrfu3px3e-b6xlqa-OPTIONS-200",
                            "resource_id": "b6xlqa",
                            "response_models.%": "1",
                            "response_models.application/json": "Empty",
                            "response_parameters.%": "3",
                            "response_parameters.method.response.header.Access-Control-Allow-Headers": "true",
                            "response_parameters.method.response.header.Access-Control-Allow-Methods": "true",
                            "response_parameters.method.response.header.Access-Control-Allow-Origin": "true",
                            "rest_api_id": "qxrfu3px3e",
                            "status_code": "200"
                        },
                        "meta": {},
                        "tainted": false
                    },
                    "deposed": [],
                    "provider": "provider.aws"
                },
                "aws_api_gateway_resource.cors_resource": {
                    "type": "aws_api_gateway_resource",
                    "depends_on": [],
                    "primary": {
                        "id": "b6xlqa",
                        "attributes": {
                            "id": "b6xlqa",
                            "parent_id": "cws2t8m82d",
                            "path": "/survey",
                            "path_part": "survey",
                            "rest_api_id": "qxrfu3px3e"
                        },
                        "meta": {},
                        "tainted": false
                    },
                    "deposed": [],
                    "provider": "provider.aws"
                }
            },
            "depends_on": []
        },
        {
            "path": [
                "root",
                "api_post_scheduleDrive"
            ],
            "outputs": {},
            "resources": {
                "aws_api_gateway_integration.options_integration": {
                    "type": "aws_api_gateway_integration",
                    "depends_on": [
                        "aws_api_gateway_method.options_method",
                        "aws_api_gateway_resource.cors_resource"
                    ],
                    "primary": {
                        "id": "agi-qxrfu3px3e-pa686b-OPTIONS",
                        "attributes": {
                            "cache_key_parameters.#": "0",
                            "cache_namespace": "pa686b",
                            "connection_id": "",
                            "connection_type": "INTERNET",
                            "content_handling": "",
                            "credentials": "",
                            "http_method": "OPTIONS",
                            "id": "agi-qxrfu3px3e-pa686b-OPTIONS",
                            "integration_http_method": "",
                            "passthrough_behavior": "WHEN_NO_MATCH",
                            "request_parameters.%": "0",
                            "request_templates.%": "1",
                            "request_templates.application/json": "{'statusCode': 200}",
                            "resource_id": "pa686b",
                            "rest_api_id": "qxrfu3px3e",
                            "timeout_milliseconds": "29000",
                            "type": "MOCK",
                            "uri": ""
                        },
                        "meta": {},
                        "tainted": false
                    },
                    "deposed": [],
                    "provider": "provider.aws"
                },
                "aws_api_gateway_integration_response.options_integration_response": {
                    "type": "aws_api_gateway_integration_response",
                    "depends_on": [
                        "aws_api_gateway_method.options_method",
                        "aws_api_gateway_method_response.options_200",
                        "aws_api_gateway_resource.cors_resource"
                    ],
                    "primary": {
                        "id": "agir-qxrfu3px3e-pa686b-OPTIONS-200",
                        "attributes": {
                            "content_handling": "",
                            "http_method": "OPTIONS",
                            "id": "agir-qxrfu3px3e-pa686b-OPTIONS-200",
                            "resource_id": "pa686b",
                            "response_parameters.%": "3",
                            "response_parameters.method.response.header.Access-Control-Allow-Headers": "'Content-Type,X-Amz-Date,Authorization,X-Api-Key,X-Amz-Security-Token'",
                            "response_parameters.method.response.header.Access-Control-Allow-Methods": "'OPTIONS,POST'",
                            "response_parameters.method.response.header.Access-Control-Allow-Origin": "'*'",
                            "response_templates.%": "1",
                            "response_templates.application/json": "",
                            "rest_api_id": "qxrfu3px3e",
                            "selection_pattern": "",
                            "status_code": "200"
                        },
                        "meta": {},
                        "tainted": false
                    },
                    "deposed": [],
                    "provider": "provider.aws"
                },
                "aws_api_gateway_method.cors_method": {
                    "type": "aws_api_gateway_method",
                    "depends_on": [
                        "aws_api_gateway_resource.cors_resource"
                    ],
                    "primary": {
                        "id": "agm-qxrfu3px3e-pa686b-POST",
                        "attributes": {
                            "api_key_required": "true",
                            "authorization": "NONE",
                            "authorization_scopes.#": "0",
                            "authorizer_id": "",
                            "http_method": "POST",
                            "id": "agm-qxrfu3px3e-pa686b-POST",
                            "request_models.%": "0",
                            "request_parameters.%": "0",
                            "request_validator_id": "",
                            "resource_id": "pa686b",
                            "rest_api_id": "qxrfu3px3e"
                        },
                        "meta": {},
                        "tainted": false
                    },
                    "deposed": [],
                    "provider": "provider.aws"
                },
                "aws_api_gateway_method.options_method": {
                    "type": "aws_api_gateway_method",
                    "depends_on": [
                        "aws_api_gateway_resource.cors_resource"
                    ],
                    "primary": {
                        "id": "agm-qxrfu3px3e-pa686b-OPTIONS",
                        "attributes": {
                            "api_key_required": "false",
                            "authorization": "NONE",
                            "authorization_scopes.#": "0",
                            "authorizer_id": "",
                            "http_method": "OPTIONS",
                            "id": "agm-qxrfu3px3e-pa686b-OPTIONS",
                            "request_models.%": "0",
                            "request_parameters.%": "0",
                            "request_validator_id": "",
                            "resource_id": "pa686b",
                            "rest_api_id": "qxrfu3px3e"
                        },
                        "meta": {},
                        "tainted": false
                    },
                    "deposed": [],
                    "provider": "provider.aws"
                },
                "aws_api_gateway_method_response.cors_method_response_200": {
                    "type": "aws_api_gateway_method_response",
                    "depends_on": [
                        "aws_api_gateway_method.cors_method",
                        "aws_api_gateway_resource.cors_resource"
                    ],
                    "primary": {
                        "id": "agmr-qxrfu3px3e-pa686b-POST-200",
                        "attributes": {
                            "http_method": "POST",
                            "id": "agmr-qxrfu3px3e-pa686b-POST-200",
                            "resource_id": "pa686b",
                            "response_models.%": "0",
                            "response_parameters.%": "1",
                            "response_parameters.method.response.header.Access-Control-Allow-Origin": "true",
                            "rest_api_id": "qxrfu3px3e",
                            "status_code": "200"
                        },
                        "meta": {},
                        "tainted": false
                    },
                    "deposed": [],
                    "provider": "provider.aws"
                },
                "aws_api_gateway_method_response.options_200": {
                    "type": "aws_api_gateway_method_response",
                    "depends_on": [
                        "aws_api_gateway_method.options_method",
                        "aws_api_gateway_resource.cors_resource"
                    ],
                    "primary": {
                        "id": "agmr-qxrfu3px3e-pa686b-OPTIONS-200",
                        "attributes": {
                            "http_method": "OPTIONS",
                            "id": "agmr-qxrfu3px3e-pa686b-OPTIONS-200",
                            "resource_id": "pa686b",
                            "response_models.%": "1",
                            "response_models.application/json": "Empty",
                            "response_parameters.%": "3",
                            "response_parameters.method.response.header.Access-Control-Allow-Headers": "true",
                            "response_parameters.method.response.header.Access-Control-Allow-Methods": "true",
                            "response_parameters.method.response.header.Access-Control-Allow-Origin": "true",
                            "rest_api_id": "qxrfu3px3e",
                            "status_code": "200"
                        },
                        "meta": {},
                        "tainted": false
                    },
                    "deposed": [],
                    "provider": "provider.aws"
                },
                "aws_api_gateway_resource.cors_resource": {
                    "type": "aws_api_gateway_resource",
                    "depends_on": [],
                    "primary": {
                        "id": "pa686b",
                        "attributes": {
                            "id": "pa686b",
                            "parent_id": "cws2t8m82d",
                            "path": "/drive",
                            "path_part": "drive",
                            "rest_api_id": "qxrfu3px3e"
                        },
                        "meta": {},
                        "tainted": false
                    },
                    "deposed": [],
                    "provider": "provider.aws"
                }
            },
            "depends_on": []
        },
        {
            "path": [
                "root",
                "api_post_user"
            ],
            "outputs": {},
            "resources": {
                "aws_api_gateway_integration.options_integration": {
                    "type": "aws_api_gateway_integration",
                    "depends_on": [
                        "aws_api_gateway_method.options_method",
                        "aws_api_gateway_resource.cors_resource"
                    ],
                    "primary": {
                        "id": "agi-qxrfu3px3e-0dw8wb-OPTIONS",
                        "attributes": {
                            "cache_key_parameters.#": "0",
                            "cache_namespace": "0dw8wb",
                            "connection_id": "",
                            "connection_type": "INTERNET",
                            "content_handling": "",
                            "credentials": "",
                            "http_method": "OPTIONS",
                            "id": "agi-qxrfu3px3e-0dw8wb-OPTIONS",
                            "integration_http_method": "",
                            "passthrough_behavior": "WHEN_NO_MATCH",
                            "request_parameters.%": "0",
                            "request_templates.%": "1",
                            "request_templates.application/json": "{'statusCode': 200}",
                            "resource_id": "0dw8wb",
                            "rest_api_id": "qxrfu3px3e",
                            "timeout_milliseconds": "29000",
                            "type": "MOCK",
                            "uri": ""
                        },
                        "meta": {},
                        "tainted": false
                    },
                    "deposed": [],
                    "provider": "provider.aws"
                },
                "aws_api_gateway_integration_response.options_integration_response": {
                    "type": "aws_api_gateway_integration_response",
                    "depends_on": [
                        "aws_api_gateway_method.options_method",
                        "aws_api_gateway_method_response.options_200",
                        "aws_api_gateway_resource.cors_resource"
                    ],
                    "primary": {
                        "id": "agir-qxrfu3px3e-0dw8wb-OPTIONS-200",
                        "attributes": {
                            "content_handling": "",
                            "http_method": "OPTIONS",
                            "id": "agir-qxrfu3px3e-0dw8wb-OPTIONS-200",
                            "resource_id": "0dw8wb",
                            "response_parameters.%": "3",
                            "response_parameters.method.response.header.Access-Control-Allow-Headers": "'Content-Type,X-Amz-Date,Authorization,X-Api-Key,X-Amz-Security-Token'",
                            "response_parameters.method.response.header.Access-Control-Allow-Methods": "'OPTIONS,POST'",
                            "response_parameters.method.response.header.Access-Control-Allow-Origin": "'*'",
                            "response_templates.%": "1",
                            "response_templates.application/json": "",
                            "rest_api_id": "qxrfu3px3e",
                            "selection_pattern": "",
                            "status_code": "200"
                        },
                        "meta": {},
                        "tainted": false
                    },
                    "deposed": [],
                    "provider": "provider.aws"
                },
                "aws_api_gateway_method.cors_method": {
                    "type": "aws_api_gateway_method",
                    "depends_on": [
                        "aws_api_gateway_resource.cors_resource"
                    ],
                    "primary": {
                        "id": "agm-qxrfu3px3e-0dw8wb-POST",
                        "attributes": {
                            "api_key_required": "true",
                            "authorization": "NONE",
                            "authorization_scopes.#": "0",
                            "authorizer_id": "",
                            "http_method": "POST",
                            "id": "agm-qxrfu3px3e-0dw8wb-POST",
                            "request_models.%": "0",
                            "request_parameters.%": "0",
                            "request_validator_id": "",
                            "resource_id": "0dw8wb",
                            "rest_api_id": "qxrfu3px3e"
                        },
                        "meta": {},
                        "tainted": false
                    },
                    "deposed": [],
                    "provider": "provider.aws"
                },
                "aws_api_gateway_method.options_method": {
                    "type": "aws_api_gateway_method",
                    "depends_on": [
                        "aws_api_gateway_resource.cors_resource"
                    ],
                    "primary": {
                        "id": "agm-qxrfu3px3e-0dw8wb-OPTIONS",
                        "attributes": {
                            "api_key_required": "false",
                            "authorization": "NONE",
                            "authorization_scopes.#": "0",
                            "authorizer_id": "",
                            "http_method": "OPTIONS",
                            "id": "agm-qxrfu3px3e-0dw8wb-OPTIONS",
                            "request_models.%": "0",
                            "request_parameters.%": "0",
                            "request_validator_id": "",
                            "resource_id": "0dw8wb",
                            "rest_api_id": "qxrfu3px3e"
                        },
                        "meta": {},
                        "tainted": false
                    },
                    "deposed": [],
                    "provider": "provider.aws"
                },
                "aws_api_gateway_method_response.cors_method_response_200": {
                    "type": "aws_api_gateway_method_response",
                    "depends_on": [
                        "aws_api_gateway_method.cors_method",
                        "aws_api_gateway_resource.cors_resource"
                    ],
                    "primary": {
                        "id": "agmr-qxrfu3px3e-0dw8wb-POST-200",
                        "attributes": {
                            "http_method": "POST",
                            "id": "agmr-qxrfu3px3e-0dw8wb-POST-200",
                            "resource_id": "0dw8wb",
                            "response_models.%": "0",
                            "response_parameters.%": "1",
                            "response_parameters.method.response.header.Access-Control-Allow-Origin": "true",
                            "rest_api_id": "qxrfu3px3e",
                            "status_code": "200"
                        },
                        "meta": {},
                        "tainted": false
                    },
                    "deposed": [],
                    "provider": "provider.aws"
                },
                "aws_api_gateway_method_response.options_200": {
                    "type": "aws_api_gateway_method_response",
                    "depends_on": [
                        "aws_api_gateway_method.options_method",
                        "aws_api_gateway_resource.cors_resource"
                    ],
                    "primary": {
                        "id": "agmr-qxrfu3px3e-0dw8wb-OPTIONS-200",
                        "attributes": {
                            "http_method": "OPTIONS",
                            "id": "agmr-qxrfu3px3e-0dw8wb-OPTIONS-200",
                            "resource_id": "0dw8wb",
                            "response_models.%": "1",
                            "response_models.application/json": "Empty",
                            "response_parameters.%": "3",
                            "response_parameters.method.response.header.Access-Control-Allow-Headers": "true",
                            "response_parameters.method.response.header.Access-Control-Allow-Methods": "true",
                            "response_parameters.method.response.header.Access-Control-Allow-Origin": "true",
                            "rest_api_id": "qxrfu3px3e",
                            "status_code": "200"
                        },
                        "meta": {},
                        "tainted": false
                    },
                    "deposed": [],
                    "provider": "provider.aws"
                },
                "aws_api_gateway_resource.cors_resource": {
                    "type": "aws_api_gateway_resource",
                    "depends_on": [],
                    "primary": {
                        "id": "0dw8wb",
                        "attributes": {
                            "id": "0dw8wb",
                            "parent_id": "cws2t8m82d",
                            "path": "/user",
                            "path_part": "user",
                            "rest_api_id": "qxrfu3px3e"
                        },
                        "meta": {},
                        "tainted": false
                    },
                    "deposed": [],
                    "provider": "provider.aws"
                }
            },
            "depends_on": []
        },
        {
            "path": [
                "root",
                "api_test_auth"
            ],
            "outputs": {},
            "resources": {
                "aws_api_gateway_integration.options_integration": {
                    "type": "aws_api_gateway_integration",
                    "depends_on": [
                        "aws_api_gateway_method.options_method",
                        "aws_api_gateway_resource.cors_resource"
                    ],
                    "primary": {
                        "id": "agi-qxrfu3px3e-bda61o-OPTIONS",
                        "attributes": {
                            "cache_key_parameters.#": "0",
                            "cache_namespace": "bda61o",
                            "connection_id": "",
                            "connection_type": "INTERNET",
                            "content_handling": "",
                            "credentials": "",
                            "http_method": "OPTIONS",
                            "id": "agi-qxrfu3px3e-bda61o-OPTIONS",
                            "integration_http_method": "",
                            "passthrough_behavior": "WHEN_NO_MATCH",
                            "request_parameters.%": "0",
                            "request_templates.%": "1",
                            "request_templates.application/json": "{'statusCode': 200}",
                            "resource_id": "bda61o",
                            "rest_api_id": "qxrfu3px3e",
                            "timeout_milliseconds": "29000",
                            "type": "MOCK",
                            "uri": ""
                        },
                        "meta": {},
                        "tainted": false
                    },
                    "deposed": [],
                    "provider": "provider.aws"
                },
                "aws_api_gateway_integration_response.options_integration_response": {
                    "type": "aws_api_gateway_integration_response",
                    "depends_on": [
                        "aws_api_gateway_method.options_method",
                        "aws_api_gateway_method_response.options_200",
                        "aws_api_gateway_resource.cors_resource"
                    ],
                    "primary": {
                        "id": "agir-qxrfu3px3e-bda61o-OPTIONS-200",
                        "attributes": {
                            "content_handling": "",
                            "http_method": "OPTIONS",
                            "id": "agir-qxrfu3px3e-bda61o-OPTIONS-200",
                            "resource_id": "bda61o",
                            "response_parameters.%": "3",
                            "response_parameters.method.response.header.Access-Control-Allow-Headers": "'Content-Type,X-Amz-Date,Authorization,X-Api-Key,X-Amz-Security-Token'",
                            "response_parameters.method.response.header.Access-Control-Allow-Methods": "'OPTIONS,GET'",
                            "response_parameters.method.response.header.Access-Control-Allow-Origin": "'*'",
                            "response_templates.%": "1",
                            "response_templates.application/json": "",
                            "rest_api_id": "qxrfu3px3e",
                            "selection_pattern": "",
                            "status_code": "200"
                        },
                        "meta": {},
                        "tainted": false
                    },
                    "deposed": [],
                    "provider": "provider.aws"
                },
                "aws_api_gateway_method.cors_method": {
                    "type": "aws_api_gateway_method",
                    "depends_on": [
                        "aws_api_gateway_resource.cors_resource"
                    ],
                    "primary": {
                        "id": "agm-qxrfu3px3e-bda61o-GET",
                        "attributes": {
                            "api_key_required": "false",
                            "authorization": "COGNITO_USER_POOLS",
                            "authorization_scopes.#": "0",
                            "authorizer_id": "68el17",
                            "http_method": "GET",
                            "id": "agm-qxrfu3px3e-bda61o-GET",
                            "request_models.%": "0",
                            "request_parameters.%": "0",
                            "request_validator_id": "",
                            "resource_id": "bda61o",
                            "rest_api_id": "qxrfu3px3e"
                        },
                        "meta": {},
                        "tainted": false
                    },
                    "deposed": [],
                    "provider": "provider.aws"
                },
                "aws_api_gateway_method.options_method": {
                    "type": "aws_api_gateway_method",
                    "depends_on": [
                        "aws_api_gateway_resource.cors_resource"
                    ],
                    "primary": {
                        "id": "agm-qxrfu3px3e-bda61o-OPTIONS",
                        "attributes": {
                            "api_key_required": "false",
                            "authorization": "NONE",
                            "authorization_scopes.#": "0",
                            "authorizer_id": "",
                            "http_method": "OPTIONS",
                            "id": "agm-qxrfu3px3e-bda61o-OPTIONS",
                            "request_models.%": "0",
                            "request_parameters.%": "0",
                            "request_validator_id": "",
                            "resource_id": "bda61o",
                            "rest_api_id": "qxrfu3px3e"
                        },
                        "meta": {},
                        "tainted": false
                    },
                    "deposed": [],
                    "provider": "provider.aws"
                },
                "aws_api_gateway_method_response.cors_method_response_200": {
                    "type": "aws_api_gateway_method_response",
                    "depends_on": [
                        "aws_api_gateway_method.cors_method",
                        "aws_api_gateway_resource.cors_resource"
                    ],
                    "primary": {
                        "id": "agmr-qxrfu3px3e-bda61o-GET-200",
                        "attributes": {
                            "http_method": "GET",
                            "id": "agmr-qxrfu3px3e-bda61o-GET-200",
                            "resource_id": "bda61o",
                            "response_models.%": "0",
                            "response_parameters.%": "1",
                            "response_parameters.method.response.header.Access-Control-Allow-Origin": "true",
                            "rest_api_id": "qxrfu3px3e",
                            "status_code": "200"
                        },
                        "meta": {},
                        "tainted": false
                    },
                    "deposed": [],
                    "provider": "provider.aws"
                },
                "aws_api_gateway_method_response.options_200": {
                    "type": "aws_api_gateway_method_response",
                    "depends_on": [
                        "aws_api_gateway_method.options_method",
                        "aws_api_gateway_resource.cors_resource"
                    ],
                    "primary": {
                        "id": "agmr-qxrfu3px3e-bda61o-OPTIONS-200",
                        "attributes": {
                            "http_method": "OPTIONS",
                            "id": "agmr-qxrfu3px3e-bda61o-OPTIONS-200",
                            "resource_id": "bda61o",
                            "response_models.%": "1",
                            "response_models.application/json": "Empty",
                            "response_parameters.%": "3",
                            "response_parameters.method.response.header.Access-Control-Allow-Headers": "true",
                            "response_parameters.method.response.header.Access-Control-Allow-Methods": "true",
                            "response_parameters.method.response.header.Access-Control-Allow-Origin": "true",
                            "rest_api_id": "qxrfu3px3e",
                            "status_code": "200"
                        },
                        "meta": {},
                        "tainted": false
                    },
                    "deposed": [],
                    "provider": "provider.aws"
                },
                "aws_api_gateway_resource.cors_resource": {
                    "type": "aws_api_gateway_resource",
                    "depends_on": [],
                    "primary": {
                        "id": "bda61o",
                        "attributes": {
                            "id": "bda61o",
                            "parent_id": "cws2t8m82d",
                            "path": "/testAuth",
                            "path_part": "testAuth",
                            "rest_api_id": "qxrfu3px3e"
                        },
                        "meta": {},
                        "tainted": false
                    },
                    "deposed": [],
                    "provider": "provider.aws"
                }
            },
            "depends_on": []
        }
    ]
}
