{
    "version": 3,
    "terraform_version": "0.11.11",
    "serial": 75,
    "lineage": "5518de2d-fcd0-0cf1-a2b7-8b9d3e0fc46e",
    "modules": [
        {
            "path": [
                "root"
            ],
            "outputs": {},
            "resources": {
                "aws_cloudfront_origin_access_identity.origin_access_identity": {
                    "type": "aws_cloudfront_origin_access_identity",
                    "depends_on": [],
                    "primary": {
                        "id": "E2A9WRBO0RLNEV",
                        "attributes": {
                            "caller_reference": "2018-09-24T11:32:08.511333-04:00",
                            "cloudfront_access_identity_path": "origin-access-identity/cloudfront/E2A9WRBO0RLNEV",
                            "comment": "Cloudfront Web Access Identity",
                            "etag": "E37IQM3Z9CDXT8",
                            "iam_arn": "arn:aws:iam::cloudfront:user/CloudFront Origin Access Identity E2A9WRBO0RLNEV",
                            "id": "E2A9WRBO0RLNEV",
                            "s3_canonical_user_id": "a8c4a798111299cdb90c51d4e07717e0795094ec1a15c7325a02c8d3f3e315f49e55a79a7eebc109894dcd96f13bb38b"
                        },
                        "meta": {},
                        "tainted": false
                    },
                    "deposed": [],
                    "provider": "provider.aws"
                },
                "aws_internet_gateway.gw": {
                    "type": "aws_internet_gateway",
                    "depends_on": [],
                    "primary": {
                        "id": "igw-3ff8b359",
                        "attributes": {
                            "id": "igw-3ff8b359",
                            "owner_id": "722431446741",
                            "tags.%": "0",
                            "vpc_id": "vpc-06d7dc7f"
                        },
                        "meta": {},
                        "tainted": false
                    },
                    "deposed": [],
                    "provider": "provider.aws"
                },
                "aws_route53_zone.main": {
                    "type": "aws_route53_zone",
                    "depends_on": [],
                    "primary": {
                        "id": "Z1UK296R4A9KGX",
                        "attributes": {
                            "comment": "Managed by Terraform",
                            "delegation_set_id": "",
                            "force_destroy": "false",
                            "id": "Z1UK296R4A9KGX",
                            "name": "devdrivesmartcbus.com.",
                            "name_servers.#": "4",
                            "name_servers.0": "ns-1419.awsdns-49.org",
                            "name_servers.1": "ns-179.awsdns-22.com",
                            "name_servers.2": "ns-1832.awsdns-37.co.uk",
                            "name_servers.3": "ns-787.awsdns-34.net",
                            "tags.%": "0",
                            "vpc.#": "0",
                            "zone_id": "Z1UK296R4A9KGX"
                        },
                        "meta": {},
                        "tainted": false
                    },
                    "deposed": [],
                    "provider": "provider.aws"
                },
                "aws_s3_bucket.received_emails": {
                    "type": "aws_s3_bucket",
                    "depends_on": [
                        "data.aws_iam_policy_document.bucket_policy_for_emails"
                    ],
                    "primary": {
                        "id": "dev-smart-experience-emails",
                        "attributes": {
                            "acceleration_status": "",
                            "acl": "private",
                            "arn": "arn:aws:s3:::dev-smart-experience-emails",
                            "bucket": "dev-smart-experience-emails",
                            "bucket_domain_name": "dev-smart-experience-emails.s3.amazonaws.com",
                            "bucket_regional_domain_name": "dev-smart-experience-emails.s3.us-west-2.amazonaws.com",
                            "cors_rule.#": "0",
                            "force_destroy": "false",
                            "hosted_zone_id": "Z3BJ6K6RIION7M",
                            "id": "dev-smart-experience-emails",
                            "lifecycle_rule.#": "0",
                            "logging.#": "0",
                            "object_lock_configuration.#": "0",
                            "policy": "{\"Statement\":[{\"Action\":\"s3:PutObject\",\"Condition\":{\"StringEquals\":{\"aws:Referer\":\"722431446741\"}},\"Effect\":\"Allow\",\"Principal\":{\"Service\":\"ses.amazonaws.com\"},\"Resource\":\"arn:aws:s3:::dev-smart-experience-emails/*\",\"Sid\":\"\"}],\"Version\":\"2012-10-17\"}",
                            "region": "us-west-2",
                            "replication_configuration.#": "0",
                            "request_payer": "BucketOwner",
                            "server_side_encryption_configuration.#": "1",
                            "server_side_encryption_configuration.0.rule.#": "1",
                            "server_side_encryption_configuration.0.rule.0.apply_server_side_encryption_by_default.#": "1",
                            "server_side_encryption_configuration.0.rule.0.apply_server_side_encryption_by_default.0.kms_master_key_id": "",
                            "server_side_encryption_configuration.0.rule.0.apply_server_side_encryption_by_default.0.sse_algorithm": "AES256",
                            "tags.%": "0",
                            "versioning.#": "1",
                            "versioning.0.enabled": "false",
                            "versioning.0.mfa_delete": "false",
                            "website.#": "0"
                        },
                        "meta": {},
                        "tainted": false
                    },
                    "deposed": [],
                    "provider": "provider.aws"
                },
                "aws_s3_bucket.smart_experience_artifact_repo": {
                    "type": "aws_s3_bucket",
                    "depends_on": [],
                    "primary": {
                        "id": "dev-smart-experience-artifact-repo",
                        "attributes": {
                            "acceleration_status": "",
                            "acl": "private",
                            "arn": "arn:aws:s3:::dev-smart-experience-artifact-repo",
                            "bucket": "dev-smart-experience-artifact-repo",
                            "bucket_domain_name": "dev-smart-experience-artifact-repo.s3.amazonaws.com",
                            "bucket_regional_domain_name": "dev-smart-experience-artifact-repo.s3.us-west-2.amazonaws.com",
                            "cors_rule.#": "0",
                            "force_destroy": "false",
                            "hosted_zone_id": "Z3BJ6K6RIION7M",
                            "id": "dev-smart-experience-artifact-repo",
                            "lifecycle_rule.#": "0",
                            "logging.#": "0",
                            "object_lock_configuration.#": "0",
                            "region": "us-west-2",
                            "replication_configuration.#": "0",
                            "request_payer": "BucketOwner",
                            "server_side_encryption_configuration.#": "1",
                            "server_side_encryption_configuration.0.rule.#": "1",
                            "server_side_encryption_configuration.0.rule.0.apply_server_side_encryption_by_default.#": "1",
                            "server_side_encryption_configuration.0.rule.0.apply_server_side_encryption_by_default.0.kms_master_key_id": "",
                            "server_side_encryption_configuration.0.rule.0.apply_server_side_encryption_by_default.0.sse_algorithm": "AES256",
                            "tags.%": "0",
                            "versioning.#": "1",
                            "versioning.0.enabled": "false",
                            "versioning.0.mfa_delete": "false",
                            "website.#": "0"
                        },
                        "meta": {},
                        "tainted": false
                    },
                    "deposed": [],
                    "provider": "provider.aws"
                },
                "aws_s3_bucket.smart_experience_web": {
                    "type": "aws_s3_bucket",
                    "depends_on": [
                        "data.aws_iam_policy_document.bucket_policy"
                    ],
                    "primary": {
                        "id": "dev-smart-experience-web",
                        "attributes": {
                            "acceleration_status": "",
                            "acl": "public-read",
                            "arn": "arn:aws:s3:::dev-smart-experience-web",
                            "bucket": "dev-smart-experience-web",
                            "bucket_domain_name": "dev-smart-experience-web.s3.amazonaws.com",
                            "bucket_regional_domain_name": "dev-smart-experience-web.s3.us-west-2.amazonaws.com",
                            "cors_rule.#": "0",
                            "force_destroy": "false",
                            "hosted_zone_id": "Z3BJ6K6RIION7M",
                            "id": "dev-smart-experience-web",
                            "lifecycle_rule.#": "0",
                            "logging.#": "0",
                            "object_lock_configuration.#": "0",
                            "policy": "",
                            "region": "us-west-2",
                            "replication_configuration.#": "0",
                            "request_payer": "BucketOwner",
                            "server_side_encryption_configuration.#": "1",
                            "server_side_encryption_configuration.0.rule.#": "1",
                            "server_side_encryption_configuration.0.rule.0.apply_server_side_encryption_by_default.#": "1",
                            "server_side_encryption_configuration.0.rule.0.apply_server_side_encryption_by_default.0.kms_master_key_id": "",
                            "server_side_encryption_configuration.0.rule.0.apply_server_side_encryption_by_default.0.sse_algorithm": "AES256",
                            "tags.%": "0",
                            "versioning.#": "1",
                            "versioning.0.enabled": "false",
                            "versioning.0.mfa_delete": "false",
                            "website.#": "1",
                            "website.0.error_document": "error.html",
                            "website.0.index_document": "index.html",
                            "website.0.redirect_all_requests_to": "",
                            "website.0.routing_rules": "",
                            "website_domain": "s3-website-us-west-2.amazonaws.com",
                            "website_endpoint": "dev-smart-experience-web.s3-website-us-west-2.amazonaws.com"
                        },
                        "meta": {},
                        "tainted": false
                    },
                    "deposed": [],
                    "provider": "provider.aws"
                },
                "aws_security_group.LambdaSecurityGroup": {
                    "type": "aws_security_group",
                    "depends_on": [],
                    "primary": {
                        "id": "sg-0771bd1f7389bc87e",
                        "attributes": {
                            "arn": "arn:aws:ec2:us-west-2:722431446741:security-group/sg-0771bd1f7389bc87e",
                            "description": "Security Group used by lambdas to access the RDS instance",
                            "egress.#": "0",
                            "id": "sg-0771bd1f7389bc87e",
                            "ingress.#": "0",
                            "name": "dev_LambdaSecurityGroup",
                            "owner_id": "722431446741",
                            "revoke_rules_on_delete": "false",
                            "tags.%": "1",
                            "tags.Name": "LambdaSecurityGroup",
                            "vpc_id": "vpc-06d7dc7f"
                        },
                        "meta": {
                            "e2bfb730-ecaa-11e6-8f88-34363bc7c4c0": {
                                "create": 600000000000,
                                "delete": 600000000000
                            },
                            "schema_version": "1"
                        },
                        "tainted": false
                    },
                    "deposed": [],
                    "provider": "provider.aws"
                },
                "aws_security_group.jumpbox_security_group": {
                    "type": "aws_security_group",
                    "depends_on": [],
                    "primary": {
                        "id": "sg-09c0767eb8869dab9",
                        "attributes": {
                            "arn": "arn:aws:ec2:us-west-2:722431446741:security-group/sg-09c0767eb8869dab9",
                            "description": "Rules for Jumpbox",
                            "egress.#": "0",
                            "id": "sg-09c0767eb8869dab9",
                            "ingress.#": "3",
                            "ingress.1585969196.cidr_blocks.#": "1",
                            "ingress.1585969196.cidr_blocks.0": "12.39.87.30/32",
                            "ingress.1585969196.description": "SEC",
                            "ingress.1585969196.from_port": "22",
                            "ingress.1585969196.ipv6_cidr_blocks.#": "0",
                            "ingress.1585969196.prefix_list_ids.#": "0",
                            "ingress.1585969196.protocol": "tcp",
                            "ingress.1585969196.security_groups.#": "0",
                            "ingress.1585969196.self": "false",
                            "ingress.1585969196.to_port": "22",
                            "ingress.2736392098.cidr_blocks.#": "1",
                            "ingress.2736392098.cidr_blocks.0": "67.149.70.17/32",
                            "ingress.2736392098.description": "Jarred Home IP Address",
                            "ingress.2736392098.from_port": "22",
                            "ingress.2736392098.ipv6_cidr_blocks.#": "0",
                            "ingress.2736392098.prefix_list_ids.#": "0",
                            "ingress.2736392098.protocol": "TCP",
                            "ingress.2736392098.security_groups.#": "0",
                            "ingress.2736392098.self": "false",
                            "ingress.2736392098.to_port": "22",
                            "ingress.3457237359.cidr_blocks.#": "2",
                            "ingress.3457237359.cidr_blocks.0": "207.238.255.132/32",
                            "ingress.3457237359.cidr_blocks.1": "12.246.159.190/32",
                            "ingress.3457237359.description": "Pillar CMH Forge IP Address",
                            "ingress.3457237359.from_port": "22",
                            "ingress.3457237359.ipv6_cidr_blocks.#": "0",
                            "ingress.3457237359.prefix_list_ids.#": "0",
                            "ingress.3457237359.protocol": "TCP",
                            "ingress.3457237359.security_groups.#": "0",
                            "ingress.3457237359.self": "false",
                            "ingress.3457237359.to_port": "22",
                            "name": "dev_Jumpbox Security Group",
                            "owner_id": "722431446741",
                            "revoke_rules_on_delete": "false",
                            "tags.%": "1",
                            "tags.Name": "Jumpbox Security Group",
                            "vpc_id": "vpc-06d7dc7f"
                        },
                        "meta": {
                            "e2bfb730-ecaa-11e6-8f88-34363bc7c4c0": {
                                "create": 600000000000,
                                "delete": 600000000000
                            },
                            "schema_version": "1"
                        },
                        "tainted": false
                    },
                    "deposed": [],
                    "provider": "provider.aws"
                },
                "aws_subnet.Subnet1": {
                    "type": "aws_subnet",
                    "depends_on": [],
                    "primary": {
                        "id": "subnet-03c7861ea185f8b10",
                        "attributes": {
                            "arn": "arn:aws:ec2:us-west-2:722431446741:subnet/subnet-03c7861ea185f8b10",
                            "assign_ipv6_address_on_creation": "false",
                            "availability_zone": "us-west-2a",
                            "availability_zone_id": "usw2-az1",
                            "cidr_block": "172.31.96.0/20",
                            "id": "subnet-03c7861ea185f8b10",
                            "ipv6_cidr_block": "",
                            "ipv6_cidr_block_association_id": "",
                            "map_public_ip_on_launch": "true",
                            "owner_id": "722431446741",
                            "tags.%": "1",
                            "tags.Name": "Subnet1",
                            "vpc_id": "vpc-06d7dc7f"
                        },
                        "meta": {
                            "schema_version": "1"
                        },
                        "tainted": false
                    },
                    "deposed": [],
                    "provider": "provider.aws"
                },
                "aws_subnet.Subnet2": {
                    "type": "aws_subnet",
                    "depends_on": [],
                    "primary": {
                        "id": "subnet-051a0994aa493db79",
                        "attributes": {
                            "arn": "arn:aws:ec2:us-west-2:722431446741:subnet/subnet-051a0994aa493db79",
                            "assign_ipv6_address_on_creation": "false",
                            "availability_zone": "us-west-2b",
                            "availability_zone_id": "usw2-az2",
                            "cidr_block": "172.31.112.0/20",
                            "id": "subnet-051a0994aa493db79",
                            "ipv6_cidr_block": "",
                            "ipv6_cidr_block_association_id": "",
                            "map_public_ip_on_launch": "true",
                            "owner_id": "722431446741",
                            "tags.%": "1",
                            "tags.Name": "Subnet2",
                            "vpc_id": "vpc-06d7dc7f"
                        },
                        "meta": {
                            "schema_version": "1"
                        },
                        "tainted": false
                    },
                    "deposed": [],
                    "provider": "provider.aws"
                },
                "aws_subnet.Subnet3": {
                    "type": "aws_subnet",
                    "depends_on": [],
                    "primary": {
                        "id": "subnet-097f5187a61c57b65",
                        "attributes": {
                            "arn": "arn:aws:ec2:us-west-2:722431446741:subnet/subnet-097f5187a61c57b65",
                            "assign_ipv6_address_on_creation": "false",
                            "availability_zone": "us-west-2c",
                            "availability_zone_id": "usw2-az3",
                            "cidr_block": "172.31.128.0/20",
                            "id": "subnet-097f5187a61c57b65",
                            "ipv6_cidr_block": "",
                            "ipv6_cidr_block_association_id": "",
                            "map_public_ip_on_launch": "true",
                            "owner_id": "722431446741",
                            "tags.%": "1",
                            "tags.Name": "Subnet3",
                            "vpc_id": "vpc-06d7dc7f"
                        },
                        "meta": {
                            "schema_version": "1"
                        },
                        "tainted": false
                    },
                    "deposed": [],
                    "provider": "provider.aws"
                },
                "data.aws_iam_policy_document.bucket_policy": {
                    "type": "aws_iam_policy_document",
                    "depends_on": [
                        "aws_cloudfront_origin_access_identity.origin_access_identity"
                    ],
                    "primary": {
                        "id": "1839719021",
                        "attributes": {
                            "id": "1839719021",
                            "json": "{\n  \"Version\": \"2012-10-17\",\n  \"Statement\": [\n    {\n      \"Sid\": \"\",\n      \"Effect\": \"Allow\",\n      \"Action\": \"s3:GetObject\",\n      \"Resource\": \"arn:aws:s3:::dev-smart-experience-web/*\",\n      \"Principal\": {\n        \"AWS\": \"arn:aws:iam::cloudfront:user/CloudFront Origin Access Identity E2A9WRBO0RLNEV\"\n      }\n    }\n  ]\n}",
                            "statement.#": "1",
                            "statement.0.actions.#": "1",
                            "statement.0.actions.2071725391": "s3:GetObject",
                            "statement.0.condition.#": "0",
                            "statement.0.effect": "Allow",
                            "statement.0.not_actions.#": "0",
                            "statement.0.not_principals.#": "0",
                            "statement.0.not_resources.#": "0",
                            "statement.0.principals.#": "1",
                            "statement.0.principals.1714524648.identifiers.#": "1",
                            "statement.0.principals.1714524648.identifiers.1078533274": "arn:aws:iam::cloudfront:user/CloudFront Origin Access Identity E2A9WRBO0RLNEV",
                            "statement.0.principals.1714524648.type": "AWS",
                            "statement.0.resources.#": "1",
                            "statement.0.resources.1486579971": "arn:aws:s3:::dev-smart-experience-web/*",
                            "statement.0.sid": "",
                            "version": "2012-10-17"
                        },
                        "meta": {},
                        "tainted": false
                    },
                    "deposed": [],
                    "provider": "provider.aws"
                },
                "data.aws_iam_policy_document.bucket_policy_for_emails": {
                    "type": "aws_iam_policy_document",
                    "depends_on": [],
                    "primary": {
                        "id": "1200285137",
                        "attributes": {
                            "id": "1200285137",
                            "json": "{\n  \"Version\": \"2012-10-17\",\n  \"Statement\": [\n    {\n      \"Sid\": \"\",\n      \"Effect\": \"Allow\",\n      \"Action\": \"s3:PutObject\",\n      \"Resource\": \"arn:aws:s3:::dev-smart-experience-emails/*\",\n      \"Principal\": {\n        \"Service\": \"ses.amazonaws.com\"\n      },\n      \"Condition\": {\n        \"StringEquals\": {\n          \"aws:Referer\": \"722431446741\"\n        }\n      }\n    }\n  ]\n}",
                            "statement.#": "1",
                            "statement.0.actions.#": "1",
                            "statement.0.actions.315547055": "s3:PutObject",
                            "statement.0.condition.#": "1",
                            "statement.0.condition.2864098311.test": "StringEquals",
                            "statement.0.condition.2864098311.values.#": "1",
                            "statement.0.condition.2864098311.values.382177307": "722431446741",
                            "statement.0.condition.2864098311.variable": "aws:Referer",
                            "statement.0.effect": "Allow",
                            "statement.0.not_actions.#": "0",
                            "statement.0.not_principals.#": "0",
                            "statement.0.not_resources.#": "0",
                            "statement.0.principals.#": "1",
                            "statement.0.principals.1693852319.identifiers.#": "1",
                            "statement.0.principals.1693852319.identifiers.3725946869": "ses.amazonaws.com",
                            "statement.0.principals.1693852319.type": "Service",
                            "statement.0.resources.#": "1",
                            "statement.0.resources.4089284213": "arn:aws:s3:::dev-smart-experience-emails/*",
                            "statement.0.sid": "",
                            "version": "2012-10-17"
                        },
                        "meta": {},
                        "tainted": false
                    },
                    "deposed": [],
                    "provider": "provider.aws"
                }
            },
            "depends_on": []
        },
        {
            "path": [
                "root",
                "ApiAddExceptionFunction"
            ],
            "outputs": {
                "arn": {
                    "sensitive": false,
                    "type": "string",
                    "value": "arn:aws:lambda:us-west-2:722431446741:function:dev_ApiAddException"
                },
                "invoke_arn": {
                    "sensitive": false,
                    "type": "string",
                    "value": "arn:aws:apigateway:us-west-2:lambda:path/2015-03-31/functions/arn:aws:lambda:us-west-2:722431446741:function:dev_ApiAddException/invocations"
                }
            },
            "resources": {},
            "depends_on": []
        },
        {
            "path": [
                "root",
                "ApiAddExceptionRole"
            ],
            "outputs": {},
            "resources": {},
            "depends_on": []
        },
        {
            "path": [
                "root",
                "ApiCancelDriveFunction"
            ],
            "outputs": {
                "arn": {
                    "sensitive": false,
                    "type": "string",
                    "value": "arn:aws:lambda:us-west-2:722431446741:function:dev_ApiCancelDrive"
                },
                "invoke_arn": {
                    "sensitive": false,
                    "type": "string",
                    "value": "arn:aws:apigateway:us-west-2:lambda:path/2015-03-31/functions/arn:aws:lambda:us-west-2:722431446741:function:dev_ApiCancelDrive/invocations"
                }
            },
            "resources": {},
            "depends_on": []
        },
        {
            "path": [
                "root",
                "ApiCancelDriveRole"
            ],
            "outputs": {
                "arn": {
                    "sensitive": false,
                    "type": "string",
                    "value": "arn:aws:iam::722431446741:role/dev_ApiCancelDriveRole"
                },
                "name": {
                    "sensitive": false,
                    "type": "string",
                    "value": "dev_ApiCancelDriveRole"
                }
            },
            "resources": {},
            "depends_on": []
        },
        {
            "path": [
                "root",
                "ApiDeleteExceptionFunction"
            ],
            "outputs": {
                "arn": {
                    "sensitive": false,
                    "type": "string",
                    "value": "arn:aws:lambda:us-west-2:722431446741:function:dev_ApiDeleteException"
                },
                "invoke_arn": {
                    "sensitive": false,
                    "type": "string",
                    "value": "arn:aws:apigateway:us-west-2:lambda:path/2015-03-31/functions/arn:aws:lambda:us-west-2:722431446741:function:dev_ApiDeleteException/invocations"
                }
            },
            "resources": {},
            "depends_on": []
        },
        {
            "path": [
                "root",
                "ApiDeleteExceptionRole"
            ],
            "outputs": {
                "arn": {
                    "sensitive": false,
                    "type": "string",
                    "value": "arn:aws:iam::722431446741:role/dev_ApiDeleteExceptionRole"
                },
                "name": {
                    "sensitive": false,
                    "type": "string",
                    "value": "dev_ApiDeleteExceptionRole"
                }
            },
            "resources": {},
            "depends_on": []
        },
        {
            "path": [
                "root",
                "ApiEditDriveFunction"
            ],
            "outputs": {
                "arn": {
                    "sensitive": false,
                    "type": "string",
                    "value": "arn:aws:lambda:us-west-2:722431446741:function:dev_ApiEditDrive"
                },
                "invoke_arn": {
                    "sensitive": false,
                    "type": "string",
                    "value": "arn:aws:apigateway:us-west-2:lambda:path/2015-03-31/functions/arn:aws:lambda:us-west-2:722431446741:function:dev_ApiEditDrive/invocations"
                }
            },
            "resources": {},
            "depends_on": []
        },
        {
            "path": [
                "root",
                "ApiEditDriveRole"
            ],
            "outputs": {
                "name": {
                    "sensitive": false,
                    "type": "string",
                    "value": "dev_ApiEditDriveRole"
                }
            },
            "resources": {},
            "depends_on": []
        },
        {
            "path": [
                "root",
                "ApiGetCarsFunction"
            ],
            "outputs": {
                "arn": {
                    "sensitive": false,
                    "type": "string",
                    "value": "arn:aws:lambda:us-west-2:722431446741:function:dev_ApiGetCars"
                },
                "invoke_arn": {
                    "sensitive": false,
                    "type": "string",
                    "value": "arn:aws:apigateway:us-west-2:lambda:path/2015-03-31/functions/arn:aws:lambda:us-west-2:722431446741:function:dev_ApiGetCars/invocations"
                }
            },
            "resources": {},
            "depends_on": []
        },
        {
            "path": [
                "root",
                "ApiGetCarsRole"
            ],
            "outputs": {
                "arn": {
                    "sensitive": false,
                    "type": "string",
                    "value": "arn:aws:iam::722431446741:role/dev_ApiGetCarsRole"
                },
                "name": {
                    "sensitive": false,
                    "type": "string",
                    "value": "dev_ApiGetCarsRole"
                }
            },
            "resources": {},
            "depends_on": []
        },
        {
            "path": [
                "root",
                "ApiGetDriveSurveyAnalyticsFunction"
            ],
            "outputs": {
                "arn": {
                    "sensitive": false,
                    "type": "string",
                    "value": "arn:aws:lambda:us-west-2:722431446741:function:dev_ApiGetDriveSurveyAnalytics"
                },
                "invoke_arn": {
                    "sensitive": false,
                    "type": "string",
                    "value": "arn:aws:apigateway:us-west-2:lambda:path/2015-03-31/functions/arn:aws:lambda:us-west-2:722431446741:function:dev_ApiGetDriveSurveyAnalytics/invocations"
                }
            },
            "resources": {},
            "depends_on": []
        },
        {
            "path": [
                "root",
                "ApiGetDriveSurveyAnalyticsRole"
            ],
            "outputs": {
                "arn": {
                    "sensitive": false,
                    "type": "string",
                    "value": "arn:aws:iam::722431446741:role/dev_ApiGetDriveSurveyAnalyticsRole"
                }
            },
            "resources": {},
            "depends_on": []
        },
        {
            "path": [
                "root",
                "ApiGetExceptionsFunction"
            ],
            "outputs": {
                "arn": {
                    "sensitive": false,
                    "type": "string",
                    "value": "arn:aws:lambda:us-west-2:722431446741:function:dev_ApiGetExceptions"
                },
                "invoke_arn": {
                    "sensitive": false,
                    "type": "string",
                    "value": "arn:aws:apigateway:us-west-2:lambda:path/2015-03-31/functions/arn:aws:lambda:us-west-2:722431446741:function:dev_ApiGetExceptions/invocations"
                }
            },
            "resources": {},
            "depends_on": []
        },
        {
            "path": [
                "root",
                "ApiGetExceptionsRole"
            ],
            "outputs": {
                "arn": {
                    "sensitive": false,
                    "type": "string",
                    "value": "arn:aws:iam::722431446741:role/dev_ApiGetExceptionsRole"
                },
                "name": {
                    "sensitive": false,
                    "type": "string",
                    "value": "dev_ApiGetExceptionsRole"
                }
            },
            "resources": {},
            "depends_on": []
        },
        {
            "path": [
                "root",
                "ApiGetPostSurveyFunction"
            ],
            "outputs": {
                "arn": {
                    "sensitive": false,
                    "type": "string",
                    "value": "arn:aws:lambda:us-west-2:722431446741:function:dev_ApiGetPostSurvey"
                },
                "invoke_arn": {
                    "sensitive": false,
                    "type": "string",
                    "value": "arn:aws:apigateway:us-west-2:lambda:path/2015-03-31/functions/arn:aws:lambda:us-west-2:722431446741:function:dev_ApiGetPostSurvey/invocations"
                }
            },
            "resources": {},
            "depends_on": []
        },
        {
            "path": [
                "root",
                "ApiGetPostSurveyRole"
            ],
            "outputs": {
                "arn": {
                    "sensitive": false,
                    "type": "string",
                    "value": "arn:aws:iam::722431446741:role/dev_ApiGetPostSurveyRole"
                },
                "name": {
                    "sensitive": false,
                    "type": "string",
                    "value": "dev_ApiGetPostSurveyRole"
                }
            },
            "resources": {},
            "depends_on": []
        },
        {
            "path": [
                "root",
                "ApiGetPreSurveyFunction"
            ],
            "outputs": {
                "arn": {
                    "sensitive": false,
                    "type": "string",
                    "value": "arn:aws:lambda:us-west-2:722431446741:function:dev_ApiGetPreSurvey"
                },
                "invoke_arn": {
                    "sensitive": false,
                    "type": "string",
                    "value": "arn:aws:apigateway:us-west-2:lambda:path/2015-03-31/functions/arn:aws:lambda:us-west-2:722431446741:function:dev_ApiGetPreSurvey/invocations"
                }
            },
            "resources": {},
            "depends_on": []
        },
        {
            "path": [
                "root",
                "ApiGetPreSurveyRole"
            ],
            "outputs": {
                "arn": {
                    "sensitive": false,
                    "type": "string",
                    "value": "arn:aws:iam::722431446741:role/dev_ApiGetPreSurveyRole"
                },
                "name": {
                    "sensitive": false,
                    "type": "string",
                    "value": "dev_ApiGetPreSurveyRole"
                }
            },
            "resources": {},
            "depends_on": []
        },
        {
            "path": [
                "root",
                "ApiGetScheduleFunction"
            ],
            "outputs": {
                "arn": {
                    "sensitive": false,
                    "type": "string",
                    "value": "arn:aws:lambda:us-west-2:722431446741:function:dev_ApiGetSchedule"
                },
                "invoke_arn": {
                    "sensitive": false,
                    "type": "string",
                    "value": "arn:aws:apigateway:us-west-2:lambda:path/2015-03-31/functions/arn:aws:lambda:us-west-2:722431446741:function:dev_ApiGetSchedule/invocations"
                }
            },
            "resources": {},
            "depends_on": []
        },
        {
            "path": [
                "root",
                "ApiGetScheduleRole"
            ],
            "outputs": {
                "arn": {
                    "sensitive": false,
                    "type": "string",
                    "value": "arn:aws:iam::722431446741:role/dev_ApiGetScheduleRole"
                },
                "name": {
                    "sensitive": false,
                    "type": "string",
                    "value": "dev_ApiGetScheduleRole"
                }
            },
            "resources": {},
            "depends_on": []
        },
        {
            "path": [
                "root",
                "ApiGetScheduledDrivesFunction"
            ],
            "outputs": {
                "arn": {
                    "sensitive": false,
                    "type": "string",
                    "value": "arn:aws:lambda:us-west-2:722431446741:function:dev_ApiGetScheduledDrives"
                },
                "invoke_arn": {
                    "sensitive": false,
                    "type": "string",
                    "value": "arn:aws:apigateway:us-west-2:lambda:path/2015-03-31/functions/arn:aws:lambda:us-west-2:722431446741:function:dev_ApiGetScheduledDrives/invocations"
                }
            },
            "resources": {},
            "depends_on": []
        },
        {
            "path": [
                "root",
                "ApiGetScheduledDrivesRole"
            ],
            "outputs": {
                "arn": {
                    "sensitive": false,
                    "type": "string",
                    "value": "arn:aws:iam::722431446741:role/dev_ApiGetScheduledDrivesRole"
                }
            },
            "resources": {},
            "depends_on": []
        },
        {
            "path": [
                "root",
                "ApiGetSurveySummaryFunction"
            ],
            "outputs": {
                "arn": {
                    "sensitive": false,
                    "type": "string",
                    "value": "arn:aws:lambda:us-west-2:722431446741:function:dev_ApiGetSurveySummary"
                },
                "invoke_arn": {
                    "sensitive": false,
                    "type": "string",
                    "value": "arn:aws:apigateway:us-west-2:lambda:path/2015-03-31/functions/arn:aws:lambda:us-west-2:722431446741:function:dev_ApiGetSurveySummary/invocations"
                }
            },
            "resources": {},
            "depends_on": []
        },
        {
            "path": [
                "root",
                "ApiGetSurveySummaryRole"
            ],
            "outputs": {
                "arn": {
                    "sensitive": false,
                    "type": "string",
                    "value": "arn:aws:iam::722431446741:role/dev_ApiGetSurveySummaryRole"
                },
                "name": {
                    "sensitive": false,
                    "type": "string",
                    "value": "dev_ApiGetSurveySummaryRole"
                }
            },
            "resources": {},
            "depends_on": []
        },
        {
            "path": [
                "root",
                "ApiGetTimeSlotsFunction"
            ],
            "outputs": {
                "arn": {
                    "sensitive": false,
                    "type": "string",
                    "value": "arn:aws:lambda:us-west-2:722431446741:function:dev_ApiGetTimeSlots"
                },
                "invoke_arn": {
                    "sensitive": false,
                    "type": "string",
                    "value": "arn:aws:apigateway:us-west-2:lambda:path/2015-03-31/functions/arn:aws:lambda:us-west-2:722431446741:function:dev_ApiGetTimeSlots/invocations"
                }
            },
            "resources": {},
            "depends_on": []
        },
        {
            "path": [
                "root",
                "ApiGetTimeSlotsRole"
            ],
            "outputs": {},
            "resources": {},
            "depends_on": []
        },
        {
            "path": [
                "root",
                "ApiGetUserFunction"
            ],
            "outputs": {
                "arn": {
                    "sensitive": false,
                    "type": "string",
                    "value": "arn:aws:lambda:us-west-2:722431446741:function:dev_ApiGetUser"
                },
                "invoke_arn": {
                    "sensitive": false,
                    "type": "string",
                    "value": "arn:aws:apigateway:us-west-2:lambda:path/2015-03-31/functions/arn:aws:lambda:us-west-2:722431446741:function:dev_ApiGetUser/invocations"
                }
            },
            "resources": {},
            "depends_on": []
        },
        {
            "path": [
                "root",
                "ApiGetUserRole"
            ],
            "outputs": {
                "arn": {
                    "sensitive": false,
                    "type": "string",
                    "value": "arn:aws:iam::722431446741:role/dev_ApiGetUserRole"
                },
                "name": {
                    "sensitive": false,
                    "type": "string",
                    "value": "dev_ApiGetUserRole"
                }
            },
            "resources": {},
            "depends_on": []
        },
        {
            "path": [
                "root",
                "ApiPatchCarStateFunction"
            ],
            "outputs": {
                "arn": {
                    "sensitive": false,
                    "type": "string",
                    "value": "arn:aws:lambda:us-west-2:722431446741:function:dev_ApiPatchCarState"
                },
                "invoke_arn": {
                    "sensitive": false,
                    "type": "string",
                    "value": "arn:aws:apigateway:us-west-2:lambda:path/2015-03-31/functions/arn:aws:lambda:us-west-2:722431446741:function:dev_ApiPatchCarState/invocations"
                }
            },
            "resources": {},
            "depends_on": []
        },
        {
            "path": [
                "root",
                "ApiPatchCarStateRole"
            ],
            "outputs": {},
            "resources": {},
            "depends_on": []
        },
        {
            "path": [
                "root",
                "ApiReleaseSlotFunction"
            ],
            "outputs": {
                "arn": {
                    "sensitive": false,
                    "type": "string",
                    "value": "arn:aws:lambda:us-west-2:722431446741:function:dev_ApiReleaseSlot"
                },
                "invoke_arn": {
                    "sensitive": false,
                    "type": "string",
                    "value": "arn:aws:apigateway:us-west-2:lambda:path/2015-03-31/functions/arn:aws:lambda:us-west-2:722431446741:function:dev_ApiReleaseSlot/invocations"
                }
            },
            "resources": {},
            "depends_on": []
        },
        {
            "path": [
                "root",
                "ApiReleaseSlotRole"
            ],
            "outputs": {
                "arn": {
                    "sensitive": false,
                    "type": "string",
                    "value": "arn:aws:iam::722431446741:role/dev_ApiReleaseSlotRole"
                },
                "name": {
                    "sensitive": false,
                    "type": "string",
                    "value": "dev_ApiReleaseSlotRole"
                }
            },
            "resources": {},
            "depends_on": []
        },
        {
            "path": [
                "root",
                "ApiReserveSlotFunction"
            ],
            "outputs": {
                "arn": {
                    "sensitive": false,
                    "type": "string",
                    "value": "arn:aws:lambda:us-west-2:722431446741:function:dev_ApiReserveSlot"
                },
                "invoke_arn": {
                    "sensitive": false,
                    "type": "string",
                    "value": "arn:aws:apigateway:us-west-2:lambda:path/2015-03-31/functions/arn:aws:lambda:us-west-2:722431446741:function:dev_ApiReserveSlot/invocations"
                }
            },
            "resources": {},
            "depends_on": []
        },
        {
            "path": [
                "root",
                "ApiReserveSlotRole"
            ],
            "outputs": {
                "name": {
                    "sensitive": false,
                    "type": "string",
                    "value": "dev_ApiReserveSlotRole"
                }
            },
            "resources": {},
            "depends_on": []
        },
        {
            "path": [
                "root",
                "ApiSaveSurveyFunction"
            ],
            "outputs": {
                "arn": {
                    "sensitive": false,
                    "type": "string",
                    "value": "arn:aws:lambda:us-west-2:722431446741:function:dev_ApiSaveSurvey"
                },
                "invoke_arn": {
                    "sensitive": false,
                    "type": "string",
                    "value": "arn:aws:apigateway:us-west-2:lambda:path/2015-03-31/functions/arn:aws:lambda:us-west-2:722431446741:function:dev_ApiSaveSurvey/invocations"
                }
            },
            "resources": {},
            "depends_on": []
        },
        {
            "path": [
                "root",
                "ApiSaveSurveyRole"
            ],
            "outputs": {
                "arn": {
                    "sensitive": false,
                    "type": "string",
                    "value": "arn:aws:iam::722431446741:role/dev_ApiSaveSurveyRole"
                },
                "name": {
                    "sensitive": false,
                    "type": "string",
                    "value": "dev_ApiSaveSurveyRole"
                }
            },
            "resources": {},
            "depends_on": []
        },
        {
            "path": [
                "root",
                "ApiSaveUserFunction"
            ],
            "outputs": {
                "arn": {
                    "sensitive": false,
                    "type": "string",
                    "value": "arn:aws:lambda:us-west-2:722431446741:function:dev_ApiSaveUser"
                },
                "invoke_arn": {
                    "sensitive": false,
                    "type": "string",
                    "value": "arn:aws:apigateway:us-west-2:lambda:path/2015-03-31/functions/arn:aws:lambda:us-west-2:722431446741:function:dev_ApiSaveUser/invocations"
                }
            },
            "resources": {},
            "depends_on": []
        },
        {
            "path": [
                "root",
                "ApiSaveUserRole"
            ],
            "outputs": {},
            "resources": {},
            "depends_on": []
        },
        {
            "path": [
                "root",
                "ApiScheduleAdhocDriveFunction"
            ],
            "outputs": {
                "arn": {
                    "sensitive": false,
                    "type": "string",
                    "value": "arn:aws:lambda:us-west-2:722431446741:function:dev_ApiScheduleAdhocDrive"
                },
                "invoke_arn": {
                    "sensitive": false,
                    "type": "string",
                    "value": "arn:aws:apigateway:us-west-2:lambda:path/2015-03-31/functions/arn:aws:lambda:us-west-2:722431446741:function:dev_ApiScheduleAdhocDrive/invocations"
                }
            },
            "resources": {},
            "depends_on": []
        },
        {
            "path": [
                "root",
                "ApiScheduleAdhocDriveRole"
            ],
            "outputs": {},
            "resources": {},
            "depends_on": []
        },
        {
            "path": [
                "root",
                "ApiScheduleDriveFunction"
            ],
            "outputs": {
                "arn": {
                    "sensitive": false,
                    "type": "string",
                    "value": "arn:aws:lambda:us-west-2:722431446741:function:dev_ApiScheduleDrive"
                },
                "invoke_arn": {
                    "sensitive": false,
                    "type": "string",
                    "value": "arn:aws:apigateway:us-west-2:lambda:path/2015-03-31/functions/arn:aws:lambda:us-west-2:722431446741:function:dev_ApiScheduleDrive/invocations"
                }
            },
            "resources": {},
            "depends_on": []
        },
        {
            "path": [
                "root",
                "ApiScheduleDriveRole"
            ],
            "outputs": {
                "name": {
                    "sensitive": false,
                    "type": "string",
                    "value": "dev_ApiScheduleDriveRole"
                }
            },
            "resources": {},
            "depends_on": []
        },
        {
            "path": [
                "root",
                "ApiSendAnalyticsEmailFunction"
            ],
            "outputs": {
                "arn": {
                    "sensitive": false,
                    "type": "string",
                    "value": "arn:aws:lambda:us-west-2:722431446741:function:dev_ApiSendAnalyticsEmail"
                },
                "invoke_arn": {
                    "sensitive": false,
                    "type": "string",
                    "value": "arn:aws:apigateway:us-west-2:lambda:path/2015-03-31/functions/arn:aws:lambda:us-west-2:722431446741:function:dev_ApiSendAnalyticsEmail/invocations"
                }
            },
            "resources": {},
            "depends_on": []
        },
        {
            "path": [
                "root",
                "ApiSendAnalyticsEmailRole"
            ],
            "outputs": {},
            "resources": {},
            "depends_on": []
        },
        {
            "path": [
                "root",
                "ApiTestingAuthFunction"
            ],
            "outputs": {
                "arn": {
                    "sensitive": false,
                    "type": "string",
                    "value": "arn:aws:lambda:us-west-2:722431446741:function:dev_ApiTestingAuth"
                },
                "invoke_arn": {
                    "sensitive": false,
                    "type": "string",
                    "value": "arn:aws:apigateway:us-west-2:lambda:path/2015-03-31/functions/arn:aws:lambda:us-west-2:722431446741:function:dev_ApiTestingAuth/invocations"
                }
            },
            "resources": {},
            "depends_on": []
        },
        {
            "path": [
                "root",
                "ApiTestingAuthRole"
            ],
            "outputs": {
                "arn": {
                    "sensitive": false,
                    "type": "string",
                    "value": "arn:aws:iam::722431446741:role/dev_ApiTestingAuthRole"
                },
                "name": {
                    "sensitive": false,
                    "type": "string",
                    "value": "dev_ApiTestingAuthRole"
                }
            },
            "resources": {},
            "depends_on": []
        },
        {
            "path": [
                "root",
                "JobArchiveCarScheduleFunction"
            ],
            "outputs": {
                "arn": {
                    "sensitive": false,
                    "type": "string",
                    "value": "arn:aws:lambda:us-west-2:722431446741:function:dev_JobArchiveCarSchedule"
                },
                "invoke_arn": {
                    "sensitive": false,
                    "type": "string",
                    "value": "arn:aws:apigateway:us-west-2:lambda:path/2015-03-31/functions/arn:aws:lambda:us-west-2:722431446741:function:dev_JobArchiveCarSchedule/invocations"
                }
            },
            "resources": {},
            "depends_on": []
        },
        {
            "path": [
                "root",
                "JobArchiveCarScheduleRole"
            ],
            "outputs": {
                "arn": {
                    "sensitive": false,
                    "type": "string",
                    "value": "arn:aws:iam::722431446741:role/dev_JobArchiveCarScheduleRole"
                },
                "name": {
                    "sensitive": false,
                    "type": "string",
                    "value": "dev_JobArchiveCarScheduleRole"
                }
            },
            "resources": {},
            "depends_on": []
        },
        {
            "path": [
                "root",
                "JobArchiveCarScheduleTimer"
            ],
            "outputs": {},
            "resources": {},
            "depends_on": []
        },
        {
            "path": [
                "root",
                "JobMonthlyEmailAnalyticsFunction"
            ],
            "outputs": {
                "arn": {
                    "sensitive": false,
                    "type": "string",
                    "value": "arn:aws:lambda:us-west-2:722431446741:function:dev_JobMonthlyEmailAnalytics"
                },
                "invoke_arn": {
                    "sensitive": false,
                    "type": "string",
                    "value": "arn:aws:apigateway:us-west-2:lambda:path/2015-03-31/functions/arn:aws:lambda:us-west-2:722431446741:function:dev_JobMonthlyEmailAnalytics/invocations"
                }
            },
            "resources": {},
            "depends_on": []
        },
        {
            "path": [
                "root",
                "JobMonthlyEmailAnalyticsRole"
            ],
            "outputs": {
                "arn": {
                    "sensitive": false,
                    "type": "string",
                    "value": "arn:aws:iam::722431446741:role/dev_JobMonthlyEmailAnalyticsRole"
                },
                "name": {
                    "sensitive": false,
                    "type": "string",
                    "value": "dev_JobMonthlyEmailAnalyticsRole"
                }
            },
            "resources": {},
            "depends_on": []
        },
        {
            "path": [
                "root",
                "JobMonthlyEmailAnalyticsTimer"
            ],
            "outputs": {},
            "resources": {},
            "depends_on": []
        },
        {
            "path": [
                "root",
                "JobMonthlyEmailAnalytics_policy_attachment"
            ],
            "outputs": {},
            "resources": {},
            "depends_on": []
        },
        {
            "path": [
                "root",
                "JobPopulateCarScheduleFunction"
            ],
            "outputs": {
                "arn": {
                    "sensitive": false,
                    "type": "string",
                    "value": "arn:aws:lambda:us-west-2:722431446741:function:dev_JobPopulateCarSchedule"
                },
                "invoke_arn": {
                    "sensitive": false,
                    "type": "string",
                    "value": "arn:aws:apigateway:us-west-2:lambda:path/2015-03-31/functions/arn:aws:lambda:us-west-2:722431446741:function:dev_JobPopulateCarSchedule/invocations"
                }
            },
            "resources": {},
            "depends_on": []
        },
        {
            "path": [
                "root",
                "JobPopulateCarScheduleRole"
            ],
            "outputs": {
                "arn": {
                    "sensitive": false,
                    "type": "string",
                    "value": "arn:aws:iam::722431446741:role/dev_JobPopulateCarScheduleRole"
                },
                "name": {
                    "sensitive": false,
                    "type": "string",
                    "value": "dev_JobPopulateCarScheduleRole"
                }
            },
            "resources": {},
            "depends_on": []
        },
        {
            "path": [
                "root",
                "JobPopulateCarScheduleTimer"
            ],
            "outputs": {},
            "resources": {},
            "depends_on": []
        },
        {
            "path": [
                "root",
                "JobPopulateTimeSlotsFunction"
            ],
            "outputs": {
                "arn": {
                    "sensitive": false,
                    "type": "string",
                    "value": "arn:aws:lambda:us-west-2:722431446741:function:dev_JobPopulateTimeSlots"
                },
                "invoke_arn": {
                    "sensitive": false,
                    "type": "string",
                    "value": "arn:aws:apigateway:us-west-2:lambda:path/2015-03-31/functions/arn:aws:lambda:us-west-2:722431446741:function:dev_JobPopulateTimeSlots/invocations"
                }
            },
            "resources": {},
            "depends_on": []
        },
        {
            "path": [
                "root",
                "JobPopulateTimeSlotsRole"
            ],
            "outputs": {},
            "resources": {},
            "depends_on": []
        },
        {
            "path": [
                "root",
                "JobPopulateTimeSlotsTimer"
            ],
            "outputs": {},
            "resources": {},
            "depends_on": []
        },
        {
            "path": [
                "root",
                "JobReleaseTimeSlotsFunction"
            ],
            "outputs": {
                "arn": {
                    "sensitive": false,
                    "type": "string",
                    "value": "arn:aws:lambda:us-west-2:722431446741:function:dev_JobReleaseTimeSlots"
                },
                "invoke_arn": {
                    "sensitive": false,
                    "type": "string",
                    "value": "arn:aws:apigateway:us-west-2:lambda:path/2015-03-31/functions/arn:aws:lambda:us-west-2:722431446741:function:dev_JobReleaseTimeSlots/invocations"
                }
            },
            "resources": {},
            "depends_on": []
        },
        {
            "path": [
                "root",
                "JobReleaseTimeSlotsRole"
            ],
            "outputs": {},
            "resources": {},
            "depends_on": []
        },
        {
            "path": [
                "root",
                "JobReleaseTimeSlotsTimer"
            ],
            "outputs": {},
            "resources": {},
            "depends_on": []
        },
        {
            "path": [
                "root",
                "JobReleaseTimeSlots_policy_attachment"
            ],
            "outputs": {},
            "resources": {},
            "depends_on": []
        },
        {
            "path": [
                "root",
                "JobSendConfirmationEmailFunction"
            ],
            "outputs": {
                "arn": {
                    "sensitive": false,
                    "type": "string",
                    "value": "arn:aws:lambda:us-west-2:722431446741:function:dev_JobSendConfirmationEmail"
                },
                "invoke_arn": {
                    "sensitive": false,
                    "type": "string",
                    "value": "arn:aws:apigateway:us-west-2:lambda:path/2015-03-31/functions/arn:aws:lambda:us-west-2:722431446741:function:dev_JobSendConfirmationEmail/invocations"
                }
            },
            "resources": {},
            "depends_on": []
        },
        {
            "path": [
                "root",
                "JobSendConfirmationEmailRole"
            ],
            "outputs": {
                "arn": {
                    "sensitive": false,
                    "type": "string",
                    "value": "arn:aws:iam::722431446741:role/dev_JobSendConfirmationEmailRole"
                },
                "name": {
                    "sensitive": false,
                    "type": "string",
                    "value": "dev_JobSendConfirmationEmailRole"
                }
            },
            "resources": {},
            "depends_on": []
        },
        {
            "path": [
                "root",
                "JobSendConfirmationEmailTimer"
            ],
            "outputs": {},
            "resources": {},
            "depends_on": []
        },
        {
            "path": [
                "root",
                "JobSendConfirmationEmail_policy_attachment"
            ],
            "outputs": {},
            "resources": {},
            "depends_on": []
        },
        {
            "path": [
                "root",
                "JobWeeklyEmailAnalyticsFunction"
            ],
            "outputs": {
                "arn": {
                    "sensitive": false,
                    "type": "string",
                    "value": "arn:aws:lambda:us-west-2:722431446741:function:dev_JobWeeklyEmailAnalytics"
                },
                "invoke_arn": {
                    "sensitive": false,
                    "type": "string",
                    "value": "arn:aws:apigateway:us-west-2:lambda:path/2015-03-31/functions/arn:aws:lambda:us-west-2:722431446741:function:dev_JobWeeklyEmailAnalytics/invocations"
                }
            },
            "resources": {},
            "depends_on": []
        },
        {
            "path": [
                "root",
                "JobWeeklyEmailAnalyticsRole"
            ],
            "outputs": {},
            "resources": {},
            "depends_on": []
        },
        {
            "path": [
                "root",
                "JobWeeklyEmailAnalyticsTimer"
            ],
            "outputs": {},
            "resources": {},
            "depends_on": []
        },
        {
            "path": [
                "root",
                "JobWeeklyEmailAnalytics_policy_attachment"
            ],
            "outputs": {},
            "resources": {},
            "depends_on": []
        },
        {
            "path": [
                "root",
                "api_admin_cancel_drive"
            ],
            "outputs": {},
            "resources": {},
            "depends_on": []
        },
        {
            "path": [
                "root",
                "api_admin_get_schedule"
            ],
            "outputs": {},
            "resources": {},
            "depends_on": []
        },
        {
            "path": [
                "root",
                "api_admin_get_scheduled_drives"
            ],
            "outputs": {},
            "resources": {},
            "depends_on": []
        },
        {
            "path": [
                "root",
                "api_cancel_drive"
            ],
            "outputs": {},
            "resources": {},
            "depends_on": []
        },
        {
            "path": [
                "root",
                "api_edit_drive"
            ],
            "outputs": {},
            "resources": {},
            "depends_on": []
        },
        {
            "path": [
                "root",
                "api_exceptions"
            ],
            "outputs": {},
            "resources": {},
            "depends_on": []
        },
        {
            "path": [
                "root",
                "api_get_cars"
            ],
            "outputs": {},
            "resources": {},
            "depends_on": []
        },
        {
            "path": [
                "root",
                "api_get_drive_survey_analytics_drive"
            ],
            "outputs": {},
            "resources": {},
            "depends_on": []
        },
        {
            "path": [
                "root",
                "api_get_postSurvey"
            ],
            "outputs": {},
            "resources": {},
            "depends_on": []
        },
        {
            "path": [
                "root",
                "api_get_preSurvey"
            ],
            "outputs": {},
            "resources": {},
            "depends_on": []
        },
        {
            "path": [
                "root",
                "api_get_schedule"
            ],
            "outputs": {},
            "resources": {},
            "depends_on": []
        },
        {
            "path": [
                "root",
                "api_get_surveySummary"
            ],
            "outputs": {},
            "resources": {},
            "depends_on": []
        },
        {
            "path": [
                "root",
                "api_get_timeSlots"
            ],
            "outputs": {},
            "resources": {},
            "depends_on": []
        },
        {
            "path": [
                "root",
                "api_get_user"
            ],
            "outputs": {},
            "resources": {},
            "depends_on": []
        },
        {
            "path": [
                "root",
                "api_patch_car_state"
            ],
            "outputs": {},
            "resources": {},
            "depends_on": []
        },
        {
            "path": [
                "root",
                "api_post_addException"
            ],
            "outputs": {},
            "resources": {},
            "depends_on": []
        },
        {
            "path": [
                "root",
                "api_post_deleteException"
            ],
            "outputs": {},
            "resources": {},
            "depends_on": []
        },
        {
            "path": [
                "root",
                "api_post_releaseSlot"
            ],
            "outputs": {},
            "resources": {},
            "depends_on": []
        },
        {
            "path": [
                "root",
                "api_post_reserveSlot"
            ],
            "outputs": {},
            "resources": {},
            "depends_on": []
        },
        {
            "path": [
                "root",
                "api_post_saveSurvey"
            ],
            "outputs": {},
            "resources": {},
            "depends_on": []
        },
        {
            "path": [
                "root",
                "api_post_scheduleAdhocDrive"
            ],
            "outputs": {},
            "resources": {},
            "depends_on": []
        },
        {
            "path": [
                "root",
                "api_post_scheduleDrive"
            ],
            "outputs": {},
            "resources": {},
            "depends_on": []
        },
        {
            "path": [
                "root",
                "api_post_user"
            ],
            "outputs": {},
            "resources": {},
            "depends_on": []
        },
        {
            "path": [
                "root",
                "api_send_analytics_email"
            ],
            "outputs": {},
            "resources": {},
            "depends_on": []
        },
        {
            "path": [
                "root",
                "api_test_auth"
            ],
            "outputs": {},
            "resources": {},
            "depends_on": []
        }
    ]
}
