{
  "requires": true,
  "lockfileVersion": 1,
  "dependencies": {
    "angular5-csv": {
      "version": "0.2.10",
      "resolved": "https://registry.npmjs.org/angular5-csv/-/angular5-csv-0.2.10.tgz",
      "integrity": "sha512-hLEXyYjocQWev8e9P1LMWny3PxCtzeXvHUjiRGwMXUP8myByrFXf+B5taJFvlgTKsIONFu2wmRsTjjpyB2O1Yw=="
    }
  }
}
